{"version":4,"terraform_version":"1.10.6","serial":404,"lineage":"8edaaaf4-6e31-1818-6c7f-189123f9a35f","outputs":{"ansible_inventory_json":{"value":{"all":{"hosts":{"anycast-ingress-chi-w01.worker.demo":{"ansible_host":"209.177.158.84","hostname":"anycast-ingress-chi-w01.worker.demo","pop_code":"CHI","worker_key":"w01"},"anycast-ingress-den-w01.worker.demo":{"ansible_host":"192.73.242.248","hostname":"anycast-ingress-den-w01.worker.demo","pop_code":"DEN","worker_key":"w01"},"anycast-ingress-iad3-w01.worker.demo":{"ansible_host":"104.225.8.199","hostname":"anycast-ingress-iad3-w01.worker.demo","pop_code":"IAD3","worker_key":"w01"},"anycast-ingress-pdx-w01.worker.demo":{"ansible_host":"104.225.28.163","hostname":"anycast-ingress-pdx-w01.worker.demo","pop_code":"PDX","worker_key":"w01"},"anycast-ingress-rdu-w01.worker.demo":{"ansible_host":"162.223.10.21","hostname":"anycast-ingress-rdu-w01.worker.demo","pop_code":"RDU","worker_key":"w01"},"anycast-ingress-rdu-w02.worker.demo":{"ansible_host":"104.225.1.55","hostname":"anycast-ingress-rdu-w02.worker.demo","pop_code":"RDU","worker_key":"w02"},"anycast-ingress-sea-w01.worker.demo":{"ansible_host":"192.73.240.53","hostname":"anycast-ingress-sea-w01.worker.demo","pop_code":"SEA","worker_key":"w01"},"anycast-ingress-sea-w02.worker.demo":{"ansible_host":"192.73.240.93","hostname":"anycast-ingress-sea-w02.worker.demo","pop_code":"SEA","worker_key":"w02"}}}},"type":["object",{"all":["object",{"hosts":["object",{"anycast-ingress-chi-w01.worker.demo":["object",{"ansible_host":"string","hostname":"string","pop_code":"string","worker_key":"string"}],"anycast-ingress-den-w01.worker.demo":["object",{"ansible_host":"string","hostname":"string","pop_code":"string","worker_key":"string"}],"anycast-ingress-iad3-w01.worker.demo":["object",{"ansible_host":"string","hostname":"string","pop_code":"string","worker_key":"string"}],"anycast-ingress-pdx-w01.worker.demo":["object",{"ansible_host":"string","hostname":"string","pop_code":"string","worker_key":"string"}],"anycast-ingress-rdu-w01.worker.demo":["object",{"ansible_host":"string","hostname":"string","pop_code":"string","worker_key":"string"}],"anycast-ingress-rdu-w02.worker.demo":["object",{"ansible_host":"string","hostname":"string","pop_code":"string","worker_key":"string"}],"anycast-ingress-sea-w01.worker.demo":["object",{"ansible_host":"string","hostname":"string","pop_code":"string","worker_key":"string"}],"anycast-ingress-sea-w02.worker.demo":["object",{"ansible_host":"string","hostname":"string","pop_code":"string","worker_key":"string"}]}]}]}]},"bgp_sessions_data":{"value":{"CHI":{"w01":[{"config_status":"1","customer_peer_ip":"209.177.158.84","description":"Craig's DevOps Demos - CHI - anycast-ingress-chi-w01.worker.demo IPv4","group_id":3247,"group_name":"Craig's DevOps Demos","last_update":"2025-10-13 01:53:04","provider_asn":"36236","provider_ip_type":"ipv4","provider_peer_ip":"209.177.158.48","routes":[],"state":"Shutdown","virtual_server_fqdn":""},{"config_status":"1","customer_peer_ip":"2607:f740:e::652","description":"Craig's DevOps Demos - CHI - anycast-ingress-chi-w01.worker.demo IPv6","group_id":3247,"group_name":"Craig's DevOps Demos","last_update":"2025-10-13 01:53:15","provider_asn":"36236","provider_ip_type":"ipv6","provider_peer_ip":"2607:f740:e::4d6","routes":[],"state":"Active","virtual_server_fqdn":""}]},"DEN":{"w01":[{"config_status":"1","customer_peer_ip":"192.73.242.248","description":"Craig's DevOps Demos - DEN - anycast-ingress-den-w01.worker.demo IPv4","group_id":3247,"group_name":"Craig's DevOps Demos","last_update":"2025-10-13 01:48:45","provider_asn":"36236","provider_ip_type":"ipv4","provider_peer_ip":"192.73.242.90","routes":[{"metric_loc_prf_weight":0,"next_hop":"192.73.242.248","origin":"63911","path":["63911"],"prefix":"45.54.50.0/24"}],"state":"Established","virtual_server_fqdn":""},{"config_status":"1","customer_peer_ip":"2607:f740:16::b37","description":"Craig's DevOps Demos - DEN - anycast-ingress-den-w01.worker.demo IPv6","group_id":3247,"group_name":"Craig's DevOps Demos","last_update":"2025-10-13 01:48:45","provider_asn":"36236","provider_ip_type":"ipv6","provider_peer_ip":"2607:f740:16::a7","routes":[],"state":"Active","virtual_server_fqdn":""}]},"IAD3":{"w01":[{"config_status":"1","customer_peer_ip":"104.225.8.199","description":"Craig's DevOps Demos - IAD3 - anycast-ingress-iad3-w01.worker.demo IPv4","group_id":3247,"group_name":"Craig's DevOps Demos","last_update":"2025-10-13 01:52:46","provider_asn":"36236","provider_ip_type":"ipv4","provider_peer_ip":"104.225.8.117","routes":[{"metric_loc_prf_weight":0,"next_hop":"104.225.8.199","origin":"63911","path":["63911"],"prefix":"45.54.50.0/24"}],"state":"Established","virtual_server_fqdn":""},{"config_status":"1","customer_peer_ip":"2607:fc50:3000:2::26","description":"Craig's DevOps Demos - IAD3 - anycast-ingress-iad3-w01.worker.demo IPv6","group_id":3247,"group_name":"Craig's DevOps Demos","last_update":"2025-10-13 01:53:17","provider_asn":"36236","provider_ip_type":"ipv6","provider_peer_ip":"2607:fc50:3000:2::11b","routes":[],"state":"Active","virtual_server_fqdn":""}]},"PDX":{"w01":[{"config_status":"1","customer_peer_ip":"104.225.28.163","description":"Craig's DevOps Demos - PDX.ANYCAST.NET - anycast-ingress-pdx-w01.worker.demo IPv4","group_id":3247,"group_name":"Craig's DevOps Demos","last_update":"2025-10-13 01:53:42","provider_asn":"36236","provider_ip_type":"ipv4","provider_peer_ip":"104.225.28.131","routes":[],"state":"Connect","virtual_server_fqdn":""},{"config_status":"1","customer_peer_ip":"2607:f740:28:c::2c8","description":"Craig's DevOps Demos - PDX.ANYCAST.NET - anycast-ingress-pdx-w01.worker.demo IPv6","group_id":3247,"group_name":"Craig's DevOps Demos","last_update":"2025-10-13 01:53:43","provider_asn":"36236","provider_ip_type":"ipv6","provider_peer_ip":"2607:f740:28:c::171","routes":[],"state":"Connect","virtual_server_fqdn":""}]},"RDU":{"w01":[{"config_status":"1","customer_peer_ip":"162.223.10.21","description":"Craig's DevOps Demos - RDU - anycast-ingress-rdu-w01.worker.demo IPv4","group_id":3247,"group_name":"Craig's DevOps Demos","last_update":"2025-10-13 01:52:55","provider_asn":"36236","provider_ip_type":"ipv4","provider_peer_ip":"162.223.10.44","routes":[{"metric_loc_prf_weight":0,"next_hop":"162.223.10.21","origin":"63911","path":["63911"],"prefix":"45.54.50.0/24"}],"state":"Established","virtual_server_fqdn":""},{"config_status":"1","customer_peer_ip":"2607:fc50:0:15::7e","description":"Craig's DevOps Demos - RDU - anycast-ingress-rdu-w01.worker.demo IPv6","group_id":3247,"group_name":"Craig's DevOps Demos","last_update":"2025-10-13 01:52:56","provider_asn":"36236","provider_ip_type":"ipv6","provider_peer_ip":"2607:fc50:0:15::3cb","routes":[],"state":"Active","virtual_server_fqdn":""}],"w02":[{"config_status":"1","customer_peer_ip":"2607:fc50:0:15::35e","description":"Craig's DevOps Demos - RDU - anycast-ingress-rdu-w02.worker.demo IPv6","group_id":3247,"group_name":"Craig's DevOps Demos","last_update":"2025-10-13 01:52:51","provider_asn":"36236","provider_ip_type":"ipv6","provider_peer_ip":"2607:fc50:0:15::ae","routes":[],"state":"Active","virtual_server_fqdn":""},{"config_status":"1","customer_peer_ip":"104.225.1.55","description":"Craig's DevOps Demos - RDU - anycast-ingress-rdu-w02.worker.demo IPv4","group_id":3247,"group_name":"Craig's DevOps Demos","last_update":"2025-10-13 01:52:54","provider_asn":"36236","provider_ip_type":"ipv4","provider_peer_ip":"104.225.1.249","routes":[{"metric_loc_prf_weight":0,"next_hop":"104.225.1.55","origin":"63911","path":["63911"],"prefix":"45.54.50.0/24"}],"state":"Established","virtual_server_fqdn":""}]},"SEA":{"w01":[{"config_status":"1","customer_peer_ip":"2607:f740:14::9be","description":"Craig's DevOps Demos - SEA - anycast-ingress-sea-w01.worker.demo IPv6","group_id":3247,"group_name":"Craig's DevOps Demos","last_update":"2025-10-13 01:48:40","provider_asn":"36236","provider_ip_type":"ipv6","provider_peer_ip":"2607:f740:14::693","routes":[],"state":"Active","virtual_server_fqdn":""},{"config_status":"1","customer_peer_ip":"192.73.240.53","description":"Craig's DevOps Demos - SEA - anycast-ingress-sea-w01.worker.demo IPv4","group_id":3247,"group_name":"Craig's DevOps Demos","last_update":"2025-10-13 01:48:44","provider_asn":"36236","provider_ip_type":"ipv4","provider_peer_ip":"192.73.240.46","routes":[{"metric_loc_prf_weight":0,"next_hop":"192.73.240.53","origin":"63911","path":["63911"],"prefix":"45.54.50.0/24"}],"state":"Established","virtual_server_fqdn":""}],"w02":[{"config_status":"1","customer_peer_ip":"2607:f740:14::caf","description":"Craig's DevOps Demos - SEA - anycast-ingress-sea-w02.worker.demo IPv6","group_id":3247,"group_name":"Craig's DevOps Demos","last_update":"2025-10-13 01:48:44","provider_asn":"36236","provider_ip_type":"ipv6","provider_peer_ip":"2607:f740:14::403","routes":[],"state":"Active","virtual_server_fqdn":""},{"config_status":"1","customer_peer_ip":"192.73.240.93","description":"Craig's DevOps Demos - SEA - anycast-ingress-sea-w02.worker.demo IPv4","group_id":3247,"group_name":"Craig's DevOps Demos","last_update":"2025-10-13 01:48:52","provider_asn":"36236","provider_ip_type":"ipv4","provider_peer_ip":"192.73.240.206","routes":[{"metric_loc_prf_weight":0,"next_hop":"192.73.240.93","origin":"63911","path":["63911"],"prefix":"45.54.50.0/24"}],"state":"Established","virtual_server_fqdn":""}]}},"type":["object",{"CHI":["object",{"w01":["tuple",[["object",{"config_status":"string","customer_peer_ip":"string","description":"string","group_id":"number","group_name":"string","last_update":"string","provider_asn":"string","provider_ip_type":"string","provider_peer_ip":"string","routes":["tuple",[]],"state":"string","virtual_server_fqdn":"string"}],["object",{"config_status":"string","customer_peer_ip":"string","description":"string","group_id":"number","group_name":"string","last_update":"string","provider_asn":"string","provider_ip_type":"string","provider_peer_ip":"string","routes":["tuple",[]],"state":"string","virtual_server_fqdn":"string"}]]]}],"DEN":["object",{"w01":["tuple",[["object",{"config_status":"string","customer_peer_ip":"string","description":"string","group_id":"number","group_name":"string","last_update":"string","provider_asn":"string","provider_ip_type":"string","provider_peer_ip":"string","routes":["list",["object",{"metric_loc_prf_weight":"number","next_hop":"string","origin":"string","path":["tuple",["string"]],"prefix":"string"}]],"state":"string","virtual_server_fqdn":"string"}],["object",{"config_status":"string","customer_peer_ip":"string","description":"string","group_id":"number","group_name":"string","last_update":"string","provider_asn":"string","provider_ip_type":"string","provider_peer_ip":"string","routes":["tuple",[]],"state":"string","virtual_server_fqdn":"string"}]]]}],"IAD3":["object",{"w01":["tuple",[["object",{"config_status":"string","customer_peer_ip":"string","description":"string","group_id":"number","group_name":"string","last_update":"string","provider_asn":"string","provider_ip_type":"string","provider_peer_ip":"string","routes":["list",["object",{"metric_loc_prf_weight":"number","next_hop":"string","origin":"string","path":["tuple",["string"]],"prefix":"string"}]],"state":"string","virtual_server_fqdn":"string"}],["object",{"config_status":"string","customer_peer_ip":"string","description":"string","group_id":"number","group_name":"string","last_update":"string","provider_asn":"string","provider_ip_type":"string","provider_peer_ip":"string","routes":["tuple",[]],"state":"string","virtual_server_fqdn":"string"}]]]}],"PDX":["object",{"w01":["tuple",[["object",{"config_status":"string","customer_peer_ip":"string","description":"string","group_id":"number","group_name":"string","last_update":"string","provider_asn":"string","provider_ip_type":"string","provider_peer_ip":"string","routes":["tuple",[]],"state":"string","virtual_server_fqdn":"string"}],["object",{"config_status":"string","customer_peer_ip":"string","description":"string","group_id":"number","group_name":"string","last_update":"string","provider_asn":"string","provider_ip_type":"string","provider_peer_ip":"string","routes":["tuple",[]],"state":"string","virtual_server_fqdn":"string"}]]]}],"RDU":["object",{"w01":["tuple",[["object",{"config_status":"string","customer_peer_ip":"string","description":"string","group_id":"number","group_name":"string","last_update":"string","provider_asn":"string","provider_ip_type":"string","provider_peer_ip":"string","routes":["list",["object",{"metric_loc_prf_weight":"number","next_hop":"string","origin":"string","path":["tuple",["string"]],"prefix":"string"}]],"state":"string","virtual_server_fqdn":"string"}],["object",{"config_status":"string","customer_peer_ip":"string","description":"string","group_id":"number","group_name":"string","last_update":"string","provider_asn":"string","provider_ip_type":"string","provider_peer_ip":"string","routes":["tuple",[]],"state":"string","virtual_server_fqdn":"string"}]]],"w02":["tuple",[["object",{"config_status":"string","customer_peer_ip":"string","description":"string","group_id":"number","group_name":"string","last_update":"string","provider_asn":"string","provider_ip_type":"string","provider_peer_ip":"string","routes":["tuple",[]],"state":"string","virtual_server_fqdn":"string"}],["object",{"config_status":"string","customer_peer_ip":"string","description":"string","group_id":"number","group_name":"string","last_update":"string","provider_asn":"string","provider_ip_type":"string","provider_peer_ip":"string","routes":["list",["object",{"metric_loc_prf_weight":"number","next_hop":"string","origin":"string","path":["tuple",["string"]],"prefix":"string"}]],"state":"string","virtual_server_fqdn":"string"}]]]}],"SEA":["object",{"w01":["tuple",[["object",{"config_status":"string","customer_peer_ip":"string","description":"string","group_id":"number","group_name":"string","last_update":"string","provider_asn":"string","provider_ip_type":"string","provider_peer_ip":"string","routes":["tuple",[]],"state":"string","virtual_server_fqdn":"string"}],["object",{"config_status":"string","customer_peer_ip":"string","description":"string","group_id":"number","group_name":"string","last_update":"string","provider_asn":"string","provider_ip_type":"string","provider_peer_ip":"string","routes":["list",["object",{"metric_loc_prf_weight":"number","next_hop":"string","origin":"string","path":["tuple",["string"]],"prefix":"string"}]],"state":"string","virtual_server_fqdn":"string"}]]],"w02":["tuple",[["object",{"config_status":"string","customer_peer_ip":"string","description":"string","group_id":"number","group_name":"string","last_update":"string","provider_asn":"string","provider_ip_type":"string","provider_peer_ip":"string","routes":["tuple",[]],"state":"string","virtual_server_fqdn":"string"}],["object",{"config_status":"string","customer_peer_ip":"string","description":"string","group_id":"number","group_name":"string","last_update":"string","provider_asn":"string","provider_ip_type":"string","provider_peer_ip":"string","routes":["list",["object",{"metric_loc_prf_weight":"number","next_hop":"string","origin":"string","path":["tuple",["string"]],"prefix":"string"}]],"state":"string","virtual_server_fqdn":"string"}]]]}]}]},"server_data":{"value":{"CHI":{"w01":{"bgp_sessions":[{"config_status":"1","customer_peer_ip":"209.177.158.84","description":"Craig's DevOps Demos - CHI - anycast-ingress-chi-w01.worker.demo IPv4","group_id":3247,"group_name":"Craig's DevOps Demos","last_update":"2025-10-13 01:53:04","provider_asn":"36236","provider_ip_type":"ipv4","provider_peer_ip":"209.177.158.48","routes":[],"state":"Shutdown","virtual_server_fqdn":""},{"config_status":"1","customer_peer_ip":"2607:f740:e::652","description":"Craig's DevOps Demos - CHI - anycast-ingress-chi-w01.worker.demo IPv6","group_id":3247,"group_name":"Craig's DevOps Demos","last_update":"2025-10-13 01:53:15","provider_asn":"36236","provider_ip_type":"ipv6","provider_peer_ip":"2607:f740:e::4d6","routes":[],"state":"Active","virtual_server_fqdn":""}],"contract_id":"440","disk_mb":25600,"hostname":"anycast-ingress-chi-w01.worker.demo","id":"572438","image":"Ubuntu 24.04 LTS (20240423)","image_id":"5787","location_id":"31","memory_mb":1024,"plan":"VR1x1x25","plan_id":"668","public_ipv4":"209.177.158.84","public_ipv6":"2607:f740:e::652","vcpus":1}},"DEN":{"w01":{"bgp_sessions":[{"config_status":"1","customer_peer_ip":"192.73.242.248","description":"Craig's DevOps Demos - DEN - anycast-ingress-den-w01.worker.demo IPv4","group_id":3247,"group_name":"Craig's DevOps Demos","last_update":"2025-10-13 01:48:45","provider_asn":"36236","provider_ip_type":"ipv4","provider_peer_ip":"192.73.242.90","routes":[{"metric_loc_prf_weight":0,"next_hop":"192.73.242.248","origin":"63911","path":["63911"],"prefix":"45.54.50.0/24"}],"state":"Established","virtual_server_fqdn":""},{"config_status":"1","customer_peer_ip":"2607:f740:16::b37","description":"Craig's DevOps Demos - DEN - anycast-ingress-den-w01.worker.demo IPv6","group_id":3247,"group_name":"Craig's DevOps Demos","last_update":"2025-10-13 01:48:45","provider_asn":"36236","provider_ip_type":"ipv6","provider_peer_ip":"2607:f740:16::a7","routes":[],"state":"Active","virtual_server_fqdn":""}],"contract_id":"440","disk_mb":25600,"hostname":"anycast-ingress-den-w01.worker.demo","id":"572464","image":"Ubuntu 24.04 LTS (20240423)","image_id":"5787","location_id":"122","memory_mb":1024,"plan":"VR1x1x25","plan_id":"668","public_ipv4":"192.73.242.248","public_ipv6":"2607:f740:16::b37","vcpus":1}},"IAD3":{"w01":{"bgp_sessions":[{"config_status":"1","customer_peer_ip":"104.225.8.199","description":"Craig's DevOps Demos - IAD3 - anycast-ingress-iad3-w01.worker.demo IPv4","group_id":3247,"group_name":"Craig's DevOps Demos","last_update":"2025-10-13 01:52:46","provider_asn":"36236","provider_ip_type":"ipv4","provider_peer_ip":"104.225.8.117","routes":[{"metric_loc_prf_weight":0,"next_hop":"104.225.8.199","origin":"63911","path":["63911"],"prefix":"45.54.50.0/24"}],"state":"Established","virtual_server_fqdn":""},{"config_status":"1","customer_peer_ip":"2607:fc50:3000:2::26","description":"Craig's DevOps Demos - IAD3 - anycast-ingress-iad3-w01.worker.demo IPv6","group_id":3247,"group_name":"Craig's DevOps Demos","last_update":"2025-10-13 01:53:17","provider_asn":"36236","provider_ip_type":"ipv6","provider_peer_ip":"2607:fc50:3000:2::11b","routes":[],"state":"Active","virtual_server_fqdn":""}],"contract_id":"440","disk_mb":25600,"hostname":"anycast-ingress-iad3-w01.worker.demo","id":"572440","image":"Ubuntu 24.04 LTS (20240423)","image_id":"5787","location_id":"245","memory_mb":1024,"plan":"VR1x1x25","plan_id":"668","public_ipv4":"104.225.8.199","public_ipv6":"2607:fc50:3000:2::26","vcpus":1}},"PDX":{"w01":{"bgp_sessions":[{"config_status":"1","customer_peer_ip":"104.225.28.163","description":"Craig's DevOps Demos - PDX.ANYCAST.NET - anycast-ingress-pdx-w01.worker.demo IPv4","group_id":3247,"group_name":"Craig's DevOps Demos","last_update":"2025-10-13 01:53:42","provider_asn":"36236","provider_ip_type":"ipv4","provider_peer_ip":"104.225.28.131","routes":[],"state":"Connect","virtual_server_fqdn":""},{"config_status":"1","customer_peer_ip":"2607:f740:28:c::2c8","description":"Craig's DevOps Demos - PDX.ANYCAST.NET - anycast-ingress-pdx-w01.worker.demo IPv6","group_id":3247,"group_name":"Craig's DevOps Demos","last_update":"2025-10-13 01:53:43","provider_asn":"36236","provider_ip_type":"ipv6","provider_peer_ip":"2607:f740:28:c::171","routes":[],"state":"Connect","virtual_server_fqdn":""}],"contract_id":"440","disk_mb":25600,"hostname":"anycast-ingress-pdx-w01.worker.demo","id":"572465","image":"Ubuntu 24.04 LTS (20240423)","image_id":"5787","location_id":"571","memory_mb":1024,"plan":"VR1x1x25","plan_id":"668","public_ipv4":"104.225.28.163","public_ipv6":"2607:f740:28:c::2c8","vcpus":1}},"RDU":{"w01":{"bgp_sessions":[{"config_status":"1","customer_peer_ip":"162.223.10.21","description":"Craig's DevOps Demos - RDU - anycast-ingress-rdu-w01.worker.demo IPv4","group_id":3247,"group_name":"Craig's DevOps Demos","last_update":"2025-10-13 01:52:55","provider_asn":"36236","provider_ip_type":"ipv4","provider_peer_ip":"162.223.10.44","routes":[{"metric_loc_prf_weight":0,"next_hop":"162.223.10.21","origin":"63911","path":["63911"],"prefix":"45.54.50.0/24"}],"state":"Established","virtual_server_fqdn":""},{"config_status":"1","customer_peer_ip":"2607:fc50:0:15::7e","description":"Craig's DevOps Demos - RDU - anycast-ingress-rdu-w01.worker.demo IPv6","group_id":3247,"group_name":"Craig's DevOps Demos","last_update":"2025-10-13 01:52:56","provider_asn":"36236","provider_ip_type":"ipv6","provider_peer_ip":"2607:fc50:0:15::3cb","routes":[],"state":"Active","virtual_server_fqdn":""}],"contract_id":"440","disk_mb":25600,"hostname":"anycast-ingress-rdu-w01.worker.demo","id":"572442","image":"Ubuntu 24.04 LTS (20240423)","image_id":"5787","location_id":"236","memory_mb":1024,"plan":"VR1x1x25","plan_id":"668","public_ipv4":"162.223.10.21","public_ipv6":"2607:fc50:0:15::7e","vcpus":1},"w02":{"bgp_sessions":[{"config_status":"1","customer_peer_ip":"2607:fc50:0:15::35e","description":"Craig's DevOps Demos - RDU - anycast-ingress-rdu-w02.worker.demo IPv6","group_id":3247,"group_name":"Craig's DevOps Demos","last_update":"2025-10-13 01:52:51","provider_asn":"36236","provider_ip_type":"ipv6","provider_peer_ip":"2607:fc50:0:15::ae","routes":[],"state":"Active","virtual_server_fqdn":""},{"config_status":"1","customer_peer_ip":"104.225.1.55","description":"Craig's DevOps Demos - RDU - anycast-ingress-rdu-w02.worker.demo IPv4","group_id":3247,"group_name":"Craig's DevOps Demos","last_update":"2025-10-13 01:52:54","provider_asn":"36236","provider_ip_type":"ipv4","provider_peer_ip":"104.225.1.249","routes":[{"metric_loc_prf_weight":0,"next_hop":"104.225.1.55","origin":"63911","path":["63911"],"prefix":"45.54.50.0/24"}],"state":"Established","virtual_server_fqdn":""}],"contract_id":"440","disk_mb":25600,"hostname":"anycast-ingress-rdu-w02.worker.demo","id":"572471","image":"Ubuntu 24.04 LTS (20240423)","image_id":"5787","location_id":"236","memory_mb":1024,"plan":"VR1x1x25","plan_id":"668","public_ipv4":"104.225.1.55","public_ipv6":"2607:fc50:0:15::35e","vcpus":1}},"SEA":{"w01":{"bgp_sessions":[{"config_status":"1","customer_peer_ip":"2607:f740:14::9be","description":"Craig's DevOps Demos - SEA - anycast-ingress-sea-w01.worker.demo IPv6","group_id":3247,"group_name":"Craig's DevOps Demos","last_update":"2025-10-13 01:48:40","provider_asn":"36236","provider_ip_type":"ipv6","provider_peer_ip":"2607:f740:14::693","routes":[],"state":"Active","virtual_server_fqdn":""},{"config_status":"1","customer_peer_ip":"192.73.240.53","description":"Craig's DevOps Demos - SEA - anycast-ingress-sea-w01.worker.demo IPv4","group_id":3247,"group_name":"Craig's DevOps Demos","last_update":"2025-10-13 01:48:44","provider_asn":"36236","provider_ip_type":"ipv4","provider_peer_ip":"192.73.240.46","routes":[{"metric_loc_prf_weight":0,"next_hop":"192.73.240.53","origin":"63911","path":["63911"],"prefix":"45.54.50.0/24"}],"state":"Established","virtual_server_fqdn":""}],"contract_id":"440","disk_mb":25600,"hostname":"anycast-ingress-sea-w01.worker.demo","id":"572466","image":"Ubuntu 24.04 LTS (20240423)","image_id":"5787","location_id":"124","memory_mb":1024,"plan":"VR1x1x25","plan_id":"668","public_ipv4":"192.73.240.53","public_ipv6":"2607:f740:14::9be","vcpus":1},"w02":{"bgp_sessions":[{"config_status":"1","customer_peer_ip":"2607:f740:14::caf","description":"Craig's DevOps Demos - SEA - anycast-ingress-sea-w02.worker.demo IPv6","group_id":3247,"group_name":"Craig's DevOps Demos","last_update":"2025-10-13 01:48:44","provider_asn":"36236","provider_ip_type":"ipv6","provider_peer_ip":"2607:f740:14::403","routes":[],"state":"Active","virtual_server_fqdn":""},{"config_status":"1","customer_peer_ip":"192.73.240.93","description":"Craig's DevOps Demos - SEA - anycast-ingress-sea-w02.worker.demo IPv4","group_id":3247,"group_name":"Craig's DevOps Demos","last_update":"2025-10-13 01:48:52","provider_asn":"36236","provider_ip_type":"ipv4","provider_peer_ip":"192.73.240.206","routes":[{"metric_loc_prf_weight":0,"next_hop":"192.73.240.93","origin":"63911","path":["63911"],"prefix":"45.54.50.0/24"}],"state":"Established","virtual_server_fqdn":""}],"contract_id":"440","disk_mb":25600,"hostname":"anycast-ingress-sea-w02.worker.demo","id":"572476","image":"Ubuntu 24.04 LTS (20240423)","image_id":"5787","location_id":"124","memory_mb":1024,"plan":"VR1x1x25","plan_id":"668","public_ipv4":"192.73.240.93","public_ipv6":"2607:f740:14::caf","vcpus":1}}},"type":["object",{"CHI":["object",{"w01":["object",{"bgp_sessions":["tuple",[["object",{"config_status":"string","customer_peer_ip":"string","description":"string","group_id":"number","group_name":"string","last_update":"string","provider_asn":"string","provider_ip_type":"string","provider_peer_ip":"string","routes":["tuple",[]],"state":"string","virtual_server_fqdn":"string"}],["object",{"config_status":"string","customer_peer_ip":"string","description":"string","group_id":"number","group_name":"string","last_update":"string","provider_asn":"string","provider_ip_type":"string","provider_peer_ip":"string","routes":["tuple",[]],"state":"string","virtual_server_fqdn":"string"}]]],"contract_id":"string","disk_mb":"number","hostname":"string","id":"string","image":"string","image_id":"string","location_id":"string","memory_mb":"number","plan":"string","plan_id":"string","public_ipv4":"string","public_ipv6":"string","vcpus":"number"}]}],"DEN":["object",{"w01":["object",{"bgp_sessions":["tuple",[["object",{"config_status":"string","customer_peer_ip":"string","description":"string","group_id":"number","group_name":"string","last_update":"string","provider_asn":"string","provider_ip_type":"string","provider_peer_ip":"string","routes":["list",["object",{"metric_loc_prf_weight":"number","next_hop":"string","origin":"string","path":["tuple",["string"]],"prefix":"string"}]],"state":"string","virtual_server_fqdn":"string"}],["object",{"config_status":"string","customer_peer_ip":"string","description":"string","group_id":"number","group_name":"string","last_update":"string","provider_asn":"string","provider_ip_type":"string","provider_peer_ip":"string","routes":["tuple",[]],"state":"string","virtual_server_fqdn":"string"}]]],"contract_id":"string","disk_mb":"number","hostname":"string","id":"string","image":"string","image_id":"string","location_id":"string","memory_mb":"number","plan":"string","plan_id":"string","public_ipv4":"string","public_ipv6":"string","vcpus":"number"}]}],"IAD3":["object",{"w01":["object",{"bgp_sessions":["tuple",[["object",{"config_status":"string","customer_peer_ip":"string","description":"string","group_id":"number","group_name":"string","last_update":"string","provider_asn":"string","provider_ip_type":"string","provider_peer_ip":"string","routes":["list",["object",{"metric_loc_prf_weight":"number","next_hop":"string","origin":"string","path":["tuple",["string"]],"prefix":"string"}]],"state":"string","virtual_server_fqdn":"string"}],["object",{"config_status":"string","customer_peer_ip":"string","description":"string","group_id":"number","group_name":"string","last_update":"string","provider_asn":"string","provider_ip_type":"string","provider_peer_ip":"string","routes":["tuple",[]],"state":"string","virtual_server_fqdn":"string"}]]],"contract_id":"string","disk_mb":"number","hostname":"string","id":"string","image":"string","image_id":"string","location_id":"string","memory_mb":"number","plan":"string","plan_id":"string","public_ipv4":"string","public_ipv6":"string","vcpus":"number"}]}],"PDX":["object",{"w01":["object",{"bgp_sessions":["tuple",[["object",{"config_status":"string","customer_peer_ip":"string","description":"string","group_id":"number","group_name":"string","last_update":"string","provider_asn":"string","provider_ip_type":"string","provider_peer_ip":"string","routes":["tuple",[]],"state":"string","virtual_server_fqdn":"string"}],["object",{"config_status":"string","customer_peer_ip":"string","description":"string","group_id":"number","group_name":"string","last_update":"string","provider_asn":"string","provider_ip_type":"string","provider_peer_ip":"string","routes":["tuple",[]],"state":"string","virtual_server_fqdn":"string"}]]],"contract_id":"string","disk_mb":"number","hostname":"string","id":"string","image":"string","image_id":"string","location_id":"string","memory_mb":"number","plan":"string","plan_id":"string","public_ipv4":"string","public_ipv6":"string","vcpus":"number"}]}],"RDU":["object",{"w01":["object",{"bgp_sessions":["tuple",[["object",{"config_status":"string","customer_peer_ip":"string","description":"string","group_id":"number","group_name":"string","last_update":"string","provider_asn":"string","provider_ip_type":"string","provider_peer_ip":"string","routes":["list",["object",{"metric_loc_prf_weight":"number","next_hop":"string","origin":"string","path":["tuple",["string"]],"prefix":"string"}]],"state":"string","virtual_server_fqdn":"string"}],["object",{"config_status":"string","customer_peer_ip":"string","description":"string","group_id":"number","group_name":"string","last_update":"string","provider_asn":"string","provider_ip_type":"string","provider_peer_ip":"string","routes":["tuple",[]],"state":"string","virtual_server_fqdn":"string"}]]],"contract_id":"string","disk_mb":"number","hostname":"string","id":"string","image":"string","image_id":"string","location_id":"string","memory_mb":"number","plan":"string","plan_id":"string","public_ipv4":"string","public_ipv6":"string","vcpus":"number"}],"w02":["object",{"bgp_sessions":["tuple",[["object",{"config_status":"string","customer_peer_ip":"string","description":"string","group_id":"number","group_name":"string","last_update":"string","provider_asn":"string","provider_ip_type":"string","provider_peer_ip":"string","routes":["tuple",[]],"state":"string","virtual_server_fqdn":"string"}],["object",{"config_status":"string","customer_peer_ip":"string","description":"string","group_id":"number","group_name":"string","last_update":"string","provider_asn":"string","provider_ip_type":"string","provider_peer_ip":"string","routes":["list",["object",{"metric_loc_prf_weight":"number","next_hop":"string","origin":"string","path":["tuple",["string"]],"prefix":"string"}]],"state":"string","virtual_server_fqdn":"string"}]]],"contract_id":"string","disk_mb":"number","hostname":"string","id":"string","image":"string","image_id":"string","location_id":"string","memory_mb":"number","plan":"string","plan_id":"string","public_ipv4":"string","public_ipv6":"string","vcpus":"number"}]}],"SEA":["object",{"w01":["object",{"bgp_sessions":["tuple",[["object",{"config_status":"string","customer_peer_ip":"string","description":"string","group_id":"number","group_name":"string","last_update":"string","provider_asn":"string","provider_ip_type":"string","provider_peer_ip":"string","routes":["tuple",[]],"state":"string","virtual_server_fqdn":"string"}],["object",{"config_status":"string","customer_peer_ip":"string","description":"string","group_id":"number","group_name":"string","last_update":"string","provider_asn":"string","provider_ip_type":"string","provider_peer_ip":"string","routes":["list",["object",{"metric_loc_prf_weight":"number","next_hop":"string","origin":"string","path":["tuple",["string"]],"prefix":"string"}]],"state":"string","virtual_server_fqdn":"string"}]]],"contract_id":"string","disk_mb":"number","hostname":"string","id":"string","image":"string","image_id":"string","location_id":"string","memory_mb":"number","plan":"string","plan_id":"string","public_ipv4":"string","public_ipv6":"string","vcpus":"number"}],"w02":["object",{"bgp_sessions":["tuple",[["object",{"config_status":"string","customer_peer_ip":"string","description":"string","group_id":"number","group_name":"string","last_update":"string","provider_asn":"string","provider_ip_type":"string","provider_peer_ip":"string","routes":["tuple",[]],"state":"string","virtual_server_fqdn":"string"}],["object",{"config_status":"string","customer_peer_ip":"string","description":"string","group_id":"number","group_name":"string","last_update":"string","provider_asn":"string","provider_ip_type":"string","provider_peer_ip":"string","routes":["list",["object",{"metric_loc_prf_weight":"number","next_hop":"string","origin":"string","path":["tuple",["string"]],"prefix":"string"}]],"state":"string","virtual_server_fqdn":"string"}]]],"contract_id":"string","disk_mb":"number","hostname":"string","id":"string","image":"string","image_id":"string","location_id":"string","memory_mb":"number","plan":"string","plan_id":"string","public_ipv4":"string","public_ipv6":"string","vcpus":"number"}]}]}]},"vm_ids_by_pop":{"value":{"CHI":{"w01":"572438"},"DEN":{"w01":"572464"},"IAD3":{"w01":"572440"},"PDX":{"w01":"572465"},"RDU":{"w01":"572442","w02":"572471"},"SEA":{"w01":"572466","w02":"572476"}},"type":["object",{"CHI":["object",{"w01":"string"}],"DEN":["object",{"w01":"string"}],"IAD3":["object",{"w01":"string"}],"PDX":["object",{"w01":"string"}],"RDU":["object",{"w01":"string","w02":"string"}],"SEA":["object",{"w01":"string","w02":"string"}]}]},"vm_public_ipv4_by_pop":{"value":{"CHI":{"w01":"209.177.158.84"},"DEN":{"w01":"192.73.242.248"},"IAD3":{"w01":"104.225.8.199"},"PDX":{"w01":"104.225.28.163"},"RDU":{"w01":"162.223.10.21","w02":"104.225.1.55"},"SEA":{"w01":"192.73.240.53","w02":"192.73.240.93"}},"type":["object",{"CHI":["object",{"w01":"string"}],"DEN":["object",{"w01":"string"}],"IAD3":["object",{"w01":"string"}],"PDX":["object",{"w01":"string"}],"RDU":["object",{"w01":"string","w02":"string"}],"SEA":["object",{"w01":"string","w02":"string"}]}]}},"resources":[{"mode":"managed","type":"local_file","name":"ansible_hosts","provider":"provider[\"registry.opentofu.org/hashicorp/local\"]","instances":[{"schema_version":0,"attributes":{"content":"[master]\nlocalhost ansible_connection=local ansible_python_interpreter=python3\n\n[nodes:children]\nbackend\n\n[backend:children]\nchi\nden\niad3\npdx\nrdu\nsea\n\n[chi]\nanycast-ingress-chi-w01.worker.demo location=chi worker=w01 bgp_enabled=True plan='VR1x1x25' mbpkgid=572438 ansible_host=209.177.158.84\n[den]\nanycast-ingress-den-w01.worker.demo location=den worker=w01 bgp_enabled=True plan='VR1x1x25' mbpkgid=572464 ansible_host=192.73.242.248\n[iad3]\nanycast-ingress-iad3-w01.worker.demo location=iad3 worker=w01 bgp_enabled=True plan='VR1x1x25' mbpkgid=572440 ansible_host=104.225.8.199\n[pdx]\nanycast-ingress-pdx-w01.worker.demo location=pdx worker=w01 bgp_enabled=True plan='VR1x1x25' mbpkgid=572465 ansible_host=104.225.28.163\n[rdu]\nanycast-ingress-rdu-w01.worker.demo location=rdu worker=w01 bgp_enabled=True plan='VR1x1x25' mbpkgid=572442 ansible_host=162.223.10.21\nanycast-ingress-rdu-w02.worker.demo location=rdu worker=w02 bgp_enabled=True plan='VR1x1x25' mbpkgid=572471 ansible_host=104.225.1.55\n[sea]\nanycast-ingress-sea-w01.worker.demo location=sea worker=w01 bgp_enabled=True plan='VR1x1x25' mbpkgid=572466 ansible_host=192.73.240.53\nanycast-ingress-sea-w02.worker.demo location=sea worker=w02 bgp_enabled=True plan='VR1x1x25' mbpkgid=572476 ansible_host=192.73.240.93\n","content_base64":null,"content_base64sha256":"wZA0ZxSNb3asbk8UocitDn0KmteqVm+sQxAHCfgE784=","content_base64sha512":"MmHC25qqSkgh/0gThaf6MBQQGYVyqoCggayB4qnBCNj6jyfR+cEG6cyssWNgaHdclq3kulj3zlzE8EwEM/Or8g==","content_md5":"0b8bfea2c88e1718d4ae0c7c6405028f","content_sha1":"419b170fbf859b61fb407d390e433dcf9c1b3a62","content_sha256":"c1903467148d6f76ac6e4f14a1c8ad0e7d0a9ad7aa566fac43100709f804efce","content_sha512":"3261c2db9aaa4a4821ff481385a7fa301410198572aa80a081ac81e2a9c108d8fa8f27d1f9c106e9ccacb1636068775c96ade4ba58f7ce5cc4f04c0433f3abf2","directory_permission":"0777","file_permission":"0777","filename":"./../anycast/base-ansible-template/hosts","id":"419b170fbf859b61fb407d390e433dcf9c1b3a62","sensitive_content":null,"source":null},"sensitive_attributes":[[{"type":"get_attr","value":"sensitive_content"}]],"dependencies":["module.pop.module.netactuate.data.netactuate_bgp_sessions.vm","module.pop.module.netactuate.data.netactuate_server.vm","module.pop.module.netactuate.netactuate_bgp_sessions.provider","module.pop.module.netactuate.netactuate_server.vm","module.pop.module.netbox.netbox_cluster.this","module.pop.module.netbox.netbox_device.vm","module.pop.module.netbox.netbox_interface.eth0","module.pop.module.netbox.netbox_ip_address.public_v4","module.pop.module.netbox.netbox_ip_address.public_v6","module.pop.module.netbox.netbox_primary_ip.vm_primary_v4","module.pop.module.netbox.netbox_service.bgp179","module.pop.module.netbox.netbox_site.this","module.pop.module.netbox.netbox_virtual_machine.vm","netbox_asn.local","netbox_asn.peer","netbox_cluster_type.hypervisor","netbox_custom_field.na_asn","netbox_custom_field.na_bgp_ipv4_prefix","netbox_custom_field.na_bgp_peers","netbox_custom_field.na_bgp_session_details","netbox_custom_field.na_contract_id","netbox_custom_field.na_image","netbox_custom_field.na_image_id","netbox_custom_field.na_location_id","netbox_custom_field.na_plan","netbox_custom_field.na_plan_id","netbox_custom_field.na_public_ipv4","netbox_custom_field.na_public_ipv6","netbox_custom_field.na_server_id","netbox_custom_field.zz_bgp_connection_info","netbox_custom_field.zz_bgp_local_info","netbox_custom_field.zz_bgp_remote_info","netbox_custom_field.zz_bgp_routes_info","netbox_device_role.anycast_worker","netbox_device_type.anycast_worker","netbox_manufacturer.netactuate","netbox_rir.demo","netbox_tag.anycast"]}]},{"mode":"managed","type":"netbox_asn","name":"local","provider":"provider[\"registry.opentofu.org/e-breuninger/netbox\"]","instances":[{"schema_version":0,"attributes":{"asn":63911,"comments":"","description":"Demo ASN for anycast ingress","id":"5","rir_id":5,"tags":[],"tags_all":[]},"sensitive_attributes":[],"private":"bnVsbA==","dependencies":["netbox_rir.demo"]}]},{"mode":"managed","type":"netbox_asn","name":"peer","provider":"provider[\"registry.opentofu.org/e-breuninger/netbox\"]","instances":[{"schema_version":0,"attributes":{"asn":36236,"comments":"","description":"Remote upstream ASN for anycast peers","id":"6","rir_id":5,"tags":[],"tags_all":[]},"sensitive_attributes":[],"private":"bnVsbA==","dependencies":["netbox_rir.demo"]}]},{"mode":"managed","type":"netbox_cluster_type","name":"hypervisor","provider":"provider[\"registry.opentofu.org/e-breuninger/netbox\"]","instances":[{"schema_version":0,"attributes":{"id":"6","name":"hypervisor","slug":"hypervisor"},"sensitive_attributes":[],"private":"bnVsbA=="}]},{"mode":"managed","type":"netbox_custom_field","name":"na_asn","provider":"provider[\"registry.opentofu.org/e-breuninger/netbox\"]","instances":[{"schema_version":0,"attributes":{"choice_set_id":null,"content_types":["virtualization.virtualmachine"],"default":"","description":"","group_name":"","id":"59","label":"NetActuate ASN","name":"na_asn","required":false,"type":"text","validation_maximum":0,"validation_minimum":0,"validation_regex":"","weight":100},"sensitive_attributes":[],"private":"bnVsbA=="}]},{"mode":"managed","type":"netbox_custom_field","name":"na_bgp_ipv4_prefix","provider":"provider[\"registry.opentofu.org/e-breuninger/netbox\"]","instances":[{"schema_version":0,"attributes":{"choice_set_id":null,"content_types":["virtualization.virtualmachine"],"default":"","description":"","group_name":"","id":"57","label":"BGP IPv4 Prefix","name":"na_bgp_ipv4_prefix","required":false,"type":"text","validation_maximum":0,"validation_minimum":0,"validation_regex":"","weight":100},"sensitive_attributes":[],"private":"bnVsbA=="}]},{"mode":"managed","type":"netbox_custom_field","name":"na_bgp_peers","provider":"provider[\"registry.opentofu.org/e-breuninger/netbox\"]","instances":[{"schema_version":0,"attributes":{"choice_set_id":null,"content_types":["virtualization.virtualmachine"],"default":"","description":"","group_name":"","id":"73","label":"BGP Peers (JSON)","name":"na_bgp_peers","required":false,"type":"text","validation_maximum":0,"validation_minimum":0,"validation_regex":"","weight":100},"sensitive_attributes":[],"private":"bnVsbA=="}]},{"mode":"managed","type":"netbox_custom_field","name":"na_bgp_session_details","provider":"provider[\"registry.opentofu.org/e-breuninger/netbox\"]","instances":[{"schema_version":0,"attributes":{"choice_set_id":null,"content_types":["virtualization.virtualmachine"],"default":"","description":"","group_name":"","id":"72","label":"NetActuate BGP Session Details","name":"na_bgp_session_details","required":false,"type":"text","validation_maximum":0,"validation_minimum":0,"validation_regex":"","weight":100},"sensitive_attributes":[],"private":"bnVsbA=="}]},{"mode":"managed","type":"netbox_custom_field","name":"na_contract_id","provider":"provider[\"registry.opentofu.org/e-breuninger/netbox\"]","instances":[{"schema_version":0,"attributes":{"choice_set_id":null,"content_types":["virtualization.virtualmachine"],"default":"","description":"","group_name":"","id":"55","label":"NetActuate Contract ID","name":"na_contract_id","required":false,"type":"text","validation_maximum":0,"validation_minimum":0,"validation_regex":"","weight":100},"sensitive_attributes":[],"private":"bnVsbA=="}]},{"mode":"managed","type":"netbox_custom_field","name":"na_image","provider":"provider[\"registry.opentofu.org/e-breuninger/netbox\"]","instances":[{"schema_version":0,"attributes":{"choice_set_id":null,"content_types":["virtualization.virtualmachine"],"default":"","description":"","group_name":"","id":"60","label":"Image","name":"na_image","required":false,"type":"text","validation_maximum":0,"validation_minimum":0,"validation_regex":"","weight":100},"sensitive_attributes":[],"private":"bnVsbA=="}]},{"mode":"managed","type":"netbox_custom_field","name":"na_image_id","provider":"provider[\"registry.opentofu.org/e-breuninger/netbox\"]","instances":[{"schema_version":0,"attributes":{"choice_set_id":null,"content_types":["virtualization.virtualmachine"],"default":"","description":"","group_name":"","id":"52","label":"Image ID","name":"na_image_id","required":false,"type":"text","validation_maximum":0,"validation_minimum":0,"validation_regex":"","weight":100},"sensitive_attributes":[],"private":"bnVsbA=="}]},{"mode":"managed","type":"netbox_custom_field","name":"na_location_id","provider":"provider[\"registry.opentofu.org/e-breuninger/netbox\"]","instances":[{"schema_version":0,"attributes":{"choice_set_id":null,"content_types":["virtualization.virtualmachine"],"default":"","description":"","group_name":"","id":"50","label":"Location ID","name":"na_location_id","required":false,"type":"text","validation_maximum":0,"validation_minimum":0,"validation_regex":"","weight":100},"sensitive_attributes":[],"private":"bnVsbA=="}]},{"mode":"managed","type":"netbox_custom_field","name":"na_plan","provider":"provider[\"registry.opentofu.org/e-breuninger/netbox\"]","instances":[{"schema_version":0,"attributes":{"choice_set_id":null,"content_types":["virtualization.virtualmachine"],"default":"","description":"","group_name":"","id":"58","label":"Plan","name":"na_plan","required":false,"type":"text","validation_maximum":0,"validation_minimum":0,"validation_regex":"","weight":100},"sensitive_attributes":[],"private":"bnVsbA=="}]},{"mode":"managed","type":"netbox_custom_field","name":"na_plan_id","provider":"provider[\"registry.opentofu.org/e-breuninger/netbox\"]","instances":[{"schema_version":0,"attributes":{"choice_set_id":null,"content_types":["virtualization.virtualmachine"],"default":"","description":"","group_name":"","id":"49","label":"Plan ID","name":"na_plan_id","required":false,"type":"text","validation_maximum":0,"validation_minimum":0,"validation_regex":"","weight":100},"sensitive_attributes":[],"private":"bnVsbA=="}]},{"mode":"managed","type":"netbox_custom_field","name":"na_public_ipv4","provider":"provider[\"registry.opentofu.org/e-breuninger/netbox\"]","instances":[{"schema_version":0,"attributes":{"choice_set_id":null,"content_types":["virtualization.virtualmachine"],"default":"","description":"","group_name":"","id":"56","label":"Public IPv4","name":"na_public_ipv4","required":false,"type":"text","validation_maximum":0,"validation_minimum":0,"validation_regex":"","weight":100},"sensitive_attributes":[],"private":"bnVsbA=="}]},{"mode":"managed","type":"netbox_custom_field","name":"na_public_ipv6","provider":"provider[\"registry.opentofu.org/e-breuninger/netbox\"]","instances":[{"schema_version":0,"attributes":{"choice_set_id":null,"content_types":["virtualization.virtualmachine"],"default":"","description":"","group_name":"","id":"51","label":"Public IPv6","name":"na_public_ipv6","required":false,"type":"text","validation_maximum":0,"validation_minimum":0,"validation_regex":"","weight":100},"sensitive_attributes":[],"private":"bnVsbA=="}]},{"mode":"managed","type":"netbox_custom_field","name":"na_server_id","provider":"provider[\"registry.opentofu.org/e-breuninger/netbox\"]","instances":[{"schema_version":0,"attributes":{"choice_set_id":null,"content_types":["virtualization.virtualmachine"],"default":"","description":"","group_name":"","id":"54","label":"NetActuate Server ID","name":"na_server_id","required":false,"type":"text","validation_maximum":0,"validation_minimum":0,"validation_regex":"","weight":100},"sensitive_attributes":[],"private":"bnVsbA=="}]},{"mode":"managed","type":"netbox_custom_field","name":"zz_bgp_connection_info","provider":"provider[\"registry.opentofu.org/e-breuninger/netbox\"]","instances":[{"schema_version":0,"attributes":{"choice_set_id":null,"content_types":["virtualization.virtualmachine"],"default":"","description":"BGP session connection status and timestamps","group_name":"","id":"71","label":"BGP Connection Info","name":"zz_bgp_connection_info","required":false,"type":"text","validation_maximum":0,"validation_minimum":0,"validation_regex":"","weight":100},"sensitive_attributes":[],"private":"bnVsbA=="}]},{"mode":"managed","type":"netbox_custom_field","name":"zz_bgp_local_info","provider":"provider[\"registry.opentofu.org/e-breuninger/netbox\"]","instances":[{"schema_version":0,"attributes":{"choice_set_id":null,"content_types":["virtualization.virtualmachine"],"default":"","description":"Local BGP session information (hostname, ASN, IPs)","group_name":"","id":"70","label":"BGP Local Info","name":"zz_bgp_local_info","required":false,"type":"text","validation_maximum":0,"validation_minimum":0,"validation_regex":"","weight":100},"sensitive_attributes":[],"private":"bnVsbA=="}]},{"mode":"managed","type":"netbox_custom_field","name":"zz_bgp_remote_info","provider":"provider[\"registry.opentofu.org/e-breuninger/netbox\"]","instances":[{"schema_version":0,"attributes":{"choice_set_id":null,"content_types":["virtualization.virtualmachine"],"default":"","description":"Remote BGP peer information (group, ASN, IPs)","group_name":"","id":"69","label":"BGP Remote Info","name":"zz_bgp_remote_info","required":false,"type":"text","validation_maximum":0,"validation_minimum":0,"validation_regex":"","weight":100},"sensitive_attributes":[],"private":"bnVsbA=="}]},{"mode":"managed","type":"netbox_custom_field","name":"zz_bgp_routes_info","provider":"provider[\"registry.opentofu.org/e-breuninger/netbox\"]","instances":[{"schema_version":0,"attributes":{"choice_set_id":null,"content_types":["virtualization.virtualmachine"],"default":"","description":"BGP routes received and advertised","group_name":"","id":"68","label":"BGP Routes Info","name":"zz_bgp_routes_info","required":false,"type":"text","validation_maximum":0,"validation_minimum":0,"validation_regex":"","weight":100},"sensitive_attributes":[],"private":"bnVsbA=="}]},{"mode":"managed","type":"netbox_device_role","name":"anycast_worker","provider":"provider[\"registry.opentofu.org/e-breuninger/netbox\"]","instances":[{"schema_version":0,"attributes":{"color_hex":"ff8a00","description":"","id":"1","name":"Anycast Worker","slug":"anycast-worker","tags":[],"tags_all":[],"vm_role":true},"sensitive_attributes":[],"private":"bnVsbA=="}]},{"mode":"managed","type":"netbox_device_type","name":"anycast_worker","provider":"provider[\"registry.opentofu.org/e-breuninger/netbox\"]","instances":[{"schema_version":0,"attributes":{"id":"1","is_full_depth":false,"manufacturer_id":1,"model":"Anycast Worker VM","part_number":"","slug":"anycast-worker-vm","tags":[],"tags_all":[],"u_height":1},"sensitive_attributes":[],"private":"bnVsbA==","dependencies":["netbox_manufacturer.netactuate"]}]},{"mode":"managed","type":"netbox_manufacturer","name":"netactuate","provider":"provider[\"registry.opentofu.org/e-breuninger/netbox\"]","instances":[{"schema_version":0,"attributes":{"id":"1","name":"NetActuate","slug":"netactuate"},"sensitive_attributes":[],"private":"bnVsbA=="}]},{"mode":"managed","type":"netbox_prefix","name":"anycast_v4","provider":"provider[\"registry.opentofu.org/e-breuninger/netbox\"]","instances":[{"schema_version":0,"attributes":{"custom_fields":null,"description":"Anycast IPv4 prefix","id":"5","is_pool":false,"mark_utilized":false,"prefix":"45.54.50.0/24","role_id":0,"site_id":0,"status":"active","tags":[],"tags_all":[],"tenant_id":0,"vlan_id":0,"vrf_id":5},"sensitive_attributes":[],"private":"bnVsbA==","dependencies":["netbox_vrf.anycast"]}]},{"mode":"managed","type":"netbox_rir","name":"demo","provider":"provider[\"registry.opentofu.org/e-breuninger/netbox\"]","instances":[{"schema_version":0,"attributes":{"description":"RIR for demo ASN objects","id":"5","is_private":false,"name":"Demo RIR","slug":"demo-rir"},"sensitive_attributes":[],"private":"bnVsbA=="}]},{"mode":"managed","type":"netbox_tag","name":"anycast","provider":"provider[\"registry.opentofu.org/e-breuninger/netbox\"]","instances":[{"schema_version":0,"attributes":{"color_hex":"9e9e9e","description":"","id":"5","name":"anycast","slug":"anycast","tags":null,"tags_all":[]},"sensitive_attributes":[],"private":"bnVsbA=="}]},{"mode":"managed","type":"netbox_vrf","name":"anycast","provider":"provider[\"registry.opentofu.org/e-breuninger/netbox\"]","instances":[{"schema_version":0,"attributes":{"description":"","enforce_unique":true,"id":"5","name":"ANYCAST","rd":"63911:1","tags":null,"tags_all":[],"tenant_id":0},"sensitive_attributes":[],"private":"bnVsbA=="}]},{"module":"module.pop[\"CHI\"].module.netactuate","mode":"data","type":"netactuate_bgp_sessions","name":"vm","provider":"provider[\"registry.opentofu.org/netactuate/netactuate\"]","instances":[{"index_key":"w01","schema_version":0,"attributes":{"id":"572438","mbpkgid":572438,"sessions":[{"config_status":"1","customer_asn":63911,"customer_peer_ip":"209.177.158.84","description":"Craig's DevOps Demos - CHI - anycast-ingress-chi-w01.worker.demo IPv4","group_id":3247,"group_name":"Craig's DevOps Demos","id":51489,"last_update":"2025-10-13 01:53:04","location_name":"CHI - Chicago, IL","locked":false,"mb_id":0,"provider_asn":36236,"provider_ip_type":"ipv4","provider_peer_ip":"209.177.158.48","routes_received":"","state":"Shutdown"},{"config_status":"1","customer_asn":63911,"customer_peer_ip":"2607:f740:e::652","description":"Craig's DevOps Demos - CHI - anycast-ingress-chi-w01.worker.demo IPv6","group_id":3247,"group_name":"Craig's DevOps Demos","id":51490,"last_update":"2025-10-13 01:53:15","location_name":"CHI - Chicago, IL","locked":false,"mb_id":0,"provider_asn":36236,"provider_ip_type":"ipv6","provider_peer_ip":"2607:f740:e::4d6","routes_received":"","state":"Active"}]},"sensitive_attributes":[]}]},{"module":"module.pop[\"CHI\"].module.netactuate","mode":"data","type":"netactuate_server","name":"vm","provider":"provider[\"registry.opentofu.org/netactuate/netactuate\"]","instances":[{"index_key":"w01","schema_version":0,"attributes":{"bgp_peers":[{"group_id":3247,"ipv4":["209.177.158.48"],"ipv6":["2607:f740:e::4d6"],"localasn":63911,"localpeerv4":"209.177.158.84","localpeerv6":"2607:f740:e::652","peerasn":36236}],"hostname":"anycast-ingress-chi-w01.worker.demo","id":572438,"image":"Ubuntu 24.04 LTS (20240423)","image_id":5787,"ip_v4":"209.177.158.84","ip_v6":"2607:f740:e::652","location_id":31,"package":"VR1x1x25","plan_id":668,"public_ipv4":"209.177.158.84","public_ipv6":"2607:f740:e::652","state":"UP","status":"RUNNING"},"sensitive_attributes":[]}]},{"module":"module.pop[\"CHI\"].module.netactuate","mode":"managed","type":"netactuate_bgp_sessions","name":"provider","provider":"provider[\"registry.opentofu.org/netactuate/netactuate\"]","instances":[{"index_key":"w01","schema_version":0,"attributes":{"group_id":3247,"id":"572438","ipv6":true,"mbpkgid":572438,"redundant":false},"sensitive_attributes":[],"private":"bnVsbA==","dependencies":["module.pop.module.netactuate.netactuate_server.vm","netbox_custom_field.na_asn","netbox_custom_field.na_bgp_ipv4_prefix","netbox_custom_field.na_bgp_peers","netbox_custom_field.na_bgp_session_details","netbox_custom_field.na_contract_id","netbox_custom_field.na_image","netbox_custom_field.na_image_id","netbox_custom_field.na_location_id","netbox_custom_field.na_plan","netbox_custom_field.na_plan_id","netbox_custom_field.na_public_ipv4","netbox_custom_field.na_public_ipv6","netbox_custom_field.na_server_id","netbox_custom_field.zz_bgp_connection_info","netbox_custom_field.zz_bgp_local_info","netbox_custom_field.zz_bgp_remote_info","netbox_custom_field.zz_bgp_routes_info"]}]},{"module":"module.pop[\"CHI\"].module.netactuate","mode":"managed","type":"netactuate_server","name":"vm","provider":"provider[\"registry.opentofu.org/netactuate/netactuate\"]","instances":[{"index_key":"w01","schema_version":0,"attributes":{"cloud_config":null,"hostname":"anycast-ingress-chi-w01.worker.demo","id":"572438","image":null,"image_id":5787,"location":null,"location_id":31,"package_billing":"usage","package_billing_contract_id":"440","package_billing_opt_in":null,"params":"","password":null,"plan":"VR1x1x25","primary_ipv4":"209.177.158.84","primary_ipv6":"2607:f740:e::652","ssh_key":null,"ssh_key_id":8199,"user_data":null,"user_data_base64":null},"sensitive_attributes":[[{"type":"get_attr","value":"password"}]],"private":"bnVsbA==","dependencies":["netbox_custom_field.na_asn","netbox_custom_field.na_bgp_ipv4_prefix","netbox_custom_field.na_bgp_peers","netbox_custom_field.na_bgp_session_details","netbox_custom_field.na_contract_id","netbox_custom_field.na_image","netbox_custom_field.na_image_id","netbox_custom_field.na_location_id","netbox_custom_field.na_plan","netbox_custom_field.na_plan_id","netbox_custom_field.na_public_ipv4","netbox_custom_field.na_public_ipv6","netbox_custom_field.na_server_id","netbox_custom_field.zz_bgp_connection_info","netbox_custom_field.zz_bgp_local_info","netbox_custom_field.zz_bgp_remote_info","netbox_custom_field.zz_bgp_routes_info"]}]},{"module":"module.pop[\"CHI\"].module.netbox","mode":"managed","type":"netbox_cluster","name":"this","provider":"provider[\"registry.opentofu.org/e-breuninger/netbox\"]","instances":[{"schema_version":0,"attributes":{"cluster_group_id":0,"cluster_type_id":6,"comments":"","description":"","id":"80","name":"CHI-cluster","site_id":80,"tags":[],"tags_all":[],"tenant_id":0},"sensitive_attributes":[],"private":"bnVsbA==","dependencies":["module.pop.module.netactuate.data.netactuate_bgp_sessions.vm","module.pop.module.netactuate.data.netactuate_server.vm","module.pop.module.netactuate.netactuate_bgp_sessions.provider","module.pop.module.netactuate.netactuate_server.vm","module.pop.module.netbox.netbox_site.this","netbox_cluster_type.hypervisor","netbox_custom_field.na_asn","netbox_custom_field.na_bgp_ipv4_prefix","netbox_custom_field.na_bgp_peers","netbox_custom_field.na_bgp_session_details","netbox_custom_field.na_contract_id","netbox_custom_field.na_image","netbox_custom_field.na_image_id","netbox_custom_field.na_location_id","netbox_custom_field.na_plan","netbox_custom_field.na_plan_id","netbox_custom_field.na_public_ipv4","netbox_custom_field.na_public_ipv6","netbox_custom_field.na_server_id","netbox_custom_field.zz_bgp_connection_info","netbox_custom_field.zz_bgp_local_info","netbox_custom_field.zz_bgp_remote_info","netbox_custom_field.zz_bgp_routes_info"]}]},{"module":"module.pop[\"CHI\"].module.netbox","mode":"managed","type":"netbox_device","name":"vm","provider":"provider[\"registry.opentofu.org/e-breuninger/netbox\"]","instances":[{"index_key":"w01","schema_version":0,"attributes":{"asset_tag":"","cluster_id":0,"comments":"","config_template_id":0,"custom_fields":null,"description":"","device_type_id":1,"id":"46","local_context_data":"","location_id":0,"name":"anycast-ingress-chi-w01.worker.demo","platform_id":0,"primary_ipv4":0,"primary_ipv6":0,"rack_face":"","rack_id":0,"rack_position":0,"role_id":1,"serial":"","site_id":80,"status":"active","tags":["anycast"],"tags_all":["anycast"],"tenant_id":0,"virtual_chassis_id":0,"virtual_chassis_master":false,"virtual_chassis_position":0,"virtual_chassis_priority":0},"sensitive_attributes":[],"private":"bnVsbA==","dependencies":["module.pop.module.netactuate.data.netactuate_bgp_sessions.vm","module.pop.module.netactuate.data.netactuate_server.vm","module.pop.module.netactuate.netactuate_bgp_sessions.provider","module.pop.module.netactuate.netactuate_server.vm","module.pop.module.netbox.netbox_site.this","netbox_custom_field.na_asn","netbox_custom_field.na_bgp_ipv4_prefix","netbox_custom_field.na_bgp_peers","netbox_custom_field.na_bgp_session_details","netbox_custom_field.na_contract_id","netbox_custom_field.na_image","netbox_custom_field.na_image_id","netbox_custom_field.na_location_id","netbox_custom_field.na_plan","netbox_custom_field.na_plan_id","netbox_custom_field.na_public_ipv4","netbox_custom_field.na_public_ipv6","netbox_custom_field.na_server_id","netbox_custom_field.zz_bgp_connection_info","netbox_custom_field.zz_bgp_local_info","netbox_custom_field.zz_bgp_remote_info","netbox_custom_field.zz_bgp_routes_info","netbox_device_role.anycast_worker","netbox_device_type.anycast_worker","netbox_manufacturer.netactuate","netbox_tag.anycast"]}]},{"module":"module.pop[\"CHI\"].module.netbox","mode":"managed","type":"netbox_interface","name":"eth0","provider":"provider[\"registry.opentofu.org/e-breuninger/netbox\"]","instances":[{"index_key":"w01","schema_version":0,"attributes":{"description":"","enabled":true,"id":"75","mac_address":"","mode":null,"mtu":0,"name":"eth0","tagged_vlans":[],"tags":[],"tags_all":[],"type":null,"untagged_vlan":null,"virtual_machine_id":75},"sensitive_attributes":[],"private":"bnVsbA==","dependencies":["module.pop.module.netactuate.data.netactuate_bgp_sessions.vm","module.pop.module.netactuate.data.netactuate_server.vm","module.pop.module.netactuate.netactuate_bgp_sessions.provider","module.pop.module.netactuate.netactuate_server.vm","module.pop.module.netbox.netbox_cluster.this","module.pop.module.netbox.netbox_site.this","module.pop.module.netbox.netbox_virtual_machine.vm","netbox_cluster_type.hypervisor","netbox_custom_field.na_asn","netbox_custom_field.na_bgp_ipv4_prefix","netbox_custom_field.na_bgp_peers","netbox_custom_field.na_bgp_session_details","netbox_custom_field.na_contract_id","netbox_custom_field.na_image","netbox_custom_field.na_image_id","netbox_custom_field.na_location_id","netbox_custom_field.na_plan","netbox_custom_field.na_plan_id","netbox_custom_field.na_public_ipv4","netbox_custom_field.na_public_ipv6","netbox_custom_field.na_server_id","netbox_custom_field.zz_bgp_connection_info","netbox_custom_field.zz_bgp_local_info","netbox_custom_field.zz_bgp_remote_info","netbox_custom_field.zz_bgp_routes_info","netbox_tag.anycast"]}]},{"module":"module.pop[\"CHI\"].module.netbox","mode":"managed","type":"netbox_ip_address","name":"public_v4","provider":"provider[\"registry.opentofu.org/e-breuninger/netbox\"]","instances":[{"index_key":"w01","schema_version":0,"attributes":{"custom_fields":null,"description":"","device_interface_id":null,"dns_name":"anycast-ingress-chi-w01.worker.demo","id":"189","interface_id":null,"ip_address":"209.177.158.84/32","nat_inside_address_id":0,"nat_outside_addresses":[],"object_type":null,"role":"","status":"active","tags":[],"tags_all":[],"tenant_id":0,"virtual_machine_interface_id":75,"vrf_id":0},"sensitive_attributes":[],"private":"bnVsbA==","dependencies":["module.pop.module.netactuate.data.netactuate_bgp_sessions.vm","module.pop.module.netactuate.data.netactuate_server.vm","module.pop.module.netactuate.netactuate_bgp_sessions.provider","module.pop.module.netactuate.netactuate_server.vm","module.pop.module.netbox.netbox_cluster.this","module.pop.module.netbox.netbox_interface.eth0","module.pop.module.netbox.netbox_site.this","module.pop.module.netbox.netbox_virtual_machine.vm","netbox_cluster_type.hypervisor","netbox_custom_field.na_asn","netbox_custom_field.na_bgp_ipv4_prefix","netbox_custom_field.na_bgp_peers","netbox_custom_field.na_bgp_session_details","netbox_custom_field.na_contract_id","netbox_custom_field.na_image","netbox_custom_field.na_image_id","netbox_custom_field.na_location_id","netbox_custom_field.na_plan","netbox_custom_field.na_plan_id","netbox_custom_field.na_public_ipv4","netbox_custom_field.na_public_ipv6","netbox_custom_field.na_server_id","netbox_custom_field.zz_bgp_connection_info","netbox_custom_field.zz_bgp_local_info","netbox_custom_field.zz_bgp_remote_info","netbox_custom_field.zz_bgp_routes_info","netbox_tag.anycast"]}]},{"module":"module.pop[\"CHI\"].module.netbox","mode":"managed","type":"netbox_ip_address","name":"public_v6","provider":"provider[\"registry.opentofu.org/e-breuninger/netbox\"]","instances":[{"index_key":"w01","schema_version":0,"attributes":{"custom_fields":null,"description":"","device_interface_id":null,"dns_name":"anycast-ingress-chi-w01.worker.demo","id":"191","interface_id":null,"ip_address":"2607:f740:e::652/128","nat_inside_address_id":0,"nat_outside_addresses":[],"object_type":null,"role":"","status":"active","tags":[],"tags_all":[],"tenant_id":0,"virtual_machine_interface_id":75,"vrf_id":0},"sensitive_attributes":[],"private":"bnVsbA==","dependencies":["module.pop.module.netactuate.data.netactuate_bgp_sessions.vm","module.pop.module.netactuate.data.netactuate_server.vm","module.pop.module.netactuate.netactuate_bgp_sessions.provider","module.pop.module.netactuate.netactuate_server.vm","module.pop.module.netbox.netbox_cluster.this","module.pop.module.netbox.netbox_interface.eth0","module.pop.module.netbox.netbox_site.this","module.pop.module.netbox.netbox_virtual_machine.vm","netbox_cluster_type.hypervisor","netbox_custom_field.na_asn","netbox_custom_field.na_bgp_ipv4_prefix","netbox_custom_field.na_bgp_peers","netbox_custom_field.na_bgp_session_details","netbox_custom_field.na_contract_id","netbox_custom_field.na_image","netbox_custom_field.na_image_id","netbox_custom_field.na_location_id","netbox_custom_field.na_plan","netbox_custom_field.na_plan_id","netbox_custom_field.na_public_ipv4","netbox_custom_field.na_public_ipv6","netbox_custom_field.na_server_id","netbox_custom_field.zz_bgp_connection_info","netbox_custom_field.zz_bgp_local_info","netbox_custom_field.zz_bgp_remote_info","netbox_custom_field.zz_bgp_routes_info","netbox_tag.anycast"]}]},{"module":"module.pop[\"CHI\"].module.netbox","mode":"managed","type":"netbox_primary_ip","name":"vm_primary_v4","provider":"provider[\"registry.opentofu.org/e-breuninger/netbox\"]","instances":[{"index_key":"w01","schema_version":0,"attributes":{"id":"75","ip_address_id":189,"ip_address_version":4,"virtual_machine_id":75},"sensitive_attributes":[],"private":"bnVsbA==","dependencies":["module.pop.module.netactuate.data.netactuate_bgp_sessions.vm","module.pop.module.netactuate.data.netactuate_server.vm","module.pop.module.netactuate.netactuate_bgp_sessions.provider","module.pop.module.netactuate.netactuate_server.vm","module.pop.module.netbox.netbox_cluster.this","module.pop.module.netbox.netbox_interface.eth0","module.pop.module.netbox.netbox_ip_address.public_v4","module.pop.module.netbox.netbox_site.this","module.pop.module.netbox.netbox_virtual_machine.vm","netbox_cluster_type.hypervisor","netbox_custom_field.na_asn","netbox_custom_field.na_bgp_ipv4_prefix","netbox_custom_field.na_bgp_peers","netbox_custom_field.na_bgp_session_details","netbox_custom_field.na_contract_id","netbox_custom_field.na_image","netbox_custom_field.na_image_id","netbox_custom_field.na_location_id","netbox_custom_field.na_plan","netbox_custom_field.na_plan_id","netbox_custom_field.na_public_ipv4","netbox_custom_field.na_public_ipv6","netbox_custom_field.na_server_id","netbox_custom_field.zz_bgp_connection_info","netbox_custom_field.zz_bgp_local_info","netbox_custom_field.zz_bgp_remote_info","netbox_custom_field.zz_bgp_routes_info","netbox_tag.anycast"]}]},{"module":"module.pop[\"CHI\"].module.netbox","mode":"managed","type":"netbox_service","name":"bgp179","provider":"provider[\"registry.opentofu.org/e-breuninger/netbox\"]","instances":[{"index_key":"w01","schema_version":0,"attributes":{"custom_fields":null,"description":"Anycast ingress BGP (TCP/179)","device_id":0,"id":"75","name":"bgp","port":null,"ports":[179],"protocol":"tcp","tags":[],"tags_all":[],"virtual_machine_id":75},"sensitive_attributes":[],"private":"bnVsbA==","dependencies":["module.pop.module.netactuate.data.netactuate_bgp_sessions.vm","module.pop.module.netactuate.data.netactuate_server.vm","module.pop.module.netactuate.netactuate_bgp_sessions.provider","module.pop.module.netactuate.netactuate_server.vm","module.pop.module.netbox.netbox_cluster.this","module.pop.module.netbox.netbox_site.this","module.pop.module.netbox.netbox_virtual_machine.vm","netbox_cluster_type.hypervisor","netbox_custom_field.na_asn","netbox_custom_field.na_bgp_ipv4_prefix","netbox_custom_field.na_bgp_peers","netbox_custom_field.na_bgp_session_details","netbox_custom_field.na_contract_id","netbox_custom_field.na_image","netbox_custom_field.na_image_id","netbox_custom_field.na_location_id","netbox_custom_field.na_plan","netbox_custom_field.na_plan_id","netbox_custom_field.na_public_ipv4","netbox_custom_field.na_public_ipv6","netbox_custom_field.na_server_id","netbox_custom_field.zz_bgp_connection_info","netbox_custom_field.zz_bgp_local_info","netbox_custom_field.zz_bgp_remote_info","netbox_custom_field.zz_bgp_routes_info","netbox_tag.anycast"]}]},{"module":"module.pop[\"CHI\"].module.netbox","mode":"managed","type":"netbox_site","name":"this","provider":"provider[\"registry.opentofu.org/e-breuninger/netbox\"]","instances":[{"schema_version":0,"attributes":{"asn_ids":[],"comments":"","custom_fields":null,"description":"NetActuate PoP CHI","facility":"","group_id":0,"id":"80","latitude":0,"longitude":0,"name":"CHI","physical_address":"","region_id":0,"shipping_address":"","slug":"chi","status":"active","tags":[],"tags_all":[],"tenant_id":0,"timezone":""},"sensitive_attributes":[],"private":"bnVsbA==","dependencies":["module.pop.module.netactuate.data.netactuate_bgp_sessions.vm","module.pop.module.netactuate.data.netactuate_server.vm","module.pop.module.netactuate.netactuate_bgp_sessions.provider","module.pop.module.netactuate.netactuate_server.vm","netbox_custom_field.na_asn","netbox_custom_field.na_bgp_ipv4_prefix","netbox_custom_field.na_bgp_peers","netbox_custom_field.na_bgp_session_details","netbox_custom_field.na_contract_id","netbox_custom_field.na_image","netbox_custom_field.na_image_id","netbox_custom_field.na_location_id","netbox_custom_field.na_plan","netbox_custom_field.na_plan_id","netbox_custom_field.na_public_ipv4","netbox_custom_field.na_public_ipv6","netbox_custom_field.na_server_id","netbox_custom_field.zz_bgp_connection_info","netbox_custom_field.zz_bgp_local_info","netbox_custom_field.zz_bgp_remote_info","netbox_custom_field.zz_bgp_routes_info"]}]},{"module":"module.pop[\"CHI\"].module.netbox","mode":"managed","type":"netbox_virtual_machine","name":"vm","provider":"provider[\"registry.opentofu.org/e-breuninger/netbox\"]","instances":[{"index_key":"w01","schema_version":2,"attributes":{"cluster_id":80,"comments":"NetActuate Server Details:\n  Server ID: 572438\n  Contract ID: 440\n  Location ID: 31\n  Image: Ubuntu 24.04 LTS (20240423) (ID 5787)\n  IPv4 Prefix: 45.54.50.0/24\n\nBGP Local Info:\n  Hostname: anycast-ingress-chi-w01.worker.demo\n  Local ASN: 63911\n  Public IPv4: 209.177.158.84\n  Public IPv6: 2607:f740:e::652\n  Customer IPs: 209.177.158.84, 2607:f740:e::652\n\nBGP Remote Info:\n  Group: Craig's DevOps Demos\n  Provider ASN: 36236\n  Provider IPv4: 209.177.158.48\n  Provider IPv6: 2607:f740:e::4d6\n\nBGP Connection Status:\n  209.177.158.48 (ipv4): state=Shutdown config=1 last=2025-10-13 01:53:04\n  2607:f740:e::4d6 (ipv6): state=Active config=1 last=2025-10-13 01:53:15\n\nBGP Sessions JSON:\n  {\"ipv4|209.177.158.48\":{\"description\":\"Craig's DevOps Demos - CHI - anycast-ingress-chi-w01.worker.demo IPv4\",\"group_id\":3247,\"group_name\":\"Craig's DevOps Demos\",\"provider_asn\":\"36236\",\"remote_ip\":\"209.177.158.48\",\"remote_ip_type\":\"ipv4\",\"status\":\"active\"},\"ipv6|2607:f740:e::4d6\":{\"description\":\"Craig's DevOps Demos - CHI - anycast-ingress-chi-w01.worker.demo IPv6\",\"group_id\":3247,\"group_name\":\"Craig's DevOps Demos\",\"provider_asn\":\"36236\",\"remote_ip\":\"2607:f740:e::4d6\",\"remote_ip_type\":\"ipv6\",\"status\":\"failed\"}}\n\nBGP Session Details JSON:\n  [{\"config_status\":\"1\",\"customer_peer_ip\":\"209.177.158.84\",\"description\":\"Craig's DevOps Demos - CHI - anycast-ingress-chi-w01.worker.demo IPv4\",\"group_id\":3247,\"group_name\":\"Craig's DevOps Demos\",\"last_update\":\"2025-10-13 01:53:04\",\"provider_asn\":\"36236\",\"remote_ip\":\"209.177.158.48\",\"remote_ip_type\":\"ipv4\",\"routes\":[],\"session_name\":\"\",\"state\":\"Shutdown\"},{\"config_status\":\"1\",\"customer_peer_ip\":\"2607:f740:e::652\",\"description\":\"Craig's DevOps Demos - CHI - anycast-ingress-chi-w01.worker.demo IPv6\",\"group_id\":3247,\"group_name\":\"Craig's DevOps Demos\",\"last_update\":\"2025-10-13 01:53:15\",\"provider_asn\":\"36236\",\"remote_ip\":\"2607:f740:e::4d6\",\"remote_ip_type\":\"ipv6\",\"routes\":[],\"session_name\":\"\",\"state\":\"Active\"}]","custom_fields":{"na_asn":"63911","na_bgp_ipv4_prefix":"45.54.50.0/24","na_bgp_peers":"{\"ipv4|209.177.158.48\":{\"description\":\"Craig's DevOps Demos - CHI - anycast-ingress-chi-w01.worker.demo IPv4\",\"group_id\":3247,\"group_name\":\"Craig's DevOps Demos\",\"provider_asn\":\"36236\",\"remote_ip\":\"209.177.158.48\",\"remote_ip_type\":\"ipv4\",\"status\":\"active\"},\"ipv6|2607:f740:e::4d6\":{\"description\":\"Craig's DevOps Demos - CHI - anycast-ingress-chi-w01.worker.demo IPv6\",\"group_id\":3247,\"group_name\":\"Craig's DevOps Demos\",\"provider_asn\":\"36236\",\"remote_ip\":\"2607:f740:e::4d6\",\"remote_ip_type\":\"ipv6\",\"status\":\"failed\"}}","na_bgp_session_details":"[{\"config_status\":\"1\",\"customer_peer_ip\":\"209.177.158.84\",\"description\":\"Craig's DevOps Demos - CHI - anycast-ingress-chi-w01.worker.demo IPv4\",\"group_id\":3247,\"group_name\":\"Craig's DevOps Demos\",\"last_update\":\"2025-10-13 01:53:04\",\"provider_asn\":\"36236\",\"remote_ip\":\"209.177.158.48\",\"remote_ip_type\":\"ipv4\",\"routes\":[],\"session_name\":\"\",\"state\":\"Shutdown\"},{\"config_status\":\"1\",\"customer_peer_ip\":\"2607:f740:e::652\",\"description\":\"Craig's DevOps Demos - CHI - anycast-ingress-chi-w01.worker.demo IPv6\",\"group_id\":3247,\"group_name\":\"Craig's DevOps Demos\",\"last_update\":\"2025-10-13 01:53:15\",\"provider_asn\":\"36236\",\"remote_ip\":\"2607:f740:e::4d6\",\"remote_ip_type\":\"ipv6\",\"routes\":[],\"session_name\":\"\",\"state\":\"Active\"}]","na_contract_id":"440","na_image":"Ubuntu 24.04 LTS (20240423)","na_image_id":"5787","na_location_id":"31","na_plan":"VR1x1x25","na_plan_id":"668","na_public_ipv4":"209.177.158.84","na_public_ipv6":"2607:f740:e::652","na_server_id":"572438","zz_bgp_connection_info":"209.177.158.48 (ipv4): state=Shutdown config=1 last=2025-10-13 01:53:04\n2607:f740:e::4d6 (ipv6): state=Active config=1 last=2025-10-13 01:53:15","zz_bgp_local_info":"Hostname: anycast-ingress-chi-w01.worker.demo\nLocal ASN: 63911\nPublic IPv4: 209.177.158.84\nPublic IPv6: 2607:f740:e::652\nCustomer IPs: 209.177.158.84, 2607:f740:e::652","zz_bgp_remote_info":"Group: Craig's DevOps Demos\nProvider ASN: 36236\nProvider IPv4: 209.177.158.48\nProvider IPv6: 2607:f740:e::4d6","zz_bgp_routes_info":"45.54.50.0/24 via 209.177.158.84 (origin 63911)"},"description":"NetActuate plan VR1x1x25","device_id":0,"disk_size_mb":25600,"id":"75","local_context_data":"","memory_mb":1024,"name":"anycast-ingress-chi-w01.worker.demo","platform_id":0,"primary_ipv4":189,"primary_ipv6":191,"role_id":0,"site_id":80,"status":"active","tags":["anycast"],"tags_all":["anycast"],"tenant_id":0,"vcpus":1},"sensitive_attributes":[],"private":"eyJzY2hlbWFfdmVyc2lvbiI6IjIifQ==","dependencies":["module.pop.module.netactuate.data.netactuate_bgp_sessions.vm","module.pop.module.netactuate.data.netactuate_server.vm","module.pop.module.netactuate.netactuate_bgp_sessions.provider","module.pop.module.netactuate.netactuate_server.vm","module.pop.module.netbox.netbox_cluster.this","module.pop.module.netbox.netbox_site.this","netbox_cluster_type.hypervisor","netbox_custom_field.na_asn","netbox_custom_field.na_bgp_ipv4_prefix","netbox_custom_field.na_bgp_peers","netbox_custom_field.na_bgp_session_details","netbox_custom_field.na_contract_id","netbox_custom_field.na_image","netbox_custom_field.na_image_id","netbox_custom_field.na_location_id","netbox_custom_field.na_plan","netbox_custom_field.na_plan_id","netbox_custom_field.na_public_ipv4","netbox_custom_field.na_public_ipv6","netbox_custom_field.na_server_id","netbox_custom_field.zz_bgp_connection_info","netbox_custom_field.zz_bgp_local_info","netbox_custom_field.zz_bgp_remote_info","netbox_custom_field.zz_bgp_routes_info","netbox_tag.anycast"]}]},{"module":"module.pop[\"DEN\"].module.netactuate","mode":"data","type":"netactuate_bgp_sessions","name":"vm","provider":"provider[\"registry.opentofu.org/netactuate/netactuate\"]","instances":[{"index_key":"w01","schema_version":0,"attributes":{"id":"572464","mbpkgid":572464,"sessions":[{"config_status":"1","customer_asn":63911,"customer_peer_ip":"192.73.242.248","description":"Craig's DevOps Demos - DEN - anycast-ingress-den-w01.worker.demo IPv4","group_id":3247,"group_name":"Craig's DevOps Demos","id":51529,"last_update":"2025-10-13 01:48:45","location_name":"DEN - Denver, CO","locked":false,"mb_id":0,"provider_asn":36236,"provider_ip_type":"ipv4","provider_peer_ip":"192.73.242.90","routes_received":"[{\"path\": [\"63911\"], \"origin\": \"63911\", \"prefix\": \"45.54.50.0/24\", \"next_hop\": \"192.73.242.248\", \"metric_loc_prf_weight\": 0}]","state":"Established"},{"config_status":"1","customer_asn":63911,"customer_peer_ip":"2607:f740:16::b37","description":"Craig's DevOps Demos - DEN - anycast-ingress-den-w01.worker.demo IPv6","group_id":3247,"group_name":"Craig's DevOps Demos","id":51530,"last_update":"2025-10-13 01:48:45","location_name":"DEN - Denver, CO","locked":false,"mb_id":0,"provider_asn":36236,"provider_ip_type":"ipv6","provider_peer_ip":"2607:f740:16::a7","routes_received":"","state":"Active"}]},"sensitive_attributes":[]}]},{"module":"module.pop[\"DEN\"].module.netactuate","mode":"data","type":"netactuate_server","name":"vm","provider":"provider[\"registry.opentofu.org/netactuate/netactuate\"]","instances":[{"index_key":"w01","schema_version":0,"attributes":{"bgp_peers":[{"group_id":3247,"ipv4":["192.73.242.90"],"ipv6":["2607:f740:16::a7"],"localasn":63911,"localpeerv4":"192.73.242.248","localpeerv6":"2607:f740:16::b37","peerasn":36236}],"hostname":"anycast-ingress-den-w01.worker.demo","id":572464,"image":"Ubuntu 24.04 LTS (20240423)","image_id":5787,"ip_v4":"192.73.242.248","ip_v6":"2607:f740:16::b37","location_id":122,"package":"VR1x1x25","plan_id":668,"public_ipv4":"192.73.242.248","public_ipv6":"2607:f740:16::b37","state":"UP","status":"RUNNING"},"sensitive_attributes":[]}]},{"module":"module.pop[\"DEN\"].module.netactuate","mode":"managed","type":"netactuate_bgp_sessions","name":"provider","provider":"provider[\"registry.opentofu.org/netactuate/netactuate\"]","instances":[{"index_key":"w01","schema_version":0,"attributes":{"group_id":3247,"id":"572464","ipv6":true,"mbpkgid":572464,"redundant":false},"sensitive_attributes":[],"private":"bnVsbA==","dependencies":["module.pop.module.netactuate.netactuate_server.vm","netbox_custom_field.na_asn","netbox_custom_field.na_bgp_ipv4_prefix","netbox_custom_field.na_bgp_peers","netbox_custom_field.na_bgp_session_details","netbox_custom_field.na_contract_id","netbox_custom_field.na_image","netbox_custom_field.na_image_id","netbox_custom_field.na_location_id","netbox_custom_field.na_plan","netbox_custom_field.na_plan_id","netbox_custom_field.na_public_ipv4","netbox_custom_field.na_public_ipv6","netbox_custom_field.na_server_id","netbox_custom_field.zz_bgp_connection_info","netbox_custom_field.zz_bgp_local_info","netbox_custom_field.zz_bgp_remote_info","netbox_custom_field.zz_bgp_routes_info"]}]},{"module":"module.pop[\"DEN\"].module.netactuate","mode":"managed","type":"netactuate_server","name":"vm","provider":"provider[\"registry.opentofu.org/netactuate/netactuate\"]","instances":[{"index_key":"w01","schema_version":0,"attributes":{"cloud_config":null,"hostname":"anycast-ingress-den-w01.worker.demo","id":"572464","image":null,"image_id":5787,"location":null,"location_id":122,"package_billing":"usage","package_billing_contract_id":"440","package_billing_opt_in":null,"params":"","password":null,"plan":"VR1x1x25","primary_ipv4":"192.73.242.248","primary_ipv6":"2607:f740:16::b37","ssh_key":null,"ssh_key_id":8199,"user_data":null,"user_data_base64":null},"sensitive_attributes":[[{"type":"get_attr","value":"password"}]],"private":"bnVsbA==","dependencies":["netbox_custom_field.na_asn","netbox_custom_field.na_bgp_ipv4_prefix","netbox_custom_field.na_bgp_peers","netbox_custom_field.na_bgp_session_details","netbox_custom_field.na_contract_id","netbox_custom_field.na_image","netbox_custom_field.na_image_id","netbox_custom_field.na_location_id","netbox_custom_field.na_plan","netbox_custom_field.na_plan_id","netbox_custom_field.na_public_ipv4","netbox_custom_field.na_public_ipv6","netbox_custom_field.na_server_id","netbox_custom_field.zz_bgp_connection_info","netbox_custom_field.zz_bgp_local_info","netbox_custom_field.zz_bgp_remote_info","netbox_custom_field.zz_bgp_routes_info"]}]},{"module":"module.pop[\"DEN\"].module.netbox","mode":"managed","type":"netbox_cluster","name":"this","provider":"provider[\"registry.opentofu.org/e-breuninger/netbox\"]","instances":[{"schema_version":0,"attributes":{"cluster_group_id":0,"cluster_type_id":6,"comments":"","description":"","id":"99","name":"DEN-cluster","site_id":99,"tags":[],"tags_all":[],"tenant_id":0},"sensitive_attributes":[],"private":"bnVsbA==","dependencies":["module.pop.module.netactuate.data.netactuate_bgp_sessions.vm","module.pop.module.netactuate.data.netactuate_server.vm","module.pop.module.netactuate.netactuate_bgp_sessions.provider","module.pop.module.netactuate.netactuate_server.vm","module.pop.module.netbox.netbox_site.this","netbox_cluster_type.hypervisor","netbox_custom_field.na_asn","netbox_custom_field.na_bgp_ipv4_prefix","netbox_custom_field.na_bgp_peers","netbox_custom_field.na_bgp_session_details","netbox_custom_field.na_contract_id","netbox_custom_field.na_image","netbox_custom_field.na_image_id","netbox_custom_field.na_location_id","netbox_custom_field.na_plan","netbox_custom_field.na_plan_id","netbox_custom_field.na_public_ipv4","netbox_custom_field.na_public_ipv6","netbox_custom_field.na_server_id","netbox_custom_field.zz_bgp_connection_info","netbox_custom_field.zz_bgp_local_info","netbox_custom_field.zz_bgp_remote_info","netbox_custom_field.zz_bgp_routes_info"]}]},{"module":"module.pop[\"DEN\"].module.netbox","mode":"managed","type":"netbox_device","name":"vm","provider":"provider[\"registry.opentofu.org/e-breuninger/netbox\"]","instances":[{"index_key":"w01","schema_version":0,"attributes":{"asset_tag":"","cluster_id":0,"comments":"","config_template_id":0,"custom_fields":null,"description":"","device_type_id":1,"id":"65","local_context_data":"","location_id":0,"name":"anycast-ingress-den-w01.worker.demo","platform_id":0,"primary_ipv4":0,"primary_ipv6":0,"rack_face":"","rack_id":0,"rack_position":0,"role_id":1,"serial":"","site_id":99,"status":"active","tags":["anycast"],"tags_all":["anycast"],"tenant_id":0,"virtual_chassis_id":0,"virtual_chassis_master":false,"virtual_chassis_position":0,"virtual_chassis_priority":0},"sensitive_attributes":[],"private":"bnVsbA==","dependencies":["module.pop.module.netactuate.data.netactuate_bgp_sessions.vm","module.pop.module.netactuate.data.netactuate_server.vm","module.pop.module.netactuate.netactuate_bgp_sessions.provider","module.pop.module.netactuate.netactuate_server.vm","module.pop.module.netbox.netbox_site.this","netbox_custom_field.na_asn","netbox_custom_field.na_bgp_ipv4_prefix","netbox_custom_field.na_bgp_peers","netbox_custom_field.na_bgp_session_details","netbox_custom_field.na_contract_id","netbox_custom_field.na_image","netbox_custom_field.na_image_id","netbox_custom_field.na_location_id","netbox_custom_field.na_plan","netbox_custom_field.na_plan_id","netbox_custom_field.na_public_ipv4","netbox_custom_field.na_public_ipv6","netbox_custom_field.na_server_id","netbox_custom_field.zz_bgp_connection_info","netbox_custom_field.zz_bgp_local_info","netbox_custom_field.zz_bgp_remote_info","netbox_custom_field.zz_bgp_routes_info","netbox_device_role.anycast_worker","netbox_device_type.anycast_worker","netbox_manufacturer.netactuate","netbox_tag.anycast"]}]},{"module":"module.pop[\"DEN\"].module.netbox","mode":"managed","type":"netbox_interface","name":"eth0","provider":"provider[\"registry.opentofu.org/e-breuninger/netbox\"]","instances":[{"index_key":"w01","schema_version":0,"attributes":{"description":"","enabled":true,"id":"96","mac_address":"","mode":null,"mtu":0,"name":"eth0","tagged_vlans":[],"tags":[],"tags_all":[],"type":null,"untagged_vlan":null,"virtual_machine_id":96},"sensitive_attributes":[],"private":"bnVsbA==","dependencies":["module.pop.module.netactuate.data.netactuate_bgp_sessions.vm","module.pop.module.netactuate.data.netactuate_server.vm","module.pop.module.netactuate.netactuate_bgp_sessions.provider","module.pop.module.netactuate.netactuate_server.vm","module.pop.module.netbox.netbox_cluster.this","module.pop.module.netbox.netbox_site.this","module.pop.module.netbox.netbox_virtual_machine.vm","netbox_cluster_type.hypervisor","netbox_custom_field.na_asn","netbox_custom_field.na_bgp_ipv4_prefix","netbox_custom_field.na_bgp_peers","netbox_custom_field.na_bgp_session_details","netbox_custom_field.na_contract_id","netbox_custom_field.na_image","netbox_custom_field.na_image_id","netbox_custom_field.na_location_id","netbox_custom_field.na_plan","netbox_custom_field.na_plan_id","netbox_custom_field.na_public_ipv4","netbox_custom_field.na_public_ipv6","netbox_custom_field.na_server_id","netbox_custom_field.zz_bgp_connection_info","netbox_custom_field.zz_bgp_local_info","netbox_custom_field.zz_bgp_remote_info","netbox_custom_field.zz_bgp_routes_info","netbox_tag.anycast"]}]},{"module":"module.pop[\"DEN\"].module.netbox","mode":"managed","type":"netbox_ip_address","name":"public_v4","provider":"provider[\"registry.opentofu.org/e-breuninger/netbox\"]","instances":[{"index_key":"w01","schema_version":0,"attributes":{"custom_fields":null,"description":"","device_interface_id":null,"dns_name":"anycast-ingress-den-w01.worker.demo","id":"229","interface_id":null,"ip_address":"192.73.242.248/32","nat_inside_address_id":0,"nat_outside_addresses":[],"object_type":null,"role":"","status":"active","tags":[],"tags_all":[],"tenant_id":0,"virtual_machine_interface_id":96,"vrf_id":0},"sensitive_attributes":[],"private":"bnVsbA==","dependencies":["module.pop.module.netactuate.data.netactuate_bgp_sessions.vm","module.pop.module.netactuate.data.netactuate_server.vm","module.pop.module.netactuate.netactuate_bgp_sessions.provider","module.pop.module.netactuate.netactuate_server.vm","module.pop.module.netbox.netbox_cluster.this","module.pop.module.netbox.netbox_interface.eth0","module.pop.module.netbox.netbox_site.this","module.pop.module.netbox.netbox_virtual_machine.vm","netbox_cluster_type.hypervisor","netbox_custom_field.na_asn","netbox_custom_field.na_bgp_ipv4_prefix","netbox_custom_field.na_bgp_peers","netbox_custom_field.na_bgp_session_details","netbox_custom_field.na_contract_id","netbox_custom_field.na_image","netbox_custom_field.na_image_id","netbox_custom_field.na_location_id","netbox_custom_field.na_plan","netbox_custom_field.na_plan_id","netbox_custom_field.na_public_ipv4","netbox_custom_field.na_public_ipv6","netbox_custom_field.na_server_id","netbox_custom_field.zz_bgp_connection_info","netbox_custom_field.zz_bgp_local_info","netbox_custom_field.zz_bgp_remote_info","netbox_custom_field.zz_bgp_routes_info","netbox_tag.anycast"]}]},{"module":"module.pop[\"DEN\"].module.netbox","mode":"managed","type":"netbox_ip_address","name":"public_v6","provider":"provider[\"registry.opentofu.org/e-breuninger/netbox\"]","instances":[{"index_key":"w01","schema_version":0,"attributes":{"custom_fields":null,"description":"","device_interface_id":null,"dns_name":"anycast-ingress-den-w01.worker.demo","id":"228","interface_id":null,"ip_address":"2607:f740:16::b37/128","nat_inside_address_id":0,"nat_outside_addresses":[],"object_type":null,"role":"","status":"active","tags":[],"tags_all":[],"tenant_id":0,"virtual_machine_interface_id":96,"vrf_id":0},"sensitive_attributes":[],"private":"bnVsbA==","dependencies":["module.pop.module.netactuate.data.netactuate_bgp_sessions.vm","module.pop.module.netactuate.data.netactuate_server.vm","module.pop.module.netactuate.netactuate_bgp_sessions.provider","module.pop.module.netactuate.netactuate_server.vm","module.pop.module.netbox.netbox_cluster.this","module.pop.module.netbox.netbox_interface.eth0","module.pop.module.netbox.netbox_site.this","module.pop.module.netbox.netbox_virtual_machine.vm","netbox_cluster_type.hypervisor","netbox_custom_field.na_asn","netbox_custom_field.na_bgp_ipv4_prefix","netbox_custom_field.na_bgp_peers","netbox_custom_field.na_bgp_session_details","netbox_custom_field.na_contract_id","netbox_custom_field.na_image","netbox_custom_field.na_image_id","netbox_custom_field.na_location_id","netbox_custom_field.na_plan","netbox_custom_field.na_plan_id","netbox_custom_field.na_public_ipv4","netbox_custom_field.na_public_ipv6","netbox_custom_field.na_server_id","netbox_custom_field.zz_bgp_connection_info","netbox_custom_field.zz_bgp_local_info","netbox_custom_field.zz_bgp_remote_info","netbox_custom_field.zz_bgp_routes_info","netbox_tag.anycast"]}]},{"module":"module.pop[\"DEN\"].module.netbox","mode":"managed","type":"netbox_primary_ip","name":"vm_primary_v4","provider":"provider[\"registry.opentofu.org/e-breuninger/netbox\"]","instances":[{"index_key":"w01","schema_version":0,"attributes":{"id":"96","ip_address_id":229,"ip_address_version":4,"virtual_machine_id":96},"sensitive_attributes":[],"private":"bnVsbA==","dependencies":["module.pop.module.netactuate.data.netactuate_bgp_sessions.vm","module.pop.module.netactuate.data.netactuate_server.vm","module.pop.module.netactuate.netactuate_bgp_sessions.provider","module.pop.module.netactuate.netactuate_server.vm","module.pop.module.netbox.netbox_cluster.this","module.pop.module.netbox.netbox_interface.eth0","module.pop.module.netbox.netbox_ip_address.public_v4","module.pop.module.netbox.netbox_site.this","module.pop.module.netbox.netbox_virtual_machine.vm","netbox_cluster_type.hypervisor","netbox_custom_field.na_asn","netbox_custom_field.na_bgp_ipv4_prefix","netbox_custom_field.na_bgp_peers","netbox_custom_field.na_bgp_session_details","netbox_custom_field.na_contract_id","netbox_custom_field.na_image","netbox_custom_field.na_image_id","netbox_custom_field.na_location_id","netbox_custom_field.na_plan","netbox_custom_field.na_plan_id","netbox_custom_field.na_public_ipv4","netbox_custom_field.na_public_ipv6","netbox_custom_field.na_server_id","netbox_custom_field.zz_bgp_connection_info","netbox_custom_field.zz_bgp_local_info","netbox_custom_field.zz_bgp_remote_info","netbox_custom_field.zz_bgp_routes_info","netbox_tag.anycast"]}]},{"module":"module.pop[\"DEN\"].module.netbox","mode":"managed","type":"netbox_service","name":"bgp179","provider":"provider[\"registry.opentofu.org/e-breuninger/netbox\"]","instances":[{"index_key":"w01","schema_version":0,"attributes":{"custom_fields":null,"description":"Anycast ingress BGP (TCP/179)","device_id":0,"id":"96","name":"bgp","port":null,"ports":[179],"protocol":"tcp","tags":[],"tags_all":[],"virtual_machine_id":96},"sensitive_attributes":[],"private":"bnVsbA==","dependencies":["module.pop.module.netactuate.data.netactuate_bgp_sessions.vm","module.pop.module.netactuate.data.netactuate_server.vm","module.pop.module.netactuate.netactuate_bgp_sessions.provider","module.pop.module.netactuate.netactuate_server.vm","module.pop.module.netbox.netbox_cluster.this","module.pop.module.netbox.netbox_site.this","module.pop.module.netbox.netbox_virtual_machine.vm","netbox_cluster_type.hypervisor","netbox_custom_field.na_asn","netbox_custom_field.na_bgp_ipv4_prefix","netbox_custom_field.na_bgp_peers","netbox_custom_field.na_bgp_session_details","netbox_custom_field.na_contract_id","netbox_custom_field.na_image","netbox_custom_field.na_image_id","netbox_custom_field.na_location_id","netbox_custom_field.na_plan","netbox_custom_field.na_plan_id","netbox_custom_field.na_public_ipv4","netbox_custom_field.na_public_ipv6","netbox_custom_field.na_server_id","netbox_custom_field.zz_bgp_connection_info","netbox_custom_field.zz_bgp_local_info","netbox_custom_field.zz_bgp_remote_info","netbox_custom_field.zz_bgp_routes_info","netbox_tag.anycast"]}]},{"module":"module.pop[\"DEN\"].module.netbox","mode":"managed","type":"netbox_site","name":"this","provider":"provider[\"registry.opentofu.org/e-breuninger/netbox\"]","instances":[{"schema_version":0,"attributes":{"asn_ids":[],"comments":"","custom_fields":null,"description":"NetActuate PoP DEN","facility":"","group_id":0,"id":"99","latitude":0,"longitude":0,"name":"DEN","physical_address":"","region_id":0,"shipping_address":"","slug":"den","status":"active","tags":[],"tags_all":[],"tenant_id":0,"timezone":""},"sensitive_attributes":[],"private":"bnVsbA==","dependencies":["module.pop.module.netactuate.data.netactuate_bgp_sessions.vm","module.pop.module.netactuate.data.netactuate_server.vm","module.pop.module.netactuate.netactuate_bgp_sessions.provider","module.pop.module.netactuate.netactuate_server.vm","netbox_custom_field.na_asn","netbox_custom_field.na_bgp_ipv4_prefix","netbox_custom_field.na_bgp_peers","netbox_custom_field.na_bgp_session_details","netbox_custom_field.na_contract_id","netbox_custom_field.na_image","netbox_custom_field.na_image_id","netbox_custom_field.na_location_id","netbox_custom_field.na_plan","netbox_custom_field.na_plan_id","netbox_custom_field.na_public_ipv4","netbox_custom_field.na_public_ipv6","netbox_custom_field.na_server_id","netbox_custom_field.zz_bgp_connection_info","netbox_custom_field.zz_bgp_local_info","netbox_custom_field.zz_bgp_remote_info","netbox_custom_field.zz_bgp_routes_info"]}]},{"module":"module.pop[\"DEN\"].module.netbox","mode":"managed","type":"netbox_virtual_machine","name":"vm","provider":"provider[\"registry.opentofu.org/e-breuninger/netbox\"]","instances":[{"index_key":"w01","schema_version":2,"attributes":{"cluster_id":99,"comments":"NetActuate Server Details:\n  Server ID: 572464\n  Contract ID: 440\n  Location ID: 122\n  Image: Ubuntu 24.04 LTS (20240423) (ID 5787)\n  IPv4 Prefix: 45.54.50.0/24\n\nBGP Local Info:\n  Hostname: anycast-ingress-den-w01.worker.demo\n  Local ASN: 63911\n  Public IPv4: 192.73.242.248\n  Public IPv6: 2607:f740:16::b37\n  Customer IPs: 192.73.242.248, 2607:f740:16::b37\n\nBGP Remote Info:\n  Group: Craig's DevOps Demos\n  Provider ASN: 36236\n  Provider IPv4: 192.73.242.90\n  Provider IPv6: 2607:f740:16::a7\n\nBGP Connection Status:\n  192.73.242.90 (ipv4): state=Established config=1 last=2025-10-13 01:48:45\n  2607:f740:16::a7 (ipv6): state=Active config=1 last=2025-10-13 01:48:45\n\nBGP Routes:\n  45.54.50.0/24 via 192.73.242.248 (origin 63911)\n\nBGP Sessions JSON:\n  {\"ipv4|192.73.242.90\":{\"description\":\"Craig's DevOps Demos - DEN - anycast-ingress-den-w01.worker.demo IPv4\",\"group_id\":3247,\"group_name\":\"Craig's DevOps Demos\",\"provider_asn\":\"36236\",\"remote_ip\":\"192.73.242.90\",\"remote_ip_type\":\"ipv4\",\"status\":\"active\"},\"ipv6|2607:f740:16::a7\":{\"description\":\"Craig's DevOps Demos - DEN - anycast-ingress-den-w01.worker.demo IPv6\",\"group_id\":3247,\"group_name\":\"Craig's DevOps Demos\",\"provider_asn\":\"36236\",\"remote_ip\":\"2607:f740:16::a7\",\"remote_ip_type\":\"ipv6\",\"status\":\"failed\"}}\n\nBGP Session Details JSON:\n  [{\"config_status\":\"1\",\"customer_peer_ip\":\"192.73.242.248\",\"description\":\"Craig's DevOps Demos - DEN - anycast-ingress-den-w01.worker.demo IPv4\",\"group_id\":3247,\"group_name\":\"Craig's DevOps Demos\",\"last_update\":\"2025-10-13 01:48:45\",\"provider_asn\":\"36236\",\"remote_ip\":\"192.73.242.90\",\"remote_ip_type\":\"ipv4\",\"routes\":[{\"metric_loc_prf_weight\":0,\"next_hop\":\"192.73.242.248\",\"origin\":\"63911\",\"path\":[\"63911\"],\"prefix\":\"45.54.50.0/24\"}],\"session_name\":\"\",\"state\":\"Established\"},{\"config_status\":\"1\",\"customer_peer_ip\":\"2607:f740:16::b37\",\"description\":\"Craig's DevOps Demos - DEN - anycast-ingress-den-w01.worker.demo IPv6\",\"group_id\":3247,\"group_name\":\"Craig's DevOps Demos\",\"last_update\":\"2025-10-13 01:48:45\",\"provider_asn\":\"36236\",\"remote_ip\":\"2607:f740:16::a7\",\"remote_ip_type\":\"ipv6\",\"routes\":[],\"session_name\":\"\",\"state\":\"Active\"}]","custom_fields":{"na_asn":"63911","na_bgp_ipv4_prefix":"45.54.50.0/24","na_bgp_peers":"{\"ipv4|192.73.242.90\":{\"description\":\"Craig's DevOps Demos - DEN - anycast-ingress-den-w01.worker.demo IPv4\",\"group_id\":3247,\"group_name\":\"Craig's DevOps Demos\",\"provider_asn\":\"36236\",\"remote_ip\":\"192.73.242.90\",\"remote_ip_type\":\"ipv4\",\"status\":\"active\"},\"ipv6|2607:f740:16::a7\":{\"description\":\"Craig's DevOps Demos - DEN - anycast-ingress-den-w01.worker.demo IPv6\",\"group_id\":3247,\"group_name\":\"Craig's DevOps Demos\",\"provider_asn\":\"36236\",\"remote_ip\":\"2607:f740:16::a7\",\"remote_ip_type\":\"ipv6\",\"status\":\"failed\"}}","na_bgp_session_details":"[{\"config_status\":\"1\",\"customer_peer_ip\":\"192.73.242.248\",\"description\":\"Craig's DevOps Demos - DEN - anycast-ingress-den-w01.worker.demo IPv4\",\"group_id\":3247,\"group_name\":\"Craig's DevOps Demos\",\"last_update\":\"2025-10-13 01:48:45\",\"provider_asn\":\"36236\",\"remote_ip\":\"192.73.242.90\",\"remote_ip_type\":\"ipv4\",\"routes\":[{\"metric_loc_prf_weight\":0,\"next_hop\":\"192.73.242.248\",\"origin\":\"63911\",\"path\":[\"63911\"],\"prefix\":\"45.54.50.0/24\"}],\"session_name\":\"\",\"state\":\"Established\"},{\"config_status\":\"1\",\"customer_peer_ip\":\"2607:f740:16::b37\",\"description\":\"Craig's DevOps Demos - DEN - anycast-ingress-den-w01.worker.demo IPv6\",\"group_id\":3247,\"group_name\":\"Craig's DevOps Demos\",\"last_update\":\"2025-10-13 01:48:45\",\"provider_asn\":\"36236\",\"remote_ip\":\"2607:f740:16::a7\",\"remote_ip_type\":\"ipv6\",\"routes\":[],\"session_name\":\"\",\"state\":\"Active\"}]","na_contract_id":"440","na_image":"Ubuntu 24.04 LTS (20240423)","na_image_id":"5787","na_location_id":"122","na_plan":"VR1x1x25","na_plan_id":"668","na_public_ipv4":"192.73.242.248","na_public_ipv6":"2607:f740:16::b37","na_server_id":"572464","zz_bgp_connection_info":"192.73.242.90 (ipv4): state=Established config=1 last=2025-10-13 01:48:45\n2607:f740:16::a7 (ipv6): state=Active config=1 last=2025-10-13 01:48:45","zz_bgp_local_info":"Hostname: anycast-ingress-den-w01.worker.demo\nLocal ASN: 63911\nPublic IPv4: 192.73.242.248\nPublic IPv6: 2607:f740:16::b37\nCustomer IPs: 192.73.242.248, 2607:f740:16::b37","zz_bgp_remote_info":"Group: Craig's DevOps Demos\nProvider ASN: 36236\nProvider IPv4: 192.73.242.90\nProvider IPv6: 2607:f740:16::a7","zz_bgp_routes_info":"45.54.50.0/24 via 192.73.242.248 (origin 63911)"},"description":"NetActuate plan VR1x1x25","device_id":0,"disk_size_mb":25600,"id":"96","local_context_data":"","memory_mb":1024,"name":"anycast-ingress-den-w01.worker.demo","platform_id":0,"primary_ipv4":229,"primary_ipv6":0,"role_id":0,"site_id":99,"status":"active","tags":["anycast"],"tags_all":["anycast"],"tenant_id":0,"vcpus":1},"sensitive_attributes":[],"private":"eyJzY2hlbWFfdmVyc2lvbiI6IjIifQ==","dependencies":["module.pop.module.netactuate.data.netactuate_bgp_sessions.vm","module.pop.module.netactuate.data.netactuate_server.vm","module.pop.module.netactuate.netactuate_bgp_sessions.provider","module.pop.module.netactuate.netactuate_server.vm","module.pop.module.netbox.netbox_cluster.this","module.pop.module.netbox.netbox_site.this","netbox_cluster_type.hypervisor","netbox_custom_field.na_asn","netbox_custom_field.na_bgp_ipv4_prefix","netbox_custom_field.na_bgp_peers","netbox_custom_field.na_bgp_session_details","netbox_custom_field.na_contract_id","netbox_custom_field.na_image","netbox_custom_field.na_image_id","netbox_custom_field.na_location_id","netbox_custom_field.na_plan","netbox_custom_field.na_plan_id","netbox_custom_field.na_public_ipv4","netbox_custom_field.na_public_ipv6","netbox_custom_field.na_server_id","netbox_custom_field.zz_bgp_connection_info","netbox_custom_field.zz_bgp_local_info","netbox_custom_field.zz_bgp_remote_info","netbox_custom_field.zz_bgp_routes_info","netbox_tag.anycast"]}]},{"module":"module.pop[\"IAD3\"].module.netactuate","mode":"data","type":"netactuate_bgp_sessions","name":"vm","provider":"provider[\"registry.opentofu.org/netactuate/netactuate\"]","instances":[{"index_key":"w01","schema_version":0,"attributes":{"id":"572440","mbpkgid":572440,"sessions":[{"config_status":"1","customer_asn":63911,"customer_peer_ip":"104.225.8.199","description":"Craig's DevOps Demos - IAD3 - anycast-ingress-iad3-w01.worker.demo IPv4","group_id":3247,"group_name":"Craig's DevOps Demos","id":51483,"last_update":"2025-10-13 01:52:46","location_name":"IAD3 - Ashburn, VA","locked":false,"mb_id":0,"provider_asn":36236,"provider_ip_type":"ipv4","provider_peer_ip":"104.225.8.117","routes_received":"[{\"path\": [\"63911\"], \"origin\": \"63911\", \"prefix\": \"45.54.50.0/24\", \"next_hop\": \"104.225.8.199\", \"metric_loc_prf_weight\": 0}]","state":"Established"},{"config_status":"1","customer_asn":63911,"customer_peer_ip":"2607:fc50:3000:2::26","description":"Craig's DevOps Demos - IAD3 - anycast-ingress-iad3-w01.worker.demo IPv6","group_id":3247,"group_name":"Craig's DevOps Demos","id":51484,"last_update":"2025-10-13 01:53:17","location_name":"IAD3 - Ashburn, VA","locked":false,"mb_id":0,"provider_asn":36236,"provider_ip_type":"ipv6","provider_peer_ip":"2607:fc50:3000:2::11b","routes_received":"","state":"Active"}]},"sensitive_attributes":[]}]},{"module":"module.pop[\"IAD3\"].module.netactuate","mode":"data","type":"netactuate_server","name":"vm","provider":"provider[\"registry.opentofu.org/netactuate/netactuate\"]","instances":[{"index_key":"w01","schema_version":0,"attributes":{"bgp_peers":[{"group_id":3247,"ipv4":["104.225.8.117"],"ipv6":["2607:fc50:3000:2::11b"],"localasn":63911,"localpeerv4":"104.225.8.199","localpeerv6":"2607:fc50:3000:2::26","peerasn":36236}],"hostname":"anycast-ingress-iad3-w01.worker.demo","id":572440,"image":"Ubuntu 24.04 LTS (20240423)","image_id":5787,"ip_v4":"104.225.8.199","ip_v6":"2607:fc50:3000:2::26","location_id":245,"package":"VR1x1x25","plan_id":668,"public_ipv4":"104.225.8.199","public_ipv6":"2607:fc50:3000:2::26","state":"UP","status":"RUNNING"},"sensitive_attributes":[]}]},{"module":"module.pop[\"IAD3\"].module.netactuate","mode":"managed","type":"netactuate_bgp_sessions","name":"provider","provider":"provider[\"registry.opentofu.org/netactuate/netactuate\"]","instances":[{"index_key":"w01","schema_version":0,"attributes":{"group_id":3247,"id":"572440","ipv6":true,"mbpkgid":572440,"redundant":false},"sensitive_attributes":[],"private":"bnVsbA==","dependencies":["module.pop.module.netactuate.netactuate_server.vm","netbox_custom_field.na_asn","netbox_custom_field.na_bgp_ipv4_prefix","netbox_custom_field.na_bgp_peers","netbox_custom_field.na_bgp_session_details","netbox_custom_field.na_contract_id","netbox_custom_field.na_image","netbox_custom_field.na_image_id","netbox_custom_field.na_location_id","netbox_custom_field.na_plan","netbox_custom_field.na_plan_id","netbox_custom_field.na_public_ipv4","netbox_custom_field.na_public_ipv6","netbox_custom_field.na_server_id","netbox_custom_field.zz_bgp_connection_info","netbox_custom_field.zz_bgp_local_info","netbox_custom_field.zz_bgp_remote_info","netbox_custom_field.zz_bgp_routes_info"]}]},{"module":"module.pop[\"IAD3\"].module.netactuate","mode":"managed","type":"netactuate_server","name":"vm","provider":"provider[\"registry.opentofu.org/netactuate/netactuate\"]","instances":[{"index_key":"w01","schema_version":0,"attributes":{"cloud_config":null,"hostname":"anycast-ingress-iad3-w01.worker.demo","id":"572440","image":null,"image_id":5787,"location":null,"location_id":245,"package_billing":"usage","package_billing_contract_id":"440","package_billing_opt_in":null,"params":"","password":null,"plan":"VR1x1x25","primary_ipv4":"104.225.8.199","primary_ipv6":"2607:fc50:3000:2::26","ssh_key":null,"ssh_key_id":8199,"user_data":null,"user_data_base64":null},"sensitive_attributes":[[{"type":"get_attr","value":"password"}]],"private":"bnVsbA==","dependencies":["netbox_custom_field.na_asn","netbox_custom_field.na_bgp_ipv4_prefix","netbox_custom_field.na_bgp_peers","netbox_custom_field.na_bgp_session_details","netbox_custom_field.na_contract_id","netbox_custom_field.na_image","netbox_custom_field.na_image_id","netbox_custom_field.na_location_id","netbox_custom_field.na_plan","netbox_custom_field.na_plan_id","netbox_custom_field.na_public_ipv4","netbox_custom_field.na_public_ipv6","netbox_custom_field.na_server_id","netbox_custom_field.zz_bgp_connection_info","netbox_custom_field.zz_bgp_local_info","netbox_custom_field.zz_bgp_remote_info","netbox_custom_field.zz_bgp_routes_info"]}]},{"module":"module.pop[\"IAD3\"].module.netbox","mode":"managed","type":"netbox_cluster","name":"this","provider":"provider[\"registry.opentofu.org/e-breuninger/netbox\"]","instances":[{"schema_version":0,"attributes":{"cluster_group_id":0,"cluster_type_id":6,"comments":"","description":"","id":"79","name":"IAD3-cluster","site_id":78,"tags":[],"tags_all":[],"tenant_id":0},"sensitive_attributes":[],"private":"bnVsbA==","dependencies":["module.pop.module.netactuate.data.netactuate_bgp_sessions.vm","module.pop.module.netactuate.data.netactuate_server.vm","module.pop.module.netactuate.netactuate_bgp_sessions.provider","module.pop.module.netactuate.netactuate_server.vm","module.pop.module.netbox.netbox_site.this","netbox_cluster_type.hypervisor","netbox_custom_field.na_asn","netbox_custom_field.na_bgp_ipv4_prefix","netbox_custom_field.na_bgp_peers","netbox_custom_field.na_bgp_session_details","netbox_custom_field.na_contract_id","netbox_custom_field.na_image","netbox_custom_field.na_image_id","netbox_custom_field.na_location_id","netbox_custom_field.na_plan","netbox_custom_field.na_plan_id","netbox_custom_field.na_public_ipv4","netbox_custom_field.na_public_ipv6","netbox_custom_field.na_server_id","netbox_custom_field.zz_bgp_connection_info","netbox_custom_field.zz_bgp_local_info","netbox_custom_field.zz_bgp_remote_info","netbox_custom_field.zz_bgp_routes_info"]}]},{"module":"module.pop[\"IAD3\"].module.netbox","mode":"managed","type":"netbox_device","name":"vm","provider":"provider[\"registry.opentofu.org/e-breuninger/netbox\"]","instances":[{"index_key":"w01","schema_version":0,"attributes":{"asset_tag":"","cluster_id":0,"comments":"","config_template_id":0,"custom_fields":null,"description":"","device_type_id":1,"id":"45","local_context_data":"","location_id":0,"name":"anycast-ingress-iad3-w01.worker.demo","platform_id":0,"primary_ipv4":0,"primary_ipv6":0,"rack_face":"","rack_id":0,"rack_position":0,"role_id":1,"serial":"","site_id":78,"status":"active","tags":["anycast"],"tags_all":["anycast"],"tenant_id":0,"virtual_chassis_id":0,"virtual_chassis_master":false,"virtual_chassis_position":0,"virtual_chassis_priority":0},"sensitive_attributes":[],"private":"bnVsbA==","dependencies":["module.pop.module.netactuate.data.netactuate_bgp_sessions.vm","module.pop.module.netactuate.data.netactuate_server.vm","module.pop.module.netactuate.netactuate_bgp_sessions.provider","module.pop.module.netactuate.netactuate_server.vm","module.pop.module.netbox.netbox_site.this","netbox_custom_field.na_asn","netbox_custom_field.na_bgp_ipv4_prefix","netbox_custom_field.na_bgp_peers","netbox_custom_field.na_bgp_session_details","netbox_custom_field.na_contract_id","netbox_custom_field.na_image","netbox_custom_field.na_image_id","netbox_custom_field.na_location_id","netbox_custom_field.na_plan","netbox_custom_field.na_plan_id","netbox_custom_field.na_public_ipv4","netbox_custom_field.na_public_ipv6","netbox_custom_field.na_server_id","netbox_custom_field.zz_bgp_connection_info","netbox_custom_field.zz_bgp_local_info","netbox_custom_field.zz_bgp_remote_info","netbox_custom_field.zz_bgp_routes_info","netbox_device_role.anycast_worker","netbox_device_type.anycast_worker","netbox_manufacturer.netactuate","netbox_tag.anycast"]}]},{"module":"module.pop[\"IAD3\"].module.netbox","mode":"managed","type":"netbox_interface","name":"eth0","provider":"provider[\"registry.opentofu.org/e-breuninger/netbox\"]","instances":[{"index_key":"w01","schema_version":0,"attributes":{"description":"","enabled":true,"id":"76","mac_address":"","mode":null,"mtu":0,"name":"eth0","tagged_vlans":[],"tags":[],"tags_all":[],"type":null,"untagged_vlan":null,"virtual_machine_id":76},"sensitive_attributes":[],"private":"bnVsbA==","dependencies":["module.pop.module.netactuate.data.netactuate_bgp_sessions.vm","module.pop.module.netactuate.data.netactuate_server.vm","module.pop.module.netactuate.netactuate_bgp_sessions.provider","module.pop.module.netactuate.netactuate_server.vm","module.pop.module.netbox.netbox_cluster.this","module.pop.module.netbox.netbox_site.this","module.pop.module.netbox.netbox_virtual_machine.vm","netbox_cluster_type.hypervisor","netbox_custom_field.na_asn","netbox_custom_field.na_bgp_ipv4_prefix","netbox_custom_field.na_bgp_peers","netbox_custom_field.na_bgp_session_details","netbox_custom_field.na_contract_id","netbox_custom_field.na_image","netbox_custom_field.na_image_id","netbox_custom_field.na_location_id","netbox_custom_field.na_plan","netbox_custom_field.na_plan_id","netbox_custom_field.na_public_ipv4","netbox_custom_field.na_public_ipv6","netbox_custom_field.na_server_id","netbox_custom_field.zz_bgp_connection_info","netbox_custom_field.zz_bgp_local_info","netbox_custom_field.zz_bgp_remote_info","netbox_custom_field.zz_bgp_routes_info","netbox_tag.anycast"]}]},{"module":"module.pop[\"IAD3\"].module.netbox","mode":"managed","type":"netbox_ip_address","name":"public_v4","provider":"provider[\"registry.opentofu.org/e-breuninger/netbox\"]","instances":[{"index_key":"w01","schema_version":0,"attributes":{"custom_fields":null,"description":"","device_interface_id":null,"dns_name":"anycast-ingress-iad3-w01.worker.demo","id":"190","interface_id":null,"ip_address":"104.225.8.199/32","nat_inside_address_id":0,"nat_outside_addresses":[],"object_type":null,"role":"","status":"active","tags":[],"tags_all":[],"tenant_id":0,"virtual_machine_interface_id":76,"vrf_id":0},"sensitive_attributes":[],"private":"bnVsbA==","dependencies":["module.pop.module.netactuate.data.netactuate_bgp_sessions.vm","module.pop.module.netactuate.data.netactuate_server.vm","module.pop.module.netactuate.netactuate_bgp_sessions.provider","module.pop.module.netactuate.netactuate_server.vm","module.pop.module.netbox.netbox_cluster.this","module.pop.module.netbox.netbox_interface.eth0","module.pop.module.netbox.netbox_site.this","module.pop.module.netbox.netbox_virtual_machine.vm","netbox_cluster_type.hypervisor","netbox_custom_field.na_asn","netbox_custom_field.na_bgp_ipv4_prefix","netbox_custom_field.na_bgp_peers","netbox_custom_field.na_bgp_session_details","netbox_custom_field.na_contract_id","netbox_custom_field.na_image","netbox_custom_field.na_image_id","netbox_custom_field.na_location_id","netbox_custom_field.na_plan","netbox_custom_field.na_plan_id","netbox_custom_field.na_public_ipv4","netbox_custom_field.na_public_ipv6","netbox_custom_field.na_server_id","netbox_custom_field.zz_bgp_connection_info","netbox_custom_field.zz_bgp_local_info","netbox_custom_field.zz_bgp_remote_info","netbox_custom_field.zz_bgp_routes_info","netbox_tag.anycast"]}]},{"module":"module.pop[\"IAD3\"].module.netbox","mode":"managed","type":"netbox_ip_address","name":"public_v6","provider":"provider[\"registry.opentofu.org/e-breuninger/netbox\"]","instances":[{"index_key":"w01","schema_version":0,"attributes":{"custom_fields":null,"description":"","device_interface_id":null,"dns_name":"anycast-ingress-iad3-w01.worker.demo","id":"196","interface_id":null,"ip_address":"2607:fc50:3000:2::26/128","nat_inside_address_id":0,"nat_outside_addresses":[],"object_type":null,"role":"","status":"active","tags":[],"tags_all":[],"tenant_id":0,"virtual_machine_interface_id":76,"vrf_id":0},"sensitive_attributes":[],"private":"bnVsbA==","dependencies":["module.pop.module.netactuate.data.netactuate_bgp_sessions.vm","module.pop.module.netactuate.data.netactuate_server.vm","module.pop.module.netactuate.netactuate_bgp_sessions.provider","module.pop.module.netactuate.netactuate_server.vm","module.pop.module.netbox.netbox_cluster.this","module.pop.module.netbox.netbox_interface.eth0","module.pop.module.netbox.netbox_site.this","module.pop.module.netbox.netbox_virtual_machine.vm","netbox_cluster_type.hypervisor","netbox_custom_field.na_asn","netbox_custom_field.na_bgp_ipv4_prefix","netbox_custom_field.na_bgp_peers","netbox_custom_field.na_bgp_session_details","netbox_custom_field.na_contract_id","netbox_custom_field.na_image","netbox_custom_field.na_image_id","netbox_custom_field.na_location_id","netbox_custom_field.na_plan","netbox_custom_field.na_plan_id","netbox_custom_field.na_public_ipv4","netbox_custom_field.na_public_ipv6","netbox_custom_field.na_server_id","netbox_custom_field.zz_bgp_connection_info","netbox_custom_field.zz_bgp_local_info","netbox_custom_field.zz_bgp_remote_info","netbox_custom_field.zz_bgp_routes_info","netbox_tag.anycast"]}]},{"module":"module.pop[\"IAD3\"].module.netbox","mode":"managed","type":"netbox_primary_ip","name":"vm_primary_v4","provider":"provider[\"registry.opentofu.org/e-breuninger/netbox\"]","instances":[{"index_key":"w01","schema_version":0,"attributes":{"id":"76","ip_address_id":190,"ip_address_version":4,"virtual_machine_id":76},"sensitive_attributes":[],"private":"bnVsbA==","dependencies":["module.pop.module.netactuate.data.netactuate_bgp_sessions.vm","module.pop.module.netactuate.data.netactuate_server.vm","module.pop.module.netactuate.netactuate_bgp_sessions.provider","module.pop.module.netactuate.netactuate_server.vm","module.pop.module.netbox.netbox_cluster.this","module.pop.module.netbox.netbox_interface.eth0","module.pop.module.netbox.netbox_ip_address.public_v4","module.pop.module.netbox.netbox_site.this","module.pop.module.netbox.netbox_virtual_machine.vm","netbox_cluster_type.hypervisor","netbox_custom_field.na_asn","netbox_custom_field.na_bgp_ipv4_prefix","netbox_custom_field.na_bgp_peers","netbox_custom_field.na_bgp_session_details","netbox_custom_field.na_contract_id","netbox_custom_field.na_image","netbox_custom_field.na_image_id","netbox_custom_field.na_location_id","netbox_custom_field.na_plan","netbox_custom_field.na_plan_id","netbox_custom_field.na_public_ipv4","netbox_custom_field.na_public_ipv6","netbox_custom_field.na_server_id","netbox_custom_field.zz_bgp_connection_info","netbox_custom_field.zz_bgp_local_info","netbox_custom_field.zz_bgp_remote_info","netbox_custom_field.zz_bgp_routes_info","netbox_tag.anycast"]}]},{"module":"module.pop[\"IAD3\"].module.netbox","mode":"managed","type":"netbox_service","name":"bgp179","provider":"provider[\"registry.opentofu.org/e-breuninger/netbox\"]","instances":[{"index_key":"w01","schema_version":0,"attributes":{"custom_fields":null,"description":"Anycast ingress BGP (TCP/179)","device_id":0,"id":"76","name":"bgp","port":null,"ports":[179],"protocol":"tcp","tags":[],"tags_all":[],"virtual_machine_id":76},"sensitive_attributes":[],"private":"bnVsbA==","dependencies":["module.pop.module.netactuate.data.netactuate_bgp_sessions.vm","module.pop.module.netactuate.data.netactuate_server.vm","module.pop.module.netactuate.netactuate_bgp_sessions.provider","module.pop.module.netactuate.netactuate_server.vm","module.pop.module.netbox.netbox_cluster.this","module.pop.module.netbox.netbox_site.this","module.pop.module.netbox.netbox_virtual_machine.vm","netbox_cluster_type.hypervisor","netbox_custom_field.na_asn","netbox_custom_field.na_bgp_ipv4_prefix","netbox_custom_field.na_bgp_peers","netbox_custom_field.na_bgp_session_details","netbox_custom_field.na_contract_id","netbox_custom_field.na_image","netbox_custom_field.na_image_id","netbox_custom_field.na_location_id","netbox_custom_field.na_plan","netbox_custom_field.na_plan_id","netbox_custom_field.na_public_ipv4","netbox_custom_field.na_public_ipv6","netbox_custom_field.na_server_id","netbox_custom_field.zz_bgp_connection_info","netbox_custom_field.zz_bgp_local_info","netbox_custom_field.zz_bgp_remote_info","netbox_custom_field.zz_bgp_routes_info","netbox_tag.anycast"]}]},{"module":"module.pop[\"IAD3\"].module.netbox","mode":"managed","type":"netbox_site","name":"this","provider":"provider[\"registry.opentofu.org/e-breuninger/netbox\"]","instances":[{"schema_version":0,"attributes":{"asn_ids":[],"comments":"","custom_fields":null,"description":"NetActuate PoP IAD3","facility":"","group_id":0,"id":"78","latitude":0,"longitude":0,"name":"IAD3","physical_address":"","region_id":0,"shipping_address":"","slug":"iad3","status":"active","tags":[],"tags_all":[],"tenant_id":0,"timezone":""},"sensitive_attributes":[],"private":"bnVsbA==","dependencies":["module.pop.module.netactuate.data.netactuate_bgp_sessions.vm","module.pop.module.netactuate.data.netactuate_server.vm","module.pop.module.netactuate.netactuate_bgp_sessions.provider","module.pop.module.netactuate.netactuate_server.vm","netbox_custom_field.na_asn","netbox_custom_field.na_bgp_ipv4_prefix","netbox_custom_field.na_bgp_peers","netbox_custom_field.na_bgp_session_details","netbox_custom_field.na_contract_id","netbox_custom_field.na_image","netbox_custom_field.na_image_id","netbox_custom_field.na_location_id","netbox_custom_field.na_plan","netbox_custom_field.na_plan_id","netbox_custom_field.na_public_ipv4","netbox_custom_field.na_public_ipv6","netbox_custom_field.na_server_id","netbox_custom_field.zz_bgp_connection_info","netbox_custom_field.zz_bgp_local_info","netbox_custom_field.zz_bgp_remote_info","netbox_custom_field.zz_bgp_routes_info"]}]},{"module":"module.pop[\"IAD3\"].module.netbox","mode":"managed","type":"netbox_virtual_machine","name":"vm","provider":"provider[\"registry.opentofu.org/e-breuninger/netbox\"]","instances":[{"index_key":"w01","schema_version":2,"attributes":{"cluster_id":79,"comments":"NetActuate Server Details:\n  Server ID: 572440\n  Contract ID: 440\n  Location ID: 245\n  Image: Ubuntu 24.04 LTS (20240423) (ID 5787)\n  IPv4 Prefix: 45.54.50.0/24\n\nBGP Local Info:\n  Hostname: anycast-ingress-iad3-w01.worker.demo\n  Local ASN: 63911\n  Public IPv4: 104.225.8.199\n  Public IPv6: 2607:fc50:3000:2::26\n  Customer IPs: 104.225.8.199, 2607:fc50:3000:2::26\n\nBGP Remote Info:\n  Group: Craig's DevOps Demos\n  Provider ASN: 36236\n  Provider IPv4: 104.225.8.117\n  Provider IPv6: 2607:fc50:3000:2::11b\n\nBGP Connection Status:\n  104.225.8.117 (ipv4): state=Established config=1 last=2025-10-13 01:52:46\n  2607:fc50:3000:2::11b (ipv6): state=Active config=1 last=2025-10-13 01:53:17\n\nBGP Routes:\n  45.54.50.0/24 via 104.225.8.199 (origin 63911)\n\nBGP Sessions JSON:\n  {\"ipv4|104.225.8.117\":{\"description\":\"Craig's DevOps Demos - IAD3 - anycast-ingress-iad3-w01.worker.demo IPv4\",\"group_id\":3247,\"group_name\":\"Craig's DevOps Demos\",\"provider_asn\":\"36236\",\"remote_ip\":\"104.225.8.117\",\"remote_ip_type\":\"ipv4\",\"status\":\"active\"},\"ipv6|2607:fc50:3000:2::11b\":{\"description\":\"Craig's DevOps Demos - IAD3 - anycast-ingress-iad3-w01.worker.demo IPv6\",\"group_id\":3247,\"group_name\":\"Craig's DevOps Demos\",\"provider_asn\":\"36236\",\"remote_ip\":\"2607:fc50:3000:2::11b\",\"remote_ip_type\":\"ipv6\",\"status\":\"failed\"}}\n\nBGP Session Details JSON:\n  [{\"config_status\":\"1\",\"customer_peer_ip\":\"104.225.8.199\",\"description\":\"Craig's DevOps Demos - IAD3 - anycast-ingress-iad3-w01.worker.demo IPv4\",\"group_id\":3247,\"group_name\":\"Craig's DevOps Demos\",\"last_update\":\"2025-10-13 01:52:46\",\"provider_asn\":\"36236\",\"remote_ip\":\"104.225.8.117\",\"remote_ip_type\":\"ipv4\",\"routes\":[{\"metric_loc_prf_weight\":0,\"next_hop\":\"104.225.8.199\",\"origin\":\"63911\",\"path\":[\"63911\"],\"prefix\":\"45.54.50.0/24\"}],\"session_name\":\"\",\"state\":\"Established\"},{\"config_status\":\"1\",\"customer_peer_ip\":\"2607:fc50:3000:2::26\",\"description\":\"Craig's DevOps Demos - IAD3 - anycast-ingress-iad3-w01.worker.demo IPv6\",\"group_id\":3247,\"group_name\":\"Craig's DevOps Demos\",\"last_update\":\"2025-10-13 01:53:17\",\"provider_asn\":\"36236\",\"remote_ip\":\"2607:fc50:3000:2::11b\",\"remote_ip_type\":\"ipv6\",\"routes\":[],\"session_name\":\"\",\"state\":\"Active\"}]","custom_fields":{"na_asn":"63911","na_bgp_ipv4_prefix":"45.54.50.0/24","na_bgp_peers":"{\"ipv4|104.225.8.117\":{\"description\":\"Craig's DevOps Demos - IAD3 - anycast-ingress-iad3-w01.worker.demo IPv4\",\"group_id\":3247,\"group_name\":\"Craig's DevOps Demos\",\"provider_asn\":\"36236\",\"remote_ip\":\"104.225.8.117\",\"remote_ip_type\":\"ipv4\",\"status\":\"active\"},\"ipv6|2607:fc50:3000:2::11b\":{\"description\":\"Craig's DevOps Demos - IAD3 - anycast-ingress-iad3-w01.worker.demo IPv6\",\"group_id\":3247,\"group_name\":\"Craig's DevOps Demos\",\"provider_asn\":\"36236\",\"remote_ip\":\"2607:fc50:3000:2::11b\",\"remote_ip_type\":\"ipv6\",\"status\":\"failed\"}}","na_bgp_session_details":"[{\"config_status\":\"1\",\"customer_peer_ip\":\"104.225.8.199\",\"description\":\"Craig's DevOps Demos - IAD3 - anycast-ingress-iad3-w01.worker.demo IPv4\",\"group_id\":3247,\"group_name\":\"Craig's DevOps Demos\",\"last_update\":\"2025-10-13 01:52:46\",\"provider_asn\":\"36236\",\"remote_ip\":\"104.225.8.117\",\"remote_ip_type\":\"ipv4\",\"routes\":[{\"metric_loc_prf_weight\":0,\"next_hop\":\"104.225.8.199\",\"origin\":\"63911\",\"path\":[\"63911\"],\"prefix\":\"45.54.50.0/24\"}],\"session_name\":\"\",\"state\":\"Established\"},{\"config_status\":\"1\",\"customer_peer_ip\":\"2607:fc50:3000:2::26\",\"description\":\"Craig's DevOps Demos - IAD3 - anycast-ingress-iad3-w01.worker.demo IPv6\",\"group_id\":3247,\"group_name\":\"Craig's DevOps Demos\",\"last_update\":\"2025-10-13 01:53:17\",\"provider_asn\":\"36236\",\"remote_ip\":\"2607:fc50:3000:2::11b\",\"remote_ip_type\":\"ipv6\",\"routes\":[],\"session_name\":\"\",\"state\":\"Active\"}]","na_contract_id":"440","na_image":"Ubuntu 24.04 LTS (20240423)","na_image_id":"5787","na_location_id":"245","na_plan":"VR1x1x25","na_plan_id":"668","na_public_ipv4":"104.225.8.199","na_public_ipv6":"2607:fc50:3000:2::26","na_server_id":"572440","zz_bgp_connection_info":"104.225.8.117 (ipv4): state=Established config=1 last=2025-10-13 01:52:46\n2607:fc50:3000:2::11b (ipv6): state=Active config=1 last=2025-10-13 01:53:17","zz_bgp_local_info":"Hostname: anycast-ingress-iad3-w01.worker.demo\nLocal ASN: 63911\nPublic IPv4: 104.225.8.199\nPublic IPv6: 2607:fc50:3000:2::26\nCustomer IPs: 104.225.8.199, 2607:fc50:3000:2::26","zz_bgp_remote_info":"Group: Craig's DevOps Demos\nProvider ASN: 36236\nProvider IPv4: 104.225.8.117\nProvider IPv6: 2607:fc50:3000:2::11b","zz_bgp_routes_info":"45.54.50.0/24 via 104.225.8.199 (origin 63911)"},"description":"NetActuate plan VR1x1x25","device_id":0,"disk_size_mb":25600,"id":"76","local_context_data":"","memory_mb":1024,"name":"anycast-ingress-iad3-w01.worker.demo","platform_id":0,"primary_ipv4":190,"primary_ipv6":196,"role_id":0,"site_id":78,"status":"active","tags":["anycast"],"tags_all":["anycast"],"tenant_id":0,"vcpus":1},"sensitive_attributes":[],"private":"eyJzY2hlbWFfdmVyc2lvbiI6IjIifQ==","dependencies":["module.pop.module.netactuate.data.netactuate_bgp_sessions.vm","module.pop.module.netactuate.data.netactuate_server.vm","module.pop.module.netactuate.netactuate_bgp_sessions.provider","module.pop.module.netactuate.netactuate_server.vm","module.pop.module.netbox.netbox_cluster.this","module.pop.module.netbox.netbox_site.this","netbox_cluster_type.hypervisor","netbox_custom_field.na_asn","netbox_custom_field.na_bgp_ipv4_prefix","netbox_custom_field.na_bgp_peers","netbox_custom_field.na_bgp_session_details","netbox_custom_field.na_contract_id","netbox_custom_field.na_image","netbox_custom_field.na_image_id","netbox_custom_field.na_location_id","netbox_custom_field.na_plan","netbox_custom_field.na_plan_id","netbox_custom_field.na_public_ipv4","netbox_custom_field.na_public_ipv6","netbox_custom_field.na_server_id","netbox_custom_field.zz_bgp_connection_info","netbox_custom_field.zz_bgp_local_info","netbox_custom_field.zz_bgp_remote_info","netbox_custom_field.zz_bgp_routes_info","netbox_tag.anycast"]}]},{"module":"module.pop[\"PDX\"].module.netactuate","mode":"data","type":"netactuate_bgp_sessions","name":"vm","provider":"provider[\"registry.opentofu.org/netactuate/netactuate\"]","instances":[{"index_key":"w01","schema_version":0,"attributes":{"id":"572465","mbpkgid":572465,"sessions":[{"config_status":"1","customer_asn":63911,"customer_peer_ip":"104.225.28.163","description":"Craig's DevOps Demos - PDX.ANYCAST.NET - anycast-ingress-pdx-w01.worker.demo IPv4","group_id":3247,"group_name":"Craig's DevOps Demos","id":51525,"last_update":"2025-10-13 01:53:42","location_name":"PDX - Portland, OR","locked":false,"mb_id":0,"provider_asn":36236,"provider_ip_type":"ipv4","provider_peer_ip":"104.225.28.131","routes_received":"","state":"Connect"},{"config_status":"1","customer_asn":63911,"customer_peer_ip":"2607:f740:28:c::2c8","description":"Craig's DevOps Demos - PDX.ANYCAST.NET - anycast-ingress-pdx-w01.worker.demo IPv6","group_id":3247,"group_name":"Craig's DevOps Demos","id":51526,"last_update":"2025-10-13 01:53:43","location_name":"PDX - Portland, OR","locked":false,"mb_id":0,"provider_asn":36236,"provider_ip_type":"ipv6","provider_peer_ip":"2607:f740:28:c::171","routes_received":"","state":"Connect"}]},"sensitive_attributes":[]}]},{"module":"module.pop[\"PDX\"].module.netactuate","mode":"data","type":"netactuate_server","name":"vm","provider":"provider[\"registry.opentofu.org/netactuate/netactuate\"]","instances":[{"index_key":"w01","schema_version":0,"attributes":{"bgp_peers":[{"group_id":3247,"ipv4":["104.225.28.131"],"ipv6":["2607:f740:28:c::171"],"localasn":63911,"localpeerv4":"104.225.28.163","localpeerv6":"2607:f740:28:c::2c8","peerasn":36236}],"hostname":"anycast-ingress-pdx-w01.worker.demo","id":572465,"image":"Ubuntu 24.04 LTS (20240423)","image_id":5787,"ip_v4":"104.225.28.163","ip_v6":"2607:f740:28:c::2c8","location_id":571,"package":"VR1x1x25","plan_id":668,"public_ipv4":"104.225.28.163","public_ipv6":"2607:f740:28:c::2c8","state":"UP","status":"RUNNING"},"sensitive_attributes":[]}]},{"module":"module.pop[\"PDX\"].module.netactuate","mode":"managed","type":"netactuate_bgp_sessions","name":"provider","provider":"provider[\"registry.opentofu.org/netactuate/netactuate\"]","instances":[{"index_key":"w01","schema_version":0,"attributes":{"group_id":3247,"id":"572465","ipv6":true,"mbpkgid":572465,"redundant":false},"sensitive_attributes":[],"private":"bnVsbA==","dependencies":["module.pop.module.netactuate.netactuate_server.vm","netbox_custom_field.na_asn","netbox_custom_field.na_bgp_ipv4_prefix","netbox_custom_field.na_bgp_peers","netbox_custom_field.na_bgp_session_details","netbox_custom_field.na_contract_id","netbox_custom_field.na_image","netbox_custom_field.na_image_id","netbox_custom_field.na_location_id","netbox_custom_field.na_plan","netbox_custom_field.na_plan_id","netbox_custom_field.na_public_ipv4","netbox_custom_field.na_public_ipv6","netbox_custom_field.na_server_id","netbox_custom_field.zz_bgp_connection_info","netbox_custom_field.zz_bgp_local_info","netbox_custom_field.zz_bgp_remote_info","netbox_custom_field.zz_bgp_routes_info"]}]},{"module":"module.pop[\"PDX\"].module.netactuate","mode":"managed","type":"netactuate_server","name":"vm","provider":"provider[\"registry.opentofu.org/netactuate/netactuate\"]","instances":[{"index_key":"w01","schema_version":0,"attributes":{"cloud_config":null,"hostname":"anycast-ingress-pdx-w01.worker.demo","id":"572465","image":null,"image_id":5787,"location":null,"location_id":571,"package_billing":"usage","package_billing_contract_id":"440","package_billing_opt_in":null,"params":"","password":null,"plan":"VR1x1x25","primary_ipv4":"104.225.28.163","primary_ipv6":"2607:f740:28:c::2c8","ssh_key":null,"ssh_key_id":8199,"user_data":null,"user_data_base64":null},"sensitive_attributes":[[{"type":"get_attr","value":"password"}]],"private":"bnVsbA==","dependencies":["netbox_custom_field.na_asn","netbox_custom_field.na_bgp_ipv4_prefix","netbox_custom_field.na_bgp_peers","netbox_custom_field.na_bgp_session_details","netbox_custom_field.na_contract_id","netbox_custom_field.na_image","netbox_custom_field.na_image_id","netbox_custom_field.na_location_id","netbox_custom_field.na_plan","netbox_custom_field.na_plan_id","netbox_custom_field.na_public_ipv4","netbox_custom_field.na_public_ipv6","netbox_custom_field.na_server_id","netbox_custom_field.zz_bgp_connection_info","netbox_custom_field.zz_bgp_local_info","netbox_custom_field.zz_bgp_remote_info","netbox_custom_field.zz_bgp_routes_info"]}]},{"module":"module.pop[\"PDX\"].module.netbox","mode":"managed","type":"netbox_cluster","name":"this","provider":"provider[\"registry.opentofu.org/e-breuninger/netbox\"]","instances":[{"schema_version":0,"attributes":{"cluster_group_id":0,"cluster_type_id":6,"comments":"","description":"","id":"100","name":"PDX-cluster","site_id":100,"tags":[],"tags_all":[],"tenant_id":0},"sensitive_attributes":[],"private":"bnVsbA==","dependencies":["module.pop.module.netactuate.data.netactuate_bgp_sessions.vm","module.pop.module.netactuate.data.netactuate_server.vm","module.pop.module.netactuate.netactuate_bgp_sessions.provider","module.pop.module.netactuate.netactuate_server.vm","module.pop.module.netbox.netbox_site.this","netbox_cluster_type.hypervisor","netbox_custom_field.na_asn","netbox_custom_field.na_bgp_ipv4_prefix","netbox_custom_field.na_bgp_peers","netbox_custom_field.na_bgp_session_details","netbox_custom_field.na_contract_id","netbox_custom_field.na_image","netbox_custom_field.na_image_id","netbox_custom_field.na_location_id","netbox_custom_field.na_plan","netbox_custom_field.na_plan_id","netbox_custom_field.na_public_ipv4","netbox_custom_field.na_public_ipv6","netbox_custom_field.na_server_id","netbox_custom_field.zz_bgp_connection_info","netbox_custom_field.zz_bgp_local_info","netbox_custom_field.zz_bgp_remote_info","netbox_custom_field.zz_bgp_routes_info"]}]},{"module":"module.pop[\"PDX\"].module.netbox","mode":"managed","type":"netbox_device","name":"vm","provider":"provider[\"registry.opentofu.org/e-breuninger/netbox\"]","instances":[{"index_key":"w01","schema_version":0,"attributes":{"asset_tag":"","cluster_id":0,"comments":"","config_template_id":0,"custom_fields":null,"description":"","device_type_id":1,"id":"66","local_context_data":"","location_id":0,"name":"anycast-ingress-pdx-w01.worker.demo","platform_id":0,"primary_ipv4":0,"primary_ipv6":0,"rack_face":"","rack_id":0,"rack_position":0,"role_id":1,"serial":"","site_id":100,"status":"active","tags":["anycast"],"tags_all":["anycast"],"tenant_id":0,"virtual_chassis_id":0,"virtual_chassis_master":false,"virtual_chassis_position":0,"virtual_chassis_priority":0},"sensitive_attributes":[],"private":"bnVsbA==","dependencies":["module.pop.module.netactuate.data.netactuate_bgp_sessions.vm","module.pop.module.netactuate.data.netactuate_server.vm","module.pop.module.netactuate.netactuate_bgp_sessions.provider","module.pop.module.netactuate.netactuate_server.vm","module.pop.module.netbox.netbox_site.this","netbox_custom_field.na_asn","netbox_custom_field.na_bgp_ipv4_prefix","netbox_custom_field.na_bgp_peers","netbox_custom_field.na_bgp_session_details","netbox_custom_field.na_contract_id","netbox_custom_field.na_image","netbox_custom_field.na_image_id","netbox_custom_field.na_location_id","netbox_custom_field.na_plan","netbox_custom_field.na_plan_id","netbox_custom_field.na_public_ipv4","netbox_custom_field.na_public_ipv6","netbox_custom_field.na_server_id","netbox_custom_field.zz_bgp_connection_info","netbox_custom_field.zz_bgp_local_info","netbox_custom_field.zz_bgp_remote_info","netbox_custom_field.zz_bgp_routes_info","netbox_device_role.anycast_worker","netbox_device_type.anycast_worker","netbox_manufacturer.netactuate","netbox_tag.anycast"]}]},{"module":"module.pop[\"PDX\"].module.netbox","mode":"managed","type":"netbox_interface","name":"eth0","provider":"provider[\"registry.opentofu.org/e-breuninger/netbox\"]","instances":[{"index_key":"w01","schema_version":0,"attributes":{"description":"","enabled":true,"id":"97","mac_address":"","mode":null,"mtu":0,"name":"eth0","tagged_vlans":[],"tags":[],"tags_all":[],"type":null,"untagged_vlan":null,"virtual_machine_id":97},"sensitive_attributes":[],"private":"bnVsbA==","dependencies":["module.pop.module.netactuate.data.netactuate_bgp_sessions.vm","module.pop.module.netactuate.data.netactuate_server.vm","module.pop.module.netactuate.netactuate_bgp_sessions.provider","module.pop.module.netactuate.netactuate_server.vm","module.pop.module.netbox.netbox_cluster.this","module.pop.module.netbox.netbox_site.this","module.pop.module.netbox.netbox_virtual_machine.vm","netbox_cluster_type.hypervisor","netbox_custom_field.na_asn","netbox_custom_field.na_bgp_ipv4_prefix","netbox_custom_field.na_bgp_peers","netbox_custom_field.na_bgp_session_details","netbox_custom_field.na_contract_id","netbox_custom_field.na_image","netbox_custom_field.na_image_id","netbox_custom_field.na_location_id","netbox_custom_field.na_plan","netbox_custom_field.na_plan_id","netbox_custom_field.na_public_ipv4","netbox_custom_field.na_public_ipv6","netbox_custom_field.na_server_id","netbox_custom_field.zz_bgp_connection_info","netbox_custom_field.zz_bgp_local_info","netbox_custom_field.zz_bgp_remote_info","netbox_custom_field.zz_bgp_routes_info","netbox_tag.anycast"]}]},{"module":"module.pop[\"PDX\"].module.netbox","mode":"managed","type":"netbox_ip_address","name":"public_v4","provider":"provider[\"registry.opentofu.org/e-breuninger/netbox\"]","instances":[{"index_key":"w01","schema_version":0,"attributes":{"custom_fields":null,"description":"","device_interface_id":null,"dns_name":"anycast-ingress-pdx-w01.worker.demo","id":"231","interface_id":null,"ip_address":"104.225.28.163/32","nat_inside_address_id":0,"nat_outside_addresses":[],"object_type":null,"role":"","status":"active","tags":[],"tags_all":[],"tenant_id":0,"virtual_machine_interface_id":97,"vrf_id":0},"sensitive_attributes":[],"private":"bnVsbA==","dependencies":["module.pop.module.netactuate.data.netactuate_bgp_sessions.vm","module.pop.module.netactuate.data.netactuate_server.vm","module.pop.module.netactuate.netactuate_bgp_sessions.provider","module.pop.module.netactuate.netactuate_server.vm","module.pop.module.netbox.netbox_cluster.this","module.pop.module.netbox.netbox_interface.eth0","module.pop.module.netbox.netbox_site.this","module.pop.module.netbox.netbox_virtual_machine.vm","netbox_cluster_type.hypervisor","netbox_custom_field.na_asn","netbox_custom_field.na_bgp_ipv4_prefix","netbox_custom_field.na_bgp_peers","netbox_custom_field.na_bgp_session_details","netbox_custom_field.na_contract_id","netbox_custom_field.na_image","netbox_custom_field.na_image_id","netbox_custom_field.na_location_id","netbox_custom_field.na_plan","netbox_custom_field.na_plan_id","netbox_custom_field.na_public_ipv4","netbox_custom_field.na_public_ipv6","netbox_custom_field.na_server_id","netbox_custom_field.zz_bgp_connection_info","netbox_custom_field.zz_bgp_local_info","netbox_custom_field.zz_bgp_remote_info","netbox_custom_field.zz_bgp_routes_info","netbox_tag.anycast"]}]},{"module":"module.pop[\"PDX\"].module.netbox","mode":"managed","type":"netbox_ip_address","name":"public_v6","provider":"provider[\"registry.opentofu.org/e-breuninger/netbox\"]","instances":[{"index_key":"w01","schema_version":0,"attributes":{"custom_fields":null,"description":"","device_interface_id":null,"dns_name":"anycast-ingress-pdx-w01.worker.demo","id":"230","interface_id":null,"ip_address":"2607:f740:28:c::2c8/128","nat_inside_address_id":0,"nat_outside_addresses":[],"object_type":null,"role":"","status":"active","tags":[],"tags_all":[],"tenant_id":0,"virtual_machine_interface_id":97,"vrf_id":0},"sensitive_attributes":[],"private":"bnVsbA==","dependencies":["module.pop.module.netactuate.data.netactuate_bgp_sessions.vm","module.pop.module.netactuate.data.netactuate_server.vm","module.pop.module.netactuate.netactuate_bgp_sessions.provider","module.pop.module.netactuate.netactuate_server.vm","module.pop.module.netbox.netbox_cluster.this","module.pop.module.netbox.netbox_interface.eth0","module.pop.module.netbox.netbox_site.this","module.pop.module.netbox.netbox_virtual_machine.vm","netbox_cluster_type.hypervisor","netbox_custom_field.na_asn","netbox_custom_field.na_bgp_ipv4_prefix","netbox_custom_field.na_bgp_peers","netbox_custom_field.na_bgp_session_details","netbox_custom_field.na_contract_id","netbox_custom_field.na_image","netbox_custom_field.na_image_id","netbox_custom_field.na_location_id","netbox_custom_field.na_plan","netbox_custom_field.na_plan_id","netbox_custom_field.na_public_ipv4","netbox_custom_field.na_public_ipv6","netbox_custom_field.na_server_id","netbox_custom_field.zz_bgp_connection_info","netbox_custom_field.zz_bgp_local_info","netbox_custom_field.zz_bgp_remote_info","netbox_custom_field.zz_bgp_routes_info","netbox_tag.anycast"]}]},{"module":"module.pop[\"PDX\"].module.netbox","mode":"managed","type":"netbox_primary_ip","name":"vm_primary_v4","provider":"provider[\"registry.opentofu.org/e-breuninger/netbox\"]","instances":[{"index_key":"w01","schema_version":0,"attributes":{"id":"97","ip_address_id":231,"ip_address_version":4,"virtual_machine_id":97},"sensitive_attributes":[],"private":"bnVsbA==","dependencies":["module.pop.module.netactuate.data.netactuate_bgp_sessions.vm","module.pop.module.netactuate.data.netactuate_server.vm","module.pop.module.netactuate.netactuate_bgp_sessions.provider","module.pop.module.netactuate.netactuate_server.vm","module.pop.module.netbox.netbox_cluster.this","module.pop.module.netbox.netbox_interface.eth0","module.pop.module.netbox.netbox_ip_address.public_v4","module.pop.module.netbox.netbox_site.this","module.pop.module.netbox.netbox_virtual_machine.vm","netbox_cluster_type.hypervisor","netbox_custom_field.na_asn","netbox_custom_field.na_bgp_ipv4_prefix","netbox_custom_field.na_bgp_peers","netbox_custom_field.na_bgp_session_details","netbox_custom_field.na_contract_id","netbox_custom_field.na_image","netbox_custom_field.na_image_id","netbox_custom_field.na_location_id","netbox_custom_field.na_plan","netbox_custom_field.na_plan_id","netbox_custom_field.na_public_ipv4","netbox_custom_field.na_public_ipv6","netbox_custom_field.na_server_id","netbox_custom_field.zz_bgp_connection_info","netbox_custom_field.zz_bgp_local_info","netbox_custom_field.zz_bgp_remote_info","netbox_custom_field.zz_bgp_routes_info","netbox_tag.anycast"]}]},{"module":"module.pop[\"PDX\"].module.netbox","mode":"managed","type":"netbox_service","name":"bgp179","provider":"provider[\"registry.opentofu.org/e-breuninger/netbox\"]","instances":[{"index_key":"w01","schema_version":0,"attributes":{"custom_fields":null,"description":"Anycast ingress BGP (TCP/179)","device_id":0,"id":"97","name":"bgp","port":null,"ports":[179],"protocol":"tcp","tags":[],"tags_all":[],"virtual_machine_id":97},"sensitive_attributes":[],"private":"bnVsbA==","dependencies":["module.pop.module.netactuate.data.netactuate_bgp_sessions.vm","module.pop.module.netactuate.data.netactuate_server.vm","module.pop.module.netactuate.netactuate_bgp_sessions.provider","module.pop.module.netactuate.netactuate_server.vm","module.pop.module.netbox.netbox_cluster.this","module.pop.module.netbox.netbox_site.this","module.pop.module.netbox.netbox_virtual_machine.vm","netbox_cluster_type.hypervisor","netbox_custom_field.na_asn","netbox_custom_field.na_bgp_ipv4_prefix","netbox_custom_field.na_bgp_peers","netbox_custom_field.na_bgp_session_details","netbox_custom_field.na_contract_id","netbox_custom_field.na_image","netbox_custom_field.na_image_id","netbox_custom_field.na_location_id","netbox_custom_field.na_plan","netbox_custom_field.na_plan_id","netbox_custom_field.na_public_ipv4","netbox_custom_field.na_public_ipv6","netbox_custom_field.na_server_id","netbox_custom_field.zz_bgp_connection_info","netbox_custom_field.zz_bgp_local_info","netbox_custom_field.zz_bgp_remote_info","netbox_custom_field.zz_bgp_routes_info","netbox_tag.anycast"]}]},{"module":"module.pop[\"PDX\"].module.netbox","mode":"managed","type":"netbox_site","name":"this","provider":"provider[\"registry.opentofu.org/e-breuninger/netbox\"]","instances":[{"schema_version":0,"attributes":{"asn_ids":[],"comments":"","custom_fields":null,"description":"NetActuate PoP PDX","facility":"","group_id":0,"id":"100","latitude":0,"longitude":0,"name":"PDX","physical_address":"","region_id":0,"shipping_address":"","slug":"pdx","status":"active","tags":[],"tags_all":[],"tenant_id":0,"timezone":""},"sensitive_attributes":[],"private":"bnVsbA==","dependencies":["module.pop.module.netactuate.data.netactuate_bgp_sessions.vm","module.pop.module.netactuate.data.netactuate_server.vm","module.pop.module.netactuate.netactuate_bgp_sessions.provider","module.pop.module.netactuate.netactuate_server.vm","netbox_custom_field.na_asn","netbox_custom_field.na_bgp_ipv4_prefix","netbox_custom_field.na_bgp_peers","netbox_custom_field.na_bgp_session_details","netbox_custom_field.na_contract_id","netbox_custom_field.na_image","netbox_custom_field.na_image_id","netbox_custom_field.na_location_id","netbox_custom_field.na_plan","netbox_custom_field.na_plan_id","netbox_custom_field.na_public_ipv4","netbox_custom_field.na_public_ipv6","netbox_custom_field.na_server_id","netbox_custom_field.zz_bgp_connection_info","netbox_custom_field.zz_bgp_local_info","netbox_custom_field.zz_bgp_remote_info","netbox_custom_field.zz_bgp_routes_info"]}]},{"module":"module.pop[\"PDX\"].module.netbox","mode":"managed","type":"netbox_virtual_machine","name":"vm","provider":"provider[\"registry.opentofu.org/e-breuninger/netbox\"]","instances":[{"index_key":"w01","schema_version":2,"attributes":{"cluster_id":100,"comments":"NetActuate Server Details:\n  Server ID: 572465\n  Contract ID: 440\n  Location ID: 571\n  Image: Ubuntu 24.04 LTS (20240423) (ID 5787)\n  IPv4 Prefix: 45.54.50.0/24\n\nBGP Local Info:\n  Hostname: anycast-ingress-pdx-w01.worker.demo\n  Local ASN: 63911\n  Public IPv4: 104.225.28.163\n  Public IPv6: 2607:f740:28:c::2c8\n  Customer IPs: 104.225.28.163, 2607:f740:28:c::2c8\n\nBGP Remote Info:\n  Group: Craig's DevOps Demos\n  Provider ASN: 36236\n  Provider IPv4: 104.225.28.131\n  Provider IPv6: 2607:f740:28:c::171\n\nBGP Connection Status:\n  104.225.28.131 (ipv4): state=Connect config=1 last=2025-10-13 01:53:42\n  2607:f740:28:c::171 (ipv6): state=Connect config=1 last=2025-10-13 01:53:43\n\nBGP Sessions JSON:\n  {\"ipv4|104.225.28.131\":{\"description\":\"Craig's DevOps Demos - PDX.ANYCAST.NET - anycast-ingress-pdx-w01.worker.demo IPv4\",\"group_id\":3247,\"group_name\":\"Craig's DevOps Demos\",\"provider_asn\":\"36236\",\"remote_ip\":\"104.225.28.131\",\"remote_ip_type\":\"ipv4\",\"status\":\"planned\"},\"ipv6|2607:f740:28:c::171\":{\"description\":\"Craig's DevOps Demos - PDX.ANYCAST.NET - anycast-ingress-pdx-w01.worker.demo IPv6\",\"group_id\":3247,\"group_name\":\"Craig's DevOps Demos\",\"provider_asn\":\"36236\",\"remote_ip\":\"2607:f740:28:c::171\",\"remote_ip_type\":\"ipv6\",\"status\":\"planned\"}}\n\nBGP Session Details JSON:\n  [{\"config_status\":\"1\",\"customer_peer_ip\":\"104.225.28.163\",\"description\":\"Craig's DevOps Demos - PDX.ANYCAST.NET - anycast-ingress-pdx-w01.worker.demo IPv4\",\"group_id\":3247,\"group_name\":\"Craig's DevOps Demos\",\"last_update\":\"2025-10-13 01:53:42\",\"provider_asn\":\"36236\",\"remote_ip\":\"104.225.28.131\",\"remote_ip_type\":\"ipv4\",\"routes\":[],\"session_name\":\"\",\"state\":\"Connect\"},{\"config_status\":\"1\",\"customer_peer_ip\":\"2607:f740:28:c::2c8\",\"description\":\"Craig's DevOps Demos - PDX.ANYCAST.NET - anycast-ingress-pdx-w01.worker.demo IPv6\",\"group_id\":3247,\"group_name\":\"Craig's DevOps Demos\",\"last_update\":\"2025-10-13 01:53:43\",\"provider_asn\":\"36236\",\"remote_ip\":\"2607:f740:28:c::171\",\"remote_ip_type\":\"ipv6\",\"routes\":[],\"session_name\":\"\",\"state\":\"Connect\"}]","custom_fields":{"na_asn":"63911","na_bgp_ipv4_prefix":"45.54.50.0/24","na_bgp_peers":"{\"ipv4|104.225.28.131\":{\"description\":\"Craig's DevOps Demos - PDX.ANYCAST.NET - anycast-ingress-pdx-w01.worker.demo IPv4\",\"group_id\":3247,\"group_name\":\"Craig's DevOps Demos\",\"provider_asn\":\"36236\",\"remote_ip\":\"104.225.28.131\",\"remote_ip_type\":\"ipv4\",\"status\":\"planned\"},\"ipv6|2607:f740:28:c::171\":{\"description\":\"Craig's DevOps Demos - PDX.ANYCAST.NET - anycast-ingress-pdx-w01.worker.demo IPv6\",\"group_id\":3247,\"group_name\":\"Craig's DevOps Demos\",\"provider_asn\":\"36236\",\"remote_ip\":\"2607:f740:28:c::171\",\"remote_ip_type\":\"ipv6\",\"status\":\"planned\"}}","na_bgp_session_details":"[{\"config_status\":\"1\",\"customer_peer_ip\":\"104.225.28.163\",\"description\":\"Craig's DevOps Demos - PDX.ANYCAST.NET - anycast-ingress-pdx-w01.worker.demo IPv4\",\"group_id\":3247,\"group_name\":\"Craig's DevOps Demos\",\"last_update\":\"2025-10-13 01:53:42\",\"provider_asn\":\"36236\",\"remote_ip\":\"104.225.28.131\",\"remote_ip_type\":\"ipv4\",\"routes\":[],\"session_name\":\"\",\"state\":\"Connect\"},{\"config_status\":\"1\",\"customer_peer_ip\":\"2607:f740:28:c::2c8\",\"description\":\"Craig's DevOps Demos - PDX.ANYCAST.NET - anycast-ingress-pdx-w01.worker.demo IPv6\",\"group_id\":3247,\"group_name\":\"Craig's DevOps Demos\",\"last_update\":\"2025-10-13 01:53:43\",\"provider_asn\":\"36236\",\"remote_ip\":\"2607:f740:28:c::171\",\"remote_ip_type\":\"ipv6\",\"routes\":[],\"session_name\":\"\",\"state\":\"Connect\"}]","na_contract_id":"440","na_image":"Ubuntu 24.04 LTS (20240423)","na_image_id":"5787","na_location_id":"571","na_plan":"VR1x1x25","na_plan_id":"668","na_public_ipv4":"104.225.28.163","na_public_ipv6":"2607:f740:28:c::2c8","na_server_id":"572465","zz_bgp_connection_info":"104.225.28.131 (ipv4): state=Connect config=1 last=2025-10-13 01:53:42\n2607:f740:28:c::171 (ipv6): state=Connect config=1 last=2025-10-13 01:53:43","zz_bgp_local_info":"Hostname: anycast-ingress-pdx-w01.worker.demo\nLocal ASN: 63911\nPublic IPv4: 104.225.28.163\nPublic IPv6: 2607:f740:28:c::2c8\nCustomer IPs: 104.225.28.163, 2607:f740:28:c::2c8","zz_bgp_remote_info":"Group: Craig's DevOps Demos\nProvider ASN: 36236\nProvider IPv4: 104.225.28.131\nProvider IPv6: 2607:f740:28:c::171","zz_bgp_routes_info":""},"description":"NetActuate plan VR1x1x25","device_id":0,"disk_size_mb":25600,"id":"97","local_context_data":"","memory_mb":1024,"name":"anycast-ingress-pdx-w01.worker.demo","platform_id":0,"primary_ipv4":231,"primary_ipv6":230,"role_id":0,"site_id":100,"status":"active","tags":["anycast"],"tags_all":["anycast"],"tenant_id":0,"vcpus":1},"sensitive_attributes":[],"private":"eyJzY2hlbWFfdmVyc2lvbiI6IjIifQ==","dependencies":["module.pop.module.netactuate.data.netactuate_bgp_sessions.vm","module.pop.module.netactuate.data.netactuate_server.vm","module.pop.module.netactuate.netactuate_bgp_sessions.provider","module.pop.module.netactuate.netactuate_server.vm","module.pop.module.netbox.netbox_cluster.this","module.pop.module.netbox.netbox_site.this","netbox_cluster_type.hypervisor","netbox_custom_field.na_asn","netbox_custom_field.na_bgp_ipv4_prefix","netbox_custom_field.na_bgp_peers","netbox_custom_field.na_bgp_session_details","netbox_custom_field.na_contract_id","netbox_custom_field.na_image","netbox_custom_field.na_image_id","netbox_custom_field.na_location_id","netbox_custom_field.na_plan","netbox_custom_field.na_plan_id","netbox_custom_field.na_public_ipv4","netbox_custom_field.na_public_ipv6","netbox_custom_field.na_server_id","netbox_custom_field.zz_bgp_connection_info","netbox_custom_field.zz_bgp_local_info","netbox_custom_field.zz_bgp_remote_info","netbox_custom_field.zz_bgp_routes_info","netbox_tag.anycast"]}]},{"module":"module.pop[\"RDU\"].module.netactuate","mode":"data","type":"netactuate_bgp_sessions","name":"vm","provider":"provider[\"registry.opentofu.org/netactuate/netactuate\"]","instances":[{"index_key":"w01","schema_version":0,"attributes":{"id":"572442","mbpkgid":572442,"sessions":[{"config_status":"1","customer_asn":63911,"customer_peer_ip":"162.223.10.21","description":"Craig's DevOps Demos - RDU - anycast-ingress-rdu-w01.worker.demo IPv4","group_id":3247,"group_name":"Craig's DevOps Demos","id":51493,"last_update":"2025-10-13 01:52:55","location_name":"RDU - Raleigh, NC","locked":false,"mb_id":0,"provider_asn":36236,"provider_ip_type":"ipv4","provider_peer_ip":"162.223.10.44","routes_received":"[{\"path\": [\"63911\"], \"origin\": \"63911\", \"prefix\": \"45.54.50.0/24\", \"next_hop\": \"162.223.10.21\", \"metric_loc_prf_weight\": 0}]","state":"Established"},{"config_status":"1","customer_asn":63911,"customer_peer_ip":"2607:fc50:0:15::7e","description":"Craig's DevOps Demos - RDU - anycast-ingress-rdu-w01.worker.demo IPv6","group_id":3247,"group_name":"Craig's DevOps Demos","id":51494,"last_update":"2025-10-13 01:52:56","location_name":"RDU - Raleigh, NC","locked":false,"mb_id":0,"provider_asn":36236,"provider_ip_type":"ipv6","provider_peer_ip":"2607:fc50:0:15::3cb","routes_received":"","state":"Active"}]},"sensitive_attributes":[]},{"index_key":"w02","schema_version":0,"attributes":{"id":"572471","mbpkgid":572471,"sessions":[{"config_status":"1","customer_asn":63911,"customer_peer_ip":"2607:fc50:0:15::35e","description":"Craig's DevOps Demos - RDU - anycast-ingress-rdu-w02.worker.demo IPv6","group_id":3247,"group_name":"Craig's DevOps Demos","id":51534,"last_update":"2025-10-13 01:52:51","location_name":"RDU - Raleigh, NC","locked":false,"mb_id":0,"provider_asn":36236,"provider_ip_type":"ipv6","provider_peer_ip":"2607:fc50:0:15::ae","routes_received":"","state":"Active"},{"config_status":"1","customer_asn":63911,"customer_peer_ip":"104.225.1.55","description":"Craig's DevOps Demos - RDU - anycast-ingress-rdu-w02.worker.demo IPv4","group_id":3247,"group_name":"Craig's DevOps Demos","id":51533,"last_update":"2025-10-13 01:52:54","location_name":"RDU - Raleigh, NC","locked":false,"mb_id":0,"provider_asn":36236,"provider_ip_type":"ipv4","provider_peer_ip":"104.225.1.249","routes_received":"[{\"path\": [\"63911\"], \"origin\": \"63911\", \"prefix\": \"45.54.50.0/24\", \"next_hop\": \"104.225.1.55\", \"metric_loc_prf_weight\": 0}]","state":"Established"}]},"sensitive_attributes":[]}]},{"module":"module.pop[\"RDU\"].module.netactuate","mode":"data","type":"netactuate_server","name":"vm","provider":"provider[\"registry.opentofu.org/netactuate/netactuate\"]","instances":[{"index_key":"w01","schema_version":0,"attributes":{"bgp_peers":[{"group_id":3247,"ipv4":["162.223.10.44"],"ipv6":["2607:fc50:0:15::3cb"],"localasn":63911,"localpeerv4":"162.223.10.21","localpeerv6":"2607:fc50:0:15::7e","peerasn":36236}],"hostname":"anycast-ingress-rdu-w01.worker.demo","id":572442,"image":"Ubuntu 24.04 LTS (20240423)","image_id":5787,"ip_v4":"162.223.10.21","ip_v6":"2607:fc50:0:15::7e","location_id":236,"package":"VR1x1x25","plan_id":668,"public_ipv4":"162.223.10.21","public_ipv6":"2607:fc50:0:15::7e","state":"UP","status":"RUNNING"},"sensitive_attributes":[]},{"index_key":"w02","schema_version":0,"attributes":{"bgp_peers":[{"group_id":3247,"ipv4":["104.225.1.249"],"ipv6":["2607:fc50:0:15::ae"],"localasn":63911,"localpeerv4":"104.225.1.55","localpeerv6":"2607:fc50:0:15::35e","peerasn":36236}],"hostname":"anycast-ingress-rdu-w02.worker.demo","id":572471,"image":"Ubuntu 24.04 LTS (20240423)","image_id":5787,"ip_v4":"104.225.1.55","ip_v6":"2607:fc50:0:15::35e","location_id":236,"package":"VR1x1x25","plan_id":668,"public_ipv4":"104.225.1.55","public_ipv6":"2607:fc50:0:15::35e","state":"UP","status":"RUNNING"},"sensitive_attributes":[]}]},{"module":"module.pop[\"RDU\"].module.netactuate","mode":"managed","type":"netactuate_bgp_sessions","name":"provider","provider":"provider[\"registry.opentofu.org/netactuate/netactuate\"]","instances":[{"index_key":"w01","schema_version":0,"attributes":{"group_id":3247,"id":"572442","ipv6":true,"mbpkgid":572442,"redundant":false},"sensitive_attributes":[],"private":"bnVsbA==","dependencies":["module.pop.module.netactuate.netactuate_server.vm","netbox_custom_field.na_asn","netbox_custom_field.na_bgp_ipv4_prefix","netbox_custom_field.na_bgp_peers","netbox_custom_field.na_bgp_session_details","netbox_custom_field.na_contract_id","netbox_custom_field.na_image","netbox_custom_field.na_image_id","netbox_custom_field.na_location_id","netbox_custom_field.na_plan","netbox_custom_field.na_plan_id","netbox_custom_field.na_public_ipv4","netbox_custom_field.na_public_ipv6","netbox_custom_field.na_server_id","netbox_custom_field.zz_bgp_connection_info","netbox_custom_field.zz_bgp_local_info","netbox_custom_field.zz_bgp_remote_info","netbox_custom_field.zz_bgp_routes_info"]},{"index_key":"w02","schema_version":0,"attributes":{"group_id":3247,"id":"572471","ipv6":true,"mbpkgid":572471,"redundant":false},"sensitive_attributes":[],"private":"bnVsbA==","dependencies":["module.pop.module.netactuate.netactuate_server.vm","netbox_custom_field.na_asn","netbox_custom_field.na_bgp_ipv4_prefix","netbox_custom_field.na_bgp_peers","netbox_custom_field.na_bgp_session_details","netbox_custom_field.na_contract_id","netbox_custom_field.na_image","netbox_custom_field.na_image_id","netbox_custom_field.na_location_id","netbox_custom_field.na_plan","netbox_custom_field.na_plan_id","netbox_custom_field.na_public_ipv4","netbox_custom_field.na_public_ipv6","netbox_custom_field.na_server_id","netbox_custom_field.zz_bgp_connection_info","netbox_custom_field.zz_bgp_local_info","netbox_custom_field.zz_bgp_remote_info","netbox_custom_field.zz_bgp_routes_info"]}]},{"module":"module.pop[\"RDU\"].module.netactuate","mode":"managed","type":"netactuate_server","name":"vm","provider":"provider[\"registry.opentofu.org/netactuate/netactuate\"]","instances":[{"index_key":"w01","schema_version":0,"attributes":{"cloud_config":null,"hostname":"anycast-ingress-rdu-w01.worker.demo","id":"572442","image":null,"image_id":5787,"location":null,"location_id":236,"package_billing":"usage","package_billing_contract_id":"440","package_billing_opt_in":null,"params":"","password":null,"plan":"VR1x1x25","primary_ipv4":"162.223.10.21","primary_ipv6":"2607:fc50:0:15::7e","ssh_key":null,"ssh_key_id":8199,"user_data":null,"user_data_base64":null},"sensitive_attributes":[[{"type":"get_attr","value":"password"}]],"private":"bnVsbA==","dependencies":["netbox_custom_field.na_asn","netbox_custom_field.na_bgp_ipv4_prefix","netbox_custom_field.na_bgp_peers","netbox_custom_field.na_bgp_session_details","netbox_custom_field.na_contract_id","netbox_custom_field.na_image","netbox_custom_field.na_image_id","netbox_custom_field.na_location_id","netbox_custom_field.na_plan","netbox_custom_field.na_plan_id","netbox_custom_field.na_public_ipv4","netbox_custom_field.na_public_ipv6","netbox_custom_field.na_server_id","netbox_custom_field.zz_bgp_connection_info","netbox_custom_field.zz_bgp_local_info","netbox_custom_field.zz_bgp_remote_info","netbox_custom_field.zz_bgp_routes_info"]},{"index_key":"w02","schema_version":0,"attributes":{"cloud_config":null,"hostname":"anycast-ingress-rdu-w02.worker.demo","id":"572471","image":null,"image_id":5787,"location":null,"location_id":236,"package_billing":"usage","package_billing_contract_id":"440","package_billing_opt_in":null,"params":"","password":null,"plan":"VR1x1x25","primary_ipv4":"104.225.1.55","primary_ipv6":"2607:fc50:0:15::35e","ssh_key":null,"ssh_key_id":8199,"user_data":null,"user_data_base64":null},"sensitive_attributes":[[{"type":"get_attr","value":"password"}]],"private":"bnVsbA==","dependencies":["netbox_custom_field.na_asn","netbox_custom_field.na_bgp_ipv4_prefix","netbox_custom_field.na_bgp_peers","netbox_custom_field.na_bgp_session_details","netbox_custom_field.na_contract_id","netbox_custom_field.na_image","netbox_custom_field.na_image_id","netbox_custom_field.na_location_id","netbox_custom_field.na_plan","netbox_custom_field.na_plan_id","netbox_custom_field.na_public_ipv4","netbox_custom_field.na_public_ipv6","netbox_custom_field.na_server_id","netbox_custom_field.zz_bgp_connection_info","netbox_custom_field.zz_bgp_local_info","netbox_custom_field.zz_bgp_remote_info","netbox_custom_field.zz_bgp_routes_info"]}]},{"module":"module.pop[\"RDU\"].module.netbox","mode":"managed","type":"netbox_cluster","name":"this","provider":"provider[\"registry.opentofu.org/e-breuninger/netbox\"]","instances":[{"schema_version":0,"attributes":{"cluster_group_id":0,"cluster_type_id":6,"comments":"","description":"","id":"78","name":"RDU-cluster","site_id":79,"tags":[],"tags_all":[],"tenant_id":0},"sensitive_attributes":[],"private":"bnVsbA==","dependencies":["module.pop.module.netactuate.data.netactuate_bgp_sessions.vm","module.pop.module.netactuate.data.netactuate_server.vm","module.pop.module.netactuate.netactuate_bgp_sessions.provider","module.pop.module.netactuate.netactuate_server.vm","module.pop.module.netbox.netbox_site.this","netbox_cluster_type.hypervisor","netbox_custom_field.na_asn","netbox_custom_field.na_bgp_ipv4_prefix","netbox_custom_field.na_bgp_peers","netbox_custom_field.na_bgp_session_details","netbox_custom_field.na_contract_id","netbox_custom_field.na_image","netbox_custom_field.na_image_id","netbox_custom_field.na_location_id","netbox_custom_field.na_plan","netbox_custom_field.na_plan_id","netbox_custom_field.na_public_ipv4","netbox_custom_field.na_public_ipv6","netbox_custom_field.na_server_id","netbox_custom_field.zz_bgp_connection_info","netbox_custom_field.zz_bgp_local_info","netbox_custom_field.zz_bgp_remote_info","netbox_custom_field.zz_bgp_routes_info"]}]},{"module":"module.pop[\"RDU\"].module.netbox","mode":"managed","type":"netbox_device","name":"vm","provider":"provider[\"registry.opentofu.org/e-breuninger/netbox\"]","instances":[{"index_key":"w01","schema_version":0,"attributes":{"asset_tag":"","cluster_id":0,"comments":"","config_template_id":0,"custom_fields":null,"description":"","device_type_id":1,"id":"44","local_context_data":"","location_id":0,"name":"anycast-ingress-rdu-w01.worker.demo","platform_id":0,"primary_ipv4":0,"primary_ipv6":0,"rack_face":"","rack_id":0,"rack_position":0,"role_id":1,"serial":"","site_id":79,"status":"active","tags":["anycast"],"tags_all":["anycast"],"tenant_id":0,"virtual_chassis_id":0,"virtual_chassis_master":false,"virtual_chassis_position":0,"virtual_chassis_priority":0},"sensitive_attributes":[],"private":"bnVsbA==","dependencies":["module.pop.module.netactuate.data.netactuate_bgp_sessions.vm","module.pop.module.netactuate.data.netactuate_server.vm","module.pop.module.netactuate.netactuate_bgp_sessions.provider","module.pop.module.netactuate.netactuate_server.vm","module.pop.module.netbox.netbox_site.this","netbox_custom_field.na_asn","netbox_custom_field.na_bgp_ipv4_prefix","netbox_custom_field.na_bgp_peers","netbox_custom_field.na_bgp_session_details","netbox_custom_field.na_contract_id","netbox_custom_field.na_image","netbox_custom_field.na_image_id","netbox_custom_field.na_location_id","netbox_custom_field.na_plan","netbox_custom_field.na_plan_id","netbox_custom_field.na_public_ipv4","netbox_custom_field.na_public_ipv6","netbox_custom_field.na_server_id","netbox_custom_field.zz_bgp_connection_info","netbox_custom_field.zz_bgp_local_info","netbox_custom_field.zz_bgp_remote_info","netbox_custom_field.zz_bgp_routes_info","netbox_device_role.anycast_worker","netbox_device_type.anycast_worker","netbox_manufacturer.netactuate","netbox_tag.anycast"]},{"index_key":"w02","schema_version":0,"attributes":{"asset_tag":"","cluster_id":0,"comments":"","config_template_id":0,"custom_fields":null,"description":"","device_type_id":1,"id":"68","local_context_data":"","location_id":0,"name":"anycast-ingress-rdu-w02.worker.demo","platform_id":0,"primary_ipv4":0,"primary_ipv6":0,"rack_face":"","rack_id":0,"rack_position":0,"role_id":1,"serial":"","site_id":79,"status":"active","tags":["anycast"],"tags_all":["anycast"],"tenant_id":0,"virtual_chassis_id":0,"virtual_chassis_master":false,"virtual_chassis_position":0,"virtual_chassis_priority":0},"sensitive_attributes":[],"private":"bnVsbA==","dependencies":["module.pop.module.netactuate.data.netactuate_bgp_sessions.vm","module.pop.module.netactuate.data.netactuate_server.vm","module.pop.module.netactuate.netactuate_bgp_sessions.provider","module.pop.module.netactuate.netactuate_server.vm","module.pop.module.netbox.netbox_site.this","netbox_custom_field.na_asn","netbox_custom_field.na_bgp_ipv4_prefix","netbox_custom_field.na_bgp_peers","netbox_custom_field.na_bgp_session_details","netbox_custom_field.na_contract_id","netbox_custom_field.na_image","netbox_custom_field.na_image_id","netbox_custom_field.na_location_id","netbox_custom_field.na_plan","netbox_custom_field.na_plan_id","netbox_custom_field.na_public_ipv4","netbox_custom_field.na_public_ipv6","netbox_custom_field.na_server_id","netbox_custom_field.zz_bgp_connection_info","netbox_custom_field.zz_bgp_local_info","netbox_custom_field.zz_bgp_remote_info","netbox_custom_field.zz_bgp_routes_info","netbox_device_role.anycast_worker","netbox_device_type.anycast_worker","netbox_manufacturer.netactuate","netbox_tag.anycast"]}]},{"module":"module.pop[\"RDU\"].module.netbox","mode":"managed","type":"netbox_interface","name":"eth0","provider":"provider[\"registry.opentofu.org/e-breuninger/netbox\"]","instances":[{"index_key":"w01","schema_version":0,"attributes":{"description":"","enabled":true,"id":"78","mac_address":"","mode":null,"mtu":0,"name":"eth0","tagged_vlans":[],"tags":[],"tags_all":[],"type":null,"untagged_vlan":null,"virtual_machine_id":80},"sensitive_attributes":[],"private":"bnVsbA==","dependencies":["module.pop.module.netactuate.data.netactuate_bgp_sessions.vm","module.pop.module.netactuate.data.netactuate_server.vm","module.pop.module.netactuate.netactuate_bgp_sessions.provider","module.pop.module.netactuate.netactuate_server.vm","module.pop.module.netbox.netbox_cluster.this","module.pop.module.netbox.netbox_site.this","module.pop.module.netbox.netbox_virtual_machine.vm","netbox_cluster_type.hypervisor","netbox_custom_field.na_asn","netbox_custom_field.na_bgp_ipv4_prefix","netbox_custom_field.na_bgp_peers","netbox_custom_field.na_bgp_session_details","netbox_custom_field.na_contract_id","netbox_custom_field.na_image","netbox_custom_field.na_image_id","netbox_custom_field.na_location_id","netbox_custom_field.na_plan","netbox_custom_field.na_plan_id","netbox_custom_field.na_public_ipv4","netbox_custom_field.na_public_ipv6","netbox_custom_field.na_server_id","netbox_custom_field.zz_bgp_connection_info","netbox_custom_field.zz_bgp_local_info","netbox_custom_field.zz_bgp_remote_info","netbox_custom_field.zz_bgp_routes_info","netbox_tag.anycast"]},{"index_key":"w02","schema_version":0,"attributes":{"description":"","enabled":true,"id":"99","mac_address":"","mode":null,"mtu":0,"name":"eth0","tagged_vlans":[],"tags":[],"tags_all":[],"type":null,"untagged_vlan":null,"virtual_machine_id":99},"sensitive_attributes":[],"private":"bnVsbA==","dependencies":["module.pop.module.netactuate.data.netactuate_bgp_sessions.vm","module.pop.module.netactuate.data.netactuate_server.vm","module.pop.module.netactuate.netactuate_bgp_sessions.provider","module.pop.module.netactuate.netactuate_server.vm","module.pop.module.netbox.netbox_cluster.this","module.pop.module.netbox.netbox_site.this","module.pop.module.netbox.netbox_virtual_machine.vm","netbox_cluster_type.hypervisor","netbox_custom_field.na_asn","netbox_custom_field.na_bgp_ipv4_prefix","netbox_custom_field.na_bgp_peers","netbox_custom_field.na_bgp_session_details","netbox_custom_field.na_contract_id","netbox_custom_field.na_image","netbox_custom_field.na_image_id","netbox_custom_field.na_location_id","netbox_custom_field.na_plan","netbox_custom_field.na_plan_id","netbox_custom_field.na_public_ipv4","netbox_custom_field.na_public_ipv6","netbox_custom_field.na_server_id","netbox_custom_field.zz_bgp_connection_info","netbox_custom_field.zz_bgp_local_info","netbox_custom_field.zz_bgp_remote_info","netbox_custom_field.zz_bgp_routes_info","netbox_tag.anycast"]}]},{"module":"module.pop[\"RDU\"].module.netbox","mode":"managed","type":"netbox_ip_address","name":"public_v4","provider":"provider[\"registry.opentofu.org/e-breuninger/netbox\"]","instances":[{"index_key":"w01","schema_version":0,"attributes":{"custom_fields":null,"description":"","device_interface_id":null,"dns_name":"anycast-ingress-rdu-w01.worker.demo","id":"195","interface_id":null,"ip_address":"162.223.10.21/32","nat_inside_address_id":0,"nat_outside_addresses":[],"object_type":null,"role":"","status":"active","tags":[],"tags_all":[],"tenant_id":0,"virtual_machine_interface_id":78,"vrf_id":0},"sensitive_attributes":[],"private":"bnVsbA==","dependencies":["module.pop.module.netactuate.data.netactuate_bgp_sessions.vm","module.pop.module.netactuate.data.netactuate_server.vm","module.pop.module.netactuate.netactuate_bgp_sessions.provider","module.pop.module.netactuate.netactuate_server.vm","module.pop.module.netbox.netbox_cluster.this","module.pop.module.netbox.netbox_interface.eth0","module.pop.module.netbox.netbox_site.this","module.pop.module.netbox.netbox_virtual_machine.vm","netbox_cluster_type.hypervisor","netbox_custom_field.na_asn","netbox_custom_field.na_bgp_ipv4_prefix","netbox_custom_field.na_bgp_peers","netbox_custom_field.na_bgp_session_details","netbox_custom_field.na_contract_id","netbox_custom_field.na_image","netbox_custom_field.na_image_id","netbox_custom_field.na_location_id","netbox_custom_field.na_plan","netbox_custom_field.na_plan_id","netbox_custom_field.na_public_ipv4","netbox_custom_field.na_public_ipv6","netbox_custom_field.na_server_id","netbox_custom_field.zz_bgp_connection_info","netbox_custom_field.zz_bgp_local_info","netbox_custom_field.zz_bgp_remote_info","netbox_custom_field.zz_bgp_routes_info","netbox_tag.anycast"]},{"index_key":"w02","schema_version":0,"attributes":{"custom_fields":null,"description":"","device_interface_id":null,"dns_name":"anycast-ingress-rdu-w02.worker.demo","id":"247","interface_id":null,"ip_address":"104.225.1.55/32","nat_inside_address_id":0,"nat_outside_addresses":[],"object_type":null,"role":"","status":"active","tags":[],"tags_all":[],"tenant_id":0,"virtual_machine_interface_id":99,"vrf_id":0},"sensitive_attributes":[],"private":"bnVsbA==","dependencies":["module.pop.module.netactuate.data.netactuate_bgp_sessions.vm","module.pop.module.netactuate.data.netactuate_server.vm","module.pop.module.netactuate.netactuate_bgp_sessions.provider","module.pop.module.netactuate.netactuate_server.vm","module.pop.module.netbox.netbox_cluster.this","module.pop.module.netbox.netbox_interface.eth0","module.pop.module.netbox.netbox_site.this","module.pop.module.netbox.netbox_virtual_machine.vm","netbox_cluster_type.hypervisor","netbox_custom_field.na_asn","netbox_custom_field.na_bgp_ipv4_prefix","netbox_custom_field.na_bgp_peers","netbox_custom_field.na_bgp_session_details","netbox_custom_field.na_contract_id","netbox_custom_field.na_image","netbox_custom_field.na_image_id","netbox_custom_field.na_location_id","netbox_custom_field.na_plan","netbox_custom_field.na_plan_id","netbox_custom_field.na_public_ipv4","netbox_custom_field.na_public_ipv6","netbox_custom_field.na_server_id","netbox_custom_field.zz_bgp_connection_info","netbox_custom_field.zz_bgp_local_info","netbox_custom_field.zz_bgp_remote_info","netbox_custom_field.zz_bgp_routes_info","netbox_tag.anycast"]}]},{"module":"module.pop[\"RDU\"].module.netbox","mode":"managed","type":"netbox_ip_address","name":"public_v6","provider":"provider[\"registry.opentofu.org/e-breuninger/netbox\"]","instances":[{"index_key":"w01","schema_version":0,"attributes":{"custom_fields":null,"description":"","device_interface_id":null,"dns_name":"anycast-ingress-rdu-w01.worker.demo","id":"193","interface_id":null,"ip_address":"2607:fc50:0:15::7e/128","nat_inside_address_id":0,"nat_outside_addresses":[],"object_type":null,"role":"","status":"active","tags":[],"tags_all":[],"tenant_id":0,"virtual_machine_interface_id":78,"vrf_id":0},"sensitive_attributes":[],"private":"bnVsbA==","dependencies":["module.pop.module.netactuate.data.netactuate_bgp_sessions.vm","module.pop.module.netactuate.data.netactuate_server.vm","module.pop.module.netactuate.netactuate_bgp_sessions.provider","module.pop.module.netactuate.netactuate_server.vm","module.pop.module.netbox.netbox_cluster.this","module.pop.module.netbox.netbox_interface.eth0","module.pop.module.netbox.netbox_site.this","module.pop.module.netbox.netbox_virtual_machine.vm","netbox_cluster_type.hypervisor","netbox_custom_field.na_asn","netbox_custom_field.na_bgp_ipv4_prefix","netbox_custom_field.na_bgp_peers","netbox_custom_field.na_bgp_session_details","netbox_custom_field.na_contract_id","netbox_custom_field.na_image","netbox_custom_field.na_image_id","netbox_custom_field.na_location_id","netbox_custom_field.na_plan","netbox_custom_field.na_plan_id","netbox_custom_field.na_public_ipv4","netbox_custom_field.na_public_ipv6","netbox_custom_field.na_server_id","netbox_custom_field.zz_bgp_connection_info","netbox_custom_field.zz_bgp_local_info","netbox_custom_field.zz_bgp_remote_info","netbox_custom_field.zz_bgp_routes_info","netbox_tag.anycast"]},{"index_key":"w02","schema_version":0,"attributes":{"custom_fields":null,"description":"","device_interface_id":null,"dns_name":"anycast-ingress-rdu-w02.worker.demo","id":"246","interface_id":null,"ip_address":"2607:fc50:0:15::35e/128","nat_inside_address_id":0,"nat_outside_addresses":[],"object_type":null,"role":"","status":"active","tags":[],"tags_all":[],"tenant_id":0,"virtual_machine_interface_id":99,"vrf_id":0},"sensitive_attributes":[],"private":"bnVsbA==","dependencies":["module.pop.module.netactuate.data.netactuate_bgp_sessions.vm","module.pop.module.netactuate.data.netactuate_server.vm","module.pop.module.netactuate.netactuate_bgp_sessions.provider","module.pop.module.netactuate.netactuate_server.vm","module.pop.module.netbox.netbox_cluster.this","module.pop.module.netbox.netbox_interface.eth0","module.pop.module.netbox.netbox_site.this","module.pop.module.netbox.netbox_virtual_machine.vm","netbox_cluster_type.hypervisor","netbox_custom_field.na_asn","netbox_custom_field.na_bgp_ipv4_prefix","netbox_custom_field.na_bgp_peers","netbox_custom_field.na_bgp_session_details","netbox_custom_field.na_contract_id","netbox_custom_field.na_image","netbox_custom_field.na_image_id","netbox_custom_field.na_location_id","netbox_custom_field.na_plan","netbox_custom_field.na_plan_id","netbox_custom_field.na_public_ipv4","netbox_custom_field.na_public_ipv6","netbox_custom_field.na_server_id","netbox_custom_field.zz_bgp_connection_info","netbox_custom_field.zz_bgp_local_info","netbox_custom_field.zz_bgp_remote_info","netbox_custom_field.zz_bgp_routes_info","netbox_tag.anycast"]}]},{"module":"module.pop[\"RDU\"].module.netbox","mode":"managed","type":"netbox_primary_ip","name":"vm_primary_v4","provider":"provider[\"registry.opentofu.org/e-breuninger/netbox\"]","instances":[{"index_key":"w01","schema_version":0,"attributes":{"id":"80","ip_address_id":195,"ip_address_version":4,"virtual_machine_id":80},"sensitive_attributes":[],"private":"bnVsbA==","dependencies":["module.pop.module.netactuate.data.netactuate_bgp_sessions.vm","module.pop.module.netactuate.data.netactuate_server.vm","module.pop.module.netactuate.netactuate_bgp_sessions.provider","module.pop.module.netactuate.netactuate_server.vm","module.pop.module.netbox.netbox_cluster.this","module.pop.module.netbox.netbox_interface.eth0","module.pop.module.netbox.netbox_ip_address.public_v4","module.pop.module.netbox.netbox_site.this","module.pop.module.netbox.netbox_virtual_machine.vm","netbox_cluster_type.hypervisor","netbox_custom_field.na_asn","netbox_custom_field.na_bgp_ipv4_prefix","netbox_custom_field.na_bgp_peers","netbox_custom_field.na_bgp_session_details","netbox_custom_field.na_contract_id","netbox_custom_field.na_image","netbox_custom_field.na_image_id","netbox_custom_field.na_location_id","netbox_custom_field.na_plan","netbox_custom_field.na_plan_id","netbox_custom_field.na_public_ipv4","netbox_custom_field.na_public_ipv6","netbox_custom_field.na_server_id","netbox_custom_field.zz_bgp_connection_info","netbox_custom_field.zz_bgp_local_info","netbox_custom_field.zz_bgp_remote_info","netbox_custom_field.zz_bgp_routes_info","netbox_tag.anycast"]},{"index_key":"w02","schema_version":0,"attributes":{"id":"99","ip_address_id":247,"ip_address_version":4,"virtual_machine_id":99},"sensitive_attributes":[],"private":"bnVsbA==","dependencies":["module.pop.module.netactuate.data.netactuate_bgp_sessions.vm","module.pop.module.netactuate.data.netactuate_server.vm","module.pop.module.netactuate.netactuate_bgp_sessions.provider","module.pop.module.netactuate.netactuate_server.vm","module.pop.module.netbox.netbox_cluster.this","module.pop.module.netbox.netbox_interface.eth0","module.pop.module.netbox.netbox_ip_address.public_v4","module.pop.module.netbox.netbox_site.this","module.pop.module.netbox.netbox_virtual_machine.vm","netbox_cluster_type.hypervisor","netbox_custom_field.na_asn","netbox_custom_field.na_bgp_ipv4_prefix","netbox_custom_field.na_bgp_peers","netbox_custom_field.na_bgp_session_details","netbox_custom_field.na_contract_id","netbox_custom_field.na_image","netbox_custom_field.na_image_id","netbox_custom_field.na_location_id","netbox_custom_field.na_plan","netbox_custom_field.na_plan_id","netbox_custom_field.na_public_ipv4","netbox_custom_field.na_public_ipv6","netbox_custom_field.na_server_id","netbox_custom_field.zz_bgp_connection_info","netbox_custom_field.zz_bgp_local_info","netbox_custom_field.zz_bgp_remote_info","netbox_custom_field.zz_bgp_routes_info","netbox_tag.anycast"]}]},{"module":"module.pop[\"RDU\"].module.netbox","mode":"managed","type":"netbox_service","name":"bgp179","provider":"provider[\"registry.opentofu.org/e-breuninger/netbox\"]","instances":[{"index_key":"w01","schema_version":0,"attributes":{"custom_fields":null,"description":"Anycast ingress BGP (TCP/179)","device_id":0,"id":"78","name":"bgp","port":null,"ports":[179],"protocol":"tcp","tags":[],"tags_all":[],"virtual_machine_id":80},"sensitive_attributes":[],"private":"bnVsbA==","dependencies":["module.pop.module.netactuate.data.netactuate_bgp_sessions.vm","module.pop.module.netactuate.data.netactuate_server.vm","module.pop.module.netactuate.netactuate_bgp_sessions.provider","module.pop.module.netactuate.netactuate_server.vm","module.pop.module.netbox.netbox_cluster.this","module.pop.module.netbox.netbox_site.this","module.pop.module.netbox.netbox_virtual_machine.vm","netbox_cluster_type.hypervisor","netbox_custom_field.na_asn","netbox_custom_field.na_bgp_ipv4_prefix","netbox_custom_field.na_bgp_peers","netbox_custom_field.na_bgp_session_details","netbox_custom_field.na_contract_id","netbox_custom_field.na_image","netbox_custom_field.na_image_id","netbox_custom_field.na_location_id","netbox_custom_field.na_plan","netbox_custom_field.na_plan_id","netbox_custom_field.na_public_ipv4","netbox_custom_field.na_public_ipv6","netbox_custom_field.na_server_id","netbox_custom_field.zz_bgp_connection_info","netbox_custom_field.zz_bgp_local_info","netbox_custom_field.zz_bgp_remote_info","netbox_custom_field.zz_bgp_routes_info","netbox_tag.anycast"]},{"index_key":"w02","schema_version":0,"attributes":{"custom_fields":null,"description":"Anycast ingress BGP (TCP/179)","device_id":0,"id":"99","name":"bgp","port":null,"ports":[179],"protocol":"tcp","tags":[],"tags_all":[],"virtual_machine_id":99},"sensitive_attributes":[],"private":"bnVsbA==","dependencies":["module.pop.module.netactuate.data.netactuate_bgp_sessions.vm","module.pop.module.netactuate.data.netactuate_server.vm","module.pop.module.netactuate.netactuate_bgp_sessions.provider","module.pop.module.netactuate.netactuate_server.vm","module.pop.module.netbox.netbox_cluster.this","module.pop.module.netbox.netbox_site.this","module.pop.module.netbox.netbox_virtual_machine.vm","netbox_cluster_type.hypervisor","netbox_custom_field.na_asn","netbox_custom_field.na_bgp_ipv4_prefix","netbox_custom_field.na_bgp_peers","netbox_custom_field.na_bgp_session_details","netbox_custom_field.na_contract_id","netbox_custom_field.na_image","netbox_custom_field.na_image_id","netbox_custom_field.na_location_id","netbox_custom_field.na_plan","netbox_custom_field.na_plan_id","netbox_custom_field.na_public_ipv4","netbox_custom_field.na_public_ipv6","netbox_custom_field.na_server_id","netbox_custom_field.zz_bgp_connection_info","netbox_custom_field.zz_bgp_local_info","netbox_custom_field.zz_bgp_remote_info","netbox_custom_field.zz_bgp_routes_info","netbox_tag.anycast"]}]},{"module":"module.pop[\"RDU\"].module.netbox","mode":"managed","type":"netbox_site","name":"this","provider":"provider[\"registry.opentofu.org/e-breuninger/netbox\"]","instances":[{"schema_version":0,"attributes":{"asn_ids":[],"comments":"","custom_fields":null,"description":"NetActuate PoP RDU","facility":"","group_id":0,"id":"79","latitude":0,"longitude":0,"name":"RDU","physical_address":"","region_id":0,"shipping_address":"","slug":"rdu","status":"active","tags":[],"tags_all":[],"tenant_id":0,"timezone":""},"sensitive_attributes":[],"private":"bnVsbA==","dependencies":["module.pop.module.netactuate.data.netactuate_bgp_sessions.vm","module.pop.module.netactuate.data.netactuate_server.vm","module.pop.module.netactuate.netactuate_bgp_sessions.provider","module.pop.module.netactuate.netactuate_server.vm","netbox_custom_field.na_asn","netbox_custom_field.na_bgp_ipv4_prefix","netbox_custom_field.na_bgp_peers","netbox_custom_field.na_bgp_session_details","netbox_custom_field.na_contract_id","netbox_custom_field.na_image","netbox_custom_field.na_image_id","netbox_custom_field.na_location_id","netbox_custom_field.na_plan","netbox_custom_field.na_plan_id","netbox_custom_field.na_public_ipv4","netbox_custom_field.na_public_ipv6","netbox_custom_field.na_server_id","netbox_custom_field.zz_bgp_connection_info","netbox_custom_field.zz_bgp_local_info","netbox_custom_field.zz_bgp_remote_info","netbox_custom_field.zz_bgp_routes_info"]}]},{"module":"module.pop[\"RDU\"].module.netbox","mode":"managed","type":"netbox_virtual_machine","name":"vm","provider":"provider[\"registry.opentofu.org/e-breuninger/netbox\"]","instances":[{"index_key":"w01","schema_version":2,"attributes":{"cluster_id":78,"comments":"NetActuate Server Details:\n  Server ID: 572442\n  Contract ID: 440\n  Location ID: 236\n  Image: Ubuntu 24.04 LTS (20240423) (ID 5787)\n  IPv4 Prefix: 45.54.50.0/24\n\nBGP Local Info:\n  Hostname: anycast-ingress-rdu-w01.worker.demo\n  Local ASN: 63911\n  Public IPv4: 162.223.10.21\n  Public IPv6: 2607:fc50:0:15::7e\n  Customer IPs: 162.223.10.21, 2607:fc50:0:15::7e\n\nBGP Remote Info:\n  Group: Craig's DevOps Demos\n  Provider ASN: 36236\n  Provider IPv4: 162.223.10.44\n  Provider IPv6: 2607:fc50:0:15::3cb\n\nBGP Connection Status:\n  162.223.10.44 (ipv4): state=Established config=1 last=2025-10-13 01:52:55\n  2607:fc50:0:15::3cb (ipv6): state=Active config=1 last=2025-10-13 01:52:56\n\nBGP Routes:\n  45.54.50.0/24 via 162.223.10.21 (origin 63911)\n\nBGP Sessions JSON:\n  {\"ipv4|162.223.10.44\":{\"description\":\"Craig's DevOps Demos - RDU - anycast-ingress-rdu-w01.worker.demo IPv4\",\"group_id\":3247,\"group_name\":\"Craig's DevOps Demos\",\"provider_asn\":\"36236\",\"remote_ip\":\"162.223.10.44\",\"remote_ip_type\":\"ipv4\",\"status\":\"active\"},\"ipv6|2607:fc50:0:15::3cb\":{\"description\":\"Craig's DevOps Demos - RDU - anycast-ingress-rdu-w01.worker.demo IPv6\",\"group_id\":3247,\"group_name\":\"Craig's DevOps Demos\",\"provider_asn\":\"36236\",\"remote_ip\":\"2607:fc50:0:15::3cb\",\"remote_ip_type\":\"ipv6\",\"status\":\"failed\"}}\n\nBGP Session Details JSON:\n  [{\"config_status\":\"1\",\"customer_peer_ip\":\"162.223.10.21\",\"description\":\"Craig's DevOps Demos - RDU - anycast-ingress-rdu-w01.worker.demo IPv4\",\"group_id\":3247,\"group_name\":\"Craig's DevOps Demos\",\"last_update\":\"2025-10-13 01:52:55\",\"provider_asn\":\"36236\",\"remote_ip\":\"162.223.10.44\",\"remote_ip_type\":\"ipv4\",\"routes\":[{\"metric_loc_prf_weight\":0,\"next_hop\":\"162.223.10.21\",\"origin\":\"63911\",\"path\":[\"63911\"],\"prefix\":\"45.54.50.0/24\"}],\"session_name\":\"\",\"state\":\"Established\"},{\"config_status\":\"1\",\"customer_peer_ip\":\"2607:fc50:0:15::7e\",\"description\":\"Craig's DevOps Demos - RDU - anycast-ingress-rdu-w01.worker.demo IPv6\",\"group_id\":3247,\"group_name\":\"Craig's DevOps Demos\",\"last_update\":\"2025-10-13 01:52:56\",\"provider_asn\":\"36236\",\"remote_ip\":\"2607:fc50:0:15::3cb\",\"remote_ip_type\":\"ipv6\",\"routes\":[],\"session_name\":\"\",\"state\":\"Active\"}]","custom_fields":{"na_asn":"63911","na_bgp_ipv4_prefix":"45.54.50.0/24","na_bgp_peers":"{\"ipv4|162.223.10.44\":{\"description\":\"Craig's DevOps Demos - RDU - anycast-ingress-rdu-w01.worker.demo IPv4\",\"group_id\":3247,\"group_name\":\"Craig's DevOps Demos\",\"provider_asn\":\"36236\",\"remote_ip\":\"162.223.10.44\",\"remote_ip_type\":\"ipv4\",\"status\":\"active\"},\"ipv6|2607:fc50:0:15::3cb\":{\"description\":\"Craig's DevOps Demos - RDU - anycast-ingress-rdu-w01.worker.demo IPv6\",\"group_id\":3247,\"group_name\":\"Craig's DevOps Demos\",\"provider_asn\":\"36236\",\"remote_ip\":\"2607:fc50:0:15::3cb\",\"remote_ip_type\":\"ipv6\",\"status\":\"failed\"}}","na_bgp_session_details":"[{\"config_status\":\"1\",\"customer_peer_ip\":\"162.223.10.21\",\"description\":\"Craig's DevOps Demos - RDU - anycast-ingress-rdu-w01.worker.demo IPv4\",\"group_id\":3247,\"group_name\":\"Craig's DevOps Demos\",\"last_update\":\"2025-10-13 01:52:55\",\"provider_asn\":\"36236\",\"remote_ip\":\"162.223.10.44\",\"remote_ip_type\":\"ipv4\",\"routes\":[{\"metric_loc_prf_weight\":0,\"next_hop\":\"162.223.10.21\",\"origin\":\"63911\",\"path\":[\"63911\"],\"prefix\":\"45.54.50.0/24\"}],\"session_name\":\"\",\"state\":\"Established\"},{\"config_status\":\"1\",\"customer_peer_ip\":\"2607:fc50:0:15::7e\",\"description\":\"Craig's DevOps Demos - RDU - anycast-ingress-rdu-w01.worker.demo IPv6\",\"group_id\":3247,\"group_name\":\"Craig's DevOps Demos\",\"last_update\":\"2025-10-13 01:52:56\",\"provider_asn\":\"36236\",\"remote_ip\":\"2607:fc50:0:15::3cb\",\"remote_ip_type\":\"ipv6\",\"routes\":[],\"session_name\":\"\",\"state\":\"Active\"}]","na_contract_id":"440","na_image":"Ubuntu 24.04 LTS (20240423)","na_image_id":"5787","na_location_id":"236","na_plan":"VR1x1x25","na_plan_id":"668","na_public_ipv4":"162.223.10.21","na_public_ipv6":"2607:fc50:0:15::7e","na_server_id":"572442","zz_bgp_connection_info":"162.223.10.44 (ipv4): state=Established config=1 last=2025-10-13 01:52:55\n2607:fc50:0:15::3cb (ipv6): state=Active config=1 last=2025-10-13 01:52:56","zz_bgp_local_info":"Hostname: anycast-ingress-rdu-w01.worker.demo\nLocal ASN: 63911\nPublic IPv4: 162.223.10.21\nPublic IPv6: 2607:fc50:0:15::7e\nCustomer IPs: 162.223.10.21, 2607:fc50:0:15::7e","zz_bgp_remote_info":"Group: Craig's DevOps Demos\nProvider ASN: 36236\nProvider IPv4: 162.223.10.44\nProvider IPv6: 2607:fc50:0:15::3cb","zz_bgp_routes_info":"45.54.50.0/24 via 162.223.10.21 (origin 63911)"},"description":"NetActuate plan VR1x1x25","device_id":0,"disk_size_mb":25600,"id":"80","local_context_data":"","memory_mb":1024,"name":"anycast-ingress-rdu-w01.worker.demo","platform_id":0,"primary_ipv4":195,"primary_ipv6":193,"role_id":0,"site_id":79,"status":"active","tags":["anycast"],"tags_all":["anycast"],"tenant_id":0,"vcpus":1},"sensitive_attributes":[],"private":"eyJzY2hlbWFfdmVyc2lvbiI6IjIifQ==","dependencies":["module.pop.module.netactuate.data.netactuate_bgp_sessions.vm","module.pop.module.netactuate.data.netactuate_server.vm","module.pop.module.netactuate.netactuate_bgp_sessions.provider","module.pop.module.netactuate.netactuate_server.vm","module.pop.module.netbox.netbox_cluster.this","module.pop.module.netbox.netbox_site.this","netbox_cluster_type.hypervisor","netbox_custom_field.na_asn","netbox_custom_field.na_bgp_ipv4_prefix","netbox_custom_field.na_bgp_peers","netbox_custom_field.na_bgp_session_details","netbox_custom_field.na_contract_id","netbox_custom_field.na_image","netbox_custom_field.na_image_id","netbox_custom_field.na_location_id","netbox_custom_field.na_plan","netbox_custom_field.na_plan_id","netbox_custom_field.na_public_ipv4","netbox_custom_field.na_public_ipv6","netbox_custom_field.na_server_id","netbox_custom_field.zz_bgp_connection_info","netbox_custom_field.zz_bgp_local_info","netbox_custom_field.zz_bgp_remote_info","netbox_custom_field.zz_bgp_routes_info","netbox_tag.anycast"]},{"index_key":"w02","schema_version":2,"attributes":{"cluster_id":78,"comments":"NetActuate Server Details:\n  Server ID: 572471\n  Contract ID: 440\n  Location ID: 236\n  Image: Ubuntu 24.04 LTS (20240423) (ID 5787)\n  IPv4 Prefix: 45.54.50.0/24\n\nBGP Local Info:\n  Hostname: anycast-ingress-rdu-w02.worker.demo\n  Local ASN: 63911\n  Public IPv4: 104.225.1.55\n  Public IPv6: 2607:fc50:0:15::35e\n  Customer IPs: 2607:fc50:0:15::35e, 104.225.1.55\n\nBGP Remote Info:\n  Group: Craig's DevOps Demos\n  Provider ASN: 36236\n  Provider IPv4: 104.225.1.249\n  Provider IPv6: 2607:fc50:0:15::ae\n\nBGP Connection Status:\n  2607:fc50:0:15::ae (ipv6): state=Active config=1 last=2025-10-13 01:52:51\n  104.225.1.249 (ipv4): state=Established config=1 last=2025-10-13 01:52:54\n\nBGP Routes:\n  45.54.50.0/24 via 104.225.1.55 (origin 63911)\n\nBGP Sessions JSON:\n  {\"ipv4|104.225.1.249\":{\"description\":\"Craig's DevOps Demos - RDU - anycast-ingress-rdu-w02.worker.demo IPv4\",\"group_id\":3247,\"group_name\":\"Craig's DevOps Demos\",\"provider_asn\":\"36236\",\"remote_ip\":\"104.225.1.249\",\"remote_ip_type\":\"ipv4\",\"status\":\"active\"},\"ipv6|2607:fc50:0:15::ae\":{\"description\":\"Craig's DevOps Demos - RDU - anycast-ingress-rdu-w02.worker.demo IPv6\",\"group_id\":3247,\"group_name\":\"Craig's DevOps Demos\",\"provider_asn\":\"36236\",\"remote_ip\":\"2607:fc50:0:15::ae\",\"remote_ip_type\":\"ipv6\",\"status\":\"failed\"}}\n\nBGP Session Details JSON:\n  [{\"config_status\":\"1\",\"customer_peer_ip\":\"2607:fc50:0:15::35e\",\"description\":\"Craig's DevOps Demos - RDU - anycast-ingress-rdu-w02.worker.demo IPv6\",\"group_id\":3247,\"group_name\":\"Craig's DevOps Demos\",\"last_update\":\"2025-10-13 01:52:51\",\"provider_asn\":\"36236\",\"remote_ip\":\"2607:fc50:0:15::ae\",\"remote_ip_type\":\"ipv6\",\"routes\":[],\"session_name\":\"\",\"state\":\"Active\"},{\"config_status\":\"1\",\"customer_peer_ip\":\"104.225.1.55\",\"description\":\"Craig's DevOps Demos - RDU - anycast-ingress-rdu-w02.worker.demo IPv4\",\"group_id\":3247,\"group_name\":\"Craig's DevOps Demos\",\"last_update\":\"2025-10-13 01:52:54\",\"provider_asn\":\"36236\",\"remote_ip\":\"104.225.1.249\",\"remote_ip_type\":\"ipv4\",\"routes\":[{\"metric_loc_prf_weight\":0,\"next_hop\":\"104.225.1.55\",\"origin\":\"63911\",\"path\":[\"63911\"],\"prefix\":\"45.54.50.0/24\"}],\"session_name\":\"\",\"state\":\"Established\"}]","custom_fields":{"na_asn":"63911","na_bgp_ipv4_prefix":"45.54.50.0/24","na_bgp_peers":"{\"ipv4|104.225.1.249\":{\"description\":\"Craig's DevOps Demos - RDU - anycast-ingress-rdu-w02.worker.demo IPv4\",\"group_id\":3247,\"group_name\":\"Craig's DevOps Demos\",\"provider_asn\":\"36236\",\"remote_ip\":\"104.225.1.249\",\"remote_ip_type\":\"ipv4\",\"status\":\"active\"},\"ipv6|2607:fc50:0:15::ae\":{\"description\":\"Craig's DevOps Demos - RDU - anycast-ingress-rdu-w02.worker.demo IPv6\",\"group_id\":3247,\"group_name\":\"Craig's DevOps Demos\",\"provider_asn\":\"36236\",\"remote_ip\":\"2607:fc50:0:15::ae\",\"remote_ip_type\":\"ipv6\",\"status\":\"failed\"}}","na_bgp_session_details":"[{\"config_status\":\"1\",\"customer_peer_ip\":\"2607:fc50:0:15::35e\",\"description\":\"Craig's DevOps Demos - RDU - anycast-ingress-rdu-w02.worker.demo IPv6\",\"group_id\":3247,\"group_name\":\"Craig's DevOps Demos\",\"last_update\":\"2025-10-13 01:52:51\",\"provider_asn\":\"36236\",\"remote_ip\":\"2607:fc50:0:15::ae\",\"remote_ip_type\":\"ipv6\",\"routes\":[],\"session_name\":\"\",\"state\":\"Active\"},{\"config_status\":\"1\",\"customer_peer_ip\":\"104.225.1.55\",\"description\":\"Craig's DevOps Demos - RDU - anycast-ingress-rdu-w02.worker.demo IPv4\",\"group_id\":3247,\"group_name\":\"Craig's DevOps Demos\",\"last_update\":\"2025-10-13 01:52:54\",\"provider_asn\":\"36236\",\"remote_ip\":\"104.225.1.249\",\"remote_ip_type\":\"ipv4\",\"routes\":[{\"metric_loc_prf_weight\":0,\"next_hop\":\"104.225.1.55\",\"origin\":\"63911\",\"path\":[\"63911\"],\"prefix\":\"45.54.50.0/24\"}],\"session_name\":\"\",\"state\":\"Established\"}]","na_contract_id":"440","na_image":"Ubuntu 24.04 LTS (20240423)","na_image_id":"5787","na_location_id":"236","na_plan":"VR1x1x25","na_plan_id":"668","na_public_ipv4":"104.225.1.55","na_public_ipv6":"2607:fc50:0:15::35e","na_server_id":"572471","zz_bgp_connection_info":"2607:fc50:0:15::ae (ipv6): state=Active config=1 last=2025-10-13 01:52:51\n104.225.1.249 (ipv4): state=Established config=1 last=2025-10-13 01:52:54","zz_bgp_local_info":"Hostname: anycast-ingress-rdu-w02.worker.demo\nLocal ASN: 63911\nPublic IPv4: 104.225.1.55\nPublic IPv6: 2607:fc50:0:15::35e\nCustomer IPs: 2607:fc50:0:15::35e, 104.225.1.55","zz_bgp_remote_info":"Group: Craig's DevOps Demos\nProvider ASN: 36236\nProvider IPv4: 104.225.1.249\nProvider IPv6: 2607:fc50:0:15::ae","zz_bgp_routes_info":"45.54.50.0/24 via 104.225.1.55 (origin 63911)"},"description":"NetActuate plan VR1x1x25","device_id":0,"disk_size_mb":25600,"id":"99","local_context_data":"","memory_mb":1024,"name":"anycast-ingress-rdu-w02.worker.demo","platform_id":0,"primary_ipv4":247,"primary_ipv6":0,"role_id":0,"site_id":79,"status":"active","tags":["anycast"],"tags_all":["anycast"],"tenant_id":0,"vcpus":1},"sensitive_attributes":[],"private":"eyJzY2hlbWFfdmVyc2lvbiI6IjIifQ==","dependencies":["module.pop.module.netactuate.data.netactuate_bgp_sessions.vm","module.pop.module.netactuate.data.netactuate_server.vm","module.pop.module.netactuate.netactuate_bgp_sessions.provider","module.pop.module.netactuate.netactuate_server.vm","module.pop.module.netbox.netbox_cluster.this","module.pop.module.netbox.netbox_site.this","netbox_cluster_type.hypervisor","netbox_custom_field.na_asn","netbox_custom_field.na_bgp_ipv4_prefix","netbox_custom_field.na_bgp_peers","netbox_custom_field.na_bgp_session_details","netbox_custom_field.na_contract_id","netbox_custom_field.na_image","netbox_custom_field.na_image_id","netbox_custom_field.na_location_id","netbox_custom_field.na_plan","netbox_custom_field.na_plan_id","netbox_custom_field.na_public_ipv4","netbox_custom_field.na_public_ipv6","netbox_custom_field.na_server_id","netbox_custom_field.zz_bgp_connection_info","netbox_custom_field.zz_bgp_local_info","netbox_custom_field.zz_bgp_remote_info","netbox_custom_field.zz_bgp_routes_info","netbox_tag.anycast"]}]},{"module":"module.pop[\"SEA\"].module.netactuate","mode":"data","type":"netactuate_bgp_sessions","name":"vm","provider":"provider[\"registry.opentofu.org/netactuate/netactuate\"]","instances":[{"index_key":"w01","schema_version":0,"attributes":{"id":"572466","mbpkgid":572466,"sessions":[{"config_status":"1","customer_asn":63911,"customer_peer_ip":"2607:f740:14::9be","description":"Craig's DevOps Demos - SEA - anycast-ingress-sea-w01.worker.demo IPv6","group_id":3247,"group_name":"Craig's DevOps Demos","id":51528,"last_update":"2025-10-13 01:48:40","location_name":"SEA - Seattle, WA","locked":false,"mb_id":0,"provider_asn":36236,"provider_ip_type":"ipv6","provider_peer_ip":"2607:f740:14::693","routes_received":"","state":"Active"},{"config_status":"1","customer_asn":63911,"customer_peer_ip":"192.73.240.53","description":"Craig's DevOps Demos - SEA - anycast-ingress-sea-w01.worker.demo IPv4","group_id":3247,"group_name":"Craig's DevOps Demos","id":51527,"last_update":"2025-10-13 01:48:44","location_name":"SEA - Seattle, WA","locked":false,"mb_id":0,"provider_asn":36236,"provider_ip_type":"ipv4","provider_peer_ip":"192.73.240.46","routes_received":"[{\"path\": [\"63911\"], \"origin\": \"63911\", \"prefix\": \"45.54.50.0/24\", \"next_hop\": \"192.73.240.53\", \"metric_loc_prf_weight\": 0}]","state":"Established"}]},"sensitive_attributes":[]},{"index_key":"w02","schema_version":0,"attributes":{"id":"572476","mbpkgid":572476,"sessions":[{"config_status":"1","customer_asn":63911,"customer_peer_ip":"2607:f740:14::caf","description":"Craig's DevOps Demos - SEA - anycast-ingress-sea-w02.worker.demo IPv6","group_id":3247,"group_name":"Craig's DevOps Demos","id":51546,"last_update":"2025-10-13 01:48:44","location_name":"SEA - Seattle, WA","locked":false,"mb_id":0,"provider_asn":36236,"provider_ip_type":"ipv6","provider_peer_ip":"2607:f740:14::403","routes_received":"","state":"Active"},{"config_status":"1","customer_asn":63911,"customer_peer_ip":"192.73.240.93","description":"Craig's DevOps Demos - SEA - anycast-ingress-sea-w02.worker.demo IPv4","group_id":3247,"group_name":"Craig's DevOps Demos","id":51545,"last_update":"2025-10-13 01:48:52","location_name":"SEA - Seattle, WA","locked":false,"mb_id":0,"provider_asn":36236,"provider_ip_type":"ipv4","provider_peer_ip":"192.73.240.206","routes_received":"[{\"path\": [\"63911\"], \"origin\": \"63911\", \"prefix\": \"45.54.50.0/24\", \"next_hop\": \"192.73.240.93\", \"metric_loc_prf_weight\": 0}]","state":"Established"}]},"sensitive_attributes":[]}]},{"module":"module.pop[\"SEA\"].module.netactuate","mode":"data","type":"netactuate_server","name":"vm","provider":"provider[\"registry.opentofu.org/netactuate/netactuate\"]","instances":[{"index_key":"w01","schema_version":0,"attributes":{"bgp_peers":[{"group_id":3247,"ipv4":["192.73.240.46"],"ipv6":["2607:f740:14::693"],"localasn":63911,"localpeerv4":"192.73.240.53","localpeerv6":"2607:f740:14::9be","peerasn":36236}],"hostname":"anycast-ingress-sea-w01.worker.demo","id":572466,"image":"Ubuntu 24.04 LTS (20240423)","image_id":5787,"ip_v4":"192.73.240.53","ip_v6":"2607:f740:14::9be","location_id":124,"package":"VR1x1x25","plan_id":668,"public_ipv4":"192.73.240.53","public_ipv6":"2607:f740:14::9be","state":"UP","status":"RUNNING"},"sensitive_attributes":[]},{"index_key":"w02","schema_version":0,"attributes":{"bgp_peers":[{"group_id":3247,"ipv4":["192.73.240.206"],"ipv6":["2607:f740:14::403"],"localasn":63911,"localpeerv4":"192.73.240.93","localpeerv6":"2607:f740:14::caf","peerasn":36236}],"hostname":"anycast-ingress-sea-w02.worker.demo","id":572476,"image":"Ubuntu 24.04 LTS (20240423)","image_id":5787,"ip_v4":"192.73.240.93","ip_v6":"2607:f740:14::caf","location_id":124,"package":"VR1x1x25","plan_id":668,"public_ipv4":"192.73.240.93","public_ipv6":"2607:f740:14::caf","state":"UP","status":"RUNNING"},"sensitive_attributes":[]}]},{"module":"module.pop[\"SEA\"].module.netactuate","mode":"managed","type":"netactuate_bgp_sessions","name":"provider","provider":"provider[\"registry.opentofu.org/netactuate/netactuate\"]","instances":[{"index_key":"w01","schema_version":0,"attributes":{"group_id":3247,"id":"572466","ipv6":true,"mbpkgid":572466,"redundant":false},"sensitive_attributes":[],"private":"bnVsbA==","dependencies":["module.pop.module.netactuate.netactuate_server.vm","netbox_custom_field.na_asn","netbox_custom_field.na_bgp_ipv4_prefix","netbox_custom_field.na_bgp_peers","netbox_custom_field.na_bgp_session_details","netbox_custom_field.na_contract_id","netbox_custom_field.na_image","netbox_custom_field.na_image_id","netbox_custom_field.na_location_id","netbox_custom_field.na_plan","netbox_custom_field.na_plan_id","netbox_custom_field.na_public_ipv4","netbox_custom_field.na_public_ipv6","netbox_custom_field.na_server_id","netbox_custom_field.zz_bgp_connection_info","netbox_custom_field.zz_bgp_local_info","netbox_custom_field.zz_bgp_remote_info","netbox_custom_field.zz_bgp_routes_info"]},{"index_key":"w02","schema_version":0,"attributes":{"group_id":3247,"id":"572476","ipv6":true,"mbpkgid":572476,"redundant":false},"sensitive_attributes":[],"private":"bnVsbA==","dependencies":["module.pop.module.netactuate.netactuate_server.vm","netbox_custom_field.na_asn","netbox_custom_field.na_bgp_ipv4_prefix","netbox_custom_field.na_bgp_peers","netbox_custom_field.na_bgp_session_details","netbox_custom_field.na_contract_id","netbox_custom_field.na_image","netbox_custom_field.na_image_id","netbox_custom_field.na_location_id","netbox_custom_field.na_plan","netbox_custom_field.na_plan_id","netbox_custom_field.na_public_ipv4","netbox_custom_field.na_public_ipv6","netbox_custom_field.na_server_id","netbox_custom_field.zz_bgp_connection_info","netbox_custom_field.zz_bgp_local_info","netbox_custom_field.zz_bgp_remote_info","netbox_custom_field.zz_bgp_routes_info"]}]},{"module":"module.pop[\"SEA\"].module.netactuate","mode":"managed","type":"netactuate_server","name":"vm","provider":"provider[\"registry.opentofu.org/netactuate/netactuate\"]","instances":[{"index_key":"w01","schema_version":0,"attributes":{"cloud_config":null,"hostname":"anycast-ingress-sea-w01.worker.demo","id":"572466","image":null,"image_id":5787,"location":null,"location_id":124,"package_billing":"usage","package_billing_contract_id":"440","package_billing_opt_in":null,"params":"","password":null,"plan":"VR1x1x25","primary_ipv4":"192.73.240.53","primary_ipv6":"2607:f740:14::9be","ssh_key":null,"ssh_key_id":8199,"user_data":null,"user_data_base64":null},"sensitive_attributes":[[{"type":"get_attr","value":"password"}]],"private":"bnVsbA==","dependencies":["netbox_custom_field.na_asn","netbox_custom_field.na_bgp_ipv4_prefix","netbox_custom_field.na_bgp_peers","netbox_custom_field.na_bgp_session_details","netbox_custom_field.na_contract_id","netbox_custom_field.na_image","netbox_custom_field.na_image_id","netbox_custom_field.na_location_id","netbox_custom_field.na_plan","netbox_custom_field.na_plan_id","netbox_custom_field.na_public_ipv4","netbox_custom_field.na_public_ipv6","netbox_custom_field.na_server_id","netbox_custom_field.zz_bgp_connection_info","netbox_custom_field.zz_bgp_local_info","netbox_custom_field.zz_bgp_remote_info","netbox_custom_field.zz_bgp_routes_info"]},{"index_key":"w02","schema_version":0,"attributes":{"cloud_config":null,"hostname":"anycast-ingress-sea-w02.worker.demo","id":"572476","image":null,"image_id":5787,"location":null,"location_id":124,"package_billing":"usage","package_billing_contract_id":"440","package_billing_opt_in":null,"params":"","password":null,"plan":"VR1x1x25","primary_ipv4":"192.73.240.93","primary_ipv6":"2607:f740:14::caf","ssh_key":null,"ssh_key_id":8199,"user_data":null,"user_data_base64":null},"sensitive_attributes":[[{"type":"get_attr","value":"password"}]],"private":"bnVsbA==","dependencies":["netbox_custom_field.na_asn","netbox_custom_field.na_bgp_ipv4_prefix","netbox_custom_field.na_bgp_peers","netbox_custom_field.na_bgp_session_details","netbox_custom_field.na_contract_id","netbox_custom_field.na_image","netbox_custom_field.na_image_id","netbox_custom_field.na_location_id","netbox_custom_field.na_plan","netbox_custom_field.na_plan_id","netbox_custom_field.na_public_ipv4","netbox_custom_field.na_public_ipv6","netbox_custom_field.na_server_id","netbox_custom_field.zz_bgp_connection_info","netbox_custom_field.zz_bgp_local_info","netbox_custom_field.zz_bgp_remote_info","netbox_custom_field.zz_bgp_routes_info"]}]},{"module":"module.pop[\"SEA\"].module.netbox","mode":"managed","type":"netbox_cluster","name":"this","provider":"provider[\"registry.opentofu.org/e-breuninger/netbox\"]","instances":[{"schema_version":0,"attributes":{"cluster_group_id":0,"cluster_type_id":6,"comments":"","description":"","id":"101","name":"SEA-cluster","site_id":101,"tags":[],"tags_all":[],"tenant_id":0},"sensitive_attributes":[],"private":"bnVsbA==","dependencies":["module.pop.module.netactuate.data.netactuate_bgp_sessions.vm","module.pop.module.netactuate.data.netactuate_server.vm","module.pop.module.netactuate.netactuate_bgp_sessions.provider","module.pop.module.netactuate.netactuate_server.vm","module.pop.module.netbox.netbox_site.this","netbox_cluster_type.hypervisor","netbox_custom_field.na_asn","netbox_custom_field.na_bgp_ipv4_prefix","netbox_custom_field.na_bgp_peers","netbox_custom_field.na_bgp_session_details","netbox_custom_field.na_contract_id","netbox_custom_field.na_image","netbox_custom_field.na_image_id","netbox_custom_field.na_location_id","netbox_custom_field.na_plan","netbox_custom_field.na_plan_id","netbox_custom_field.na_public_ipv4","netbox_custom_field.na_public_ipv6","netbox_custom_field.na_server_id","netbox_custom_field.zz_bgp_connection_info","netbox_custom_field.zz_bgp_local_info","netbox_custom_field.zz_bgp_remote_info","netbox_custom_field.zz_bgp_routes_info"]}]},{"module":"module.pop[\"SEA\"].module.netbox","mode":"managed","type":"netbox_device","name":"vm","provider":"provider[\"registry.opentofu.org/e-breuninger/netbox\"]","instances":[{"index_key":"w01","schema_version":0,"attributes":{"asset_tag":"","cluster_id":0,"comments":"","config_template_id":0,"custom_fields":null,"description":"","device_type_id":1,"id":"67","local_context_data":"","location_id":0,"name":"anycast-ingress-sea-w01.worker.demo","platform_id":0,"primary_ipv4":0,"primary_ipv6":0,"rack_face":"","rack_id":0,"rack_position":0,"role_id":1,"serial":"","site_id":101,"status":"active","tags":["anycast"],"tags_all":["anycast"],"tenant_id":0,"virtual_chassis_id":0,"virtual_chassis_master":false,"virtual_chassis_position":0,"virtual_chassis_priority":0},"sensitive_attributes":[],"private":"bnVsbA==","dependencies":["module.pop.module.netactuate.data.netactuate_bgp_sessions.vm","module.pop.module.netactuate.data.netactuate_server.vm","module.pop.module.netactuate.netactuate_bgp_sessions.provider","module.pop.module.netactuate.netactuate_server.vm","module.pop.module.netbox.netbox_site.this","netbox_custom_field.na_asn","netbox_custom_field.na_bgp_ipv4_prefix","netbox_custom_field.na_bgp_peers","netbox_custom_field.na_bgp_session_details","netbox_custom_field.na_contract_id","netbox_custom_field.na_image","netbox_custom_field.na_image_id","netbox_custom_field.na_location_id","netbox_custom_field.na_plan","netbox_custom_field.na_plan_id","netbox_custom_field.na_public_ipv4","netbox_custom_field.na_public_ipv6","netbox_custom_field.na_server_id","netbox_custom_field.zz_bgp_connection_info","netbox_custom_field.zz_bgp_local_info","netbox_custom_field.zz_bgp_remote_info","netbox_custom_field.zz_bgp_routes_info","netbox_device_role.anycast_worker","netbox_device_type.anycast_worker","netbox_manufacturer.netactuate","netbox_tag.anycast"]},{"index_key":"w02","schema_version":0,"attributes":{"asset_tag":"","cluster_id":0,"comments":"","config_template_id":0,"custom_fields":null,"description":"","device_type_id":1,"id":"69","local_context_data":"","location_id":0,"name":"anycast-ingress-sea-w02.worker.demo","platform_id":0,"primary_ipv4":0,"primary_ipv6":0,"rack_face":"","rack_id":0,"rack_position":0,"role_id":1,"serial":"","site_id":101,"status":"active","tags":["anycast"],"tags_all":["anycast"],"tenant_id":0,"virtual_chassis_id":0,"virtual_chassis_master":false,"virtual_chassis_position":0,"virtual_chassis_priority":0},"sensitive_attributes":[],"private":"bnVsbA==","dependencies":["module.pop.module.netactuate.data.netactuate_bgp_sessions.vm","module.pop.module.netactuate.data.netactuate_server.vm","module.pop.module.netactuate.netactuate_bgp_sessions.provider","module.pop.module.netactuate.netactuate_server.vm","module.pop.module.netbox.netbox_site.this","netbox_custom_field.na_asn","netbox_custom_field.na_bgp_ipv4_prefix","netbox_custom_field.na_bgp_peers","netbox_custom_field.na_bgp_session_details","netbox_custom_field.na_contract_id","netbox_custom_field.na_image","netbox_custom_field.na_image_id","netbox_custom_field.na_location_id","netbox_custom_field.na_plan","netbox_custom_field.na_plan_id","netbox_custom_field.na_public_ipv4","netbox_custom_field.na_public_ipv6","netbox_custom_field.na_server_id","netbox_custom_field.zz_bgp_connection_info","netbox_custom_field.zz_bgp_local_info","netbox_custom_field.zz_bgp_remote_info","netbox_custom_field.zz_bgp_routes_info","netbox_device_role.anycast_worker","netbox_device_type.anycast_worker","netbox_manufacturer.netactuate","netbox_tag.anycast"]}]},{"module":"module.pop[\"SEA\"].module.netbox","mode":"managed","type":"netbox_interface","name":"eth0","provider":"provider[\"registry.opentofu.org/e-breuninger/netbox\"]","instances":[{"index_key":"w01","schema_version":0,"attributes":{"description":"","enabled":true,"id":"98","mac_address":"","mode":null,"mtu":0,"name":"eth0","tagged_vlans":[],"tags":[],"tags_all":[],"type":null,"untagged_vlan":null,"virtual_machine_id":98},"sensitive_attributes":[],"private":"bnVsbA==","dependencies":["module.pop.module.netactuate.data.netactuate_bgp_sessions.vm","module.pop.module.netactuate.data.netactuate_server.vm","module.pop.module.netactuate.netactuate_bgp_sessions.provider","module.pop.module.netactuate.netactuate_server.vm","module.pop.module.netbox.netbox_cluster.this","module.pop.module.netbox.netbox_site.this","module.pop.module.netbox.netbox_virtual_machine.vm","netbox_cluster_type.hypervisor","netbox_custom_field.na_asn","netbox_custom_field.na_bgp_ipv4_prefix","netbox_custom_field.na_bgp_peers","netbox_custom_field.na_bgp_session_details","netbox_custom_field.na_contract_id","netbox_custom_field.na_image","netbox_custom_field.na_image_id","netbox_custom_field.na_location_id","netbox_custom_field.na_plan","netbox_custom_field.na_plan_id","netbox_custom_field.na_public_ipv4","netbox_custom_field.na_public_ipv6","netbox_custom_field.na_server_id","netbox_custom_field.zz_bgp_connection_info","netbox_custom_field.zz_bgp_local_info","netbox_custom_field.zz_bgp_remote_info","netbox_custom_field.zz_bgp_routes_info","netbox_tag.anycast"]},{"index_key":"w02","schema_version":0,"attributes":{"description":"","enabled":true,"id":"100","mac_address":"","mode":null,"mtu":0,"name":"eth0","tagged_vlans":[],"tags":[],"tags_all":[],"type":null,"untagged_vlan":null,"virtual_machine_id":100},"sensitive_attributes":[],"private":"bnVsbA==","dependencies":["module.pop.module.netactuate.data.netactuate_bgp_sessions.vm","module.pop.module.netactuate.data.netactuate_server.vm","module.pop.module.netactuate.netactuate_bgp_sessions.provider","module.pop.module.netactuate.netactuate_server.vm","module.pop.module.netbox.netbox_cluster.this","module.pop.module.netbox.netbox_site.this","module.pop.module.netbox.netbox_virtual_machine.vm","netbox_cluster_type.hypervisor","netbox_custom_field.na_asn","netbox_custom_field.na_bgp_ipv4_prefix","netbox_custom_field.na_bgp_peers","netbox_custom_field.na_bgp_session_details","netbox_custom_field.na_contract_id","netbox_custom_field.na_image","netbox_custom_field.na_image_id","netbox_custom_field.na_location_id","netbox_custom_field.na_plan","netbox_custom_field.na_plan_id","netbox_custom_field.na_public_ipv4","netbox_custom_field.na_public_ipv6","netbox_custom_field.na_server_id","netbox_custom_field.zz_bgp_connection_info","netbox_custom_field.zz_bgp_local_info","netbox_custom_field.zz_bgp_remote_info","netbox_custom_field.zz_bgp_routes_info","netbox_tag.anycast"]}]},{"module":"module.pop[\"SEA\"].module.netbox","mode":"managed","type":"netbox_ip_address","name":"public_v4","provider":"provider[\"registry.opentofu.org/e-breuninger/netbox\"]","instances":[{"index_key":"w01","schema_version":0,"attributes":{"custom_fields":null,"description":"","device_interface_id":null,"dns_name":"anycast-ingress-sea-w01.worker.demo","id":"232","interface_id":null,"ip_address":"192.73.240.53/32","nat_inside_address_id":0,"nat_outside_addresses":[],"object_type":null,"role":"","status":"active","tags":[],"tags_all":[],"tenant_id":0,"virtual_machine_interface_id":98,"vrf_id":0},"sensitive_attributes":[],"private":"bnVsbA==","dependencies":["module.pop.module.netactuate.data.netactuate_bgp_sessions.vm","module.pop.module.netactuate.data.netactuate_server.vm","module.pop.module.netactuate.netactuate_bgp_sessions.provider","module.pop.module.netactuate.netactuate_server.vm","module.pop.module.netbox.netbox_cluster.this","module.pop.module.netbox.netbox_interface.eth0","module.pop.module.netbox.netbox_site.this","module.pop.module.netbox.netbox_virtual_machine.vm","netbox_cluster_type.hypervisor","netbox_custom_field.na_asn","netbox_custom_field.na_bgp_ipv4_prefix","netbox_custom_field.na_bgp_peers","netbox_custom_field.na_bgp_session_details","netbox_custom_field.na_contract_id","netbox_custom_field.na_image","netbox_custom_field.na_image_id","netbox_custom_field.na_location_id","netbox_custom_field.na_plan","netbox_custom_field.na_plan_id","netbox_custom_field.na_public_ipv4","netbox_custom_field.na_public_ipv6","netbox_custom_field.na_server_id","netbox_custom_field.zz_bgp_connection_info","netbox_custom_field.zz_bgp_local_info","netbox_custom_field.zz_bgp_remote_info","netbox_custom_field.zz_bgp_routes_info","netbox_tag.anycast"]},{"index_key":"w02","schema_version":0,"attributes":{"custom_fields":null,"description":"","device_interface_id":null,"dns_name":"anycast-ingress-sea-w02.worker.demo","id":"262","interface_id":null,"ip_address":"192.73.240.93/32","nat_inside_address_id":0,"nat_outside_addresses":[],"object_type":null,"role":"","status":"active","tags":[],"tags_all":[],"tenant_id":0,"virtual_machine_interface_id":100,"vrf_id":0},"sensitive_attributes":[],"private":"bnVsbA==","dependencies":["module.pop.module.netactuate.data.netactuate_bgp_sessions.vm","module.pop.module.netactuate.data.netactuate_server.vm","module.pop.module.netactuate.netactuate_bgp_sessions.provider","module.pop.module.netactuate.netactuate_server.vm","module.pop.module.netbox.netbox_cluster.this","module.pop.module.netbox.netbox_interface.eth0","module.pop.module.netbox.netbox_site.this","module.pop.module.netbox.netbox_virtual_machine.vm","netbox_cluster_type.hypervisor","netbox_custom_field.na_asn","netbox_custom_field.na_bgp_ipv4_prefix","netbox_custom_field.na_bgp_peers","netbox_custom_field.na_bgp_session_details","netbox_custom_field.na_contract_id","netbox_custom_field.na_image","netbox_custom_field.na_image_id","netbox_custom_field.na_location_id","netbox_custom_field.na_plan","netbox_custom_field.na_plan_id","netbox_custom_field.na_public_ipv4","netbox_custom_field.na_public_ipv6","netbox_custom_field.na_server_id","netbox_custom_field.zz_bgp_connection_info","netbox_custom_field.zz_bgp_local_info","netbox_custom_field.zz_bgp_remote_info","netbox_custom_field.zz_bgp_routes_info","netbox_tag.anycast"]}]},{"module":"module.pop[\"SEA\"].module.netbox","mode":"managed","type":"netbox_ip_address","name":"public_v6","provider":"provider[\"registry.opentofu.org/e-breuninger/netbox\"]","instances":[{"index_key":"w01","schema_version":0,"attributes":{"custom_fields":null,"description":"","device_interface_id":null,"dns_name":"anycast-ingress-sea-w01.worker.demo","id":"233","interface_id":null,"ip_address":"2607:f740:14::9be/128","nat_inside_address_id":0,"nat_outside_addresses":[],"object_type":null,"role":"","status":"active","tags":[],"tags_all":[],"tenant_id":0,"virtual_machine_interface_id":98,"vrf_id":0},"sensitive_attributes":[],"private":"bnVsbA==","dependencies":["module.pop.module.netactuate.data.netactuate_bgp_sessions.vm","module.pop.module.netactuate.data.netactuate_server.vm","module.pop.module.netactuate.netactuate_bgp_sessions.provider","module.pop.module.netactuate.netactuate_server.vm","module.pop.module.netbox.netbox_cluster.this","module.pop.module.netbox.netbox_interface.eth0","module.pop.module.netbox.netbox_site.this","module.pop.module.netbox.netbox_virtual_machine.vm","netbox_cluster_type.hypervisor","netbox_custom_field.na_asn","netbox_custom_field.na_bgp_ipv4_prefix","netbox_custom_field.na_bgp_peers","netbox_custom_field.na_bgp_session_details","netbox_custom_field.na_contract_id","netbox_custom_field.na_image","netbox_custom_field.na_image_id","netbox_custom_field.na_location_id","netbox_custom_field.na_plan","netbox_custom_field.na_plan_id","netbox_custom_field.na_public_ipv4","netbox_custom_field.na_public_ipv6","netbox_custom_field.na_server_id","netbox_custom_field.zz_bgp_connection_info","netbox_custom_field.zz_bgp_local_info","netbox_custom_field.zz_bgp_remote_info","netbox_custom_field.zz_bgp_routes_info","netbox_tag.anycast"]},{"index_key":"w02","schema_version":0,"attributes":{"custom_fields":null,"description":"","device_interface_id":null,"dns_name":"anycast-ingress-sea-w02.worker.demo","id":"263","interface_id":null,"ip_address":"2607:f740:14::caf/128","nat_inside_address_id":0,"nat_outside_addresses":[],"object_type":null,"role":"","status":"active","tags":[],"tags_all":[],"tenant_id":0,"virtual_machine_interface_id":100,"vrf_id":0},"sensitive_attributes":[],"private":"bnVsbA==","dependencies":["module.pop.module.netactuate.data.netactuate_bgp_sessions.vm","module.pop.module.netactuate.data.netactuate_server.vm","module.pop.module.netactuate.netactuate_bgp_sessions.provider","module.pop.module.netactuate.netactuate_server.vm","module.pop.module.netbox.netbox_cluster.this","module.pop.module.netbox.netbox_interface.eth0","module.pop.module.netbox.netbox_site.this","module.pop.module.netbox.netbox_virtual_machine.vm","netbox_cluster_type.hypervisor","netbox_custom_field.na_asn","netbox_custom_field.na_bgp_ipv4_prefix","netbox_custom_field.na_bgp_peers","netbox_custom_field.na_bgp_session_details","netbox_custom_field.na_contract_id","netbox_custom_field.na_image","netbox_custom_field.na_image_id","netbox_custom_field.na_location_id","netbox_custom_field.na_plan","netbox_custom_field.na_plan_id","netbox_custom_field.na_public_ipv4","netbox_custom_field.na_public_ipv6","netbox_custom_field.na_server_id","netbox_custom_field.zz_bgp_connection_info","netbox_custom_field.zz_bgp_local_info","netbox_custom_field.zz_bgp_remote_info","netbox_custom_field.zz_bgp_routes_info","netbox_tag.anycast"]}]},{"module":"module.pop[\"SEA\"].module.netbox","mode":"managed","type":"netbox_primary_ip","name":"vm_primary_v4","provider":"provider[\"registry.opentofu.org/e-breuninger/netbox\"]","instances":[{"index_key":"w01","schema_version":0,"attributes":{"id":"98","ip_address_id":232,"ip_address_version":4,"virtual_machine_id":98},"sensitive_attributes":[],"private":"bnVsbA==","dependencies":["module.pop.module.netactuate.data.netactuate_bgp_sessions.vm","module.pop.module.netactuate.data.netactuate_server.vm","module.pop.module.netactuate.netactuate_bgp_sessions.provider","module.pop.module.netactuate.netactuate_server.vm","module.pop.module.netbox.netbox_cluster.this","module.pop.module.netbox.netbox_interface.eth0","module.pop.module.netbox.netbox_ip_address.public_v4","module.pop.module.netbox.netbox_site.this","module.pop.module.netbox.netbox_virtual_machine.vm","netbox_cluster_type.hypervisor","netbox_custom_field.na_asn","netbox_custom_field.na_bgp_ipv4_prefix","netbox_custom_field.na_bgp_peers","netbox_custom_field.na_bgp_session_details","netbox_custom_field.na_contract_id","netbox_custom_field.na_image","netbox_custom_field.na_image_id","netbox_custom_field.na_location_id","netbox_custom_field.na_plan","netbox_custom_field.na_plan_id","netbox_custom_field.na_public_ipv4","netbox_custom_field.na_public_ipv6","netbox_custom_field.na_server_id","netbox_custom_field.zz_bgp_connection_info","netbox_custom_field.zz_bgp_local_info","netbox_custom_field.zz_bgp_remote_info","netbox_custom_field.zz_bgp_routes_info","netbox_tag.anycast"]},{"index_key":"w02","schema_version":0,"attributes":{"id":"100","ip_address_id":262,"ip_address_version":4,"virtual_machine_id":100},"sensitive_attributes":[],"private":"bnVsbA==","dependencies":["module.pop.module.netactuate.data.netactuate_bgp_sessions.vm","module.pop.module.netactuate.data.netactuate_server.vm","module.pop.module.netactuate.netactuate_bgp_sessions.provider","module.pop.module.netactuate.netactuate_server.vm","module.pop.module.netbox.netbox_cluster.this","module.pop.module.netbox.netbox_interface.eth0","module.pop.module.netbox.netbox_ip_address.public_v4","module.pop.module.netbox.netbox_site.this","module.pop.module.netbox.netbox_virtual_machine.vm","netbox_cluster_type.hypervisor","netbox_custom_field.na_asn","netbox_custom_field.na_bgp_ipv4_prefix","netbox_custom_field.na_bgp_peers","netbox_custom_field.na_bgp_session_details","netbox_custom_field.na_contract_id","netbox_custom_field.na_image","netbox_custom_field.na_image_id","netbox_custom_field.na_location_id","netbox_custom_field.na_plan","netbox_custom_field.na_plan_id","netbox_custom_field.na_public_ipv4","netbox_custom_field.na_public_ipv6","netbox_custom_field.na_server_id","netbox_custom_field.zz_bgp_connection_info","netbox_custom_field.zz_bgp_local_info","netbox_custom_field.zz_bgp_remote_info","netbox_custom_field.zz_bgp_routes_info","netbox_tag.anycast"]}]},{"module":"module.pop[\"SEA\"].module.netbox","mode":"managed","type":"netbox_service","name":"bgp179","provider":"provider[\"registry.opentofu.org/e-breuninger/netbox\"]","instances":[{"index_key":"w01","schema_version":0,"attributes":{"custom_fields":null,"description":"Anycast ingress BGP (TCP/179)","device_id":0,"id":"98","name":"bgp","port":null,"ports":[179],"protocol":"tcp","tags":[],"tags_all":[],"virtual_machine_id":98},"sensitive_attributes":[],"private":"bnVsbA==","dependencies":["module.pop.module.netactuate.data.netactuate_bgp_sessions.vm","module.pop.module.netactuate.data.netactuate_server.vm","module.pop.module.netactuate.netactuate_bgp_sessions.provider","module.pop.module.netactuate.netactuate_server.vm","module.pop.module.netbox.netbox_cluster.this","module.pop.module.netbox.netbox_site.this","module.pop.module.netbox.netbox_virtual_machine.vm","netbox_cluster_type.hypervisor","netbox_custom_field.na_asn","netbox_custom_field.na_bgp_ipv4_prefix","netbox_custom_field.na_bgp_peers","netbox_custom_field.na_bgp_session_details","netbox_custom_field.na_contract_id","netbox_custom_field.na_image","netbox_custom_field.na_image_id","netbox_custom_field.na_location_id","netbox_custom_field.na_plan","netbox_custom_field.na_plan_id","netbox_custom_field.na_public_ipv4","netbox_custom_field.na_public_ipv6","netbox_custom_field.na_server_id","netbox_custom_field.zz_bgp_connection_info","netbox_custom_field.zz_bgp_local_info","netbox_custom_field.zz_bgp_remote_info","netbox_custom_field.zz_bgp_routes_info","netbox_tag.anycast"]},{"index_key":"w02","schema_version":0,"attributes":{"custom_fields":null,"description":"Anycast ingress BGP (TCP/179)","device_id":0,"id":"100","name":"bgp","port":null,"ports":[179],"protocol":"tcp","tags":[],"tags_all":[],"virtual_machine_id":100},"sensitive_attributes":[],"private":"bnVsbA==","dependencies":["module.pop.module.netactuate.data.netactuate_bgp_sessions.vm","module.pop.module.netactuate.data.netactuate_server.vm","module.pop.module.netactuate.netactuate_bgp_sessions.provider","module.pop.module.netactuate.netactuate_server.vm","module.pop.module.netbox.netbox_cluster.this","module.pop.module.netbox.netbox_site.this","module.pop.module.netbox.netbox_virtual_machine.vm","netbox_cluster_type.hypervisor","netbox_custom_field.na_asn","netbox_custom_field.na_bgp_ipv4_prefix","netbox_custom_field.na_bgp_peers","netbox_custom_field.na_bgp_session_details","netbox_custom_field.na_contract_id","netbox_custom_field.na_image","netbox_custom_field.na_image_id","netbox_custom_field.na_location_id","netbox_custom_field.na_plan","netbox_custom_field.na_plan_id","netbox_custom_field.na_public_ipv4","netbox_custom_field.na_public_ipv6","netbox_custom_field.na_server_id","netbox_custom_field.zz_bgp_connection_info","netbox_custom_field.zz_bgp_local_info","netbox_custom_field.zz_bgp_remote_info","netbox_custom_field.zz_bgp_routes_info","netbox_tag.anycast"]}]},{"module":"module.pop[\"SEA\"].module.netbox","mode":"managed","type":"netbox_site","name":"this","provider":"provider[\"registry.opentofu.org/e-breuninger/netbox\"]","instances":[{"schema_version":0,"attributes":{"asn_ids":[],"comments":"","custom_fields":null,"description":"NetActuate PoP SEA","facility":"","group_id":0,"id":"101","latitude":0,"longitude":0,"name":"SEA","physical_address":"","region_id":0,"shipping_address":"","slug":"sea","status":"active","tags":[],"tags_all":[],"tenant_id":0,"timezone":""},"sensitive_attributes":[],"private":"bnVsbA==","dependencies":["module.pop.module.netactuate.data.netactuate_bgp_sessions.vm","module.pop.module.netactuate.data.netactuate_server.vm","module.pop.module.netactuate.netactuate_bgp_sessions.provider","module.pop.module.netactuate.netactuate_server.vm","netbox_custom_field.na_asn","netbox_custom_field.na_bgp_ipv4_prefix","netbox_custom_field.na_bgp_peers","netbox_custom_field.na_bgp_session_details","netbox_custom_field.na_contract_id","netbox_custom_field.na_image","netbox_custom_field.na_image_id","netbox_custom_field.na_location_id","netbox_custom_field.na_plan","netbox_custom_field.na_plan_id","netbox_custom_field.na_public_ipv4","netbox_custom_field.na_public_ipv6","netbox_custom_field.na_server_id","netbox_custom_field.zz_bgp_connection_info","netbox_custom_field.zz_bgp_local_info","netbox_custom_field.zz_bgp_remote_info","netbox_custom_field.zz_bgp_routes_info"]}]},{"module":"module.pop[\"SEA\"].module.netbox","mode":"managed","type":"netbox_virtual_machine","name":"vm","provider":"provider[\"registry.opentofu.org/e-breuninger/netbox\"]","instances":[{"index_key":"w01","schema_version":2,"attributes":{"cluster_id":101,"comments":"NetActuate Server Details:\n  Server ID: 572466\n  Contract ID: 440\n  Location ID: 124\n  Image: Ubuntu 24.04 LTS (20240423) (ID 5787)\n  IPv4 Prefix: 45.54.50.0/24\n\nBGP Local Info:\n  Hostname: anycast-ingress-sea-w01.worker.demo\n  Local ASN: 63911\n  Public IPv4: 192.73.240.53\n  Public IPv6: 2607:f740:14::9be\n  Customer IPs: 2607:f740:14::9be, 192.73.240.53\n\nBGP Remote Info:\n  Group: Craig's DevOps Demos\n  Provider ASN: 36236\n  Provider IPv4: 192.73.240.46\n  Provider IPv6: 2607:f740:14::693\n\nBGP Connection Status:\n  2607:f740:14::693 (ipv6): state=Active config=1 last=2025-10-13 01:48:40\n  192.73.240.46 (ipv4): state=Established config=1 last=2025-10-13 01:48:44\n\nBGP Routes:\n  45.54.50.0/24 via 192.73.240.53 (origin 63911)\n\nBGP Sessions JSON:\n  {\"ipv4|192.73.240.46\":{\"description\":\"Craig's DevOps Demos - SEA - anycast-ingress-sea-w01.worker.demo IPv4\",\"group_id\":3247,\"group_name\":\"Craig's DevOps Demos\",\"provider_asn\":\"36236\",\"remote_ip\":\"192.73.240.46\",\"remote_ip_type\":\"ipv4\",\"status\":\"active\"},\"ipv6|2607:f740:14::693\":{\"description\":\"Craig's DevOps Demos - SEA - anycast-ingress-sea-w01.worker.demo IPv6\",\"group_id\":3247,\"group_name\":\"Craig's DevOps Demos\",\"provider_asn\":\"36236\",\"remote_ip\":\"2607:f740:14::693\",\"remote_ip_type\":\"ipv6\",\"status\":\"failed\"}}\n\nBGP Session Details JSON:\n  [{\"config_status\":\"1\",\"customer_peer_ip\":\"2607:f740:14::9be\",\"description\":\"Craig's DevOps Demos - SEA - anycast-ingress-sea-w01.worker.demo IPv6\",\"group_id\":3247,\"group_name\":\"Craig's DevOps Demos\",\"last_update\":\"2025-10-13 01:48:40\",\"provider_asn\":\"36236\",\"remote_ip\":\"2607:f740:14::693\",\"remote_ip_type\":\"ipv6\",\"routes\":[],\"session_name\":\"\",\"state\":\"Active\"},{\"config_status\":\"1\",\"customer_peer_ip\":\"192.73.240.53\",\"description\":\"Craig's DevOps Demos - SEA - anycast-ingress-sea-w01.worker.demo IPv4\",\"group_id\":3247,\"group_name\":\"Craig's DevOps Demos\",\"last_update\":\"2025-10-13 01:48:44\",\"provider_asn\":\"36236\",\"remote_ip\":\"192.73.240.46\",\"remote_ip_type\":\"ipv4\",\"routes\":[{\"metric_loc_prf_weight\":0,\"next_hop\":\"192.73.240.53\",\"origin\":\"63911\",\"path\":[\"63911\"],\"prefix\":\"45.54.50.0/24\"}],\"session_name\":\"\",\"state\":\"Established\"}]","custom_fields":{"na_asn":"63911","na_bgp_ipv4_prefix":"45.54.50.0/24","na_bgp_peers":"{\"ipv4|192.73.240.46\":{\"description\":\"Craig's DevOps Demos - SEA - anycast-ingress-sea-w01.worker.demo IPv4\",\"group_id\":3247,\"group_name\":\"Craig's DevOps Demos\",\"provider_asn\":\"36236\",\"remote_ip\":\"192.73.240.46\",\"remote_ip_type\":\"ipv4\",\"status\":\"active\"},\"ipv6|2607:f740:14::693\":{\"description\":\"Craig's DevOps Demos - SEA - anycast-ingress-sea-w01.worker.demo IPv6\",\"group_id\":3247,\"group_name\":\"Craig's DevOps Demos\",\"provider_asn\":\"36236\",\"remote_ip\":\"2607:f740:14::693\",\"remote_ip_type\":\"ipv6\",\"status\":\"failed\"}}","na_bgp_session_details":"[{\"config_status\":\"1\",\"customer_peer_ip\":\"2607:f740:14::9be\",\"description\":\"Craig's DevOps Demos - SEA - anycast-ingress-sea-w01.worker.demo IPv6\",\"group_id\":3247,\"group_name\":\"Craig's DevOps Demos\",\"last_update\":\"2025-10-13 01:48:40\",\"provider_asn\":\"36236\",\"remote_ip\":\"2607:f740:14::693\",\"remote_ip_type\":\"ipv6\",\"routes\":[],\"session_name\":\"\",\"state\":\"Active\"},{\"config_status\":\"1\",\"customer_peer_ip\":\"192.73.240.53\",\"description\":\"Craig's DevOps Demos - SEA - anycast-ingress-sea-w01.worker.demo IPv4\",\"group_id\":3247,\"group_name\":\"Craig's DevOps Demos\",\"last_update\":\"2025-10-13 01:48:44\",\"provider_asn\":\"36236\",\"remote_ip\":\"192.73.240.46\",\"remote_ip_type\":\"ipv4\",\"routes\":[{\"metric_loc_prf_weight\":0,\"next_hop\":\"192.73.240.53\",\"origin\":\"63911\",\"path\":[\"63911\"],\"prefix\":\"45.54.50.0/24\"}],\"session_name\":\"\",\"state\":\"Established\"}]","na_contract_id":"440","na_image":"Ubuntu 24.04 LTS (20240423)","na_image_id":"5787","na_location_id":"124","na_plan":"VR1x1x25","na_plan_id":"668","na_public_ipv4":"192.73.240.53","na_public_ipv6":"2607:f740:14::9be","na_server_id":"572466","zz_bgp_connection_info":"2607:f740:14::693 (ipv6): state=Active config=1 last=2025-10-13 01:48:40\n192.73.240.46 (ipv4): state=Established config=1 last=2025-10-13 01:48:44","zz_bgp_local_info":"Hostname: anycast-ingress-sea-w01.worker.demo\nLocal ASN: 63911\nPublic IPv4: 192.73.240.53\nPublic IPv6: 2607:f740:14::9be\nCustomer IPs: 2607:f740:14::9be, 192.73.240.53","zz_bgp_remote_info":"Group: Craig's DevOps Demos\nProvider ASN: 36236\nProvider IPv4: 192.73.240.46\nProvider IPv6: 2607:f740:14::693","zz_bgp_routes_info":"45.54.50.0/24 via 192.73.240.53 (origin 63911)"},"description":"NetActuate plan VR1x1x25","device_id":0,"disk_size_mb":25600,"id":"98","local_context_data":"","memory_mb":1024,"name":"anycast-ingress-sea-w01.worker.demo","platform_id":0,"primary_ipv4":232,"primary_ipv6":0,"role_id":0,"site_id":101,"status":"active","tags":["anycast"],"tags_all":["anycast"],"tenant_id":0,"vcpus":1},"sensitive_attributes":[],"private":"eyJzY2hlbWFfdmVyc2lvbiI6IjIifQ==","dependencies":["module.pop.module.netactuate.data.netactuate_bgp_sessions.vm","module.pop.module.netactuate.data.netactuate_server.vm","module.pop.module.netactuate.netactuate_bgp_sessions.provider","module.pop.module.netactuate.netactuate_server.vm","module.pop.module.netbox.netbox_cluster.this","module.pop.module.netbox.netbox_site.this","netbox_cluster_type.hypervisor","netbox_custom_field.na_asn","netbox_custom_field.na_bgp_ipv4_prefix","netbox_custom_field.na_bgp_peers","netbox_custom_field.na_bgp_session_details","netbox_custom_field.na_contract_id","netbox_custom_field.na_image","netbox_custom_field.na_image_id","netbox_custom_field.na_location_id","netbox_custom_field.na_plan","netbox_custom_field.na_plan_id","netbox_custom_field.na_public_ipv4","netbox_custom_field.na_public_ipv6","netbox_custom_field.na_server_id","netbox_custom_field.zz_bgp_connection_info","netbox_custom_field.zz_bgp_local_info","netbox_custom_field.zz_bgp_remote_info","netbox_custom_field.zz_bgp_routes_info","netbox_tag.anycast"]},{"index_key":"w02","schema_version":2,"attributes":{"cluster_id":101,"comments":"NetActuate Server Details:\n  Server ID: 572476\n  Contract ID: 440\n  Location ID: 124\n  Image: Ubuntu 24.04 LTS (20240423) (ID 5787)\n  IPv4 Prefix: 45.54.50.0/24\n\nBGP Local Info:\n  Hostname: anycast-ingress-sea-w02.worker.demo\n  Local ASN: 63911\n  Public IPv4: 192.73.240.93\n  Public IPv6: 2607:f740:14::caf\n  Customer IPs: 2607:f740:14::caf, 192.73.240.93\n\nBGP Remote Info:\n  Group: Craig's DevOps Demos\n  Provider ASN: 36236\n  Provider IPv4: 192.73.240.206\n  Provider IPv6: 2607:f740:14::403\n\nBGP Connection Status:\n  2607:f740:14::403 (ipv6): state=Active config=1 last=2025-10-13 01:48:44\n  192.73.240.206 (ipv4): state=Established config=1 last=2025-10-13 01:48:52\n\nBGP Routes:\n  45.54.50.0/24 via 192.73.240.93 (origin 63911)\n\nBGP Sessions JSON:\n  {\"ipv4|192.73.240.206\":{\"description\":\"Craig's DevOps Demos - SEA - anycast-ingress-sea-w02.worker.demo IPv4\",\"group_id\":3247,\"group_name\":\"Craig's DevOps Demos\",\"provider_asn\":\"36236\",\"remote_ip\":\"192.73.240.206\",\"remote_ip_type\":\"ipv4\",\"status\":\"active\"},\"ipv6|2607:f740:14::403\":{\"description\":\"Craig's DevOps Demos - SEA - anycast-ingress-sea-w02.worker.demo IPv6\",\"group_id\":3247,\"group_name\":\"Craig's DevOps Demos\",\"provider_asn\":\"36236\",\"remote_ip\":\"2607:f740:14::403\",\"remote_ip_type\":\"ipv6\",\"status\":\"failed\"}}\n\nBGP Session Details JSON:\n  [{\"config_status\":\"1\",\"customer_peer_ip\":\"2607:f740:14::caf\",\"description\":\"Craig's DevOps Demos - SEA - anycast-ingress-sea-w02.worker.demo IPv6\",\"group_id\":3247,\"group_name\":\"Craig's DevOps Demos\",\"last_update\":\"2025-10-13 01:48:44\",\"provider_asn\":\"36236\",\"remote_ip\":\"2607:f740:14::403\",\"remote_ip_type\":\"ipv6\",\"routes\":[],\"session_name\":\"\",\"state\":\"Active\"},{\"config_status\":\"1\",\"customer_peer_ip\":\"192.73.240.93\",\"description\":\"Craig's DevOps Demos - SEA - anycast-ingress-sea-w02.worker.demo IPv4\",\"group_id\":3247,\"group_name\":\"Craig's DevOps Demos\",\"last_update\":\"2025-10-13 01:48:52\",\"provider_asn\":\"36236\",\"remote_ip\":\"192.73.240.206\",\"remote_ip_type\":\"ipv4\",\"routes\":[{\"metric_loc_prf_weight\":0,\"next_hop\":\"192.73.240.93\",\"origin\":\"63911\",\"path\":[\"63911\"],\"prefix\":\"45.54.50.0/24\"}],\"session_name\":\"\",\"state\":\"Established\"}]","custom_fields":{"na_asn":"63911","na_bgp_ipv4_prefix":"45.54.50.0/24","na_bgp_peers":"{\"ipv4|192.73.240.206\":{\"description\":\"Craig's DevOps Demos - SEA - anycast-ingress-sea-w02.worker.demo IPv4\",\"group_id\":3247,\"group_name\":\"Craig's DevOps Demos\",\"provider_asn\":\"36236\",\"remote_ip\":\"192.73.240.206\",\"remote_ip_type\":\"ipv4\",\"status\":\"active\"},\"ipv6|2607:f740:14::403\":{\"description\":\"Craig's DevOps Demos - SEA - anycast-ingress-sea-w02.worker.demo IPv6\",\"group_id\":3247,\"group_name\":\"Craig's DevOps Demos\",\"provider_asn\":\"36236\",\"remote_ip\":\"2607:f740:14::403\",\"remote_ip_type\":\"ipv6\",\"status\":\"failed\"}}","na_bgp_session_details":"[{\"config_status\":\"1\",\"customer_peer_ip\":\"2607:f740:14::caf\",\"description\":\"Craig's DevOps Demos - SEA - anycast-ingress-sea-w02.worker.demo IPv6\",\"group_id\":3247,\"group_name\":\"Craig's DevOps Demos\",\"last_update\":\"2025-10-13 01:48:44\",\"provider_asn\":\"36236\",\"remote_ip\":\"2607:f740:14::403\",\"remote_ip_type\":\"ipv6\",\"routes\":[],\"session_name\":\"\",\"state\":\"Active\"},{\"config_status\":\"1\",\"customer_peer_ip\":\"192.73.240.93\",\"description\":\"Craig's DevOps Demos - SEA - anycast-ingress-sea-w02.worker.demo IPv4\",\"group_id\":3247,\"group_name\":\"Craig's DevOps Demos\",\"last_update\":\"2025-10-13 01:48:52\",\"provider_asn\":\"36236\",\"remote_ip\":\"192.73.240.206\",\"remote_ip_type\":\"ipv4\",\"routes\":[{\"metric_loc_prf_weight\":0,\"next_hop\":\"192.73.240.93\",\"origin\":\"63911\",\"path\":[\"63911\"],\"prefix\":\"45.54.50.0/24\"}],\"session_name\":\"\",\"state\":\"Established\"}]","na_contract_id":"440","na_image":"Ubuntu 24.04 LTS (20240423)","na_image_id":"5787","na_location_id":"124","na_plan":"VR1x1x25","na_plan_id":"668","na_public_ipv4":"192.73.240.93","na_public_ipv6":"2607:f740:14::caf","na_server_id":"572476","zz_bgp_connection_info":"2607:f740:14::403 (ipv6): state=Active config=1 last=2025-10-13 01:48:44\n192.73.240.206 (ipv4): state=Established config=1 last=2025-10-13 01:48:52","zz_bgp_local_info":"Hostname: anycast-ingress-sea-w02.worker.demo\nLocal ASN: 63911\nPublic IPv4: 192.73.240.93\nPublic IPv6: 2607:f740:14::caf\nCustomer IPs: 2607:f740:14::caf, 192.73.240.93","zz_bgp_remote_info":"Group: Craig's DevOps Demos\nProvider ASN: 36236\nProvider IPv4: 192.73.240.206\nProvider IPv6: 2607:f740:14::403","zz_bgp_routes_info":"45.54.50.0/24 via 192.73.240.93 (origin 63911)"},"description":"NetActuate plan VR1x1x25","device_id":0,"disk_size_mb":25600,"id":"100","local_context_data":"","memory_mb":1024,"name":"anycast-ingress-sea-w02.worker.demo","platform_id":0,"primary_ipv4":262,"primary_ipv6":0,"role_id":0,"site_id":101,"status":"active","tags":["anycast"],"tags_all":["anycast"],"tenant_id":0,"vcpus":1},"sensitive_attributes":[],"private":"eyJzY2hlbWFfdmVyc2lvbiI6IjIifQ==","dependencies":["module.pop.module.netactuate.data.netactuate_bgp_sessions.vm","module.pop.module.netactuate.data.netactuate_server.vm","module.pop.module.netactuate.netactuate_bgp_sessions.provider","module.pop.module.netactuate.netactuate_server.vm","module.pop.module.netbox.netbox_cluster.this","module.pop.module.netbox.netbox_site.this","netbox_cluster_type.hypervisor","netbox_custom_field.na_asn","netbox_custom_field.na_bgp_ipv4_prefix","netbox_custom_field.na_bgp_peers","netbox_custom_field.na_bgp_session_details","netbox_custom_field.na_contract_id","netbox_custom_field.na_image","netbox_custom_field.na_image_id","netbox_custom_field.na_location_id","netbox_custom_field.na_plan","netbox_custom_field.na_plan_id","netbox_custom_field.na_public_ipv4","netbox_custom_field.na_public_ipv6","netbox_custom_field.na_server_id","netbox_custom_field.zz_bgp_connection_info","netbox_custom_field.zz_bgp_local_info","netbox_custom_field.zz_bgp_remote_info","netbox_custom_field.zz_bgp_routes_info","netbox_tag.anycast"]}]}],"check_results":null}
