{"version":4,"terraform_version":"1.10.6","serial":331,"lineage":"8edaaaf4-6e31-1818-6c7f-189123f9a35f","outputs":{"ansible_inventory_json":{"value":{"all":{"hosts":{"anycast-ingress-acc.worker.demo":{"ansible_host":"102.213.153.16","hostname":"anycast-ingress-acc.worker.demo"},"anycast-ingress-ams.worker.demo":{"ansible_host":"176.58.93.156","hostname":"anycast-ingress-ams.worker.demo"},"anycast-ingress-atl.worker.demo":{"ansible_host":"104.225.125.233","hostname":"anycast-ingress-atl.worker.demo"},"anycast-ingress-bom.worker.demo":{"ansible_host":"59.153.13.4","hostname":"anycast-ingress-bom.worker.demo"},"anycast-ingress-cdg.worker.demo":{"ansible_host":"176.58.90.141","hostname":"anycast-ingress-cdg.worker.demo"},"anycast-ingress-chi.worker.demo":{"ansible_host":"209.177.158.233","hostname":"anycast-ingress-chi.worker.demo"},"anycast-ingress-den.worker.demo":{"ansible_host":"192.73.242.78","hostname":"anycast-ingress-den.worker.demo"},"anycast-ingress-dfw.worker.demo":{"ansible_host":"192.73.248.213","hostname":"anycast-ingress-dfw.worker.demo"},"anycast-ingress-dub.worker.demo":{"ansible_host":"185.34.0.236","hostname":"anycast-ingress-dub.worker.demo"},"anycast-ingress-dxb.worker.demo":{"ansible_host":"185.34.3.126","hostname":"anycast-ingress-dxb.worker.demo"},"anycast-ingress-fra.worker.demo":{"ansible_host":"185.40.234.215","hostname":"anycast-ingress-fra.worker.demo"},"anycast-ingress-gru.worker.demo":{"ansible_host":"148.163.220.121","hostname":"anycast-ingress-gru.worker.demo"},"anycast-ingress-hkg.worker.demo":{"ansible_host":"103.6.84.125","hostname":"anycast-ingress-hkg.worker.demo"},"anycast-ingress-iad3.worker.demo":{"ansible_host":"104.225.11.116","hostname":"anycast-ingress-iad3.worker.demo"},"anycast-ingress-jnb.worker.demo":{"ansible_host":"102.67.165.129","hostname":"anycast-ingress-jnb.worker.demo"},"anycast-ingress-lax.worker.demo":{"ansible_host":"192.73.244.148","hostname":"anycast-ingress-lax.worker.demo"},"anycast-ingress-lga.worker.demo":{"ansible_host":"209.177.145.228","hostname":"anycast-ingress-lga.worker.demo"},"anycast-ingress-lhr.worker.demo":{"ansible_host":"176.58.92.119","hostname":"anycast-ingress-lhr.worker.demo"},"anycast-ingress-maa.worker.demo":{"ansible_host":"103.6.87.36","hostname":"anycast-ingress-maa.worker.demo"},"anycast-ingress-mad.worker.demo":{"ansible_host":"45.159.97.59","hostname":"anycast-ingress-mad.worker.demo"},"anycast-ingress-man.worker.demo":{"ansible_host":"45.159.99.236","hostname":"anycast-ingress-man.worker.demo"},"anycast-ingress-mci.worker.demo":{"ansible_host":"104.225.19.229","hostname":"anycast-ingress-mci.worker.demo"},"anycast-ingress-mia.worker.demo":{"ansible_host":"192.73.243.31","hostname":"anycast-ingress-mia.worker.demo"},"anycast-ingress-nbo.worker.demo":{"ansible_host":"102.67.167.162","hostname":"anycast-ingress-nbo.worker.demo"},"anycast-ingress-otp.worker.demo":{"ansible_host":"185.40.235.254","hostname":"anycast-ingress-otp.worker.demo"},"anycast-ingress-pdx.worker.demo":{"ansible_host":"104.225.28.189","hostname":"anycast-ingress-pdx.worker.demo"},"anycast-ingress-phx.worker.demo":{"ansible_host":"104.225.103.146","hostname":"anycast-ingress-phx.worker.demo"},"anycast-ingress-rdu.worker.demo":{"ansible_host":"104.225.1.79","hostname":"anycast-ingress-rdu.worker.demo"},"anycast-ingress-scl.worker.demo":{"ansible_host":"148.163.223.32","hostname":"anycast-ingress-scl.worker.demo"},"anycast-ingress-sea.worker.demo":{"ansible_host":"192.73.240.163","hostname":"anycast-ingress-sea.worker.demo"},"anycast-ingress-sin.worker.demo":{"ansible_host":"43.245.49.137","hostname":"anycast-ingress-sin.worker.demo"},"anycast-ingress-sjc.worker.demo":{"ansible_host":"208.111.39.219","hostname":"anycast-ingress-sjc.worker.demo"},"anycast-ingress-syd.worker.demo":{"ansible_host":"43.245.48.176","hostname":"anycast-ingress-syd.worker.demo"},"anycast-ingress-tor.worker.demo":{"ansible_host":"162.248.221.93","hostname":"anycast-ingress-tor.worker.demo"},"anycast-ingress-tyo.worker.demo":{"ansible_host":"103.84.155.214","hostname":"anycast-ingress-tyo.worker.demo"},"anycast-ingress-waw.worker.demo":{"ansible_host":"45.159.98.231","hostname":"anycast-ingress-waw.worker.demo"},"anycast-ingress-yul.worker.demo":{"ansible_host":"104.225.25.135","hostname":"anycast-ingress-yul.worker.demo"}}}},"type":["object",{"all":["object",{"hosts":["object",{"anycast-ingress-acc.worker.demo":["object",{"ansible_host":"string","hostname":"string"}],"anycast-ingress-ams.worker.demo":["object",{"ansible_host":"string","hostname":"string"}],"anycast-ingress-atl.worker.demo":["object",{"ansible_host":"string","hostname":"string"}],"anycast-ingress-bom.worker.demo":["object",{"ansible_host":"string","hostname":"string"}],"anycast-ingress-cdg.worker.demo":["object",{"ansible_host":"string","hostname":"string"}],"anycast-ingress-chi.worker.demo":["object",{"ansible_host":"string","hostname":"string"}],"anycast-ingress-den.worker.demo":["object",{"ansible_host":"string","hostname":"string"}],"anycast-ingress-dfw.worker.demo":["object",{"ansible_host":"string","hostname":"string"}],"anycast-ingress-dub.worker.demo":["object",{"ansible_host":"string","hostname":"string"}],"anycast-ingress-dxb.worker.demo":["object",{"ansible_host":"string","hostname":"string"}],"anycast-ingress-fra.worker.demo":["object",{"ansible_host":"string","hostname":"string"}],"anycast-ingress-gru.worker.demo":["object",{"ansible_host":"string","hostname":"string"}],"anycast-ingress-hkg.worker.demo":["object",{"ansible_host":"string","hostname":"string"}],"anycast-ingress-iad3.worker.demo":["object",{"ansible_host":"string","hostname":"string"}],"anycast-ingress-jnb.worker.demo":["object",{"ansible_host":"string","hostname":"string"}],"anycast-ingress-lax.worker.demo":["object",{"ansible_host":"string","hostname":"string"}],"anycast-ingress-lga.worker.demo":["object",{"ansible_host":"string","hostname":"string"}],"anycast-ingress-lhr.worker.demo":["object",{"ansible_host":"string","hostname":"string"}],"anycast-ingress-maa.worker.demo":["object",{"ansible_host":"string","hostname":"string"}],"anycast-ingress-mad.worker.demo":["object",{"ansible_host":"string","hostname":"string"}],"anycast-ingress-man.worker.demo":["object",{"ansible_host":"string","hostname":"string"}],"anycast-ingress-mci.worker.demo":["object",{"ansible_host":"string","hostname":"string"}],"anycast-ingress-mia.worker.demo":["object",{"ansible_host":"string","hostname":"string"}],"anycast-ingress-nbo.worker.demo":["object",{"ansible_host":"string","hostname":"string"}],"anycast-ingress-otp.worker.demo":["object",{"ansible_host":"string","hostname":"string"}],"anycast-ingress-pdx.worker.demo":["object",{"ansible_host":"string","hostname":"string"}],"anycast-ingress-phx.worker.demo":["object",{"ansible_host":"string","hostname":"string"}],"anycast-ingress-rdu.worker.demo":["object",{"ansible_host":"string","hostname":"string"}],"anycast-ingress-scl.worker.demo":["object",{"ansible_host":"string","hostname":"string"}],"anycast-ingress-sea.worker.demo":["object",{"ansible_host":"string","hostname":"string"}],"anycast-ingress-sin.worker.demo":["object",{"ansible_host":"string","hostname":"string"}],"anycast-ingress-sjc.worker.demo":["object",{"ansible_host":"string","hostname":"string"}],"anycast-ingress-syd.worker.demo":["object",{"ansible_host":"string","hostname":"string"}],"anycast-ingress-tor.worker.demo":["object",{"ansible_host":"string","hostname":"string"}],"anycast-ingress-tyo.worker.demo":["object",{"ansible_host":"string","hostname":"string"}],"anycast-ingress-waw.worker.demo":["object",{"ansible_host":"string","hostname":"string"}],"anycast-ingress-yul.worker.demo":["object",{"ansible_host":"string","hostname":"string"}]}]}]}]},"bgp_sessions_data":{"value":{"ACC":{"mbpkgid":572181,"sessions":[{"config_status":"1","customer_asn":63911,"customer_peer_ip":"102.213.153.16","description":"Craig's DevOps Demos - ACC - anycast-ingress-acc.worker.demo IPv4","group_id":3247,"group_name":"Craig's DevOps Demos","id":51187,"last_update":"2025-10-06 08:52:59","location_name":"ACC - Accra, GH","locked":false,"mb_id":0,"provider_asn":36236,"provider_ip_type":"ipv4","provider_peer_ip":"102.213.153.137","routes_received":"[{\"path\": [\"63911\"], \"origin\": \"63911\", \"prefix\": \"45.54.50.0/24\", \"next_hop\": \"102.213.153.16\", \"metric_loc_prf_weight\": 0}]","state":"Established"},{"config_status":"1","customer_asn":63911,"customer_peer_ip":"2c0f:edb0:4000:1::339","description":"Craig's DevOps Demos - ACC - anycast-ingress-acc.worker.demo IPv6","group_id":3247,"group_name":"Craig's DevOps Demos","id":51188,"last_update":"2025-10-06 08:53:11","location_name":"ACC - Accra, GH","locked":false,"mb_id":0,"provider_asn":36236,"provider_ip_type":"ipv6","provider_peer_ip":"2c0f:edb0:4000:1::12a","routes_received":"","state":"Active"}]},"AMS":{"mbpkgid":572155,"sessions":[{"config_status":"1","customer_asn":63911,"customer_peer_ip":"2a00:dd80:3c::11d","description":"Craig's DevOps Demos - AMS - anycast-ingress-ams.worker.demo IPv6","group_id":3247,"group_name":"Craig's DevOps Demos","id":51148,"last_update":"2025-10-06 08:52:59","location_name":"AMS - Amsterdam, NL","locked":false,"mb_id":0,"provider_asn":36236,"provider_ip_type":"ipv6","provider_peer_ip":"2a00:dd80:3c::433","routes_received":"","state":"Active"},{"config_status":"1","customer_asn":63911,"customer_peer_ip":"176.58.93.156","description":"Craig's DevOps Demos - AMS - anycast-ingress-ams.worker.demo IPv4","group_id":3247,"group_name":"Craig's DevOps Demos","id":51147,"last_update":"2025-10-06 08:53:05","location_name":"AMS - Amsterdam, NL","locked":false,"mb_id":0,"provider_asn":36236,"provider_ip_type":"ipv4","provider_peer_ip":"176.58.93.3","routes_received":"[{\"path\": [\"63911\"], \"origin\": \"63911\", \"prefix\": \"45.54.50.0/24\", \"next_hop\": \"176.58.93.156\", \"metric_loc_prf_weight\": 0}]","state":"Established"}]},"ATL":{"mbpkgid":572165,"sessions":[{"config_status":"1","customer_asn":63911,"customer_peer_ip":"2607:f740:69:1::11f","description":"Craig's DevOps Demos - ATL - anycast-ingress-atl.worker.demo IPv6","group_id":3247,"group_name":"Craig's DevOps Demos","id":51164,"last_update":"2025-10-06 08:51:39","location_name":"ATL - Atlanta, GA","locked":false,"mb_id":0,"provider_asn":36236,"provider_ip_type":"ipv6","provider_peer_ip":"2607:f740:69:1::27","routes_received":"","state":"Active"},{"config_status":"1","customer_asn":63911,"customer_peer_ip":"104.225.125.233","description":"Craig's DevOps Demos - ATL - anycast-ingress-atl.worker.demo IPv4","group_id":3247,"group_name":"Craig's DevOps Demos","id":51163,"last_update":"2025-10-06 08:51:44","location_name":"ATL - Atlanta, GA","locked":false,"mb_id":0,"provider_asn":36236,"provider_ip_type":"ipv4","provider_peer_ip":"104.225.125.28","routes_received":"[{\"path\": [\"63911\"], \"origin\": \"63911\", \"prefix\": \"45.54.50.0/24\", \"next_hop\": \"104.225.125.233\", \"metric_loc_prf_weight\": 0}]","state":"Established"}]},"BOM":{"mbpkgid":572182,"sessions":[{"config_status":"1","customer_asn":63911,"customer_peer_ip":"2403:2500:500:a::224","description":"Craig's DevOps Demos - BOM - anycast-ingress-bom.worker.demo IPv6","group_id":3247,"group_name":"Craig's DevOps Demos","id":51192,"last_update":"2025-10-06 08:51:51","location_name":"BOM - Mumbai, IN","locked":false,"mb_id":0,"provider_asn":36236,"provider_ip_type":"ipv6","provider_peer_ip":"2403:2500:500:a::2ca","routes_received":"","state":"Active"},{"config_status":"1","customer_asn":63911,"customer_peer_ip":"59.153.13.4","description":"Craig's DevOps Demos - BOM - anycast-ingress-bom.worker.demo IPv4","group_id":3247,"group_name":"Craig's DevOps Demos","id":51191,"last_update":"2025-10-06 08:51:54","location_name":"BOM - Mumbai, IN","locked":false,"mb_id":0,"provider_asn":36236,"provider_ip_type":"ipv4","provider_peer_ip":"59.153.13.25","routes_received":"[{\"path\": [\"63911\"], \"origin\": \"63911\", \"prefix\": \"45.54.50.0/24\", \"next_hop\": \"59.153.13.4\", \"metric_loc_prf_weight\": 0}]","state":"Established"}]},"CDG":{"mbpkgid":572162,"sessions":[{"config_status":"1","customer_asn":63911,"customer_peer_ip":"2a00:dd80:3e::28f","description":"Craig's DevOps Demos - CDG - anycast-ingress-cdg.worker.demo IPv6","group_id":3247,"group_name":"Craig's DevOps Demos","id":51146,"last_update":"2025-10-06 08:53:01","location_name":"CDG - Paris, France","locked":false,"mb_id":0,"provider_asn":36236,"provider_ip_type":"ipv6","provider_peer_ip":"2a00:dd80:3e::e84","routes_received":"","state":"Active"},{"config_status":"1","customer_asn":63911,"customer_peer_ip":"176.58.90.141","description":"Craig's DevOps Demos - CDG - anycast-ingress-cdg.worker.demo IPv4","group_id":3247,"group_name":"Craig's DevOps Demos","id":51145,"last_update":"2025-10-06 08:53:04","location_name":"CDG - Paris, France","locked":false,"mb_id":0,"provider_asn":36236,"provider_ip_type":"ipv4","provider_peer_ip":"176.58.90.224","routes_received":"[{\"path\": [\"63911\"], \"origin\": \"63911\", \"prefix\": \"45.54.50.0/24\", \"next_hop\": \"176.58.90.141\", \"metric_loc_prf_weight\": 0}]","state":"Established"}]},"CHI":{"mbpkgid":572142,"sessions":[{"config_status":"1","customer_asn":63911,"customer_peer_ip":"2607:f740:e::912","description":"Craig's DevOps Demos - CHI - anycast-ingress-chi.worker.demo IPv6","group_id":3247,"group_name":"Craig's DevOps Demos","id":51134,"last_update":"2025-10-06 08:49:25","location_name":"CHI - Chicago, IL","locked":false,"mb_id":0,"provider_asn":36236,"provider_ip_type":"ipv6","provider_peer_ip":"2607:f740:e::e9e","routes_received":"","state":"Active"},{"config_status":"1","customer_asn":63911,"customer_peer_ip":"209.177.158.233","description":"Craig's DevOps Demos - CHI - anycast-ingress-chi.worker.demo IPv4","group_id":3247,"group_name":"Craig's DevOps Demos","id":51133,"last_update":"2025-10-06 08:49:28","location_name":"CHI - Chicago, IL","locked":false,"mb_id":0,"provider_asn":36236,"provider_ip_type":"ipv4","provider_peer_ip":"209.177.158.22","routes_received":"[{\"path\": [\"63911\"], \"origin\": \"63911\", \"prefix\": \"45.54.50.0/24\", \"next_hop\": \"209.177.158.233\", \"metric_loc_prf_weight\": 0}]","state":"Established"}]},"DEN":{"mbpkgid":572145,"sessions":[{"config_status":"1","customer_asn":63911,"customer_peer_ip":"192.73.242.78","description":"Craig's DevOps Demos - DEN - anycast-ingress-den.worker.demo IPv4","group_id":3247,"group_name":"Craig's DevOps Demos","id":51129,"last_update":"2025-10-06 08:49:30","location_name":"DEN - Denver, CO","locked":false,"mb_id":0,"provider_asn":36236,"provider_ip_type":"ipv4","provider_peer_ip":"192.73.242.90","routes_received":"[{\"path\": [\"63911\"], \"origin\": \"63911\", \"prefix\": \"45.54.50.0/24\", \"next_hop\": \"192.73.242.78\", \"metric_loc_prf_weight\": 0}]","state":"Established"},{"config_status":"1","customer_asn":63911,"customer_peer_ip":"2607:f740:16::573","description":"Craig's DevOps Demos - DEN - anycast-ingress-den.worker.demo IPv6","group_id":3247,"group_name":"Craig's DevOps Demos","id":51130,"last_update":"2025-10-06 08:49:31","location_name":"DEN - Denver, CO","locked":false,"mb_id":0,"provider_asn":36236,"provider_ip_type":"ipv6","provider_peer_ip":"2607:f740:16::a7","routes_received":"","state":"Active"}]},"DFW":{"mbpkgid":572157,"sessions":[{"config_status":"1","customer_asn":63911,"customer_peer_ip":"192.73.248.213","description":"Craig's DevOps Demos - DFW - anycast-ingress-dfw.worker.demo IPv4","group_id":3247,"group_name":"Craig's DevOps Demos","id":51153,"last_update":"2025-10-06 08:49:22","location_name":"DFW - Dallas, TX","locked":false,"mb_id":0,"provider_asn":36236,"provider_ip_type":"ipv4","provider_peer_ip":"192.73.248.175","routes_received":"[{\"path\": [\"63911\"], \"origin\": \"63911\", \"prefix\": \"45.54.50.0/24\", \"next_hop\": \"192.73.248.213\", \"metric_loc_prf_weight\": 0}]","state":"Established"},{"config_status":"1","customer_asn":63911,"customer_peer_ip":"2607:f740:100::e04","description":"Craig's DevOps Demos - DFW - anycast-ingress-dfw.worker.demo IPv6","group_id":3247,"group_name":"Craig's DevOps Demos","id":51154,"last_update":"2025-10-06 08:49:24","location_name":"DFW - Dallas, TX","locked":false,"mb_id":0,"provider_asn":36236,"provider_ip_type":"ipv6","provider_peer_ip":"2607:f740:100::62b","routes_received":"","state":"Active"}]},"DUB":{"mbpkgid":572166,"sessions":[{"config_status":"1","customer_asn":63911,"customer_peer_ip":"2a00:dd80:d:8::5c","description":"Craig's DevOps Demos - DUB.ANYCAST.NET - anycast-ingress-dub.worker.demo IPv6","group_id":3247,"group_name":"Craig's DevOps Demos","id":51162,"last_update":"2025-10-06 08:49:56","location_name":"DUB - Dublin, IE","locked":false,"mb_id":0,"provider_asn":36236,"provider_ip_type":"ipv6","provider_peer_ip":"2a00:dd80:d:8::11a","routes_received":"","state":"Active"},{"config_status":"1","customer_asn":63911,"customer_peer_ip":"185.34.0.236","description":"Craig's DevOps Demos - DUB.ANYCAST.NET - anycast-ingress-dub.worker.demo IPv4","group_id":3247,"group_name":"Craig's DevOps Demos","id":51161,"last_update":"2025-10-06 08:49:57","location_name":"DUB - Dublin, IE","locked":false,"mb_id":0,"provider_asn":36236,"provider_ip_type":"ipv4","provider_peer_ip":"185.34.0.145","routes_received":"[{\"path\": [\"63911\"], \"origin\": \"63911\", \"prefix\": \"45.54.50.0/24\", \"next_hop\": \"185.34.0.236\", \"metric_loc_prf_weight\": 0}]","state":"Established"}]},"DXB":{"mbpkgid":572175,"sessions":[{"config_status":"1","customer_asn":63911,"customer_peer_ip":"185.34.3.126","description":"Craig's DevOps Demos - DXB - anycast-ingress-dxb.worker.demo IPv4","group_id":3247,"group_name":"Craig's DevOps Demos","id":51183,"last_update":"2025-10-06 08:49:26","location_name":"DXB - Dubai, UAE","locked":false,"mb_id":0,"provider_asn":36236,"provider_ip_type":"ipv4","provider_peer_ip":"185.34.3.94","routes_received":"[{\"path\": [\"63911\"], \"origin\": \"63911\", \"prefix\": \"45.54.50.0/24\", \"next_hop\": \"185.34.3.126\", \"metric_loc_prf_weight\": 0}]","state":"Established"},{"config_status":"1","customer_asn":63911,"customer_peer_ip":"2a00:dd80:3f:100::ea0","description":"Craig's DevOps Demos - DXB - anycast-ingress-dxb.worker.demo IPv6","group_id":3247,"group_name":"Craig's DevOps Demos","id":51184,"last_update":"2025-10-06 08:49:34","location_name":"DXB - Dubai, UAE","locked":false,"mb_id":0,"provider_asn":36236,"provider_ip_type":"ipv6","provider_peer_ip":"2a00:dd80:3f:100::db0","routes_received":"","state":"Active"}]},"FRA":{"mbpkgid":572167,"sessions":[{"config_status":"1","customer_asn":63911,"customer_peer_ip":"2a00:dd80:20::b40","description":"Craig's DevOps Demos - FRA - anycast-ingress-fra.worker.demo IPv6","group_id":3247,"group_name":"Craig's DevOps Demos","id":51166,"last_update":"2025-10-06 08:53:00","location_name":"FRA - Frankfurt, DE","locked":false,"mb_id":0,"provider_asn":36236,"provider_ip_type":"ipv6","provider_peer_ip":"2a00:dd80:20::cf2","routes_received":"","state":"Active"},{"config_status":"1","customer_asn":63911,"customer_peer_ip":"185.40.234.215","description":"Craig's DevOps Demos - FRA - anycast-ingress-fra.worker.demo IPv4","group_id":3247,"group_name":"Craig's DevOps Demos","id":51165,"last_update":"2025-10-06 08:53:01","location_name":"FRA - Frankfurt, DE","locked":false,"mb_id":0,"provider_asn":36236,"provider_ip_type":"ipv4","provider_peer_ip":"185.40.234.32","routes_received":"[{\"path\": [\"63911\"], \"origin\": \"63911\", \"prefix\": \"45.54.50.0/24\", \"next_hop\": \"185.40.234.215\", \"metric_loc_prf_weight\": 0}]","state":"Established"}]},"GRU":{"mbpkgid":572163,"sessions":[{"config_status":"1","customer_asn":63911,"customer_peer_ip":"2607:f740:1::7d5","description":"Craig's DevOps Demos - GRU - anycast-ingress-gru.worker.demo IPv6","group_id":3247,"group_name":"Craig's DevOps Demos","id":51152,"last_update":"2025-10-06 08:53:02","location_name":"GRU - Sao Paulo, Brazil","locked":false,"mb_id":0,"provider_asn":36236,"provider_ip_type":"ipv6","provider_peer_ip":"2607:f740:1::e37","routes_received":"","state":"Active"},{"config_status":"1","customer_asn":63911,"customer_peer_ip":"148.163.220.121","description":"Craig's DevOps Demos - GRU - anycast-ingress-gru.worker.demo IPv4","group_id":3247,"group_name":"Craig's DevOps Demos","id":51151,"last_update":"2025-10-06 08:53:05","location_name":"GRU - Sao Paulo, Brazil","locked":false,"mb_id":0,"provider_asn":36236,"provider_ip_type":"ipv4","provider_peer_ip":"148.163.220.95","routes_received":"[{\"path\": [\"63911\"], \"origin\": \"63911\", \"prefix\": \"45.54.50.0/24\", \"next_hop\": \"148.163.220.121\", \"metric_loc_prf_weight\": 0}]","state":"Established"}]},"HKG":{"mbpkgid":572186,"sessions":[{"config_status":"1","customer_asn":63911,"customer_peer_ip":"103.6.84.125","description":"Craig's DevOps Demos - HKG - anycast-ingress-hkg.worker.demo IPv4","group_id":3247,"group_name":"Craig's DevOps Demos","id":51199,"last_update":"2025-10-06 08:51:43","location_name":"HKG - Hong Kong, HK","locked":false,"mb_id":0,"provider_asn":36236,"provider_ip_type":"ipv4","provider_peer_ip":"103.6.84.16","routes_received":"[{\"path\": [\"63911\"], \"origin\": \"63911\", \"prefix\": \"45.54.50.0/24\", \"next_hop\": \"103.6.84.125\", \"metric_loc_prf_weight\": 0}]","state":"Established"},{"config_status":"1","customer_asn":63911,"customer_peer_ip":"2403:2500:8000:1::71","description":"Craig's DevOps Demos - HKG - anycast-ingress-hkg.worker.demo IPv6","group_id":3247,"group_name":"Craig's DevOps Demos","id":51200,"last_update":"2025-10-06 08:51:43","location_name":"HKG - Hong Kong, HK","locked":false,"mb_id":0,"provider_asn":36236,"provider_ip_type":"ipv6","provider_peer_ip":"2403:2500:8000:1::169","routes_received":"","state":"Active"}]},"IAD3":{"mbpkgid":572144,"sessions":[{"config_status":"1","customer_asn":63911,"customer_peer_ip":"104.225.11.116","description":"Craig's DevOps Demos - IAD3 - anycast-ingress-iad3.worker.demo IPv4","group_id":3247,"group_name":"Craig's DevOps Demos","id":51131,"last_update":"2025-10-06 08:49:29","location_name":"IAD3 - Ashburn, VA","locked":false,"mb_id":0,"provider_asn":36236,"provider_ip_type":"ipv4","provider_peer_ip":"104.225.11.111","routes_received":"[{\"path\": [\"63911\"], \"origin\": \"63911\", \"prefix\": \"45.54.50.0/24\", \"next_hop\": \"104.225.11.116\", \"metric_loc_prf_weight\": 0}]","state":"Established"},{"config_status":"1","customer_asn":63911,"customer_peer_ip":"2607:fc50:3000:2::347","description":"Craig's DevOps Demos - IAD3 - anycast-ingress-iad3.worker.demo IPv6","group_id":3247,"group_name":"Craig's DevOps Demos","id":51132,"last_update":"2025-10-06 08:49:30","location_name":"IAD3 - Ashburn, VA","locked":false,"mb_id":0,"provider_asn":36236,"provider_ip_type":"ipv6","provider_peer_ip":"2607:fc50:3000:2::2bf","routes_received":"","state":"Active"}]},"JNB":{"mbpkgid":572177,"sessions":[{"config_status":"1","customer_asn":63911,"customer_peer_ip":"2c0f:edb0:0:10::449","description":"Craig's DevOps Demos - JNB - anycast-ingress-jnb.worker.demo IPv6","group_id":3247,"group_name":"Craig's DevOps Demos","id":51182,"last_update":"2025-10-06 08:52:51","location_name":"JNB - Johannesburg, ZA","locked":false,"mb_id":0,"provider_asn":36236,"provider_ip_type":"ipv6","provider_peer_ip":"2c0f:edb0:0:10::a87","routes_received":"","state":"Active"},{"config_status":"1","customer_asn":63911,"customer_peer_ip":"102.67.165.129","description":"Craig's DevOps Demos - JNB - anycast-ingress-jnb.worker.demo IPv4","group_id":3247,"group_name":"Craig's DevOps Demos","id":51181,"last_update":"2025-10-06 08:52:59","location_name":"JNB - Johannesburg, ZA","locked":false,"mb_id":0,"provider_asn":36236,"provider_ip_type":"ipv4","provider_peer_ip":"102.67.165.178","routes_received":"[{\"path\": [\"63911\"], \"origin\": \"63911\", \"prefix\": \"45.54.50.0/24\", \"next_hop\": \"102.67.165.129\", \"metric_loc_prf_weight\": 0}]","state":"Established"}]},"LAX":{"mbpkgid":572171,"sessions":[{"config_status":"1","customer_asn":63911,"customer_peer_ip":"2607:f740:c::f21","description":"Craig's DevOps Demos - LAX3 - anycast-ingress-lax.worker.demo IPv6","group_id":3247,"group_name":"Craig's DevOps Demos","id":51176,"last_update":"2025-10-06 08:50:07","location_name":"LAX - Los Angeles, CA","locked":false,"mb_id":0,"provider_asn":36236,"provider_ip_type":"ipv6","provider_peer_ip":"2607:f740:c::6cf","routes_received":"","state":"Active"},{"config_status":"1","customer_asn":63911,"customer_peer_ip":"192.73.244.148","description":"Craig's DevOps Demos - LAX3 - anycast-ingress-lax.worker.demo IPv4","group_id":3247,"group_name":"Craig's DevOps Demos","id":51175,"last_update":"2025-10-06 08:51:08","location_name":"LAX - Los Angeles, CA","locked":false,"mb_id":0,"provider_asn":36236,"provider_ip_type":"ipv4","provider_peer_ip":"192.73.244.224","routes_received":"[{\"path\": [\"63911\"], \"origin\": \"63911\", \"prefix\": \"45.54.50.0/24\", \"next_hop\": \"192.73.244.148\", \"metric_loc_prf_weight\": 0}]","state":"Established"}]},"LGA":{"mbpkgid":572164,"sessions":[{"config_status":"1","customer_asn":63911,"customer_peer_ip":"209.177.145.228","description":"Craig's DevOps Demos - LGA - anycast-ingress-lga.worker.demo IPv4","group_id":3247,"group_name":"Craig's DevOps Demos","id":51159,"last_update":"2025-10-06 08:49:28","location_name":"LGA - New York, NY","locked":false,"mb_id":0,"provider_asn":36236,"provider_ip_type":"ipv4","provider_peer_ip":"209.177.145.69","routes_received":"[{\"path\": [\"63911\"], \"origin\": \"63911\", \"prefix\": \"45.54.50.0/24\", \"next_hop\": \"209.177.145.228\", \"metric_loc_prf_weight\": 0}]","state":"Established"},{"config_status":"1","customer_asn":63911,"customer_peer_ip":"2607:f740:f::b8f","description":"Craig's DevOps Demos - LGA - anycast-ingress-lga.worker.demo IPv6","group_id":3247,"group_name":"Craig's DevOps Demos","id":51160,"last_update":"2025-10-06 08:49:32","location_name":"LGA - New York, NY","locked":false,"mb_id":0,"provider_asn":36236,"provider_ip_type":"ipv6","provider_peer_ip":"2607:f740:f::8da","routes_received":"","state":"Active"}]},"LHR":{"mbpkgid":572160,"sessions":[{"config_status":"1","customer_asn":63911,"customer_peer_ip":"2a00:dd80:3a::c92","description":"Craig's DevOps Demos - LHR - anycast-ingress-lhr.worker.demo IPv6","group_id":3247,"group_name":"Craig's DevOps Demos","id":51140,"last_update":"2025-10-06 08:51:11","location_name":"LHR - London, UK","locked":false,"mb_id":0,"provider_asn":36236,"provider_ip_type":"ipv6","provider_peer_ip":"2a00:dd80:3a::9e0","routes_received":"","state":"Active"},{"config_status":"1","customer_asn":63911,"customer_peer_ip":"176.58.92.119","description":"Craig's DevOps Demos - LHR - anycast-ingress-lhr.worker.demo IPv4","group_id":3247,"group_name":"Craig's DevOps Demos","id":51139,"last_update":"2025-10-06 08:51:46","location_name":"LHR - London, UK","locked":false,"mb_id":0,"provider_asn":36236,"provider_ip_type":"ipv4","provider_peer_ip":"176.58.92.141","routes_received":"[{\"path\": [\"63911\"], \"origin\": \"63911\", \"prefix\": \"45.54.50.0/24\", \"next_hop\": \"176.58.92.119\", \"metric_loc_prf_weight\": 0}]","state":"Established"}]},"MAA":{"mbpkgid":572178,"sessions":[{"config_status":"1","customer_asn":63911,"customer_peer_ip":"103.6.87.36","description":"Craig's DevOps Demos - MAA - anycast-ingress-maa.worker.demo IPv4","group_id":3247,"group_name":"Craig's DevOps Demos","id":51189,"last_update":"2025-10-06 08:49:42","location_name":"MAA - Chennai (Madras), India","locked":false,"mb_id":0,"provider_asn":36236,"provider_ip_type":"ipv4","provider_peer_ip":"103.6.87.170","routes_received":"[{\"path\": [\"63911\"], \"origin\": \"63911\", \"prefix\": \"45.54.50.0/24\", \"next_hop\": \"103.6.87.36\", \"metric_loc_prf_weight\": 0}]","state":"Established"},{"config_status":"1","customer_asn":63911,"customer_peer_ip":"2403:2500:4000::37e","description":"Craig's DevOps Demos - MAA - anycast-ingress-maa.worker.demo IPv6","group_id":3247,"group_name":"Craig's DevOps Demos","id":51190,"last_update":"2025-10-06 08:49:48","location_name":"MAA - Chennai (Madras), India","locked":false,"mb_id":0,"provider_asn":36236,"provider_ip_type":"ipv6","provider_peer_ip":"2403:2500:4000::ce8","routes_received":"","state":"Active"}]},"MAD":{"mbpkgid":572158,"sessions":[{"config_status":"1","customer_asn":63911,"customer_peer_ip":"45.159.97.59","description":"Craig's DevOps Demos - MAD - anycast-ingress-mad.worker.demo IPv4","group_id":3247,"group_name":"Craig's DevOps Demos","id":51157,"last_update":"2025-10-06 08:52:51","location_name":"MAD - Madrid, Spain","locked":false,"mb_id":0,"provider_asn":36236,"provider_ip_type":"ipv4","provider_peer_ip":"45.159.97.39","routes_received":"[{\"path\": [\"63911\"], \"origin\": \"63911\", \"prefix\": \"45.54.50.0/24\", \"next_hop\": \"45.159.97.59\", \"metric_loc_prf_weight\": 0}]","state":"Established"},{"config_status":"1","customer_asn":63911,"customer_peer_ip":"2a00:dd80:14:10::270","description":"Craig's DevOps Demos - MAD - anycast-ingress-mad.worker.demo IPv6","group_id":3247,"group_name":"Craig's DevOps Demos","id":51158,"last_update":"2025-10-06 08:52:52","location_name":"MAD - Madrid, Spain","locked":false,"mb_id":0,"provider_asn":36236,"provider_ip_type":"ipv6","provider_peer_ip":"2a00:dd80:14:10::256","routes_received":"","state":"Active"}]},"MAN":{"mbpkgid":572168,"sessions":[{"config_status":"1","customer_asn":63911,"customer_peer_ip":"45.159.99.236","description":"Craig's DevOps Demos - MAN - anycast-ingress-man.worker.demo IPv4","group_id":3247,"group_name":"Craig's DevOps Demos","id":51169,"last_update":"2025-10-06 08:49:41","location_name":"MAN - Manchester, UK","locked":false,"mb_id":0,"provider_asn":36236,"provider_ip_type":"ipv4","provider_peer_ip":"45.159.99.221","routes_received":"[{\"path\": [\"63911\"], \"origin\": \"63911\", \"prefix\": \"45.54.50.0/24\", \"next_hop\": \"45.159.99.236\", \"metric_loc_prf_weight\": 0}]","state":"Established"},{"config_status":"1","customer_asn":63911,"customer_peer_ip":"2a00:dd80:42:10::23c","description":"Craig's DevOps Demos - MAN - anycast-ingress-man.worker.demo IPv6","group_id":3247,"group_name":"Craig's DevOps Demos","id":51170,"last_update":"2025-10-06 08:49:46","location_name":"MAN - Manchester, UK","locked":false,"mb_id":0,"provider_asn":36236,"provider_ip_type":"ipv6","provider_peer_ip":"2a00:dd80:42:10::71","routes_received":"","state":"Active"}]},"MCI":{"mbpkgid":572172,"sessions":[{"config_status":"1","customer_asn":63911,"customer_peer_ip":"2607:f740:75:1::3b4","description":"Craig's DevOps Demos - MCI - anycast-ingress-mci.worker.demo IPv6","group_id":3247,"group_name":"Craig's DevOps Demos","id":51174,"last_update":"2025-10-06 08:49:46","location_name":"MCI - Kansas City, MO","locked":false,"mb_id":0,"provider_asn":36236,"provider_ip_type":"ipv6","provider_peer_ip":"2607:f740:75:1::c6","routes_received":"","state":"Active"},{"config_status":"1","customer_asn":63911,"customer_peer_ip":"104.225.19.229","description":"Craig's DevOps Demos - MCI - anycast-ingress-mci.worker.demo IPv4","group_id":3247,"group_name":"Craig's DevOps Demos","id":51173,"last_update":"2025-10-06 08:49:47","location_name":"MCI - Kansas City, MO","locked":false,"mb_id":0,"provider_asn":36236,"provider_ip_type":"ipv4","provider_peer_ip":"104.225.19.196","routes_received":"[{\"path\": [\"63911\"], \"origin\": \"63911\", \"prefix\": \"45.54.50.0/24\", \"next_hop\": \"104.225.19.229\", \"metric_loc_prf_weight\": 0}]","state":"Established"}]},"MIA":{"mbpkgid":572159,"sessions":[{"config_status":"1","customer_asn":63911,"customer_peer_ip":"2607:f740:17::f4f","description":"Craig's DevOps Demos - MIA - anycast-ingress-mia.worker.demo IPv6","group_id":3247,"group_name":"Craig's DevOps Demos","id":51150,"last_update":"2025-10-06 08:49:31","location_name":"MIA - Miami, FL","locked":false,"mb_id":0,"provider_asn":36236,"provider_ip_type":"ipv6","provider_peer_ip":"2607:f740:17::f7d","routes_received":"","state":"Active"},{"config_status":"1","customer_asn":63911,"customer_peer_ip":"192.73.243.31","description":"Craig's DevOps Demos - MIA - anycast-ingress-mia.worker.demo IPv4","group_id":3247,"group_name":"Craig's DevOps Demos","id":51149,"last_update":"2025-10-06 08:49:34","location_name":"MIA - Miami, FL","locked":false,"mb_id":0,"provider_asn":36236,"provider_ip_type":"ipv4","provider_peer_ip":"192.73.243.67","routes_received":"[{\"path\": [\"63911\"], \"origin\": \"63911\", \"prefix\": \"45.54.50.0/24\", \"next_hop\": \"192.73.243.31\", \"metric_loc_prf_weight\": 0}]","state":"Established"}]},"NBO":{"mbpkgid":572179,"sessions":[{"config_status":"1","customer_asn":63911,"customer_peer_ip":"102.67.167.162","description":"Craig's DevOps Demos - NBO - anycast-ingress-nbo.worker.demo IPv4","group_id":3247,"group_name":"Craig's DevOps Demos","id":51179,"last_update":"2025-10-06 08:49:59","location_name":"NBO - Nairobi, KE","locked":false,"mb_id":0,"provider_asn":36236,"provider_ip_type":"ipv4","provider_peer_ip":"102.67.167.110","routes_received":"[{\"path\": [\"63911\"], \"origin\": \"63911\", \"prefix\": \"45.54.50.0/24\", \"next_hop\": \"102.67.167.162\", \"metric_loc_prf_weight\": 0}]","state":"Established"},{"config_status":"1","customer_asn":63911,"customer_peer_ip":"2c0f:edb0:2000:1::1ba","description":"Craig's DevOps Demos - NBO - anycast-ingress-nbo.worker.demo IPv6","group_id":3247,"group_name":"Craig's DevOps Demos","id":51180,"last_update":"2025-10-06 08:50:00","location_name":"NBO - Nairobi, KE","locked":false,"mb_id":0,"provider_asn":36236,"provider_ip_type":"ipv6","provider_peer_ip":"2c0f:edb0:2000:1::41","routes_received":"","state":"Active"}]},"OTP":{"mbpkgid":572176,"sessions":[{"config_status":"1","customer_asn":63911,"customer_peer_ip":"2a00:dd80:10::48","description":"Craig's DevOps Demos - OTP - anycast-ingress-otp.worker.demo IPv6","group_id":3247,"group_name":"Craig's DevOps Demos","id":51178,"last_update":"2025-10-06 08:49:30","location_name":"OTP - Bucharest, RO","locked":false,"mb_id":0,"provider_asn":36236,"provider_ip_type":"ipv6","provider_peer_ip":"2a00:dd80:10::1c","routes_received":"","state":"Active"},{"config_status":"1","customer_asn":63911,"customer_peer_ip":"185.40.235.254","description":"Craig's DevOps Demos - OTP - anycast-ingress-otp.worker.demo IPv4","group_id":3247,"group_name":"Craig's DevOps Demos","id":51177,"last_update":"2025-10-06 08:49:31","location_name":"OTP - Bucharest, RO","locked":false,"mb_id":0,"provider_asn":36236,"provider_ip_type":"ipv4","provider_peer_ip":"185.40.235.123","routes_received":"[{\"path\": [\"63911\"], \"origin\": \"63911\", \"prefix\": \"45.54.50.0/24\", \"next_hop\": \"185.40.235.254\", \"metric_loc_prf_weight\": 0}]","state":"Established"}]},"PDX":{"mbpkgid":572147,"sessions":[{"config_status":"1","customer_asn":63911,"customer_peer_ip":"104.225.28.189","description":"Craig's DevOps Demos - PDX.ANYCAST.NET - anycast-ingress-pdx.worker.demo IPv4","group_id":3247,"group_name":"Craig's DevOps Demos","id":51123,"last_update":"2025-10-06 08:51:43","location_name":"PDX - Portland, OR","locked":false,"mb_id":0,"provider_asn":36236,"provider_ip_type":"ipv4","provider_peer_ip":"104.225.28.192","routes_received":"[{\"path\": [\"63911\"], \"origin\": \"63911\", \"prefix\": \"45.54.50.0/24\", \"next_hop\": \"104.225.28.189\", \"metric_loc_prf_weight\": 0}]","state":"Established"},{"config_status":"1","customer_asn":63911,"customer_peer_ip":"2607:f740:28:c::1cf","description":"Craig's DevOps Demos - PDX.ANYCAST.NET - anycast-ingress-pdx.worker.demo IPv6","group_id":3247,"group_name":"Craig's DevOps Demos","id":51124,"last_update":"2025-10-06 08:51:44","location_name":"PDX - Portland, OR","locked":false,"mb_id":0,"provider_asn":36236,"provider_ip_type":"ipv6","provider_peer_ip":"2607:f740:28:c::1d2","routes_received":"","state":"Active"}]},"PHX":{"mbpkgid":572169,"sessions":[{"config_status":"1","customer_asn":63911,"customer_peer_ip":"104.225.103.146","description":"Craig's DevOps Demos - PHX - anycast-ingress-phx.worker.demo IPv4","group_id":3247,"group_name":"Craig's DevOps Demos","id":51167,"last_update":"2025-10-06 08:51:07","location_name":"PHX - Phoenix, AZ","locked":false,"mb_id":0,"provider_asn":36236,"provider_ip_type":"ipv4","provider_peer_ip":"104.225.103.229","routes_received":"[{\"path\": [\"63911\"], \"origin\": \"63911\", \"prefix\": \"45.54.50.0/24\", \"next_hop\": \"104.225.103.146\", \"metric_loc_prf_weight\": 0}]","state":"Established"},{"config_status":"1","customer_asn":63911,"customer_peer_ip":"2607:f740:15:20::251","description":"Craig's DevOps Demos - PHX - anycast-ingress-phx.worker.demo IPv6","group_id":3247,"group_name":"Craig's DevOps Demos","id":51168,"last_update":"2025-10-06 08:51:08","location_name":"PHX - Phoenix, AZ","locked":false,"mb_id":0,"provider_asn":36236,"provider_ip_type":"ipv6","provider_peer_ip":"2607:f740:15:20::25f","routes_received":"","state":"Active"}]},"RDU":{"mbpkgid":572143,"sessions":[{"config_status":"1","customer_asn":63911,"customer_peer_ip":"104.225.1.79","description":"Craig's DevOps Demos - RDU - anycast-ingress-rdu.worker.demo IPv4","group_id":3247,"group_name":"Craig's DevOps Demos","id":51125,"last_update":"2025-10-06 08:49:25","location_name":"RDU - Raleigh, NC","locked":false,"mb_id":0,"provider_asn":36236,"provider_ip_type":"ipv4","provider_peer_ip":"104.225.1.249","routes_received":"[{\"path\": [\"63911\"], \"origin\": \"63911\", \"prefix\": \"45.54.50.0/24\", \"next_hop\": \"104.225.1.79\", \"metric_loc_prf_weight\": 0}]","state":"Established"},{"config_status":"1","customer_asn":63911,"customer_peer_ip":"2607:fc50:0:15::3c8","description":"Craig's DevOps Demos - RDU - anycast-ingress-rdu.worker.demo IPv6","group_id":3247,"group_name":"Craig's DevOps Demos","id":51126,"last_update":"2025-10-06 08:49:31","location_name":"RDU - Raleigh, NC","locked":false,"mb_id":0,"provider_asn":36236,"provider_ip_type":"ipv6","provider_peer_ip":"2607:fc50:0:15::ae","routes_received":"","state":"Active"}]},"SCL":{"mbpkgid":572156,"sessions":[{"config_status":"1","customer_asn":63911,"customer_peer_ip":"148.163.223.32","description":"Craig's DevOps Demos - SCL - anycast-ingress-scl.worker.demo IPv4","group_id":3247,"group_name":"Craig's DevOps Demos","id":51141,"last_update":"2025-10-06 08:54:14","location_name":"SCL - Santiago, Chile","locked":false,"mb_id":0,"provider_asn":36236,"provider_ip_type":"ipv4","provider_peer_ip":"148.163.223.119","routes_received":"[{\"path\": [\"63911\"], \"origin\": \"63911\", \"prefix\": \"45.54.50.0/24\", \"next_hop\": \"148.163.223.32\", \"metric_loc_prf_weight\": 0}]","state":"Established"},{"config_status":"1","customer_asn":63911,"customer_peer_ip":"2607:f740:56:10::369","description":"Craig's DevOps Demos - SCL - anycast-ingress-scl.worker.demo IPv6","group_id":3247,"group_name":"Craig's DevOps Demos","id":51142,"last_update":"2025-10-06 08:54:22","location_name":"SCL - Santiago, Chile","locked":false,"mb_id":0,"provider_asn":36236,"provider_ip_type":"ipv6","provider_peer_ip":"2607:f740:56:10::13b","routes_received":"","state":"Active"}]},"SEA":{"mbpkgid":572146,"sessions":[{"config_status":"1","customer_asn":63911,"customer_peer_ip":"192.73.240.163","description":"Craig's DevOps Demos - SEA - anycast-ingress-sea.worker.demo IPv4","group_id":3247,"group_name":"Craig's DevOps Demos","id":51127,"last_update":"2025-10-06 08:51:09","location_name":"SEA - Seattle, WA","locked":false,"mb_id":0,"provider_asn":36236,"provider_ip_type":"ipv4","provider_peer_ip":"192.73.240.46","routes_received":"[{\"path\": [\"63911\"], \"origin\": \"63911\", \"prefix\": \"45.54.50.0/24\", \"next_hop\": \"192.73.240.163\", \"metric_loc_prf_weight\": 0}]","state":"Established"},{"config_status":"1","customer_asn":63911,"customer_peer_ip":"2607:f740:14::fb","description":"Craig's DevOps Demos - SEA - anycast-ingress-sea.worker.demo IPv6","group_id":3247,"group_name":"Craig's DevOps Demos","id":51128,"last_update":"2025-10-06 08:51:10","location_name":"SEA - Seattle, WA","locked":false,"mb_id":0,"provider_asn":36236,"provider_ip_type":"ipv6","provider_peer_ip":"2607:f740:14::693","routes_received":"","state":"Active"}]},"SIN":{"mbpkgid":572184,"sessions":[{"config_status":"1","customer_asn":63911,"customer_peer_ip":"43.245.49.137","description":"Craig's DevOps Demos - SIN - anycast-ingress-sin.worker.demo IPv4","group_id":3247,"group_name":"Craig's DevOps Demos","id":51197,"last_update":"2025-10-06 08:51:44","location_name":"SIN - Singapore, SG","locked":false,"mb_id":0,"provider_asn":36236,"provider_ip_type":"ipv4","provider_peer_ip":"43.245.49.106","routes_received":"[{\"path\": [\"63911\"], \"origin\": \"63911\", \"prefix\": \"45.54.50.0/24\", \"next_hop\": \"43.245.49.137\", \"metric_loc_prf_weight\": 0}]","state":"Established"},{"config_status":"1","customer_asn":63911,"customer_peer_ip":"2403:2500:300::c65","description":"Craig's DevOps Demos - SIN - anycast-ingress-sin.worker.demo IPv6","group_id":3247,"group_name":"Craig's DevOps Demos","id":51198,"last_update":"2025-10-06 08:51:45","location_name":"SIN - Singapore, SG","locked":false,"mb_id":0,"provider_asn":36236,"provider_ip_type":"ipv6","provider_peer_ip":"2403:2500:300::105","routes_received":"","state":"Active"}]},"SJC":{"mbpkgid":572154,"sessions":[{"config_status":"1","customer_asn":63911,"customer_peer_ip":"208.111.39.219","description":"Craig's DevOps Demos - SJC - anycast-ingress-sjc.worker.demo IPv4","group_id":3247,"group_name":"Craig's DevOps Demos","id":51143,"last_update":"2025-10-06 08:50:59","location_name":"SJC - San Jose, CA","locked":false,"mb_id":0,"provider_asn":36236,"provider_ip_type":"ipv4","provider_peer_ip":"208.111.39.103","routes_received":"[{\"path\": [\"63911\"], \"origin\": \"63911\", \"prefix\": \"45.54.50.0/24\", \"next_hop\": \"208.111.39.219\", \"metric_loc_prf_weight\": 0}]","state":"Established"},{"config_status":"1","customer_asn":63911,"customer_peer_ip":"2607:f740:0:3f::220","description":"Craig's DevOps Demos - SJC - anycast-ingress-sjc.worker.demo IPv6","group_id":3247,"group_name":"Craig's DevOps Demos","id":51144,"last_update":"2025-10-06 08:51:15","location_name":"SJC - San Jose, CA","locked":false,"mb_id":0,"provider_asn":36236,"provider_ip_type":"ipv6","provider_peer_ip":"2607:f740:0:3f::5bd","routes_received":"","state":"Active"}]},"SYD":{"mbpkgid":572183,"sessions":[{"config_status":"1","customer_asn":63911,"customer_peer_ip":"43.245.48.176","description":"Craig's DevOps Demos - SYD - anycast-ingress-syd.worker.demo IPv4","group_id":3247,"group_name":"Craig's DevOps Demos","id":51193,"last_update":"2025-10-06 08:49:39","location_name":"SYD - Sydney, AU","locked":false,"mb_id":0,"provider_asn":36236,"provider_ip_type":"ipv4","provider_peer_ip":"43.245.48.206","routes_received":"[{\"path\": [\"63911\"], \"origin\": \"63911\", \"prefix\": \"45.54.50.0/24\", \"next_hop\": \"43.245.48.176\", \"metric_loc_prf_weight\": 0}]","state":"Established"},{"config_status":"1","customer_asn":63911,"customer_peer_ip":"2403:2500:9000:1::309","description":"Craig's DevOps Demos - SYD - anycast-ingress-syd.worker.demo IPv6","group_id":3247,"group_name":"Craig's DevOps Demos","id":51194,"last_update":"2025-10-06 08:49:46","location_name":"SYD - Sydney, AU","locked":false,"mb_id":0,"provider_asn":36236,"provider_ip_type":"ipv6","provider_peer_ip":"2403:2500:9000:1::c28","routes_received":"","state":"Active"}]},"TOR":{"mbpkgid":572161,"sessions":[{"config_status":"1","customer_asn":63911,"customer_peer_ip":"162.248.221.93","description":"Craig's DevOps Demos - TOR - anycast-ingress-tor.worker.demo IPv4","group_id":3247,"group_name":"Craig's DevOps Demos","id":51155,"last_update":"2025-10-06 08:51:05","location_name":"TOR - Toronto, CA","locked":false,"mb_id":0,"provider_asn":36236,"provider_ip_type":"ipv4","provider_peer_ip":"162.248.221.88","routes_received":"[{\"path\": [\"63911\"], \"origin\": \"63911\", \"prefix\": \"45.54.50.0/24\", \"next_hop\": \"162.248.221.93\", \"metric_loc_prf_weight\": 0}]","state":"Established"},{"config_status":"1","customer_asn":63911,"customer_peer_ip":"2607:f740:50::d3d","description":"Craig's DevOps Demos - TOR - anycast-ingress-tor.worker.demo IPv6","group_id":3247,"group_name":"Craig's DevOps Demos","id":51156,"last_update":"2025-10-06 08:51:06","location_name":"TOR - Toronto, CA","locked":false,"mb_id":0,"provider_asn":36236,"provider_ip_type":"ipv6","provider_peer_ip":"2607:f740:50::de5","routes_received":"","state":"Active"}]},"TYO":{"mbpkgid":572185,"sessions":[{"config_status":"1","customer_asn":63911,"customer_peer_ip":"103.84.155.214","description":"Craig's DevOps Demos - TYO - anycast-ingress-tyo.worker.demo IPv4","group_id":3247,"group_name":"Craig's DevOps Demos","id":51195,"last_update":"2025-10-06 08:51:11","location_name":"TYO - Tokyo, JP","locked":false,"mb_id":0,"provider_asn":36236,"provider_ip_type":"ipv4","provider_peer_ip":"103.84.155.150","routes_received":"[{\"path\": [\"63911\"], \"origin\": \"63911\", \"prefix\": \"45.54.50.0/24\", \"next_hop\": \"103.84.155.214\", \"metric_loc_prf_weight\": 0}]","state":"Established"},{"config_status":"1","customer_asn":63911,"customer_peer_ip":"2403:2500:400:20::c93","description":"Craig's DevOps Demos - TYO - anycast-ingress-tyo.worker.demo IPv6","group_id":3247,"group_name":"Craig's DevOps Demos","id":51196,"last_update":"2025-10-06 08:51:12","location_name":"TYO - Tokyo, JP","locked":false,"mb_id":0,"provider_asn":36236,"provider_ip_type":"ipv6","provider_peer_ip":"2403:2500:400:20::d75","routes_received":"","state":"Active"}]},"WAW":{"mbpkgid":572180,"sessions":[{"config_status":"1","customer_asn":63911,"customer_peer_ip":"45.159.98.231","description":"Craig's DevOps Demos - WAW - anycast-ingress-waw.worker.demo IPv4","group_id":3247,"group_name":"Craig's DevOps Demos","id":51185,"last_update":"2025-10-06 08:52:50","location_name":"WAW - Warsaw, PL","locked":false,"mb_id":0,"provider_asn":36236,"provider_ip_type":"ipv4","provider_peer_ip":"45.159.98.175","routes_received":"[{\"path\": [\"63911\"], \"origin\": \"63911\", \"prefix\": \"45.54.50.0/24\", \"next_hop\": \"45.159.98.231\", \"metric_loc_prf_weight\": 0}]","state":"Established"},{"config_status":"1","customer_asn":63911,"customer_peer_ip":"2a00:dd80:40:100::241","description":"Craig's DevOps Demos - WAW - anycast-ingress-waw.worker.demo IPv6","group_id":3247,"group_name":"Craig's DevOps Demos","id":51186,"last_update":"2025-10-06 08:53:00","location_name":"WAW - Warsaw, PL","locked":false,"mb_id":0,"provider_asn":36236,"provider_ip_type":"ipv6","provider_peer_ip":"2a00:dd80:40:100::312","routes_received":"","state":"Active"}]},"YUL":{"mbpkgid":572170,"sessions":[{"config_status":"1","customer_asn":63911,"customer_peer_ip":"104.225.25.135","description":"Craig's DevOps Demos - YUL - anycast-ingress-yul.worker.demo IPv4","group_id":3247,"group_name":"Craig's DevOps Demos","id":51171,"last_update":"2025-10-06 08:52:53","location_name":"YUL - Montreal, QC","locked":false,"mb_id":0,"provider_asn":36236,"provider_ip_type":"ipv4","provider_peer_ip":"104.225.25.23","routes_received":"[{\"path\": [\"63911\"], \"origin\": \"63911\", \"prefix\": \"45.54.50.0/24\", \"next_hop\": \"104.225.25.135\", \"metric_loc_prf_weight\": 0}]","state":"Established"},{"config_status":"1","customer_asn":63911,"customer_peer_ip":"2607:f740:74:1::3e","description":"Craig's DevOps Demos - YUL - anycast-ingress-yul.worker.demo IPv6","group_id":3247,"group_name":"Craig's DevOps Demos","id":51172,"last_update":"2025-10-06 08:52:56","location_name":"YUL - Montreal, QC","locked":false,"mb_id":0,"provider_asn":36236,"provider_ip_type":"ipv6","provider_peer_ip":"2607:f740:74:1::1c8","routes_received":"","state":"Active"}]}},"type":["object",{"ACC":["object",{"mbpkgid":"number","sessions":["list",["object",{"config_status":"string","customer_asn":"number","customer_peer_ip":"string","description":"string","group_id":"number","group_name":"string","id":"number","last_update":"string","location_name":"string","locked":"bool","mb_id":"number","provider_asn":"number","provider_ip_type":"string","provider_peer_ip":"string","routes_received":"string","state":"string"}]]}],"AMS":["object",{"mbpkgid":"number","sessions":["list",["object",{"config_status":"string","customer_asn":"number","customer_peer_ip":"string","description":"string","group_id":"number","group_name":"string","id":"number","last_update":"string","location_name":"string","locked":"bool","mb_id":"number","provider_asn":"number","provider_ip_type":"string","provider_peer_ip":"string","routes_received":"string","state":"string"}]]}],"ATL":["object",{"mbpkgid":"number","sessions":["list",["object",{"config_status":"string","customer_asn":"number","customer_peer_ip":"string","description":"string","group_id":"number","group_name":"string","id":"number","last_update":"string","location_name":"string","locked":"bool","mb_id":"number","provider_asn":"number","provider_ip_type":"string","provider_peer_ip":"string","routes_received":"string","state":"string"}]]}],"BOM":["object",{"mbpkgid":"number","sessions":["list",["object",{"config_status":"string","customer_asn":"number","customer_peer_ip":"string","description":"string","group_id":"number","group_name":"string","id":"number","last_update":"string","location_name":"string","locked":"bool","mb_id":"number","provider_asn":"number","provider_ip_type":"string","provider_peer_ip":"string","routes_received":"string","state":"string"}]]}],"CDG":["object",{"mbpkgid":"number","sessions":["list",["object",{"config_status":"string","customer_asn":"number","customer_peer_ip":"string","description":"string","group_id":"number","group_name":"string","id":"number","last_update":"string","location_name":"string","locked":"bool","mb_id":"number","provider_asn":"number","provider_ip_type":"string","provider_peer_ip":"string","routes_received":"string","state":"string"}]]}],"CHI":["object",{"mbpkgid":"number","sessions":["list",["object",{"config_status":"string","customer_asn":"number","customer_peer_ip":"string","description":"string","group_id":"number","group_name":"string","id":"number","last_update":"string","location_name":"string","locked":"bool","mb_id":"number","provider_asn":"number","provider_ip_type":"string","provider_peer_ip":"string","routes_received":"string","state":"string"}]]}],"DEN":["object",{"mbpkgid":"number","sessions":["list",["object",{"config_status":"string","customer_asn":"number","customer_peer_ip":"string","description":"string","group_id":"number","group_name":"string","id":"number","last_update":"string","location_name":"string","locked":"bool","mb_id":"number","provider_asn":"number","provider_ip_type":"string","provider_peer_ip":"string","routes_received":"string","state":"string"}]]}],"DFW":["object",{"mbpkgid":"number","sessions":["list",["object",{"config_status":"string","customer_asn":"number","customer_peer_ip":"string","description":"string","group_id":"number","group_name":"string","id":"number","last_update":"string","location_name":"string","locked":"bool","mb_id":"number","provider_asn":"number","provider_ip_type":"string","provider_peer_ip":"string","routes_received":"string","state":"string"}]]}],"DUB":["object",{"mbpkgid":"number","sessions":["list",["object",{"config_status":"string","customer_asn":"number","customer_peer_ip":"string","description":"string","group_id":"number","group_name":"string","id":"number","last_update":"string","location_name":"string","locked":"bool","mb_id":"number","provider_asn":"number","provider_ip_type":"string","provider_peer_ip":"string","routes_received":"string","state":"string"}]]}],"DXB":["object",{"mbpkgid":"number","sessions":["list",["object",{"config_status":"string","customer_asn":"number","customer_peer_ip":"string","description":"string","group_id":"number","group_name":"string","id":"number","last_update":"string","location_name":"string","locked":"bool","mb_id":"number","provider_asn":"number","provider_ip_type":"string","provider_peer_ip":"string","routes_received":"string","state":"string"}]]}],"FRA":["object",{"mbpkgid":"number","sessions":["list",["object",{"config_status":"string","customer_asn":"number","customer_peer_ip":"string","description":"string","group_id":"number","group_name":"string","id":"number","last_update":"string","location_name":"string","locked":"bool","mb_id":"number","provider_asn":"number","provider_ip_type":"string","provider_peer_ip":"string","routes_received":"string","state":"string"}]]}],"GRU":["object",{"mbpkgid":"number","sessions":["list",["object",{"config_status":"string","customer_asn":"number","customer_peer_ip":"string","description":"string","group_id":"number","group_name":"string","id":"number","last_update":"string","location_name":"string","locked":"bool","mb_id":"number","provider_asn":"number","provider_ip_type":"string","provider_peer_ip":"string","routes_received":"string","state":"string"}]]}],"HKG":["object",{"mbpkgid":"number","sessions":["list",["object",{"config_status":"string","customer_asn":"number","customer_peer_ip":"string","description":"string","group_id":"number","group_name":"string","id":"number","last_update":"string","location_name":"string","locked":"bool","mb_id":"number","provider_asn":"number","provider_ip_type":"string","provider_peer_ip":"string","routes_received":"string","state":"string"}]]}],"IAD3":["object",{"mbpkgid":"number","sessions":["list",["object",{"config_status":"string","customer_asn":"number","customer_peer_ip":"string","description":"string","group_id":"number","group_name":"string","id":"number","last_update":"string","location_name":"string","locked":"bool","mb_id":"number","provider_asn":"number","provider_ip_type":"string","provider_peer_ip":"string","routes_received":"string","state":"string"}]]}],"JNB":["object",{"mbpkgid":"number","sessions":["list",["object",{"config_status":"string","customer_asn":"number","customer_peer_ip":"string","description":"string","group_id":"number","group_name":"string","id":"number","last_update":"string","location_name":"string","locked":"bool","mb_id":"number","provider_asn":"number","provider_ip_type":"string","provider_peer_ip":"string","routes_received":"string","state":"string"}]]}],"LAX":["object",{"mbpkgid":"number","sessions":["list",["object",{"config_status":"string","customer_asn":"number","customer_peer_ip":"string","description":"string","group_id":"number","group_name":"string","id":"number","last_update":"string","location_name":"string","locked":"bool","mb_id":"number","provider_asn":"number","provider_ip_type":"string","provider_peer_ip":"string","routes_received":"string","state":"string"}]]}],"LGA":["object",{"mbpkgid":"number","sessions":["list",["object",{"config_status":"string","customer_asn":"number","customer_peer_ip":"string","description":"string","group_id":"number","group_name":"string","id":"number","last_update":"string","location_name":"string","locked":"bool","mb_id":"number","provider_asn":"number","provider_ip_type":"string","provider_peer_ip":"string","routes_received":"string","state":"string"}]]}],"LHR":["object",{"mbpkgid":"number","sessions":["list",["object",{"config_status":"string","customer_asn":"number","customer_peer_ip":"string","description":"string","group_id":"number","group_name":"string","id":"number","last_update":"string","location_name":"string","locked":"bool","mb_id":"number","provider_asn":"number","provider_ip_type":"string","provider_peer_ip":"string","routes_received":"string","state":"string"}]]}],"MAA":["object",{"mbpkgid":"number","sessions":["list",["object",{"config_status":"string","customer_asn":"number","customer_peer_ip":"string","description":"string","group_id":"number","group_name":"string","id":"number","last_update":"string","location_name":"string","locked":"bool","mb_id":"number","provider_asn":"number","provider_ip_type":"string","provider_peer_ip":"string","routes_received":"string","state":"string"}]]}],"MAD":["object",{"mbpkgid":"number","sessions":["list",["object",{"config_status":"string","customer_asn":"number","customer_peer_ip":"string","description":"string","group_id":"number","group_name":"string","id":"number","last_update":"string","location_name":"string","locked":"bool","mb_id":"number","provider_asn":"number","provider_ip_type":"string","provider_peer_ip":"string","routes_received":"string","state":"string"}]]}],"MAN":["object",{"mbpkgid":"number","sessions":["list",["object",{"config_status":"string","customer_asn":"number","customer_peer_ip":"string","description":"string","group_id":"number","group_name":"string","id":"number","last_update":"string","location_name":"string","locked":"bool","mb_id":"number","provider_asn":"number","provider_ip_type":"string","provider_peer_ip":"string","routes_received":"string","state":"string"}]]}],"MCI":["object",{"mbpkgid":"number","sessions":["list",["object",{"config_status":"string","customer_asn":"number","customer_peer_ip":"string","description":"string","group_id":"number","group_name":"string","id":"number","last_update":"string","location_name":"string","locked":"bool","mb_id":"number","provider_asn":"number","provider_ip_type":"string","provider_peer_ip":"string","routes_received":"string","state":"string"}]]}],"MIA":["object",{"mbpkgid":"number","sessions":["list",["object",{"config_status":"string","customer_asn":"number","customer_peer_ip":"string","description":"string","group_id":"number","group_name":"string","id":"number","last_update":"string","location_name":"string","locked":"bool","mb_id":"number","provider_asn":"number","provider_ip_type":"string","provider_peer_ip":"string","routes_received":"string","state":"string"}]]}],"NBO":["object",{"mbpkgid":"number","sessions":["list",["object",{"config_status":"string","customer_asn":"number","customer_peer_ip":"string","description":"string","group_id":"number","group_name":"string","id":"number","last_update":"string","location_name":"string","locked":"bool","mb_id":"number","provider_asn":"number","provider_ip_type":"string","provider_peer_ip":"string","routes_received":"string","state":"string"}]]}],"OTP":["object",{"mbpkgid":"number","sessions":["list",["object",{"config_status":"string","customer_asn":"number","customer_peer_ip":"string","description":"string","group_id":"number","group_name":"string","id":"number","last_update":"string","location_name":"string","locked":"bool","mb_id":"number","provider_asn":"number","provider_ip_type":"string","provider_peer_ip":"string","routes_received":"string","state":"string"}]]}],"PDX":["object",{"mbpkgid":"number","sessions":["list",["object",{"config_status":"string","customer_asn":"number","customer_peer_ip":"string","description":"string","group_id":"number","group_name":"string","id":"number","last_update":"string","location_name":"string","locked":"bool","mb_id":"number","provider_asn":"number","provider_ip_type":"string","provider_peer_ip":"string","routes_received":"string","state":"string"}]]}],"PHX":["object",{"mbpkgid":"number","sessions":["list",["object",{"config_status":"string","customer_asn":"number","customer_peer_ip":"string","description":"string","group_id":"number","group_name":"string","id":"number","last_update":"string","location_name":"string","locked":"bool","mb_id":"number","provider_asn":"number","provider_ip_type":"string","provider_peer_ip":"string","routes_received":"string","state":"string"}]]}],"RDU":["object",{"mbpkgid":"number","sessions":["list",["object",{"config_status":"string","customer_asn":"number","customer_peer_ip":"string","description":"string","group_id":"number","group_name":"string","id":"number","last_update":"string","location_name":"string","locked":"bool","mb_id":"number","provider_asn":"number","provider_ip_type":"string","provider_peer_ip":"string","routes_received":"string","state":"string"}]]}],"SCL":["object",{"mbpkgid":"number","sessions":["list",["object",{"config_status":"string","customer_asn":"number","customer_peer_ip":"string","description":"string","group_id":"number","group_name":"string","id":"number","last_update":"string","location_name":"string","locked":"bool","mb_id":"number","provider_asn":"number","provider_ip_type":"string","provider_peer_ip":"string","routes_received":"string","state":"string"}]]}],"SEA":["object",{"mbpkgid":"number","sessions":["list",["object",{"config_status":"string","customer_asn":"number","customer_peer_ip":"string","description":"string","group_id":"number","group_name":"string","id":"number","last_update":"string","location_name":"string","locked":"bool","mb_id":"number","provider_asn":"number","provider_ip_type":"string","provider_peer_ip":"string","routes_received":"string","state":"string"}]]}],"SIN":["object",{"mbpkgid":"number","sessions":["list",["object",{"config_status":"string","customer_asn":"number","customer_peer_ip":"string","description":"string","group_id":"number","group_name":"string","id":"number","last_update":"string","location_name":"string","locked":"bool","mb_id":"number","provider_asn":"number","provider_ip_type":"string","provider_peer_ip":"string","routes_received":"string","state":"string"}]]}],"SJC":["object",{"mbpkgid":"number","sessions":["list",["object",{"config_status":"string","customer_asn":"number","customer_peer_ip":"string","description":"string","group_id":"number","group_name":"string","id":"number","last_update":"string","location_name":"string","locked":"bool","mb_id":"number","provider_asn":"number","provider_ip_type":"string","provider_peer_ip":"string","routes_received":"string","state":"string"}]]}],"SYD":["object",{"mbpkgid":"number","sessions":["list",["object",{"config_status":"string","customer_asn":"number","customer_peer_ip":"string","description":"string","group_id":"number","group_name":"string","id":"number","last_update":"string","location_name":"string","locked":"bool","mb_id":"number","provider_asn":"number","provider_ip_type":"string","provider_peer_ip":"string","routes_received":"string","state":"string"}]]}],"TOR":["object",{"mbpkgid":"number","sessions":["list",["object",{"config_status":"string","customer_asn":"number","customer_peer_ip":"string","description":"string","group_id":"number","group_name":"string","id":"number","last_update":"string","location_name":"string","locked":"bool","mb_id":"number","provider_asn":"number","provider_ip_type":"string","provider_peer_ip":"string","routes_received":"string","state":"string"}]]}],"TYO":["object",{"mbpkgid":"number","sessions":["list",["object",{"config_status":"string","customer_asn":"number","customer_peer_ip":"string","description":"string","group_id":"number","group_name":"string","id":"number","last_update":"string","location_name":"string","locked":"bool","mb_id":"number","provider_asn":"number","provider_ip_type":"string","provider_peer_ip":"string","routes_received":"string","state":"string"}]]}],"WAW":["object",{"mbpkgid":"number","sessions":["list",["object",{"config_status":"string","customer_asn":"number","customer_peer_ip":"string","description":"string","group_id":"number","group_name":"string","id":"number","last_update":"string","location_name":"string","locked":"bool","mb_id":"number","provider_asn":"number","provider_ip_type":"string","provider_peer_ip":"string","routes_received":"string","state":"string"}]]}],"YUL":["object",{"mbpkgid":"number","sessions":["list",["object",{"config_status":"string","customer_asn":"number","customer_peer_ip":"string","description":"string","group_id":"number","group_name":"string","id":"number","last_update":"string","location_name":"string","locked":"bool","mb_id":"number","provider_asn":"number","provider_ip_type":"string","provider_peer_ip":"string","routes_received":"string","state":"string"}]]}]}]},"server_data":{"value":{"ACC":{"bgp_peers":[{"group_id":3247,"ipv4":["102.213.153.137"],"ipv6":["2c0f:edb0:4000:1::12a"],"localasn":63911,"localpeerv4":"102.213.153.16","localpeerv6":"2c0f:edb0:4000:1::339","peerasn":36236}],"hostname":"anycast-ingress-acc.worker.demo","id":572181,"image":"Ubuntu 24.04 LTS (20240423)","image_id":5787,"ip_v4":"102.213.153.16","ip_v6":"2c0f:edb0:4000:1::339","location":null,"plan":"VR1x1x25","public_ipv4":"102.213.153.16","public_ipv6":"2c0f:edb0:4000:1::339","state":"UP","status":"RUNNING"},"AMS":{"bgp_peers":[{"group_id":3247,"ipv4":["176.58.93.3"],"ipv6":["2a00:dd80:3c::433"],"localasn":63911,"localpeerv4":"176.58.93.156","localpeerv6":"2a00:dd80:3c::11d","peerasn":36236}],"hostname":"anycast-ingress-ams.worker.demo","id":572155,"image":"Ubuntu 24.04 LTS (20240423)","image_id":5787,"ip_v4":"176.58.93.156","ip_v6":"2a00:dd80:3c::11d","location":null,"plan":"VR1x1x25","public_ipv4":"176.58.93.156","public_ipv6":"2a00:dd80:3c::11d","state":"UP","status":"RUNNING"},"ATL":{"bgp_peers":[{"group_id":3247,"ipv4":["104.225.125.28"],"ipv6":["2607:f740:69:1::27"],"localasn":63911,"localpeerv4":"104.225.125.233","localpeerv6":"2607:f740:69:1::11f","peerasn":36236}],"hostname":"anycast-ingress-atl.worker.demo","id":572165,"image":"Ubuntu 24.04 LTS (20240423)","image_id":5787,"ip_v4":"104.225.125.233","ip_v6":"2607:f740:69:1::11f","location":null,"plan":"VR1x1x25","public_ipv4":"104.225.125.233","public_ipv6":"2607:f740:69:1::11f","state":"UP","status":"RUNNING"},"BOM":{"bgp_peers":[{"group_id":3247,"ipv4":["59.153.13.25"],"ipv6":["2403:2500:500:a::2ca"],"localasn":63911,"localpeerv4":"59.153.13.4","localpeerv6":"2403:2500:500:a::224","peerasn":36236}],"hostname":"anycast-ingress-bom.worker.demo","id":572182,"image":"Ubuntu 24.04 LTS (20240423)","image_id":5787,"ip_v4":"59.153.13.4","ip_v6":"2403:2500:500:a::224","location":null,"plan":"VR1x1x25","public_ipv4":"59.153.13.4","public_ipv6":"2403:2500:500:a::224","state":"UP","status":"RUNNING"},"CDG":{"bgp_peers":[{"group_id":3247,"ipv4":["176.58.90.224"],"ipv6":["2a00:dd80:3e::e84"],"localasn":63911,"localpeerv4":"176.58.90.141","localpeerv6":"2a00:dd80:3e::28f","peerasn":36236}],"hostname":"anycast-ingress-cdg.worker.demo","id":572162,"image":"Ubuntu 24.04 LTS (20240423)","image_id":5787,"ip_v4":"176.58.90.141","ip_v6":"2a00:dd80:3e::28f","location":null,"plan":"VR1x1x25","public_ipv4":"176.58.90.141","public_ipv6":"2a00:dd80:3e::28f","state":"UP","status":"RUNNING"},"CHI":{"bgp_peers":[{"group_id":3247,"ipv4":["209.177.158.22"],"ipv6":["2607:f740:e::e9e"],"localasn":63911,"localpeerv4":"209.177.158.233","localpeerv6":"2607:f740:e::912","peerasn":36236}],"hostname":"anycast-ingress-chi.worker.demo","id":572142,"image":"Ubuntu 24.04 LTS (20240423)","image_id":5787,"ip_v4":"209.177.158.233","ip_v6":"2607:f740:e::912","location":null,"plan":"VR1x1x25","public_ipv4":"209.177.158.233","public_ipv6":"2607:f740:e::912","state":"UP","status":"RUNNING"},"DEN":{"bgp_peers":[{"group_id":3247,"ipv4":["192.73.242.90"],"ipv6":["2607:f740:16::a7"],"localasn":63911,"localpeerv4":"192.73.242.78","localpeerv6":"2607:f740:16::573","peerasn":36236}],"hostname":"anycast-ingress-den.worker.demo","id":572145,"image":"Ubuntu 24.04 LTS (20240423)","image_id":5787,"ip_v4":"192.73.242.78","ip_v6":"2607:f740:16::573","location":null,"plan":"VR1x1x25","public_ipv4":"192.73.242.78","public_ipv6":"2607:f740:16::573","state":"UP","status":"RUNNING"},"DFW":{"bgp_peers":[{"group_id":3247,"ipv4":["192.73.248.175"],"ipv6":["2607:f740:100::62b"],"localasn":63911,"localpeerv4":"192.73.248.213","localpeerv6":"2607:f740:100::e04","peerasn":36236}],"hostname":"anycast-ingress-dfw.worker.demo","id":572157,"image":"Ubuntu 24.04 LTS (20240423)","image_id":5787,"ip_v4":"192.73.248.213","ip_v6":"2607:f740:100::e04","location":null,"plan":"VR1x1x25","public_ipv4":"192.73.248.213","public_ipv6":"2607:f740:100::e04","state":"UP","status":"RUNNING"},"DUB":{"bgp_peers":[{"group_id":3247,"ipv4":["185.34.0.145"],"ipv6":["2a00:dd80:d:8::11a"],"localasn":63911,"localpeerv4":"185.34.0.236","localpeerv6":"2a00:dd80:d:8::5c","peerasn":36236}],"hostname":"anycast-ingress-dub.worker.demo","id":572166,"image":"Ubuntu 24.04 LTS (20240423)","image_id":5787,"ip_v4":"185.34.0.236","ip_v6":"2a00:dd80:d:8::5c","location":null,"plan":"VR1x1x25","public_ipv4":"185.34.0.236","public_ipv6":"2a00:dd80:d:8::5c","state":"UP","status":"RUNNING"},"DXB":{"bgp_peers":[{"group_id":3247,"ipv4":["185.34.3.94"],"ipv6":["2a00:dd80:3f:100::db0"],"localasn":63911,"localpeerv4":"185.34.3.126","localpeerv6":"2a00:dd80:3f:100::ea0","peerasn":36236}],"hostname":"anycast-ingress-dxb.worker.demo","id":572175,"image":"Ubuntu 24.04 LTS (20240423)","image_id":5787,"ip_v4":"185.34.3.126","ip_v6":"2a00:dd80:3f:100::ea0","location":null,"plan":"VR1x1x25","public_ipv4":"185.34.3.126","public_ipv6":"2a00:dd80:3f:100::ea0","state":"UP","status":"RUNNING"},"FRA":{"bgp_peers":[{"group_id":3247,"ipv4":["185.40.234.32"],"ipv6":["2a00:dd80:20::cf2"],"localasn":63911,"localpeerv4":"185.40.234.215","localpeerv6":"2a00:dd80:20::b40","peerasn":36236}],"hostname":"anycast-ingress-fra.worker.demo","id":572167,"image":"Ubuntu 24.04 LTS (20240423)","image_id":5787,"ip_v4":"185.40.234.215","ip_v6":"2a00:dd80:20::b40","location":null,"plan":"VR1x1x25","public_ipv4":"185.40.234.215","public_ipv6":"2a00:dd80:20::b40","state":"UP","status":"RUNNING"},"GRU":{"bgp_peers":[{"group_id":3247,"ipv4":["148.163.220.95"],"ipv6":["2607:f740:1::e37"],"localasn":63911,"localpeerv4":"148.163.220.121","localpeerv6":"2607:f740:1::7d5","peerasn":36236}],"hostname":"anycast-ingress-gru.worker.demo","id":572163,"image":"Ubuntu 24.04 LTS (20240423)","image_id":5787,"ip_v4":"148.163.220.121","ip_v6":"2607:f740:1::7d5","location":null,"plan":"VR1x1x25","public_ipv4":"148.163.220.121","public_ipv6":"2607:f740:1::7d5","state":"UP","status":"RUNNING"},"HKG":{"bgp_peers":[{"group_id":3247,"ipv4":["103.6.84.16"],"ipv6":["2403:2500:8000:1::169"],"localasn":63911,"localpeerv4":"103.6.84.125","localpeerv6":"2403:2500:8000:1::71","peerasn":36236}],"hostname":"anycast-ingress-hkg.worker.demo","id":572186,"image":"Ubuntu 24.04 LTS (20240423)","image_id":5787,"ip_v4":"103.6.84.125","ip_v6":"2403:2500:8000:1::71","location":null,"plan":"VR1x1x25","public_ipv4":"103.6.84.125","public_ipv6":"2403:2500:8000:1::71","state":"UP","status":"RUNNING"},"IAD3":{"bgp_peers":[{"group_id":3247,"ipv4":["104.225.11.111"],"ipv6":["2607:fc50:3000:2::2bf"],"localasn":63911,"localpeerv4":"104.225.11.116","localpeerv6":"2607:fc50:3000:2::347","peerasn":36236}],"hostname":"anycast-ingress-iad3.worker.demo","id":572144,"image":"Ubuntu 24.04 LTS (20240423)","image_id":5787,"ip_v4":"104.225.11.116","ip_v6":"2607:fc50:3000:2::347","location":null,"plan":"VR1x1x25","public_ipv4":"104.225.11.116","public_ipv6":"2607:fc50:3000:2::347","state":"UP","status":"RUNNING"},"JNB":{"bgp_peers":[{"group_id":3247,"ipv4":["102.67.165.178"],"ipv6":["2c0f:edb0:0:10::a87"],"localasn":63911,"localpeerv4":"102.67.165.129","localpeerv6":"2c0f:edb0:0:10::449","peerasn":36236}],"hostname":"anycast-ingress-jnb.worker.demo","id":572177,"image":"Ubuntu 24.04 LTS (20240423)","image_id":5787,"ip_v4":"102.67.165.129","ip_v6":"2c0f:edb0:0:10::449","location":null,"plan":"VR1x1x25","public_ipv4":"102.67.165.129","public_ipv6":"2c0f:edb0:0:10::449","state":"UP","status":"RUNNING"},"LAX":{"bgp_peers":[{"group_id":3247,"ipv4":["192.73.244.224"],"ipv6":["2607:f740:c::6cf"],"localasn":63911,"localpeerv4":"192.73.244.148","localpeerv6":"2607:f740:c::f21","peerasn":36236}],"hostname":"anycast-ingress-lax.worker.demo","id":572171,"image":"Ubuntu 24.04 LTS (20240423)","image_id":5787,"ip_v4":"192.73.244.148","ip_v6":"2607:f740:c::f21","location":null,"plan":"VR1x1x25","public_ipv4":"192.73.244.148","public_ipv6":"2607:f740:c::f21","state":"UP","status":"RUNNING"},"LGA":{"bgp_peers":[{"group_id":3247,"ipv4":["209.177.145.69"],"ipv6":["2607:f740:f::8da"],"localasn":63911,"localpeerv4":"209.177.145.228","localpeerv6":"2607:f740:f::b8f","peerasn":36236}],"hostname":"anycast-ingress-lga.worker.demo","id":572164,"image":"Ubuntu 24.04 LTS (20240423)","image_id":5787,"ip_v4":"209.177.145.228","ip_v6":"2607:f740:f::b8f","location":null,"plan":"VR1x1x25","public_ipv4":"209.177.145.228","public_ipv6":"2607:f740:f::b8f","state":"UP","status":"RUNNING"},"LHR":{"bgp_peers":[{"group_id":3247,"ipv4":["176.58.92.141"],"ipv6":["2a00:dd80:3a::9e0"],"localasn":63911,"localpeerv4":"176.58.92.119","localpeerv6":"2a00:dd80:3a::c92","peerasn":36236}],"hostname":"anycast-ingress-lhr.worker.demo","id":572160,"image":"Ubuntu 24.04 LTS (20240423)","image_id":5787,"ip_v4":"176.58.92.119","ip_v6":"2a00:dd80:3a::c92","location":null,"plan":"VR1x1x25","public_ipv4":"176.58.92.119","public_ipv6":"2a00:dd80:3a::c92","state":"UP","status":"RUNNING"},"MAA":{"bgp_peers":[{"group_id":3247,"ipv4":["103.6.87.170"],"ipv6":["2403:2500:4000::ce8"],"localasn":63911,"localpeerv4":"103.6.87.36","localpeerv6":"2403:2500:4000::37e","peerasn":36236}],"hostname":"anycast-ingress-maa.worker.demo","id":572178,"image":"Ubuntu 24.04 LTS (20240423)","image_id":5787,"ip_v4":"103.6.87.36","ip_v6":"2403:2500:4000::37e","location":null,"plan":"VR1x1x25","public_ipv4":"103.6.87.36","public_ipv6":"2403:2500:4000::37e","state":"UP","status":"RUNNING"},"MAD":{"bgp_peers":[{"group_id":3247,"ipv4":["45.159.97.39"],"ipv6":["2a00:dd80:14:10::256"],"localasn":63911,"localpeerv4":"45.159.97.59","localpeerv6":"2a00:dd80:14:10::270","peerasn":36236}],"hostname":"anycast-ingress-mad.worker.demo","id":572158,"image":"Ubuntu 24.04 LTS (20240423)","image_id":5787,"ip_v4":"45.159.97.59","ip_v6":"2a00:dd80:14:10::270","location":null,"plan":"VR1x1x25","public_ipv4":"45.159.97.59","public_ipv6":"2a00:dd80:14:10::270","state":"UP","status":"RUNNING"},"MAN":{"bgp_peers":[{"group_id":3247,"ipv4":["45.159.99.221"],"ipv6":["2a00:dd80:42:10::71"],"localasn":63911,"localpeerv4":"45.159.99.236","localpeerv6":"2a00:dd80:42:10::23c","peerasn":36236}],"hostname":"anycast-ingress-man.worker.demo","id":572168,"image":"Ubuntu 24.04 LTS (20240423)","image_id":5787,"ip_v4":"45.159.99.236","ip_v6":"2a00:dd80:42:10::23c","location":null,"plan":"VR1x1x25","public_ipv4":"45.159.99.236","public_ipv6":"2a00:dd80:42:10::23c","state":"UP","status":"RUNNING"},"MCI":{"bgp_peers":[{"group_id":3247,"ipv4":["104.225.19.196"],"ipv6":["2607:f740:75:1::c6"],"localasn":63911,"localpeerv4":"104.225.19.229","localpeerv6":"2607:f740:75:1::3b4","peerasn":36236}],"hostname":"anycast-ingress-mci.worker.demo","id":572172,"image":"Ubuntu 24.04 LTS (20240423)","image_id":5787,"ip_v4":"104.225.19.229","ip_v6":"2607:f740:75:1::3b4","location":null,"plan":"VR1x1x25","public_ipv4":"104.225.19.229","public_ipv6":"2607:f740:75:1::3b4","state":"UP","status":"RUNNING"},"MIA":{"bgp_peers":[{"group_id":3247,"ipv4":["192.73.243.67"],"ipv6":["2607:f740:17::f7d"],"localasn":63911,"localpeerv4":"192.73.243.31","localpeerv6":"2607:f740:17::f4f","peerasn":36236}],"hostname":"anycast-ingress-mia.worker.demo","id":572159,"image":"Ubuntu 24.04 LTS (20240423)","image_id":5787,"ip_v4":"192.73.243.31","ip_v6":"2607:f740:17::f4f","location":null,"plan":"VR1x1x25","public_ipv4":"192.73.243.31","public_ipv6":"2607:f740:17::f4f","state":"UP","status":"RUNNING"},"NBO":{"bgp_peers":[{"group_id":3247,"ipv4":["102.67.167.110"],"ipv6":["2c0f:edb0:2000:1::41"],"localasn":63911,"localpeerv4":"102.67.167.162","localpeerv6":"2c0f:edb0:2000:1::1ba","peerasn":36236}],"hostname":"anycast-ingress-nbo.worker.demo","id":572179,"image":"Ubuntu 24.04 LTS (20240423)","image_id":5787,"ip_v4":"102.67.167.162","ip_v6":"2c0f:edb0:2000:1::1ba","location":null,"plan":"VR1x1x25","public_ipv4":"102.67.167.162","public_ipv6":"2c0f:edb0:2000:1::1ba","state":"UP","status":"RUNNING"},"OTP":{"bgp_peers":[{"group_id":3247,"ipv4":["185.40.235.123"],"ipv6":["2a00:dd80:10::1c"],"localasn":63911,"localpeerv4":"185.40.235.254","localpeerv6":"2a00:dd80:10::48","peerasn":36236}],"hostname":"anycast-ingress-otp.worker.demo","id":572176,"image":"Ubuntu 24.04 LTS (20240423)","image_id":5787,"ip_v4":"185.40.235.254","ip_v6":"2a00:dd80:10::48","location":null,"plan":"VR1x1x25","public_ipv4":"185.40.235.254","public_ipv6":"2a00:dd80:10::48","state":"UP","status":"RUNNING"},"PDX":{"bgp_peers":[{"group_id":3247,"ipv4":["104.225.28.192"],"ipv6":["2607:f740:28:c::1d2"],"localasn":63911,"localpeerv4":"104.225.28.189","localpeerv6":"2607:f740:28:c::1cf","peerasn":36236}],"hostname":"anycast-ingress-pdx.worker.demo","id":572147,"image":"Ubuntu 24.04 LTS (20240423)","image_id":5787,"ip_v4":"104.225.28.189","ip_v6":"2607:f740:28:c::1cf","location":null,"plan":"VR1x1x25","public_ipv4":"104.225.28.189","public_ipv6":"2607:f740:28:c::1cf","state":"UP","status":"RUNNING"},"PHX":{"bgp_peers":[{"group_id":3247,"ipv4":["104.225.103.229"],"ipv6":["2607:f740:15:20::25f"],"localasn":63911,"localpeerv4":"104.225.103.146","localpeerv6":"2607:f740:15:20::251","peerasn":36236}],"hostname":"anycast-ingress-phx.worker.demo","id":572169,"image":"Ubuntu 24.04 LTS (20240423)","image_id":5787,"ip_v4":"104.225.103.146","ip_v6":"2607:f740:15:20::251","location":null,"plan":"VR1x1x25","public_ipv4":"104.225.103.146","public_ipv6":"2607:f740:15:20::251","state":"UP","status":"RUNNING"},"RDU":{"bgp_peers":[{"group_id":3247,"ipv4":["104.225.1.249"],"ipv6":["2607:fc50:0:15::ae"],"localasn":63911,"localpeerv4":"104.225.1.79","localpeerv6":"2607:fc50:0:15::3c8","peerasn":36236}],"hostname":"anycast-ingress-rdu.worker.demo","id":572143,"image":"Ubuntu 24.04 LTS (20240423)","image_id":5787,"ip_v4":"104.225.1.79","ip_v6":"2607:fc50:0:15::3c8","location":null,"plan":"VR1x1x25","public_ipv4":"104.225.1.79","public_ipv6":"2607:fc50:0:15::3c8","state":"UP","status":"RUNNING"},"SCL":{"bgp_peers":[{"group_id":3247,"ipv4":["148.163.223.119"],"ipv6":["2607:f740:56:10::13b"],"localasn":63911,"localpeerv4":"148.163.223.32","localpeerv6":"2607:f740:56:10::369","peerasn":36236}],"hostname":"anycast-ingress-scl.worker.demo","id":572156,"image":"Ubuntu 24.04 LTS (20240423)","image_id":5787,"ip_v4":"148.163.223.32","ip_v6":"2607:f740:56:10::369","location":null,"plan":"VR1x1x25","public_ipv4":"148.163.223.32","public_ipv6":"2607:f740:56:10::369","state":"UP","status":"RUNNING"},"SEA":{"bgp_peers":[{"group_id":3247,"ipv4":["192.73.240.46"],"ipv6":["2607:f740:14::693"],"localasn":63911,"localpeerv4":"192.73.240.163","localpeerv6":"2607:f740:14::fb","peerasn":36236}],"hostname":"anycast-ingress-sea.worker.demo","id":572146,"image":"Ubuntu 24.04 LTS (20240423)","image_id":5787,"ip_v4":"192.73.240.163","ip_v6":"2607:f740:14::fb","location":null,"plan":"VR1x1x25","public_ipv4":"192.73.240.163","public_ipv6":"2607:f740:14::fb","state":"UP","status":"RUNNING"},"SIN":{"bgp_peers":[{"group_id":3247,"ipv4":["43.245.49.106"],"ipv6":["2403:2500:300::105"],"localasn":63911,"localpeerv4":"43.245.49.137","localpeerv6":"2403:2500:300::c65","peerasn":36236}],"hostname":"anycast-ingress-sin.worker.demo","id":572184,"image":"Ubuntu 24.04 LTS (20240423)","image_id":5787,"ip_v4":"43.245.49.137","ip_v6":"2403:2500:300::c65","location":null,"plan":"VR1x1x25","public_ipv4":"43.245.49.137","public_ipv6":"2403:2500:300::c65","state":"UP","status":"RUNNING"},"SJC":{"bgp_peers":[{"group_id":3247,"ipv4":["208.111.39.103"],"ipv6":["2607:f740:0:3f::5bd"],"localasn":63911,"localpeerv4":"208.111.39.219","localpeerv6":"2607:f740:0:3f::220","peerasn":36236}],"hostname":"anycast-ingress-sjc.worker.demo","id":572154,"image":"Ubuntu 24.04 LTS (20240423)","image_id":5787,"ip_v4":"208.111.39.219","ip_v6":"2607:f740:0:3f::220","location":null,"plan":"VR1x1x25","public_ipv4":"208.111.39.219","public_ipv6":"2607:f740:0:3f::220","state":"UP","status":"RUNNING"},"SYD":{"bgp_peers":[{"group_id":3247,"ipv4":["43.245.48.206"],"ipv6":["2403:2500:9000:1::c28"],"localasn":63911,"localpeerv4":"43.245.48.176","localpeerv6":"2403:2500:9000:1::309","peerasn":36236}],"hostname":"anycast-ingress-syd.worker.demo","id":572183,"image":"Ubuntu 24.04 LTS (20240423)","image_id":5787,"ip_v4":"43.245.48.176","ip_v6":"2403:2500:9000:1::309","location":null,"plan":"VR1x1x25","public_ipv4":"43.245.48.176","public_ipv6":"2403:2500:9000:1::309","state":"UP","status":"RUNNING"},"TOR":{"bgp_peers":[{"group_id":3247,"ipv4":["162.248.221.88"],"ipv6":["2607:f740:50::de5"],"localasn":63911,"localpeerv4":"162.248.221.93","localpeerv6":"2607:f740:50::d3d","peerasn":36236}],"hostname":"anycast-ingress-tor.worker.demo","id":572161,"image":"Ubuntu 24.04 LTS (20240423)","image_id":5787,"ip_v4":"162.248.221.93","ip_v6":"2607:f740:50::d3d","location":null,"plan":"VR1x1x25","public_ipv4":"162.248.221.93","public_ipv6":"2607:f740:50::d3d","state":"UP","status":"RUNNING"},"TYO":{"bgp_peers":[{"group_id":3247,"ipv4":["103.84.155.150"],"ipv6":["2403:2500:400:20::d75"],"localasn":63911,"localpeerv4":"103.84.155.214","localpeerv6":"2403:2500:400:20::c93","peerasn":36236}],"hostname":"anycast-ingress-tyo.worker.demo","id":572185,"image":"Ubuntu 24.04 LTS (20240423)","image_id":5787,"ip_v4":"103.84.155.214","ip_v6":"2403:2500:400:20::c93","location":null,"plan":"VR1x1x25","public_ipv4":"103.84.155.214","public_ipv6":"2403:2500:400:20::c93","state":"UP","status":"RUNNING"},"WAW":{"bgp_peers":[{"group_id":3247,"ipv4":["45.159.98.175"],"ipv6":["2a00:dd80:40:100::312"],"localasn":63911,"localpeerv4":"45.159.98.231","localpeerv6":"2a00:dd80:40:100::241","peerasn":36236}],"hostname":"anycast-ingress-waw.worker.demo","id":572180,"image":"Ubuntu 24.04 LTS (20240423)","image_id":5787,"ip_v4":"45.159.98.231","ip_v6":"2a00:dd80:40:100::241","location":null,"plan":"VR1x1x25","public_ipv4":"45.159.98.231","public_ipv6":"2a00:dd80:40:100::241","state":"UP","status":"RUNNING"},"YUL":{"bgp_peers":[{"group_id":3247,"ipv4":["104.225.25.23"],"ipv6":["2607:f740:74:1::1c8"],"localasn":63911,"localpeerv4":"104.225.25.135","localpeerv6":"2607:f740:74:1::3e","peerasn":36236}],"hostname":"anycast-ingress-yul.worker.demo","id":572170,"image":"Ubuntu 24.04 LTS (20240423)","image_id":5787,"ip_v4":"104.225.25.135","ip_v6":"2607:f740:74:1::3e","location":null,"plan":"VR1x1x25","public_ipv4":"104.225.25.135","public_ipv6":"2607:f740:74:1::3e","state":"UP","status":"RUNNING"}},"type":["object",{"ACC":["object",{"bgp_peers":["list",["object",{"group_id":"number","ipv4":["list","string"],"ipv6":["list","string"],"localasn":"number","localpeerv4":"string","localpeerv6":"string","peerasn":"number"}]],"hostname":"string","id":"number","image":"string","image_id":"number","ip_v4":"string","ip_v6":"string","location":"dynamic","plan":"string","public_ipv4":"string","public_ipv6":"string","state":"string","status":"string"}],"AMS":["object",{"bgp_peers":["list",["object",{"group_id":"number","ipv4":["list","string"],"ipv6":["list","string"],"localasn":"number","localpeerv4":"string","localpeerv6":"string","peerasn":"number"}]],"hostname":"string","id":"number","image":"string","image_id":"number","ip_v4":"string","ip_v6":"string","location":"dynamic","plan":"string","public_ipv4":"string","public_ipv6":"string","state":"string","status":"string"}],"ATL":["object",{"bgp_peers":["list",["object",{"group_id":"number","ipv4":["list","string"],"ipv6":["list","string"],"localasn":"number","localpeerv4":"string","localpeerv6":"string","peerasn":"number"}]],"hostname":"string","id":"number","image":"string","image_id":"number","ip_v4":"string","ip_v6":"string","location":"dynamic","plan":"string","public_ipv4":"string","public_ipv6":"string","state":"string","status":"string"}],"BOM":["object",{"bgp_peers":["list",["object",{"group_id":"number","ipv4":["list","string"],"ipv6":["list","string"],"localasn":"number","localpeerv4":"string","localpeerv6":"string","peerasn":"number"}]],"hostname":"string","id":"number","image":"string","image_id":"number","ip_v4":"string","ip_v6":"string","location":"dynamic","plan":"string","public_ipv4":"string","public_ipv6":"string","state":"string","status":"string"}],"CDG":["object",{"bgp_peers":["list",["object",{"group_id":"number","ipv4":["list","string"],"ipv6":["list","string"],"localasn":"number","localpeerv4":"string","localpeerv6":"string","peerasn":"number"}]],"hostname":"string","id":"number","image":"string","image_id":"number","ip_v4":"string","ip_v6":"string","location":"dynamic","plan":"string","public_ipv4":"string","public_ipv6":"string","state":"string","status":"string"}],"CHI":["object",{"bgp_peers":["list",["object",{"group_id":"number","ipv4":["list","string"],"ipv6":["list","string"],"localasn":"number","localpeerv4":"string","localpeerv6":"string","peerasn":"number"}]],"hostname":"string","id":"number","image":"string","image_id":"number","ip_v4":"string","ip_v6":"string","location":"dynamic","plan":"string","public_ipv4":"string","public_ipv6":"string","state":"string","status":"string"}],"DEN":["object",{"bgp_peers":["list",["object",{"group_id":"number","ipv4":["list","string"],"ipv6":["list","string"],"localasn":"number","localpeerv4":"string","localpeerv6":"string","peerasn":"number"}]],"hostname":"string","id":"number","image":"string","image_id":"number","ip_v4":"string","ip_v6":"string","location":"dynamic","plan":"string","public_ipv4":"string","public_ipv6":"string","state":"string","status":"string"}],"DFW":["object",{"bgp_peers":["list",["object",{"group_id":"number","ipv4":["list","string"],"ipv6":["list","string"],"localasn":"number","localpeerv4":"string","localpeerv6":"string","peerasn":"number"}]],"hostname":"string","id":"number","image":"string","image_id":"number","ip_v4":"string","ip_v6":"string","location":"dynamic","plan":"string","public_ipv4":"string","public_ipv6":"string","state":"string","status":"string"}],"DUB":["object",{"bgp_peers":["list",["object",{"group_id":"number","ipv4":["list","string"],"ipv6":["list","string"],"localasn":"number","localpeerv4":"string","localpeerv6":"string","peerasn":"number"}]],"hostname":"string","id":"number","image":"string","image_id":"number","ip_v4":"string","ip_v6":"string","location":"dynamic","plan":"string","public_ipv4":"string","public_ipv6":"string","state":"string","status":"string"}],"DXB":["object",{"bgp_peers":["list",["object",{"group_id":"number","ipv4":["list","string"],"ipv6":["list","string"],"localasn":"number","localpeerv4":"string","localpeerv6":"string","peerasn":"number"}]],"hostname":"string","id":"number","image":"string","image_id":"number","ip_v4":"string","ip_v6":"string","location":"dynamic","plan":"string","public_ipv4":"string","public_ipv6":"string","state":"string","status":"string"}],"FRA":["object",{"bgp_peers":["list",["object",{"group_id":"number","ipv4":["list","string"],"ipv6":["list","string"],"localasn":"number","localpeerv4":"string","localpeerv6":"string","peerasn":"number"}]],"hostname":"string","id":"number","image":"string","image_id":"number","ip_v4":"string","ip_v6":"string","location":"dynamic","plan":"string","public_ipv4":"string","public_ipv6":"string","state":"string","status":"string"}],"GRU":["object",{"bgp_peers":["list",["object",{"group_id":"number","ipv4":["list","string"],"ipv6":["list","string"],"localasn":"number","localpeerv4":"string","localpeerv6":"string","peerasn":"number"}]],"hostname":"string","id":"number","image":"string","image_id":"number","ip_v4":"string","ip_v6":"string","location":"dynamic","plan":"string","public_ipv4":"string","public_ipv6":"string","state":"string","status":"string"}],"HKG":["object",{"bgp_peers":["list",["object",{"group_id":"number","ipv4":["list","string"],"ipv6":["list","string"],"localasn":"number","localpeerv4":"string","localpeerv6":"string","peerasn":"number"}]],"hostname":"string","id":"number","image":"string","image_id":"number","ip_v4":"string","ip_v6":"string","location":"dynamic","plan":"string","public_ipv4":"string","public_ipv6":"string","state":"string","status":"string"}],"IAD3":["object",{"bgp_peers":["list",["object",{"group_id":"number","ipv4":["list","string"],"ipv6":["list","string"],"localasn":"number","localpeerv4":"string","localpeerv6":"string","peerasn":"number"}]],"hostname":"string","id":"number","image":"string","image_id":"number","ip_v4":"string","ip_v6":"string","location":"dynamic","plan":"string","public_ipv4":"string","public_ipv6":"string","state":"string","status":"string"}],"JNB":["object",{"bgp_peers":["list",["object",{"group_id":"number","ipv4":["list","string"],"ipv6":["list","string"],"localasn":"number","localpeerv4":"string","localpeerv6":"string","peerasn":"number"}]],"hostname":"string","id":"number","image":"string","image_id":"number","ip_v4":"string","ip_v6":"string","location":"dynamic","plan":"string","public_ipv4":"string","public_ipv6":"string","state":"string","status":"string"}],"LAX":["object",{"bgp_peers":["list",["object",{"group_id":"number","ipv4":["list","string"],"ipv6":["list","string"],"localasn":"number","localpeerv4":"string","localpeerv6":"string","peerasn":"number"}]],"hostname":"string","id":"number","image":"string","image_id":"number","ip_v4":"string","ip_v6":"string","location":"dynamic","plan":"string","public_ipv4":"string","public_ipv6":"string","state":"string","status":"string"}],"LGA":["object",{"bgp_peers":["list",["object",{"group_id":"number","ipv4":["list","string"],"ipv6":["list","string"],"localasn":"number","localpeerv4":"string","localpeerv6":"string","peerasn":"number"}]],"hostname":"string","id":"number","image":"string","image_id":"number","ip_v4":"string","ip_v6":"string","location":"dynamic","plan":"string","public_ipv4":"string","public_ipv6":"string","state":"string","status":"string"}],"LHR":["object",{"bgp_peers":["list",["object",{"group_id":"number","ipv4":["list","string"],"ipv6":["list","string"],"localasn":"number","localpeerv4":"string","localpeerv6":"string","peerasn":"number"}]],"hostname":"string","id":"number","image":"string","image_id":"number","ip_v4":"string","ip_v6":"string","location":"dynamic","plan":"string","public_ipv4":"string","public_ipv6":"string","state":"string","status":"string"}],"MAA":["object",{"bgp_peers":["list",["object",{"group_id":"number","ipv4":["list","string"],"ipv6":["list","string"],"localasn":"number","localpeerv4":"string","localpeerv6":"string","peerasn":"number"}]],"hostname":"string","id":"number","image":"string","image_id":"number","ip_v4":"string","ip_v6":"string","location":"dynamic","plan":"string","public_ipv4":"string","public_ipv6":"string","state":"string","status":"string"}],"MAD":["object",{"bgp_peers":["list",["object",{"group_id":"number","ipv4":["list","string"],"ipv6":["list","string"],"localasn":"number","localpeerv4":"string","localpeerv6":"string","peerasn":"number"}]],"hostname":"string","id":"number","image":"string","image_id":"number","ip_v4":"string","ip_v6":"string","location":"dynamic","plan":"string","public_ipv4":"string","public_ipv6":"string","state":"string","status":"string"}],"MAN":["object",{"bgp_peers":["list",["object",{"group_id":"number","ipv4":["list","string"],"ipv6":["list","string"],"localasn":"number","localpeerv4":"string","localpeerv6":"string","peerasn":"number"}]],"hostname":"string","id":"number","image":"string","image_id":"number","ip_v4":"string","ip_v6":"string","location":"dynamic","plan":"string","public_ipv4":"string","public_ipv6":"string","state":"string","status":"string"}],"MCI":["object",{"bgp_peers":["list",["object",{"group_id":"number","ipv4":["list","string"],"ipv6":["list","string"],"localasn":"number","localpeerv4":"string","localpeerv6":"string","peerasn":"number"}]],"hostname":"string","id":"number","image":"string","image_id":"number","ip_v4":"string","ip_v6":"string","location":"dynamic","plan":"string","public_ipv4":"string","public_ipv6":"string","state":"string","status":"string"}],"MIA":["object",{"bgp_peers":["list",["object",{"group_id":"number","ipv4":["list","string"],"ipv6":["list","string"],"localasn":"number","localpeerv4":"string","localpeerv6":"string","peerasn":"number"}]],"hostname":"string","id":"number","image":"string","image_id":"number","ip_v4":"string","ip_v6":"string","location":"dynamic","plan":"string","public_ipv4":"string","public_ipv6":"string","state":"string","status":"string"}],"NBO":["object",{"bgp_peers":["list",["object",{"group_id":"number","ipv4":["list","string"],"ipv6":["list","string"],"localasn":"number","localpeerv4":"string","localpeerv6":"string","peerasn":"number"}]],"hostname":"string","id":"number","image":"string","image_id":"number","ip_v4":"string","ip_v6":"string","location":"dynamic","plan":"string","public_ipv4":"string","public_ipv6":"string","state":"string","status":"string"}],"OTP":["object",{"bgp_peers":["list",["object",{"group_id":"number","ipv4":["list","string"],"ipv6":["list","string"],"localasn":"number","localpeerv4":"string","localpeerv6":"string","peerasn":"number"}]],"hostname":"string","id":"number","image":"string","image_id":"number","ip_v4":"string","ip_v6":"string","location":"dynamic","plan":"string","public_ipv4":"string","public_ipv6":"string","state":"string","status":"string"}],"PDX":["object",{"bgp_peers":["list",["object",{"group_id":"number","ipv4":["list","string"],"ipv6":["list","string"],"localasn":"number","localpeerv4":"string","localpeerv6":"string","peerasn":"number"}]],"hostname":"string","id":"number","image":"string","image_id":"number","ip_v4":"string","ip_v6":"string","location":"dynamic","plan":"string","public_ipv4":"string","public_ipv6":"string","state":"string","status":"string"}],"PHX":["object",{"bgp_peers":["list",["object",{"group_id":"number","ipv4":["list","string"],"ipv6":["list","string"],"localasn":"number","localpeerv4":"string","localpeerv6":"string","peerasn":"number"}]],"hostname":"string","id":"number","image":"string","image_id":"number","ip_v4":"string","ip_v6":"string","location":"dynamic","plan":"string","public_ipv4":"string","public_ipv6":"string","state":"string","status":"string"}],"RDU":["object",{"bgp_peers":["list",["object",{"group_id":"number","ipv4":["list","string"],"ipv6":["list","string"],"localasn":"number","localpeerv4":"string","localpeerv6":"string","peerasn":"number"}]],"hostname":"string","id":"number","image":"string","image_id":"number","ip_v4":"string","ip_v6":"string","location":"dynamic","plan":"string","public_ipv4":"string","public_ipv6":"string","state":"string","status":"string"}],"SCL":["object",{"bgp_peers":["list",["object",{"group_id":"number","ipv4":["list","string"],"ipv6":["list","string"],"localasn":"number","localpeerv4":"string","localpeerv6":"string","peerasn":"number"}]],"hostname":"string","id":"number","image":"string","image_id":"number","ip_v4":"string","ip_v6":"string","location":"dynamic","plan":"string","public_ipv4":"string","public_ipv6":"string","state":"string","status":"string"}],"SEA":["object",{"bgp_peers":["list",["object",{"group_id":"number","ipv4":["list","string"],"ipv6":["list","string"],"localasn":"number","localpeerv4":"string","localpeerv6":"string","peerasn":"number"}]],"hostname":"string","id":"number","image":"string","image_id":"number","ip_v4":"string","ip_v6":"string","location":"dynamic","plan":"string","public_ipv4":"string","public_ipv6":"string","state":"string","status":"string"}],"SIN":["object",{"bgp_peers":["list",["object",{"group_id":"number","ipv4":["list","string"],"ipv6":["list","string"],"localasn":"number","localpeerv4":"string","localpeerv6":"string","peerasn":"number"}]],"hostname":"string","id":"number","image":"string","image_id":"number","ip_v4":"string","ip_v6":"string","location":"dynamic","plan":"string","public_ipv4":"string","public_ipv6":"string","state":"string","status":"string"}],"SJC":["object",{"bgp_peers":["list",["object",{"group_id":"number","ipv4":["list","string"],"ipv6":["list","string"],"localasn":"number","localpeerv4":"string","localpeerv6":"string","peerasn":"number"}]],"hostname":"string","id":"number","image":"string","image_id":"number","ip_v4":"string","ip_v6":"string","location":"dynamic","plan":"string","public_ipv4":"string","public_ipv6":"string","state":"string","status":"string"}],"SYD":["object",{"bgp_peers":["list",["object",{"group_id":"number","ipv4":["list","string"],"ipv6":["list","string"],"localasn":"number","localpeerv4":"string","localpeerv6":"string","peerasn":"number"}]],"hostname":"string","id":"number","image":"string","image_id":"number","ip_v4":"string","ip_v6":"string","location":"dynamic","plan":"string","public_ipv4":"string","public_ipv6":"string","state":"string","status":"string"}],"TOR":["object",{"bgp_peers":["list",["object",{"group_id":"number","ipv4":["list","string"],"ipv6":["list","string"],"localasn":"number","localpeerv4":"string","localpeerv6":"string","peerasn":"number"}]],"hostname":"string","id":"number","image":"string","image_id":"number","ip_v4":"string","ip_v6":"string","location":"dynamic","plan":"string","public_ipv4":"string","public_ipv6":"string","state":"string","status":"string"}],"TYO":["object",{"bgp_peers":["list",["object",{"group_id":"number","ipv4":["list","string"],"ipv6":["list","string"],"localasn":"number","localpeerv4":"string","localpeerv6":"string","peerasn":"number"}]],"hostname":"string","id":"number","image":"string","image_id":"number","ip_v4":"string","ip_v6":"string","location":"dynamic","plan":"string","public_ipv4":"string","public_ipv6":"string","state":"string","status":"string"}],"WAW":["object",{"bgp_peers":["list",["object",{"group_id":"number","ipv4":["list","string"],"ipv6":["list","string"],"localasn":"number","localpeerv4":"string","localpeerv6":"string","peerasn":"number"}]],"hostname":"string","id":"number","image":"string","image_id":"number","ip_v4":"string","ip_v6":"string","location":"dynamic","plan":"string","public_ipv4":"string","public_ipv6":"string","state":"string","status":"string"}],"YUL":["object",{"bgp_peers":["list",["object",{"group_id":"number","ipv4":["list","string"],"ipv6":["list","string"],"localasn":"number","localpeerv4":"string","localpeerv6":"string","peerasn":"number"}]],"hostname":"string","id":"number","image":"string","image_id":"number","ip_v4":"string","ip_v6":"string","location":"dynamic","plan":"string","public_ipv4":"string","public_ipv6":"string","state":"string","status":"string"}]}]},"vm_ids":{"value":{"ACC":"572181","AMS":"572155","ATL":"572165","BOM":"572182","CDG":"572162","CHI":"572142","DEN":"572145","DFW":"572157","DUB":"572166","DXB":"572175","FRA":"572167","GRU":"572163","HKG":"572186","IAD3":"572144","JNB":"572177","LAX":"572171","LGA":"572164","LHR":"572160","MAA":"572178","MAD":"572158","MAN":"572168","MCI":"572172","MIA":"572159","NBO":"572179","OTP":"572176","PDX":"572147","PHX":"572169","RDU":"572143","SCL":"572156","SEA":"572146","SIN":"572184","SJC":"572154","SYD":"572183","TOR":"572161","TYO":"572185","WAW":"572180","YUL":"572170"},"type":["object",{"ACC":"string","AMS":"string","ATL":"string","BOM":"string","CDG":"string","CHI":"string","DEN":"string","DFW":"string","DUB":"string","DXB":"string","FRA":"string","GRU":"string","HKG":"string","IAD3":"string","JNB":"string","LAX":"string","LGA":"string","LHR":"string","MAA":"string","MAD":"string","MAN":"string","MCI":"string","MIA":"string","NBO":"string","OTP":"string","PDX":"string","PHX":"string","RDU":"string","SCL":"string","SEA":"string","SIN":"string","SJC":"string","SYD":"string","TOR":"string","TYO":"string","WAW":"string","YUL":"string"}]},"vm_public_ips":{"value":{"ACC":"102.213.153.16","AMS":"176.58.93.156","ATL":"104.225.125.233","BOM":"59.153.13.4","CDG":"176.58.90.141","CHI":"209.177.158.233","DEN":"192.73.242.78","DFW":"192.73.248.213","DUB":"185.34.0.236","DXB":"185.34.3.126","FRA":"185.40.234.215","GRU":"148.163.220.121","HKG":"103.6.84.125","IAD3":"104.225.11.116","JNB":"102.67.165.129","LAX":"192.73.244.148","LGA":"209.177.145.228","LHR":"176.58.92.119","MAA":"103.6.87.36","MAD":"45.159.97.59","MAN":"45.159.99.236","MCI":"104.225.19.229","MIA":"192.73.243.31","NBO":"102.67.167.162","OTP":"185.40.235.254","PDX":"104.225.28.189","PHX":"104.225.103.146","RDU":"104.225.1.79","SCL":"148.163.223.32","SEA":"192.73.240.163","SIN":"43.245.49.137","SJC":"208.111.39.219","SYD":"43.245.48.176","TOR":"162.248.221.93","TYO":"103.84.155.214","WAW":"45.159.98.231","YUL":"104.225.25.135"},"type":["object",{"ACC":"string","AMS":"string","ATL":"string","BOM":"string","CDG":"string","CHI":"string","DEN":"string","DFW":"string","DUB":"string","DXB":"string","FRA":"string","GRU":"string","HKG":"string","IAD3":"string","JNB":"string","LAX":"string","LGA":"string","LHR":"string","MAA":"string","MAD":"string","MAN":"string","MCI":"string","MIA":"string","NBO":"string","OTP":"string","PDX":"string","PHX":"string","RDU":"string","SCL":"string","SEA":"string","SIN":"string","SJC":"string","SYD":"string","TOR":"string","TYO":"string","WAW":"string","YUL":"string"}]}},"resources":[{"mode":"data","type":"netactuate_bgp_sessions","name":"sessions","provider":"provider[\"registry.opentofu.org/netactuate/netactuate\"]","instances":[{"index_key":"ACC","schema_version":0,"attributes":{"id":"572181","mbpkgid":572181,"sessions":[{"config_status":"1","customer_asn":63911,"customer_peer_ip":"102.213.153.16","description":"Craig's DevOps Demos - ACC - anycast-ingress-acc.worker.demo IPv4","group_id":3247,"group_name":"Craig's DevOps Demos","id":51187,"last_update":"2025-10-06 08:52:59","location_name":"ACC - Accra, GH","locked":false,"mb_id":0,"provider_asn":36236,"provider_ip_type":"ipv4","provider_peer_ip":"102.213.153.137","routes_received":"[{\"path\": [\"63911\"], \"origin\": \"63911\", \"prefix\": \"45.54.50.0/24\", \"next_hop\": \"102.213.153.16\", \"metric_loc_prf_weight\": 0}]","state":"Established"},{"config_status":"1","customer_asn":63911,"customer_peer_ip":"2c0f:edb0:4000:1::339","description":"Craig's DevOps Demos - ACC - anycast-ingress-acc.worker.demo IPv6","group_id":3247,"group_name":"Craig's DevOps Demos","id":51188,"last_update":"2025-10-06 08:53:11","location_name":"ACC - Accra, GH","locked":false,"mb_id":0,"provider_asn":36236,"provider_ip_type":"ipv6","provider_peer_ip":"2c0f:edb0:4000:1::12a","routes_received":"","state":"Active"}]},"sensitive_attributes":[]},{"index_key":"AMS","schema_version":0,"attributes":{"id":"572155","mbpkgid":572155,"sessions":[{"config_status":"1","customer_asn":63911,"customer_peer_ip":"2a00:dd80:3c::11d","description":"Craig's DevOps Demos - AMS - anycast-ingress-ams.worker.demo IPv6","group_id":3247,"group_name":"Craig's DevOps Demos","id":51148,"last_update":"2025-10-06 08:52:59","location_name":"AMS - Amsterdam, NL","locked":false,"mb_id":0,"provider_asn":36236,"provider_ip_type":"ipv6","provider_peer_ip":"2a00:dd80:3c::433","routes_received":"","state":"Active"},{"config_status":"1","customer_asn":63911,"customer_peer_ip":"176.58.93.156","description":"Craig's DevOps Demos - AMS - anycast-ingress-ams.worker.demo IPv4","group_id":3247,"group_name":"Craig's DevOps Demos","id":51147,"last_update":"2025-10-06 08:53:05","location_name":"AMS - Amsterdam, NL","locked":false,"mb_id":0,"provider_asn":36236,"provider_ip_type":"ipv4","provider_peer_ip":"176.58.93.3","routes_received":"[{\"path\": [\"63911\"], \"origin\": \"63911\", \"prefix\": \"45.54.50.0/24\", \"next_hop\": \"176.58.93.156\", \"metric_loc_prf_weight\": 0}]","state":"Established"}]},"sensitive_attributes":[]},{"index_key":"ATL","schema_version":0,"attributes":{"id":"572165","mbpkgid":572165,"sessions":[{"config_status":"1","customer_asn":63911,"customer_peer_ip":"2607:f740:69:1::11f","description":"Craig's DevOps Demos - ATL - anycast-ingress-atl.worker.demo IPv6","group_id":3247,"group_name":"Craig's DevOps Demos","id":51164,"last_update":"2025-10-06 08:51:39","location_name":"ATL - Atlanta, GA","locked":false,"mb_id":0,"provider_asn":36236,"provider_ip_type":"ipv6","provider_peer_ip":"2607:f740:69:1::27","routes_received":"","state":"Active"},{"config_status":"1","customer_asn":63911,"customer_peer_ip":"104.225.125.233","description":"Craig's DevOps Demos - ATL - anycast-ingress-atl.worker.demo IPv4","group_id":3247,"group_name":"Craig's DevOps Demos","id":51163,"last_update":"2025-10-06 08:51:44","location_name":"ATL - Atlanta, GA","locked":false,"mb_id":0,"provider_asn":36236,"provider_ip_type":"ipv4","provider_peer_ip":"104.225.125.28","routes_received":"[{\"path\": [\"63911\"], \"origin\": \"63911\", \"prefix\": \"45.54.50.0/24\", \"next_hop\": \"104.225.125.233\", \"metric_loc_prf_weight\": 0}]","state":"Established"}]},"sensitive_attributes":[]},{"index_key":"BOM","schema_version":0,"attributes":{"id":"572182","mbpkgid":572182,"sessions":[{"config_status":"1","customer_asn":63911,"customer_peer_ip":"2403:2500:500:a::224","description":"Craig's DevOps Demos - BOM - anycast-ingress-bom.worker.demo IPv6","group_id":3247,"group_name":"Craig's DevOps Demos","id":51192,"last_update":"2025-10-06 08:51:51","location_name":"BOM - Mumbai, IN","locked":false,"mb_id":0,"provider_asn":36236,"provider_ip_type":"ipv6","provider_peer_ip":"2403:2500:500:a::2ca","routes_received":"","state":"Active"},{"config_status":"1","customer_asn":63911,"customer_peer_ip":"59.153.13.4","description":"Craig's DevOps Demos - BOM - anycast-ingress-bom.worker.demo IPv4","group_id":3247,"group_name":"Craig's DevOps Demos","id":51191,"last_update":"2025-10-06 08:51:54","location_name":"BOM - Mumbai, IN","locked":false,"mb_id":0,"provider_asn":36236,"provider_ip_type":"ipv4","provider_peer_ip":"59.153.13.25","routes_received":"[{\"path\": [\"63911\"], \"origin\": \"63911\", \"prefix\": \"45.54.50.0/24\", \"next_hop\": \"59.153.13.4\", \"metric_loc_prf_weight\": 0}]","state":"Established"}]},"sensitive_attributes":[]},{"index_key":"CDG","schema_version":0,"attributes":{"id":"572162","mbpkgid":572162,"sessions":[{"config_status":"1","customer_asn":63911,"customer_peer_ip":"2a00:dd80:3e::28f","description":"Craig's DevOps Demos - CDG - anycast-ingress-cdg.worker.demo IPv6","group_id":3247,"group_name":"Craig's DevOps Demos","id":51146,"last_update":"2025-10-06 08:53:01","location_name":"CDG - Paris, France","locked":false,"mb_id":0,"provider_asn":36236,"provider_ip_type":"ipv6","provider_peer_ip":"2a00:dd80:3e::e84","routes_received":"","state":"Active"},{"config_status":"1","customer_asn":63911,"customer_peer_ip":"176.58.90.141","description":"Craig's DevOps Demos - CDG - anycast-ingress-cdg.worker.demo IPv4","group_id":3247,"group_name":"Craig's DevOps Demos","id":51145,"last_update":"2025-10-06 08:53:04","location_name":"CDG - Paris, France","locked":false,"mb_id":0,"provider_asn":36236,"provider_ip_type":"ipv4","provider_peer_ip":"176.58.90.224","routes_received":"[{\"path\": [\"63911\"], \"origin\": \"63911\", \"prefix\": \"45.54.50.0/24\", \"next_hop\": \"176.58.90.141\", \"metric_loc_prf_weight\": 0}]","state":"Established"}]},"sensitive_attributes":[]},{"index_key":"CHI","schema_version":0,"attributes":{"id":"572142","mbpkgid":572142,"sessions":[{"config_status":"1","customer_asn":63911,"customer_peer_ip":"2607:f740:e::912","description":"Craig's DevOps Demos - CHI - anycast-ingress-chi.worker.demo IPv6","group_id":3247,"group_name":"Craig's DevOps Demos","id":51134,"last_update":"2025-10-06 08:49:25","location_name":"CHI - Chicago, IL","locked":false,"mb_id":0,"provider_asn":36236,"provider_ip_type":"ipv6","provider_peer_ip":"2607:f740:e::e9e","routes_received":"","state":"Active"},{"config_status":"1","customer_asn":63911,"customer_peer_ip":"209.177.158.233","description":"Craig's DevOps Demos - CHI - anycast-ingress-chi.worker.demo IPv4","group_id":3247,"group_name":"Craig's DevOps Demos","id":51133,"last_update":"2025-10-06 08:49:28","location_name":"CHI - Chicago, IL","locked":false,"mb_id":0,"provider_asn":36236,"provider_ip_type":"ipv4","provider_peer_ip":"209.177.158.22","routes_received":"[{\"path\": [\"63911\"], \"origin\": \"63911\", \"prefix\": \"45.54.50.0/24\", \"next_hop\": \"209.177.158.233\", \"metric_loc_prf_weight\": 0}]","state":"Established"}]},"sensitive_attributes":[]},{"index_key":"DEN","schema_version":0,"attributes":{"id":"572145","mbpkgid":572145,"sessions":[{"config_status":"1","customer_asn":63911,"customer_peer_ip":"192.73.242.78","description":"Craig's DevOps Demos - DEN - anycast-ingress-den.worker.demo IPv4","group_id":3247,"group_name":"Craig's DevOps Demos","id":51129,"last_update":"2025-10-06 08:49:30","location_name":"DEN - Denver, CO","locked":false,"mb_id":0,"provider_asn":36236,"provider_ip_type":"ipv4","provider_peer_ip":"192.73.242.90","routes_received":"[{\"path\": [\"63911\"], \"origin\": \"63911\", \"prefix\": \"45.54.50.0/24\", \"next_hop\": \"192.73.242.78\", \"metric_loc_prf_weight\": 0}]","state":"Established"},{"config_status":"1","customer_asn":63911,"customer_peer_ip":"2607:f740:16::573","description":"Craig's DevOps Demos - DEN - anycast-ingress-den.worker.demo IPv6","group_id":3247,"group_name":"Craig's DevOps Demos","id":51130,"last_update":"2025-10-06 08:49:31","location_name":"DEN - Denver, CO","locked":false,"mb_id":0,"provider_asn":36236,"provider_ip_type":"ipv6","provider_peer_ip":"2607:f740:16::a7","routes_received":"","state":"Active"}]},"sensitive_attributes":[]},{"index_key":"DFW","schema_version":0,"attributes":{"id":"572157","mbpkgid":572157,"sessions":[{"config_status":"1","customer_asn":63911,"customer_peer_ip":"192.73.248.213","description":"Craig's DevOps Demos - DFW - anycast-ingress-dfw.worker.demo IPv4","group_id":3247,"group_name":"Craig's DevOps Demos","id":51153,"last_update":"2025-10-06 08:49:22","location_name":"DFW - Dallas, TX","locked":false,"mb_id":0,"provider_asn":36236,"provider_ip_type":"ipv4","provider_peer_ip":"192.73.248.175","routes_received":"[{\"path\": [\"63911\"], \"origin\": \"63911\", \"prefix\": \"45.54.50.0/24\", \"next_hop\": \"192.73.248.213\", \"metric_loc_prf_weight\": 0}]","state":"Established"},{"config_status":"1","customer_asn":63911,"customer_peer_ip":"2607:f740:100::e04","description":"Craig's DevOps Demos - DFW - anycast-ingress-dfw.worker.demo IPv6","group_id":3247,"group_name":"Craig's DevOps Demos","id":51154,"last_update":"2025-10-06 08:49:24","location_name":"DFW - Dallas, TX","locked":false,"mb_id":0,"provider_asn":36236,"provider_ip_type":"ipv6","provider_peer_ip":"2607:f740:100::62b","routes_received":"","state":"Active"}]},"sensitive_attributes":[]},{"index_key":"DUB","schema_version":0,"attributes":{"id":"572166","mbpkgid":572166,"sessions":[{"config_status":"1","customer_asn":63911,"customer_peer_ip":"2a00:dd80:d:8::5c","description":"Craig's DevOps Demos - DUB.ANYCAST.NET - anycast-ingress-dub.worker.demo IPv6","group_id":3247,"group_name":"Craig's DevOps Demos","id":51162,"last_update":"2025-10-06 08:49:56","location_name":"DUB - Dublin, IE","locked":false,"mb_id":0,"provider_asn":36236,"provider_ip_type":"ipv6","provider_peer_ip":"2a00:dd80:d:8::11a","routes_received":"","state":"Active"},{"config_status":"1","customer_asn":63911,"customer_peer_ip":"185.34.0.236","description":"Craig's DevOps Demos - DUB.ANYCAST.NET - anycast-ingress-dub.worker.demo IPv4","group_id":3247,"group_name":"Craig's DevOps Demos","id":51161,"last_update":"2025-10-06 08:49:57","location_name":"DUB - Dublin, IE","locked":false,"mb_id":0,"provider_asn":36236,"provider_ip_type":"ipv4","provider_peer_ip":"185.34.0.145","routes_received":"[{\"path\": [\"63911\"], \"origin\": \"63911\", \"prefix\": \"45.54.50.0/24\", \"next_hop\": \"185.34.0.236\", \"metric_loc_prf_weight\": 0}]","state":"Established"}]},"sensitive_attributes":[]},{"index_key":"DXB","schema_version":0,"attributes":{"id":"572175","mbpkgid":572175,"sessions":[{"config_status":"1","customer_asn":63911,"customer_peer_ip":"185.34.3.126","description":"Craig's DevOps Demos - DXB - anycast-ingress-dxb.worker.demo IPv4","group_id":3247,"group_name":"Craig's DevOps Demos","id":51183,"last_update":"2025-10-06 08:49:26","location_name":"DXB - Dubai, UAE","locked":false,"mb_id":0,"provider_asn":36236,"provider_ip_type":"ipv4","provider_peer_ip":"185.34.3.94","routes_received":"[{\"path\": [\"63911\"], \"origin\": \"63911\", \"prefix\": \"45.54.50.0/24\", \"next_hop\": \"185.34.3.126\", \"metric_loc_prf_weight\": 0}]","state":"Established"},{"config_status":"1","customer_asn":63911,"customer_peer_ip":"2a00:dd80:3f:100::ea0","description":"Craig's DevOps Demos - DXB - anycast-ingress-dxb.worker.demo IPv6","group_id":3247,"group_name":"Craig's DevOps Demos","id":51184,"last_update":"2025-10-06 08:49:34","location_name":"DXB - Dubai, UAE","locked":false,"mb_id":0,"provider_asn":36236,"provider_ip_type":"ipv6","provider_peer_ip":"2a00:dd80:3f:100::db0","routes_received":"","state":"Active"}]},"sensitive_attributes":[]},{"index_key":"FRA","schema_version":0,"attributes":{"id":"572167","mbpkgid":572167,"sessions":[{"config_status":"1","customer_asn":63911,"customer_peer_ip":"2a00:dd80:20::b40","description":"Craig's DevOps Demos - FRA - anycast-ingress-fra.worker.demo IPv6","group_id":3247,"group_name":"Craig's DevOps Demos","id":51166,"last_update":"2025-10-06 08:53:00","location_name":"FRA - Frankfurt, DE","locked":false,"mb_id":0,"provider_asn":36236,"provider_ip_type":"ipv6","provider_peer_ip":"2a00:dd80:20::cf2","routes_received":"","state":"Active"},{"config_status":"1","customer_asn":63911,"customer_peer_ip":"185.40.234.215","description":"Craig's DevOps Demos - FRA - anycast-ingress-fra.worker.demo IPv4","group_id":3247,"group_name":"Craig's DevOps Demos","id":51165,"last_update":"2025-10-06 08:53:01","location_name":"FRA - Frankfurt, DE","locked":false,"mb_id":0,"provider_asn":36236,"provider_ip_type":"ipv4","provider_peer_ip":"185.40.234.32","routes_received":"[{\"path\": [\"63911\"], \"origin\": \"63911\", \"prefix\": \"45.54.50.0/24\", \"next_hop\": \"185.40.234.215\", \"metric_loc_prf_weight\": 0}]","state":"Established"}]},"sensitive_attributes":[]},{"index_key":"GRU","schema_version":0,"attributes":{"id":"572163","mbpkgid":572163,"sessions":[{"config_status":"1","customer_asn":63911,"customer_peer_ip":"2607:f740:1::7d5","description":"Craig's DevOps Demos - GRU - anycast-ingress-gru.worker.demo IPv6","group_id":3247,"group_name":"Craig's DevOps Demos","id":51152,"last_update":"2025-10-06 08:53:02","location_name":"GRU - Sao Paulo, Brazil","locked":false,"mb_id":0,"provider_asn":36236,"provider_ip_type":"ipv6","provider_peer_ip":"2607:f740:1::e37","routes_received":"","state":"Active"},{"config_status":"1","customer_asn":63911,"customer_peer_ip":"148.163.220.121","description":"Craig's DevOps Demos - GRU - anycast-ingress-gru.worker.demo IPv4","group_id":3247,"group_name":"Craig's DevOps Demos","id":51151,"last_update":"2025-10-06 08:53:05","location_name":"GRU - Sao Paulo, Brazil","locked":false,"mb_id":0,"provider_asn":36236,"provider_ip_type":"ipv4","provider_peer_ip":"148.163.220.95","routes_received":"[{\"path\": [\"63911\"], \"origin\": \"63911\", \"prefix\": \"45.54.50.0/24\", \"next_hop\": \"148.163.220.121\", \"metric_loc_prf_weight\": 0}]","state":"Established"}]},"sensitive_attributes":[]},{"index_key":"HKG","schema_version":0,"attributes":{"id":"572186","mbpkgid":572186,"sessions":[{"config_status":"1","customer_asn":63911,"customer_peer_ip":"103.6.84.125","description":"Craig's DevOps Demos - HKG - anycast-ingress-hkg.worker.demo IPv4","group_id":3247,"group_name":"Craig's DevOps Demos","id":51199,"last_update":"2025-10-06 08:51:43","location_name":"HKG - Hong Kong, HK","locked":false,"mb_id":0,"provider_asn":36236,"provider_ip_type":"ipv4","provider_peer_ip":"103.6.84.16","routes_received":"[{\"path\": [\"63911\"], \"origin\": \"63911\", \"prefix\": \"45.54.50.0/24\", \"next_hop\": \"103.6.84.125\", \"metric_loc_prf_weight\": 0}]","state":"Established"},{"config_status":"1","customer_asn":63911,"customer_peer_ip":"2403:2500:8000:1::71","description":"Craig's DevOps Demos - HKG - anycast-ingress-hkg.worker.demo IPv6","group_id":3247,"group_name":"Craig's DevOps Demos","id":51200,"last_update":"2025-10-06 08:51:43","location_name":"HKG - Hong Kong, HK","locked":false,"mb_id":0,"provider_asn":36236,"provider_ip_type":"ipv6","provider_peer_ip":"2403:2500:8000:1::169","routes_received":"","state":"Active"}]},"sensitive_attributes":[]},{"index_key":"IAD3","schema_version":0,"attributes":{"id":"572144","mbpkgid":572144,"sessions":[{"config_status":"1","customer_asn":63911,"customer_peer_ip":"104.225.11.116","description":"Craig's DevOps Demos - IAD3 - anycast-ingress-iad3.worker.demo IPv4","group_id":3247,"group_name":"Craig's DevOps Demos","id":51131,"last_update":"2025-10-06 08:49:29","location_name":"IAD3 - Ashburn, VA","locked":false,"mb_id":0,"provider_asn":36236,"provider_ip_type":"ipv4","provider_peer_ip":"104.225.11.111","routes_received":"[{\"path\": [\"63911\"], \"origin\": \"63911\", \"prefix\": \"45.54.50.0/24\", \"next_hop\": \"104.225.11.116\", \"metric_loc_prf_weight\": 0}]","state":"Established"},{"config_status":"1","customer_asn":63911,"customer_peer_ip":"2607:fc50:3000:2::347","description":"Craig's DevOps Demos - IAD3 - anycast-ingress-iad3.worker.demo IPv6","group_id":3247,"group_name":"Craig's DevOps Demos","id":51132,"last_update":"2025-10-06 08:49:30","location_name":"IAD3 - Ashburn, VA","locked":false,"mb_id":0,"provider_asn":36236,"provider_ip_type":"ipv6","provider_peer_ip":"2607:fc50:3000:2::2bf","routes_received":"","state":"Active"}]},"sensitive_attributes":[]},{"index_key":"JNB","schema_version":0,"attributes":{"id":"572177","mbpkgid":572177,"sessions":[{"config_status":"1","customer_asn":63911,"customer_peer_ip":"2c0f:edb0:0:10::449","description":"Craig's DevOps Demos - JNB - anycast-ingress-jnb.worker.demo IPv6","group_id":3247,"group_name":"Craig's DevOps Demos","id":51182,"last_update":"2025-10-06 08:52:51","location_name":"JNB - Johannesburg, ZA","locked":false,"mb_id":0,"provider_asn":36236,"provider_ip_type":"ipv6","provider_peer_ip":"2c0f:edb0:0:10::a87","routes_received":"","state":"Active"},{"config_status":"1","customer_asn":63911,"customer_peer_ip":"102.67.165.129","description":"Craig's DevOps Demos - JNB - anycast-ingress-jnb.worker.demo IPv4","group_id":3247,"group_name":"Craig's DevOps Demos","id":51181,"last_update":"2025-10-06 08:52:59","location_name":"JNB - Johannesburg, ZA","locked":false,"mb_id":0,"provider_asn":36236,"provider_ip_type":"ipv4","provider_peer_ip":"102.67.165.178","routes_received":"[{\"path\": [\"63911\"], \"origin\": \"63911\", \"prefix\": \"45.54.50.0/24\", \"next_hop\": \"102.67.165.129\", \"metric_loc_prf_weight\": 0}]","state":"Established"}]},"sensitive_attributes":[]},{"index_key":"LAX","schema_version":0,"attributes":{"id":"572171","mbpkgid":572171,"sessions":[{"config_status":"1","customer_asn":63911,"customer_peer_ip":"2607:f740:c::f21","description":"Craig's DevOps Demos - LAX3 - anycast-ingress-lax.worker.demo IPv6","group_id":3247,"group_name":"Craig's DevOps Demos","id":51176,"last_update":"2025-10-06 08:50:07","location_name":"LAX - Los Angeles, CA","locked":false,"mb_id":0,"provider_asn":36236,"provider_ip_type":"ipv6","provider_peer_ip":"2607:f740:c::6cf","routes_received":"","state":"Active"},{"config_status":"1","customer_asn":63911,"customer_peer_ip":"192.73.244.148","description":"Craig's DevOps Demos - LAX3 - anycast-ingress-lax.worker.demo IPv4","group_id":3247,"group_name":"Craig's DevOps Demos","id":51175,"last_update":"2025-10-06 08:51:08","location_name":"LAX - Los Angeles, CA","locked":false,"mb_id":0,"provider_asn":36236,"provider_ip_type":"ipv4","provider_peer_ip":"192.73.244.224","routes_received":"[{\"path\": [\"63911\"], \"origin\": \"63911\", \"prefix\": \"45.54.50.0/24\", \"next_hop\": \"192.73.244.148\", \"metric_loc_prf_weight\": 0}]","state":"Established"}]},"sensitive_attributes":[]},{"index_key":"LGA","schema_version":0,"attributes":{"id":"572164","mbpkgid":572164,"sessions":[{"config_status":"1","customer_asn":63911,"customer_peer_ip":"209.177.145.228","description":"Craig's DevOps Demos - LGA - anycast-ingress-lga.worker.demo IPv4","group_id":3247,"group_name":"Craig's DevOps Demos","id":51159,"last_update":"2025-10-06 08:49:28","location_name":"LGA - New York, NY","locked":false,"mb_id":0,"provider_asn":36236,"provider_ip_type":"ipv4","provider_peer_ip":"209.177.145.69","routes_received":"[{\"path\": [\"63911\"], \"origin\": \"63911\", \"prefix\": \"45.54.50.0/24\", \"next_hop\": \"209.177.145.228\", \"metric_loc_prf_weight\": 0}]","state":"Established"},{"config_status":"1","customer_asn":63911,"customer_peer_ip":"2607:f740:f::b8f","description":"Craig's DevOps Demos - LGA - anycast-ingress-lga.worker.demo IPv6","group_id":3247,"group_name":"Craig's DevOps Demos","id":51160,"last_update":"2025-10-06 08:49:32","location_name":"LGA - New York, NY","locked":false,"mb_id":0,"provider_asn":36236,"provider_ip_type":"ipv6","provider_peer_ip":"2607:f740:f::8da","routes_received":"","state":"Active"}]},"sensitive_attributes":[]},{"index_key":"LHR","schema_version":0,"attributes":{"id":"572160","mbpkgid":572160,"sessions":[{"config_status":"1","customer_asn":63911,"customer_peer_ip":"2a00:dd80:3a::c92","description":"Craig's DevOps Demos - LHR - anycast-ingress-lhr.worker.demo IPv6","group_id":3247,"group_name":"Craig's DevOps Demos","id":51140,"last_update":"2025-10-06 08:51:11","location_name":"LHR - London, UK","locked":false,"mb_id":0,"provider_asn":36236,"provider_ip_type":"ipv6","provider_peer_ip":"2a00:dd80:3a::9e0","routes_received":"","state":"Active"},{"config_status":"1","customer_asn":63911,"customer_peer_ip":"176.58.92.119","description":"Craig's DevOps Demos - LHR - anycast-ingress-lhr.worker.demo IPv4","group_id":3247,"group_name":"Craig's DevOps Demos","id":51139,"last_update":"2025-10-06 08:51:46","location_name":"LHR - London, UK","locked":false,"mb_id":0,"provider_asn":36236,"provider_ip_type":"ipv4","provider_peer_ip":"176.58.92.141","routes_received":"[{\"path\": [\"63911\"], \"origin\": \"63911\", \"prefix\": \"45.54.50.0/24\", \"next_hop\": \"176.58.92.119\", \"metric_loc_prf_weight\": 0}]","state":"Established"}]},"sensitive_attributes":[]},{"index_key":"MAA","schema_version":0,"attributes":{"id":"572178","mbpkgid":572178,"sessions":[{"config_status":"1","customer_asn":63911,"customer_peer_ip":"103.6.87.36","description":"Craig's DevOps Demos - MAA - anycast-ingress-maa.worker.demo IPv4","group_id":3247,"group_name":"Craig's DevOps Demos","id":51189,"last_update":"2025-10-06 08:49:42","location_name":"MAA - Chennai (Madras), India","locked":false,"mb_id":0,"provider_asn":36236,"provider_ip_type":"ipv4","provider_peer_ip":"103.6.87.170","routes_received":"[{\"path\": [\"63911\"], \"origin\": \"63911\", \"prefix\": \"45.54.50.0/24\", \"next_hop\": \"103.6.87.36\", \"metric_loc_prf_weight\": 0}]","state":"Established"},{"config_status":"1","customer_asn":63911,"customer_peer_ip":"2403:2500:4000::37e","description":"Craig's DevOps Demos - MAA - anycast-ingress-maa.worker.demo IPv6","group_id":3247,"group_name":"Craig's DevOps Demos","id":51190,"last_update":"2025-10-06 08:49:48","location_name":"MAA - Chennai (Madras), India","locked":false,"mb_id":0,"provider_asn":36236,"provider_ip_type":"ipv6","provider_peer_ip":"2403:2500:4000::ce8","routes_received":"","state":"Active"}]},"sensitive_attributes":[]},{"index_key":"MAD","schema_version":0,"attributes":{"id":"572158","mbpkgid":572158,"sessions":[{"config_status":"1","customer_asn":63911,"customer_peer_ip":"45.159.97.59","description":"Craig's DevOps Demos - MAD - anycast-ingress-mad.worker.demo IPv4","group_id":3247,"group_name":"Craig's DevOps Demos","id":51157,"last_update":"2025-10-06 08:52:51","location_name":"MAD - Madrid, Spain","locked":false,"mb_id":0,"provider_asn":36236,"provider_ip_type":"ipv4","provider_peer_ip":"45.159.97.39","routes_received":"[{\"path\": [\"63911\"], \"origin\": \"63911\", \"prefix\": \"45.54.50.0/24\", \"next_hop\": \"45.159.97.59\", \"metric_loc_prf_weight\": 0}]","state":"Established"},{"config_status":"1","customer_asn":63911,"customer_peer_ip":"2a00:dd80:14:10::270","description":"Craig's DevOps Demos - MAD - anycast-ingress-mad.worker.demo IPv6","group_id":3247,"group_name":"Craig's DevOps Demos","id":51158,"last_update":"2025-10-06 08:52:52","location_name":"MAD - Madrid, Spain","locked":false,"mb_id":0,"provider_asn":36236,"provider_ip_type":"ipv6","provider_peer_ip":"2a00:dd80:14:10::256","routes_received":"","state":"Active"}]},"sensitive_attributes":[]},{"index_key":"MAN","schema_version":0,"attributes":{"id":"572168","mbpkgid":572168,"sessions":[{"config_status":"1","customer_asn":63911,"customer_peer_ip":"45.159.99.236","description":"Craig's DevOps Demos - MAN - anycast-ingress-man.worker.demo IPv4","group_id":3247,"group_name":"Craig's DevOps Demos","id":51169,"last_update":"2025-10-06 08:49:41","location_name":"MAN - Manchester, UK","locked":false,"mb_id":0,"provider_asn":36236,"provider_ip_type":"ipv4","provider_peer_ip":"45.159.99.221","routes_received":"[{\"path\": [\"63911\"], \"origin\": \"63911\", \"prefix\": \"45.54.50.0/24\", \"next_hop\": \"45.159.99.236\", \"metric_loc_prf_weight\": 0}]","state":"Established"},{"config_status":"1","customer_asn":63911,"customer_peer_ip":"2a00:dd80:42:10::23c","description":"Craig's DevOps Demos - MAN - anycast-ingress-man.worker.demo IPv6","group_id":3247,"group_name":"Craig's DevOps Demos","id":51170,"last_update":"2025-10-06 08:49:46","location_name":"MAN - Manchester, UK","locked":false,"mb_id":0,"provider_asn":36236,"provider_ip_type":"ipv6","provider_peer_ip":"2a00:dd80:42:10::71","routes_received":"","state":"Active"}]},"sensitive_attributes":[]},{"index_key":"MCI","schema_version":0,"attributes":{"id":"572172","mbpkgid":572172,"sessions":[{"config_status":"1","customer_asn":63911,"customer_peer_ip":"2607:f740:75:1::3b4","description":"Craig's DevOps Demos - MCI - anycast-ingress-mci.worker.demo IPv6","group_id":3247,"group_name":"Craig's DevOps Demos","id":51174,"last_update":"2025-10-06 08:49:46","location_name":"MCI - Kansas City, MO","locked":false,"mb_id":0,"provider_asn":36236,"provider_ip_type":"ipv6","provider_peer_ip":"2607:f740:75:1::c6","routes_received":"","state":"Active"},{"config_status":"1","customer_asn":63911,"customer_peer_ip":"104.225.19.229","description":"Craig's DevOps Demos - MCI - anycast-ingress-mci.worker.demo IPv4","group_id":3247,"group_name":"Craig's DevOps Demos","id":51173,"last_update":"2025-10-06 08:49:47","location_name":"MCI - Kansas City, MO","locked":false,"mb_id":0,"provider_asn":36236,"provider_ip_type":"ipv4","provider_peer_ip":"104.225.19.196","routes_received":"[{\"path\": [\"63911\"], \"origin\": \"63911\", \"prefix\": \"45.54.50.0/24\", \"next_hop\": \"104.225.19.229\", \"metric_loc_prf_weight\": 0}]","state":"Established"}]},"sensitive_attributes":[]},{"index_key":"MIA","schema_version":0,"attributes":{"id":"572159","mbpkgid":572159,"sessions":[{"config_status":"1","customer_asn":63911,"customer_peer_ip":"2607:f740:17::f4f","description":"Craig's DevOps Demos - MIA - anycast-ingress-mia.worker.demo IPv6","group_id":3247,"group_name":"Craig's DevOps Demos","id":51150,"last_update":"2025-10-06 08:49:31","location_name":"MIA - Miami, FL","locked":false,"mb_id":0,"provider_asn":36236,"provider_ip_type":"ipv6","provider_peer_ip":"2607:f740:17::f7d","routes_received":"","state":"Active"},{"config_status":"1","customer_asn":63911,"customer_peer_ip":"192.73.243.31","description":"Craig's DevOps Demos - MIA - anycast-ingress-mia.worker.demo IPv4","group_id":3247,"group_name":"Craig's DevOps Demos","id":51149,"last_update":"2025-10-06 08:49:34","location_name":"MIA - Miami, FL","locked":false,"mb_id":0,"provider_asn":36236,"provider_ip_type":"ipv4","provider_peer_ip":"192.73.243.67","routes_received":"[{\"path\": [\"63911\"], \"origin\": \"63911\", \"prefix\": \"45.54.50.0/24\", \"next_hop\": \"192.73.243.31\", \"metric_loc_prf_weight\": 0}]","state":"Established"}]},"sensitive_attributes":[]},{"index_key":"NBO","schema_version":0,"attributes":{"id":"572179","mbpkgid":572179,"sessions":[{"config_status":"1","customer_asn":63911,"customer_peer_ip":"102.67.167.162","description":"Craig's DevOps Demos - NBO - anycast-ingress-nbo.worker.demo IPv4","group_id":3247,"group_name":"Craig's DevOps Demos","id":51179,"last_update":"2025-10-06 08:49:59","location_name":"NBO - Nairobi, KE","locked":false,"mb_id":0,"provider_asn":36236,"provider_ip_type":"ipv4","provider_peer_ip":"102.67.167.110","routes_received":"[{\"path\": [\"63911\"], \"origin\": \"63911\", \"prefix\": \"45.54.50.0/24\", \"next_hop\": \"102.67.167.162\", \"metric_loc_prf_weight\": 0}]","state":"Established"},{"config_status":"1","customer_asn":63911,"customer_peer_ip":"2c0f:edb0:2000:1::1ba","description":"Craig's DevOps Demos - NBO - anycast-ingress-nbo.worker.demo IPv6","group_id":3247,"group_name":"Craig's DevOps Demos","id":51180,"last_update":"2025-10-06 08:50:00","location_name":"NBO - Nairobi, KE","locked":false,"mb_id":0,"provider_asn":36236,"provider_ip_type":"ipv6","provider_peer_ip":"2c0f:edb0:2000:1::41","routes_received":"","state":"Active"}]},"sensitive_attributes":[]},{"index_key":"OTP","schema_version":0,"attributes":{"id":"572176","mbpkgid":572176,"sessions":[{"config_status":"1","customer_asn":63911,"customer_peer_ip":"2a00:dd80:10::48","description":"Craig's DevOps Demos - OTP - anycast-ingress-otp.worker.demo IPv6","group_id":3247,"group_name":"Craig's DevOps Demos","id":51178,"last_update":"2025-10-06 08:49:30","location_name":"OTP - Bucharest, RO","locked":false,"mb_id":0,"provider_asn":36236,"provider_ip_type":"ipv6","provider_peer_ip":"2a00:dd80:10::1c","routes_received":"","state":"Active"},{"config_status":"1","customer_asn":63911,"customer_peer_ip":"185.40.235.254","description":"Craig's DevOps Demos - OTP - anycast-ingress-otp.worker.demo IPv4","group_id":3247,"group_name":"Craig's DevOps Demos","id":51177,"last_update":"2025-10-06 08:49:31","location_name":"OTP - Bucharest, RO","locked":false,"mb_id":0,"provider_asn":36236,"provider_ip_type":"ipv4","provider_peer_ip":"185.40.235.123","routes_received":"[{\"path\": [\"63911\"], \"origin\": \"63911\", \"prefix\": \"45.54.50.0/24\", \"next_hop\": \"185.40.235.254\", \"metric_loc_prf_weight\": 0}]","state":"Established"}]},"sensitive_attributes":[]},{"index_key":"PDX","schema_version":0,"attributes":{"id":"572147","mbpkgid":572147,"sessions":[{"config_status":"1","customer_asn":63911,"customer_peer_ip":"104.225.28.189","description":"Craig's DevOps Demos - PDX.ANYCAST.NET - anycast-ingress-pdx.worker.demo IPv4","group_id":3247,"group_name":"Craig's DevOps Demos","id":51123,"last_update":"2025-10-06 08:51:43","location_name":"PDX - Portland, OR","locked":false,"mb_id":0,"provider_asn":36236,"provider_ip_type":"ipv4","provider_peer_ip":"104.225.28.192","routes_received":"[{\"path\": [\"63911\"], \"origin\": \"63911\", \"prefix\": \"45.54.50.0/24\", \"next_hop\": \"104.225.28.189\", \"metric_loc_prf_weight\": 0}]","state":"Established"},{"config_status":"1","customer_asn":63911,"customer_peer_ip":"2607:f740:28:c::1cf","description":"Craig's DevOps Demos - PDX.ANYCAST.NET - anycast-ingress-pdx.worker.demo IPv6","group_id":3247,"group_name":"Craig's DevOps Demos","id":51124,"last_update":"2025-10-06 08:51:44","location_name":"PDX - Portland, OR","locked":false,"mb_id":0,"provider_asn":36236,"provider_ip_type":"ipv6","provider_peer_ip":"2607:f740:28:c::1d2","routes_received":"","state":"Active"}]},"sensitive_attributes":[]},{"index_key":"PHX","schema_version":0,"attributes":{"id":"572169","mbpkgid":572169,"sessions":[{"config_status":"1","customer_asn":63911,"customer_peer_ip":"104.225.103.146","description":"Craig's DevOps Demos - PHX - anycast-ingress-phx.worker.demo IPv4","group_id":3247,"group_name":"Craig's DevOps Demos","id":51167,"last_update":"2025-10-06 08:51:07","location_name":"PHX - Phoenix, AZ","locked":false,"mb_id":0,"provider_asn":36236,"provider_ip_type":"ipv4","provider_peer_ip":"104.225.103.229","routes_received":"[{\"path\": [\"63911\"], \"origin\": \"63911\", \"prefix\": \"45.54.50.0/24\", \"next_hop\": \"104.225.103.146\", \"metric_loc_prf_weight\": 0}]","state":"Established"},{"config_status":"1","customer_asn":63911,"customer_peer_ip":"2607:f740:15:20::251","description":"Craig's DevOps Demos - PHX - anycast-ingress-phx.worker.demo IPv6","group_id":3247,"group_name":"Craig's DevOps Demos","id":51168,"last_update":"2025-10-06 08:51:08","location_name":"PHX - Phoenix, AZ","locked":false,"mb_id":0,"provider_asn":36236,"provider_ip_type":"ipv6","provider_peer_ip":"2607:f740:15:20::25f","routes_received":"","state":"Active"}]},"sensitive_attributes":[]},{"index_key":"RDU","schema_version":0,"attributes":{"id":"572143","mbpkgid":572143,"sessions":[{"config_status":"1","customer_asn":63911,"customer_peer_ip":"104.225.1.79","description":"Craig's DevOps Demos - RDU - anycast-ingress-rdu.worker.demo IPv4","group_id":3247,"group_name":"Craig's DevOps Demos","id":51125,"last_update":"2025-10-06 08:49:25","location_name":"RDU - Raleigh, NC","locked":false,"mb_id":0,"provider_asn":36236,"provider_ip_type":"ipv4","provider_peer_ip":"104.225.1.249","routes_received":"[{\"path\": [\"63911\"], \"origin\": \"63911\", \"prefix\": \"45.54.50.0/24\", \"next_hop\": \"104.225.1.79\", \"metric_loc_prf_weight\": 0}]","state":"Established"},{"config_status":"1","customer_asn":63911,"customer_peer_ip":"2607:fc50:0:15::3c8","description":"Craig's DevOps Demos - RDU - anycast-ingress-rdu.worker.demo IPv6","group_id":3247,"group_name":"Craig's DevOps Demos","id":51126,"last_update":"2025-10-06 08:49:31","location_name":"RDU - Raleigh, NC","locked":false,"mb_id":0,"provider_asn":36236,"provider_ip_type":"ipv6","provider_peer_ip":"2607:fc50:0:15::ae","routes_received":"","state":"Active"}]},"sensitive_attributes":[]},{"index_key":"SCL","schema_version":0,"attributes":{"id":"572156","mbpkgid":572156,"sessions":[{"config_status":"1","customer_asn":63911,"customer_peer_ip":"148.163.223.32","description":"Craig's DevOps Demos - SCL - anycast-ingress-scl.worker.demo IPv4","group_id":3247,"group_name":"Craig's DevOps Demos","id":51141,"last_update":"2025-10-06 08:54:14","location_name":"SCL - Santiago, Chile","locked":false,"mb_id":0,"provider_asn":36236,"provider_ip_type":"ipv4","provider_peer_ip":"148.163.223.119","routes_received":"[{\"path\": [\"63911\"], \"origin\": \"63911\", \"prefix\": \"45.54.50.0/24\", \"next_hop\": \"148.163.223.32\", \"metric_loc_prf_weight\": 0}]","state":"Established"},{"config_status":"1","customer_asn":63911,"customer_peer_ip":"2607:f740:56:10::369","description":"Craig's DevOps Demos - SCL - anycast-ingress-scl.worker.demo IPv6","group_id":3247,"group_name":"Craig's DevOps Demos","id":51142,"last_update":"2025-10-06 08:54:22","location_name":"SCL - Santiago, Chile","locked":false,"mb_id":0,"provider_asn":36236,"provider_ip_type":"ipv6","provider_peer_ip":"2607:f740:56:10::13b","routes_received":"","state":"Active"}]},"sensitive_attributes":[]},{"index_key":"SEA","schema_version":0,"attributes":{"id":"572146","mbpkgid":572146,"sessions":[{"config_status":"1","customer_asn":63911,"customer_peer_ip":"192.73.240.163","description":"Craig's DevOps Demos - SEA - anycast-ingress-sea.worker.demo IPv4","group_id":3247,"group_name":"Craig's DevOps Demos","id":51127,"last_update":"2025-10-06 08:51:09","location_name":"SEA - Seattle, WA","locked":false,"mb_id":0,"provider_asn":36236,"provider_ip_type":"ipv4","provider_peer_ip":"192.73.240.46","routes_received":"[{\"path\": [\"63911\"], \"origin\": \"63911\", \"prefix\": \"45.54.50.0/24\", \"next_hop\": \"192.73.240.163\", \"metric_loc_prf_weight\": 0}]","state":"Established"},{"config_status":"1","customer_asn":63911,"customer_peer_ip":"2607:f740:14::fb","description":"Craig's DevOps Demos - SEA - anycast-ingress-sea.worker.demo IPv6","group_id":3247,"group_name":"Craig's DevOps Demos","id":51128,"last_update":"2025-10-06 08:51:10","location_name":"SEA - Seattle, WA","locked":false,"mb_id":0,"provider_asn":36236,"provider_ip_type":"ipv6","provider_peer_ip":"2607:f740:14::693","routes_received":"","state":"Active"}]},"sensitive_attributes":[]},{"index_key":"SIN","schema_version":0,"attributes":{"id":"572184","mbpkgid":572184,"sessions":[{"config_status":"1","customer_asn":63911,"customer_peer_ip":"43.245.49.137","description":"Craig's DevOps Demos - SIN - anycast-ingress-sin.worker.demo IPv4","group_id":3247,"group_name":"Craig's DevOps Demos","id":51197,"last_update":"2025-10-06 08:51:44","location_name":"SIN - Singapore, SG","locked":false,"mb_id":0,"provider_asn":36236,"provider_ip_type":"ipv4","provider_peer_ip":"43.245.49.106","routes_received":"[{\"path\": [\"63911\"], \"origin\": \"63911\", \"prefix\": \"45.54.50.0/24\", \"next_hop\": \"43.245.49.137\", \"metric_loc_prf_weight\": 0}]","state":"Established"},{"config_status":"1","customer_asn":63911,"customer_peer_ip":"2403:2500:300::c65","description":"Craig's DevOps Demos - SIN - anycast-ingress-sin.worker.demo IPv6","group_id":3247,"group_name":"Craig's DevOps Demos","id":51198,"last_update":"2025-10-06 08:51:45","location_name":"SIN - Singapore, SG","locked":false,"mb_id":0,"provider_asn":36236,"provider_ip_type":"ipv6","provider_peer_ip":"2403:2500:300::105","routes_received":"","state":"Active"}]},"sensitive_attributes":[]},{"index_key":"SJC","schema_version":0,"attributes":{"id":"572154","mbpkgid":572154,"sessions":[{"config_status":"1","customer_asn":63911,"customer_peer_ip":"208.111.39.219","description":"Craig's DevOps Demos - SJC - anycast-ingress-sjc.worker.demo IPv4","group_id":3247,"group_name":"Craig's DevOps Demos","id":51143,"last_update":"2025-10-06 08:50:59","location_name":"SJC - San Jose, CA","locked":false,"mb_id":0,"provider_asn":36236,"provider_ip_type":"ipv4","provider_peer_ip":"208.111.39.103","routes_received":"[{\"path\": [\"63911\"], \"origin\": \"63911\", \"prefix\": \"45.54.50.0/24\", \"next_hop\": \"208.111.39.219\", \"metric_loc_prf_weight\": 0}]","state":"Established"},{"config_status":"1","customer_asn":63911,"customer_peer_ip":"2607:f740:0:3f::220","description":"Craig's DevOps Demos - SJC - anycast-ingress-sjc.worker.demo IPv6","group_id":3247,"group_name":"Craig's DevOps Demos","id":51144,"last_update":"2025-10-06 08:51:15","location_name":"SJC - San Jose, CA","locked":false,"mb_id":0,"provider_asn":36236,"provider_ip_type":"ipv6","provider_peer_ip":"2607:f740:0:3f::5bd","routes_received":"","state":"Active"}]},"sensitive_attributes":[]},{"index_key":"SYD","schema_version":0,"attributes":{"id":"572183","mbpkgid":572183,"sessions":[{"config_status":"1","customer_asn":63911,"customer_peer_ip":"43.245.48.176","description":"Craig's DevOps Demos - SYD - anycast-ingress-syd.worker.demo IPv4","group_id":3247,"group_name":"Craig's DevOps Demos","id":51193,"last_update":"2025-10-06 08:49:39","location_name":"SYD - Sydney, AU","locked":false,"mb_id":0,"provider_asn":36236,"provider_ip_type":"ipv4","provider_peer_ip":"43.245.48.206","routes_received":"[{\"path\": [\"63911\"], \"origin\": \"63911\", \"prefix\": \"45.54.50.0/24\", \"next_hop\": \"43.245.48.176\", \"metric_loc_prf_weight\": 0}]","state":"Established"},{"config_status":"1","customer_asn":63911,"customer_peer_ip":"2403:2500:9000:1::309","description":"Craig's DevOps Demos - SYD - anycast-ingress-syd.worker.demo IPv6","group_id":3247,"group_name":"Craig's DevOps Demos","id":51194,"last_update":"2025-10-06 08:49:46","location_name":"SYD - Sydney, AU","locked":false,"mb_id":0,"provider_asn":36236,"provider_ip_type":"ipv6","provider_peer_ip":"2403:2500:9000:1::c28","routes_received":"","state":"Active"}]},"sensitive_attributes":[]},{"index_key":"TOR","schema_version":0,"attributes":{"id":"572161","mbpkgid":572161,"sessions":[{"config_status":"1","customer_asn":63911,"customer_peer_ip":"162.248.221.93","description":"Craig's DevOps Demos - TOR - anycast-ingress-tor.worker.demo IPv4","group_id":3247,"group_name":"Craig's DevOps Demos","id":51155,"last_update":"2025-10-06 08:51:05","location_name":"TOR - Toronto, CA","locked":false,"mb_id":0,"provider_asn":36236,"provider_ip_type":"ipv4","provider_peer_ip":"162.248.221.88","routes_received":"[{\"path\": [\"63911\"], \"origin\": \"63911\", \"prefix\": \"45.54.50.0/24\", \"next_hop\": \"162.248.221.93\", \"metric_loc_prf_weight\": 0}]","state":"Established"},{"config_status":"1","customer_asn":63911,"customer_peer_ip":"2607:f740:50::d3d","description":"Craig's DevOps Demos - TOR - anycast-ingress-tor.worker.demo IPv6","group_id":3247,"group_name":"Craig's DevOps Demos","id":51156,"last_update":"2025-10-06 08:51:06","location_name":"TOR - Toronto, CA","locked":false,"mb_id":0,"provider_asn":36236,"provider_ip_type":"ipv6","provider_peer_ip":"2607:f740:50::de5","routes_received":"","state":"Active"}]},"sensitive_attributes":[]},{"index_key":"TYO","schema_version":0,"attributes":{"id":"572185","mbpkgid":572185,"sessions":[{"config_status":"1","customer_asn":63911,"customer_peer_ip":"103.84.155.214","description":"Craig's DevOps Demos - TYO - anycast-ingress-tyo.worker.demo IPv4","group_id":3247,"group_name":"Craig's DevOps Demos","id":51195,"last_update":"2025-10-06 08:51:11","location_name":"TYO - Tokyo, JP","locked":false,"mb_id":0,"provider_asn":36236,"provider_ip_type":"ipv4","provider_peer_ip":"103.84.155.150","routes_received":"[{\"path\": [\"63911\"], \"origin\": \"63911\", \"prefix\": \"45.54.50.0/24\", \"next_hop\": \"103.84.155.214\", \"metric_loc_prf_weight\": 0}]","state":"Established"},{"config_status":"1","customer_asn":63911,"customer_peer_ip":"2403:2500:400:20::c93","description":"Craig's DevOps Demos - TYO - anycast-ingress-tyo.worker.demo IPv6","group_id":3247,"group_name":"Craig's DevOps Demos","id":51196,"last_update":"2025-10-06 08:51:12","location_name":"TYO - Tokyo, JP","locked":false,"mb_id":0,"provider_asn":36236,"provider_ip_type":"ipv6","provider_peer_ip":"2403:2500:400:20::d75","routes_received":"","state":"Active"}]},"sensitive_attributes":[]},{"index_key":"WAW","schema_version":0,"attributes":{"id":"572180","mbpkgid":572180,"sessions":[{"config_status":"1","customer_asn":63911,"customer_peer_ip":"45.159.98.231","description":"Craig's DevOps Demos - WAW - anycast-ingress-waw.worker.demo IPv4","group_id":3247,"group_name":"Craig's DevOps Demos","id":51185,"last_update":"2025-10-06 08:52:50","location_name":"WAW - Warsaw, PL","locked":false,"mb_id":0,"provider_asn":36236,"provider_ip_type":"ipv4","provider_peer_ip":"45.159.98.175","routes_received":"[{\"path\": [\"63911\"], \"origin\": \"63911\", \"prefix\": \"45.54.50.0/24\", \"next_hop\": \"45.159.98.231\", \"metric_loc_prf_weight\": 0}]","state":"Established"},{"config_status":"1","customer_asn":63911,"customer_peer_ip":"2a00:dd80:40:100::241","description":"Craig's DevOps Demos - WAW - anycast-ingress-waw.worker.demo IPv6","group_id":3247,"group_name":"Craig's DevOps Demos","id":51186,"last_update":"2025-10-06 08:53:00","location_name":"WAW - Warsaw, PL","locked":false,"mb_id":0,"provider_asn":36236,"provider_ip_type":"ipv6","provider_peer_ip":"2a00:dd80:40:100::312","routes_received":"","state":"Active"}]},"sensitive_attributes":[]},{"index_key":"YUL","schema_version":0,"attributes":{"id":"572170","mbpkgid":572170,"sessions":[{"config_status":"1","customer_asn":63911,"customer_peer_ip":"104.225.25.135","description":"Craig's DevOps Demos - YUL - anycast-ingress-yul.worker.demo IPv4","group_id":3247,"group_name":"Craig's DevOps Demos","id":51171,"last_update":"2025-10-06 08:52:53","location_name":"YUL - Montreal, QC","locked":false,"mb_id":0,"provider_asn":36236,"provider_ip_type":"ipv4","provider_peer_ip":"104.225.25.23","routes_received":"[{\"path\": [\"63911\"], \"origin\": \"63911\", \"prefix\": \"45.54.50.0/24\", \"next_hop\": \"104.225.25.135\", \"metric_loc_prf_weight\": 0}]","state":"Established"},{"config_status":"1","customer_asn":63911,"customer_peer_ip":"2607:f740:74:1::3e","description":"Craig's DevOps Demos - YUL - anycast-ingress-yul.worker.demo IPv6","group_id":3247,"group_name":"Craig's DevOps Demos","id":51172,"last_update":"2025-10-06 08:52:56","location_name":"YUL - Montreal, QC","locked":false,"mb_id":0,"provider_asn":36236,"provider_ip_type":"ipv6","provider_peer_ip":"2607:f740:74:1::1c8","routes_received":"","state":"Active"}]},"sensitive_attributes":[]}]},{"mode":"data","type":"netactuate_server","name":"servers","provider":"provider[\"registry.opentofu.org/netactuate/netactuate\"]","instances":[{"index_key":"ACC","schema_version":0,"attributes":{"bgp_peers":[{"group_id":3247,"ipv4":["102.213.153.137"],"ipv6":["2c0f:edb0:4000:1::12a"],"localasn":63911,"localpeerv4":"102.213.153.16","localpeerv6":"2c0f:edb0:4000:1::339","peerasn":36236}],"hostname":"anycast-ingress-acc.worker.demo","id":572181,"image":"Ubuntu 24.04 LTS (20240423)","image_id":5787,"ip_v4":"102.213.153.16","ip_v6":"2c0f:edb0:4000:1::339","location_id":568,"package":"VR1x1x25","plan_id":668,"public_ipv4":"102.213.153.16","public_ipv6":"2c0f:edb0:4000:1::339","state":"UP","status":"RUNNING"},"sensitive_attributes":[]},{"index_key":"AMS","schema_version":0,"attributes":{"bgp_peers":[{"group_id":3247,"ipv4":["176.58.93.3"],"ipv6":["2a00:dd80:3c::433"],"localasn":63911,"localpeerv4":"176.58.93.156","localpeerv6":"2a00:dd80:3c::11d","peerasn":36236}],"hostname":"anycast-ingress-ams.worker.demo","id":572155,"image":"Ubuntu 24.04 LTS (20240423)","image_id":5787,"ip_v4":"176.58.93.156","ip_v6":"2a00:dd80:3c::11d","location_id":72,"package":"VR1x1x25","plan_id":668,"public_ipv4":"176.58.93.156","public_ipv6":"2a00:dd80:3c::11d","state":"UP","status":"RUNNING"},"sensitive_attributes":[]},{"index_key":"ATL","schema_version":0,"attributes":{"bgp_peers":[{"group_id":3247,"ipv4":["104.225.125.28"],"ipv6":["2607:f740:69:1::27"],"localasn":63911,"localpeerv4":"104.225.125.233","localpeerv6":"2607:f740:69:1::11f","peerasn":36236}],"hostname":"anycast-ingress-atl.worker.demo","id":572165,"image":"Ubuntu 24.04 LTS (20240423)","image_id":5787,"ip_v4":"104.225.125.233","ip_v6":"2607:f740:69:1::11f","location_id":569,"package":"VR1x1x25","plan_id":668,"public_ipv4":"104.225.125.233","public_ipv6":"2607:f740:69:1::11f","state":"UP","status":"RUNNING"},"sensitive_attributes":[]},{"index_key":"BOM","schema_version":0,"attributes":{"bgp_peers":[{"group_id":3247,"ipv4":["59.153.13.25"],"ipv6":["2403:2500:500:a::2ca"],"localasn":63911,"localpeerv4":"59.153.13.4","localpeerv6":"2403:2500:500:a::224","peerasn":36236}],"hostname":"anycast-ingress-bom.worker.demo","id":572182,"image":"Ubuntu 24.04 LTS (20240423)","image_id":5787,"ip_v4":"59.153.13.4","ip_v6":"2403:2500:500:a::224","location_id":567,"package":"VR1x1x25","plan_id":668,"public_ipv4":"59.153.13.4","public_ipv6":"2403:2500:500:a::224","state":"UP","status":"RUNNING"},"sensitive_attributes":[]},{"index_key":"CDG","schema_version":0,"attributes":{"bgp_peers":[{"group_id":3247,"ipv4":["176.58.90.224"],"ipv6":["2a00:dd80:3e::e84"],"localasn":63911,"localpeerv4":"176.58.90.141","localpeerv6":"2a00:dd80:3e::28f","peerasn":36236}],"hostname":"anycast-ingress-cdg.worker.demo","id":572162,"image":"Ubuntu 24.04 LTS (20240423)","image_id":5787,"ip_v4":"176.58.90.141","ip_v6":"2a00:dd80:3e::28f","location_id":82,"package":"VR1x1x25","plan_id":668,"public_ipv4":"176.58.90.141","public_ipv6":"2a00:dd80:3e::28f","state":"UP","status":"RUNNING"},"sensitive_attributes":[]},{"index_key":"CHI","schema_version":0,"attributes":{"bgp_peers":[{"group_id":3247,"ipv4":["209.177.158.22"],"ipv6":["2607:f740:e::e9e"],"localasn":63911,"localpeerv4":"209.177.158.233","localpeerv6":"2607:f740:e::912","peerasn":36236}],"hostname":"anycast-ingress-chi.worker.demo","id":572142,"image":"Ubuntu 24.04 LTS (20240423)","image_id":5787,"ip_v4":"209.177.158.233","ip_v6":"2607:f740:e::912","location_id":31,"package":"VR1x1x25","plan_id":668,"public_ipv4":"209.177.158.233","public_ipv6":"2607:f740:e::912","state":"UP","status":"RUNNING"},"sensitive_attributes":[]},{"index_key":"DEN","schema_version":0,"attributes":{"bgp_peers":[{"group_id":3247,"ipv4":["192.73.242.90"],"ipv6":["2607:f740:16::a7"],"localasn":63911,"localpeerv4":"192.73.242.78","localpeerv6":"2607:f740:16::573","peerasn":36236}],"hostname":"anycast-ingress-den.worker.demo","id":572145,"image":"Ubuntu 24.04 LTS (20240423)","image_id":5787,"ip_v4":"192.73.242.78","ip_v6":"2607:f740:16::573","location_id":122,"package":"VR1x1x25","plan_id":668,"public_ipv4":"192.73.242.78","public_ipv6":"2607:f740:16::573","state":"UP","status":"RUNNING"},"sensitive_attributes":[]},{"index_key":"DFW","schema_version":0,"attributes":{"bgp_peers":[{"group_id":3247,"ipv4":["192.73.248.175"],"ipv6":["2607:f740:100::62b"],"localasn":63911,"localpeerv4":"192.73.248.213","localpeerv6":"2607:f740:100::e04","peerasn":36236}],"hostname":"anycast-ingress-dfw.worker.demo","id":572157,"image":"Ubuntu 24.04 LTS (20240423)","image_id":5787,"ip_v4":"192.73.248.213","ip_v6":"2607:f740:100::e04","location_id":101,"package":"VR1x1x25","plan_id":668,"public_ipv4":"192.73.248.213","public_ipv6":"2607:f740:100::e04","state":"UP","status":"RUNNING"},"sensitive_attributes":[]},{"index_key":"DUB","schema_version":0,"attributes":{"bgp_peers":[{"group_id":3247,"ipv4":["185.34.0.145"],"ipv6":["2a00:dd80:d:8::11a"],"localasn":63911,"localpeerv4":"185.34.0.236","localpeerv6":"2a00:dd80:d:8::5c","peerasn":36236}],"hostname":"anycast-ingress-dub.worker.demo","id":572166,"image":"Ubuntu 24.04 LTS (20240423)","image_id":5787,"ip_v4":"185.34.0.236","ip_v6":"2a00:dd80:d:8::5c","location_id":570,"package":"VR1x1x25","plan_id":668,"public_ipv4":"185.34.0.236","public_ipv6":"2a00:dd80:d:8::5c","state":"UP","status":"RUNNING"},"sensitive_attributes":[]},{"index_key":"DXB","schema_version":0,"attributes":{"bgp_peers":[{"group_id":3247,"ipv4":["185.34.3.94"],"ipv6":["2a00:dd80:3f:100::db0"],"localasn":63911,"localpeerv4":"185.34.3.126","localpeerv6":"2a00:dd80:3f:100::ea0","peerasn":36236}],"hostname":"anycast-ingress-dxb.worker.demo","id":572175,"image":"Ubuntu 24.04 LTS (20240423)","image_id":5787,"ip_v4":"185.34.3.126","ip_v6":"2a00:dd80:3f:100::ea0","location_id":380,"package":"VR1x1x25","plan_id":668,"public_ipv4":"185.34.3.126","public_ipv6":"2a00:dd80:3f:100::ea0","state":"UP","status":"RUNNING"},"sensitive_attributes":[]},{"index_key":"FRA","schema_version":0,"attributes":{"bgp_peers":[{"group_id":3247,"ipv4":["185.40.234.32"],"ipv6":["2a00:dd80:20::cf2"],"localasn":63911,"localpeerv4":"185.40.234.215","localpeerv6":"2a00:dd80:20::b40","peerasn":36236}],"hostname":"anycast-ingress-fra.worker.demo","id":572167,"image":"Ubuntu 24.04 LTS (20240423)","image_id":5787,"ip_v4":"185.40.234.215","ip_v6":"2a00:dd80:20::b40","location_id":164,"package":"VR1x1x25","plan_id":668,"public_ipv4":"185.40.234.215","public_ipv6":"2a00:dd80:20::b40","state":"UP","status":"RUNNING"},"sensitive_attributes":[]},{"index_key":"GRU","schema_version":0,"attributes":{"bgp_peers":[{"group_id":3247,"ipv4":["148.163.220.95"],"ipv6":["2607:f740:1::e37"],"localasn":63911,"localpeerv4":"148.163.220.121","localpeerv6":"2607:f740:1::7d5","peerasn":36236}],"hostname":"anycast-ingress-gru.worker.demo","id":572163,"image":"Ubuntu 24.04 LTS (20240423)","image_id":5787,"ip_v4":"148.163.220.121","ip_v6":"2607:f740:1::7d5","location_id":182,"package":"VR1x1x25","plan_id":668,"public_ipv4":"148.163.220.121","public_ipv6":"2607:f740:1::7d5","state":"UP","status":"RUNNING"},"sensitive_attributes":[]},{"index_key":"HKG","schema_version":0,"attributes":{"bgp_peers":[{"group_id":3247,"ipv4":["103.6.84.16"],"ipv6":["2403:2500:8000:1::169"],"localasn":63911,"localpeerv4":"103.6.84.125","localpeerv6":"2403:2500:8000:1::71","peerasn":36236}],"hostname":"anycast-ingress-hkg.worker.demo","id":572186,"image":"Ubuntu 24.04 LTS (20240423)","image_id":5787,"ip_v4":"103.6.84.125","ip_v6":"2403:2500:8000:1::71","location_id":83,"package":"VR1x1x25","plan_id":668,"public_ipv4":"103.6.84.125","public_ipv6":"2403:2500:8000:1::71","state":"UP","status":"RUNNING"},"sensitive_attributes":[]},{"index_key":"IAD3","schema_version":0,"attributes":{"bgp_peers":[{"group_id":3247,"ipv4":["104.225.11.111"],"ipv6":["2607:fc50:3000:2::2bf"],"localasn":63911,"localpeerv4":"104.225.11.116","localpeerv6":"2607:fc50:3000:2::347","peerasn":36236}],"hostname":"anycast-ingress-iad3.worker.demo","id":572144,"image":"Ubuntu 24.04 LTS (20240423)","image_id":5787,"ip_v4":"104.225.11.116","ip_v6":"2607:fc50:3000:2::347","location_id":245,"package":"VR1x1x25","plan_id":668,"public_ipv4":"104.225.11.116","public_ipv6":"2607:fc50:3000:2::347","state":"UP","status":"RUNNING"},"sensitive_attributes":[]},{"index_key":"JNB","schema_version":0,"attributes":{"bgp_peers":[{"group_id":3247,"ipv4":["102.67.165.178"],"ipv6":["2c0f:edb0:0:10::a87"],"localasn":63911,"localpeerv4":"102.67.165.129","localpeerv6":"2c0f:edb0:0:10::449","peerasn":36236}],"hostname":"anycast-ingress-jnb.worker.demo","id":572177,"image":"Ubuntu 24.04 LTS (20240423)","image_id":5787,"ip_v4":"102.67.165.129","ip_v6":"2c0f:edb0:0:10::449","location_id":371,"package":"VR1x1x25","plan_id":668,"public_ipv4":"102.67.165.129","public_ipv6":"2c0f:edb0:0:10::449","state":"UP","status":"RUNNING"},"sensitive_attributes":[]},{"index_key":"LAX","schema_version":0,"attributes":{"bgp_peers":[{"group_id":3247,"ipv4":["192.73.244.224"],"ipv6":["2607:f740:c::6cf"],"localasn":63911,"localpeerv4":"192.73.244.148","localpeerv6":"2607:f740:c::f21","peerasn":36236}],"hostname":"anycast-ingress-lax.worker.demo","id":572171,"image":"Ubuntu 24.04 LTS (20240423)","image_id":5787,"ip_v4":"192.73.244.148","ip_v6":"2607:f740:c::f21","location_id":21,"package":"VR1x1x25","plan_id":668,"public_ipv4":"192.73.244.148","public_ipv6":"2607:f740:c::f21","state":"UP","status":"RUNNING"},"sensitive_attributes":[]},{"index_key":"LGA","schema_version":0,"attributes":{"bgp_peers":[{"group_id":3247,"ipv4":["209.177.145.69"],"ipv6":["2607:f740:f::8da"],"localasn":63911,"localpeerv4":"209.177.145.228","localpeerv6":"2607:f740:f::b8f","peerasn":36236}],"hostname":"anycast-ingress-lga.worker.demo","id":572164,"image":"Ubuntu 24.04 LTS (20240423)","image_id":5787,"ip_v4":"209.177.145.228","ip_v6":"2607:f740:f::b8f","location_id":41,"package":"VR1x1x25","plan_id":668,"public_ipv4":"209.177.145.228","public_ipv6":"2607:f740:f::b8f","state":"UP","status":"RUNNING"},"sensitive_attributes":[]},{"index_key":"LHR","schema_version":0,"attributes":{"bgp_peers":[{"group_id":3247,"ipv4":["176.58.92.141"],"ipv6":["2a00:dd80:3a::9e0"],"localasn":63911,"localpeerv4":"176.58.92.119","localpeerv6":"2a00:dd80:3a::c92","peerasn":36236}],"hostname":"anycast-ingress-lhr.worker.demo","id":572160,"image":"Ubuntu 24.04 LTS (20240423)","image_id":5787,"ip_v4":"176.58.92.119","ip_v6":"2a00:dd80:3a::c92","location_id":71,"package":"VR1x1x25","plan_id":668,"public_ipv4":"176.58.92.119","public_ipv6":"2a00:dd80:3a::c92","state":"UP","status":"RUNNING"},"sensitive_attributes":[]},{"index_key":"MAA","schema_version":0,"attributes":{"bgp_peers":[{"group_id":3247,"ipv4":["103.6.87.170"],"ipv6":["2403:2500:4000::ce8"],"localasn":63911,"localpeerv4":"103.6.87.36","localpeerv6":"2403:2500:4000::37e","peerasn":36236}],"hostname":"anycast-ingress-maa.worker.demo","id":572178,"image":"Ubuntu 24.04 LTS (20240423)","image_id":5787,"ip_v4":"103.6.87.36","ip_v6":"2403:2500:4000::37e","location_id":61,"package":"VR1x1x25","plan_id":668,"public_ipv4":"103.6.87.36","public_ipv6":"2403:2500:4000::37e","state":"UP","status":"RUNNING"},"sensitive_attributes":[]},{"index_key":"MAD","schema_version":0,"attributes":{"bgp_peers":[{"group_id":3247,"ipv4":["45.159.97.39"],"ipv6":["2a00:dd80:14:10::256"],"localasn":63911,"localpeerv4":"45.159.97.59","localpeerv6":"2a00:dd80:14:10::270","peerasn":36236}],"hostname":"anycast-ingress-mad.worker.demo","id":572158,"image":"Ubuntu 24.04 LTS (20240423)","image_id":5787,"ip_v4":"45.159.97.59","ip_v6":"2a00:dd80:14:10::270","location_id":524,"package":"VR1x1x25","plan_id":668,"public_ipv4":"45.159.97.59","public_ipv6":"2a00:dd80:14:10::270","state":"UP","status":"RUNNING"},"sensitive_attributes":[]},{"index_key":"MAN","schema_version":0,"attributes":{"bgp_peers":[{"group_id":3247,"ipv4":["45.159.99.221"],"ipv6":["2a00:dd80:42:10::71"],"localasn":63911,"localpeerv4":"45.159.99.236","localpeerv6":"2a00:dd80:42:10::23c","peerasn":36236}],"hostname":"anycast-ingress-man.worker.demo","id":572168,"image":"Ubuntu 24.04 LTS (20240423)","image_id":5787,"ip_v4":"45.159.99.236","ip_v6":"2a00:dd80:42:10::23c","location_id":561,"package":"VR1x1x25","plan_id":668,"public_ipv4":"45.159.99.236","public_ipv6":"2a00:dd80:42:10::23c","state":"UP","status":"RUNNING"},"sensitive_attributes":[]},{"index_key":"MCI","schema_version":0,"attributes":{"bgp_peers":[{"group_id":3247,"ipv4":["104.225.19.196"],"ipv6":["2607:f740:75:1::c6"],"localasn":63911,"localpeerv4":"104.225.19.229","localpeerv6":"2607:f740:75:1::3b4","peerasn":36236}],"hostname":"anycast-ingress-mci.worker.demo","id":572172,"image":"Ubuntu 24.04 LTS (20240423)","image_id":5787,"ip_v4":"104.225.19.229","ip_v6":"2607:f740:75:1::3b4","location_id":564,"package":"VR1x1x25","plan_id":668,"public_ipv4":"104.225.19.229","public_ipv6":"2607:f740:75:1::3b4","state":"UP","status":"RUNNING"},"sensitive_attributes":[]},{"index_key":"MIA","schema_version":0,"attributes":{"bgp_peers":[{"group_id":3247,"ipv4":["192.73.243.67"],"ipv6":["2607:f740:17::f7d"],"localasn":63911,"localpeerv4":"192.73.243.31","localpeerv6":"2607:f740:17::f4f","peerasn":36236}],"hostname":"anycast-ingress-mia.worker.demo","id":572159,"image":"Ubuntu 24.04 LTS (20240423)","image_id":5787,"ip_v4":"192.73.243.31","ip_v6":"2607:f740:17::f4f","location_id":123,"package":"VR1x1x25","plan_id":668,"public_ipv4":"192.73.243.31","public_ipv6":"2607:f740:17::f4f","state":"UP","status":"RUNNING"},"sensitive_attributes":[]},{"index_key":"NBO","schema_version":0,"attributes":{"bgp_peers":[{"group_id":3247,"ipv4":["102.67.167.110"],"ipv6":["2c0f:edb0:2000:1::41"],"localasn":63911,"localpeerv4":"102.67.167.162","localpeerv6":"2c0f:edb0:2000:1::1ba","peerasn":36236}],"hostname":"anycast-ingress-nbo.worker.demo","id":572179,"image":"Ubuntu 24.04 LTS (20240423)","image_id":5787,"ip_v4":"102.67.167.162","ip_v6":"2c0f:edb0:2000:1::1ba","location_id":566,"package":"VR1x1x25","plan_id":668,"public_ipv4":"102.67.167.162","public_ipv6":"2c0f:edb0:2000:1::1ba","state":"UP","status":"RUNNING"},"sensitive_attributes":[]},{"index_key":"OTP","schema_version":0,"attributes":{"bgp_peers":[{"group_id":3247,"ipv4":["185.40.235.123"],"ipv6":["2a00:dd80:10::1c"],"localasn":63911,"localpeerv4":"185.40.235.254","localpeerv6":"2a00:dd80:10::48","peerasn":36236}],"hostname":"anycast-ingress-otp.worker.demo","id":572176,"image":"Ubuntu 24.04 LTS (20240423)","image_id":5787,"ip_v4":"185.40.235.254","ip_v6":"2a00:dd80:10::48","location_id":146,"package":"VR1x1x25","plan_id":668,"public_ipv4":"185.40.235.254","public_ipv6":"2a00:dd80:10::48","state":"UP","status":"RUNNING"},"sensitive_attributes":[]},{"index_key":"PDX","schema_version":0,"attributes":{"bgp_peers":[{"group_id":3247,"ipv4":["104.225.28.192"],"ipv6":["2607:f740:28:c::1d2"],"localasn":63911,"localpeerv4":"104.225.28.189","localpeerv6":"2607:f740:28:c::1cf","peerasn":36236}],"hostname":"anycast-ingress-pdx.worker.demo","id":572147,"image":"Ubuntu 24.04 LTS (20240423)","image_id":5787,"ip_v4":"104.225.28.189","ip_v6":"2607:f740:28:c::1cf","location_id":571,"package":"VR1x1x25","plan_id":668,"public_ipv4":"104.225.28.189","public_ipv6":"2607:f740:28:c::1cf","state":"UP","status":"RUNNING"},"sensitive_attributes":[]},{"index_key":"PHX","schema_version":0,"attributes":{"bgp_peers":[{"group_id":3247,"ipv4":["104.225.103.229"],"ipv6":["2607:f740:15:20::25f"],"localasn":63911,"localpeerv4":"104.225.103.146","localpeerv6":"2607:f740:15:20::251","peerasn":36236}],"hostname":"anycast-ingress-phx.worker.demo","id":572169,"image":"Ubuntu 24.04 LTS (20240423)","image_id":5787,"ip_v4":"104.225.103.146","ip_v6":"2607:f740:15:20::251","location_id":290,"package":"VR1x1x25","plan_id":668,"public_ipv4":"104.225.103.146","public_ipv6":"2607:f740:15:20::251","state":"UP","status":"RUNNING"},"sensitive_attributes":[]},{"index_key":"RDU","schema_version":0,"attributes":{"bgp_peers":[{"group_id":3247,"ipv4":["104.225.1.249"],"ipv6":["2607:fc50:0:15::ae"],"localasn":63911,"localpeerv4":"104.225.1.79","localpeerv6":"2607:fc50:0:15::3c8","peerasn":36236}],"hostname":"anycast-ingress-rdu.worker.demo","id":572143,"image":"Ubuntu 24.04 LTS (20240423)","image_id":5787,"ip_v4":"104.225.1.79","ip_v6":"2607:fc50:0:15::3c8","location_id":236,"package":"VR1x1x25","plan_id":668,"public_ipv4":"104.225.1.79","public_ipv6":"2607:fc50:0:15::3c8","state":"UP","status":"RUNNING"},"sensitive_attributes":[]},{"index_key":"SCL","schema_version":0,"attributes":{"bgp_peers":[{"group_id":3247,"ipv4":["148.163.223.119"],"ipv6":["2607:f740:56:10::13b"],"localasn":63911,"localpeerv4":"148.163.223.32","localpeerv6":"2607:f740:56:10::369","peerasn":36236}],"hostname":"anycast-ingress-scl.worker.demo","id":572156,"image":"Ubuntu 24.04 LTS (20240423)","image_id":5787,"ip_v4":"148.163.223.32","ip_v6":"2607:f740:56:10::369","location_id":488,"package":"VR1x1x25","plan_id":668,"public_ipv4":"148.163.223.32","public_ipv6":"2607:f740:56:10::369","state":"UP","status":"RUNNING"},"sensitive_attributes":[]},{"index_key":"SEA","schema_version":0,"attributes":{"bgp_peers":[{"group_id":3247,"ipv4":["192.73.240.46"],"ipv6":["2607:f740:14::693"],"localasn":63911,"localpeerv4":"192.73.240.163","localpeerv6":"2607:f740:14::fb","peerasn":36236}],"hostname":"anycast-ingress-sea.worker.demo","id":572146,"image":"Ubuntu 24.04 LTS (20240423)","image_id":5787,"ip_v4":"192.73.240.163","ip_v6":"2607:f740:14::fb","location_id":124,"package":"VR1x1x25","plan_id":668,"public_ipv4":"192.73.240.163","public_ipv6":"2607:f740:14::fb","state":"UP","status":"RUNNING"},"sensitive_attributes":[]},{"index_key":"SIN","schema_version":0,"attributes":{"bgp_peers":[{"group_id":3247,"ipv4":["43.245.49.106"],"ipv6":["2403:2500:300::105"],"localasn":63911,"localpeerv4":"43.245.49.137","localpeerv6":"2403:2500:300::c65","peerasn":36236}],"hostname":"anycast-ingress-sin.worker.demo","id":572184,"image":"Ubuntu 24.04 LTS (20240423)","image_id":5787,"ip_v4":"43.245.49.137","ip_v6":"2403:2500:300::c65","location_id":173,"package":"VR1x1x25","plan_id":668,"public_ipv4":"43.245.49.137","public_ipv6":"2403:2500:300::c65","state":"UP","status":"RUNNING"},"sensitive_attributes":[]},{"index_key":"SJC","schema_version":0,"attributes":{"bgp_peers":[{"group_id":3247,"ipv4":["208.111.39.103"],"ipv6":["2607:f740:0:3f::5bd"],"localasn":63911,"localpeerv4":"208.111.39.219","localpeerv6":"2607:f740:0:3f::220","peerasn":36236}],"hostname":"anycast-ingress-sjc.worker.demo","id":572154,"image":"Ubuntu 24.04 LTS (20240423)","image_id":5787,"ip_v4":"208.111.39.219","ip_v6":"2607:f740:0:3f::220","location_id":3,"package":"VR1x1x25","plan_id":668,"public_ipv4":"208.111.39.219","public_ipv6":"2607:f740:0:3f::220","state":"UP","status":"RUNNING"},"sensitive_attributes":[]},{"index_key":"SYD","schema_version":0,"attributes":{"bgp_peers":[{"group_id":3247,"ipv4":["43.245.48.206"],"ipv6":["2403:2500:9000:1::c28"],"localasn":63911,"localpeerv4":"43.245.48.176","localpeerv6":"2403:2500:9000:1::309","peerasn":36236}],"hostname":"anycast-ingress-syd.worker.demo","id":572183,"image":"Ubuntu 24.04 LTS (20240423)","image_id":5787,"ip_v4":"43.245.48.176","ip_v6":"2403:2500:9000:1::309","location_id":137,"package":"VR1x1x25","plan_id":668,"public_ipv4":"43.245.48.176","public_ipv6":"2403:2500:9000:1::309","state":"UP","status":"RUNNING"},"sensitive_attributes":[]},{"index_key":"TOR","schema_version":0,"attributes":{"bgp_peers":[{"group_id":3247,"ipv4":["162.248.221.88"],"ipv6":["2607:f740:50::de5"],"localasn":63911,"localpeerv4":"162.248.221.93","localpeerv6":"2607:f740:50::d3d","peerasn":36236}],"hostname":"anycast-ingress-tor.worker.demo","id":572161,"image":"Ubuntu 24.04 LTS (20240423)","image_id":5787,"ip_v4":"162.248.221.93","ip_v6":"2607:f740:50::d3d","location_id":127,"package":"VR1x1x25","plan_id":668,"public_ipv4":"162.248.221.93","public_ipv6":"2607:f740:50::d3d","state":"UP","status":"RUNNING"},"sensitive_attributes":[]},{"index_key":"TYO","schema_version":0,"attributes":{"bgp_peers":[{"group_id":3247,"ipv4":["103.84.155.150"],"ipv6":["2403:2500:400:20::d75"],"localasn":63911,"localpeerv4":"103.84.155.214","localpeerv6":"2403:2500:400:20::c93","peerasn":36236}],"hostname":"anycast-ingress-tyo.worker.demo","id":572185,"image":"Ubuntu 24.04 LTS (20240423)","image_id":5787,"ip_v4":"103.84.155.214","ip_v6":"2403:2500:400:20::c93","location_id":335,"package":"VR1x1x25","plan_id":668,"public_ipv4":"103.84.155.214","public_ipv6":"2403:2500:400:20::c93","state":"UP","status":"RUNNING"},"sensitive_attributes":[]},{"index_key":"WAW","schema_version":0,"attributes":{"bgp_peers":[{"group_id":3247,"ipv4":["45.159.98.175"],"ipv6":["2a00:dd80:40:100::312"],"localasn":63911,"localpeerv4":"45.159.98.231","localpeerv6":"2a00:dd80:40:100::241","peerasn":36236}],"hostname":"anycast-ingress-waw.worker.demo","id":572180,"image":"Ubuntu 24.04 LTS (20240423)","image_id":5787,"ip_v4":"45.159.98.231","ip_v6":"2a00:dd80:40:100::241","location_id":551,"package":"VR1x1x25","plan_id":668,"public_ipv4":"45.159.98.231","public_ipv6":"2a00:dd80:40:100::241","state":"UP","status":"RUNNING"},"sensitive_attributes":[]},{"index_key":"YUL","schema_version":0,"attributes":{"bgp_peers":[{"group_id":3247,"ipv4":["104.225.25.23"],"ipv6":["2607:f740:74:1::1c8"],"localasn":63911,"localpeerv4":"104.225.25.135","localpeerv6":"2607:f740:74:1::3e","peerasn":36236}],"hostname":"anycast-ingress-yul.worker.demo","id":572170,"image":"Ubuntu 24.04 LTS (20240423)","image_id":5787,"ip_v4":"104.225.25.135","ip_v6":"2607:f740:74:1::3e","location_id":565,"package":"VR1x1x25","plan_id":668,"public_ipv4":"104.225.25.135","public_ipv6":"2607:f740:74:1::3e","state":"UP","status":"RUNNING"},"sensitive_attributes":[]}]},{"mode":"managed","type":"local_file","name":"ansible_hosts","provider":"provider[\"registry.opentofu.org/hashicorp/local\"]","instances":[{"schema_version":0,"attributes":{"content":"[master]\nlocalhost ansible_connection=local ansible_python_interpreter=python3\n\n[nodes:children]\nbackend\n\n[backend:children]\nacc\nams\natl\nbom\ncdg\nchi\nden\ndfw\ndub\ndxb\nfra\ngru\nhkg\niad3\njnb\nlax\nlga\nlhr\nmaa\nmad\nman\nmci\nmia\nnbo\notp\npdx\nphx\nrdu\nscl\nsea\nsin\nsjc\nsyd\ntor\ntyo\nwaw\nyul\n\n[acc]\nanycast-ingress-acc.worker.demo location=acc bgp_enabled=True plan='VR1x1x25' mbpkgid=572181 ansible_host=102.213.153.16\n[ams]\nanycast-ingress-ams.worker.demo location=ams bgp_enabled=True plan='VR1x1x25' mbpkgid=572155 ansible_host=176.58.93.156\n[atl]\nanycast-ingress-atl.worker.demo location=atl bgp_enabled=True plan='VR1x1x25' mbpkgid=572165 ansible_host=104.225.125.233\n[bom]\nanycast-ingress-bom.worker.demo location=bom bgp_enabled=True plan='VR1x1x25' mbpkgid=572182 ansible_host=59.153.13.4\n[cdg]\nanycast-ingress-cdg.worker.demo location=cdg bgp_enabled=True plan='VR1x1x25' mbpkgid=572162 ansible_host=176.58.90.141\n[chi]\nanycast-ingress-chi.worker.demo location=chi bgp_enabled=True plan='VR1x1x25' mbpkgid=572142 ansible_host=209.177.158.233\n[den]\nanycast-ingress-den.worker.demo location=den bgp_enabled=True plan='VR1x1x25' mbpkgid=572145 ansible_host=192.73.242.78\n[dfw]\nanycast-ingress-dfw.worker.demo location=dfw bgp_enabled=True plan='VR1x1x25' mbpkgid=572157 ansible_host=192.73.248.213\n[dub]\nanycast-ingress-dub.worker.demo location=dub bgp_enabled=True plan='VR1x1x25' mbpkgid=572166 ansible_host=185.34.0.236\n[dxb]\nanycast-ingress-dxb.worker.demo location=dxb bgp_enabled=True plan='VR1x1x25' mbpkgid=572175 ansible_host=185.34.3.126\n[fra]\nanycast-ingress-fra.worker.demo location=fra bgp_enabled=True plan='VR1x1x25' mbpkgid=572167 ansible_host=185.40.234.215\n[gru]\nanycast-ingress-gru.worker.demo location=gru bgp_enabled=True plan='VR1x1x25' mbpkgid=572163 ansible_host=148.163.220.121\n[hkg]\nanycast-ingress-hkg.worker.demo location=hkg bgp_enabled=True plan='VR1x1x25' mbpkgid=572186 ansible_host=103.6.84.125\n[iad3]\nanycast-ingress-iad3.worker.demo location=iad3 bgp_enabled=True plan='VR1x1x25' mbpkgid=572144 ansible_host=104.225.11.116\n[jnb]\nanycast-ingress-jnb.worker.demo location=jnb bgp_enabled=True plan='VR1x1x25' mbpkgid=572177 ansible_host=102.67.165.129\n[lax]\nanycast-ingress-lax.worker.demo location=lax bgp_enabled=True plan='VR1x1x25' mbpkgid=572171 ansible_host=192.73.244.148\n[lga]\nanycast-ingress-lga.worker.demo location=lga bgp_enabled=True plan='VR1x1x25' mbpkgid=572164 ansible_host=209.177.145.228\n[lhr]\nanycast-ingress-lhr.worker.demo location=lhr bgp_enabled=True plan='VR1x1x25' mbpkgid=572160 ansible_host=176.58.92.119\n[maa]\nanycast-ingress-maa.worker.demo location=maa bgp_enabled=True plan='VR1x1x25' mbpkgid=572178 ansible_host=103.6.87.36\n[mad]\nanycast-ingress-mad.worker.demo location=mad bgp_enabled=True plan='VR1x1x25' mbpkgid=572158 ansible_host=45.159.97.59\n[man]\nanycast-ingress-man.worker.demo location=man bgp_enabled=True plan='VR1x1x25' mbpkgid=572168 ansible_host=45.159.99.236\n[mci]\nanycast-ingress-mci.worker.demo location=mci bgp_enabled=True plan='VR1x1x25' mbpkgid=572172 ansible_host=104.225.19.229\n[mia]\nanycast-ingress-mia.worker.demo location=mia bgp_enabled=True plan='VR1x1x25' mbpkgid=572159 ansible_host=192.73.243.31\n[nbo]\nanycast-ingress-nbo.worker.demo location=nbo bgp_enabled=True plan='VR1x1x25' mbpkgid=572179 ansible_host=102.67.167.162\n[otp]\nanycast-ingress-otp.worker.demo location=otp bgp_enabled=True plan='VR1x1x25' mbpkgid=572176 ansible_host=185.40.235.254\n[pdx]\nanycast-ingress-pdx.worker.demo location=pdx bgp_enabled=True plan='VR1x1x25' mbpkgid=572147 ansible_host=104.225.28.189\n[phx]\nanycast-ingress-phx.worker.demo location=phx bgp_enabled=True plan='VR1x1x25' mbpkgid=572169 ansible_host=104.225.103.146\n[rdu]\nanycast-ingress-rdu.worker.demo location=rdu bgp_enabled=True plan='VR1x1x25' mbpkgid=572143 ansible_host=104.225.1.79\n[scl]\nanycast-ingress-scl.worker.demo location=scl bgp_enabled=True plan='VR1x1x25' mbpkgid=572156 ansible_host=148.163.223.32\n[sea]\nanycast-ingress-sea.worker.demo location=sea bgp_enabled=True plan='VR1x1x25' mbpkgid=572146 ansible_host=192.73.240.163\n[sin]\nanycast-ingress-sin.worker.demo location=sin bgp_enabled=True plan='VR1x1x25' mbpkgid=572184 ansible_host=43.245.49.137\n[sjc]\nanycast-ingress-sjc.worker.demo location=sjc bgp_enabled=True plan='VR1x1x25' mbpkgid=572154 ansible_host=208.111.39.219\n[syd]\nanycast-ingress-syd.worker.demo location=syd bgp_enabled=True plan='VR1x1x25' mbpkgid=572183 ansible_host=43.245.48.176\n[tor]\nanycast-ingress-tor.worker.demo location=tor bgp_enabled=True plan='VR1x1x25' mbpkgid=572161 ansible_host=162.248.221.93\n[tyo]\nanycast-ingress-tyo.worker.demo location=tyo bgp_enabled=True plan='VR1x1x25' mbpkgid=572185 ansible_host=103.84.155.214\n[waw]\nanycast-ingress-waw.worker.demo location=waw bgp_enabled=True plan='VR1x1x25' mbpkgid=572180 ansible_host=45.159.98.231\n[yul]\nanycast-ingress-yul.worker.demo location=yul bgp_enabled=True plan='VR1x1x25' mbpkgid=572170 ansible_host=104.225.25.135\n","content_base64":null,"content_base64sha256":"u+A8LgaGRhcR7D9moe17Ae856RXluaItnWJ5mvPWBzg=","content_base64sha512":"mSiJssVeLQjrJur2UBKwpbKVQkX8DjYtc57KJB3+PW1mdwS4CP3Rv/fpH9owZJggvRPex0aTvzO3jdpxyIZ4eg==","content_md5":"f23bca37f71567976bb9f93d8472af75","content_sha1":"8c2aace5dc0849a41587ef0fa3ea27c5675b88c5","content_sha256":"bbe03c2e0686461711ec3f66a1ed7b01ef39e915e5b9a22d9d62799af3d60738","content_sha512":"992889b2c55e2d08eb26eaf65012b0a5b2954245fc0e362d739eca241dfe3d6d667704b808fdd1bff7e91fda30649820bd13dec74693bf33b78dda71c886787a","directory_permission":"0777","file_permission":"0777","filename":"./../anycast/base-ansible-template/hosts","id":"8c2aace5dc0849a41587ef0fa3ea27c5675b88c5","sensitive_content":null,"source":null},"sensitive_attributes":[[{"type":"get_attr","value":"sensitive_content"}]],"dependencies":["data.netactuate_server.servers","module.pop.data.netactuate_bgp_sessions.vm","module.pop.data.netactuate_server.vm","module.pop.netactuate_bgp_sessions.bgp","module.pop.netactuate_server.vm","module.pop.netbox_cluster.this","module.pop.netbox_device.this","module.pop.netbox_interface.eth0","module.pop.netbox_ip_address.public_v4","module.pop.netbox_ip_address.public_v6","module.pop.netbox_primary_ip.vm_primary_v4","module.pop.netbox_service.bgp179","module.pop.netbox_site.this","module.pop.netbox_virtual_machine.this","netbox_asn.local","netbox_asn.peer","netbox_cluster_type.hypervisor","netbox_custom_field.na_asn","netbox_custom_field.na_bgp_ipv4_prefix","netbox_custom_field.na_contract_id","netbox_custom_field.na_image","netbox_custom_field.na_image_id","netbox_custom_field.na_location_id","netbox_custom_field.na_plan","netbox_custom_field.na_plan_id","netbox_custom_field.na_public_ipv4","netbox_custom_field.na_public_ipv6","netbox_custom_field.na_server_id","netbox_custom_field.zz_bgp_connection_info","netbox_custom_field.zz_bgp_local_info","netbox_custom_field.zz_bgp_remote_info","netbox_custom_field.zz_bgp_routes_info","netbox_device_role.anycast_worker","netbox_device_type.anycast_worker","netbox_manufacturer.netactuate","netbox_rir.demo","netbox_tag.anycast"]}]},{"mode":"managed","type":"netbox_asn","name":"local","provider":"provider[\"registry.opentofu.org/e-breuninger/netbox\"]","instances":[{"schema_version":0,"attributes":{"asn":63911,"comments":"","description":"Demo ASN for anycast ingress","id":"5","rir_id":5,"tags":[],"tags_all":[]},"sensitive_attributes":[],"private":"bnVsbA==","dependencies":["netbox_rir.demo"]}]},{"mode":"managed","type":"netbox_asn","name":"peer","provider":"provider[\"registry.opentofu.org/e-breuninger/netbox\"]","instances":[{"schema_version":0,"attributes":{"asn":36236,"comments":"","description":"Remote upstream ASN for anycast peers","id":"6","rir_id":5,"tags":[],"tags_all":[]},"sensitive_attributes":[],"private":"bnVsbA==","dependencies":["netbox_rir.demo"]}]},{"mode":"managed","type":"netbox_cluster_type","name":"hypervisor","provider":"provider[\"registry.opentofu.org/e-breuninger/netbox\"]","instances":[{"schema_version":0,"attributes":{"id":"6","name":"hypervisor","slug":"hypervisor"},"sensitive_attributes":[],"private":"bnVsbA=="}]},{"mode":"managed","type":"netbox_custom_field","name":"na_asn","provider":"provider[\"registry.opentofu.org/e-breuninger/netbox\"]","instances":[{"schema_version":0,"attributes":{"choice_set_id":null,"content_types":["virtualization.virtualmachine"],"default":"","description":"","group_name":"","id":"59","label":"NetActuate ASN","name":"na_asn","required":false,"type":"text","validation_maximum":0,"validation_minimum":0,"validation_regex":"","weight":100},"sensitive_attributes":[],"private":"bnVsbA=="}]},{"mode":"managed","type":"netbox_custom_field","name":"na_bgp_ipv4_prefix","provider":"provider[\"registry.opentofu.org/e-breuninger/netbox\"]","instances":[{"schema_version":0,"attributes":{"choice_set_id":null,"content_types":["virtualization.virtualmachine"],"default":"","description":"","group_name":"","id":"57","label":"BGP IPv4 Prefix","name":"na_bgp_ipv4_prefix","required":false,"type":"text","validation_maximum":0,"validation_minimum":0,"validation_regex":"","weight":100},"sensitive_attributes":[],"private":"bnVsbA=="}]},{"mode":"managed","type":"netbox_custom_field","name":"na_contract_id","provider":"provider[\"registry.opentofu.org/e-breuninger/netbox\"]","instances":[{"schema_version":0,"attributes":{"choice_set_id":null,"content_types":["virtualization.virtualmachine"],"default":"","description":"","group_name":"","id":"55","label":"NetActuate Contract ID","name":"na_contract_id","required":false,"type":"text","validation_maximum":0,"validation_minimum":0,"validation_regex":"","weight":100},"sensitive_attributes":[],"private":"bnVsbA=="}]},{"mode":"managed","type":"netbox_custom_field","name":"na_image","provider":"provider[\"registry.opentofu.org/e-breuninger/netbox\"]","instances":[{"schema_version":0,"attributes":{"choice_set_id":null,"content_types":["virtualization.virtualmachine"],"default":"","description":"","group_name":"","id":"60","label":"Image","name":"na_image","required":false,"type":"text","validation_maximum":0,"validation_minimum":0,"validation_regex":"","weight":100},"sensitive_attributes":[],"private":"bnVsbA=="}]},{"mode":"managed","type":"netbox_custom_field","name":"na_image_id","provider":"provider[\"registry.opentofu.org/e-breuninger/netbox\"]","instances":[{"schema_version":0,"attributes":{"choice_set_id":null,"content_types":["virtualization.virtualmachine"],"default":"","description":"","group_name":"","id":"52","label":"Image ID","name":"na_image_id","required":false,"type":"text","validation_maximum":0,"validation_minimum":0,"validation_regex":"","weight":100},"sensitive_attributes":[],"private":"bnVsbA=="}]},{"mode":"managed","type":"netbox_custom_field","name":"na_location_id","provider":"provider[\"registry.opentofu.org/e-breuninger/netbox\"]","instances":[{"schema_version":0,"attributes":{"choice_set_id":null,"content_types":["virtualization.virtualmachine"],"default":"","description":"","group_name":"","id":"50","label":"Location ID","name":"na_location_id","required":false,"type":"text","validation_maximum":0,"validation_minimum":0,"validation_regex":"","weight":100},"sensitive_attributes":[],"private":"bnVsbA=="}]},{"mode":"managed","type":"netbox_custom_field","name":"na_plan","provider":"provider[\"registry.opentofu.org/e-breuninger/netbox\"]","instances":[{"schema_version":0,"attributes":{"choice_set_id":null,"content_types":["virtualization.virtualmachine"],"default":"","description":"","group_name":"","id":"58","label":"Plan","name":"na_plan","required":false,"type":"text","validation_maximum":0,"validation_minimum":0,"validation_regex":"","weight":100},"sensitive_attributes":[],"private":"bnVsbA=="}]},{"mode":"managed","type":"netbox_custom_field","name":"na_plan_id","provider":"provider[\"registry.opentofu.org/e-breuninger/netbox\"]","instances":[{"schema_version":0,"attributes":{"choice_set_id":null,"content_types":["virtualization.virtualmachine"],"default":"","description":"","group_name":"","id":"49","label":"Plan ID","name":"na_plan_id","required":false,"type":"text","validation_maximum":0,"validation_minimum":0,"validation_regex":"","weight":100},"sensitive_attributes":[],"private":"bnVsbA=="}]},{"mode":"managed","type":"netbox_custom_field","name":"na_public_ipv4","provider":"provider[\"registry.opentofu.org/e-breuninger/netbox\"]","instances":[{"schema_version":0,"attributes":{"choice_set_id":null,"content_types":["virtualization.virtualmachine"],"default":"","description":"","group_name":"","id":"56","label":"Public IPv4","name":"na_public_ipv4","required":false,"type":"text","validation_maximum":0,"validation_minimum":0,"validation_regex":"","weight":100},"sensitive_attributes":[],"private":"bnVsbA=="}]},{"mode":"managed","type":"netbox_custom_field","name":"na_public_ipv6","provider":"provider[\"registry.opentofu.org/e-breuninger/netbox\"]","instances":[{"schema_version":0,"attributes":{"choice_set_id":null,"content_types":["virtualization.virtualmachine"],"default":"","description":"","group_name":"","id":"51","label":"Public IPv6","name":"na_public_ipv6","required":false,"type":"text","validation_maximum":0,"validation_minimum":0,"validation_regex":"","weight":100},"sensitive_attributes":[],"private":"bnVsbA=="}]},{"mode":"managed","type":"netbox_custom_field","name":"na_server_id","provider":"provider[\"registry.opentofu.org/e-breuninger/netbox\"]","instances":[{"schema_version":0,"attributes":{"choice_set_id":null,"content_types":["virtualization.virtualmachine"],"default":"","description":"","group_name":"","id":"54","label":"NetActuate Server ID","name":"na_server_id","required":false,"type":"text","validation_maximum":0,"validation_minimum":0,"validation_regex":"","weight":100},"sensitive_attributes":[],"private":"bnVsbA=="}]},{"mode":"managed","type":"netbox_custom_field","name":"zz_bgp_connection_info","provider":"provider[\"registry.opentofu.org/e-breuninger/netbox\"]","instances":[{"schema_version":0,"attributes":{"choice_set_id":null,"content_types":["virtualization.virtualmachine"],"default":"","description":"BGP session connection status and timestamps","group_name":"","id":"71","label":"BGP Connection Info","name":"zz_bgp_connection_info","required":false,"type":"text","validation_maximum":0,"validation_minimum":0,"validation_regex":"","weight":100},"sensitive_attributes":[],"private":"bnVsbA=="}]},{"mode":"managed","type":"netbox_custom_field","name":"zz_bgp_local_info","provider":"provider[\"registry.opentofu.org/e-breuninger/netbox\"]","instances":[{"schema_version":0,"attributes":{"choice_set_id":null,"content_types":["virtualization.virtualmachine"],"default":"","description":"Local BGP session information (hostname, ASN, IPs)","group_name":"","id":"70","label":"BGP Local Info","name":"zz_bgp_local_info","required":false,"type":"text","validation_maximum":0,"validation_minimum":0,"validation_regex":"","weight":100},"sensitive_attributes":[],"private":"bnVsbA=="}]},{"mode":"managed","type":"netbox_custom_field","name":"zz_bgp_remote_info","provider":"provider[\"registry.opentofu.org/e-breuninger/netbox\"]","instances":[{"schema_version":0,"attributes":{"choice_set_id":null,"content_types":["virtualization.virtualmachine"],"default":"","description":"Remote BGP peer information (group, ASN, IPs)","group_name":"","id":"69","label":"BGP Remote Info","name":"zz_bgp_remote_info","required":false,"type":"text","validation_maximum":0,"validation_minimum":0,"validation_regex":"","weight":100},"sensitive_attributes":[],"private":"bnVsbA=="}]},{"mode":"managed","type":"netbox_custom_field","name":"zz_bgp_routes_info","provider":"provider[\"registry.opentofu.org/e-breuninger/netbox\"]","instances":[{"schema_version":0,"attributes":{"choice_set_id":null,"content_types":["virtualization.virtualmachine"],"default":"","description":"BGP routes received and advertised","group_name":"","id":"68","label":"BGP Routes Info","name":"zz_bgp_routes_info","required":false,"type":"text","validation_maximum":0,"validation_minimum":0,"validation_regex":"","weight":100},"sensitive_attributes":[],"private":"bnVsbA=="}]},{"mode":"managed","type":"netbox_device_role","name":"anycast_worker","provider":"provider[\"registry.opentofu.org/e-breuninger/netbox\"]","instances":[{"schema_version":0,"attributes":{"color_hex":"ff8a00","description":"","id":"1","name":"Anycast Worker","slug":"anycast-worker","tags":[],"tags_all":[],"vm_role":true},"sensitive_attributes":[],"private":"bnVsbA=="}]},{"mode":"managed","type":"netbox_device_type","name":"anycast_worker","provider":"provider[\"registry.opentofu.org/e-breuninger/netbox\"]","instances":[{"schema_version":0,"attributes":{"id":"1","is_full_depth":false,"manufacturer_id":1,"model":"Anycast Worker VM","part_number":"","slug":"anycast-worker-vm","tags":[],"tags_all":[],"u_height":1},"sensitive_attributes":[],"private":"bnVsbA==","dependencies":["netbox_manufacturer.netactuate"]}]},{"mode":"managed","type":"netbox_manufacturer","name":"netactuate","provider":"provider[\"registry.opentofu.org/e-breuninger/netbox\"]","instances":[{"schema_version":0,"attributes":{"id":"1","name":"NetActuate","slug":"netactuate"},"sensitive_attributes":[],"private":"bnVsbA=="}]},{"mode":"managed","type":"netbox_prefix","name":"anycast_v4","provider":"provider[\"registry.opentofu.org/e-breuninger/netbox\"]","instances":[{"schema_version":0,"attributes":{"custom_fields":null,"description":"Anycast IPv4 prefix","id":"5","is_pool":false,"mark_utilized":false,"prefix":"45.54.50.0/24","role_id":0,"site_id":0,"status":"active","tags":[],"tags_all":[],"tenant_id":0,"vlan_id":0,"vrf_id":5},"sensitive_attributes":[],"private":"bnVsbA==","dependencies":["netbox_vrf.anycast"]}]},{"mode":"managed","type":"netbox_rir","name":"demo","provider":"provider[\"registry.opentofu.org/e-breuninger/netbox\"]","instances":[{"schema_version":0,"attributes":{"description":"RIR for demo ASN objects","id":"5","is_private":false,"name":"Demo RIR","slug":"demo-rir"},"sensitive_attributes":[],"private":"bnVsbA=="}]},{"mode":"managed","type":"netbox_tag","name":"anycast","provider":"provider[\"registry.opentofu.org/e-breuninger/netbox\"]","instances":[{"schema_version":0,"attributes":{"color_hex":"9e9e9e","description":"","id":"5","name":"anycast","slug":"anycast","tags":null,"tags_all":[]},"sensitive_attributes":[],"private":"bnVsbA=="}]},{"mode":"managed","type":"netbox_vrf","name":"anycast","provider":"provider[\"registry.opentofu.org/e-breuninger/netbox\"]","instances":[{"schema_version":0,"attributes":{"description":"","enforce_unique":true,"id":"5","name":"ANYCAST","rd":"63911:1","tags":null,"tags_all":[],"tenant_id":0},"sensitive_attributes":[],"private":"bnVsbA=="}]},{"module":"module.pop[\"ACC\"]","mode":"data","type":"netactuate_bgp_sessions","name":"vm","provider":"provider[\"registry.opentofu.org/netactuate/netactuate\"]","instances":[{"schema_version":0,"attributes":{"id":"572181","mbpkgid":572181,"sessions":[{"config_status":"1","customer_asn":63911,"customer_peer_ip":"102.213.153.16","description":"Craig's DevOps Demos - ACC - anycast-ingress-acc.worker.demo IPv4","group_id":3247,"group_name":"Craig's DevOps Demos","id":51187,"last_update":"2025-10-06 08:52:59","location_name":"ACC - Accra, GH","locked":false,"mb_id":0,"provider_asn":36236,"provider_ip_type":"ipv4","provider_peer_ip":"102.213.153.137","routes_received":"[{\"path\": [\"63911\"], \"origin\": \"63911\", \"prefix\": \"45.54.50.0/24\", \"next_hop\": \"102.213.153.16\", \"metric_loc_prf_weight\": 0}]","state":"Established"},{"config_status":"1","customer_asn":63911,"customer_peer_ip":"2c0f:edb0:4000:1::339","description":"Craig's DevOps Demos - ACC - anycast-ingress-acc.worker.demo IPv6","group_id":3247,"group_name":"Craig's DevOps Demos","id":51188,"last_update":"2025-10-06 08:53:11","location_name":"ACC - Accra, GH","locked":false,"mb_id":0,"provider_asn":36236,"provider_ip_type":"ipv6","provider_peer_ip":"2c0f:edb0:4000:1::12a","routes_received":"","state":"Active"}]},"sensitive_attributes":[]}]},{"module":"module.pop[\"ACC\"]","mode":"data","type":"netactuate_server","name":"vm","provider":"provider[\"registry.opentofu.org/netactuate/netactuate\"]","instances":[{"schema_version":0,"attributes":{"bgp_peers":[{"group_id":3247,"ipv4":["102.213.153.137"],"ipv6":["2c0f:edb0:4000:1::12a"],"localasn":63911,"localpeerv4":"102.213.153.16","localpeerv6":"2c0f:edb0:4000:1::339","peerasn":36236}],"hostname":"anycast-ingress-acc.worker.demo","id":572181,"image":"Ubuntu 24.04 LTS (20240423)","image_id":5787,"ip_v4":"102.213.153.16","ip_v6":"2c0f:edb0:4000:1::339","location_id":568,"package":"VR1x1x25","plan_id":668,"public_ipv4":"102.213.153.16","public_ipv6":"2c0f:edb0:4000:1::339","state":"UP","status":"RUNNING"},"sensitive_attributes":[]}]},{"module":"module.pop[\"ACC\"]","mode":"managed","type":"netactuate_bgp_sessions","name":"bgp","provider":"provider[\"registry.opentofu.org/netactuate/netactuate\"]","instances":[{"index_key":0,"schema_version":0,"attributes":{"group_id":3247,"id":"572181","ipv6":true,"mbpkgid":572181,"redundant":false},"sensitive_attributes":[],"private":"bnVsbA==","dependencies":["module.pop.netactuate_server.vm","netbox_custom_field.na_asn","netbox_custom_field.na_bgp_ipv4_prefix","netbox_custom_field.na_contract_id","netbox_custom_field.na_image","netbox_custom_field.na_image_id","netbox_custom_field.na_location_id","netbox_custom_field.na_plan","netbox_custom_field.na_plan_id","netbox_custom_field.na_public_ipv4","netbox_custom_field.na_public_ipv6","netbox_custom_field.na_server_id","netbox_custom_field.zz_bgp_connection_info","netbox_custom_field.zz_bgp_local_info","netbox_custom_field.zz_bgp_remote_info","netbox_custom_field.zz_bgp_routes_info"]}]},{"module":"module.pop[\"ACC\"]","mode":"managed","type":"netactuate_server","name":"vm","provider":"provider[\"registry.opentofu.org/netactuate/netactuate\"]","instances":[{"schema_version":0,"attributes":{"cloud_config":null,"hostname":"anycast-ingress-acc.worker.demo","id":"572181","image":null,"image_id":5787,"location":null,"location_id":568,"package_billing":"usage","package_billing_contract_id":"440","package_billing_opt_in":null,"params":"","password":null,"plan":"VR1x1x25","primary_ipv4":"102.213.153.16","primary_ipv6":"2c0f:edb0:4000:1::339","ssh_key":null,"ssh_key_id":8199,"user_data":null,"user_data_base64":null},"sensitive_attributes":[[{"type":"get_attr","value":"password"}]],"private":"bnVsbA==","dependencies":["netbox_custom_field.na_asn","netbox_custom_field.na_bgp_ipv4_prefix","netbox_custom_field.na_contract_id","netbox_custom_field.na_image","netbox_custom_field.na_image_id","netbox_custom_field.na_location_id","netbox_custom_field.na_plan","netbox_custom_field.na_plan_id","netbox_custom_field.na_public_ipv4","netbox_custom_field.na_public_ipv6","netbox_custom_field.na_server_id","netbox_custom_field.zz_bgp_connection_info","netbox_custom_field.zz_bgp_local_info","netbox_custom_field.zz_bgp_remote_info","netbox_custom_field.zz_bgp_routes_info"]}]},{"module":"module.pop[\"ACC\"]","mode":"managed","type":"netbox_cluster","name":"this","provider":"provider[\"registry.opentofu.org/e-breuninger/netbox\"]","instances":[{"schema_version":0,"attributes":{"cluster_group_id":0,"cluster_type_id":6,"comments":"","description":"","id":"67","name":"ACC-cluster","site_id":68,"tags":[],"tags_all":[],"tenant_id":0},"sensitive_attributes":[],"private":"bnVsbA==","dependencies":["module.pop.netbox_site.this","netbox_cluster_type.hypervisor","netbox_custom_field.na_asn","netbox_custom_field.na_bgp_ipv4_prefix","netbox_custom_field.na_contract_id","netbox_custom_field.na_image","netbox_custom_field.na_image_id","netbox_custom_field.na_location_id","netbox_custom_field.na_plan","netbox_custom_field.na_plan_id","netbox_custom_field.na_public_ipv4","netbox_custom_field.na_public_ipv6","netbox_custom_field.na_server_id","netbox_custom_field.zz_bgp_connection_info","netbox_custom_field.zz_bgp_local_info","netbox_custom_field.zz_bgp_remote_info","netbox_custom_field.zz_bgp_routes_info"]}]},{"module":"module.pop[\"ACC\"]","mode":"managed","type":"netbox_device","name":"this","provider":"provider[\"registry.opentofu.org/e-breuninger/netbox\"]","instances":[{"schema_version":0,"attributes":{"asset_tag":"","cluster_id":0,"comments":"","config_template_id":0,"custom_fields":null,"description":"","device_type_id":1,"id":"9","local_context_data":"","location_id":0,"name":"anycast-ingress-acc.worker.demo","platform_id":0,"primary_ipv4":0,"primary_ipv6":0,"rack_face":"","rack_id":0,"rack_position":0,"role_id":1,"serial":"","site_id":68,"status":"active","tags":["anycast"],"tags_all":["anycast"],"tenant_id":0,"virtual_chassis_id":0,"virtual_chassis_master":false,"virtual_chassis_position":0,"virtual_chassis_priority":0},"sensitive_attributes":[],"private":"bnVsbA==","dependencies":["module.pop.netactuate_server.vm","module.pop.netbox_site.this","netbox_custom_field.na_asn","netbox_custom_field.na_bgp_ipv4_prefix","netbox_custom_field.na_contract_id","netbox_custom_field.na_image","netbox_custom_field.na_image_id","netbox_custom_field.na_location_id","netbox_custom_field.na_plan","netbox_custom_field.na_plan_id","netbox_custom_field.na_public_ipv4","netbox_custom_field.na_public_ipv6","netbox_custom_field.na_server_id","netbox_custom_field.zz_bgp_connection_info","netbox_custom_field.zz_bgp_local_info","netbox_custom_field.zz_bgp_remote_info","netbox_custom_field.zz_bgp_routes_info","netbox_device_role.anycast_worker","netbox_device_type.anycast_worker","netbox_manufacturer.netactuate","netbox_tag.anycast"]}]},{"module":"module.pop[\"ACC\"]","mode":"managed","type":"netbox_interface","name":"eth0","provider":"provider[\"registry.opentofu.org/e-breuninger/netbox\"]","instances":[{"schema_version":0,"attributes":{"description":"","enabled":true,"id":"64","mac_address":"","mode":null,"mtu":0,"name":"eth0","tagged_vlans":[],"tags":[],"tags_all":[],"type":null,"untagged_vlan":null,"virtual_machine_id":62},"sensitive_attributes":[],"private":"bnVsbA==","dependencies":["module.pop.data.netactuate_bgp_sessions.vm","module.pop.data.netactuate_server.vm","module.pop.netactuate_server.vm","module.pop.netbox_cluster.this","module.pop.netbox_site.this","module.pop.netbox_virtual_machine.this","netbox_cluster_type.hypervisor","netbox_custom_field.na_asn","netbox_custom_field.na_bgp_ipv4_prefix","netbox_custom_field.na_contract_id","netbox_custom_field.na_image","netbox_custom_field.na_image_id","netbox_custom_field.na_location_id","netbox_custom_field.na_plan","netbox_custom_field.na_plan_id","netbox_custom_field.na_public_ipv4","netbox_custom_field.na_public_ipv6","netbox_custom_field.na_server_id","netbox_custom_field.zz_bgp_connection_info","netbox_custom_field.zz_bgp_local_info","netbox_custom_field.zz_bgp_remote_info","netbox_custom_field.zz_bgp_routes_info","netbox_tag.anycast"]}]},{"module":"module.pop[\"ACC\"]","mode":"managed","type":"netbox_ip_address","name":"public_v4","provider":"provider[\"registry.opentofu.org/e-breuninger/netbox\"]","instances":[{"schema_version":0,"attributes":{"custom_fields":null,"description":"","device_interface_id":null,"dns_name":"anycast-ingress-acc.worker.demo","id":"61","interface_id":null,"ip_address":"102.213.153.16/32","nat_inside_address_id":0,"nat_outside_addresses":[],"object_type":null,"role":"","status":"active","tags":[],"tags_all":[],"tenant_id":0,"virtual_machine_interface_id":64,"vrf_id":0},"sensitive_attributes":[],"private":"bnVsbA==","dependencies":["module.pop.data.netactuate_bgp_sessions.vm","module.pop.data.netactuate_server.vm","module.pop.netactuate_server.vm","module.pop.netbox_cluster.this","module.pop.netbox_interface.eth0","module.pop.netbox_site.this","module.pop.netbox_virtual_machine.this","netbox_cluster_type.hypervisor","netbox_custom_field.na_asn","netbox_custom_field.na_bgp_ipv4_prefix","netbox_custom_field.na_bgp_peers","netbox_custom_field.na_bgp_session_details","netbox_custom_field.na_contract_id","netbox_custom_field.na_image","netbox_custom_field.na_image_id","netbox_custom_field.na_location_id","netbox_custom_field.na_plan","netbox_custom_field.na_plan_id","netbox_custom_field.na_public_ipv4","netbox_custom_field.na_public_ipv6","netbox_custom_field.na_server_id","netbox_custom_field.zz_bgp_connection_info","netbox_custom_field.zz_bgp_local_info","netbox_custom_field.zz_bgp_remote_info","netbox_custom_field.zz_bgp_routes_info","netbox_tag.anycast"]}]},{"module":"module.pop[\"ACC\"]","mode":"managed","type":"netbox_primary_ip","name":"vm_primary_v4","provider":"provider[\"registry.opentofu.org/e-breuninger/netbox\"]","instances":[{"schema_version":0,"attributes":{"id":"62","ip_address_id":61,"ip_address_version":4,"virtual_machine_id":62},"sensitive_attributes":[],"private":"bnVsbA==","dependencies":["module.pop.data.netactuate_bgp_sessions.vm","module.pop.data.netactuate_server.vm","module.pop.netactuate_server.vm","module.pop.netbox_cluster.this","module.pop.netbox_interface.eth0","module.pop.netbox_ip_address.public_v4","module.pop.netbox_site.this","module.pop.netbox_virtual_machine.this","netbox_cluster_type.hypervisor","netbox_custom_field.na_asn","netbox_custom_field.na_bgp_ipv4_prefix","netbox_custom_field.na_contract_id","netbox_custom_field.na_image","netbox_custom_field.na_image_id","netbox_custom_field.na_location_id","netbox_custom_field.na_plan","netbox_custom_field.na_plan_id","netbox_custom_field.na_public_ipv4","netbox_custom_field.na_public_ipv6","netbox_custom_field.na_server_id","netbox_custom_field.zz_bgp_connection_info","netbox_custom_field.zz_bgp_local_info","netbox_custom_field.zz_bgp_remote_info","netbox_custom_field.zz_bgp_routes_info","netbox_tag.anycast"]}]},{"module":"module.pop[\"ACC\"]","mode":"managed","type":"netbox_service","name":"bgp179","provider":"provider[\"registry.opentofu.org/e-breuninger/netbox\"]","instances":[{"schema_version":0,"attributes":{"custom_fields":null,"description":"Anycast ingress BGP (TCP/179)","device_id":0,"id":"63","name":"bgp","port":null,"ports":[179],"protocol":"tcp","tags":[],"tags_all":[],"virtual_machine_id":62},"sensitive_attributes":[],"private":"bnVsbA==","dependencies":["module.pop.data.netactuate_bgp_sessions.vm","module.pop.data.netactuate_server.vm","module.pop.netactuate_server.vm","module.pop.netbox_cluster.this","module.pop.netbox_site.this","module.pop.netbox_virtual_machine.this","netbox_cluster_type.hypervisor","netbox_custom_field.na_asn","netbox_custom_field.na_bgp_ipv4_prefix","netbox_custom_field.na_contract_id","netbox_custom_field.na_image","netbox_custom_field.na_image_id","netbox_custom_field.na_location_id","netbox_custom_field.na_plan","netbox_custom_field.na_plan_id","netbox_custom_field.na_public_ipv4","netbox_custom_field.na_public_ipv6","netbox_custom_field.na_server_id","netbox_custom_field.zz_bgp_connection_info","netbox_custom_field.zz_bgp_local_info","netbox_custom_field.zz_bgp_remote_info","netbox_custom_field.zz_bgp_routes_info","netbox_tag.anycast"]}]},{"module":"module.pop[\"ACC\"]","mode":"managed","type":"netbox_site","name":"this","provider":"provider[\"registry.opentofu.org/e-breuninger/netbox\"]","instances":[{"schema_version":0,"attributes":{"asn_ids":[],"comments":"","custom_fields":null,"description":"NetActuate PoP ACC","facility":"","group_id":0,"id":"68","latitude":0,"longitude":0,"name":"ACC","physical_address":"","region_id":0,"shipping_address":"","slug":"acc","status":"active","tags":[],"tags_all":[],"tenant_id":0,"timezone":""},"sensitive_attributes":[],"private":"bnVsbA==","dependencies":["netbox_custom_field.na_asn","netbox_custom_field.na_bgp_ipv4_prefix","netbox_custom_field.na_contract_id","netbox_custom_field.na_image","netbox_custom_field.na_image_id","netbox_custom_field.na_location_id","netbox_custom_field.na_plan","netbox_custom_field.na_plan_id","netbox_custom_field.na_public_ipv4","netbox_custom_field.na_public_ipv6","netbox_custom_field.na_server_id","netbox_custom_field.zz_bgp_connection_info","netbox_custom_field.zz_bgp_local_info","netbox_custom_field.zz_bgp_remote_info","netbox_custom_field.zz_bgp_routes_info"]}]},{"module":"module.pop[\"ACC\"]","mode":"managed","type":"netbox_virtual_machine","name":"this","provider":"provider[\"registry.opentofu.org/e-breuninger/netbox\"]","instances":[{"schema_version":2,"attributes":{"cluster_id":67,"comments":"🚀 NetActuate Server Details:\n\n  • Server ID: 572181\n\n  • Contract ID: 440\n\n  • Location ID: 568\n\n  • Image: Ubuntu 24.04 LTS (20240423) (ID 5787)\n\n  • IPv4 Prefix: 45.54.50.0/24\n\n📋 BGP Local Info:\n\n  Hostname: anycast-ingress-acc.worker.demo\nLocal ASN: 63911\nPublic IPv4: 102.213.153.16\nPublic IPv6: 2c0f:edb0:4000:1::339\nCustomer IPs: 102.213.153.16, 2c0f:edb0:4000:1::339\n\n🌐 BGP Remote Info:\n\n  Group: Craig's DevOps Demos\nProvider ASN: 36236\nProvider IPv4: 102.213.153.137\nProvider IPv6: 2c0f:edb0:4000:1::12a\n\n🔗 BGP Connection Status:\n\n  102.213.153.137 (ipv4): state=Established config=1 locked=false last=2025-10-06 08:52:59\n2c0f:edb0:4000:1::12a (ipv6): state=Active config=1 locked=false last=2025-10-06 08:53:11\n\n📊 BGP Routes:\n\n  45.54.50.0/24 via 102.213.153.16 (origin 63911)\n\n📡 BGP Peers (JSON):\n\n  {\"ipv4|102.213.153.137\":{\"comment\":\"Description: Craig's DevOps Demos - ACC - anycast-ingress-acc.worker.demo IPv4\\nState: Established\\nConfig status: 1\\nLast update: 2025-10-06 08:52:59\\nRoutes: 45.54.50.0/24 via 102.213.153.16\",\"config_status\":\"1\",\"customer_ip\":\"102.213.153.16\",\"description\":\"Craig's DevOps Demos - ACC - anycast-ingress-acc.worker.demo IPv4\",\"group_id\":3247,\"group_name\":\"Craig's DevOps Demos\",\"last_update\":\"2025-10-06 08:52:59\",\"local_ip\":\"102.213.153.16\",\"remote_ip\":\"102.213.153.137\",\"remote_ip_type\":\"ipv4\",\"remote_prefix\":\"102.213.153.137/32\",\"routes\":[{\"metric_loc_prf_weight\":0,\"next_hop\":\"102.213.153.16\",\"origin\":\"63911\",\"path\":[\"63911\"],\"prefix\":\"45.54.50.0/24\"}],\"session_name\":\"\",\"state\":\"Established\",\"status\":\"active\"},\"ipv6|2c0f:edb0:4000:1::12a\":{\"comment\":\"Description: Craig's DevOps Demos - ACC - anycast-ingress-acc.worker.demo IPv6\\nState: Active\\nConfig status: 1\\nLast update: 2025-10-06 08:53:11\",\"config_status\":\"1\",\"customer_ip\":\"2c0f:edb0:4000:1::339\",\"description\":\"Craig's DevOps Demos - ACC - anycast-ingress-acc.worker.demo IPv6\",\"group_id\":3247,\"group_name\":\"Craig's DevOps Demos\",\"last_update\":\"2025-10-06 08:53:11\",\"local_ip\":\"2c0f:edb0:4000:1::339\",\"remote_ip\":\"2c0f:edb0:4000:1::12a\",\"remote_ip_type\":\"ipv6\",\"remote_prefix\":\"2c0f:edb0:4000:1::12a/128\",\"routes\":[],\"session_name\":\"\",\"state\":\"Active\",\"status\":\"failed\"}}\n\n🔧 BGP Session Details (JSON):\n\n  {\"group_id\":3247,\"group_name\":\"Craig's DevOps Demos\",\"sessions\":[{\"config_status\":\"1\",\"customer_asn\":63911,\"customer_peer_ip\":\"102.213.153.16\",\"description\":\"Craig's DevOps Demos - ACC - anycast-ingress-acc.worker.demo IPv4\",\"group_id\":3247,\"group_name\":\"Craig's DevOps Demos\",\"id\":51187,\"last_update\":\"2025-10-06 08:52:59\",\"location_name\":\"ACC - Accra, GH\",\"locked\":false,\"mb_id\":0,\"provider_asn\":36236,\"provider_ip_type\":\"ipv4\",\"provider_peer_ip\":\"102.213.153.137\",\"routes_received\":\"[{\\\"path\\\": [\\\"63911\\\"], \\\"origin\\\": \\\"63911\\\", \\\"prefix\\\": \\\"45.54.50.0/24\\\", \\\"next_hop\\\": \\\"102.213.153.16\\\", \\\"metric_loc_prf_weight\\\": 0}]\",\"state\":\"Established\"},{\"config_status\":\"1\",\"customer_asn\":63911,\"customer_peer_ip\":\"2c0f:edb0:4000:1::339\",\"description\":\"Craig's DevOps Demos - ACC - anycast-ingress-acc.worker.demo IPv6\",\"group_id\":3247,\"group_name\":\"Craig's DevOps Demos\",\"id\":51188,\"last_update\":\"2025-10-06 08:53:11\",\"location_name\":\"ACC - Accra, GH\",\"locked\":false,\"mb_id\":0,\"provider_asn\":36236,\"provider_ip_type\":\"ipv6\",\"provider_peer_ip\":\"2c0f:edb0:4000:1::12a\",\"routes_received\":\"\",\"state\":\"Active\"}]}","custom_fields":{"na_asn":"63911","na_bgp_ipv4_prefix":"45.54.50.0/24","na_contract_id":"440","na_image":"Ubuntu 24.04 LTS (20240423)","na_image_id":"5787","na_location_id":"568","na_plan":"VR1x1x25","na_plan_id":"668","na_public_ipv4":"102.213.153.16","na_public_ipv6":"2c0f:edb0:4000:1::339","na_server_id":"572181","zz_bgp_connection_info":"102.213.153.137 (ipv4): state=Established config=1 locked=false last=2025-10-06 08:52:59\n2c0f:edb0:4000:1::12a (ipv6): state=Active config=1 locked=false last=2025-10-06 08:53:11","zz_bgp_local_info":"Hostname: anycast-ingress-acc.worker.demo\nLocal ASN: 63911\nPublic IPv4: 102.213.153.16\nPublic IPv6: 2c0f:edb0:4000:1::339\nCustomer IPs: 102.213.153.16, 2c0f:edb0:4000:1::339","zz_bgp_remote_info":"Group: Craig's DevOps Demos\nProvider ASN: 36236\nProvider IPv4: 102.213.153.137\nProvider IPv6: 2c0f:edb0:4000:1::12a","zz_bgp_routes_info":"45.54.50.0/24 via 102.213.153.16 (origin 63911)"},"description":"NetActuate plan VR1x1x25","device_id":0,"disk_size_mb":25600,"id":"62","local_context_data":"","memory_mb":1024,"name":"anycast-ingress-acc.worker.demo","platform_id":0,"primary_ipv4":61,"primary_ipv6":0,"role_id":0,"site_id":68,"status":"active","tags":["anycast"],"tags_all":["anycast"],"tenant_id":0,"vcpus":1},"sensitive_attributes":[],"private":"eyJzY2hlbWFfdmVyc2lvbiI6IjIifQ==","dependencies":["module.pop.data.netactuate_bgp_sessions.vm","module.pop.data.netactuate_server.vm","module.pop.netactuate_server.vm","module.pop.netbox_cluster.this","module.pop.netbox_site.this","netbox_cluster_type.hypervisor","netbox_custom_field.na_asn","netbox_custom_field.na_bgp_ipv4_prefix","netbox_custom_field.na_contract_id","netbox_custom_field.na_image","netbox_custom_field.na_image_id","netbox_custom_field.na_location_id","netbox_custom_field.na_plan","netbox_custom_field.na_plan_id","netbox_custom_field.na_public_ipv4","netbox_custom_field.na_public_ipv6","netbox_custom_field.na_server_id","netbox_custom_field.zz_bgp_connection_info","netbox_custom_field.zz_bgp_local_info","netbox_custom_field.zz_bgp_remote_info","netbox_custom_field.zz_bgp_routes_info","netbox_tag.anycast"]}]},{"module":"module.pop[\"AMS\"]","mode":"data","type":"netactuate_bgp_sessions","name":"vm","provider":"provider[\"registry.opentofu.org/netactuate/netactuate\"]","instances":[{"schema_version":0,"attributes":{"id":"572155","mbpkgid":572155,"sessions":[{"config_status":"1","customer_asn":63911,"customer_peer_ip":"2a00:dd80:3c::11d","description":"Craig's DevOps Demos - AMS - anycast-ingress-ams.worker.demo IPv6","group_id":3247,"group_name":"Craig's DevOps Demos","id":51148,"last_update":"2025-10-06 08:52:59","location_name":"AMS - Amsterdam, NL","locked":false,"mb_id":0,"provider_asn":36236,"provider_ip_type":"ipv6","provider_peer_ip":"2a00:dd80:3c::433","routes_received":"","state":"Active"},{"config_status":"1","customer_asn":63911,"customer_peer_ip":"176.58.93.156","description":"Craig's DevOps Demos - AMS - anycast-ingress-ams.worker.demo IPv4","group_id":3247,"group_name":"Craig's DevOps Demos","id":51147,"last_update":"2025-10-06 08:53:05","location_name":"AMS - Amsterdam, NL","locked":false,"mb_id":0,"provider_asn":36236,"provider_ip_type":"ipv4","provider_peer_ip":"176.58.93.3","routes_received":"[{\"path\": [\"63911\"], \"origin\": \"63911\", \"prefix\": \"45.54.50.0/24\", \"next_hop\": \"176.58.93.156\", \"metric_loc_prf_weight\": 0}]","state":"Established"}]},"sensitive_attributes":[]}]},{"module":"module.pop[\"AMS\"]","mode":"data","type":"netactuate_server","name":"vm","provider":"provider[\"registry.opentofu.org/netactuate/netactuate\"]","instances":[{"schema_version":0,"attributes":{"bgp_peers":[{"group_id":3247,"ipv4":["176.58.93.3"],"ipv6":["2a00:dd80:3c::433"],"localasn":63911,"localpeerv4":"176.58.93.156","localpeerv6":"2a00:dd80:3c::11d","peerasn":36236}],"hostname":"anycast-ingress-ams.worker.demo","id":572155,"image":"Ubuntu 24.04 LTS (20240423)","image_id":5787,"ip_v4":"176.58.93.156","ip_v6":"2a00:dd80:3c::11d","location_id":72,"package":"VR1x1x25","plan_id":668,"public_ipv4":"176.58.93.156","public_ipv6":"2a00:dd80:3c::11d","state":"UP","status":"RUNNING"},"sensitive_attributes":[]}]},{"module":"module.pop[\"AMS\"]","mode":"managed","type":"netactuate_bgp_sessions","name":"bgp","provider":"provider[\"registry.opentofu.org/netactuate/netactuate\"]","instances":[{"index_key":0,"schema_version":0,"attributes":{"group_id":3247,"id":"572155","ipv6":true,"mbpkgid":572155,"redundant":false},"sensitive_attributes":[],"private":"bnVsbA==","dependencies":["module.pop.netactuate_server.vm","netbox_custom_field.na_asn","netbox_custom_field.na_bgp_ipv4_prefix","netbox_custom_field.na_contract_id","netbox_custom_field.na_image","netbox_custom_field.na_image_id","netbox_custom_field.na_location_id","netbox_custom_field.na_plan","netbox_custom_field.na_plan_id","netbox_custom_field.na_public_ipv4","netbox_custom_field.na_public_ipv6","netbox_custom_field.na_server_id","netbox_custom_field.zz_bgp_connection_info","netbox_custom_field.zz_bgp_local_info","netbox_custom_field.zz_bgp_remote_info","netbox_custom_field.zz_bgp_routes_info"]}]},{"module":"module.pop[\"AMS\"]","mode":"managed","type":"netactuate_server","name":"vm","provider":"provider[\"registry.opentofu.org/netactuate/netactuate\"]","instances":[{"schema_version":0,"attributes":{"cloud_config":null,"hostname":"anycast-ingress-ams.worker.demo","id":"572155","image":null,"image_id":5787,"location":null,"location_id":72,"package_billing":"usage","package_billing_contract_id":"440","package_billing_opt_in":null,"params":"","password":null,"plan":"VR1x1x25","primary_ipv4":"176.58.93.156","primary_ipv6":"2a00:dd80:3c::11d","ssh_key":null,"ssh_key_id":8199,"user_data":null,"user_data_base64":null},"sensitive_attributes":[[{"type":"get_attr","value":"password"}]],"private":"bnVsbA==","dependencies":["netbox_custom_field.na_asn","netbox_custom_field.na_bgp_ipv4_prefix","netbox_custom_field.na_contract_id","netbox_custom_field.na_image","netbox_custom_field.na_image_id","netbox_custom_field.na_location_id","netbox_custom_field.na_plan","netbox_custom_field.na_plan_id","netbox_custom_field.na_public_ipv4","netbox_custom_field.na_public_ipv6","netbox_custom_field.na_server_id","netbox_custom_field.zz_bgp_connection_info","netbox_custom_field.zz_bgp_local_info","netbox_custom_field.zz_bgp_remote_info","netbox_custom_field.zz_bgp_routes_info"]}]},{"module":"module.pop[\"AMS\"]","mode":"managed","type":"netbox_cluster","name":"this","provider":"provider[\"registry.opentofu.org/e-breuninger/netbox\"]","instances":[{"schema_version":0,"attributes":{"cluster_group_id":0,"cluster_type_id":6,"comments":"","description":"","id":"45","name":"AMS-cluster","site_id":46,"tags":[],"tags_all":[],"tenant_id":0},"sensitive_attributes":[],"private":"bnVsbA==","dependencies":["module.pop.netbox_site.this","netbox_cluster_type.hypervisor","netbox_custom_field.na_asn","netbox_custom_field.na_bgp_ipv4_prefix","netbox_custom_field.na_contract_id","netbox_custom_field.na_image","netbox_custom_field.na_image_id","netbox_custom_field.na_location_id","netbox_custom_field.na_plan","netbox_custom_field.na_plan_id","netbox_custom_field.na_public_ipv4","netbox_custom_field.na_public_ipv6","netbox_custom_field.na_server_id","netbox_custom_field.zz_bgp_connection_info","netbox_custom_field.zz_bgp_local_info","netbox_custom_field.zz_bgp_remote_info","netbox_custom_field.zz_bgp_routes_info"]}]},{"module":"module.pop[\"AMS\"]","mode":"managed","type":"netbox_device","name":"this","provider":"provider[\"registry.opentofu.org/e-breuninger/netbox\"]","instances":[{"schema_version":0,"attributes":{"asset_tag":"","cluster_id":0,"comments":"","config_template_id":0,"custom_fields":null,"description":"","device_type_id":1,"id":"1","local_context_data":"","location_id":0,"name":"anycast-ingress-ams.worker.demo","platform_id":0,"primary_ipv4":0,"primary_ipv6":0,"rack_face":"","rack_id":0,"rack_position":0,"role_id":1,"serial":"","site_id":46,"status":"active","tags":["anycast"],"tags_all":["anycast"],"tenant_id":0,"virtual_chassis_id":0,"virtual_chassis_master":false,"virtual_chassis_position":0,"virtual_chassis_priority":0},"sensitive_attributes":[],"private":"bnVsbA==","dependencies":["module.pop.netactuate_server.vm","module.pop.netbox_site.this","netbox_custom_field.na_asn","netbox_custom_field.na_bgp_ipv4_prefix","netbox_custom_field.na_contract_id","netbox_custom_field.na_image","netbox_custom_field.na_image_id","netbox_custom_field.na_location_id","netbox_custom_field.na_plan","netbox_custom_field.na_plan_id","netbox_custom_field.na_public_ipv4","netbox_custom_field.na_public_ipv6","netbox_custom_field.na_server_id","netbox_custom_field.zz_bgp_connection_info","netbox_custom_field.zz_bgp_local_info","netbox_custom_field.zz_bgp_remote_info","netbox_custom_field.zz_bgp_routes_info","netbox_device_role.anycast_worker","netbox_device_type.anycast_worker","netbox_manufacturer.netactuate","netbox_tag.anycast"]}]},{"module":"module.pop[\"AMS\"]","mode":"managed","type":"netbox_interface","name":"eth0","provider":"provider[\"registry.opentofu.org/e-breuninger/netbox\"]","instances":[{"schema_version":0,"attributes":{"description":"","enabled":true,"id":"42","mac_address":"","mode":null,"mtu":0,"name":"eth0","tagged_vlans":[],"tags":[],"tags_all":[],"type":null,"untagged_vlan":null,"virtual_machine_id":54},"sensitive_attributes":[],"private":"bnVsbA==","dependencies":["module.pop.data.netactuate_bgp_sessions.vm","module.pop.data.netactuate_server.vm","module.pop.netactuate_server.vm","module.pop.netbox_cluster.this","module.pop.netbox_site.this","module.pop.netbox_virtual_machine.this","netbox_cluster_type.hypervisor","netbox_custom_field.na_asn","netbox_custom_field.na_bgp_ipv4_prefix","netbox_custom_field.na_contract_id","netbox_custom_field.na_image","netbox_custom_field.na_image_id","netbox_custom_field.na_location_id","netbox_custom_field.na_plan","netbox_custom_field.na_plan_id","netbox_custom_field.na_public_ipv4","netbox_custom_field.na_public_ipv6","netbox_custom_field.na_server_id","netbox_custom_field.zz_bgp_connection_info","netbox_custom_field.zz_bgp_local_info","netbox_custom_field.zz_bgp_remote_info","netbox_custom_field.zz_bgp_routes_info","netbox_tag.anycast"]}]},{"module":"module.pop[\"AMS\"]","mode":"managed","type":"netbox_ip_address","name":"public_v4","provider":"provider[\"registry.opentofu.org/e-breuninger/netbox\"]","instances":[{"schema_version":0,"attributes":{"custom_fields":null,"description":"","device_interface_id":null,"dns_name":"anycast-ingress-ams.worker.demo","id":"49","interface_id":null,"ip_address":"176.58.93.156/32","nat_inside_address_id":0,"nat_outside_addresses":[],"object_type":null,"role":"","status":"active","tags":[],"tags_all":[],"tenant_id":0,"virtual_machine_interface_id":42,"vrf_id":0},"sensitive_attributes":[],"private":"bnVsbA==","dependencies":["module.pop.data.netactuate_bgp_sessions.vm","module.pop.data.netactuate_server.vm","module.pop.netactuate_server.vm","module.pop.netbox_cluster.this","module.pop.netbox_interface.eth0","module.pop.netbox_site.this","module.pop.netbox_virtual_machine.this","netbox_cluster_type.hypervisor","netbox_custom_field.na_asn","netbox_custom_field.na_bgp_ipv4_prefix","netbox_custom_field.na_bgp_peers","netbox_custom_field.na_bgp_session_details","netbox_custom_field.na_contract_id","netbox_custom_field.na_image","netbox_custom_field.na_image_id","netbox_custom_field.na_location_id","netbox_custom_field.na_plan","netbox_custom_field.na_plan_id","netbox_custom_field.na_public_ipv4","netbox_custom_field.na_public_ipv6","netbox_custom_field.na_server_id","netbox_custom_field.zz_bgp_connection_info","netbox_custom_field.zz_bgp_local_info","netbox_custom_field.zz_bgp_remote_info","netbox_custom_field.zz_bgp_routes_info","netbox_tag.anycast"]}]},{"module":"module.pop[\"AMS\"]","mode":"managed","type":"netbox_primary_ip","name":"vm_primary_v4","provider":"provider[\"registry.opentofu.org/e-breuninger/netbox\"]","instances":[{"schema_version":0,"attributes":{"id":"54","ip_address_id":49,"ip_address_version":4,"virtual_machine_id":54},"sensitive_attributes":[],"private":"bnVsbA==","dependencies":["module.pop.data.netactuate_bgp_sessions.vm","module.pop.data.netactuate_server.vm","module.pop.netactuate_server.vm","module.pop.netbox_cluster.this","module.pop.netbox_interface.eth0","module.pop.netbox_ip_address.public_v4","module.pop.netbox_site.this","module.pop.netbox_virtual_machine.this","netbox_cluster_type.hypervisor","netbox_custom_field.na_asn","netbox_custom_field.na_bgp_ipv4_prefix","netbox_custom_field.na_contract_id","netbox_custom_field.na_image","netbox_custom_field.na_image_id","netbox_custom_field.na_location_id","netbox_custom_field.na_plan","netbox_custom_field.na_plan_id","netbox_custom_field.na_public_ipv4","netbox_custom_field.na_public_ipv6","netbox_custom_field.na_server_id","netbox_custom_field.zz_bgp_connection_info","netbox_custom_field.zz_bgp_local_info","netbox_custom_field.zz_bgp_remote_info","netbox_custom_field.zz_bgp_routes_info","netbox_tag.anycast"]}]},{"module":"module.pop[\"AMS\"]","mode":"managed","type":"netbox_service","name":"bgp179","provider":"provider[\"registry.opentofu.org/e-breuninger/netbox\"]","instances":[{"schema_version":0,"attributes":{"custom_fields":null,"description":"Anycast ingress BGP (TCP/179)","device_id":0,"id":"43","name":"bgp","port":null,"ports":[179],"protocol":"tcp","tags":[],"tags_all":[],"virtual_machine_id":54},"sensitive_attributes":[],"private":"bnVsbA==","dependencies":["module.pop.data.netactuate_bgp_sessions.vm","module.pop.data.netactuate_server.vm","module.pop.netactuate_server.vm","module.pop.netbox_cluster.this","module.pop.netbox_site.this","module.pop.netbox_virtual_machine.this","netbox_cluster_type.hypervisor","netbox_custom_field.na_asn","netbox_custom_field.na_bgp_ipv4_prefix","netbox_custom_field.na_contract_id","netbox_custom_field.na_image","netbox_custom_field.na_image_id","netbox_custom_field.na_location_id","netbox_custom_field.na_plan","netbox_custom_field.na_plan_id","netbox_custom_field.na_public_ipv4","netbox_custom_field.na_public_ipv6","netbox_custom_field.na_server_id","netbox_custom_field.zz_bgp_connection_info","netbox_custom_field.zz_bgp_local_info","netbox_custom_field.zz_bgp_remote_info","netbox_custom_field.zz_bgp_routes_info","netbox_tag.anycast"]}]},{"module":"module.pop[\"AMS\"]","mode":"managed","type":"netbox_site","name":"this","provider":"provider[\"registry.opentofu.org/e-breuninger/netbox\"]","instances":[{"schema_version":0,"attributes":{"asn_ids":[],"comments":"","custom_fields":null,"description":"NetActuate PoP AMS","facility":"","group_id":0,"id":"46","latitude":0,"longitude":0,"name":"AMS","physical_address":"","region_id":0,"shipping_address":"","slug":"ams","status":"active","tags":[],"tags_all":[],"tenant_id":0,"timezone":""},"sensitive_attributes":[],"private":"bnVsbA==","dependencies":["netbox_custom_field.na_asn","netbox_custom_field.na_bgp_ipv4_prefix","netbox_custom_field.na_contract_id","netbox_custom_field.na_image","netbox_custom_field.na_image_id","netbox_custom_field.na_location_id","netbox_custom_field.na_plan","netbox_custom_field.na_plan_id","netbox_custom_field.na_public_ipv4","netbox_custom_field.na_public_ipv6","netbox_custom_field.na_server_id","netbox_custom_field.zz_bgp_connection_info","netbox_custom_field.zz_bgp_local_info","netbox_custom_field.zz_bgp_remote_info","netbox_custom_field.zz_bgp_routes_info"]}]},{"module":"module.pop[\"AMS\"]","mode":"managed","type":"netbox_virtual_machine","name":"this","provider":"provider[\"registry.opentofu.org/e-breuninger/netbox\"]","instances":[{"schema_version":2,"attributes":{"cluster_id":45,"comments":"🚀 NetActuate Server Details:\n\n  • Server ID: 572155\n\n  • Contract ID: 440\n\n  • Location ID: 72\n\n  • Image: Ubuntu 24.04 LTS (20240423) (ID 5787)\n\n  • IPv4 Prefix: 45.54.50.0/24\n\n📋 BGP Local Info:\n\n  Hostname: anycast-ingress-ams.worker.demo\nLocal ASN: 63911\nPublic IPv4: 176.58.93.156\nPublic IPv6: 2a00:dd80:3c::11d\nCustomer IPs: 2a00:dd80:3c::11d, 176.58.93.156\n\n🌐 BGP Remote Info:\n\n  Group: Craig's DevOps Demos\nProvider ASN: 36236\nProvider IPv4: 176.58.93.3\nProvider IPv6: 2a00:dd80:3c::433\n\n🔗 BGP Connection Status:\n\n  2a00:dd80:3c::433 (ipv6): state=Active config=1 locked=false last=2025-10-06 08:52:59\n176.58.93.3 (ipv4): state=Established config=1 locked=false last=2025-10-06 08:53:05\n\n📊 BGP Routes:\n\n  45.54.50.0/24 via 176.58.93.156 (origin 63911)\n\n📡 BGP Peers (JSON):\n\n  {\"ipv4|176.58.93.3\":{\"comment\":\"Description: Craig's DevOps Demos - AMS - anycast-ingress-ams.worker.demo IPv4\\nState: Established\\nConfig status: 1\\nLast update: 2025-10-06 08:53:05\\nRoutes: 45.54.50.0/24 via 176.58.93.156\",\"config_status\":\"1\",\"customer_ip\":\"176.58.93.156\",\"description\":\"Craig's DevOps Demos - AMS - anycast-ingress-ams.worker.demo IPv4\",\"group_id\":3247,\"group_name\":\"Craig's DevOps Demos\",\"last_update\":\"2025-10-06 08:53:05\",\"local_ip\":\"176.58.93.156\",\"remote_ip\":\"176.58.93.3\",\"remote_ip_type\":\"ipv4\",\"remote_prefix\":\"176.58.93.3/32\",\"routes\":[{\"metric_loc_prf_weight\":0,\"next_hop\":\"176.58.93.156\",\"origin\":\"63911\",\"path\":[\"63911\"],\"prefix\":\"45.54.50.0/24\"}],\"session_name\":\"\",\"state\":\"Established\",\"status\":\"active\"},\"ipv6|2a00:dd80:3c::433\":{\"comment\":\"Description: Craig's DevOps Demos - AMS - anycast-ingress-ams.worker.demo IPv6\\nState: Active\\nConfig status: 1\\nLast update: 2025-10-06 08:52:59\",\"config_status\":\"1\",\"customer_ip\":\"2a00:dd80:3c::11d\",\"description\":\"Craig's DevOps Demos - AMS - anycast-ingress-ams.worker.demo IPv6\",\"group_id\":3247,\"group_name\":\"Craig's DevOps Demos\",\"last_update\":\"2025-10-06 08:52:59\",\"local_ip\":\"2a00:dd80:3c::11d\",\"remote_ip\":\"2a00:dd80:3c::433\",\"remote_ip_type\":\"ipv6\",\"remote_prefix\":\"2a00:dd80:3c::433/128\",\"routes\":[],\"session_name\":\"\",\"state\":\"Active\",\"status\":\"failed\"}}\n\n🔧 BGP Session Details (JSON):\n\n  {\"group_id\":3247,\"group_name\":\"Craig's DevOps Demos\",\"sessions\":[{\"config_status\":\"1\",\"customer_asn\":63911,\"customer_peer_ip\":\"2a00:dd80:3c::11d\",\"description\":\"Craig's DevOps Demos - AMS - anycast-ingress-ams.worker.demo IPv6\",\"group_id\":3247,\"group_name\":\"Craig's DevOps Demos\",\"id\":51148,\"last_update\":\"2025-10-06 08:52:59\",\"location_name\":\"AMS - Amsterdam, NL\",\"locked\":false,\"mb_id\":0,\"provider_asn\":36236,\"provider_ip_type\":\"ipv6\",\"provider_peer_ip\":\"2a00:dd80:3c::433\",\"routes_received\":\"\",\"state\":\"Active\"},{\"config_status\":\"1\",\"customer_asn\":63911,\"customer_peer_ip\":\"176.58.93.156\",\"description\":\"Craig's DevOps Demos - AMS - anycast-ingress-ams.worker.demo IPv4\",\"group_id\":3247,\"group_name\":\"Craig's DevOps Demos\",\"id\":51147,\"last_update\":\"2025-10-06 08:53:05\",\"location_name\":\"AMS - Amsterdam, NL\",\"locked\":false,\"mb_id\":0,\"provider_asn\":36236,\"provider_ip_type\":\"ipv4\",\"provider_peer_ip\":\"176.58.93.3\",\"routes_received\":\"[{\\\"path\\\": [\\\"63911\\\"], \\\"origin\\\": \\\"63911\\\", \\\"prefix\\\": \\\"45.54.50.0/24\\\", \\\"next_hop\\\": \\\"176.58.93.156\\\", \\\"metric_loc_prf_weight\\\": 0}]\",\"state\":\"Established\"}]}","custom_fields":{"na_asn":"63911","na_bgp_ipv4_prefix":"45.54.50.0/24","na_contract_id":"440","na_image":"Ubuntu 24.04 LTS (20240423)","na_image_id":"5787","na_location_id":"72","na_plan":"VR1x1x25","na_plan_id":"668","na_public_ipv4":"176.58.93.156","na_public_ipv6":"2a00:dd80:3c::11d","na_server_id":"572155","zz_bgp_connection_info":"2a00:dd80:3c::433 (ipv6): state=Active config=1 locked=false last=2025-10-06 08:52:59\n176.58.93.3 (ipv4): state=Established config=1 locked=false last=2025-10-06 08:53:05","zz_bgp_local_info":"Hostname: anycast-ingress-ams.worker.demo\nLocal ASN: 63911\nPublic IPv4: 176.58.93.156\nPublic IPv6: 2a00:dd80:3c::11d\nCustomer IPs: 2a00:dd80:3c::11d, 176.58.93.156","zz_bgp_remote_info":"Group: Craig's DevOps Demos\nProvider ASN: 36236\nProvider IPv4: 176.58.93.3\nProvider IPv6: 2a00:dd80:3c::433","zz_bgp_routes_info":"45.54.50.0/24 via 176.58.93.156 (origin 63911)"},"description":"NetActuate plan VR1x1x25","device_id":0,"disk_size_mb":25600,"id":"54","local_context_data":"","memory_mb":1024,"name":"anycast-ingress-ams.worker.demo","platform_id":0,"primary_ipv4":49,"primary_ipv6":0,"role_id":0,"site_id":46,"status":"active","tags":["anycast"],"tags_all":["anycast"],"tenant_id":0,"vcpus":1},"sensitive_attributes":[],"private":"eyJzY2hlbWFfdmVyc2lvbiI6IjIifQ==","dependencies":["module.pop.data.netactuate_bgp_sessions.vm","module.pop.data.netactuate_server.vm","module.pop.netactuate_server.vm","module.pop.netbox_cluster.this","module.pop.netbox_site.this","netbox_cluster_type.hypervisor","netbox_custom_field.na_asn","netbox_custom_field.na_bgp_ipv4_prefix","netbox_custom_field.na_contract_id","netbox_custom_field.na_image","netbox_custom_field.na_image_id","netbox_custom_field.na_location_id","netbox_custom_field.na_plan","netbox_custom_field.na_plan_id","netbox_custom_field.na_public_ipv4","netbox_custom_field.na_public_ipv6","netbox_custom_field.na_server_id","netbox_custom_field.zz_bgp_connection_info","netbox_custom_field.zz_bgp_local_info","netbox_custom_field.zz_bgp_remote_info","netbox_custom_field.zz_bgp_routes_info","netbox_tag.anycast"]}]},{"module":"module.pop[\"ATL\"]","mode":"data","type":"netactuate_bgp_sessions","name":"vm","provider":"provider[\"registry.opentofu.org/netactuate/netactuate\"]","instances":[{"schema_version":0,"attributes":{"id":"572165","mbpkgid":572165,"sessions":[{"config_status":"1","customer_asn":63911,"customer_peer_ip":"2607:f740:69:1::11f","description":"Craig's DevOps Demos - ATL - anycast-ingress-atl.worker.demo IPv6","group_id":3247,"group_name":"Craig's DevOps Demos","id":51164,"last_update":"2025-10-06 08:51:39","location_name":"ATL - Atlanta, GA","locked":false,"mb_id":0,"provider_asn":36236,"provider_ip_type":"ipv6","provider_peer_ip":"2607:f740:69:1::27","routes_received":"","state":"Active"},{"config_status":"1","customer_asn":63911,"customer_peer_ip":"104.225.125.233","description":"Craig's DevOps Demos - ATL - anycast-ingress-atl.worker.demo IPv4","group_id":3247,"group_name":"Craig's DevOps Demos","id":51163,"last_update":"2025-10-06 08:51:44","location_name":"ATL - Atlanta, GA","locked":false,"mb_id":0,"provider_asn":36236,"provider_ip_type":"ipv4","provider_peer_ip":"104.225.125.28","routes_received":"[{\"path\": [\"63911\"], \"origin\": \"63911\", \"prefix\": \"45.54.50.0/24\", \"next_hop\": \"104.225.125.233\", \"metric_loc_prf_weight\": 0}]","state":"Established"}]},"sensitive_attributes":[]}]},{"module":"module.pop[\"ATL\"]","mode":"data","type":"netactuate_server","name":"vm","provider":"provider[\"registry.opentofu.org/netactuate/netactuate\"]","instances":[{"schema_version":0,"attributes":{"bgp_peers":[{"group_id":3247,"ipv4":["104.225.125.28"],"ipv6":["2607:f740:69:1::27"],"localasn":63911,"localpeerv4":"104.225.125.233","localpeerv6":"2607:f740:69:1::11f","peerasn":36236}],"hostname":"anycast-ingress-atl.worker.demo","id":572165,"image":"Ubuntu 24.04 LTS (20240423)","image_id":5787,"ip_v4":"104.225.125.233","ip_v6":"2607:f740:69:1::11f","location_id":569,"package":"VR1x1x25","plan_id":668,"public_ipv4":"104.225.125.233","public_ipv6":"2607:f740:69:1::11f","state":"UP","status":"RUNNING"},"sensitive_attributes":[]}]},{"module":"module.pop[\"ATL\"]","mode":"managed","type":"netactuate_bgp_sessions","name":"bgp","provider":"provider[\"registry.opentofu.org/netactuate/netactuate\"]","instances":[{"index_key":0,"schema_version":0,"attributes":{"group_id":3247,"id":"572165","ipv6":true,"mbpkgid":572165,"redundant":false},"sensitive_attributes":[],"private":"bnVsbA==","dependencies":["module.pop.netactuate_server.vm","netbox_custom_field.na_asn","netbox_custom_field.na_bgp_ipv4_prefix","netbox_custom_field.na_contract_id","netbox_custom_field.na_image","netbox_custom_field.na_image_id","netbox_custom_field.na_location_id","netbox_custom_field.na_plan","netbox_custom_field.na_plan_id","netbox_custom_field.na_public_ipv4","netbox_custom_field.na_public_ipv6","netbox_custom_field.na_server_id","netbox_custom_field.zz_bgp_connection_info","netbox_custom_field.zz_bgp_local_info","netbox_custom_field.zz_bgp_remote_info","netbox_custom_field.zz_bgp_routes_info"]}]},{"module":"module.pop[\"ATL\"]","mode":"managed","type":"netactuate_server","name":"vm","provider":"provider[\"registry.opentofu.org/netactuate/netactuate\"]","instances":[{"schema_version":0,"attributes":{"cloud_config":null,"hostname":"anycast-ingress-atl.worker.demo","id":"572165","image":null,"image_id":5787,"location":null,"location_id":569,"package_billing":"usage","package_billing_contract_id":"440","package_billing_opt_in":null,"params":"","password":null,"plan":"VR1x1x25","primary_ipv4":"104.225.125.233","primary_ipv6":"2607:f740:69:1::11f","ssh_key":null,"ssh_key_id":8199,"user_data":null,"user_data_base64":null},"sensitive_attributes":[[{"type":"get_attr","value":"password"}]],"private":"bnVsbA==","dependencies":["netbox_custom_field.na_asn","netbox_custom_field.na_bgp_ipv4_prefix","netbox_custom_field.na_contract_id","netbox_custom_field.na_image","netbox_custom_field.na_image_id","netbox_custom_field.na_location_id","netbox_custom_field.na_plan","netbox_custom_field.na_plan_id","netbox_custom_field.na_public_ipv4","netbox_custom_field.na_public_ipv6","netbox_custom_field.na_server_id","netbox_custom_field.zz_bgp_connection_info","netbox_custom_field.zz_bgp_local_info","netbox_custom_field.zz_bgp_remote_info","netbox_custom_field.zz_bgp_routes_info"]}]},{"module":"module.pop[\"ATL\"]","mode":"managed","type":"netbox_cluster","name":"this","provider":"provider[\"registry.opentofu.org/e-breuninger/netbox\"]","instances":[{"schema_version":0,"attributes":{"cluster_group_id":0,"cluster_type_id":6,"comments":"","description":"","id":"55","name":"ATL-cluster","site_id":55,"tags":[],"tags_all":[],"tenant_id":0},"sensitive_attributes":[],"private":"bnVsbA==","dependencies":["module.pop.netbox_site.this","netbox_cluster_type.hypervisor","netbox_custom_field.na_asn","netbox_custom_field.na_bgp_ipv4_prefix","netbox_custom_field.na_contract_id","netbox_custom_field.na_image","netbox_custom_field.na_image_id","netbox_custom_field.na_location_id","netbox_custom_field.na_plan","netbox_custom_field.na_plan_id","netbox_custom_field.na_public_ipv4","netbox_custom_field.na_public_ipv6","netbox_custom_field.na_server_id","netbox_custom_field.zz_bgp_connection_info","netbox_custom_field.zz_bgp_local_info","netbox_custom_field.zz_bgp_remote_info","netbox_custom_field.zz_bgp_routes_info"]}]},{"module":"module.pop[\"ATL\"]","mode":"managed","type":"netbox_device","name":"this","provider":"provider[\"registry.opentofu.org/e-breuninger/netbox\"]","instances":[{"schema_version":0,"attributes":{"asset_tag":"","cluster_id":0,"comments":"","config_template_id":0,"custom_fields":null,"description":"","device_type_id":1,"id":"31","local_context_data":"","location_id":0,"name":"anycast-ingress-atl.worker.demo","platform_id":0,"primary_ipv4":0,"primary_ipv6":0,"rack_face":"","rack_id":0,"rack_position":0,"role_id":1,"serial":"","site_id":55,"status":"active","tags":["anycast"],"tags_all":["anycast"],"tenant_id":0,"virtual_chassis_id":0,"virtual_chassis_master":false,"virtual_chassis_position":0,"virtual_chassis_priority":0},"sensitive_attributes":[],"private":"bnVsbA==","dependencies":["module.pop.netactuate_server.vm","module.pop.netbox_site.this","netbox_custom_field.na_asn","netbox_custom_field.na_bgp_ipv4_prefix","netbox_custom_field.na_contract_id","netbox_custom_field.na_image","netbox_custom_field.na_image_id","netbox_custom_field.na_location_id","netbox_custom_field.na_plan","netbox_custom_field.na_plan_id","netbox_custom_field.na_public_ipv4","netbox_custom_field.na_public_ipv6","netbox_custom_field.na_server_id","netbox_custom_field.zz_bgp_connection_info","netbox_custom_field.zz_bgp_local_info","netbox_custom_field.zz_bgp_remote_info","netbox_custom_field.zz_bgp_routes_info","netbox_device_role.anycast_worker","netbox_device_type.anycast_worker","netbox_manufacturer.netactuate","netbox_tag.anycast"]}]},{"module":"module.pop[\"ATL\"]","mode":"managed","type":"netbox_interface","name":"eth0","provider":"provider[\"registry.opentofu.org/e-breuninger/netbox\"]","instances":[{"schema_version":0,"attributes":{"description":"","enabled":true,"id":"52","mac_address":"","mode":null,"mtu":0,"name":"eth0","tagged_vlans":[],"tags":[],"tags_all":[],"type":null,"untagged_vlan":null,"virtual_machine_id":42},"sensitive_attributes":[],"private":"bnVsbA==","dependencies":["module.pop.data.netactuate_bgp_sessions.vm","module.pop.data.netactuate_server.vm","module.pop.netactuate_server.vm","module.pop.netbox_cluster.this","module.pop.netbox_site.this","module.pop.netbox_virtual_machine.this","netbox_cluster_type.hypervisor","netbox_custom_field.na_asn","netbox_custom_field.na_bgp_ipv4_prefix","netbox_custom_field.na_contract_id","netbox_custom_field.na_image","netbox_custom_field.na_image_id","netbox_custom_field.na_location_id","netbox_custom_field.na_plan","netbox_custom_field.na_plan_id","netbox_custom_field.na_public_ipv4","netbox_custom_field.na_public_ipv6","netbox_custom_field.na_server_id","netbox_custom_field.zz_bgp_connection_info","netbox_custom_field.zz_bgp_local_info","netbox_custom_field.zz_bgp_remote_info","netbox_custom_field.zz_bgp_routes_info","netbox_tag.anycast"]}]},{"module":"module.pop[\"ATL\"]","mode":"managed","type":"netbox_ip_address","name":"public_v4","provider":"provider[\"registry.opentofu.org/e-breuninger/netbox\"]","instances":[{"schema_version":0,"attributes":{"custom_fields":null,"description":"","device_interface_id":null,"dns_name":"anycast-ingress-atl.worker.demo","id":"56","interface_id":null,"ip_address":"104.225.125.233/32","nat_inside_address_id":0,"nat_outside_addresses":[],"object_type":null,"role":"","status":"active","tags":[],"tags_all":[],"tenant_id":0,"virtual_machine_interface_id":52,"vrf_id":0},"sensitive_attributes":[],"private":"bnVsbA==","dependencies":["module.pop.data.netactuate_bgp_sessions.vm","module.pop.data.netactuate_server.vm","module.pop.netactuate_server.vm","module.pop.netbox_cluster.this","module.pop.netbox_interface.eth0","module.pop.netbox_site.this","module.pop.netbox_virtual_machine.this","netbox_cluster_type.hypervisor","netbox_custom_field.na_asn","netbox_custom_field.na_bgp_ipv4_prefix","netbox_custom_field.na_bgp_peers","netbox_custom_field.na_bgp_session_details","netbox_custom_field.na_contract_id","netbox_custom_field.na_image","netbox_custom_field.na_image_id","netbox_custom_field.na_location_id","netbox_custom_field.na_plan","netbox_custom_field.na_plan_id","netbox_custom_field.na_public_ipv4","netbox_custom_field.na_public_ipv6","netbox_custom_field.na_server_id","netbox_custom_field.zz_bgp_connection_info","netbox_custom_field.zz_bgp_local_info","netbox_custom_field.zz_bgp_remote_info","netbox_custom_field.zz_bgp_routes_info","netbox_tag.anycast"]}]},{"module":"module.pop[\"ATL\"]","mode":"managed","type":"netbox_primary_ip","name":"vm_primary_v4","provider":"provider[\"registry.opentofu.org/e-breuninger/netbox\"]","instances":[{"schema_version":0,"attributes":{"id":"42","ip_address_id":56,"ip_address_version":4,"virtual_machine_id":42},"sensitive_attributes":[],"private":"bnVsbA==","dependencies":["module.pop.data.netactuate_bgp_sessions.vm","module.pop.data.netactuate_server.vm","module.pop.netactuate_server.vm","module.pop.netbox_cluster.this","module.pop.netbox_interface.eth0","module.pop.netbox_ip_address.public_v4","module.pop.netbox_site.this","module.pop.netbox_virtual_machine.this","netbox_cluster_type.hypervisor","netbox_custom_field.na_asn","netbox_custom_field.na_bgp_ipv4_prefix","netbox_custom_field.na_contract_id","netbox_custom_field.na_image","netbox_custom_field.na_image_id","netbox_custom_field.na_location_id","netbox_custom_field.na_plan","netbox_custom_field.na_plan_id","netbox_custom_field.na_public_ipv4","netbox_custom_field.na_public_ipv6","netbox_custom_field.na_server_id","netbox_custom_field.zz_bgp_connection_info","netbox_custom_field.zz_bgp_local_info","netbox_custom_field.zz_bgp_remote_info","netbox_custom_field.zz_bgp_routes_info","netbox_tag.anycast"]}]},{"module":"module.pop[\"ATL\"]","mode":"managed","type":"netbox_service","name":"bgp179","provider":"provider[\"registry.opentofu.org/e-breuninger/netbox\"]","instances":[{"schema_version":0,"attributes":{"custom_fields":null,"description":"Anycast ingress BGP (TCP/179)","device_id":0,"id":"52","name":"bgp","port":null,"ports":[179],"protocol":"tcp","tags":[],"tags_all":[],"virtual_machine_id":42},"sensitive_attributes":[],"private":"bnVsbA==","dependencies":["module.pop.data.netactuate_bgp_sessions.vm","module.pop.data.netactuate_server.vm","module.pop.netactuate_server.vm","module.pop.netbox_cluster.this","module.pop.netbox_site.this","module.pop.netbox_virtual_machine.this","netbox_cluster_type.hypervisor","netbox_custom_field.na_asn","netbox_custom_field.na_bgp_ipv4_prefix","netbox_custom_field.na_contract_id","netbox_custom_field.na_image","netbox_custom_field.na_image_id","netbox_custom_field.na_location_id","netbox_custom_field.na_plan","netbox_custom_field.na_plan_id","netbox_custom_field.na_public_ipv4","netbox_custom_field.na_public_ipv6","netbox_custom_field.na_server_id","netbox_custom_field.zz_bgp_connection_info","netbox_custom_field.zz_bgp_local_info","netbox_custom_field.zz_bgp_remote_info","netbox_custom_field.zz_bgp_routes_info","netbox_tag.anycast"]}]},{"module":"module.pop[\"ATL\"]","mode":"managed","type":"netbox_site","name":"this","provider":"provider[\"registry.opentofu.org/e-breuninger/netbox\"]","instances":[{"schema_version":0,"attributes":{"asn_ids":[],"comments":"","custom_fields":null,"description":"NetActuate PoP ATL","facility":"","group_id":0,"id":"55","latitude":0,"longitude":0,"name":"ATL","physical_address":"","region_id":0,"shipping_address":"","slug":"atl","status":"active","tags":[],"tags_all":[],"tenant_id":0,"timezone":""},"sensitive_attributes":[],"private":"bnVsbA==","dependencies":["netbox_custom_field.na_asn","netbox_custom_field.na_bgp_ipv4_prefix","netbox_custom_field.na_contract_id","netbox_custom_field.na_image","netbox_custom_field.na_image_id","netbox_custom_field.na_location_id","netbox_custom_field.na_plan","netbox_custom_field.na_plan_id","netbox_custom_field.na_public_ipv4","netbox_custom_field.na_public_ipv6","netbox_custom_field.na_server_id","netbox_custom_field.zz_bgp_connection_info","netbox_custom_field.zz_bgp_local_info","netbox_custom_field.zz_bgp_remote_info","netbox_custom_field.zz_bgp_routes_info"]}]},{"module":"module.pop[\"ATL\"]","mode":"managed","type":"netbox_virtual_machine","name":"this","provider":"provider[\"registry.opentofu.org/e-breuninger/netbox\"]","instances":[{"schema_version":2,"attributes":{"cluster_id":55,"comments":"🚀 NetActuate Server Details:\n\n  • Server ID: 572165\n\n  • Contract ID: 440\n\n  • Location ID: 569\n\n  • Image: Ubuntu 24.04 LTS (20240423) (ID 5787)\n\n  • IPv4 Prefix: 45.54.50.0/24\n\n📋 BGP Local Info:\n\n  Hostname: anycast-ingress-atl.worker.demo\nLocal ASN: 63911\nPublic IPv4: 104.225.125.233\nPublic IPv6: 2607:f740:69:1::11f\nCustomer IPs: 2607:f740:69:1::11f, 104.225.125.233\n\n🌐 BGP Remote Info:\n\n  Group: Craig's DevOps Demos\nProvider ASN: 36236\nProvider IPv4: 104.225.125.28\nProvider IPv6: 2607:f740:69:1::27\n\n🔗 BGP Connection Status:\n\n  2607:f740:69:1::27 (ipv6): state=Active config=1 locked=false last=2025-10-06 08:51:39\n104.225.125.28 (ipv4): state=Established config=1 locked=false last=2025-10-06 08:51:44\n\n📊 BGP Routes:\n\n  45.54.50.0/24 via 104.225.125.233 (origin 63911)\n\n📡 BGP Peers (JSON):\n\n  {\"ipv4|104.225.125.28\":{\"comment\":\"Description: Craig's DevOps Demos - ATL - anycast-ingress-atl.worker.demo IPv4\\nState: Established\\nConfig status: 1\\nLast update: 2025-10-06 08:51:44\\nRoutes: 45.54.50.0/24 via 104.225.125.233\",\"config_status\":\"1\",\"customer_ip\":\"104.225.125.233\",\"description\":\"Craig's DevOps Demos - ATL - anycast-ingress-atl.worker.demo IPv4\",\"group_id\":3247,\"group_name\":\"Craig's DevOps Demos\",\"last_update\":\"2025-10-06 08:51:44\",\"local_ip\":\"104.225.125.233\",\"remote_ip\":\"104.225.125.28\",\"remote_ip_type\":\"ipv4\",\"remote_prefix\":\"104.225.125.28/32\",\"routes\":[{\"metric_loc_prf_weight\":0,\"next_hop\":\"104.225.125.233\",\"origin\":\"63911\",\"path\":[\"63911\"],\"prefix\":\"45.54.50.0/24\"}],\"session_name\":\"\",\"state\":\"Established\",\"status\":\"active\"},\"ipv6|2607:f740:69:1::27\":{\"comment\":\"Description: Craig's DevOps Demos - ATL - anycast-ingress-atl.worker.demo IPv6\\nState: Active\\nConfig status: 1\\nLast update: 2025-10-06 08:51:39\",\"config_status\":\"1\",\"customer_ip\":\"2607:f740:69:1::11f\",\"description\":\"Craig's DevOps Demos - ATL - anycast-ingress-atl.worker.demo IPv6\",\"group_id\":3247,\"group_name\":\"Craig's DevOps Demos\",\"last_update\":\"2025-10-06 08:51:39\",\"local_ip\":\"2607:f740:69:1::11f\",\"remote_ip\":\"2607:f740:69:1::27\",\"remote_ip_type\":\"ipv6\",\"remote_prefix\":\"2607:f740:69:1::27/128\",\"routes\":[],\"session_name\":\"\",\"state\":\"Active\",\"status\":\"failed\"}}\n\n🔧 BGP Session Details (JSON):\n\n  {\"group_id\":3247,\"group_name\":\"Craig's DevOps Demos\",\"sessions\":[{\"config_status\":\"1\",\"customer_asn\":63911,\"customer_peer_ip\":\"2607:f740:69:1::11f\",\"description\":\"Craig's DevOps Demos - ATL - anycast-ingress-atl.worker.demo IPv6\",\"group_id\":3247,\"group_name\":\"Craig's DevOps Demos\",\"id\":51164,\"last_update\":\"2025-10-06 08:51:39\",\"location_name\":\"ATL - Atlanta, GA\",\"locked\":false,\"mb_id\":0,\"provider_asn\":36236,\"provider_ip_type\":\"ipv6\",\"provider_peer_ip\":\"2607:f740:69:1::27\",\"routes_received\":\"\",\"state\":\"Active\"},{\"config_status\":\"1\",\"customer_asn\":63911,\"customer_peer_ip\":\"104.225.125.233\",\"description\":\"Craig's DevOps Demos - ATL - anycast-ingress-atl.worker.demo IPv4\",\"group_id\":3247,\"group_name\":\"Craig's DevOps Demos\",\"id\":51163,\"last_update\":\"2025-10-06 08:51:44\",\"location_name\":\"ATL - Atlanta, GA\",\"locked\":false,\"mb_id\":0,\"provider_asn\":36236,\"provider_ip_type\":\"ipv4\",\"provider_peer_ip\":\"104.225.125.28\",\"routes_received\":\"[{\\\"path\\\": [\\\"63911\\\"], \\\"origin\\\": \\\"63911\\\", \\\"prefix\\\": \\\"45.54.50.0/24\\\", \\\"next_hop\\\": \\\"104.225.125.233\\\", \\\"metric_loc_prf_weight\\\": 0}]\",\"state\":\"Established\"}]}","custom_fields":{"na_asn":"63911","na_bgp_ipv4_prefix":"45.54.50.0/24","na_contract_id":"440","na_image":"Ubuntu 24.04 LTS (20240423)","na_image_id":"5787","na_location_id":"569","na_plan":"VR1x1x25","na_plan_id":"668","na_public_ipv4":"104.225.125.233","na_public_ipv6":"2607:f740:69:1::11f","na_server_id":"572165","zz_bgp_connection_info":"2607:f740:69:1::27 (ipv6): state=Active config=1 locked=false last=2025-10-06 08:51:39\n104.225.125.28 (ipv4): state=Established config=1 locked=false last=2025-10-06 08:51:44","zz_bgp_local_info":"Hostname: anycast-ingress-atl.worker.demo\nLocal ASN: 63911\nPublic IPv4: 104.225.125.233\nPublic IPv6: 2607:f740:69:1::11f\nCustomer IPs: 2607:f740:69:1::11f, 104.225.125.233","zz_bgp_remote_info":"Group: Craig's DevOps Demos\nProvider ASN: 36236\nProvider IPv4: 104.225.125.28\nProvider IPv6: 2607:f740:69:1::27","zz_bgp_routes_info":"45.54.50.0/24 via 104.225.125.233 (origin 63911)"},"description":"NetActuate plan VR1x1x25","device_id":0,"disk_size_mb":25600,"id":"42","local_context_data":"","memory_mb":1024,"name":"anycast-ingress-atl.worker.demo","platform_id":0,"primary_ipv4":56,"primary_ipv6":0,"role_id":0,"site_id":55,"status":"active","tags":["anycast"],"tags_all":["anycast"],"tenant_id":0,"vcpus":1},"sensitive_attributes":[],"private":"eyJzY2hlbWFfdmVyc2lvbiI6IjIifQ==","dependencies":["module.pop.data.netactuate_bgp_sessions.vm","module.pop.data.netactuate_server.vm","module.pop.netactuate_server.vm","module.pop.netbox_cluster.this","module.pop.netbox_site.this","netbox_cluster_type.hypervisor","netbox_custom_field.na_asn","netbox_custom_field.na_bgp_ipv4_prefix","netbox_custom_field.na_contract_id","netbox_custom_field.na_image","netbox_custom_field.na_image_id","netbox_custom_field.na_location_id","netbox_custom_field.na_plan","netbox_custom_field.na_plan_id","netbox_custom_field.na_public_ipv4","netbox_custom_field.na_public_ipv6","netbox_custom_field.na_server_id","netbox_custom_field.zz_bgp_connection_info","netbox_custom_field.zz_bgp_local_info","netbox_custom_field.zz_bgp_remote_info","netbox_custom_field.zz_bgp_routes_info","netbox_tag.anycast"]}]},{"module":"module.pop[\"BOM\"]","mode":"data","type":"netactuate_bgp_sessions","name":"vm","provider":"provider[\"registry.opentofu.org/netactuate/netactuate\"]","instances":[{"schema_version":0,"attributes":{"id":"572182","mbpkgid":572182,"sessions":[{"config_status":"1","customer_asn":63911,"customer_peer_ip":"2403:2500:500:a::224","description":"Craig's DevOps Demos - BOM - anycast-ingress-bom.worker.demo IPv6","group_id":3247,"group_name":"Craig's DevOps Demos","id":51192,"last_update":"2025-10-06 08:51:51","location_name":"BOM - Mumbai, IN","locked":false,"mb_id":0,"provider_asn":36236,"provider_ip_type":"ipv6","provider_peer_ip":"2403:2500:500:a::2ca","routes_received":"","state":"Active"},{"config_status":"1","customer_asn":63911,"customer_peer_ip":"59.153.13.4","description":"Craig's DevOps Demos - BOM - anycast-ingress-bom.worker.demo IPv4","group_id":3247,"group_name":"Craig's DevOps Demos","id":51191,"last_update":"2025-10-06 08:51:54","location_name":"BOM - Mumbai, IN","locked":false,"mb_id":0,"provider_asn":36236,"provider_ip_type":"ipv4","provider_peer_ip":"59.153.13.25","routes_received":"[{\"path\": [\"63911\"], \"origin\": \"63911\", \"prefix\": \"45.54.50.0/24\", \"next_hop\": \"59.153.13.4\", \"metric_loc_prf_weight\": 0}]","state":"Established"}]},"sensitive_attributes":[]}]},{"module":"module.pop[\"BOM\"]","mode":"data","type":"netactuate_server","name":"vm","provider":"provider[\"registry.opentofu.org/netactuate/netactuate\"]","instances":[{"schema_version":0,"attributes":{"bgp_peers":[{"group_id":3247,"ipv4":["59.153.13.25"],"ipv6":["2403:2500:500:a::2ca"],"localasn":63911,"localpeerv4":"59.153.13.4","localpeerv6":"2403:2500:500:a::224","peerasn":36236}],"hostname":"anycast-ingress-bom.worker.demo","id":572182,"image":"Ubuntu 24.04 LTS (20240423)","image_id":5787,"ip_v4":"59.153.13.4","ip_v6":"2403:2500:500:a::224","location_id":567,"package":"VR1x1x25","plan_id":668,"public_ipv4":"59.153.13.4","public_ipv6":"2403:2500:500:a::224","state":"UP","status":"RUNNING"},"sensitive_attributes":[]}]},{"module":"module.pop[\"BOM\"]","mode":"managed","type":"netactuate_bgp_sessions","name":"bgp","provider":"provider[\"registry.opentofu.org/netactuate/netactuate\"]","instances":[{"index_key":0,"schema_version":0,"attributes":{"group_id":3247,"id":"572182","ipv6":true,"mbpkgid":572182,"redundant":false},"sensitive_attributes":[],"private":"bnVsbA==","dependencies":["module.pop.netactuate_server.vm","netbox_custom_field.na_asn","netbox_custom_field.na_bgp_ipv4_prefix","netbox_custom_field.na_contract_id","netbox_custom_field.na_image","netbox_custom_field.na_image_id","netbox_custom_field.na_location_id","netbox_custom_field.na_plan","netbox_custom_field.na_plan_id","netbox_custom_field.na_public_ipv4","netbox_custom_field.na_public_ipv6","netbox_custom_field.na_server_id","netbox_custom_field.zz_bgp_connection_info","netbox_custom_field.zz_bgp_local_info","netbox_custom_field.zz_bgp_remote_info","netbox_custom_field.zz_bgp_routes_info"]}]},{"module":"module.pop[\"BOM\"]","mode":"managed","type":"netactuate_server","name":"vm","provider":"provider[\"registry.opentofu.org/netactuate/netactuate\"]","instances":[{"schema_version":0,"attributes":{"cloud_config":null,"hostname":"anycast-ingress-bom.worker.demo","id":"572182","image":null,"image_id":5787,"location":null,"location_id":567,"package_billing":"usage","package_billing_contract_id":"440","package_billing_opt_in":null,"params":"","password":null,"plan":"VR1x1x25","primary_ipv4":"59.153.13.4","primary_ipv6":"2403:2500:500:a::224","ssh_key":null,"ssh_key_id":8199,"user_data":null,"user_data_base64":null},"sensitive_attributes":[[{"type":"get_attr","value":"password"}]],"private":"bnVsbA==","dependencies":["netbox_custom_field.na_asn","netbox_custom_field.na_bgp_ipv4_prefix","netbox_custom_field.na_contract_id","netbox_custom_field.na_image","netbox_custom_field.na_image_id","netbox_custom_field.na_location_id","netbox_custom_field.na_plan","netbox_custom_field.na_plan_id","netbox_custom_field.na_public_ipv4","netbox_custom_field.na_public_ipv6","netbox_custom_field.na_server_id","netbox_custom_field.zz_bgp_connection_info","netbox_custom_field.zz_bgp_local_info","netbox_custom_field.zz_bgp_remote_info","netbox_custom_field.zz_bgp_routes_info"]}]},{"module":"module.pop[\"BOM\"]","mode":"managed","type":"netbox_cluster","name":"this","provider":"provider[\"registry.opentofu.org/e-breuninger/netbox\"]","instances":[{"schema_version":0,"attributes":{"cluster_group_id":0,"cluster_type_id":6,"comments":"","description":"","id":"65","name":"BOM-cluster","site_id":66,"tags":[],"tags_all":[],"tenant_id":0},"sensitive_attributes":[],"private":"bnVsbA==","dependencies":["module.pop.netbox_site.this","netbox_cluster_type.hypervisor","netbox_custom_field.na_asn","netbox_custom_field.na_bgp_ipv4_prefix","netbox_custom_field.na_contract_id","netbox_custom_field.na_image","netbox_custom_field.na_image_id","netbox_custom_field.na_location_id","netbox_custom_field.na_plan","netbox_custom_field.na_plan_id","netbox_custom_field.na_public_ipv4","netbox_custom_field.na_public_ipv6","netbox_custom_field.na_server_id","netbox_custom_field.zz_bgp_connection_info","netbox_custom_field.zz_bgp_local_info","netbox_custom_field.zz_bgp_remote_info","netbox_custom_field.zz_bgp_routes_info"]}]},{"module":"module.pop[\"BOM\"]","mode":"managed","type":"netbox_device","name":"this","provider":"provider[\"registry.opentofu.org/e-breuninger/netbox\"]","instances":[{"schema_version":0,"attributes":{"asset_tag":"","cluster_id":0,"comments":"","config_template_id":0,"custom_fields":null,"description":"","device_type_id":1,"id":"32","local_context_data":"","location_id":0,"name":"anycast-ingress-bom.worker.demo","platform_id":0,"primary_ipv4":0,"primary_ipv6":0,"rack_face":"","rack_id":0,"rack_position":0,"role_id":1,"serial":"","site_id":66,"status":"active","tags":["anycast"],"tags_all":["anycast"],"tenant_id":0,"virtual_chassis_id":0,"virtual_chassis_master":false,"virtual_chassis_position":0,"virtual_chassis_priority":0},"sensitive_attributes":[],"private":"bnVsbA==","dependencies":["module.pop.netactuate_server.vm","module.pop.netbox_site.this","netbox_custom_field.na_asn","netbox_custom_field.na_bgp_ipv4_prefix","netbox_custom_field.na_contract_id","netbox_custom_field.na_image","netbox_custom_field.na_image_id","netbox_custom_field.na_location_id","netbox_custom_field.na_plan","netbox_custom_field.na_plan_id","netbox_custom_field.na_public_ipv4","netbox_custom_field.na_public_ipv6","netbox_custom_field.na_server_id","netbox_custom_field.zz_bgp_connection_info","netbox_custom_field.zz_bgp_local_info","netbox_custom_field.zz_bgp_remote_info","netbox_custom_field.zz_bgp_routes_info","netbox_device_role.anycast_worker","netbox_device_type.anycast_worker","netbox_manufacturer.netactuate","netbox_tag.anycast"]}]},{"module":"module.pop[\"BOM\"]","mode":"managed","type":"netbox_interface","name":"eth0","provider":"provider[\"registry.opentofu.org/e-breuninger/netbox\"]","instances":[{"schema_version":0,"attributes":{"description":"","enabled":true,"id":"63","mac_address":"","mode":null,"mtu":0,"name":"eth0","tagged_vlans":[],"tags":[],"tags_all":[],"type":null,"untagged_vlan":null,"virtual_machine_id":65},"sensitive_attributes":[],"private":"bnVsbA==","dependencies":["module.pop.data.netactuate_bgp_sessions.vm","module.pop.data.netactuate_server.vm","module.pop.netactuate_server.vm","module.pop.netbox_cluster.this","module.pop.netbox_site.this","module.pop.netbox_virtual_machine.this","netbox_cluster_type.hypervisor","netbox_custom_field.na_asn","netbox_custom_field.na_bgp_ipv4_prefix","netbox_custom_field.na_contract_id","netbox_custom_field.na_image","netbox_custom_field.na_image_id","netbox_custom_field.na_location_id","netbox_custom_field.na_plan","netbox_custom_field.na_plan_id","netbox_custom_field.na_public_ipv4","netbox_custom_field.na_public_ipv6","netbox_custom_field.na_server_id","netbox_custom_field.zz_bgp_connection_info","netbox_custom_field.zz_bgp_local_info","netbox_custom_field.zz_bgp_remote_info","netbox_custom_field.zz_bgp_routes_info","netbox_tag.anycast"]}]},{"module":"module.pop[\"BOM\"]","mode":"managed","type":"netbox_ip_address","name":"public_v4","provider":"provider[\"registry.opentofu.org/e-breuninger/netbox\"]","instances":[{"schema_version":0,"attributes":{"custom_fields":null,"description":"","device_interface_id":null,"dns_name":"anycast-ingress-bom.worker.demo","id":"67","interface_id":null,"ip_address":"59.153.13.4/32","nat_inside_address_id":0,"nat_outside_addresses":[],"object_type":null,"role":"","status":"active","tags":[],"tags_all":[],"tenant_id":0,"virtual_machine_interface_id":63,"vrf_id":0},"sensitive_attributes":[],"private":"bnVsbA==","dependencies":["module.pop.data.netactuate_bgp_sessions.vm","module.pop.data.netactuate_server.vm","module.pop.netactuate_server.vm","module.pop.netbox_cluster.this","module.pop.netbox_interface.eth0","module.pop.netbox_site.this","module.pop.netbox_virtual_machine.this","netbox_cluster_type.hypervisor","netbox_custom_field.na_asn","netbox_custom_field.na_bgp_ipv4_prefix","netbox_custom_field.na_bgp_peers","netbox_custom_field.na_bgp_session_details","netbox_custom_field.na_contract_id","netbox_custom_field.na_image","netbox_custom_field.na_image_id","netbox_custom_field.na_location_id","netbox_custom_field.na_plan","netbox_custom_field.na_plan_id","netbox_custom_field.na_public_ipv4","netbox_custom_field.na_public_ipv6","netbox_custom_field.na_server_id","netbox_custom_field.zz_bgp_connection_info","netbox_custom_field.zz_bgp_local_info","netbox_custom_field.zz_bgp_remote_info","netbox_custom_field.zz_bgp_routes_info","netbox_tag.anycast"]}]},{"module":"module.pop[\"BOM\"]","mode":"managed","type":"netbox_primary_ip","name":"vm_primary_v4","provider":"provider[\"registry.opentofu.org/e-breuninger/netbox\"]","instances":[{"schema_version":0,"attributes":{"id":"65","ip_address_id":67,"ip_address_version":4,"virtual_machine_id":65},"sensitive_attributes":[],"private":"bnVsbA==","dependencies":["module.pop.data.netactuate_bgp_sessions.vm","module.pop.data.netactuate_server.vm","module.pop.netactuate_server.vm","module.pop.netbox_cluster.this","module.pop.netbox_interface.eth0","module.pop.netbox_ip_address.public_v4","module.pop.netbox_site.this","module.pop.netbox_virtual_machine.this","netbox_cluster_type.hypervisor","netbox_custom_field.na_asn","netbox_custom_field.na_bgp_ipv4_prefix","netbox_custom_field.na_contract_id","netbox_custom_field.na_image","netbox_custom_field.na_image_id","netbox_custom_field.na_location_id","netbox_custom_field.na_plan","netbox_custom_field.na_plan_id","netbox_custom_field.na_public_ipv4","netbox_custom_field.na_public_ipv6","netbox_custom_field.na_server_id","netbox_custom_field.zz_bgp_connection_info","netbox_custom_field.zz_bgp_local_info","netbox_custom_field.zz_bgp_remote_info","netbox_custom_field.zz_bgp_routes_info","netbox_tag.anycast"]}]},{"module":"module.pop[\"BOM\"]","mode":"managed","type":"netbox_service","name":"bgp179","provider":"provider[\"registry.opentofu.org/e-breuninger/netbox\"]","instances":[{"schema_version":0,"attributes":{"custom_fields":null,"description":"Anycast ingress BGP (TCP/179)","device_id":0,"id":"64","name":"bgp","port":null,"ports":[179],"protocol":"tcp","tags":[],"tags_all":[],"virtual_machine_id":65},"sensitive_attributes":[],"private":"bnVsbA==","dependencies":["module.pop.data.netactuate_bgp_sessions.vm","module.pop.data.netactuate_server.vm","module.pop.netactuate_server.vm","module.pop.netbox_cluster.this","module.pop.netbox_site.this","module.pop.netbox_virtual_machine.this","netbox_cluster_type.hypervisor","netbox_custom_field.na_asn","netbox_custom_field.na_bgp_ipv4_prefix","netbox_custom_field.na_contract_id","netbox_custom_field.na_image","netbox_custom_field.na_image_id","netbox_custom_field.na_location_id","netbox_custom_field.na_plan","netbox_custom_field.na_plan_id","netbox_custom_field.na_public_ipv4","netbox_custom_field.na_public_ipv6","netbox_custom_field.na_server_id","netbox_custom_field.zz_bgp_connection_info","netbox_custom_field.zz_bgp_local_info","netbox_custom_field.zz_bgp_remote_info","netbox_custom_field.zz_bgp_routes_info","netbox_tag.anycast"]}]},{"module":"module.pop[\"BOM\"]","mode":"managed","type":"netbox_site","name":"this","provider":"provider[\"registry.opentofu.org/e-breuninger/netbox\"]","instances":[{"schema_version":0,"attributes":{"asn_ids":[],"comments":"","custom_fields":null,"description":"NetActuate PoP BOM","facility":"","group_id":0,"id":"66","latitude":0,"longitude":0,"name":"BOM","physical_address":"","region_id":0,"shipping_address":"","slug":"bom","status":"active","tags":[],"tags_all":[],"tenant_id":0,"timezone":""},"sensitive_attributes":[],"private":"bnVsbA==","dependencies":["netbox_custom_field.na_asn","netbox_custom_field.na_bgp_ipv4_prefix","netbox_custom_field.na_contract_id","netbox_custom_field.na_image","netbox_custom_field.na_image_id","netbox_custom_field.na_location_id","netbox_custom_field.na_plan","netbox_custom_field.na_plan_id","netbox_custom_field.na_public_ipv4","netbox_custom_field.na_public_ipv6","netbox_custom_field.na_server_id","netbox_custom_field.zz_bgp_connection_info","netbox_custom_field.zz_bgp_local_info","netbox_custom_field.zz_bgp_remote_info","netbox_custom_field.zz_bgp_routes_info"]}]},{"module":"module.pop[\"BOM\"]","mode":"managed","type":"netbox_virtual_machine","name":"this","provider":"provider[\"registry.opentofu.org/e-breuninger/netbox\"]","instances":[{"schema_version":2,"attributes":{"cluster_id":65,"comments":"🚀 NetActuate Server Details:\n\n  • Server ID: 572182\n\n  • Contract ID: 440\n\n  • Location ID: 567\n\n  • Image: Ubuntu 24.04 LTS (20240423) (ID 5787)\n\n  • IPv4 Prefix: 45.54.50.0/24\n\n📋 BGP Local Info:\n\n  Hostname: anycast-ingress-bom.worker.demo\nLocal ASN: 63911\nPublic IPv4: 59.153.13.4\nPublic IPv6: 2403:2500:500:a::224\nCustomer IPs: 2403:2500:500:a::224, 59.153.13.4\n\n🌐 BGP Remote Info:\n\n  Group: Craig's DevOps Demos\nProvider ASN: 36236\nProvider IPv4: 59.153.13.25\nProvider IPv6: 2403:2500:500:a::2ca\n\n🔗 BGP Connection Status:\n\n  2403:2500:500:a::2ca (ipv6): state=Active config=1 locked=false last=2025-10-06 08:51:51\n59.153.13.25 (ipv4): state=Established config=1 locked=false last=2025-10-06 08:51:54\n\n📊 BGP Routes:\n\n  45.54.50.0/24 via 59.153.13.4 (origin 63911)\n\n📡 BGP Peers (JSON):\n\n  {\"ipv4|59.153.13.25\":{\"comment\":\"Description: Craig's DevOps Demos - BOM - anycast-ingress-bom.worker.demo IPv4\\nState: Established\\nConfig status: 1\\nLast update: 2025-10-06 08:51:54\\nRoutes: 45.54.50.0/24 via 59.153.13.4\",\"config_status\":\"1\",\"customer_ip\":\"59.153.13.4\",\"description\":\"Craig's DevOps Demos - BOM - anycast-ingress-bom.worker.demo IPv4\",\"group_id\":3247,\"group_name\":\"Craig's DevOps Demos\",\"last_update\":\"2025-10-06 08:51:54\",\"local_ip\":\"59.153.13.4\",\"remote_ip\":\"59.153.13.25\",\"remote_ip_type\":\"ipv4\",\"remote_prefix\":\"59.153.13.25/32\",\"routes\":[{\"metric_loc_prf_weight\":0,\"next_hop\":\"59.153.13.4\",\"origin\":\"63911\",\"path\":[\"63911\"],\"prefix\":\"45.54.50.0/24\"}],\"session_name\":\"\",\"state\":\"Established\",\"status\":\"active\"},\"ipv6|2403:2500:500:a::2ca\":{\"comment\":\"Description: Craig's DevOps Demos - BOM - anycast-ingress-bom.worker.demo IPv6\\nState: Active\\nConfig status: 1\\nLast update: 2025-10-06 08:51:51\",\"config_status\":\"1\",\"customer_ip\":\"2403:2500:500:a::224\",\"description\":\"Craig's DevOps Demos - BOM - anycast-ingress-bom.worker.demo IPv6\",\"group_id\":3247,\"group_name\":\"Craig's DevOps Demos\",\"last_update\":\"2025-10-06 08:51:51\",\"local_ip\":\"2403:2500:500:a::224\",\"remote_ip\":\"2403:2500:500:a::2ca\",\"remote_ip_type\":\"ipv6\",\"remote_prefix\":\"2403:2500:500:a::2ca/128\",\"routes\":[],\"session_name\":\"\",\"state\":\"Active\",\"status\":\"failed\"}}\n\n🔧 BGP Session Details (JSON):\n\n  {\"group_id\":3247,\"group_name\":\"Craig's DevOps Demos\",\"sessions\":[{\"config_status\":\"1\",\"customer_asn\":63911,\"customer_peer_ip\":\"2403:2500:500:a::224\",\"description\":\"Craig's DevOps Demos - BOM - anycast-ingress-bom.worker.demo IPv6\",\"group_id\":3247,\"group_name\":\"Craig's DevOps Demos\",\"id\":51192,\"last_update\":\"2025-10-06 08:51:51\",\"location_name\":\"BOM - Mumbai, IN\",\"locked\":false,\"mb_id\":0,\"provider_asn\":36236,\"provider_ip_type\":\"ipv6\",\"provider_peer_ip\":\"2403:2500:500:a::2ca\",\"routes_received\":\"\",\"state\":\"Active\"},{\"config_status\":\"1\",\"customer_asn\":63911,\"customer_peer_ip\":\"59.153.13.4\",\"description\":\"Craig's DevOps Demos - BOM - anycast-ingress-bom.worker.demo IPv4\",\"group_id\":3247,\"group_name\":\"Craig's DevOps Demos\",\"id\":51191,\"last_update\":\"2025-10-06 08:51:54\",\"location_name\":\"BOM - Mumbai, IN\",\"locked\":false,\"mb_id\":0,\"provider_asn\":36236,\"provider_ip_type\":\"ipv4\",\"provider_peer_ip\":\"59.153.13.25\",\"routes_received\":\"[{\\\"path\\\": [\\\"63911\\\"], \\\"origin\\\": \\\"63911\\\", \\\"prefix\\\": \\\"45.54.50.0/24\\\", \\\"next_hop\\\": \\\"59.153.13.4\\\", \\\"metric_loc_prf_weight\\\": 0}]\",\"state\":\"Established\"}]}","custom_fields":{"na_asn":"63911","na_bgp_ipv4_prefix":"45.54.50.0/24","na_contract_id":"440","na_image":"Ubuntu 24.04 LTS (20240423)","na_image_id":"5787","na_location_id":"567","na_plan":"VR1x1x25","na_plan_id":"668","na_public_ipv4":"59.153.13.4","na_public_ipv6":"2403:2500:500:a::224","na_server_id":"572182","zz_bgp_connection_info":"2403:2500:500:a::2ca (ipv6): state=Active config=1 locked=false last=2025-10-06 08:51:51\n59.153.13.25 (ipv4): state=Established config=1 locked=false last=2025-10-06 08:51:54","zz_bgp_local_info":"Hostname: anycast-ingress-bom.worker.demo\nLocal ASN: 63911\nPublic IPv4: 59.153.13.4\nPublic IPv6: 2403:2500:500:a::224\nCustomer IPs: 2403:2500:500:a::224, 59.153.13.4","zz_bgp_remote_info":"Group: Craig's DevOps Demos\nProvider ASN: 36236\nProvider IPv4: 59.153.13.25\nProvider IPv6: 2403:2500:500:a::2ca","zz_bgp_routes_info":"45.54.50.0/24 via 59.153.13.4 (origin 63911)"},"description":"NetActuate plan VR1x1x25","device_id":0,"disk_size_mb":25600,"id":"65","local_context_data":"","memory_mb":1024,"name":"anycast-ingress-bom.worker.demo","platform_id":0,"primary_ipv4":67,"primary_ipv6":0,"role_id":0,"site_id":66,"status":"active","tags":["anycast"],"tags_all":["anycast"],"tenant_id":0,"vcpus":1},"sensitive_attributes":[],"private":"eyJzY2hlbWFfdmVyc2lvbiI6IjIifQ==","dependencies":["module.pop.data.netactuate_bgp_sessions.vm","module.pop.data.netactuate_server.vm","module.pop.netactuate_server.vm","module.pop.netbox_cluster.this","module.pop.netbox_site.this","netbox_cluster_type.hypervisor","netbox_custom_field.na_asn","netbox_custom_field.na_bgp_ipv4_prefix","netbox_custom_field.na_contract_id","netbox_custom_field.na_image","netbox_custom_field.na_image_id","netbox_custom_field.na_location_id","netbox_custom_field.na_plan","netbox_custom_field.na_plan_id","netbox_custom_field.na_public_ipv4","netbox_custom_field.na_public_ipv6","netbox_custom_field.na_server_id","netbox_custom_field.zz_bgp_connection_info","netbox_custom_field.zz_bgp_local_info","netbox_custom_field.zz_bgp_remote_info","netbox_custom_field.zz_bgp_routes_info","netbox_tag.anycast"]}]},{"module":"module.pop[\"CDG\"]","mode":"data","type":"netactuate_bgp_sessions","name":"vm","provider":"provider[\"registry.opentofu.org/netactuate/netactuate\"]","instances":[{"schema_version":0,"attributes":{"id":"572162","mbpkgid":572162,"sessions":[{"config_status":"1","customer_asn":63911,"customer_peer_ip":"2a00:dd80:3e::28f","description":"Craig's DevOps Demos - CDG - anycast-ingress-cdg.worker.demo IPv6","group_id":3247,"group_name":"Craig's DevOps Demos","id":51146,"last_update":"2025-10-06 08:53:01","location_name":"CDG - Paris, France","locked":false,"mb_id":0,"provider_asn":36236,"provider_ip_type":"ipv6","provider_peer_ip":"2a00:dd80:3e::e84","routes_received":"","state":"Active"},{"config_status":"1","customer_asn":63911,"customer_peer_ip":"176.58.90.141","description":"Craig's DevOps Demos - CDG - anycast-ingress-cdg.worker.demo IPv4","group_id":3247,"group_name":"Craig's DevOps Demos","id":51145,"last_update":"2025-10-06 08:53:04","location_name":"CDG - Paris, France","locked":false,"mb_id":0,"provider_asn":36236,"provider_ip_type":"ipv4","provider_peer_ip":"176.58.90.224","routes_received":"[{\"path\": [\"63911\"], \"origin\": \"63911\", \"prefix\": \"45.54.50.0/24\", \"next_hop\": \"176.58.90.141\", \"metric_loc_prf_weight\": 0}]","state":"Established"}]},"sensitive_attributes":[]}]},{"module":"module.pop[\"CDG\"]","mode":"data","type":"netactuate_server","name":"vm","provider":"provider[\"registry.opentofu.org/netactuate/netactuate\"]","instances":[{"schema_version":0,"attributes":{"bgp_peers":[{"group_id":3247,"ipv4":["176.58.90.224"],"ipv6":["2a00:dd80:3e::e84"],"localasn":63911,"localpeerv4":"176.58.90.141","localpeerv6":"2a00:dd80:3e::28f","peerasn":36236}],"hostname":"anycast-ingress-cdg.worker.demo","id":572162,"image":"Ubuntu 24.04 LTS (20240423)","image_id":5787,"ip_v4":"176.58.90.141","ip_v6":"2a00:dd80:3e::28f","location_id":82,"package":"VR1x1x25","plan_id":668,"public_ipv4":"176.58.90.141","public_ipv6":"2a00:dd80:3e::28f","state":"UP","status":"RUNNING"},"sensitive_attributes":[]}]},{"module":"module.pop[\"CDG\"]","mode":"managed","type":"netactuate_bgp_sessions","name":"bgp","provider":"provider[\"registry.opentofu.org/netactuate/netactuate\"]","instances":[{"index_key":0,"schema_version":0,"attributes":{"group_id":3247,"id":"572162","ipv6":true,"mbpkgid":572162,"redundant":false},"sensitive_attributes":[],"private":"bnVsbA==","dependencies":["module.pop.netactuate_server.vm","netbox_custom_field.na_asn","netbox_custom_field.na_bgp_ipv4_prefix","netbox_custom_field.na_contract_id","netbox_custom_field.na_image","netbox_custom_field.na_image_id","netbox_custom_field.na_location_id","netbox_custom_field.na_plan","netbox_custom_field.na_plan_id","netbox_custom_field.na_public_ipv4","netbox_custom_field.na_public_ipv6","netbox_custom_field.na_server_id","netbox_custom_field.zz_bgp_connection_info","netbox_custom_field.zz_bgp_local_info","netbox_custom_field.zz_bgp_remote_info","netbox_custom_field.zz_bgp_routes_info"]}]},{"module":"module.pop[\"CDG\"]","mode":"managed","type":"netactuate_server","name":"vm","provider":"provider[\"registry.opentofu.org/netactuate/netactuate\"]","instances":[{"schema_version":0,"attributes":{"cloud_config":null,"hostname":"anycast-ingress-cdg.worker.demo","id":"572162","image":null,"image_id":5787,"location":null,"location_id":82,"package_billing":"usage","package_billing_contract_id":"440","package_billing_opt_in":null,"params":"","password":null,"plan":"VR1x1x25","primary_ipv4":"176.58.90.141","primary_ipv6":"2a00:dd80:3e::28f","ssh_key":null,"ssh_key_id":8199,"user_data":null,"user_data_base64":null},"sensitive_attributes":[[{"type":"get_attr","value":"password"}]],"private":"bnVsbA==","dependencies":["netbox_custom_field.na_asn","netbox_custom_field.na_bgp_ipv4_prefix","netbox_custom_field.na_contract_id","netbox_custom_field.na_image","netbox_custom_field.na_image_id","netbox_custom_field.na_location_id","netbox_custom_field.na_plan","netbox_custom_field.na_plan_id","netbox_custom_field.na_public_ipv4","netbox_custom_field.na_public_ipv6","netbox_custom_field.na_server_id","netbox_custom_field.zz_bgp_connection_info","netbox_custom_field.zz_bgp_local_info","netbox_custom_field.zz_bgp_remote_info","netbox_custom_field.zz_bgp_routes_info"]}]},{"module":"module.pop[\"CDG\"]","mode":"managed","type":"netbox_cluster","name":"this","provider":"provider[\"registry.opentofu.org/e-breuninger/netbox\"]","instances":[{"schema_version":0,"attributes":{"cluster_group_id":0,"cluster_type_id":6,"comments":"","description":"","id":"48","name":"CDG-cluster","site_id":45,"tags":[],"tags_all":[],"tenant_id":0},"sensitive_attributes":[],"private":"bnVsbA==","dependencies":["module.pop.netbox_site.this","netbox_cluster_type.hypervisor","netbox_custom_field.na_asn","netbox_custom_field.na_bgp_ipv4_prefix","netbox_custom_field.na_contract_id","netbox_custom_field.na_image","netbox_custom_field.na_image_id","netbox_custom_field.na_location_id","netbox_custom_field.na_plan","netbox_custom_field.na_plan_id","netbox_custom_field.na_public_ipv4","netbox_custom_field.na_public_ipv6","netbox_custom_field.na_server_id","netbox_custom_field.zz_bgp_connection_info","netbox_custom_field.zz_bgp_local_info","netbox_custom_field.zz_bgp_remote_info","netbox_custom_field.zz_bgp_routes_info"]}]},{"module":"module.pop[\"CDG\"]","mode":"managed","type":"netbox_device","name":"this","provider":"provider[\"registry.opentofu.org/e-breuninger/netbox\"]","instances":[{"schema_version":0,"attributes":{"asset_tag":"","cluster_id":0,"comments":"","config_template_id":0,"custom_fields":null,"description":"","device_type_id":1,"id":"24","local_context_data":"","location_id":0,"name":"anycast-ingress-cdg.worker.demo","platform_id":0,"primary_ipv4":0,"primary_ipv6":0,"rack_face":"","rack_id":0,"rack_position":0,"role_id":1,"serial":"","site_id":45,"status":"active","tags":["anycast"],"tags_all":["anycast"],"tenant_id":0,"virtual_chassis_id":0,"virtual_chassis_master":false,"virtual_chassis_position":0,"virtual_chassis_priority":0},"sensitive_attributes":[],"private":"bnVsbA==","dependencies":["module.pop.netactuate_server.vm","module.pop.netbox_site.this","netbox_custom_field.na_asn","netbox_custom_field.na_bgp_ipv4_prefix","netbox_custom_field.na_contract_id","netbox_custom_field.na_image","netbox_custom_field.na_image_id","netbox_custom_field.na_location_id","netbox_custom_field.na_plan","netbox_custom_field.na_plan_id","netbox_custom_field.na_public_ipv4","netbox_custom_field.na_public_ipv6","netbox_custom_field.na_server_id","netbox_custom_field.zz_bgp_connection_info","netbox_custom_field.zz_bgp_local_info","netbox_custom_field.zz_bgp_remote_info","netbox_custom_field.zz_bgp_routes_info","netbox_device_role.anycast_worker","netbox_device_type.anycast_worker","netbox_manufacturer.netactuate","netbox_tag.anycast"]}]},{"module":"module.pop[\"CDG\"]","mode":"managed","type":"netbox_interface","name":"eth0","provider":"provider[\"registry.opentofu.org/e-breuninger/netbox\"]","instances":[{"schema_version":0,"attributes":{"description":"","enabled":true,"id":"49","mac_address":"","mode":null,"mtu":0,"name":"eth0","tagged_vlans":[],"tags":[],"tags_all":[],"type":null,"untagged_vlan":null,"virtual_machine_id":51},"sensitive_attributes":[],"private":"bnVsbA==","dependencies":["module.pop.data.netactuate_bgp_sessions.vm","module.pop.data.netactuate_server.vm","module.pop.netactuate_server.vm","module.pop.netbox_cluster.this","module.pop.netbox_site.this","module.pop.netbox_virtual_machine.this","netbox_cluster_type.hypervisor","netbox_custom_field.na_asn","netbox_custom_field.na_bgp_ipv4_prefix","netbox_custom_field.na_contract_id","netbox_custom_field.na_image","netbox_custom_field.na_image_id","netbox_custom_field.na_location_id","netbox_custom_field.na_plan","netbox_custom_field.na_plan_id","netbox_custom_field.na_public_ipv4","netbox_custom_field.na_public_ipv6","netbox_custom_field.na_server_id","netbox_custom_field.zz_bgp_connection_info","netbox_custom_field.zz_bgp_local_info","netbox_custom_field.zz_bgp_remote_info","netbox_custom_field.zz_bgp_routes_info","netbox_tag.anycast"]}]},{"module":"module.pop[\"CDG\"]","mode":"managed","type":"netbox_ip_address","name":"public_v4","provider":"provider[\"registry.opentofu.org/e-breuninger/netbox\"]","instances":[{"schema_version":0,"attributes":{"custom_fields":null,"description":"","device_interface_id":null,"dns_name":"anycast-ingress-cdg.worker.demo","id":"52","interface_id":null,"ip_address":"176.58.90.141/32","nat_inside_address_id":0,"nat_outside_addresses":[],"object_type":null,"role":"","status":"active","tags":[],"tags_all":[],"tenant_id":0,"virtual_machine_interface_id":49,"vrf_id":0},"sensitive_attributes":[],"private":"bnVsbA==","dependencies":["module.pop.data.netactuate_bgp_sessions.vm","module.pop.data.netactuate_server.vm","module.pop.netactuate_server.vm","module.pop.netbox_cluster.this","module.pop.netbox_interface.eth0","module.pop.netbox_site.this","module.pop.netbox_virtual_machine.this","netbox_cluster_type.hypervisor","netbox_custom_field.na_asn","netbox_custom_field.na_bgp_ipv4_prefix","netbox_custom_field.na_bgp_peers","netbox_custom_field.na_bgp_session_details","netbox_custom_field.na_contract_id","netbox_custom_field.na_image","netbox_custom_field.na_image_id","netbox_custom_field.na_location_id","netbox_custom_field.na_plan","netbox_custom_field.na_plan_id","netbox_custom_field.na_public_ipv4","netbox_custom_field.na_public_ipv6","netbox_custom_field.na_server_id","netbox_custom_field.zz_bgp_connection_info","netbox_custom_field.zz_bgp_local_info","netbox_custom_field.zz_bgp_remote_info","netbox_custom_field.zz_bgp_routes_info","netbox_tag.anycast"]}]},{"module":"module.pop[\"CDG\"]","mode":"managed","type":"netbox_primary_ip","name":"vm_primary_v4","provider":"provider[\"registry.opentofu.org/e-breuninger/netbox\"]","instances":[{"schema_version":0,"attributes":{"id":"51","ip_address_id":52,"ip_address_version":4,"virtual_machine_id":51},"sensitive_attributes":[],"private":"bnVsbA==","dependencies":["module.pop.data.netactuate_bgp_sessions.vm","module.pop.data.netactuate_server.vm","module.pop.netactuate_server.vm","module.pop.netbox_cluster.this","module.pop.netbox_interface.eth0","module.pop.netbox_ip_address.public_v4","module.pop.netbox_site.this","module.pop.netbox_virtual_machine.this","netbox_cluster_type.hypervisor","netbox_custom_field.na_asn","netbox_custom_field.na_bgp_ipv4_prefix","netbox_custom_field.na_contract_id","netbox_custom_field.na_image","netbox_custom_field.na_image_id","netbox_custom_field.na_location_id","netbox_custom_field.na_plan","netbox_custom_field.na_plan_id","netbox_custom_field.na_public_ipv4","netbox_custom_field.na_public_ipv6","netbox_custom_field.na_server_id","netbox_custom_field.zz_bgp_connection_info","netbox_custom_field.zz_bgp_local_info","netbox_custom_field.zz_bgp_remote_info","netbox_custom_field.zz_bgp_routes_info","netbox_tag.anycast"]}]},{"module":"module.pop[\"CDG\"]","mode":"managed","type":"netbox_service","name":"bgp179","provider":"provider[\"registry.opentofu.org/e-breuninger/netbox\"]","instances":[{"schema_version":0,"attributes":{"custom_fields":null,"description":"Anycast ingress BGP (TCP/179)","device_id":0,"id":"47","name":"bgp","port":null,"ports":[179],"protocol":"tcp","tags":[],"tags_all":[],"virtual_machine_id":51},"sensitive_attributes":[],"private":"bnVsbA==","dependencies":["module.pop.data.netactuate_bgp_sessions.vm","module.pop.data.netactuate_server.vm","module.pop.netactuate_server.vm","module.pop.netbox_cluster.this","module.pop.netbox_site.this","module.pop.netbox_virtual_machine.this","netbox_cluster_type.hypervisor","netbox_custom_field.na_asn","netbox_custom_field.na_bgp_ipv4_prefix","netbox_custom_field.na_contract_id","netbox_custom_field.na_image","netbox_custom_field.na_image_id","netbox_custom_field.na_location_id","netbox_custom_field.na_plan","netbox_custom_field.na_plan_id","netbox_custom_field.na_public_ipv4","netbox_custom_field.na_public_ipv6","netbox_custom_field.na_server_id","netbox_custom_field.zz_bgp_connection_info","netbox_custom_field.zz_bgp_local_info","netbox_custom_field.zz_bgp_remote_info","netbox_custom_field.zz_bgp_routes_info","netbox_tag.anycast"]}]},{"module":"module.pop[\"CDG\"]","mode":"managed","type":"netbox_site","name":"this","provider":"provider[\"registry.opentofu.org/e-breuninger/netbox\"]","instances":[{"schema_version":0,"attributes":{"asn_ids":[],"comments":"","custom_fields":null,"description":"NetActuate PoP CDG","facility":"","group_id":0,"id":"45","latitude":0,"longitude":0,"name":"CDG","physical_address":"","region_id":0,"shipping_address":"","slug":"cdg","status":"active","tags":[],"tags_all":[],"tenant_id":0,"timezone":""},"sensitive_attributes":[],"private":"bnVsbA==","dependencies":["netbox_custom_field.na_asn","netbox_custom_field.na_bgp_ipv4_prefix","netbox_custom_field.na_contract_id","netbox_custom_field.na_image","netbox_custom_field.na_image_id","netbox_custom_field.na_location_id","netbox_custom_field.na_plan","netbox_custom_field.na_plan_id","netbox_custom_field.na_public_ipv4","netbox_custom_field.na_public_ipv6","netbox_custom_field.na_server_id","netbox_custom_field.zz_bgp_connection_info","netbox_custom_field.zz_bgp_local_info","netbox_custom_field.zz_bgp_remote_info","netbox_custom_field.zz_bgp_routes_info"]}]},{"module":"module.pop[\"CDG\"]","mode":"managed","type":"netbox_virtual_machine","name":"this","provider":"provider[\"registry.opentofu.org/e-breuninger/netbox\"]","instances":[{"schema_version":2,"attributes":{"cluster_id":48,"comments":"🚀 NetActuate Server Details:\n\n  • Server ID: 572162\n\n  • Contract ID: 440\n\n  • Location ID: 82\n\n  • Image: Ubuntu 24.04 LTS (20240423) (ID 5787)\n\n  • IPv4 Prefix: 45.54.50.0/24\n\n📋 BGP Local Info:\n\n  Hostname: anycast-ingress-cdg.worker.demo\nLocal ASN: 63911\nPublic IPv4: 176.58.90.141\nPublic IPv6: 2a00:dd80:3e::28f\nCustomer IPs: 2a00:dd80:3e::28f, 176.58.90.141\n\n🌐 BGP Remote Info:\n\n  Group: Craig's DevOps Demos\nProvider ASN: 36236\nProvider IPv4: 176.58.90.224\nProvider IPv6: 2a00:dd80:3e::e84\n\n🔗 BGP Connection Status:\n\n  2a00:dd80:3e::e84 (ipv6): state=Active config=1 locked=false last=2025-10-06 08:53:01\n176.58.90.224 (ipv4): state=Established config=1 locked=false last=2025-10-06 08:53:04\n\n📊 BGP Routes:\n\n  45.54.50.0/24 via 176.58.90.141 (origin 63911)\n\n📡 BGP Peers (JSON):\n\n  {\"ipv4|176.58.90.224\":{\"comment\":\"Description: Craig's DevOps Demos - CDG - anycast-ingress-cdg.worker.demo IPv4\\nState: Established\\nConfig status: 1\\nLast update: 2025-10-06 08:53:04\\nRoutes: 45.54.50.0/24 via 176.58.90.141\",\"config_status\":\"1\",\"customer_ip\":\"176.58.90.141\",\"description\":\"Craig's DevOps Demos - CDG - anycast-ingress-cdg.worker.demo IPv4\",\"group_id\":3247,\"group_name\":\"Craig's DevOps Demos\",\"last_update\":\"2025-10-06 08:53:04\",\"local_ip\":\"176.58.90.141\",\"remote_ip\":\"176.58.90.224\",\"remote_ip_type\":\"ipv4\",\"remote_prefix\":\"176.58.90.224/32\",\"routes\":[{\"metric_loc_prf_weight\":0,\"next_hop\":\"176.58.90.141\",\"origin\":\"63911\",\"path\":[\"63911\"],\"prefix\":\"45.54.50.0/24\"}],\"session_name\":\"\",\"state\":\"Established\",\"status\":\"active\"},\"ipv6|2a00:dd80:3e::e84\":{\"comment\":\"Description: Craig's DevOps Demos - CDG - anycast-ingress-cdg.worker.demo IPv6\\nState: Active\\nConfig status: 1\\nLast update: 2025-10-06 08:53:01\",\"config_status\":\"1\",\"customer_ip\":\"2a00:dd80:3e::28f\",\"description\":\"Craig's DevOps Demos - CDG - anycast-ingress-cdg.worker.demo IPv6\",\"group_id\":3247,\"group_name\":\"Craig's DevOps Demos\",\"last_update\":\"2025-10-06 08:53:01\",\"local_ip\":\"2a00:dd80:3e::28f\",\"remote_ip\":\"2a00:dd80:3e::e84\",\"remote_ip_type\":\"ipv6\",\"remote_prefix\":\"2a00:dd80:3e::e84/128\",\"routes\":[],\"session_name\":\"\",\"state\":\"Active\",\"status\":\"failed\"}}\n\n🔧 BGP Session Details (JSON):\n\n  {\"group_id\":3247,\"group_name\":\"Craig's DevOps Demos\",\"sessions\":[{\"config_status\":\"1\",\"customer_asn\":63911,\"customer_peer_ip\":\"2a00:dd80:3e::28f\",\"description\":\"Craig's DevOps Demos - CDG - anycast-ingress-cdg.worker.demo IPv6\",\"group_id\":3247,\"group_name\":\"Craig's DevOps Demos\",\"id\":51146,\"last_update\":\"2025-10-06 08:53:01\",\"location_name\":\"CDG - Paris, France\",\"locked\":false,\"mb_id\":0,\"provider_asn\":36236,\"provider_ip_type\":\"ipv6\",\"provider_peer_ip\":\"2a00:dd80:3e::e84\",\"routes_received\":\"\",\"state\":\"Active\"},{\"config_status\":\"1\",\"customer_asn\":63911,\"customer_peer_ip\":\"176.58.90.141\",\"description\":\"Craig's DevOps Demos - CDG - anycast-ingress-cdg.worker.demo IPv4\",\"group_id\":3247,\"group_name\":\"Craig's DevOps Demos\",\"id\":51145,\"last_update\":\"2025-10-06 08:53:04\",\"location_name\":\"CDG - Paris, France\",\"locked\":false,\"mb_id\":0,\"provider_asn\":36236,\"provider_ip_type\":\"ipv4\",\"provider_peer_ip\":\"176.58.90.224\",\"routes_received\":\"[{\\\"path\\\": [\\\"63911\\\"], \\\"origin\\\": \\\"63911\\\", \\\"prefix\\\": \\\"45.54.50.0/24\\\", \\\"next_hop\\\": \\\"176.58.90.141\\\", \\\"metric_loc_prf_weight\\\": 0}]\",\"state\":\"Established\"}]}","custom_fields":{"na_asn":"63911","na_bgp_ipv4_prefix":"45.54.50.0/24","na_contract_id":"440","na_image":"Ubuntu 24.04 LTS (20240423)","na_image_id":"5787","na_location_id":"82","na_plan":"VR1x1x25","na_plan_id":"668","na_public_ipv4":"176.58.90.141","na_public_ipv6":"2a00:dd80:3e::28f","na_server_id":"572162","zz_bgp_connection_info":"2a00:dd80:3e::e84 (ipv6): state=Active config=1 locked=false last=2025-10-06 08:53:01\n176.58.90.224 (ipv4): state=Established config=1 locked=false last=2025-10-06 08:53:04","zz_bgp_local_info":"Hostname: anycast-ingress-cdg.worker.demo\nLocal ASN: 63911\nPublic IPv4: 176.58.90.141\nPublic IPv6: 2a00:dd80:3e::28f\nCustomer IPs: 2a00:dd80:3e::28f, 176.58.90.141","zz_bgp_remote_info":"Group: Craig's DevOps Demos\nProvider ASN: 36236\nProvider IPv4: 176.58.90.224\nProvider IPv6: 2a00:dd80:3e::e84","zz_bgp_routes_info":"45.54.50.0/24 via 176.58.90.141 (origin 63911)"},"description":"NetActuate plan VR1x1x25","device_id":0,"disk_size_mb":25600,"id":"51","local_context_data":"","memory_mb":1024,"name":"anycast-ingress-cdg.worker.demo","platform_id":0,"primary_ipv4":52,"primary_ipv6":0,"role_id":0,"site_id":45,"status":"active","tags":["anycast"],"tags_all":["anycast"],"tenant_id":0,"vcpus":1},"sensitive_attributes":[],"private":"eyJzY2hlbWFfdmVyc2lvbiI6IjIifQ==","dependencies":["module.pop.data.netactuate_bgp_sessions.vm","module.pop.data.netactuate_server.vm","module.pop.netactuate_server.vm","module.pop.netbox_cluster.this","module.pop.netbox_site.this","netbox_cluster_type.hypervisor","netbox_custom_field.na_asn","netbox_custom_field.na_bgp_ipv4_prefix","netbox_custom_field.na_contract_id","netbox_custom_field.na_image","netbox_custom_field.na_image_id","netbox_custom_field.na_location_id","netbox_custom_field.na_plan","netbox_custom_field.na_plan_id","netbox_custom_field.na_public_ipv4","netbox_custom_field.na_public_ipv6","netbox_custom_field.na_server_id","netbox_custom_field.zz_bgp_connection_info","netbox_custom_field.zz_bgp_local_info","netbox_custom_field.zz_bgp_remote_info","netbox_custom_field.zz_bgp_routes_info","netbox_tag.anycast"]}]},{"module":"module.pop[\"CHI\"]","mode":"data","type":"netactuate_bgp_sessions","name":"vm","provider":"provider[\"registry.opentofu.org/netactuate/netactuate\"]","instances":[{"schema_version":0,"attributes":{"id":"572142","mbpkgid":572142,"sessions":[{"config_status":"1","customer_asn":63911,"customer_peer_ip":"2607:f740:e::912","description":"Craig's DevOps Demos - CHI - anycast-ingress-chi.worker.demo IPv6","group_id":3247,"group_name":"Craig's DevOps Demos","id":51134,"last_update":"2025-10-06 08:49:25","location_name":"CHI - Chicago, IL","locked":false,"mb_id":0,"provider_asn":36236,"provider_ip_type":"ipv6","provider_peer_ip":"2607:f740:e::e9e","routes_received":"","state":"Active"},{"config_status":"1","customer_asn":63911,"customer_peer_ip":"209.177.158.233","description":"Craig's DevOps Demos - CHI - anycast-ingress-chi.worker.demo IPv4","group_id":3247,"group_name":"Craig's DevOps Demos","id":51133,"last_update":"2025-10-06 08:49:28","location_name":"CHI - Chicago, IL","locked":false,"mb_id":0,"provider_asn":36236,"provider_ip_type":"ipv4","provider_peer_ip":"209.177.158.22","routes_received":"[{\"path\": [\"63911\"], \"origin\": \"63911\", \"prefix\": \"45.54.50.0/24\", \"next_hop\": \"209.177.158.233\", \"metric_loc_prf_weight\": 0}]","state":"Established"}]},"sensitive_attributes":[]}]},{"module":"module.pop[\"CHI\"]","mode":"data","type":"netactuate_server","name":"vm","provider":"provider[\"registry.opentofu.org/netactuate/netactuate\"]","instances":[{"schema_version":0,"attributes":{"bgp_peers":[{"group_id":3247,"ipv4":["209.177.158.22"],"ipv6":["2607:f740:e::e9e"],"localasn":63911,"localpeerv4":"209.177.158.233","localpeerv6":"2607:f740:e::912","peerasn":36236}],"hostname":"anycast-ingress-chi.worker.demo","id":572142,"image":"Ubuntu 24.04 LTS (20240423)","image_id":5787,"ip_v4":"209.177.158.233","ip_v6":"2607:f740:e::912","location_id":31,"package":"VR1x1x25","plan_id":668,"public_ipv4":"209.177.158.233","public_ipv6":"2607:f740:e::912","state":"UP","status":"RUNNING"},"sensitive_attributes":[]}]},{"module":"module.pop[\"CHI\"]","mode":"managed","type":"netactuate_bgp_sessions","name":"bgp","provider":"provider[\"registry.opentofu.org/netactuate/netactuate\"]","instances":[{"index_key":0,"schema_version":0,"attributes":{"group_id":3247,"id":"572142","ipv6":true,"mbpkgid":572142,"redundant":false},"sensitive_attributes":[],"private":"bnVsbA==","dependencies":["module.pop.netactuate_server.vm","netbox_custom_field.na_asn","netbox_custom_field.na_bgp_ipv4_prefix","netbox_custom_field.na_contract_id","netbox_custom_field.na_image","netbox_custom_field.na_image_id","netbox_custom_field.na_location_id","netbox_custom_field.na_plan","netbox_custom_field.na_plan_id","netbox_custom_field.na_public_ipv4","netbox_custom_field.na_public_ipv6","netbox_custom_field.na_server_id","netbox_custom_field.zz_bgp_connection_info","netbox_custom_field.zz_bgp_local_info","netbox_custom_field.zz_bgp_remote_info","netbox_custom_field.zz_bgp_routes_info"]}]},{"module":"module.pop[\"CHI\"]","mode":"managed","type":"netactuate_server","name":"vm","provider":"provider[\"registry.opentofu.org/netactuate/netactuate\"]","instances":[{"schema_version":0,"attributes":{"cloud_config":null,"hostname":"anycast-ingress-chi.worker.demo","id":"572142","image":null,"image_id":5787,"location":null,"location_id":31,"package_billing":"usage","package_billing_contract_id":"440","package_billing_opt_in":null,"params":"","password":null,"plan":"VR1x1x25","primary_ipv4":"209.177.158.233","primary_ipv6":"2607:f740:e::912","ssh_key":null,"ssh_key_id":8199,"user_data":null,"user_data_base64":null},"sensitive_attributes":[[{"type":"get_attr","value":"password"}]],"private":"bnVsbA==","dependencies":["netbox_custom_field.na_asn","netbox_custom_field.na_bgp_ipv4_prefix","netbox_custom_field.na_contract_id","netbox_custom_field.na_image","netbox_custom_field.na_image_id","netbox_custom_field.na_location_id","netbox_custom_field.na_plan","netbox_custom_field.na_plan_id","netbox_custom_field.na_public_ipv4","netbox_custom_field.na_public_ipv6","netbox_custom_field.na_server_id","netbox_custom_field.zz_bgp_connection_info","netbox_custom_field.zz_bgp_local_info","netbox_custom_field.zz_bgp_remote_info","netbox_custom_field.zz_bgp_routes_info"]}]},{"module":"module.pop[\"CHI\"]","mode":"managed","type":"netbox_cluster","name":"this","provider":"provider[\"registry.opentofu.org/e-breuninger/netbox\"]","instances":[{"schema_version":0,"attributes":{"cluster_group_id":0,"cluster_type_id":6,"comments":"","description":"","id":"39","name":"CHI-cluster","site_id":40,"tags":[],"tags_all":[],"tenant_id":0},"sensitive_attributes":[],"private":"bnVsbA==","dependencies":["module.pop.netbox_site.this","netbox_cluster_type.hypervisor","netbox_custom_field.na_asn","netbox_custom_field.na_bgp_ipv4_prefix","netbox_custom_field.na_contract_id","netbox_custom_field.na_image","netbox_custom_field.na_image_id","netbox_custom_field.na_location_id","netbox_custom_field.na_plan","netbox_custom_field.na_plan_id","netbox_custom_field.na_public_ipv4","netbox_custom_field.na_public_ipv6","netbox_custom_field.na_server_id","netbox_custom_field.zz_bgp_connection_info","netbox_custom_field.zz_bgp_local_info","netbox_custom_field.zz_bgp_remote_info","netbox_custom_field.zz_bgp_routes_info"]}]},{"module":"module.pop[\"CHI\"]","mode":"managed","type":"netbox_device","name":"this","provider":"provider[\"registry.opentofu.org/e-breuninger/netbox\"]","instances":[{"schema_version":0,"attributes":{"asset_tag":"","cluster_id":0,"comments":"","config_template_id":0,"custom_fields":null,"description":"","device_type_id":1,"id":"15","local_context_data":"","location_id":0,"name":"anycast-ingress-chi.worker.demo","platform_id":0,"primary_ipv4":0,"primary_ipv6":0,"rack_face":"","rack_id":0,"rack_position":0,"role_id":1,"serial":"","site_id":40,"status":"active","tags":["anycast"],"tags_all":["anycast"],"tenant_id":0,"virtual_chassis_id":0,"virtual_chassis_master":false,"virtual_chassis_position":0,"virtual_chassis_priority":0},"sensitive_attributes":[],"private":"bnVsbA==","dependencies":["module.pop.netactuate_server.vm","module.pop.netbox_site.this","netbox_custom_field.na_asn","netbox_custom_field.na_bgp_ipv4_prefix","netbox_custom_field.na_contract_id","netbox_custom_field.na_image","netbox_custom_field.na_image_id","netbox_custom_field.na_location_id","netbox_custom_field.na_plan","netbox_custom_field.na_plan_id","netbox_custom_field.na_public_ipv4","netbox_custom_field.na_public_ipv6","netbox_custom_field.na_server_id","netbox_custom_field.zz_bgp_connection_info","netbox_custom_field.zz_bgp_local_info","netbox_custom_field.zz_bgp_remote_info","netbox_custom_field.zz_bgp_routes_info","netbox_device_role.anycast_worker","netbox_device_type.anycast_worker","netbox_manufacturer.netactuate","netbox_tag.anycast"]}]},{"module":"module.pop[\"CHI\"]","mode":"managed","type":"netbox_interface","name":"eth0","provider":"provider[\"registry.opentofu.org/e-breuninger/netbox\"]","instances":[{"schema_version":0,"attributes":{"description":"","enabled":true,"id":"39","mac_address":"","mode":null,"mtu":0,"name":"eth0","tagged_vlans":[],"tags":[],"tags_all":[],"type":null,"untagged_vlan":null,"virtual_machine_id":40},"sensitive_attributes":[],"private":"bnVsbA==","dependencies":["module.pop.data.netactuate_bgp_sessions.vm","module.pop.data.netactuate_server.vm","module.pop.netactuate_server.vm","module.pop.netbox_cluster.this","module.pop.netbox_site.this","module.pop.netbox_virtual_machine.this","netbox_cluster_type.hypervisor","netbox_custom_field.na_asn","netbox_custom_field.na_bgp_ipv4_prefix","netbox_custom_field.na_contract_id","netbox_custom_field.na_image","netbox_custom_field.na_image_id","netbox_custom_field.na_location_id","netbox_custom_field.na_plan","netbox_custom_field.na_plan_id","netbox_custom_field.na_public_ipv4","netbox_custom_field.na_public_ipv6","netbox_custom_field.na_server_id","netbox_custom_field.zz_bgp_connection_info","netbox_custom_field.zz_bgp_local_info","netbox_custom_field.zz_bgp_remote_info","netbox_custom_field.zz_bgp_routes_info","netbox_tag.anycast"]}]},{"module":"module.pop[\"CHI\"]","mode":"managed","type":"netbox_ip_address","name":"public_v4","provider":"provider[\"registry.opentofu.org/e-breuninger/netbox\"]","instances":[{"schema_version":0,"attributes":{"custom_fields":null,"description":"","device_interface_id":null,"dns_name":"anycast-ingress-chi.worker.demo","id":"39","interface_id":null,"ip_address":"209.177.158.233/32","nat_inside_address_id":0,"nat_outside_addresses":[],"object_type":null,"role":"","status":"active","tags":[],"tags_all":[],"tenant_id":0,"virtual_machine_interface_id":39,"vrf_id":0},"sensitive_attributes":[],"private":"bnVsbA==","dependencies":["module.pop.data.netactuate_bgp_sessions.vm","module.pop.data.netactuate_server.vm","module.pop.netactuate_server.vm","module.pop.netbox_cluster.this","module.pop.netbox_interface.eth0","module.pop.netbox_site.this","module.pop.netbox_virtual_machine.this","netbox_cluster_type.hypervisor","netbox_custom_field.na_asn","netbox_custom_field.na_bgp_ipv4_prefix","netbox_custom_field.na_bgp_peers","netbox_custom_field.na_bgp_session_details","netbox_custom_field.na_contract_id","netbox_custom_field.na_image","netbox_custom_field.na_image_id","netbox_custom_field.na_location_id","netbox_custom_field.na_plan","netbox_custom_field.na_plan_id","netbox_custom_field.na_public_ipv4","netbox_custom_field.na_public_ipv6","netbox_custom_field.na_server_id","netbox_custom_field.zz_bgp_connection_info","netbox_custom_field.zz_bgp_local_info","netbox_custom_field.zz_bgp_remote_info","netbox_custom_field.zz_bgp_routes_info","netbox_tag.anycast"]}]},{"module":"module.pop[\"CHI\"]","mode":"managed","type":"netbox_primary_ip","name":"vm_primary_v4","provider":"provider[\"registry.opentofu.org/e-breuninger/netbox\"]","instances":[{"schema_version":0,"attributes":{"id":"40","ip_address_id":39,"ip_address_version":4,"virtual_machine_id":40},"sensitive_attributes":[],"private":"bnVsbA==","dependencies":["module.pop.data.netactuate_bgp_sessions.vm","module.pop.data.netactuate_server.vm","module.pop.netactuate_server.vm","module.pop.netbox_cluster.this","module.pop.netbox_interface.eth0","module.pop.netbox_ip_address.public_v4","module.pop.netbox_site.this","module.pop.netbox_virtual_machine.this","netbox_cluster_type.hypervisor","netbox_custom_field.na_asn","netbox_custom_field.na_bgp_ipv4_prefix","netbox_custom_field.na_contract_id","netbox_custom_field.na_image","netbox_custom_field.na_image_id","netbox_custom_field.na_location_id","netbox_custom_field.na_plan","netbox_custom_field.na_plan_id","netbox_custom_field.na_public_ipv4","netbox_custom_field.na_public_ipv6","netbox_custom_field.na_server_id","netbox_custom_field.zz_bgp_connection_info","netbox_custom_field.zz_bgp_local_info","netbox_custom_field.zz_bgp_remote_info","netbox_custom_field.zz_bgp_routes_info","netbox_tag.anycast"]}]},{"module":"module.pop[\"CHI\"]","mode":"managed","type":"netbox_service","name":"bgp179","provider":"provider[\"registry.opentofu.org/e-breuninger/netbox\"]","instances":[{"schema_version":0,"attributes":{"custom_fields":null,"description":"Anycast ingress BGP (TCP/179)","device_id":0,"id":"40","name":"bgp","port":null,"ports":[179],"protocol":"tcp","tags":[],"tags_all":[],"virtual_machine_id":40},"sensitive_attributes":[],"private":"bnVsbA==","dependencies":["module.pop.data.netactuate_bgp_sessions.vm","module.pop.data.netactuate_server.vm","module.pop.netactuate_server.vm","module.pop.netbox_cluster.this","module.pop.netbox_site.this","module.pop.netbox_virtual_machine.this","netbox_cluster_type.hypervisor","netbox_custom_field.na_asn","netbox_custom_field.na_bgp_ipv4_prefix","netbox_custom_field.na_contract_id","netbox_custom_field.na_image","netbox_custom_field.na_image_id","netbox_custom_field.na_location_id","netbox_custom_field.na_plan","netbox_custom_field.na_plan_id","netbox_custom_field.na_public_ipv4","netbox_custom_field.na_public_ipv6","netbox_custom_field.na_server_id","netbox_custom_field.zz_bgp_connection_info","netbox_custom_field.zz_bgp_local_info","netbox_custom_field.zz_bgp_remote_info","netbox_custom_field.zz_bgp_routes_info","netbox_tag.anycast"]}]},{"module":"module.pop[\"CHI\"]","mode":"managed","type":"netbox_site","name":"this","provider":"provider[\"registry.opentofu.org/e-breuninger/netbox\"]","instances":[{"schema_version":0,"attributes":{"asn_ids":[],"comments":"","custom_fields":null,"description":"NetActuate PoP CHI","facility":"","group_id":0,"id":"40","latitude":0,"longitude":0,"name":"CHI","physical_address":"","region_id":0,"shipping_address":"","slug":"chi","status":"active","tags":[],"tags_all":[],"tenant_id":0,"timezone":""},"sensitive_attributes":[],"private":"bnVsbA==","dependencies":["netbox_custom_field.na_asn","netbox_custom_field.na_bgp_ipv4_prefix","netbox_custom_field.na_contract_id","netbox_custom_field.na_image","netbox_custom_field.na_image_id","netbox_custom_field.na_location_id","netbox_custom_field.na_plan","netbox_custom_field.na_plan_id","netbox_custom_field.na_public_ipv4","netbox_custom_field.na_public_ipv6","netbox_custom_field.na_server_id","netbox_custom_field.zz_bgp_connection_info","netbox_custom_field.zz_bgp_local_info","netbox_custom_field.zz_bgp_remote_info","netbox_custom_field.zz_bgp_routes_info"]}]},{"module":"module.pop[\"CHI\"]","mode":"managed","type":"netbox_virtual_machine","name":"this","provider":"provider[\"registry.opentofu.org/e-breuninger/netbox\"]","instances":[{"schema_version":2,"attributes":{"cluster_id":39,"comments":"🚀 NetActuate Server Details:\n\n  • Server ID: 572142\n\n  • Contract ID: 440\n\n  • Location ID: 31\n\n  • Image: Ubuntu 24.04 LTS (20240423) (ID 5787)\n\n  • IPv4 Prefix: 45.54.50.0/24\n\n📋 BGP Local Info:\n\n  Hostname: anycast-ingress-chi.worker.demo\nLocal ASN: 63911\nPublic IPv4: 209.177.158.233\nPublic IPv6: 2607:f740:e::912\nCustomer IPs: 2607:f740:e::912, 209.177.158.233\n\n🌐 BGP Remote Info:\n\n  Group: Craig's DevOps Demos\nProvider ASN: 36236\nProvider IPv4: 209.177.158.22\nProvider IPv6: 2607:f740:e::e9e\n\n🔗 BGP Connection Status:\n\n  2607:f740:e::e9e (ipv6): state=Active config=1 locked=false last=2025-10-06 08:49:25\n209.177.158.22 (ipv4): state=Established config=1 locked=false last=2025-10-06 08:49:28\n\n📊 BGP Routes:\n\n  45.54.50.0/24 via 209.177.158.233 (origin 63911)\n\n📡 BGP Peers (JSON):\n\n  {\"ipv4|209.177.158.22\":{\"comment\":\"Description: Craig's DevOps Demos - CHI - anycast-ingress-chi.worker.demo IPv4\\nState: Established\\nConfig status: 1\\nLast update: 2025-10-06 08:49:28\\nRoutes: 45.54.50.0/24 via 209.177.158.233\",\"config_status\":\"1\",\"customer_ip\":\"209.177.158.233\",\"description\":\"Craig's DevOps Demos - CHI - anycast-ingress-chi.worker.demo IPv4\",\"group_id\":3247,\"group_name\":\"Craig's DevOps Demos\",\"last_update\":\"2025-10-06 08:49:28\",\"local_ip\":\"209.177.158.233\",\"remote_ip\":\"209.177.158.22\",\"remote_ip_type\":\"ipv4\",\"remote_prefix\":\"209.177.158.22/32\",\"routes\":[{\"metric_loc_prf_weight\":0,\"next_hop\":\"209.177.158.233\",\"origin\":\"63911\",\"path\":[\"63911\"],\"prefix\":\"45.54.50.0/24\"}],\"session_name\":\"\",\"state\":\"Established\",\"status\":\"active\"},\"ipv6|2607:f740:e::e9e\":{\"comment\":\"Description: Craig's DevOps Demos - CHI - anycast-ingress-chi.worker.demo IPv6\\nState: Active\\nConfig status: 1\\nLast update: 2025-10-06 08:49:25\",\"config_status\":\"1\",\"customer_ip\":\"2607:f740:e::912\",\"description\":\"Craig's DevOps Demos - CHI - anycast-ingress-chi.worker.demo IPv6\",\"group_id\":3247,\"group_name\":\"Craig's DevOps Demos\",\"last_update\":\"2025-10-06 08:49:25\",\"local_ip\":\"2607:f740:e::912\",\"remote_ip\":\"2607:f740:e::e9e\",\"remote_ip_type\":\"ipv6\",\"remote_prefix\":\"2607:f740:e::e9e/128\",\"routes\":[],\"session_name\":\"\",\"state\":\"Active\",\"status\":\"failed\"}}\n\n🔧 BGP Session Details (JSON):\n\n  {\"group_id\":3247,\"group_name\":\"Craig's DevOps Demos\",\"sessions\":[{\"config_status\":\"1\",\"customer_asn\":63911,\"customer_peer_ip\":\"2607:f740:e::912\",\"description\":\"Craig's DevOps Demos - CHI - anycast-ingress-chi.worker.demo IPv6\",\"group_id\":3247,\"group_name\":\"Craig's DevOps Demos\",\"id\":51134,\"last_update\":\"2025-10-06 08:49:25\",\"location_name\":\"CHI - Chicago, IL\",\"locked\":false,\"mb_id\":0,\"provider_asn\":36236,\"provider_ip_type\":\"ipv6\",\"provider_peer_ip\":\"2607:f740:e::e9e\",\"routes_received\":\"\",\"state\":\"Active\"},{\"config_status\":\"1\",\"customer_asn\":63911,\"customer_peer_ip\":\"209.177.158.233\",\"description\":\"Craig's DevOps Demos - CHI - anycast-ingress-chi.worker.demo IPv4\",\"group_id\":3247,\"group_name\":\"Craig's DevOps Demos\",\"id\":51133,\"last_update\":\"2025-10-06 08:49:28\",\"location_name\":\"CHI - Chicago, IL\",\"locked\":false,\"mb_id\":0,\"provider_asn\":36236,\"provider_ip_type\":\"ipv4\",\"provider_peer_ip\":\"209.177.158.22\",\"routes_received\":\"[{\\\"path\\\": [\\\"63911\\\"], \\\"origin\\\": \\\"63911\\\", \\\"prefix\\\": \\\"45.54.50.0/24\\\", \\\"next_hop\\\": \\\"209.177.158.233\\\", \\\"metric_loc_prf_weight\\\": 0}]\",\"state\":\"Established\"}]}","custom_fields":{"na_asn":"63911","na_bgp_ipv4_prefix":"45.54.50.0/24","na_contract_id":"440","na_image":"Ubuntu 24.04 LTS (20240423)","na_image_id":"5787","na_location_id":"31","na_plan":"VR1x1x25","na_plan_id":"668","na_public_ipv4":"209.177.158.233","na_public_ipv6":"2607:f740:e::912","na_server_id":"572142","zz_bgp_connection_info":"2607:f740:e::e9e (ipv6): state=Active config=1 locked=false last=2025-10-06 08:49:25\n209.177.158.22 (ipv4): state=Established config=1 locked=false last=2025-10-06 08:49:28","zz_bgp_local_info":"Hostname: anycast-ingress-chi.worker.demo\nLocal ASN: 63911\nPublic IPv4: 209.177.158.233\nPublic IPv6: 2607:f740:e::912\nCustomer IPs: 2607:f740:e::912, 209.177.158.233","zz_bgp_remote_info":"Group: Craig's DevOps Demos\nProvider ASN: 36236\nProvider IPv4: 209.177.158.22\nProvider IPv6: 2607:f740:e::e9e","zz_bgp_routes_info":"45.54.50.0/24 via 209.177.158.233 (origin 63911)"},"description":"NetActuate plan VR1x1x25","device_id":0,"disk_size_mb":25600,"id":"40","local_context_data":"","memory_mb":1024,"name":"anycast-ingress-chi.worker.demo","platform_id":0,"primary_ipv4":39,"primary_ipv6":0,"role_id":0,"site_id":40,"status":"active","tags":["anycast"],"tags_all":["anycast"],"tenant_id":0,"vcpus":1},"sensitive_attributes":[],"private":"eyJzY2hlbWFfdmVyc2lvbiI6IjIifQ==","dependencies":["module.pop.data.netactuate_bgp_sessions.vm","module.pop.data.netactuate_server.vm","module.pop.netactuate_server.vm","module.pop.netbox_cluster.this","module.pop.netbox_site.this","netbox_cluster_type.hypervisor","netbox_custom_field.na_asn","netbox_custom_field.na_bgp_ipv4_prefix","netbox_custom_field.na_contract_id","netbox_custom_field.na_image","netbox_custom_field.na_image_id","netbox_custom_field.na_location_id","netbox_custom_field.na_plan","netbox_custom_field.na_plan_id","netbox_custom_field.na_public_ipv4","netbox_custom_field.na_public_ipv6","netbox_custom_field.na_server_id","netbox_custom_field.zz_bgp_connection_info","netbox_custom_field.zz_bgp_local_info","netbox_custom_field.zz_bgp_remote_info","netbox_custom_field.zz_bgp_routes_info","netbox_tag.anycast"]}]},{"module":"module.pop[\"DEN\"]","mode":"data","type":"netactuate_bgp_sessions","name":"vm","provider":"provider[\"registry.opentofu.org/netactuate/netactuate\"]","instances":[{"schema_version":0,"attributes":{"id":"572145","mbpkgid":572145,"sessions":[{"config_status":"1","customer_asn":63911,"customer_peer_ip":"192.73.242.78","description":"Craig's DevOps Demos - DEN - anycast-ingress-den.worker.demo IPv4","group_id":3247,"group_name":"Craig's DevOps Demos","id":51129,"last_update":"2025-10-06 08:49:30","location_name":"DEN - Denver, CO","locked":false,"mb_id":0,"provider_asn":36236,"provider_ip_type":"ipv4","provider_peer_ip":"192.73.242.90","routes_received":"[{\"path\": [\"63911\"], \"origin\": \"63911\", \"prefix\": \"45.54.50.0/24\", \"next_hop\": \"192.73.242.78\", \"metric_loc_prf_weight\": 0}]","state":"Established"},{"config_status":"1","customer_asn":63911,"customer_peer_ip":"2607:f740:16::573","description":"Craig's DevOps Demos - DEN - anycast-ingress-den.worker.demo IPv6","group_id":3247,"group_name":"Craig's DevOps Demos","id":51130,"last_update":"2025-10-06 08:49:31","location_name":"DEN - Denver, CO","locked":false,"mb_id":0,"provider_asn":36236,"provider_ip_type":"ipv6","provider_peer_ip":"2607:f740:16::a7","routes_received":"","state":"Active"}]},"sensitive_attributes":[]}]},{"module":"module.pop[\"DEN\"]","mode":"data","type":"netactuate_server","name":"vm","provider":"provider[\"registry.opentofu.org/netactuate/netactuate\"]","instances":[{"schema_version":0,"attributes":{"bgp_peers":[{"group_id":3247,"ipv4":["192.73.242.90"],"ipv6":["2607:f740:16::a7"],"localasn":63911,"localpeerv4":"192.73.242.78","localpeerv6":"2607:f740:16::573","peerasn":36236}],"hostname":"anycast-ingress-den.worker.demo","id":572145,"image":"Ubuntu 24.04 LTS (20240423)","image_id":5787,"ip_v4":"192.73.242.78","ip_v6":"2607:f740:16::573","location_id":122,"package":"VR1x1x25","plan_id":668,"public_ipv4":"192.73.242.78","public_ipv6":"2607:f740:16::573","state":"UP","status":"RUNNING"},"sensitive_attributes":[]}]},{"module":"module.pop[\"DEN\"]","mode":"managed","type":"netactuate_bgp_sessions","name":"bgp","provider":"provider[\"registry.opentofu.org/netactuate/netactuate\"]","instances":[{"index_key":0,"schema_version":0,"attributes":{"group_id":3247,"id":"572145","ipv6":true,"mbpkgid":572145,"redundant":false},"sensitive_attributes":[],"private":"bnVsbA==","dependencies":["module.pop.netactuate_server.vm","netbox_custom_field.na_asn","netbox_custom_field.na_bgp_ipv4_prefix","netbox_custom_field.na_contract_id","netbox_custom_field.na_image","netbox_custom_field.na_image_id","netbox_custom_field.na_location_id","netbox_custom_field.na_plan","netbox_custom_field.na_plan_id","netbox_custom_field.na_public_ipv4","netbox_custom_field.na_public_ipv6","netbox_custom_field.na_server_id","netbox_custom_field.zz_bgp_connection_info","netbox_custom_field.zz_bgp_local_info","netbox_custom_field.zz_bgp_remote_info","netbox_custom_field.zz_bgp_routes_info"]}]},{"module":"module.pop[\"DEN\"]","mode":"managed","type":"netactuate_server","name":"vm","provider":"provider[\"registry.opentofu.org/netactuate/netactuate\"]","instances":[{"schema_version":0,"attributes":{"cloud_config":null,"hostname":"anycast-ingress-den.worker.demo","id":"572145","image":null,"image_id":5787,"location":null,"location_id":122,"package_billing":"usage","package_billing_contract_id":"440","package_billing_opt_in":null,"params":"","password":null,"plan":"VR1x1x25","primary_ipv4":"192.73.242.78","primary_ipv6":"2607:f740:16::573","ssh_key":null,"ssh_key_id":8199,"user_data":null,"user_data_base64":null},"sensitive_attributes":[[{"type":"get_attr","value":"password"}]],"private":"bnVsbA==","dependencies":["netbox_custom_field.na_asn","netbox_custom_field.na_bgp_ipv4_prefix","netbox_custom_field.na_contract_id","netbox_custom_field.na_image","netbox_custom_field.na_image_id","netbox_custom_field.na_location_id","netbox_custom_field.na_plan","netbox_custom_field.na_plan_id","netbox_custom_field.na_public_ipv4","netbox_custom_field.na_public_ipv6","netbox_custom_field.na_server_id","netbox_custom_field.zz_bgp_connection_info","netbox_custom_field.zz_bgp_local_info","netbox_custom_field.zz_bgp_remote_info","netbox_custom_field.zz_bgp_routes_info"]}]},{"module":"module.pop[\"DEN\"]","mode":"managed","type":"netbox_cluster","name":"this","provider":"provider[\"registry.opentofu.org/e-breuninger/netbox\"]","instances":[{"schema_version":0,"attributes":{"cluster_group_id":0,"cluster_type_id":6,"comments":"","description":"","id":"42","name":"DEN-cluster","site_id":41,"tags":[],"tags_all":[],"tenant_id":0},"sensitive_attributes":[],"private":"bnVsbA==","dependencies":["module.pop.netbox_site.this","netbox_cluster_type.hypervisor","netbox_custom_field.na_asn","netbox_custom_field.na_bgp_ipv4_prefix","netbox_custom_field.na_contract_id","netbox_custom_field.na_image","netbox_custom_field.na_image_id","netbox_custom_field.na_location_id","netbox_custom_field.na_plan","netbox_custom_field.na_plan_id","netbox_custom_field.na_public_ipv4","netbox_custom_field.na_public_ipv6","netbox_custom_field.na_server_id","netbox_custom_field.zz_bgp_connection_info","netbox_custom_field.zz_bgp_local_info","netbox_custom_field.zz_bgp_remote_info","netbox_custom_field.zz_bgp_routes_info"]}]},{"module":"module.pop[\"DEN\"]","mode":"managed","type":"netbox_device","name":"this","provider":"provider[\"registry.opentofu.org/e-breuninger/netbox\"]","instances":[{"schema_version":0,"attributes":{"asset_tag":"","cluster_id":0,"comments":"","config_template_id":0,"custom_fields":null,"description":"","device_type_id":1,"id":"13","local_context_data":"","location_id":0,"name":"anycast-ingress-den.worker.demo","platform_id":0,"primary_ipv4":0,"primary_ipv6":0,"rack_face":"","rack_id":0,"rack_position":0,"role_id":1,"serial":"","site_id":41,"status":"active","tags":["anycast"],"tags_all":["anycast"],"tenant_id":0,"virtual_chassis_id":0,"virtual_chassis_master":false,"virtual_chassis_position":0,"virtual_chassis_priority":0},"sensitive_attributes":[],"private":"bnVsbA==","dependencies":["module.pop.netactuate_server.vm","module.pop.netbox_site.this","netbox_custom_field.na_asn","netbox_custom_field.na_bgp_ipv4_prefix","netbox_custom_field.na_contract_id","netbox_custom_field.na_image","netbox_custom_field.na_image_id","netbox_custom_field.na_location_id","netbox_custom_field.na_plan","netbox_custom_field.na_plan_id","netbox_custom_field.na_public_ipv4","netbox_custom_field.na_public_ipv6","netbox_custom_field.na_server_id","netbox_custom_field.zz_bgp_connection_info","netbox_custom_field.zz_bgp_local_info","netbox_custom_field.zz_bgp_remote_info","netbox_custom_field.zz_bgp_routes_info","netbox_device_role.anycast_worker","netbox_device_type.anycast_worker","netbox_manufacturer.netactuate","netbox_tag.anycast"]}]},{"module":"module.pop[\"DEN\"]","mode":"managed","type":"netbox_interface","name":"eth0","provider":"provider[\"registry.opentofu.org/e-breuninger/netbox\"]","instances":[{"schema_version":0,"attributes":{"description":"","enabled":true,"id":"37","mac_address":"","mode":null,"mtu":0,"name":"eth0","tagged_vlans":[],"tags":[],"tags_all":[],"type":null,"untagged_vlan":null,"virtual_machine_id":38},"sensitive_attributes":[],"private":"bnVsbA==","dependencies":["module.pop.data.netactuate_bgp_sessions.vm","module.pop.data.netactuate_server.vm","module.pop.netactuate_server.vm","module.pop.netbox_cluster.this","module.pop.netbox_site.this","module.pop.netbox_virtual_machine.this","netbox_cluster_type.hypervisor","netbox_custom_field.na_asn","netbox_custom_field.na_bgp_ipv4_prefix","netbox_custom_field.na_contract_id","netbox_custom_field.na_image","netbox_custom_field.na_image_id","netbox_custom_field.na_location_id","netbox_custom_field.na_plan","netbox_custom_field.na_plan_id","netbox_custom_field.na_public_ipv4","netbox_custom_field.na_public_ipv6","netbox_custom_field.na_server_id","netbox_custom_field.zz_bgp_connection_info","netbox_custom_field.zz_bgp_local_info","netbox_custom_field.zz_bgp_remote_info","netbox_custom_field.zz_bgp_routes_info","netbox_tag.anycast"]}]},{"module":"module.pop[\"DEN\"]","mode":"managed","type":"netbox_ip_address","name":"public_v4","provider":"provider[\"registry.opentofu.org/e-breuninger/netbox\"]","instances":[{"schema_version":0,"attributes":{"custom_fields":null,"description":"","device_interface_id":null,"dns_name":"anycast-ingress-den.worker.demo","id":"35","interface_id":null,"ip_address":"192.73.242.78/32","nat_inside_address_id":0,"nat_outside_addresses":[],"object_type":null,"role":"","status":"active","tags":[],"tags_all":[],"tenant_id":0,"virtual_machine_interface_id":37,"vrf_id":0},"sensitive_attributes":[],"private":"bnVsbA==","dependencies":["module.pop.data.netactuate_bgp_sessions.vm","module.pop.data.netactuate_server.vm","module.pop.netactuate_server.vm","module.pop.netbox_cluster.this","module.pop.netbox_interface.eth0","module.pop.netbox_site.this","module.pop.netbox_virtual_machine.this","netbox_cluster_type.hypervisor","netbox_custom_field.na_asn","netbox_custom_field.na_bgp_ipv4_prefix","netbox_custom_field.na_bgp_peers","netbox_custom_field.na_bgp_session_details","netbox_custom_field.na_contract_id","netbox_custom_field.na_image","netbox_custom_field.na_image_id","netbox_custom_field.na_location_id","netbox_custom_field.na_plan","netbox_custom_field.na_plan_id","netbox_custom_field.na_public_ipv4","netbox_custom_field.na_public_ipv6","netbox_custom_field.na_server_id","netbox_custom_field.zz_bgp_connection_info","netbox_custom_field.zz_bgp_local_info","netbox_custom_field.zz_bgp_remote_info","netbox_custom_field.zz_bgp_routes_info","netbox_tag.anycast"]}]},{"module":"module.pop[\"DEN\"]","mode":"managed","type":"netbox_primary_ip","name":"vm_primary_v4","provider":"provider[\"registry.opentofu.org/e-breuninger/netbox\"]","instances":[{"schema_version":0,"attributes":{"id":"38","ip_address_id":35,"ip_address_version":4,"virtual_machine_id":38},"sensitive_attributes":[],"private":"bnVsbA==","dependencies":["module.pop.data.netactuate_bgp_sessions.vm","module.pop.data.netactuate_server.vm","module.pop.netactuate_server.vm","module.pop.netbox_cluster.this","module.pop.netbox_interface.eth0","module.pop.netbox_ip_address.public_v4","module.pop.netbox_site.this","module.pop.netbox_virtual_machine.this","netbox_cluster_type.hypervisor","netbox_custom_field.na_asn","netbox_custom_field.na_bgp_ipv4_prefix","netbox_custom_field.na_contract_id","netbox_custom_field.na_image","netbox_custom_field.na_image_id","netbox_custom_field.na_location_id","netbox_custom_field.na_plan","netbox_custom_field.na_plan_id","netbox_custom_field.na_public_ipv4","netbox_custom_field.na_public_ipv6","netbox_custom_field.na_server_id","netbox_custom_field.zz_bgp_connection_info","netbox_custom_field.zz_bgp_local_info","netbox_custom_field.zz_bgp_remote_info","netbox_custom_field.zz_bgp_routes_info","netbox_tag.anycast"]}]},{"module":"module.pop[\"DEN\"]","mode":"managed","type":"netbox_service","name":"bgp179","provider":"provider[\"registry.opentofu.org/e-breuninger/netbox\"]","instances":[{"schema_version":0,"attributes":{"custom_fields":null,"description":"Anycast ingress BGP (TCP/179)","device_id":0,"id":"37","name":"bgp","port":null,"ports":[179],"protocol":"tcp","tags":[],"tags_all":[],"virtual_machine_id":38},"sensitive_attributes":[],"private":"bnVsbA==","dependencies":["module.pop.data.netactuate_bgp_sessions.vm","module.pop.data.netactuate_server.vm","module.pop.netactuate_server.vm","module.pop.netbox_cluster.this","module.pop.netbox_site.this","module.pop.netbox_virtual_machine.this","netbox_cluster_type.hypervisor","netbox_custom_field.na_asn","netbox_custom_field.na_bgp_ipv4_prefix","netbox_custom_field.na_contract_id","netbox_custom_field.na_image","netbox_custom_field.na_image_id","netbox_custom_field.na_location_id","netbox_custom_field.na_plan","netbox_custom_field.na_plan_id","netbox_custom_field.na_public_ipv4","netbox_custom_field.na_public_ipv6","netbox_custom_field.na_server_id","netbox_custom_field.zz_bgp_connection_info","netbox_custom_field.zz_bgp_local_info","netbox_custom_field.zz_bgp_remote_info","netbox_custom_field.zz_bgp_routes_info","netbox_tag.anycast"]}]},{"module":"module.pop[\"DEN\"]","mode":"managed","type":"netbox_site","name":"this","provider":"provider[\"registry.opentofu.org/e-breuninger/netbox\"]","instances":[{"schema_version":0,"attributes":{"asn_ids":[],"comments":"","custom_fields":null,"description":"NetActuate PoP DEN","facility":"","group_id":0,"id":"41","latitude":0,"longitude":0,"name":"DEN","physical_address":"","region_id":0,"shipping_address":"","slug":"den","status":"active","tags":[],"tags_all":[],"tenant_id":0,"timezone":""},"sensitive_attributes":[],"private":"bnVsbA==","dependencies":["netbox_custom_field.na_asn","netbox_custom_field.na_bgp_ipv4_prefix","netbox_custom_field.na_contract_id","netbox_custom_field.na_image","netbox_custom_field.na_image_id","netbox_custom_field.na_location_id","netbox_custom_field.na_plan","netbox_custom_field.na_plan_id","netbox_custom_field.na_public_ipv4","netbox_custom_field.na_public_ipv6","netbox_custom_field.na_server_id","netbox_custom_field.zz_bgp_connection_info","netbox_custom_field.zz_bgp_local_info","netbox_custom_field.zz_bgp_remote_info","netbox_custom_field.zz_bgp_routes_info"]}]},{"module":"module.pop[\"DEN\"]","mode":"managed","type":"netbox_virtual_machine","name":"this","provider":"provider[\"registry.opentofu.org/e-breuninger/netbox\"]","instances":[{"schema_version":2,"attributes":{"cluster_id":42,"comments":"🚀 NetActuate Server Details:\n\n  • Server ID: 572145\n\n  • Contract ID: 440\n\n  • Location ID: 122\n\n  • Image: Ubuntu 24.04 LTS (20240423) (ID 5787)\n\n  • IPv4 Prefix: 45.54.50.0/24\n\n📋 BGP Local Info:\n\n  Hostname: anycast-ingress-den.worker.demo\nLocal ASN: 63911\nPublic IPv4: 192.73.242.78\nPublic IPv6: 2607:f740:16::573\nCustomer IPs: 192.73.242.78, 2607:f740:16::573\n\n🌐 BGP Remote Info:\n\n  Group: Craig's DevOps Demos\nProvider ASN: 36236\nProvider IPv4: 192.73.242.90\nProvider IPv6: 2607:f740:16::a7\n\n🔗 BGP Connection Status:\n\n  192.73.242.90 (ipv4): state=Established config=1 locked=false last=2025-10-06 08:49:30\n2607:f740:16::a7 (ipv6): state=Active config=1 locked=false last=2025-10-06 08:49:31\n\n📊 BGP Routes:\n\n  45.54.50.0/24 via 192.73.242.78 (origin 63911)\n\n📡 BGP Peers (JSON):\n\n  {\"ipv4|192.73.242.90\":{\"comment\":\"Description: Craig's DevOps Demos - DEN - anycast-ingress-den.worker.demo IPv4\\nState: Established\\nConfig status: 1\\nLast update: 2025-10-06 08:49:30\\nRoutes: 45.54.50.0/24 via 192.73.242.78\",\"config_status\":\"1\",\"customer_ip\":\"192.73.242.78\",\"description\":\"Craig's DevOps Demos - DEN - anycast-ingress-den.worker.demo IPv4\",\"group_id\":3247,\"group_name\":\"Craig's DevOps Demos\",\"last_update\":\"2025-10-06 08:49:30\",\"local_ip\":\"192.73.242.78\",\"remote_ip\":\"192.73.242.90\",\"remote_ip_type\":\"ipv4\",\"remote_prefix\":\"192.73.242.90/32\",\"routes\":[{\"metric_loc_prf_weight\":0,\"next_hop\":\"192.73.242.78\",\"origin\":\"63911\",\"path\":[\"63911\"],\"prefix\":\"45.54.50.0/24\"}],\"session_name\":\"\",\"state\":\"Established\",\"status\":\"active\"},\"ipv6|2607:f740:16::a7\":{\"comment\":\"Description: Craig's DevOps Demos - DEN - anycast-ingress-den.worker.demo IPv6\\nState: Active\\nConfig status: 1\\nLast update: 2025-10-06 08:49:31\",\"config_status\":\"1\",\"customer_ip\":\"2607:f740:16::573\",\"description\":\"Craig's DevOps Demos - DEN - anycast-ingress-den.worker.demo IPv6\",\"group_id\":3247,\"group_name\":\"Craig's DevOps Demos\",\"last_update\":\"2025-10-06 08:49:31\",\"local_ip\":\"2607:f740:16::573\",\"remote_ip\":\"2607:f740:16::a7\",\"remote_ip_type\":\"ipv6\",\"remote_prefix\":\"2607:f740:16::a7/128\",\"routes\":[],\"session_name\":\"\",\"state\":\"Active\",\"status\":\"failed\"}}\n\n🔧 BGP Session Details (JSON):\n\n  {\"group_id\":3247,\"group_name\":\"Craig's DevOps Demos\",\"sessions\":[{\"config_status\":\"1\",\"customer_asn\":63911,\"customer_peer_ip\":\"192.73.242.78\",\"description\":\"Craig's DevOps Demos - DEN - anycast-ingress-den.worker.demo IPv4\",\"group_id\":3247,\"group_name\":\"Craig's DevOps Demos\",\"id\":51129,\"last_update\":\"2025-10-06 08:49:30\",\"location_name\":\"DEN - Denver, CO\",\"locked\":false,\"mb_id\":0,\"provider_asn\":36236,\"provider_ip_type\":\"ipv4\",\"provider_peer_ip\":\"192.73.242.90\",\"routes_received\":\"[{\\\"path\\\": [\\\"63911\\\"], \\\"origin\\\": \\\"63911\\\", \\\"prefix\\\": \\\"45.54.50.0/24\\\", \\\"next_hop\\\": \\\"192.73.242.78\\\", \\\"metric_loc_prf_weight\\\": 0}]\",\"state\":\"Established\"},{\"config_status\":\"1\",\"customer_asn\":63911,\"customer_peer_ip\":\"2607:f740:16::573\",\"description\":\"Craig's DevOps Demos - DEN - anycast-ingress-den.worker.demo IPv6\",\"group_id\":3247,\"group_name\":\"Craig's DevOps Demos\",\"id\":51130,\"last_update\":\"2025-10-06 08:49:31\",\"location_name\":\"DEN - Denver, CO\",\"locked\":false,\"mb_id\":0,\"provider_asn\":36236,\"provider_ip_type\":\"ipv6\",\"provider_peer_ip\":\"2607:f740:16::a7\",\"routes_received\":\"\",\"state\":\"Active\"}]}","custom_fields":{"na_asn":"63911","na_bgp_ipv4_prefix":"45.54.50.0/24","na_contract_id":"440","na_image":"Ubuntu 24.04 LTS (20240423)","na_image_id":"5787","na_location_id":"122","na_plan":"VR1x1x25","na_plan_id":"668","na_public_ipv4":"192.73.242.78","na_public_ipv6":"2607:f740:16::573","na_server_id":"572145","zz_bgp_connection_info":"192.73.242.90 (ipv4): state=Established config=1 locked=false last=2025-10-06 08:49:30\n2607:f740:16::a7 (ipv6): state=Active config=1 locked=false last=2025-10-06 08:49:31","zz_bgp_local_info":"Hostname: anycast-ingress-den.worker.demo\nLocal ASN: 63911\nPublic IPv4: 192.73.242.78\nPublic IPv6: 2607:f740:16::573\nCustomer IPs: 192.73.242.78, 2607:f740:16::573","zz_bgp_remote_info":"Group: Craig's DevOps Demos\nProvider ASN: 36236\nProvider IPv4: 192.73.242.90\nProvider IPv6: 2607:f740:16::a7","zz_bgp_routes_info":"45.54.50.0/24 via 192.73.242.78 (origin 63911)"},"description":"NetActuate plan VR1x1x25","device_id":0,"disk_size_mb":25600,"id":"38","local_context_data":"","memory_mb":1024,"name":"anycast-ingress-den.worker.demo","platform_id":0,"primary_ipv4":35,"primary_ipv6":0,"role_id":0,"site_id":41,"status":"active","tags":["anycast"],"tags_all":["anycast"],"tenant_id":0,"vcpus":1},"sensitive_attributes":[],"private":"eyJzY2hlbWFfdmVyc2lvbiI6IjIifQ==","dependencies":["module.pop.data.netactuate_bgp_sessions.vm","module.pop.data.netactuate_server.vm","module.pop.netactuate_server.vm","module.pop.netbox_cluster.this","module.pop.netbox_site.this","netbox_cluster_type.hypervisor","netbox_custom_field.na_asn","netbox_custom_field.na_bgp_ipv4_prefix","netbox_custom_field.na_contract_id","netbox_custom_field.na_image","netbox_custom_field.na_image_id","netbox_custom_field.na_location_id","netbox_custom_field.na_plan","netbox_custom_field.na_plan_id","netbox_custom_field.na_public_ipv4","netbox_custom_field.na_public_ipv6","netbox_custom_field.na_server_id","netbox_custom_field.zz_bgp_connection_info","netbox_custom_field.zz_bgp_local_info","netbox_custom_field.zz_bgp_remote_info","netbox_custom_field.zz_bgp_routes_info","netbox_tag.anycast"]}]},{"module":"module.pop[\"DFW\"]","mode":"data","type":"netactuate_bgp_sessions","name":"vm","provider":"provider[\"registry.opentofu.org/netactuate/netactuate\"]","instances":[{"schema_version":0,"attributes":{"id":"572157","mbpkgid":572157,"sessions":[{"config_status":"1","customer_asn":63911,"customer_peer_ip":"192.73.248.213","description":"Craig's DevOps Demos - DFW - anycast-ingress-dfw.worker.demo IPv4","group_id":3247,"group_name":"Craig's DevOps Demos","id":51153,"last_update":"2025-10-06 08:49:22","location_name":"DFW - Dallas, TX","locked":false,"mb_id":0,"provider_asn":36236,"provider_ip_type":"ipv4","provider_peer_ip":"192.73.248.175","routes_received":"[{\"path\": [\"63911\"], \"origin\": \"63911\", \"prefix\": \"45.54.50.0/24\", \"next_hop\": \"192.73.248.213\", \"metric_loc_prf_weight\": 0}]","state":"Established"},{"config_status":"1","customer_asn":63911,"customer_peer_ip":"2607:f740:100::e04","description":"Craig's DevOps Demos - DFW - anycast-ingress-dfw.worker.demo IPv6","group_id":3247,"group_name":"Craig's DevOps Demos","id":51154,"last_update":"2025-10-06 08:49:24","location_name":"DFW - Dallas, TX","locked":false,"mb_id":0,"provider_asn":36236,"provider_ip_type":"ipv6","provider_peer_ip":"2607:f740:100::62b","routes_received":"","state":"Active"}]},"sensitive_attributes":[]}]},{"module":"module.pop[\"DFW\"]","mode":"data","type":"netactuate_server","name":"vm","provider":"provider[\"registry.opentofu.org/netactuate/netactuate\"]","instances":[{"schema_version":0,"attributes":{"bgp_peers":[{"group_id":3247,"ipv4":["192.73.248.175"],"ipv6":["2607:f740:100::62b"],"localasn":63911,"localpeerv4":"192.73.248.213","localpeerv6":"2607:f740:100::e04","peerasn":36236}],"hostname":"anycast-ingress-dfw.worker.demo","id":572157,"image":"Ubuntu 24.04 LTS (20240423)","image_id":5787,"ip_v4":"192.73.248.213","ip_v6":"2607:f740:100::e04","location_id":101,"package":"VR1x1x25","plan_id":668,"public_ipv4":"192.73.248.213","public_ipv6":"2607:f740:100::e04","state":"UP","status":"RUNNING"},"sensitive_attributes":[]}]},{"module":"module.pop[\"DFW\"]","mode":"managed","type":"netactuate_bgp_sessions","name":"bgp","provider":"provider[\"registry.opentofu.org/netactuate/netactuate\"]","instances":[{"index_key":0,"schema_version":0,"attributes":{"group_id":3247,"id":"572157","ipv6":true,"mbpkgid":572157,"redundant":false},"sensitive_attributes":[],"private":"bnVsbA==","dependencies":["module.pop.netactuate_server.vm","netbox_custom_field.na_asn","netbox_custom_field.na_bgp_ipv4_prefix","netbox_custom_field.na_contract_id","netbox_custom_field.na_image","netbox_custom_field.na_image_id","netbox_custom_field.na_location_id","netbox_custom_field.na_plan","netbox_custom_field.na_plan_id","netbox_custom_field.na_public_ipv4","netbox_custom_field.na_public_ipv6","netbox_custom_field.na_server_id","netbox_custom_field.zz_bgp_connection_info","netbox_custom_field.zz_bgp_local_info","netbox_custom_field.zz_bgp_remote_info","netbox_custom_field.zz_bgp_routes_info"]}]},{"module":"module.pop[\"DFW\"]","mode":"managed","type":"netactuate_server","name":"vm","provider":"provider[\"registry.opentofu.org/netactuate/netactuate\"]","instances":[{"schema_version":0,"attributes":{"cloud_config":null,"hostname":"anycast-ingress-dfw.worker.demo","id":"572157","image":null,"image_id":5787,"location":null,"location_id":101,"package_billing":"usage","package_billing_contract_id":"440","package_billing_opt_in":null,"params":"","password":null,"plan":"VR1x1x25","primary_ipv4":"192.73.248.213","primary_ipv6":"2607:f740:100::e04","ssh_key":null,"ssh_key_id":8199,"user_data":null,"user_data_base64":null},"sensitive_attributes":[[{"type":"get_attr","value":"password"}]],"private":"bnVsbA==","dependencies":["netbox_custom_field.na_asn","netbox_custom_field.na_bgp_ipv4_prefix","netbox_custom_field.na_contract_id","netbox_custom_field.na_image","netbox_custom_field.na_image_id","netbox_custom_field.na_location_id","netbox_custom_field.na_plan","netbox_custom_field.na_plan_id","netbox_custom_field.na_public_ipv4","netbox_custom_field.na_public_ipv6","netbox_custom_field.na_server_id","netbox_custom_field.zz_bgp_connection_info","netbox_custom_field.zz_bgp_local_info","netbox_custom_field.zz_bgp_remote_info","netbox_custom_field.zz_bgp_routes_info"]}]},{"module":"module.pop[\"DFW\"]","mode":"managed","type":"netbox_cluster","name":"this","provider":"provider[\"registry.opentofu.org/e-breuninger/netbox\"]","instances":[{"schema_version":0,"attributes":{"cluster_group_id":0,"cluster_type_id":6,"comments":"","description":"","id":"49","name":"DFW-cluster","site_id":48,"tags":[],"tags_all":[],"tenant_id":0},"sensitive_attributes":[],"private":"bnVsbA==","dependencies":["module.pop.netbox_site.this","netbox_cluster_type.hypervisor","netbox_custom_field.na_asn","netbox_custom_field.na_bgp_ipv4_prefix","netbox_custom_field.na_contract_id","netbox_custom_field.na_image","netbox_custom_field.na_image_id","netbox_custom_field.na_location_id","netbox_custom_field.na_plan","netbox_custom_field.na_plan_id","netbox_custom_field.na_public_ipv4","netbox_custom_field.na_public_ipv6","netbox_custom_field.na_server_id","netbox_custom_field.zz_bgp_connection_info","netbox_custom_field.zz_bgp_local_info","netbox_custom_field.zz_bgp_remote_info","netbox_custom_field.zz_bgp_routes_info"]}]},{"module":"module.pop[\"DFW\"]","mode":"managed","type":"netbox_device","name":"this","provider":"provider[\"registry.opentofu.org/e-breuninger/netbox\"]","instances":[{"schema_version":0,"attributes":{"asset_tag":"","cluster_id":0,"comments":"","config_template_id":0,"custom_fields":null,"description":"","device_type_id":1,"id":"2","local_context_data":"","location_id":0,"name":"anycast-ingress-dfw.worker.demo","platform_id":0,"primary_ipv4":0,"primary_ipv6":0,"rack_face":"","rack_id":0,"rack_position":0,"role_id":1,"serial":"","site_id":48,"status":"active","tags":["anycast"],"tags_all":["anycast"],"tenant_id":0,"virtual_chassis_id":0,"virtual_chassis_master":false,"virtual_chassis_position":0,"virtual_chassis_priority":0},"sensitive_attributes":[],"private":"bnVsbA==","dependencies":["module.pop.netactuate_server.vm","module.pop.netbox_site.this","netbox_custom_field.na_asn","netbox_custom_field.na_bgp_ipv4_prefix","netbox_custom_field.na_contract_id","netbox_custom_field.na_image","netbox_custom_field.na_image_id","netbox_custom_field.na_location_id","netbox_custom_field.na_plan","netbox_custom_field.na_plan_id","netbox_custom_field.na_public_ipv4","netbox_custom_field.na_public_ipv6","netbox_custom_field.na_server_id","netbox_custom_field.zz_bgp_connection_info","netbox_custom_field.zz_bgp_local_info","netbox_custom_field.zz_bgp_remote_info","netbox_custom_field.zz_bgp_routes_info","netbox_device_role.anycast_worker","netbox_device_type.anycast_worker","netbox_manufacturer.netactuate","netbox_tag.anycast"]}]},{"module":"module.pop[\"DFW\"]","mode":"managed","type":"netbox_interface","name":"eth0","provider":"provider[\"registry.opentofu.org/e-breuninger/netbox\"]","instances":[{"schema_version":0,"attributes":{"description":"","enabled":true,"id":"56","mac_address":"","mode":null,"mtu":0,"name":"eth0","tagged_vlans":[],"tags":[],"tags_all":[],"type":null,"untagged_vlan":null,"virtual_machine_id":50},"sensitive_attributes":[],"private":"bnVsbA==","dependencies":["module.pop.data.netactuate_bgp_sessions.vm","module.pop.data.netactuate_server.vm","module.pop.netactuate_server.vm","module.pop.netbox_cluster.this","module.pop.netbox_site.this","module.pop.netbox_virtual_machine.this","netbox_cluster_type.hypervisor","netbox_custom_field.na_asn","netbox_custom_field.na_bgp_ipv4_prefix","netbox_custom_field.na_contract_id","netbox_custom_field.na_image","netbox_custom_field.na_image_id","netbox_custom_field.na_location_id","netbox_custom_field.na_plan","netbox_custom_field.na_plan_id","netbox_custom_field.na_public_ipv4","netbox_custom_field.na_public_ipv6","netbox_custom_field.na_server_id","netbox_custom_field.zz_bgp_connection_info","netbox_custom_field.zz_bgp_local_info","netbox_custom_field.zz_bgp_remote_info","netbox_custom_field.zz_bgp_routes_info","netbox_tag.anycast"]}]},{"module":"module.pop[\"DFW\"]","mode":"managed","type":"netbox_ip_address","name":"public_v4","provider":"provider[\"registry.opentofu.org/e-breuninger/netbox\"]","instances":[{"schema_version":0,"attributes":{"custom_fields":null,"description":"","device_interface_id":null,"dns_name":"anycast-ingress-dfw.worker.demo","id":"43","interface_id":null,"ip_address":"192.73.248.213/32","nat_inside_address_id":0,"nat_outside_addresses":[],"object_type":null,"role":"","status":"active","tags":[],"tags_all":[],"tenant_id":0,"virtual_machine_interface_id":56,"vrf_id":0},"sensitive_attributes":[],"private":"bnVsbA==","dependencies":["module.pop.data.netactuate_bgp_sessions.vm","module.pop.data.netactuate_server.vm","module.pop.netactuate_server.vm","module.pop.netbox_cluster.this","module.pop.netbox_interface.eth0","module.pop.netbox_site.this","module.pop.netbox_virtual_machine.this","netbox_cluster_type.hypervisor","netbox_custom_field.na_asn","netbox_custom_field.na_bgp_ipv4_prefix","netbox_custom_field.na_bgp_peers","netbox_custom_field.na_bgp_session_details","netbox_custom_field.na_contract_id","netbox_custom_field.na_image","netbox_custom_field.na_image_id","netbox_custom_field.na_location_id","netbox_custom_field.na_plan","netbox_custom_field.na_plan_id","netbox_custom_field.na_public_ipv4","netbox_custom_field.na_public_ipv6","netbox_custom_field.na_server_id","netbox_custom_field.zz_bgp_connection_info","netbox_custom_field.zz_bgp_local_info","netbox_custom_field.zz_bgp_remote_info","netbox_custom_field.zz_bgp_routes_info","netbox_tag.anycast"]}]},{"module":"module.pop[\"DFW\"]","mode":"managed","type":"netbox_primary_ip","name":"vm_primary_v4","provider":"provider[\"registry.opentofu.org/e-breuninger/netbox\"]","instances":[{"schema_version":0,"attributes":{"id":"50","ip_address_id":43,"ip_address_version":4,"virtual_machine_id":50},"sensitive_attributes":[],"private":"bnVsbA==","dependencies":["module.pop.data.netactuate_bgp_sessions.vm","module.pop.data.netactuate_server.vm","module.pop.netactuate_server.vm","module.pop.netbox_cluster.this","module.pop.netbox_interface.eth0","module.pop.netbox_ip_address.public_v4","module.pop.netbox_site.this","module.pop.netbox_virtual_machine.this","netbox_cluster_type.hypervisor","netbox_custom_field.na_asn","netbox_custom_field.na_bgp_ipv4_prefix","netbox_custom_field.na_contract_id","netbox_custom_field.na_image","netbox_custom_field.na_image_id","netbox_custom_field.na_location_id","netbox_custom_field.na_plan","netbox_custom_field.na_plan_id","netbox_custom_field.na_public_ipv4","netbox_custom_field.na_public_ipv6","netbox_custom_field.na_server_id","netbox_custom_field.zz_bgp_connection_info","netbox_custom_field.zz_bgp_local_info","netbox_custom_field.zz_bgp_remote_info","netbox_custom_field.zz_bgp_routes_info","netbox_tag.anycast"]}]},{"module":"module.pop[\"DFW\"]","mode":"managed","type":"netbox_service","name":"bgp179","provider":"provider[\"registry.opentofu.org/e-breuninger/netbox\"]","instances":[{"schema_version":0,"attributes":{"custom_fields":null,"description":"Anycast ingress BGP (TCP/179)","device_id":0,"id":"56","name":"bgp","port":null,"ports":[179],"protocol":"tcp","tags":[],"tags_all":[],"virtual_machine_id":50},"sensitive_attributes":[],"private":"bnVsbA==","dependencies":["module.pop.data.netactuate_bgp_sessions.vm","module.pop.data.netactuate_server.vm","module.pop.netactuate_server.vm","module.pop.netbox_cluster.this","module.pop.netbox_site.this","module.pop.netbox_virtual_machine.this","netbox_cluster_type.hypervisor","netbox_custom_field.na_asn","netbox_custom_field.na_bgp_ipv4_prefix","netbox_custom_field.na_contract_id","netbox_custom_field.na_image","netbox_custom_field.na_image_id","netbox_custom_field.na_location_id","netbox_custom_field.na_plan","netbox_custom_field.na_plan_id","netbox_custom_field.na_public_ipv4","netbox_custom_field.na_public_ipv6","netbox_custom_field.na_server_id","netbox_custom_field.zz_bgp_connection_info","netbox_custom_field.zz_bgp_local_info","netbox_custom_field.zz_bgp_remote_info","netbox_custom_field.zz_bgp_routes_info","netbox_tag.anycast"]}]},{"module":"module.pop[\"DFW\"]","mode":"managed","type":"netbox_site","name":"this","provider":"provider[\"registry.opentofu.org/e-breuninger/netbox\"]","instances":[{"schema_version":0,"attributes":{"asn_ids":[],"comments":"","custom_fields":null,"description":"NetActuate PoP DFW","facility":"","group_id":0,"id":"48","latitude":0,"longitude":0,"name":"DFW","physical_address":"","region_id":0,"shipping_address":"","slug":"dfw","status":"active","tags":[],"tags_all":[],"tenant_id":0,"timezone":""},"sensitive_attributes":[],"private":"bnVsbA==","dependencies":["netbox_custom_field.na_asn","netbox_custom_field.na_bgp_ipv4_prefix","netbox_custom_field.na_contract_id","netbox_custom_field.na_image","netbox_custom_field.na_image_id","netbox_custom_field.na_location_id","netbox_custom_field.na_plan","netbox_custom_field.na_plan_id","netbox_custom_field.na_public_ipv4","netbox_custom_field.na_public_ipv6","netbox_custom_field.na_server_id","netbox_custom_field.zz_bgp_connection_info","netbox_custom_field.zz_bgp_local_info","netbox_custom_field.zz_bgp_remote_info","netbox_custom_field.zz_bgp_routes_info"]}]},{"module":"module.pop[\"DFW\"]","mode":"managed","type":"netbox_virtual_machine","name":"this","provider":"provider[\"registry.opentofu.org/e-breuninger/netbox\"]","instances":[{"schema_version":2,"attributes":{"cluster_id":49,"comments":"🚀 NetActuate Server Details:\n\n  • Server ID: 572157\n\n  • Contract ID: 440\n\n  • Location ID: 101\n\n  • Image: Ubuntu 24.04 LTS (20240423) (ID 5787)\n\n  • IPv4 Prefix: 45.54.50.0/24\n\n📋 BGP Local Info:\n\n  Hostname: anycast-ingress-dfw.worker.demo\nLocal ASN: 63911\nPublic IPv4: 192.73.248.213\nPublic IPv6: 2607:f740:100::e04\nCustomer IPs: 192.73.248.213, 2607:f740:100::e04\n\n🌐 BGP Remote Info:\n\n  Group: Craig's DevOps Demos\nProvider ASN: 36236\nProvider IPv4: 192.73.248.175\nProvider IPv6: 2607:f740:100::62b\n\n🔗 BGP Connection Status:\n\n  192.73.248.175 (ipv4): state=Established config=1 locked=false last=2025-10-06 08:49:22\n2607:f740:100::62b (ipv6): state=Active config=1 locked=false last=2025-10-06 08:49:24\n\n📊 BGP Routes:\n\n  45.54.50.0/24 via 192.73.248.213 (origin 63911)\n\n📡 BGP Peers (JSON):\n\n  {\"ipv4|192.73.248.175\":{\"comment\":\"Description: Craig's DevOps Demos - DFW - anycast-ingress-dfw.worker.demo IPv4\\nState: Established\\nConfig status: 1\\nLast update: 2025-10-06 08:49:22\\nRoutes: 45.54.50.0/24 via 192.73.248.213\",\"config_status\":\"1\",\"customer_ip\":\"192.73.248.213\",\"description\":\"Craig's DevOps Demos - DFW - anycast-ingress-dfw.worker.demo IPv4\",\"group_id\":3247,\"group_name\":\"Craig's DevOps Demos\",\"last_update\":\"2025-10-06 08:49:22\",\"local_ip\":\"192.73.248.213\",\"remote_ip\":\"192.73.248.175\",\"remote_ip_type\":\"ipv4\",\"remote_prefix\":\"192.73.248.175/32\",\"routes\":[{\"metric_loc_prf_weight\":0,\"next_hop\":\"192.73.248.213\",\"origin\":\"63911\",\"path\":[\"63911\"],\"prefix\":\"45.54.50.0/24\"}],\"session_name\":\"\",\"state\":\"Established\",\"status\":\"active\"},\"ipv6|2607:f740:100::62b\":{\"comment\":\"Description: Craig's DevOps Demos - DFW - anycast-ingress-dfw.worker.demo IPv6\\nState: Active\\nConfig status: 1\\nLast update: 2025-10-06 08:49:24\",\"config_status\":\"1\",\"customer_ip\":\"2607:f740:100::e04\",\"description\":\"Craig's DevOps Demos - DFW - anycast-ingress-dfw.worker.demo IPv6\",\"group_id\":3247,\"group_name\":\"Craig's DevOps Demos\",\"last_update\":\"2025-10-06 08:49:24\",\"local_ip\":\"2607:f740:100::e04\",\"remote_ip\":\"2607:f740:100::62b\",\"remote_ip_type\":\"ipv6\",\"remote_prefix\":\"2607:f740:100::62b/128\",\"routes\":[],\"session_name\":\"\",\"state\":\"Active\",\"status\":\"failed\"}}\n\n🔧 BGP Session Details (JSON):\n\n  {\"group_id\":3247,\"group_name\":\"Craig's DevOps Demos\",\"sessions\":[{\"config_status\":\"1\",\"customer_asn\":63911,\"customer_peer_ip\":\"192.73.248.213\",\"description\":\"Craig's DevOps Demos - DFW - anycast-ingress-dfw.worker.demo IPv4\",\"group_id\":3247,\"group_name\":\"Craig's DevOps Demos\",\"id\":51153,\"last_update\":\"2025-10-06 08:49:22\",\"location_name\":\"DFW - Dallas, TX\",\"locked\":false,\"mb_id\":0,\"provider_asn\":36236,\"provider_ip_type\":\"ipv4\",\"provider_peer_ip\":\"192.73.248.175\",\"routes_received\":\"[{\\\"path\\\": [\\\"63911\\\"], \\\"origin\\\": \\\"63911\\\", \\\"prefix\\\": \\\"45.54.50.0/24\\\", \\\"next_hop\\\": \\\"192.73.248.213\\\", \\\"metric_loc_prf_weight\\\": 0}]\",\"state\":\"Established\"},{\"config_status\":\"1\",\"customer_asn\":63911,\"customer_peer_ip\":\"2607:f740:100::e04\",\"description\":\"Craig's DevOps Demos - DFW - anycast-ingress-dfw.worker.demo IPv6\",\"group_id\":3247,\"group_name\":\"Craig's DevOps Demos\",\"id\":51154,\"last_update\":\"2025-10-06 08:49:24\",\"location_name\":\"DFW - Dallas, TX\",\"locked\":false,\"mb_id\":0,\"provider_asn\":36236,\"provider_ip_type\":\"ipv6\",\"provider_peer_ip\":\"2607:f740:100::62b\",\"routes_received\":\"\",\"state\":\"Active\"}]}","custom_fields":{"na_asn":"63911","na_bgp_ipv4_prefix":"45.54.50.0/24","na_contract_id":"440","na_image":"Ubuntu 24.04 LTS (20240423)","na_image_id":"5787","na_location_id":"101","na_plan":"VR1x1x25","na_plan_id":"668","na_public_ipv4":"192.73.248.213","na_public_ipv6":"2607:f740:100::e04","na_server_id":"572157","zz_bgp_connection_info":"192.73.248.175 (ipv4): state=Established config=1 locked=false last=2025-10-06 08:49:22\n2607:f740:100::62b (ipv6): state=Active config=1 locked=false last=2025-10-06 08:49:24","zz_bgp_local_info":"Hostname: anycast-ingress-dfw.worker.demo\nLocal ASN: 63911\nPublic IPv4: 192.73.248.213\nPublic IPv6: 2607:f740:100::e04\nCustomer IPs: 192.73.248.213, 2607:f740:100::e04","zz_bgp_remote_info":"Group: Craig's DevOps Demos\nProvider ASN: 36236\nProvider IPv4: 192.73.248.175\nProvider IPv6: 2607:f740:100::62b","zz_bgp_routes_info":"45.54.50.0/24 via 192.73.248.213 (origin 63911)"},"description":"NetActuate plan VR1x1x25","device_id":0,"disk_size_mb":25600,"id":"50","local_context_data":"","memory_mb":1024,"name":"anycast-ingress-dfw.worker.demo","platform_id":0,"primary_ipv4":43,"primary_ipv6":0,"role_id":0,"site_id":48,"status":"active","tags":["anycast"],"tags_all":["anycast"],"tenant_id":0,"vcpus":1},"sensitive_attributes":[],"private":"eyJzY2hlbWFfdmVyc2lvbiI6IjIifQ==","dependencies":["module.pop.data.netactuate_bgp_sessions.vm","module.pop.data.netactuate_server.vm","module.pop.netactuate_server.vm","module.pop.netbox_cluster.this","module.pop.netbox_site.this","netbox_cluster_type.hypervisor","netbox_custom_field.na_asn","netbox_custom_field.na_bgp_ipv4_prefix","netbox_custom_field.na_contract_id","netbox_custom_field.na_image","netbox_custom_field.na_image_id","netbox_custom_field.na_location_id","netbox_custom_field.na_plan","netbox_custom_field.na_plan_id","netbox_custom_field.na_public_ipv4","netbox_custom_field.na_public_ipv6","netbox_custom_field.na_server_id","netbox_custom_field.zz_bgp_connection_info","netbox_custom_field.zz_bgp_local_info","netbox_custom_field.zz_bgp_remote_info","netbox_custom_field.zz_bgp_routes_info","netbox_tag.anycast"]}]},{"module":"module.pop[\"DUB\"]","mode":"data","type":"netactuate_bgp_sessions","name":"vm","provider":"provider[\"registry.opentofu.org/netactuate/netactuate\"]","instances":[{"schema_version":0,"attributes":{"id":"572166","mbpkgid":572166,"sessions":[{"config_status":"1","customer_asn":63911,"customer_peer_ip":"2a00:dd80:d:8::5c","description":"Craig's DevOps Demos - DUB.ANYCAST.NET - anycast-ingress-dub.worker.demo IPv6","group_id":3247,"group_name":"Craig's DevOps Demos","id":51162,"last_update":"2025-10-06 08:49:56","location_name":"DUB - Dublin, IE","locked":false,"mb_id":0,"provider_asn":36236,"provider_ip_type":"ipv6","provider_peer_ip":"2a00:dd80:d:8::11a","routes_received":"","state":"Active"},{"config_status":"1","customer_asn":63911,"customer_peer_ip":"185.34.0.236","description":"Craig's DevOps Demos - DUB.ANYCAST.NET - anycast-ingress-dub.worker.demo IPv4","group_id":3247,"group_name":"Craig's DevOps Demos","id":51161,"last_update":"2025-10-06 08:49:57","location_name":"DUB - Dublin, IE","locked":false,"mb_id":0,"provider_asn":36236,"provider_ip_type":"ipv4","provider_peer_ip":"185.34.0.145","routes_received":"[{\"path\": [\"63911\"], \"origin\": \"63911\", \"prefix\": \"45.54.50.0/24\", \"next_hop\": \"185.34.0.236\", \"metric_loc_prf_weight\": 0}]","state":"Established"}]},"sensitive_attributes":[]}]},{"module":"module.pop[\"DUB\"]","mode":"data","type":"netactuate_server","name":"vm","provider":"provider[\"registry.opentofu.org/netactuate/netactuate\"]","instances":[{"schema_version":0,"attributes":{"bgp_peers":[{"group_id":3247,"ipv4":["185.34.0.145"],"ipv6":["2a00:dd80:d:8::11a"],"localasn":63911,"localpeerv4":"185.34.0.236","localpeerv6":"2a00:dd80:d:8::5c","peerasn":36236}],"hostname":"anycast-ingress-dub.worker.demo","id":572166,"image":"Ubuntu 24.04 LTS (20240423)","image_id":5787,"ip_v4":"185.34.0.236","ip_v6":"2a00:dd80:d:8::5c","location_id":570,"package":"VR1x1x25","plan_id":668,"public_ipv4":"185.34.0.236","public_ipv6":"2a00:dd80:d:8::5c","state":"UP","status":"RUNNING"},"sensitive_attributes":[]}]},{"module":"module.pop[\"DUB\"]","mode":"managed","type":"netactuate_bgp_sessions","name":"bgp","provider":"provider[\"registry.opentofu.org/netactuate/netactuate\"]","instances":[{"index_key":0,"schema_version":0,"attributes":{"group_id":3247,"id":"572166","ipv6":true,"mbpkgid":572166,"redundant":false},"sensitive_attributes":[],"private":"bnVsbA==","dependencies":["module.pop.netactuate_server.vm","netbox_custom_field.na_asn","netbox_custom_field.na_bgp_ipv4_prefix","netbox_custom_field.na_contract_id","netbox_custom_field.na_image","netbox_custom_field.na_image_id","netbox_custom_field.na_location_id","netbox_custom_field.na_plan","netbox_custom_field.na_plan_id","netbox_custom_field.na_public_ipv4","netbox_custom_field.na_public_ipv6","netbox_custom_field.na_server_id","netbox_custom_field.zz_bgp_connection_info","netbox_custom_field.zz_bgp_local_info","netbox_custom_field.zz_bgp_remote_info","netbox_custom_field.zz_bgp_routes_info"]}]},{"module":"module.pop[\"DUB\"]","mode":"managed","type":"netactuate_server","name":"vm","provider":"provider[\"registry.opentofu.org/netactuate/netactuate\"]","instances":[{"schema_version":0,"attributes":{"cloud_config":null,"hostname":"anycast-ingress-dub.worker.demo","id":"572166","image":null,"image_id":5787,"location":null,"location_id":570,"package_billing":"usage","package_billing_contract_id":"440","package_billing_opt_in":null,"params":"","password":null,"plan":"VR1x1x25","primary_ipv4":"185.34.0.236","primary_ipv6":"2a00:dd80:d:8::5c","ssh_key":null,"ssh_key_id":8199,"user_data":null,"user_data_base64":null},"sensitive_attributes":[[{"type":"get_attr","value":"password"}]],"private":"bnVsbA==","dependencies":["netbox_custom_field.na_asn","netbox_custom_field.na_bgp_ipv4_prefix","netbox_custom_field.na_contract_id","netbox_custom_field.na_image","netbox_custom_field.na_image_id","netbox_custom_field.na_location_id","netbox_custom_field.na_plan","netbox_custom_field.na_plan_id","netbox_custom_field.na_public_ipv4","netbox_custom_field.na_public_ipv6","netbox_custom_field.na_server_id","netbox_custom_field.zz_bgp_connection_info","netbox_custom_field.zz_bgp_local_info","netbox_custom_field.zz_bgp_remote_info","netbox_custom_field.zz_bgp_routes_info"]}]},{"module":"module.pop[\"DUB\"]","mode":"managed","type":"netbox_cluster","name":"this","provider":"provider[\"registry.opentofu.org/e-breuninger/netbox\"]","instances":[{"schema_version":0,"attributes":{"cluster_group_id":0,"cluster_type_id":6,"comments":"","description":"","id":"60","name":"DUB-cluster","site_id":58,"tags":[],"tags_all":[],"tenant_id":0},"sensitive_attributes":[],"private":"bnVsbA==","dependencies":["module.pop.netbox_site.this","netbox_cluster_type.hypervisor","netbox_custom_field.na_asn","netbox_custom_field.na_bgp_ipv4_prefix","netbox_custom_field.na_contract_id","netbox_custom_field.na_image","netbox_custom_field.na_image_id","netbox_custom_field.na_location_id","netbox_custom_field.na_plan","netbox_custom_field.na_plan_id","netbox_custom_field.na_public_ipv4","netbox_custom_field.na_public_ipv6","netbox_custom_field.na_server_id","netbox_custom_field.zz_bgp_connection_info","netbox_custom_field.zz_bgp_local_info","netbox_custom_field.zz_bgp_remote_info","netbox_custom_field.zz_bgp_routes_info"]}]},{"module":"module.pop[\"DUB\"]","mode":"managed","type":"netbox_device","name":"this","provider":"provider[\"registry.opentofu.org/e-breuninger/netbox\"]","instances":[{"schema_version":0,"attributes":{"asset_tag":"","cluster_id":0,"comments":"","config_template_id":0,"custom_fields":null,"description":"","device_type_id":1,"id":"29","local_context_data":"","location_id":0,"name":"anycast-ingress-dub.worker.demo","platform_id":0,"primary_ipv4":0,"primary_ipv6":0,"rack_face":"","rack_id":0,"rack_position":0,"role_id":1,"serial":"","site_id":58,"status":"active","tags":["anycast"],"tags_all":["anycast"],"tenant_id":0,"virtual_chassis_id":0,"virtual_chassis_master":false,"virtual_chassis_position":0,"virtual_chassis_priority":0},"sensitive_attributes":[],"private":"bnVsbA==","dependencies":["module.pop.netactuate_server.vm","module.pop.netbox_site.this","netbox_custom_field.na_asn","netbox_custom_field.na_bgp_ipv4_prefix","netbox_custom_field.na_contract_id","netbox_custom_field.na_image","netbox_custom_field.na_image_id","netbox_custom_field.na_location_id","netbox_custom_field.na_plan","netbox_custom_field.na_plan_id","netbox_custom_field.na_public_ipv4","netbox_custom_field.na_public_ipv6","netbox_custom_field.na_server_id","netbox_custom_field.zz_bgp_connection_info","netbox_custom_field.zz_bgp_local_info","netbox_custom_field.zz_bgp_remote_info","netbox_custom_field.zz_bgp_routes_info","netbox_device_role.anycast_worker","netbox_device_type.anycast_worker","netbox_manufacturer.netactuate","netbox_tag.anycast"]}]},{"module":"module.pop[\"DUB\"]","mode":"managed","type":"netbox_interface","name":"eth0","provider":"provider[\"registry.opentofu.org/e-breuninger/netbox\"]","instances":[{"schema_version":0,"attributes":{"description":"","enabled":true,"id":"48","mac_address":"","mode":null,"mtu":0,"name":"eth0","tagged_vlans":[],"tags":[],"tags_all":[],"type":null,"untagged_vlan":null,"virtual_machine_id":41},"sensitive_attributes":[],"private":"bnVsbA==","dependencies":["module.pop.data.netactuate_bgp_sessions.vm","module.pop.data.netactuate_server.vm","module.pop.netactuate_server.vm","module.pop.netbox_cluster.this","module.pop.netbox_site.this","module.pop.netbox_virtual_machine.this","netbox_cluster_type.hypervisor","netbox_custom_field.na_asn","netbox_custom_field.na_bgp_ipv4_prefix","netbox_custom_field.na_contract_id","netbox_custom_field.na_image","netbox_custom_field.na_image_id","netbox_custom_field.na_location_id","netbox_custom_field.na_plan","netbox_custom_field.na_plan_id","netbox_custom_field.na_public_ipv4","netbox_custom_field.na_public_ipv6","netbox_custom_field.na_server_id","netbox_custom_field.zz_bgp_connection_info","netbox_custom_field.zz_bgp_local_info","netbox_custom_field.zz_bgp_remote_info","netbox_custom_field.zz_bgp_routes_info","netbox_tag.anycast"]}]},{"module":"module.pop[\"DUB\"]","mode":"managed","type":"netbox_ip_address","name":"public_v4","provider":"provider[\"registry.opentofu.org/e-breuninger/netbox\"]","instances":[{"schema_version":0,"attributes":{"custom_fields":null,"description":"","device_interface_id":null,"dns_name":"anycast-ingress-dub.worker.demo","id":"50","interface_id":null,"ip_address":"185.34.0.236/32","nat_inside_address_id":0,"nat_outside_addresses":[],"object_type":null,"role":"","status":"active","tags":[],"tags_all":[],"tenant_id":0,"virtual_machine_interface_id":48,"vrf_id":0},"sensitive_attributes":[],"private":"bnVsbA==","dependencies":["module.pop.data.netactuate_bgp_sessions.vm","module.pop.data.netactuate_server.vm","module.pop.netactuate_server.vm","module.pop.netbox_cluster.this","module.pop.netbox_interface.eth0","module.pop.netbox_site.this","module.pop.netbox_virtual_machine.this","netbox_cluster_type.hypervisor","netbox_custom_field.na_asn","netbox_custom_field.na_bgp_ipv4_prefix","netbox_custom_field.na_bgp_peers","netbox_custom_field.na_bgp_session_details","netbox_custom_field.na_contract_id","netbox_custom_field.na_image","netbox_custom_field.na_image_id","netbox_custom_field.na_location_id","netbox_custom_field.na_plan","netbox_custom_field.na_plan_id","netbox_custom_field.na_public_ipv4","netbox_custom_field.na_public_ipv6","netbox_custom_field.na_server_id","netbox_custom_field.zz_bgp_connection_info","netbox_custom_field.zz_bgp_local_info","netbox_custom_field.zz_bgp_remote_info","netbox_custom_field.zz_bgp_routes_info","netbox_tag.anycast"]}]},{"module":"module.pop[\"DUB\"]","mode":"managed","type":"netbox_primary_ip","name":"vm_primary_v4","provider":"provider[\"registry.opentofu.org/e-breuninger/netbox\"]","instances":[{"schema_version":0,"attributes":{"id":"41","ip_address_id":50,"ip_address_version":4,"virtual_machine_id":41},"sensitive_attributes":[],"private":"bnVsbA==","dependencies":["module.pop.data.netactuate_bgp_sessions.vm","module.pop.data.netactuate_server.vm","module.pop.netactuate_server.vm","module.pop.netbox_cluster.this","module.pop.netbox_interface.eth0","module.pop.netbox_ip_address.public_v4","module.pop.netbox_site.this","module.pop.netbox_virtual_machine.this","netbox_cluster_type.hypervisor","netbox_custom_field.na_asn","netbox_custom_field.na_bgp_ipv4_prefix","netbox_custom_field.na_contract_id","netbox_custom_field.na_image","netbox_custom_field.na_image_id","netbox_custom_field.na_location_id","netbox_custom_field.na_plan","netbox_custom_field.na_plan_id","netbox_custom_field.na_public_ipv4","netbox_custom_field.na_public_ipv6","netbox_custom_field.na_server_id","netbox_custom_field.zz_bgp_connection_info","netbox_custom_field.zz_bgp_local_info","netbox_custom_field.zz_bgp_remote_info","netbox_custom_field.zz_bgp_routes_info","netbox_tag.anycast"]}]},{"module":"module.pop[\"DUB\"]","mode":"managed","type":"netbox_service","name":"bgp179","provider":"provider[\"registry.opentofu.org/e-breuninger/netbox\"]","instances":[{"schema_version":0,"attributes":{"custom_fields":null,"description":"Anycast ingress BGP (TCP/179)","device_id":0,"id":"46","name":"bgp","port":null,"ports":[179],"protocol":"tcp","tags":[],"tags_all":[],"virtual_machine_id":41},"sensitive_attributes":[],"private":"bnVsbA==","dependencies":["module.pop.data.netactuate_bgp_sessions.vm","module.pop.data.netactuate_server.vm","module.pop.netactuate_server.vm","module.pop.netbox_cluster.this","module.pop.netbox_site.this","module.pop.netbox_virtual_machine.this","netbox_cluster_type.hypervisor","netbox_custom_field.na_asn","netbox_custom_field.na_bgp_ipv4_prefix","netbox_custom_field.na_contract_id","netbox_custom_field.na_image","netbox_custom_field.na_image_id","netbox_custom_field.na_location_id","netbox_custom_field.na_plan","netbox_custom_field.na_plan_id","netbox_custom_field.na_public_ipv4","netbox_custom_field.na_public_ipv6","netbox_custom_field.na_server_id","netbox_custom_field.zz_bgp_connection_info","netbox_custom_field.zz_bgp_local_info","netbox_custom_field.zz_bgp_remote_info","netbox_custom_field.zz_bgp_routes_info","netbox_tag.anycast"]}]},{"module":"module.pop[\"DUB\"]","mode":"managed","type":"netbox_site","name":"this","provider":"provider[\"registry.opentofu.org/e-breuninger/netbox\"]","instances":[{"schema_version":0,"attributes":{"asn_ids":[],"comments":"","custom_fields":null,"description":"NetActuate PoP DUB","facility":"","group_id":0,"id":"58","latitude":0,"longitude":0,"name":"DUB","physical_address":"","region_id":0,"shipping_address":"","slug":"dub","status":"active","tags":[],"tags_all":[],"tenant_id":0,"timezone":""},"sensitive_attributes":[],"private":"bnVsbA==","dependencies":["netbox_custom_field.na_asn","netbox_custom_field.na_bgp_ipv4_prefix","netbox_custom_field.na_contract_id","netbox_custom_field.na_image","netbox_custom_field.na_image_id","netbox_custom_field.na_location_id","netbox_custom_field.na_plan","netbox_custom_field.na_plan_id","netbox_custom_field.na_public_ipv4","netbox_custom_field.na_public_ipv6","netbox_custom_field.na_server_id","netbox_custom_field.zz_bgp_connection_info","netbox_custom_field.zz_bgp_local_info","netbox_custom_field.zz_bgp_remote_info","netbox_custom_field.zz_bgp_routes_info"]}]},{"module":"module.pop[\"DUB\"]","mode":"managed","type":"netbox_virtual_machine","name":"this","provider":"provider[\"registry.opentofu.org/e-breuninger/netbox\"]","instances":[{"schema_version":2,"attributes":{"cluster_id":60,"comments":"🚀 NetActuate Server Details:\n\n  • Server ID: 572166\n\n  • Contract ID: 440\n\n  • Location ID: 570\n\n  • Image: Ubuntu 24.04 LTS (20240423) (ID 5787)\n\n  • IPv4 Prefix: 45.54.50.0/24\n\n📋 BGP Local Info:\n\n  Hostname: anycast-ingress-dub.worker.demo\nLocal ASN: 63911\nPublic IPv4: 185.34.0.236\nPublic IPv6: 2a00:dd80:d:8::5c\nCustomer IPs: 2a00:dd80:d:8::5c, 185.34.0.236\n\n🌐 BGP Remote Info:\n\n  Group: Craig's DevOps Demos\nProvider ASN: 36236\nProvider IPv4: 185.34.0.145\nProvider IPv6: 2a00:dd80:d:8::11a\n\n🔗 BGP Connection Status:\n\n  2a00:dd80:d:8::11a (ipv6): state=Active config=1 locked=false last=2025-10-06 08:49:56\n185.34.0.145 (ipv4): state=Established config=1 locked=false last=2025-10-06 08:49:57\n\n📊 BGP Routes:\n\n  45.54.50.0/24 via 185.34.0.236 (origin 63911)\n\n📡 BGP Peers (JSON):\n\n  {\"ipv4|185.34.0.145\":{\"comment\":\"Description: Craig's DevOps Demos - DUB.ANYCAST.NET - anycast-ingress-dub.worker.demo IPv4\\nState: Established\\nConfig status: 1\\nLast update: 2025-10-06 08:49:57\\nRoutes: 45.54.50.0/24 via 185.34.0.236\",\"config_status\":\"1\",\"customer_ip\":\"185.34.0.236\",\"description\":\"Craig's DevOps Demos - DUB.ANYCAST.NET - anycast-ingress-dub.worker.demo IPv4\",\"group_id\":3247,\"group_name\":\"Craig's DevOps Demos\",\"last_update\":\"2025-10-06 08:49:57\",\"local_ip\":\"185.34.0.236\",\"remote_ip\":\"185.34.0.145\",\"remote_ip_type\":\"ipv4\",\"remote_prefix\":\"185.34.0.145/32\",\"routes\":[{\"metric_loc_prf_weight\":0,\"next_hop\":\"185.34.0.236\",\"origin\":\"63911\",\"path\":[\"63911\"],\"prefix\":\"45.54.50.0/24\"}],\"session_name\":\"\",\"state\":\"Established\",\"status\":\"active\"},\"ipv6|2a00:dd80:d:8::11a\":{\"comment\":\"Description: Craig's DevOps Demos - DUB.ANYCAST.NET - anycast-ingress-dub.worker.demo IPv6\\nState: Active\\nConfig status: 1\\nLast update: 2025-10-06 08:49:56\",\"config_status\":\"1\",\"customer_ip\":\"2a00:dd80:d:8::5c\",\"description\":\"Craig's DevOps Demos - DUB.ANYCAST.NET - anycast-ingress-dub.worker.demo IPv6\",\"group_id\":3247,\"group_name\":\"Craig's DevOps Demos\",\"last_update\":\"2025-10-06 08:49:56\",\"local_ip\":\"2a00:dd80:d:8::5c\",\"remote_ip\":\"2a00:dd80:d:8::11a\",\"remote_ip_type\":\"ipv6\",\"remote_prefix\":\"2a00:dd80:d:8::11a/128\",\"routes\":[],\"session_name\":\"\",\"state\":\"Active\",\"status\":\"failed\"}}\n\n🔧 BGP Session Details (JSON):\n\n  {\"group_id\":3247,\"group_name\":\"Craig's DevOps Demos\",\"sessions\":[{\"config_status\":\"1\",\"customer_asn\":63911,\"customer_peer_ip\":\"2a00:dd80:d:8::5c\",\"description\":\"Craig's DevOps Demos - DUB.ANYCAST.NET - anycast-ingress-dub.worker.demo IPv6\",\"group_id\":3247,\"group_name\":\"Craig's DevOps Demos\",\"id\":51162,\"last_update\":\"2025-10-06 08:49:56\",\"location_name\":\"DUB - Dublin, IE\",\"locked\":false,\"mb_id\":0,\"provider_asn\":36236,\"provider_ip_type\":\"ipv6\",\"provider_peer_ip\":\"2a00:dd80:d:8::11a\",\"routes_received\":\"\",\"state\":\"Active\"},{\"config_status\":\"1\",\"customer_asn\":63911,\"customer_peer_ip\":\"185.34.0.236\",\"description\":\"Craig's DevOps Demos - DUB.ANYCAST.NET - anycast-ingress-dub.worker.demo IPv4\",\"group_id\":3247,\"group_name\":\"Craig's DevOps Demos\",\"id\":51161,\"last_update\":\"2025-10-06 08:49:57\",\"location_name\":\"DUB - Dublin, IE\",\"locked\":false,\"mb_id\":0,\"provider_asn\":36236,\"provider_ip_type\":\"ipv4\",\"provider_peer_ip\":\"185.34.0.145\",\"routes_received\":\"[{\\\"path\\\": [\\\"63911\\\"], \\\"origin\\\": \\\"63911\\\", \\\"prefix\\\": \\\"45.54.50.0/24\\\", \\\"next_hop\\\": \\\"185.34.0.236\\\", \\\"metric_loc_prf_weight\\\": 0}]\",\"state\":\"Established\"}]}","custom_fields":{"na_asn":"63911","na_bgp_ipv4_prefix":"45.54.50.0/24","na_contract_id":"440","na_image":"Ubuntu 24.04 LTS (20240423)","na_image_id":"5787","na_location_id":"570","na_plan":"VR1x1x25","na_plan_id":"668","na_public_ipv4":"185.34.0.236","na_public_ipv6":"2a00:dd80:d:8::5c","na_server_id":"572166","zz_bgp_connection_info":"2a00:dd80:d:8::11a (ipv6): state=Active config=1 locked=false last=2025-10-06 08:49:56\n185.34.0.145 (ipv4): state=Established config=1 locked=false last=2025-10-06 08:49:57","zz_bgp_local_info":"Hostname: anycast-ingress-dub.worker.demo\nLocal ASN: 63911\nPublic IPv4: 185.34.0.236\nPublic IPv6: 2a00:dd80:d:8::5c\nCustomer IPs: 2a00:dd80:d:8::5c, 185.34.0.236","zz_bgp_remote_info":"Group: Craig's DevOps Demos\nProvider ASN: 36236\nProvider IPv4: 185.34.0.145\nProvider IPv6: 2a00:dd80:d:8::11a","zz_bgp_routes_info":"45.54.50.0/24 via 185.34.0.236 (origin 63911)"},"description":"NetActuate plan VR1x1x25","device_id":0,"disk_size_mb":25600,"id":"41","local_context_data":"","memory_mb":1024,"name":"anycast-ingress-dub.worker.demo","platform_id":0,"primary_ipv4":50,"primary_ipv6":0,"role_id":0,"site_id":58,"status":"active","tags":["anycast"],"tags_all":["anycast"],"tenant_id":0,"vcpus":1},"sensitive_attributes":[],"private":"eyJzY2hlbWFfdmVyc2lvbiI6IjIifQ==","dependencies":["module.pop.data.netactuate_bgp_sessions.vm","module.pop.data.netactuate_server.vm","module.pop.netactuate_server.vm","module.pop.netbox_cluster.this","module.pop.netbox_site.this","netbox_cluster_type.hypervisor","netbox_custom_field.na_asn","netbox_custom_field.na_bgp_ipv4_prefix","netbox_custom_field.na_contract_id","netbox_custom_field.na_image","netbox_custom_field.na_image_id","netbox_custom_field.na_location_id","netbox_custom_field.na_plan","netbox_custom_field.na_plan_id","netbox_custom_field.na_public_ipv4","netbox_custom_field.na_public_ipv6","netbox_custom_field.na_server_id","netbox_custom_field.zz_bgp_connection_info","netbox_custom_field.zz_bgp_local_info","netbox_custom_field.zz_bgp_remote_info","netbox_custom_field.zz_bgp_routes_info","netbox_tag.anycast"]}]},{"module":"module.pop[\"DXB\"]","mode":"data","type":"netactuate_bgp_sessions","name":"vm","provider":"provider[\"registry.opentofu.org/netactuate/netactuate\"]","instances":[{"schema_version":0,"attributes":{"id":"572175","mbpkgid":572175,"sessions":[{"config_status":"1","customer_asn":63911,"customer_peer_ip":"185.34.3.126","description":"Craig's DevOps Demos - DXB - anycast-ingress-dxb.worker.demo IPv4","group_id":3247,"group_name":"Craig's DevOps Demos","id":51183,"last_update":"2025-10-06 08:49:26","location_name":"DXB - Dubai, UAE","locked":false,"mb_id":0,"provider_asn":36236,"provider_ip_type":"ipv4","provider_peer_ip":"185.34.3.94","routes_received":"[{\"path\": [\"63911\"], \"origin\": \"63911\", \"prefix\": \"45.54.50.0/24\", \"next_hop\": \"185.34.3.126\", \"metric_loc_prf_weight\": 0}]","state":"Established"},{"config_status":"1","customer_asn":63911,"customer_peer_ip":"2a00:dd80:3f:100::ea0","description":"Craig's DevOps Demos - DXB - anycast-ingress-dxb.worker.demo IPv6","group_id":3247,"group_name":"Craig's DevOps Demos","id":51184,"last_update":"2025-10-06 08:49:34","location_name":"DXB - Dubai, UAE","locked":false,"mb_id":0,"provider_asn":36236,"provider_ip_type":"ipv6","provider_peer_ip":"2a00:dd80:3f:100::db0","routes_received":"","state":"Active"}]},"sensitive_attributes":[]}]},{"module":"module.pop[\"DXB\"]","mode":"data","type":"netactuate_server","name":"vm","provider":"provider[\"registry.opentofu.org/netactuate/netactuate\"]","instances":[{"schema_version":0,"attributes":{"bgp_peers":[{"group_id":3247,"ipv4":["185.34.3.94"],"ipv6":["2a00:dd80:3f:100::db0"],"localasn":63911,"localpeerv4":"185.34.3.126","localpeerv6":"2a00:dd80:3f:100::ea0","peerasn":36236}],"hostname":"anycast-ingress-dxb.worker.demo","id":572175,"image":"Ubuntu 24.04 LTS (20240423)","image_id":5787,"ip_v4":"185.34.3.126","ip_v6":"2a00:dd80:3f:100::ea0","location_id":380,"package":"VR1x1x25","plan_id":668,"public_ipv4":"185.34.3.126","public_ipv6":"2a00:dd80:3f:100::ea0","state":"UP","status":"RUNNING"},"sensitive_attributes":[]}]},{"module":"module.pop[\"DXB\"]","mode":"managed","type":"netactuate_bgp_sessions","name":"bgp","provider":"provider[\"registry.opentofu.org/netactuate/netactuate\"]","instances":[{"index_key":0,"schema_version":0,"attributes":{"group_id":3247,"id":"572175","ipv6":true,"mbpkgid":572175,"redundant":false},"sensitive_attributes":[],"private":"bnVsbA==","dependencies":["module.pop.netactuate_server.vm","netbox_custom_field.na_asn","netbox_custom_field.na_bgp_ipv4_prefix","netbox_custom_field.na_contract_id","netbox_custom_field.na_image","netbox_custom_field.na_image_id","netbox_custom_field.na_location_id","netbox_custom_field.na_plan","netbox_custom_field.na_plan_id","netbox_custom_field.na_public_ipv4","netbox_custom_field.na_public_ipv6","netbox_custom_field.na_server_id","netbox_custom_field.zz_bgp_connection_info","netbox_custom_field.zz_bgp_local_info","netbox_custom_field.zz_bgp_remote_info","netbox_custom_field.zz_bgp_routes_info"]}]},{"module":"module.pop[\"DXB\"]","mode":"managed","type":"netactuate_server","name":"vm","provider":"provider[\"registry.opentofu.org/netactuate/netactuate\"]","instances":[{"schema_version":0,"attributes":{"cloud_config":null,"hostname":"anycast-ingress-dxb.worker.demo","id":"572175","image":null,"image_id":5787,"location":null,"location_id":380,"package_billing":"usage","package_billing_contract_id":"440","package_billing_opt_in":null,"params":"","password":null,"plan":"VR1x1x25","primary_ipv4":"185.34.3.126","primary_ipv6":"2a00:dd80:3f:100::ea0","ssh_key":null,"ssh_key_id":8199,"user_data":null,"user_data_base64":null},"sensitive_attributes":[[{"type":"get_attr","value":"password"}]],"private":"bnVsbA==","dependencies":["netbox_custom_field.na_asn","netbox_custom_field.na_bgp_ipv4_prefix","netbox_custom_field.na_contract_id","netbox_custom_field.na_image","netbox_custom_field.na_image_id","netbox_custom_field.na_location_id","netbox_custom_field.na_plan","netbox_custom_field.na_plan_id","netbox_custom_field.na_public_ipv4","netbox_custom_field.na_public_ipv6","netbox_custom_field.na_server_id","netbox_custom_field.zz_bgp_connection_info","netbox_custom_field.zz_bgp_local_info","netbox_custom_field.zz_bgp_remote_info","netbox_custom_field.zz_bgp_routes_info"]}]},{"module":"module.pop[\"DXB\"]","mode":"managed","type":"netbox_cluster","name":"this","provider":"provider[\"registry.opentofu.org/e-breuninger/netbox\"]","instances":[{"schema_version":0,"attributes":{"cluster_group_id":0,"cluster_type_id":6,"comments":"","description":"","id":"68","name":"DXB-cluster","site_id":65,"tags":[],"tags_all":[],"tenant_id":0},"sensitive_attributes":[],"private":"bnVsbA==","dependencies":["module.pop.netbox_site.this","netbox_cluster_type.hypervisor","netbox_custom_field.na_asn","netbox_custom_field.na_bgp_ipv4_prefix","netbox_custom_field.na_contract_id","netbox_custom_field.na_image","netbox_custom_field.na_image_id","netbox_custom_field.na_location_id","netbox_custom_field.na_plan","netbox_custom_field.na_plan_id","netbox_custom_field.na_public_ipv4","netbox_custom_field.na_public_ipv6","netbox_custom_field.na_server_id","netbox_custom_field.zz_bgp_connection_info","netbox_custom_field.zz_bgp_local_info","netbox_custom_field.zz_bgp_remote_info","netbox_custom_field.zz_bgp_routes_info"]}]},{"module":"module.pop[\"DXB\"]","mode":"managed","type":"netbox_device","name":"this","provider":"provider[\"registry.opentofu.org/e-breuninger/netbox\"]","instances":[{"schema_version":0,"attributes":{"asset_tag":"","cluster_id":0,"comments":"","config_template_id":0,"custom_fields":null,"description":"","device_type_id":1,"id":"37","local_context_data":"","location_id":0,"name":"anycast-ingress-dxb.worker.demo","platform_id":0,"primary_ipv4":0,"primary_ipv6":0,"rack_face":"","rack_id":0,"rack_position":0,"role_id":1,"serial":"","site_id":65,"status":"active","tags":["anycast"],"tags_all":["anycast"],"tenant_id":0,"virtual_chassis_id":0,"virtual_chassis_master":false,"virtual_chassis_position":0,"virtual_chassis_priority":0},"sensitive_attributes":[],"private":"bnVsbA==","dependencies":["module.pop.netactuate_server.vm","module.pop.netbox_site.this","netbox_custom_field.na_asn","netbox_custom_field.na_bgp_ipv4_prefix","netbox_custom_field.na_contract_id","netbox_custom_field.na_image","netbox_custom_field.na_image_id","netbox_custom_field.na_location_id","netbox_custom_field.na_plan","netbox_custom_field.na_plan_id","netbox_custom_field.na_public_ipv4","netbox_custom_field.na_public_ipv6","netbox_custom_field.na_server_id","netbox_custom_field.zz_bgp_connection_info","netbox_custom_field.zz_bgp_local_info","netbox_custom_field.zz_bgp_remote_info","netbox_custom_field.zz_bgp_routes_info","netbox_device_role.anycast_worker","netbox_device_type.anycast_worker","netbox_manufacturer.netactuate","netbox_tag.anycast"]}]},{"module":"module.pop[\"DXB\"]","mode":"managed","type":"netbox_interface","name":"eth0","provider":"provider[\"registry.opentofu.org/e-breuninger/netbox\"]","instances":[{"schema_version":0,"attributes":{"description":"","enabled":true,"id":"66","mac_address":"","mode":null,"mtu":0,"name":"eth0","tagged_vlans":[],"tags":[],"tags_all":[],"type":null,"untagged_vlan":null,"virtual_machine_id":66},"sensitive_attributes":[],"private":"bnVsbA==","dependencies":["module.pop.data.netactuate_bgp_sessions.vm","module.pop.data.netactuate_server.vm","module.pop.netactuate_server.vm","module.pop.netbox_cluster.this","module.pop.netbox_site.this","module.pop.netbox_virtual_machine.this","netbox_cluster_type.hypervisor","netbox_custom_field.na_asn","netbox_custom_field.na_bgp_ipv4_prefix","netbox_custom_field.na_contract_id","netbox_custom_field.na_image","netbox_custom_field.na_image_id","netbox_custom_field.na_location_id","netbox_custom_field.na_plan","netbox_custom_field.na_plan_id","netbox_custom_field.na_public_ipv4","netbox_custom_field.na_public_ipv6","netbox_custom_field.na_server_id","netbox_custom_field.zz_bgp_connection_info","netbox_custom_field.zz_bgp_local_info","netbox_custom_field.zz_bgp_remote_info","netbox_custom_field.zz_bgp_routes_info","netbox_tag.anycast"]}]},{"module":"module.pop[\"DXB\"]","mode":"managed","type":"netbox_ip_address","name":"public_v4","provider":"provider[\"registry.opentofu.org/e-breuninger/netbox\"]","instances":[{"schema_version":0,"attributes":{"custom_fields":null,"description":"","device_interface_id":null,"dns_name":"anycast-ingress-dxb.worker.demo","id":"65","interface_id":null,"ip_address":"185.34.3.126/32","nat_inside_address_id":0,"nat_outside_addresses":[],"object_type":null,"role":"","status":"active","tags":[],"tags_all":[],"tenant_id":0,"virtual_machine_interface_id":66,"vrf_id":0},"sensitive_attributes":[],"private":"bnVsbA==","dependencies":["module.pop.data.netactuate_bgp_sessions.vm","module.pop.data.netactuate_server.vm","module.pop.netactuate_server.vm","module.pop.netbox_cluster.this","module.pop.netbox_interface.eth0","module.pop.netbox_site.this","module.pop.netbox_virtual_machine.this","netbox_cluster_type.hypervisor","netbox_custom_field.na_asn","netbox_custom_field.na_bgp_ipv4_prefix","netbox_custom_field.na_bgp_peers","netbox_custom_field.na_bgp_session_details","netbox_custom_field.na_contract_id","netbox_custom_field.na_image","netbox_custom_field.na_image_id","netbox_custom_field.na_location_id","netbox_custom_field.na_plan","netbox_custom_field.na_plan_id","netbox_custom_field.na_public_ipv4","netbox_custom_field.na_public_ipv6","netbox_custom_field.na_server_id","netbox_custom_field.zz_bgp_connection_info","netbox_custom_field.zz_bgp_local_info","netbox_custom_field.zz_bgp_remote_info","netbox_custom_field.zz_bgp_routes_info","netbox_tag.anycast"]}]},{"module":"module.pop[\"DXB\"]","mode":"managed","type":"netbox_primary_ip","name":"vm_primary_v4","provider":"provider[\"registry.opentofu.org/e-breuninger/netbox\"]","instances":[{"schema_version":0,"attributes":{"id":"66","ip_address_id":65,"ip_address_version":4,"virtual_machine_id":66},"sensitive_attributes":[],"private":"bnVsbA==","dependencies":["module.pop.data.netactuate_bgp_sessions.vm","module.pop.data.netactuate_server.vm","module.pop.netactuate_server.vm","module.pop.netbox_cluster.this","module.pop.netbox_interface.eth0","module.pop.netbox_ip_address.public_v4","module.pop.netbox_site.this","module.pop.netbox_virtual_machine.this","netbox_cluster_type.hypervisor","netbox_custom_field.na_asn","netbox_custom_field.na_bgp_ipv4_prefix","netbox_custom_field.na_contract_id","netbox_custom_field.na_image","netbox_custom_field.na_image_id","netbox_custom_field.na_location_id","netbox_custom_field.na_plan","netbox_custom_field.na_plan_id","netbox_custom_field.na_public_ipv4","netbox_custom_field.na_public_ipv6","netbox_custom_field.na_server_id","netbox_custom_field.zz_bgp_connection_info","netbox_custom_field.zz_bgp_local_info","netbox_custom_field.zz_bgp_remote_info","netbox_custom_field.zz_bgp_routes_info","netbox_tag.anycast"]}]},{"module":"module.pop[\"DXB\"]","mode":"managed","type":"netbox_service","name":"bgp179","provider":"provider[\"registry.opentofu.org/e-breuninger/netbox\"]","instances":[{"schema_version":0,"attributes":{"custom_fields":null,"description":"Anycast ingress BGP (TCP/179)","device_id":0,"id":"65","name":"bgp","port":null,"ports":[179],"protocol":"tcp","tags":[],"tags_all":[],"virtual_machine_id":66},"sensitive_attributes":[],"private":"bnVsbA==","dependencies":["module.pop.data.netactuate_bgp_sessions.vm","module.pop.data.netactuate_server.vm","module.pop.netactuate_server.vm","module.pop.netbox_cluster.this","module.pop.netbox_site.this","module.pop.netbox_virtual_machine.this","netbox_cluster_type.hypervisor","netbox_custom_field.na_asn","netbox_custom_field.na_bgp_ipv4_prefix","netbox_custom_field.na_contract_id","netbox_custom_field.na_image","netbox_custom_field.na_image_id","netbox_custom_field.na_location_id","netbox_custom_field.na_plan","netbox_custom_field.na_plan_id","netbox_custom_field.na_public_ipv4","netbox_custom_field.na_public_ipv6","netbox_custom_field.na_server_id","netbox_custom_field.zz_bgp_connection_info","netbox_custom_field.zz_bgp_local_info","netbox_custom_field.zz_bgp_remote_info","netbox_custom_field.zz_bgp_routes_info","netbox_tag.anycast"]}]},{"module":"module.pop[\"DXB\"]","mode":"managed","type":"netbox_site","name":"this","provider":"provider[\"registry.opentofu.org/e-breuninger/netbox\"]","instances":[{"schema_version":0,"attributes":{"asn_ids":[],"comments":"","custom_fields":null,"description":"NetActuate PoP DXB","facility":"","group_id":0,"id":"65","latitude":0,"longitude":0,"name":"DXB","physical_address":"","region_id":0,"shipping_address":"","slug":"dxb","status":"active","tags":[],"tags_all":[],"tenant_id":0,"timezone":""},"sensitive_attributes":[],"private":"bnVsbA==","dependencies":["netbox_custom_field.na_asn","netbox_custom_field.na_bgp_ipv4_prefix","netbox_custom_field.na_contract_id","netbox_custom_field.na_image","netbox_custom_field.na_image_id","netbox_custom_field.na_location_id","netbox_custom_field.na_plan","netbox_custom_field.na_plan_id","netbox_custom_field.na_public_ipv4","netbox_custom_field.na_public_ipv6","netbox_custom_field.na_server_id","netbox_custom_field.zz_bgp_connection_info","netbox_custom_field.zz_bgp_local_info","netbox_custom_field.zz_bgp_remote_info","netbox_custom_field.zz_bgp_routes_info"]}]},{"module":"module.pop[\"DXB\"]","mode":"managed","type":"netbox_virtual_machine","name":"this","provider":"provider[\"registry.opentofu.org/e-breuninger/netbox\"]","instances":[{"schema_version":2,"attributes":{"cluster_id":68,"comments":"🚀 NetActuate Server Details:\n\n  • Server ID: 572175\n\n  • Contract ID: 440\n\n  • Location ID: 380\n\n  • Image: Ubuntu 24.04 LTS (20240423) (ID 5787)\n\n  • IPv4 Prefix: 45.54.50.0/24\n\n📋 BGP Local Info:\n\n  Hostname: anycast-ingress-dxb.worker.demo\nLocal ASN: 63911\nPublic IPv4: 185.34.3.126\nPublic IPv6: 2a00:dd80:3f:100::ea0\nCustomer IPs: 185.34.3.126, 2a00:dd80:3f:100::ea0\n\n🌐 BGP Remote Info:\n\n  Group: Craig's DevOps Demos\nProvider ASN: 36236\nProvider IPv4: 185.34.3.94\nProvider IPv6: 2a00:dd80:3f:100::db0\n\n🔗 BGP Connection Status:\n\n  185.34.3.94 (ipv4): state=Established config=1 locked=false last=2025-10-06 08:49:26\n2a00:dd80:3f:100::db0 (ipv6): state=Active config=1 locked=false last=2025-10-06 08:49:34\n\n📊 BGP Routes:\n\n  45.54.50.0/24 via 185.34.3.126 (origin 63911)\n\n📡 BGP Peers (JSON):\n\n  {\"ipv4|185.34.3.94\":{\"comment\":\"Description: Craig's DevOps Demos - DXB - anycast-ingress-dxb.worker.demo IPv4\\nState: Established\\nConfig status: 1\\nLast update: 2025-10-06 08:49:26\\nRoutes: 45.54.50.0/24 via 185.34.3.126\",\"config_status\":\"1\",\"customer_ip\":\"185.34.3.126\",\"description\":\"Craig's DevOps Demos - DXB - anycast-ingress-dxb.worker.demo IPv4\",\"group_id\":3247,\"group_name\":\"Craig's DevOps Demos\",\"last_update\":\"2025-10-06 08:49:26\",\"local_ip\":\"185.34.3.126\",\"remote_ip\":\"185.34.3.94\",\"remote_ip_type\":\"ipv4\",\"remote_prefix\":\"185.34.3.94/32\",\"routes\":[{\"metric_loc_prf_weight\":0,\"next_hop\":\"185.34.3.126\",\"origin\":\"63911\",\"path\":[\"63911\"],\"prefix\":\"45.54.50.0/24\"}],\"session_name\":\"\",\"state\":\"Established\",\"status\":\"active\"},\"ipv6|2a00:dd80:3f:100::db0\":{\"comment\":\"Description: Craig's DevOps Demos - DXB - anycast-ingress-dxb.worker.demo IPv6\\nState: Active\\nConfig status: 1\\nLast update: 2025-10-06 08:49:34\",\"config_status\":\"1\",\"customer_ip\":\"2a00:dd80:3f:100::ea0\",\"description\":\"Craig's DevOps Demos - DXB - anycast-ingress-dxb.worker.demo IPv6\",\"group_id\":3247,\"group_name\":\"Craig's DevOps Demos\",\"last_update\":\"2025-10-06 08:49:34\",\"local_ip\":\"2a00:dd80:3f:100::ea0\",\"remote_ip\":\"2a00:dd80:3f:100::db0\",\"remote_ip_type\":\"ipv6\",\"remote_prefix\":\"2a00:dd80:3f:100::db0/128\",\"routes\":[],\"session_name\":\"\",\"state\":\"Active\",\"status\":\"failed\"}}\n\n🔧 BGP Session Details (JSON):\n\n  {\"group_id\":3247,\"group_name\":\"Craig's DevOps Demos\",\"sessions\":[{\"config_status\":\"1\",\"customer_asn\":63911,\"customer_peer_ip\":\"185.34.3.126\",\"description\":\"Craig's DevOps Demos - DXB - anycast-ingress-dxb.worker.demo IPv4\",\"group_id\":3247,\"group_name\":\"Craig's DevOps Demos\",\"id\":51183,\"last_update\":\"2025-10-06 08:49:26\",\"location_name\":\"DXB - Dubai, UAE\",\"locked\":false,\"mb_id\":0,\"provider_asn\":36236,\"provider_ip_type\":\"ipv4\",\"provider_peer_ip\":\"185.34.3.94\",\"routes_received\":\"[{\\\"path\\\": [\\\"63911\\\"], \\\"origin\\\": \\\"63911\\\", \\\"prefix\\\": \\\"45.54.50.0/24\\\", \\\"next_hop\\\": \\\"185.34.3.126\\\", \\\"metric_loc_prf_weight\\\": 0}]\",\"state\":\"Established\"},{\"config_status\":\"1\",\"customer_asn\":63911,\"customer_peer_ip\":\"2a00:dd80:3f:100::ea0\",\"description\":\"Craig's DevOps Demos - DXB - anycast-ingress-dxb.worker.demo IPv6\",\"group_id\":3247,\"group_name\":\"Craig's DevOps Demos\",\"id\":51184,\"last_update\":\"2025-10-06 08:49:34\",\"location_name\":\"DXB - Dubai, UAE\",\"locked\":false,\"mb_id\":0,\"provider_asn\":36236,\"provider_ip_type\":\"ipv6\",\"provider_peer_ip\":\"2a00:dd80:3f:100::db0\",\"routes_received\":\"\",\"state\":\"Active\"}]}","custom_fields":{"na_asn":"63911","na_bgp_ipv4_prefix":"45.54.50.0/24","na_contract_id":"440","na_image":"Ubuntu 24.04 LTS (20240423)","na_image_id":"5787","na_location_id":"380","na_plan":"VR1x1x25","na_plan_id":"668","na_public_ipv4":"185.34.3.126","na_public_ipv6":"2a00:dd80:3f:100::ea0","na_server_id":"572175","zz_bgp_connection_info":"185.34.3.94 (ipv4): state=Established config=1 locked=false last=2025-10-06 08:49:26\n2a00:dd80:3f:100::db0 (ipv6): state=Active config=1 locked=false last=2025-10-06 08:49:34","zz_bgp_local_info":"Hostname: anycast-ingress-dxb.worker.demo\nLocal ASN: 63911\nPublic IPv4: 185.34.3.126\nPublic IPv6: 2a00:dd80:3f:100::ea0\nCustomer IPs: 185.34.3.126, 2a00:dd80:3f:100::ea0","zz_bgp_remote_info":"Group: Craig's DevOps Demos\nProvider ASN: 36236\nProvider IPv4: 185.34.3.94\nProvider IPv6: 2a00:dd80:3f:100::db0","zz_bgp_routes_info":"45.54.50.0/24 via 185.34.3.126 (origin 63911)"},"description":"NetActuate plan VR1x1x25","device_id":0,"disk_size_mb":25600,"id":"66","local_context_data":"","memory_mb":1024,"name":"anycast-ingress-dxb.worker.demo","platform_id":0,"primary_ipv4":65,"primary_ipv6":0,"role_id":0,"site_id":65,"status":"active","tags":["anycast"],"tags_all":["anycast"],"tenant_id":0,"vcpus":1},"sensitive_attributes":[],"private":"eyJzY2hlbWFfdmVyc2lvbiI6IjIifQ==","dependencies":["module.pop.data.netactuate_bgp_sessions.vm","module.pop.data.netactuate_server.vm","module.pop.netactuate_server.vm","module.pop.netbox_cluster.this","module.pop.netbox_site.this","netbox_cluster_type.hypervisor","netbox_custom_field.na_asn","netbox_custom_field.na_bgp_ipv4_prefix","netbox_custom_field.na_contract_id","netbox_custom_field.na_image","netbox_custom_field.na_image_id","netbox_custom_field.na_location_id","netbox_custom_field.na_plan","netbox_custom_field.na_plan_id","netbox_custom_field.na_public_ipv4","netbox_custom_field.na_public_ipv6","netbox_custom_field.na_server_id","netbox_custom_field.zz_bgp_connection_info","netbox_custom_field.zz_bgp_local_info","netbox_custom_field.zz_bgp_remote_info","netbox_custom_field.zz_bgp_routes_info","netbox_tag.anycast"]}]},{"module":"module.pop[\"FRA\"]","mode":"data","type":"netactuate_bgp_sessions","name":"vm","provider":"provider[\"registry.opentofu.org/netactuate/netactuate\"]","instances":[{"schema_version":0,"attributes":{"id":"572167","mbpkgid":572167,"sessions":[{"config_status":"1","customer_asn":63911,"customer_peer_ip":"2a00:dd80:20::b40","description":"Craig's DevOps Demos - FRA - anycast-ingress-fra.worker.demo IPv6","group_id":3247,"group_name":"Craig's DevOps Demos","id":51166,"last_update":"2025-10-06 08:53:00","location_name":"FRA - Frankfurt, DE","locked":false,"mb_id":0,"provider_asn":36236,"provider_ip_type":"ipv6","provider_peer_ip":"2a00:dd80:20::cf2","routes_received":"","state":"Active"},{"config_status":"1","customer_asn":63911,"customer_peer_ip":"185.40.234.215","description":"Craig's DevOps Demos - FRA - anycast-ingress-fra.worker.demo IPv4","group_id":3247,"group_name":"Craig's DevOps Demos","id":51165,"last_update":"2025-10-06 08:53:01","location_name":"FRA - Frankfurt, DE","locked":false,"mb_id":0,"provider_asn":36236,"provider_ip_type":"ipv4","provider_peer_ip":"185.40.234.32","routes_received":"[{\"path\": [\"63911\"], \"origin\": \"63911\", \"prefix\": \"45.54.50.0/24\", \"next_hop\": \"185.40.234.215\", \"metric_loc_prf_weight\": 0}]","state":"Established"}]},"sensitive_attributes":[]}]},{"module":"module.pop[\"FRA\"]","mode":"data","type":"netactuate_server","name":"vm","provider":"provider[\"registry.opentofu.org/netactuate/netactuate\"]","instances":[{"schema_version":0,"attributes":{"bgp_peers":[{"group_id":3247,"ipv4":["185.40.234.32"],"ipv6":["2a00:dd80:20::cf2"],"localasn":63911,"localpeerv4":"185.40.234.215","localpeerv6":"2a00:dd80:20::b40","peerasn":36236}],"hostname":"anycast-ingress-fra.worker.demo","id":572167,"image":"Ubuntu 24.04 LTS (20240423)","image_id":5787,"ip_v4":"185.40.234.215","ip_v6":"2a00:dd80:20::b40","location_id":164,"package":"VR1x1x25","plan_id":668,"public_ipv4":"185.40.234.215","public_ipv6":"2a00:dd80:20::b40","state":"UP","status":"RUNNING"},"sensitive_attributes":[]}]},{"module":"module.pop[\"FRA\"]","mode":"managed","type":"netactuate_bgp_sessions","name":"bgp","provider":"provider[\"registry.opentofu.org/netactuate/netactuate\"]","instances":[{"index_key":0,"schema_version":0,"attributes":{"group_id":3247,"id":"572167","ipv6":true,"mbpkgid":572167,"redundant":false},"sensitive_attributes":[],"private":"bnVsbA==","dependencies":["module.pop.netactuate_server.vm","netbox_custom_field.na_asn","netbox_custom_field.na_bgp_ipv4_prefix","netbox_custom_field.na_contract_id","netbox_custom_field.na_image","netbox_custom_field.na_image_id","netbox_custom_field.na_location_id","netbox_custom_field.na_plan","netbox_custom_field.na_plan_id","netbox_custom_field.na_public_ipv4","netbox_custom_field.na_public_ipv6","netbox_custom_field.na_server_id","netbox_custom_field.zz_bgp_connection_info","netbox_custom_field.zz_bgp_local_info","netbox_custom_field.zz_bgp_remote_info","netbox_custom_field.zz_bgp_routes_info"]}]},{"module":"module.pop[\"FRA\"]","mode":"managed","type":"netactuate_server","name":"vm","provider":"provider[\"registry.opentofu.org/netactuate/netactuate\"]","instances":[{"schema_version":0,"attributes":{"cloud_config":null,"hostname":"anycast-ingress-fra.worker.demo","id":"572167","image":null,"image_id":5787,"location":null,"location_id":164,"package_billing":"usage","package_billing_contract_id":"440","package_billing_opt_in":null,"params":"","password":null,"plan":"VR1x1x25","primary_ipv4":"185.40.234.215","primary_ipv6":"2a00:dd80:20::b40","ssh_key":null,"ssh_key_id":8199,"user_data":null,"user_data_base64":null},"sensitive_attributes":[[{"type":"get_attr","value":"password"}]],"private":"bnVsbA==","dependencies":["netbox_custom_field.na_asn","netbox_custom_field.na_bgp_ipv4_prefix","netbox_custom_field.na_contract_id","netbox_custom_field.na_image","netbox_custom_field.na_image_id","netbox_custom_field.na_location_id","netbox_custom_field.na_plan","netbox_custom_field.na_plan_id","netbox_custom_field.na_public_ipv4","netbox_custom_field.na_public_ipv6","netbox_custom_field.na_server_id","netbox_custom_field.zz_bgp_connection_info","netbox_custom_field.zz_bgp_local_info","netbox_custom_field.zz_bgp_remote_info","netbox_custom_field.zz_bgp_routes_info"]}]},{"module":"module.pop[\"FRA\"]","mode":"managed","type":"netbox_cluster","name":"this","provider":"provider[\"registry.opentofu.org/e-breuninger/netbox\"]","instances":[{"schema_version":0,"attributes":{"cluster_group_id":0,"cluster_type_id":6,"comments":"","description":"","id":"52","name":"FRA-cluster","site_id":51,"tags":[],"tags_all":[],"tenant_id":0},"sensitive_attributes":[],"private":"bnVsbA==","dependencies":["module.pop.netbox_site.this","netbox_cluster_type.hypervisor","netbox_custom_field.na_asn","netbox_custom_field.na_bgp_ipv4_prefix","netbox_custom_field.na_contract_id","netbox_custom_field.na_image","netbox_custom_field.na_image_id","netbox_custom_field.na_location_id","netbox_custom_field.na_plan","netbox_custom_field.na_plan_id","netbox_custom_field.na_public_ipv4","netbox_custom_field.na_public_ipv6","netbox_custom_field.na_server_id","netbox_custom_field.zz_bgp_connection_info","netbox_custom_field.zz_bgp_local_info","netbox_custom_field.zz_bgp_remote_info","netbox_custom_field.zz_bgp_routes_info"]}]},{"module":"module.pop[\"FRA\"]","mode":"managed","type":"netbox_device","name":"this","provider":"provider[\"registry.opentofu.org/e-breuninger/netbox\"]","instances":[{"schema_version":0,"attributes":{"asset_tag":"","cluster_id":0,"comments":"","config_template_id":0,"custom_fields":null,"description":"","device_type_id":1,"id":"16","local_context_data":"","location_id":0,"name":"anycast-ingress-fra.worker.demo","platform_id":0,"primary_ipv4":0,"primary_ipv6":0,"rack_face":"","rack_id":0,"rack_position":0,"role_id":1,"serial":"","site_id":51,"status":"active","tags":["anycast"],"tags_all":["anycast"],"tenant_id":0,"virtual_chassis_id":0,"virtual_chassis_master":false,"virtual_chassis_position":0,"virtual_chassis_priority":0},"sensitive_attributes":[],"private":"bnVsbA==","dependencies":["module.pop.netactuate_server.vm","module.pop.netbox_site.this","netbox_custom_field.na_asn","netbox_custom_field.na_bgp_ipv4_prefix","netbox_custom_field.na_contract_id","netbox_custom_field.na_image","netbox_custom_field.na_image_id","netbox_custom_field.na_location_id","netbox_custom_field.na_plan","netbox_custom_field.na_plan_id","netbox_custom_field.na_public_ipv4","netbox_custom_field.na_public_ipv6","netbox_custom_field.na_server_id","netbox_custom_field.zz_bgp_connection_info","netbox_custom_field.zz_bgp_local_info","netbox_custom_field.zz_bgp_remote_info","netbox_custom_field.zz_bgp_routes_info","netbox_device_role.anycast_worker","netbox_device_type.anycast_worker","netbox_manufacturer.netactuate","netbox_tag.anycast"]}]},{"module":"module.pop[\"FRA\"]","mode":"managed","type":"netbox_interface","name":"eth0","provider":"provider[\"registry.opentofu.org/e-breuninger/netbox\"]","instances":[{"schema_version":0,"attributes":{"description":"","enabled":true,"id":"44","mac_address":"","mode":null,"mtu":0,"name":"eth0","tagged_vlans":[],"tags":[],"tags_all":[],"type":null,"untagged_vlan":null,"virtual_machine_id":48},"sensitive_attributes":[],"private":"bnVsbA==","dependencies":["module.pop.data.netactuate_bgp_sessions.vm","module.pop.data.netactuate_server.vm","module.pop.netactuate_server.vm","module.pop.netbox_cluster.this","module.pop.netbox_site.this","module.pop.netbox_virtual_machine.this","netbox_cluster_type.hypervisor","netbox_custom_field.na_asn","netbox_custom_field.na_bgp_ipv4_prefix","netbox_custom_field.na_contract_id","netbox_custom_field.na_image","netbox_custom_field.na_image_id","netbox_custom_field.na_location_id","netbox_custom_field.na_plan","netbox_custom_field.na_plan_id","netbox_custom_field.na_public_ipv4","netbox_custom_field.na_public_ipv6","netbox_custom_field.na_server_id","netbox_custom_field.zz_bgp_connection_info","netbox_custom_field.zz_bgp_local_info","netbox_custom_field.zz_bgp_remote_info","netbox_custom_field.zz_bgp_routes_info","netbox_tag.anycast"]}]},{"module":"module.pop[\"FRA\"]","mode":"managed","type":"netbox_ip_address","name":"public_v4","provider":"provider[\"registry.opentofu.org/e-breuninger/netbox\"]","instances":[{"schema_version":0,"attributes":{"custom_fields":null,"description":"","device_interface_id":null,"dns_name":"anycast-ingress-fra.worker.demo","id":"45","interface_id":null,"ip_address":"185.40.234.215/32","nat_inside_address_id":0,"nat_outside_addresses":[],"object_type":null,"role":"","status":"active","tags":[],"tags_all":[],"tenant_id":0,"virtual_machine_interface_id":44,"vrf_id":0},"sensitive_attributes":[],"private":"bnVsbA==","dependencies":["module.pop.data.netactuate_bgp_sessions.vm","module.pop.data.netactuate_server.vm","module.pop.netactuate_server.vm","module.pop.netbox_cluster.this","module.pop.netbox_interface.eth0","module.pop.netbox_site.this","module.pop.netbox_virtual_machine.this","netbox_cluster_type.hypervisor","netbox_custom_field.na_asn","netbox_custom_field.na_bgp_ipv4_prefix","netbox_custom_field.na_bgp_peers","netbox_custom_field.na_bgp_session_details","netbox_custom_field.na_contract_id","netbox_custom_field.na_image","netbox_custom_field.na_image_id","netbox_custom_field.na_location_id","netbox_custom_field.na_plan","netbox_custom_field.na_plan_id","netbox_custom_field.na_public_ipv4","netbox_custom_field.na_public_ipv6","netbox_custom_field.na_server_id","netbox_custom_field.zz_bgp_connection_info","netbox_custom_field.zz_bgp_local_info","netbox_custom_field.zz_bgp_remote_info","netbox_custom_field.zz_bgp_routes_info","netbox_tag.anycast"]}]},{"module":"module.pop[\"FRA\"]","mode":"managed","type":"netbox_primary_ip","name":"vm_primary_v4","provider":"provider[\"registry.opentofu.org/e-breuninger/netbox\"]","instances":[{"schema_version":0,"attributes":{"id":"48","ip_address_id":45,"ip_address_version":4,"virtual_machine_id":48},"sensitive_attributes":[],"private":"bnVsbA==","dependencies":["module.pop.data.netactuate_bgp_sessions.vm","module.pop.data.netactuate_server.vm","module.pop.netactuate_server.vm","module.pop.netbox_cluster.this","module.pop.netbox_interface.eth0","module.pop.netbox_ip_address.public_v4","module.pop.netbox_site.this","module.pop.netbox_virtual_machine.this","netbox_cluster_type.hypervisor","netbox_custom_field.na_asn","netbox_custom_field.na_bgp_ipv4_prefix","netbox_custom_field.na_contract_id","netbox_custom_field.na_image","netbox_custom_field.na_image_id","netbox_custom_field.na_location_id","netbox_custom_field.na_plan","netbox_custom_field.na_plan_id","netbox_custom_field.na_public_ipv4","netbox_custom_field.na_public_ipv6","netbox_custom_field.na_server_id","netbox_custom_field.zz_bgp_connection_info","netbox_custom_field.zz_bgp_local_info","netbox_custom_field.zz_bgp_remote_info","netbox_custom_field.zz_bgp_routes_info","netbox_tag.anycast"]}]},{"module":"module.pop[\"FRA\"]","mode":"managed","type":"netbox_service","name":"bgp179","provider":"provider[\"registry.opentofu.org/e-breuninger/netbox\"]","instances":[{"schema_version":0,"attributes":{"custom_fields":null,"description":"Anycast ingress BGP (TCP/179)","device_id":0,"id":"44","name":"bgp","port":null,"ports":[179],"protocol":"tcp","tags":[],"tags_all":[],"virtual_machine_id":48},"sensitive_attributes":[],"private":"bnVsbA==","dependencies":["module.pop.data.netactuate_bgp_sessions.vm","module.pop.data.netactuate_server.vm","module.pop.netactuate_server.vm","module.pop.netbox_cluster.this","module.pop.netbox_site.this","module.pop.netbox_virtual_machine.this","netbox_cluster_type.hypervisor","netbox_custom_field.na_asn","netbox_custom_field.na_bgp_ipv4_prefix","netbox_custom_field.na_contract_id","netbox_custom_field.na_image","netbox_custom_field.na_image_id","netbox_custom_field.na_location_id","netbox_custom_field.na_plan","netbox_custom_field.na_plan_id","netbox_custom_field.na_public_ipv4","netbox_custom_field.na_public_ipv6","netbox_custom_field.na_server_id","netbox_custom_field.zz_bgp_connection_info","netbox_custom_field.zz_bgp_local_info","netbox_custom_field.zz_bgp_remote_info","netbox_custom_field.zz_bgp_routes_info","netbox_tag.anycast"]}]},{"module":"module.pop[\"FRA\"]","mode":"managed","type":"netbox_site","name":"this","provider":"provider[\"registry.opentofu.org/e-breuninger/netbox\"]","instances":[{"schema_version":0,"attributes":{"asn_ids":[],"comments":"","custom_fields":null,"description":"NetActuate PoP FRA","facility":"","group_id":0,"id":"51","latitude":0,"longitude":0,"name":"FRA","physical_address":"","region_id":0,"shipping_address":"","slug":"fra","status":"active","tags":[],"tags_all":[],"tenant_id":0,"timezone":""},"sensitive_attributes":[],"private":"bnVsbA==","dependencies":["netbox_custom_field.na_asn","netbox_custom_field.na_bgp_ipv4_prefix","netbox_custom_field.na_contract_id","netbox_custom_field.na_image","netbox_custom_field.na_image_id","netbox_custom_field.na_location_id","netbox_custom_field.na_plan","netbox_custom_field.na_plan_id","netbox_custom_field.na_public_ipv4","netbox_custom_field.na_public_ipv6","netbox_custom_field.na_server_id","netbox_custom_field.zz_bgp_connection_info","netbox_custom_field.zz_bgp_local_info","netbox_custom_field.zz_bgp_remote_info","netbox_custom_field.zz_bgp_routes_info"]}]},{"module":"module.pop[\"FRA\"]","mode":"managed","type":"netbox_virtual_machine","name":"this","provider":"provider[\"registry.opentofu.org/e-breuninger/netbox\"]","instances":[{"schema_version":2,"attributes":{"cluster_id":52,"comments":"🚀 NetActuate Server Details:\n\n  • Server ID: 572167\n\n  • Contract ID: 440\n\n  • Location ID: 164\n\n  • Image: Ubuntu 24.04 LTS (20240423) (ID 5787)\n\n  • IPv4 Prefix: 45.54.50.0/24\n\n📋 BGP Local Info:\n\n  Hostname: anycast-ingress-fra.worker.demo\nLocal ASN: 63911\nPublic IPv4: 185.40.234.215\nPublic IPv6: 2a00:dd80:20::b40\nCustomer IPs: 2a00:dd80:20::b40, 185.40.234.215\n\n🌐 BGP Remote Info:\n\n  Group: Craig's DevOps Demos\nProvider ASN: 36236\nProvider IPv4: 185.40.234.32\nProvider IPv6: 2a00:dd80:20::cf2\n\n🔗 BGP Connection Status:\n\n  2a00:dd80:20::cf2 (ipv6): state=Active config=1 locked=false last=2025-10-06 08:53:00\n185.40.234.32 (ipv4): state=Established config=1 locked=false last=2025-10-06 08:53:01\n\n📊 BGP Routes:\n\n  45.54.50.0/24 via 185.40.234.215 (origin 63911)\n\n📡 BGP Peers (JSON):\n\n  {\"ipv4|185.40.234.32\":{\"comment\":\"Description: Craig's DevOps Demos - FRA - anycast-ingress-fra.worker.demo IPv4\\nState: Established\\nConfig status: 1\\nLast update: 2025-10-06 08:53:01\\nRoutes: 45.54.50.0/24 via 185.40.234.215\",\"config_status\":\"1\",\"customer_ip\":\"185.40.234.215\",\"description\":\"Craig's DevOps Demos - FRA - anycast-ingress-fra.worker.demo IPv4\",\"group_id\":3247,\"group_name\":\"Craig's DevOps Demos\",\"last_update\":\"2025-10-06 08:53:01\",\"local_ip\":\"185.40.234.215\",\"remote_ip\":\"185.40.234.32\",\"remote_ip_type\":\"ipv4\",\"remote_prefix\":\"185.40.234.32/32\",\"routes\":[{\"metric_loc_prf_weight\":0,\"next_hop\":\"185.40.234.215\",\"origin\":\"63911\",\"path\":[\"63911\"],\"prefix\":\"45.54.50.0/24\"}],\"session_name\":\"\",\"state\":\"Established\",\"status\":\"active\"},\"ipv6|2a00:dd80:20::cf2\":{\"comment\":\"Description: Craig's DevOps Demos - FRA - anycast-ingress-fra.worker.demo IPv6\\nState: Active\\nConfig status: 1\\nLast update: 2025-10-06 08:53:00\",\"config_status\":\"1\",\"customer_ip\":\"2a00:dd80:20::b40\",\"description\":\"Craig's DevOps Demos - FRA - anycast-ingress-fra.worker.demo IPv6\",\"group_id\":3247,\"group_name\":\"Craig's DevOps Demos\",\"last_update\":\"2025-10-06 08:53:00\",\"local_ip\":\"2a00:dd80:20::b40\",\"remote_ip\":\"2a00:dd80:20::cf2\",\"remote_ip_type\":\"ipv6\",\"remote_prefix\":\"2a00:dd80:20::cf2/128\",\"routes\":[],\"session_name\":\"\",\"state\":\"Active\",\"status\":\"failed\"}}\n\n🔧 BGP Session Details (JSON):\n\n  {\"group_id\":3247,\"group_name\":\"Craig's DevOps Demos\",\"sessions\":[{\"config_status\":\"1\",\"customer_asn\":63911,\"customer_peer_ip\":\"2a00:dd80:20::b40\",\"description\":\"Craig's DevOps Demos - FRA - anycast-ingress-fra.worker.demo IPv6\",\"group_id\":3247,\"group_name\":\"Craig's DevOps Demos\",\"id\":51166,\"last_update\":\"2025-10-06 08:53:00\",\"location_name\":\"FRA - Frankfurt, DE\",\"locked\":false,\"mb_id\":0,\"provider_asn\":36236,\"provider_ip_type\":\"ipv6\",\"provider_peer_ip\":\"2a00:dd80:20::cf2\",\"routes_received\":\"\",\"state\":\"Active\"},{\"config_status\":\"1\",\"customer_asn\":63911,\"customer_peer_ip\":\"185.40.234.215\",\"description\":\"Craig's DevOps Demos - FRA - anycast-ingress-fra.worker.demo IPv4\",\"group_id\":3247,\"group_name\":\"Craig's DevOps Demos\",\"id\":51165,\"last_update\":\"2025-10-06 08:53:01\",\"location_name\":\"FRA - Frankfurt, DE\",\"locked\":false,\"mb_id\":0,\"provider_asn\":36236,\"provider_ip_type\":\"ipv4\",\"provider_peer_ip\":\"185.40.234.32\",\"routes_received\":\"[{\\\"path\\\": [\\\"63911\\\"], \\\"origin\\\": \\\"63911\\\", \\\"prefix\\\": \\\"45.54.50.0/24\\\", \\\"next_hop\\\": \\\"185.40.234.215\\\", \\\"metric_loc_prf_weight\\\": 0}]\",\"state\":\"Established\"}]}","custom_fields":{"na_asn":"63911","na_bgp_ipv4_prefix":"45.54.50.0/24","na_contract_id":"440","na_image":"Ubuntu 24.04 LTS (20240423)","na_image_id":"5787","na_location_id":"164","na_plan":"VR1x1x25","na_plan_id":"668","na_public_ipv4":"185.40.234.215","na_public_ipv6":"2a00:dd80:20::b40","na_server_id":"572167","zz_bgp_connection_info":"2a00:dd80:20::cf2 (ipv6): state=Active config=1 locked=false last=2025-10-06 08:53:00\n185.40.234.32 (ipv4): state=Established config=1 locked=false last=2025-10-06 08:53:01","zz_bgp_local_info":"Hostname: anycast-ingress-fra.worker.demo\nLocal ASN: 63911\nPublic IPv4: 185.40.234.215\nPublic IPv6: 2a00:dd80:20::b40\nCustomer IPs: 2a00:dd80:20::b40, 185.40.234.215","zz_bgp_remote_info":"Group: Craig's DevOps Demos\nProvider ASN: 36236\nProvider IPv4: 185.40.234.32\nProvider IPv6: 2a00:dd80:20::cf2","zz_bgp_routes_info":"45.54.50.0/24 via 185.40.234.215 (origin 63911)"},"description":"NetActuate plan VR1x1x25","device_id":0,"disk_size_mb":25600,"id":"48","local_context_data":"","memory_mb":1024,"name":"anycast-ingress-fra.worker.demo","platform_id":0,"primary_ipv4":45,"primary_ipv6":0,"role_id":0,"site_id":51,"status":"active","tags":["anycast"],"tags_all":["anycast"],"tenant_id":0,"vcpus":1},"sensitive_attributes":[],"private":"eyJzY2hlbWFfdmVyc2lvbiI6IjIifQ==","dependencies":["module.pop.data.netactuate_bgp_sessions.vm","module.pop.data.netactuate_server.vm","module.pop.netactuate_server.vm","module.pop.netbox_cluster.this","module.pop.netbox_site.this","netbox_cluster_type.hypervisor","netbox_custom_field.na_asn","netbox_custom_field.na_bgp_ipv4_prefix","netbox_custom_field.na_contract_id","netbox_custom_field.na_image","netbox_custom_field.na_image_id","netbox_custom_field.na_location_id","netbox_custom_field.na_plan","netbox_custom_field.na_plan_id","netbox_custom_field.na_public_ipv4","netbox_custom_field.na_public_ipv6","netbox_custom_field.na_server_id","netbox_custom_field.zz_bgp_connection_info","netbox_custom_field.zz_bgp_local_info","netbox_custom_field.zz_bgp_remote_info","netbox_custom_field.zz_bgp_routes_info","netbox_tag.anycast"]}]},{"module":"module.pop[\"GRU\"]","mode":"data","type":"netactuate_bgp_sessions","name":"vm","provider":"provider[\"registry.opentofu.org/netactuate/netactuate\"]","instances":[{"schema_version":0,"attributes":{"id":"572163","mbpkgid":572163,"sessions":[{"config_status":"1","customer_asn":63911,"customer_peer_ip":"2607:f740:1::7d5","description":"Craig's DevOps Demos - GRU - anycast-ingress-gru.worker.demo IPv6","group_id":3247,"group_name":"Craig's DevOps Demos","id":51152,"last_update":"2025-10-06 08:53:02","location_name":"GRU - Sao Paulo, Brazil","locked":false,"mb_id":0,"provider_asn":36236,"provider_ip_type":"ipv6","provider_peer_ip":"2607:f740:1::e37","routes_received":"","state":"Active"},{"config_status":"1","customer_asn":63911,"customer_peer_ip":"148.163.220.121","description":"Craig's DevOps Demos - GRU - anycast-ingress-gru.worker.demo IPv4","group_id":3247,"group_name":"Craig's DevOps Demos","id":51151,"last_update":"2025-10-06 08:53:05","location_name":"GRU - Sao Paulo, Brazil","locked":false,"mb_id":0,"provider_asn":36236,"provider_ip_type":"ipv4","provider_peer_ip":"148.163.220.95","routes_received":"[{\"path\": [\"63911\"], \"origin\": \"63911\", \"prefix\": \"45.54.50.0/24\", \"next_hop\": \"148.163.220.121\", \"metric_loc_prf_weight\": 0}]","state":"Established"}]},"sensitive_attributes":[]}]},{"module":"module.pop[\"GRU\"]","mode":"data","type":"netactuate_server","name":"vm","provider":"provider[\"registry.opentofu.org/netactuate/netactuate\"]","instances":[{"schema_version":0,"attributes":{"bgp_peers":[{"group_id":3247,"ipv4":["148.163.220.95"],"ipv6":["2607:f740:1::e37"],"localasn":63911,"localpeerv4":"148.163.220.121","localpeerv6":"2607:f740:1::7d5","peerasn":36236}],"hostname":"anycast-ingress-gru.worker.demo","id":572163,"image":"Ubuntu 24.04 LTS (20240423)","image_id":5787,"ip_v4":"148.163.220.121","ip_v6":"2607:f740:1::7d5","location_id":182,"package":"VR1x1x25","plan_id":668,"public_ipv4":"148.163.220.121","public_ipv6":"2607:f740:1::7d5","state":"UP","status":"RUNNING"},"sensitive_attributes":[]}]},{"module":"module.pop[\"GRU\"]","mode":"managed","type":"netactuate_bgp_sessions","name":"bgp","provider":"provider[\"registry.opentofu.org/netactuate/netactuate\"]","instances":[{"index_key":0,"schema_version":0,"attributes":{"group_id":3247,"id":"572163","ipv6":true,"mbpkgid":572163,"redundant":false},"sensitive_attributes":[],"private":"bnVsbA==","dependencies":["module.pop.netactuate_server.vm","netbox_custom_field.na_asn","netbox_custom_field.na_bgp_ipv4_prefix","netbox_custom_field.na_contract_id","netbox_custom_field.na_image","netbox_custom_field.na_image_id","netbox_custom_field.na_location_id","netbox_custom_field.na_plan","netbox_custom_field.na_plan_id","netbox_custom_field.na_public_ipv4","netbox_custom_field.na_public_ipv6","netbox_custom_field.na_server_id","netbox_custom_field.zz_bgp_connection_info","netbox_custom_field.zz_bgp_local_info","netbox_custom_field.zz_bgp_remote_info","netbox_custom_field.zz_bgp_routes_info"]}]},{"module":"module.pop[\"GRU\"]","mode":"managed","type":"netactuate_server","name":"vm","provider":"provider[\"registry.opentofu.org/netactuate/netactuate\"]","instances":[{"schema_version":0,"attributes":{"cloud_config":null,"hostname":"anycast-ingress-gru.worker.demo","id":"572163","image":null,"image_id":5787,"location":null,"location_id":182,"package_billing":"usage","package_billing_contract_id":"440","package_billing_opt_in":null,"params":"","password":null,"plan":"VR1x1x25","primary_ipv4":"148.163.220.121","primary_ipv6":"2607:f740:1::7d5","ssh_key":null,"ssh_key_id":8199,"user_data":null,"user_data_base64":null},"sensitive_attributes":[[{"type":"get_attr","value":"password"}]],"private":"bnVsbA==","dependencies":["netbox_custom_field.na_asn","netbox_custom_field.na_bgp_ipv4_prefix","netbox_custom_field.na_contract_id","netbox_custom_field.na_image","netbox_custom_field.na_image_id","netbox_custom_field.na_location_id","netbox_custom_field.na_plan","netbox_custom_field.na_plan_id","netbox_custom_field.na_public_ipv4","netbox_custom_field.na_public_ipv6","netbox_custom_field.na_server_id","netbox_custom_field.zz_bgp_connection_info","netbox_custom_field.zz_bgp_local_info","netbox_custom_field.zz_bgp_remote_info","netbox_custom_field.zz_bgp_routes_info"]}]},{"module":"module.pop[\"GRU\"]","mode":"managed","type":"netbox_cluster","name":"this","provider":"provider[\"registry.opentofu.org/e-breuninger/netbox\"]","instances":[{"schema_version":0,"attributes":{"cluster_group_id":0,"cluster_type_id":6,"comments":"","description":"","id":"58","name":"GRU-cluster","site_id":59,"tags":[],"tags_all":[],"tenant_id":0},"sensitive_attributes":[],"private":"bnVsbA==","dependencies":["module.pop.netbox_site.this","netbox_cluster_type.hypervisor","netbox_custom_field.na_asn","netbox_custom_field.na_bgp_ipv4_prefix","netbox_custom_field.na_contract_id","netbox_custom_field.na_image","netbox_custom_field.na_image_id","netbox_custom_field.na_location_id","netbox_custom_field.na_plan","netbox_custom_field.na_plan_id","netbox_custom_field.na_public_ipv4","netbox_custom_field.na_public_ipv6","netbox_custom_field.na_server_id","netbox_custom_field.zz_bgp_connection_info","netbox_custom_field.zz_bgp_local_info","netbox_custom_field.zz_bgp_remote_info","netbox_custom_field.zz_bgp_routes_info"]}]},{"module":"module.pop[\"GRU\"]","mode":"managed","type":"netbox_device","name":"this","provider":"provider[\"registry.opentofu.org/e-breuninger/netbox\"]","instances":[{"schema_version":0,"attributes":{"asset_tag":"","cluster_id":0,"comments":"","config_template_id":0,"custom_fields":null,"description":"","device_type_id":1,"id":"25","local_context_data":"","location_id":0,"name":"anycast-ingress-gru.worker.demo","platform_id":0,"primary_ipv4":0,"primary_ipv6":0,"rack_face":"","rack_id":0,"rack_position":0,"role_id":1,"serial":"","site_id":59,"status":"active","tags":["anycast"],"tags_all":["anycast"],"tenant_id":0,"virtual_chassis_id":0,"virtual_chassis_master":false,"virtual_chassis_position":0,"virtual_chassis_priority":0},"sensitive_attributes":[],"private":"bnVsbA==","dependencies":["module.pop.netactuate_server.vm","module.pop.netbox_site.this","netbox_custom_field.na_asn","netbox_custom_field.na_bgp_ipv4_prefix","netbox_custom_field.na_contract_id","netbox_custom_field.na_image","netbox_custom_field.na_image_id","netbox_custom_field.na_location_id","netbox_custom_field.na_plan","netbox_custom_field.na_plan_id","netbox_custom_field.na_public_ipv4","netbox_custom_field.na_public_ipv6","netbox_custom_field.na_server_id","netbox_custom_field.zz_bgp_connection_info","netbox_custom_field.zz_bgp_local_info","netbox_custom_field.zz_bgp_remote_info","netbox_custom_field.zz_bgp_routes_info","netbox_device_role.anycast_worker","netbox_device_type.anycast_worker","netbox_manufacturer.netactuate","netbox_tag.anycast"]}]},{"module":"module.pop[\"GRU\"]","mode":"managed","type":"netbox_interface","name":"eth0","provider":"provider[\"registry.opentofu.org/e-breuninger/netbox\"]","instances":[{"schema_version":0,"attributes":{"description":"","enabled":true,"id":"45","mac_address":"","mode":null,"mtu":0,"name":"eth0","tagged_vlans":[],"tags":[],"tags_all":[],"type":null,"untagged_vlan":null,"virtual_machine_id":43},"sensitive_attributes":[],"private":"bnVsbA==","dependencies":["module.pop.data.netactuate_bgp_sessions.vm","module.pop.data.netactuate_server.vm","module.pop.netactuate_server.vm","module.pop.netbox_cluster.this","module.pop.netbox_site.this","module.pop.netbox_virtual_machine.this","netbox_cluster_type.hypervisor","netbox_custom_field.na_asn","netbox_custom_field.na_bgp_ipv4_prefix","netbox_custom_field.na_contract_id","netbox_custom_field.na_image","netbox_custom_field.na_image_id","netbox_custom_field.na_location_id","netbox_custom_field.na_plan","netbox_custom_field.na_plan_id","netbox_custom_field.na_public_ipv4","netbox_custom_field.na_public_ipv6","netbox_custom_field.na_server_id","netbox_custom_field.zz_bgp_connection_info","netbox_custom_field.zz_bgp_local_info","netbox_custom_field.zz_bgp_remote_info","netbox_custom_field.zz_bgp_routes_info","netbox_tag.anycast"]}]},{"module":"module.pop[\"GRU\"]","mode":"managed","type":"netbox_ip_address","name":"public_v4","provider":"provider[\"registry.opentofu.org/e-breuninger/netbox\"]","instances":[{"schema_version":0,"attributes":{"custom_fields":null,"description":"","device_interface_id":null,"dns_name":"anycast-ingress-gru.worker.demo","id":"48","interface_id":null,"ip_address":"148.163.220.121/32","nat_inside_address_id":0,"nat_outside_addresses":[],"object_type":null,"role":"","status":"active","tags":[],"tags_all":[],"tenant_id":0,"virtual_machine_interface_id":45,"vrf_id":0},"sensitive_attributes":[],"private":"bnVsbA==","dependencies":["module.pop.data.netactuate_bgp_sessions.vm","module.pop.data.netactuate_server.vm","module.pop.netactuate_server.vm","module.pop.netbox_cluster.this","module.pop.netbox_interface.eth0","module.pop.netbox_site.this","module.pop.netbox_virtual_machine.this","netbox_cluster_type.hypervisor","netbox_custom_field.na_asn","netbox_custom_field.na_bgp_ipv4_prefix","netbox_custom_field.na_bgp_peers","netbox_custom_field.na_bgp_session_details","netbox_custom_field.na_contract_id","netbox_custom_field.na_image","netbox_custom_field.na_image_id","netbox_custom_field.na_location_id","netbox_custom_field.na_plan","netbox_custom_field.na_plan_id","netbox_custom_field.na_public_ipv4","netbox_custom_field.na_public_ipv6","netbox_custom_field.na_server_id","netbox_custom_field.zz_bgp_connection_info","netbox_custom_field.zz_bgp_local_info","netbox_custom_field.zz_bgp_remote_info","netbox_custom_field.zz_bgp_routes_info","netbox_tag.anycast"]}]},{"module":"module.pop[\"GRU\"]","mode":"managed","type":"netbox_primary_ip","name":"vm_primary_v4","provider":"provider[\"registry.opentofu.org/e-breuninger/netbox\"]","instances":[{"schema_version":0,"attributes":{"id":"43","ip_address_id":48,"ip_address_version":4,"virtual_machine_id":43},"sensitive_attributes":[],"private":"bnVsbA==","dependencies":["module.pop.data.netactuate_bgp_sessions.vm","module.pop.data.netactuate_server.vm","module.pop.netactuate_server.vm","module.pop.netbox_cluster.this","module.pop.netbox_interface.eth0","module.pop.netbox_ip_address.public_v4","module.pop.netbox_site.this","module.pop.netbox_virtual_machine.this","netbox_cluster_type.hypervisor","netbox_custom_field.na_asn","netbox_custom_field.na_bgp_ipv4_prefix","netbox_custom_field.na_contract_id","netbox_custom_field.na_image","netbox_custom_field.na_image_id","netbox_custom_field.na_location_id","netbox_custom_field.na_plan","netbox_custom_field.na_plan_id","netbox_custom_field.na_public_ipv4","netbox_custom_field.na_public_ipv6","netbox_custom_field.na_server_id","netbox_custom_field.zz_bgp_connection_info","netbox_custom_field.zz_bgp_local_info","netbox_custom_field.zz_bgp_remote_info","netbox_custom_field.zz_bgp_routes_info","netbox_tag.anycast"]}]},{"module":"module.pop[\"GRU\"]","mode":"managed","type":"netbox_service","name":"bgp179","provider":"provider[\"registry.opentofu.org/e-breuninger/netbox\"]","instances":[{"schema_version":0,"attributes":{"custom_fields":null,"description":"Anycast ingress BGP (TCP/179)","device_id":0,"id":"45","name":"bgp","port":null,"ports":[179],"protocol":"tcp","tags":[],"tags_all":[],"virtual_machine_id":43},"sensitive_attributes":[],"private":"bnVsbA==","dependencies":["module.pop.data.netactuate_bgp_sessions.vm","module.pop.data.netactuate_server.vm","module.pop.netactuate_server.vm","module.pop.netbox_cluster.this","module.pop.netbox_site.this","module.pop.netbox_virtual_machine.this","netbox_cluster_type.hypervisor","netbox_custom_field.na_asn","netbox_custom_field.na_bgp_ipv4_prefix","netbox_custom_field.na_contract_id","netbox_custom_field.na_image","netbox_custom_field.na_image_id","netbox_custom_field.na_location_id","netbox_custom_field.na_plan","netbox_custom_field.na_plan_id","netbox_custom_field.na_public_ipv4","netbox_custom_field.na_public_ipv6","netbox_custom_field.na_server_id","netbox_custom_field.zz_bgp_connection_info","netbox_custom_field.zz_bgp_local_info","netbox_custom_field.zz_bgp_remote_info","netbox_custom_field.zz_bgp_routes_info","netbox_tag.anycast"]}]},{"module":"module.pop[\"GRU\"]","mode":"managed","type":"netbox_site","name":"this","provider":"provider[\"registry.opentofu.org/e-breuninger/netbox\"]","instances":[{"schema_version":0,"attributes":{"asn_ids":[],"comments":"","custom_fields":null,"description":"NetActuate PoP GRU","facility":"","group_id":0,"id":"59","latitude":0,"longitude":0,"name":"GRU","physical_address":"","region_id":0,"shipping_address":"","slug":"gru","status":"active","tags":[],"tags_all":[],"tenant_id":0,"timezone":""},"sensitive_attributes":[],"private":"bnVsbA==","dependencies":["netbox_custom_field.na_asn","netbox_custom_field.na_bgp_ipv4_prefix","netbox_custom_field.na_contract_id","netbox_custom_field.na_image","netbox_custom_field.na_image_id","netbox_custom_field.na_location_id","netbox_custom_field.na_plan","netbox_custom_field.na_plan_id","netbox_custom_field.na_public_ipv4","netbox_custom_field.na_public_ipv6","netbox_custom_field.na_server_id","netbox_custom_field.zz_bgp_connection_info","netbox_custom_field.zz_bgp_local_info","netbox_custom_field.zz_bgp_remote_info","netbox_custom_field.zz_bgp_routes_info"]}]},{"module":"module.pop[\"GRU\"]","mode":"managed","type":"netbox_virtual_machine","name":"this","provider":"provider[\"registry.opentofu.org/e-breuninger/netbox\"]","instances":[{"schema_version":2,"attributes":{"cluster_id":58,"comments":"🚀 NetActuate Server Details:\n\n  • Server ID: 572163\n\n  • Contract ID: 440\n\n  • Location ID: 182\n\n  • Image: Ubuntu 24.04 LTS (20240423) (ID 5787)\n\n  • IPv4 Prefix: 45.54.50.0/24\n\n📋 BGP Local Info:\n\n  Hostname: anycast-ingress-gru.worker.demo\nLocal ASN: 63911\nPublic IPv4: 148.163.220.121\nPublic IPv6: 2607:f740:1::7d5\nCustomer IPs: 2607:f740:1::7d5, 148.163.220.121\n\n🌐 BGP Remote Info:\n\n  Group: Craig's DevOps Demos\nProvider ASN: 36236\nProvider IPv4: 148.163.220.95\nProvider IPv6: 2607:f740:1::e37\n\n🔗 BGP Connection Status:\n\n  2607:f740:1::e37 (ipv6): state=Active config=1 locked=false last=2025-10-06 08:53:02\n148.163.220.95 (ipv4): state=Established config=1 locked=false last=2025-10-06 08:53:05\n\n📊 BGP Routes:\n\n  45.54.50.0/24 via 148.163.220.121 (origin 63911)\n\n📡 BGP Peers (JSON):\n\n  {\"ipv4|148.163.220.95\":{\"comment\":\"Description: Craig's DevOps Demos - GRU - anycast-ingress-gru.worker.demo IPv4\\nState: Established\\nConfig status: 1\\nLast update: 2025-10-06 08:53:05\\nRoutes: 45.54.50.0/24 via 148.163.220.121\",\"config_status\":\"1\",\"customer_ip\":\"148.163.220.121\",\"description\":\"Craig's DevOps Demos - GRU - anycast-ingress-gru.worker.demo IPv4\",\"group_id\":3247,\"group_name\":\"Craig's DevOps Demos\",\"last_update\":\"2025-10-06 08:53:05\",\"local_ip\":\"148.163.220.121\",\"remote_ip\":\"148.163.220.95\",\"remote_ip_type\":\"ipv4\",\"remote_prefix\":\"148.163.220.95/32\",\"routes\":[{\"metric_loc_prf_weight\":0,\"next_hop\":\"148.163.220.121\",\"origin\":\"63911\",\"path\":[\"63911\"],\"prefix\":\"45.54.50.0/24\"}],\"session_name\":\"\",\"state\":\"Established\",\"status\":\"active\"},\"ipv6|2607:f740:1::e37\":{\"comment\":\"Description: Craig's DevOps Demos - GRU - anycast-ingress-gru.worker.demo IPv6\\nState: Active\\nConfig status: 1\\nLast update: 2025-10-06 08:53:02\",\"config_status\":\"1\",\"customer_ip\":\"2607:f740:1::7d5\",\"description\":\"Craig's DevOps Demos - GRU - anycast-ingress-gru.worker.demo IPv6\",\"group_id\":3247,\"group_name\":\"Craig's DevOps Demos\",\"last_update\":\"2025-10-06 08:53:02\",\"local_ip\":\"2607:f740:1::7d5\",\"remote_ip\":\"2607:f740:1::e37\",\"remote_ip_type\":\"ipv6\",\"remote_prefix\":\"2607:f740:1::e37/128\",\"routes\":[],\"session_name\":\"\",\"state\":\"Active\",\"status\":\"failed\"}}\n\n🔧 BGP Session Details (JSON):\n\n  {\"group_id\":3247,\"group_name\":\"Craig's DevOps Demos\",\"sessions\":[{\"config_status\":\"1\",\"customer_asn\":63911,\"customer_peer_ip\":\"2607:f740:1::7d5\",\"description\":\"Craig's DevOps Demos - GRU - anycast-ingress-gru.worker.demo IPv6\",\"group_id\":3247,\"group_name\":\"Craig's DevOps Demos\",\"id\":51152,\"last_update\":\"2025-10-06 08:53:02\",\"location_name\":\"GRU - Sao Paulo, Brazil\",\"locked\":false,\"mb_id\":0,\"provider_asn\":36236,\"provider_ip_type\":\"ipv6\",\"provider_peer_ip\":\"2607:f740:1::e37\",\"routes_received\":\"\",\"state\":\"Active\"},{\"config_status\":\"1\",\"customer_asn\":63911,\"customer_peer_ip\":\"148.163.220.121\",\"description\":\"Craig's DevOps Demos - GRU - anycast-ingress-gru.worker.demo IPv4\",\"group_id\":3247,\"group_name\":\"Craig's DevOps Demos\",\"id\":51151,\"last_update\":\"2025-10-06 08:53:05\",\"location_name\":\"GRU - Sao Paulo, Brazil\",\"locked\":false,\"mb_id\":0,\"provider_asn\":36236,\"provider_ip_type\":\"ipv4\",\"provider_peer_ip\":\"148.163.220.95\",\"routes_received\":\"[{\\\"path\\\": [\\\"63911\\\"], \\\"origin\\\": \\\"63911\\\", \\\"prefix\\\": \\\"45.54.50.0/24\\\", \\\"next_hop\\\": \\\"148.163.220.121\\\", \\\"metric_loc_prf_weight\\\": 0}]\",\"state\":\"Established\"}]}","custom_fields":{"na_asn":"63911","na_bgp_ipv4_prefix":"45.54.50.0/24","na_contract_id":"440","na_image":"Ubuntu 24.04 LTS (20240423)","na_image_id":"5787","na_location_id":"182","na_plan":"VR1x1x25","na_plan_id":"668","na_public_ipv4":"148.163.220.121","na_public_ipv6":"2607:f740:1::7d5","na_server_id":"572163","zz_bgp_connection_info":"2607:f740:1::e37 (ipv6): state=Active config=1 locked=false last=2025-10-06 08:53:02\n148.163.220.95 (ipv4): state=Established config=1 locked=false last=2025-10-06 08:53:05","zz_bgp_local_info":"Hostname: anycast-ingress-gru.worker.demo\nLocal ASN: 63911\nPublic IPv4: 148.163.220.121\nPublic IPv6: 2607:f740:1::7d5\nCustomer IPs: 2607:f740:1::7d5, 148.163.220.121","zz_bgp_remote_info":"Group: Craig's DevOps Demos\nProvider ASN: 36236\nProvider IPv4: 148.163.220.95\nProvider IPv6: 2607:f740:1::e37","zz_bgp_routes_info":"45.54.50.0/24 via 148.163.220.121 (origin 63911)"},"description":"NetActuate plan VR1x1x25","device_id":0,"disk_size_mb":25600,"id":"43","local_context_data":"","memory_mb":1024,"name":"anycast-ingress-gru.worker.demo","platform_id":0,"primary_ipv4":48,"primary_ipv6":0,"role_id":0,"site_id":59,"status":"active","tags":["anycast"],"tags_all":["anycast"],"tenant_id":0,"vcpus":1},"sensitive_attributes":[],"private":"eyJzY2hlbWFfdmVyc2lvbiI6IjIifQ==","dependencies":["module.pop.data.netactuate_bgp_sessions.vm","module.pop.data.netactuate_server.vm","module.pop.netactuate_server.vm","module.pop.netbox_cluster.this","module.pop.netbox_site.this","netbox_cluster_type.hypervisor","netbox_custom_field.na_asn","netbox_custom_field.na_bgp_ipv4_prefix","netbox_custom_field.na_contract_id","netbox_custom_field.na_image","netbox_custom_field.na_image_id","netbox_custom_field.na_location_id","netbox_custom_field.na_plan","netbox_custom_field.na_plan_id","netbox_custom_field.na_public_ipv4","netbox_custom_field.na_public_ipv6","netbox_custom_field.na_server_id","netbox_custom_field.zz_bgp_connection_info","netbox_custom_field.zz_bgp_local_info","netbox_custom_field.zz_bgp_remote_info","netbox_custom_field.zz_bgp_routes_info","netbox_tag.anycast"]}]},{"module":"module.pop[\"HKG\"]","mode":"data","type":"netactuate_bgp_sessions","name":"vm","provider":"provider[\"registry.opentofu.org/netactuate/netactuate\"]","instances":[{"schema_version":0,"attributes":{"id":"572186","mbpkgid":572186,"sessions":[{"config_status":"1","customer_asn":63911,"customer_peer_ip":"103.6.84.125","description":"Craig's DevOps Demos - HKG - anycast-ingress-hkg.worker.demo IPv4","group_id":3247,"group_name":"Craig's DevOps Demos","id":51199,"last_update":"2025-10-06 08:51:43","location_name":"HKG - Hong Kong, HK","locked":false,"mb_id":0,"provider_asn":36236,"provider_ip_type":"ipv4","provider_peer_ip":"103.6.84.16","routes_received":"[{\"path\": [\"63911\"], \"origin\": \"63911\", \"prefix\": \"45.54.50.0/24\", \"next_hop\": \"103.6.84.125\", \"metric_loc_prf_weight\": 0}]","state":"Established"},{"config_status":"1","customer_asn":63911,"customer_peer_ip":"2403:2500:8000:1::71","description":"Craig's DevOps Demos - HKG - anycast-ingress-hkg.worker.demo IPv6","group_id":3247,"group_name":"Craig's DevOps Demos","id":51200,"last_update":"2025-10-06 08:51:43","location_name":"HKG - Hong Kong, HK","locked":false,"mb_id":0,"provider_asn":36236,"provider_ip_type":"ipv6","provider_peer_ip":"2403:2500:8000:1::169","routes_received":"","state":"Active"}]},"sensitive_attributes":[]}]},{"module":"module.pop[\"HKG\"]","mode":"data","type":"netactuate_server","name":"vm","provider":"provider[\"registry.opentofu.org/netactuate/netactuate\"]","instances":[{"schema_version":0,"attributes":{"bgp_peers":[{"group_id":3247,"ipv4":["103.6.84.16"],"ipv6":["2403:2500:8000:1::169"],"localasn":63911,"localpeerv4":"103.6.84.125","localpeerv6":"2403:2500:8000:1::71","peerasn":36236}],"hostname":"anycast-ingress-hkg.worker.demo","id":572186,"image":"Ubuntu 24.04 LTS (20240423)","image_id":5787,"ip_v4":"103.6.84.125","ip_v6":"2403:2500:8000:1::71","location_id":83,"package":"VR1x1x25","plan_id":668,"public_ipv4":"103.6.84.125","public_ipv6":"2403:2500:8000:1::71","state":"UP","status":"RUNNING"},"sensitive_attributes":[]}]},{"module":"module.pop[\"HKG\"]","mode":"managed","type":"netactuate_bgp_sessions","name":"bgp","provider":"provider[\"registry.opentofu.org/netactuate/netactuate\"]","instances":[{"index_key":0,"schema_version":0,"attributes":{"group_id":3247,"id":"572186","ipv6":true,"mbpkgid":572186,"redundant":false},"sensitive_attributes":[],"private":"bnVsbA==","dependencies":["module.pop.netactuate_server.vm","netbox_custom_field.na_asn","netbox_custom_field.na_bgp_ipv4_prefix","netbox_custom_field.na_contract_id","netbox_custom_field.na_image","netbox_custom_field.na_image_id","netbox_custom_field.na_location_id","netbox_custom_field.na_plan","netbox_custom_field.na_plan_id","netbox_custom_field.na_public_ipv4","netbox_custom_field.na_public_ipv6","netbox_custom_field.na_server_id","netbox_custom_field.zz_bgp_connection_info","netbox_custom_field.zz_bgp_local_info","netbox_custom_field.zz_bgp_remote_info","netbox_custom_field.zz_bgp_routes_info"]}]},{"module":"module.pop[\"HKG\"]","mode":"managed","type":"netactuate_server","name":"vm","provider":"provider[\"registry.opentofu.org/netactuate/netactuate\"]","instances":[{"schema_version":0,"attributes":{"cloud_config":null,"hostname":"anycast-ingress-hkg.worker.demo","id":"572186","image":null,"image_id":5787,"location":null,"location_id":83,"package_billing":"usage","package_billing_contract_id":"440","package_billing_opt_in":null,"params":"","password":null,"plan":"VR1x1x25","primary_ipv4":"103.6.84.125","primary_ipv6":"2403:2500:8000:1::71","ssh_key":null,"ssh_key_id":8199,"user_data":null,"user_data_base64":null},"sensitive_attributes":[[{"type":"get_attr","value":"password"}]],"private":"bnVsbA==","dependencies":["netbox_custom_field.na_asn","netbox_custom_field.na_bgp_ipv4_prefix","netbox_custom_field.na_contract_id","netbox_custom_field.na_image","netbox_custom_field.na_image_id","netbox_custom_field.na_location_id","netbox_custom_field.na_plan","netbox_custom_field.na_plan_id","netbox_custom_field.na_public_ipv4","netbox_custom_field.na_public_ipv6","netbox_custom_field.na_server_id","netbox_custom_field.zz_bgp_connection_info","netbox_custom_field.zz_bgp_local_info","netbox_custom_field.zz_bgp_remote_info","netbox_custom_field.zz_bgp_routes_info"]}]},{"module":"module.pop[\"HKG\"]","mode":"managed","type":"netbox_cluster","name":"this","provider":"provider[\"registry.opentofu.org/e-breuninger/netbox\"]","instances":[{"schema_version":0,"attributes":{"cluster_group_id":0,"cluster_type_id":6,"comments":"","description":"","id":"73","name":"HKG-cluster","site_id":73,"tags":[],"tags_all":[],"tenant_id":0},"sensitive_attributes":[],"private":"bnVsbA==","dependencies":["module.pop.netbox_site.this","netbox_cluster_type.hypervisor","netbox_custom_field.na_asn","netbox_custom_field.na_bgp_ipv4_prefix","netbox_custom_field.na_contract_id","netbox_custom_field.na_image","netbox_custom_field.na_image_id","netbox_custom_field.na_location_id","netbox_custom_field.na_plan","netbox_custom_field.na_plan_id","netbox_custom_field.na_public_ipv4","netbox_custom_field.na_public_ipv6","netbox_custom_field.na_server_id","netbox_custom_field.zz_bgp_connection_info","netbox_custom_field.zz_bgp_local_info","netbox_custom_field.zz_bgp_remote_info","netbox_custom_field.zz_bgp_routes_info"]}]},{"module":"module.pop[\"HKG\"]","mode":"managed","type":"netbox_device","name":"this","provider":"provider[\"registry.opentofu.org/e-breuninger/netbox\"]","instances":[{"schema_version":0,"attributes":{"asset_tag":"","cluster_id":0,"comments":"","config_template_id":0,"custom_fields":null,"description":"","device_type_id":1,"id":"20","local_context_data":"","location_id":0,"name":"anycast-ingress-hkg.worker.demo","platform_id":0,"primary_ipv4":0,"primary_ipv6":0,"rack_face":"","rack_id":0,"rack_position":0,"role_id":1,"serial":"","site_id":73,"status":"active","tags":["anycast"],"tags_all":["anycast"],"tenant_id":0,"virtual_chassis_id":0,"virtual_chassis_master":false,"virtual_chassis_position":0,"virtual_chassis_priority":0},"sensitive_attributes":[],"private":"bnVsbA==","dependencies":["module.pop.netactuate_server.vm","module.pop.netbox_site.this","netbox_custom_field.na_asn","netbox_custom_field.na_bgp_ipv4_prefix","netbox_custom_field.na_contract_id","netbox_custom_field.na_image","netbox_custom_field.na_image_id","netbox_custom_field.na_location_id","netbox_custom_field.na_plan","netbox_custom_field.na_plan_id","netbox_custom_field.na_public_ipv4","netbox_custom_field.na_public_ipv6","netbox_custom_field.na_server_id","netbox_custom_field.zz_bgp_connection_info","netbox_custom_field.zz_bgp_local_info","netbox_custom_field.zz_bgp_remote_info","netbox_custom_field.zz_bgp_routes_info","netbox_device_role.anycast_worker","netbox_device_type.anycast_worker","netbox_manufacturer.netactuate","netbox_tag.anycast"]}]},{"module":"module.pop[\"HKG\"]","mode":"managed","type":"netbox_interface","name":"eth0","provider":"provider[\"registry.opentofu.org/e-breuninger/netbox\"]","instances":[{"schema_version":0,"attributes":{"description":"","enabled":true,"id":"71","mac_address":"","mode":null,"mtu":0,"name":"eth0","tagged_vlans":[],"tags":[],"tags_all":[],"type":null,"untagged_vlan":null,"virtual_machine_id":69},"sensitive_attributes":[],"private":"bnVsbA==","dependencies":["module.pop.data.netactuate_bgp_sessions.vm","module.pop.data.netactuate_server.vm","module.pop.netactuate_server.vm","module.pop.netbox_cluster.this","module.pop.netbox_site.this","module.pop.netbox_virtual_machine.this","netbox_cluster_type.hypervisor","netbox_custom_field.na_asn","netbox_custom_field.na_bgp_ipv4_prefix","netbox_custom_field.na_contract_id","netbox_custom_field.na_image","netbox_custom_field.na_image_id","netbox_custom_field.na_location_id","netbox_custom_field.na_plan","netbox_custom_field.na_plan_id","netbox_custom_field.na_public_ipv4","netbox_custom_field.na_public_ipv6","netbox_custom_field.na_server_id","netbox_custom_field.zz_bgp_connection_info","netbox_custom_field.zz_bgp_local_info","netbox_custom_field.zz_bgp_remote_info","netbox_custom_field.zz_bgp_routes_info","netbox_tag.anycast"]}]},{"module":"module.pop[\"HKG\"]","mode":"managed","type":"netbox_ip_address","name":"public_v4","provider":"provider[\"registry.opentofu.org/e-breuninger/netbox\"]","instances":[{"schema_version":0,"attributes":{"custom_fields":null,"description":"","device_interface_id":null,"dns_name":"anycast-ingress-hkg.worker.demo","id":"71","interface_id":null,"ip_address":"103.6.84.125/32","nat_inside_address_id":0,"nat_outside_addresses":[],"object_type":null,"role":"","status":"active","tags":[],"tags_all":[],"tenant_id":0,"virtual_machine_interface_id":71,"vrf_id":0},"sensitive_attributes":[],"private":"bnVsbA==","dependencies":["module.pop.data.netactuate_bgp_sessions.vm","module.pop.data.netactuate_server.vm","module.pop.netactuate_server.vm","module.pop.netbox_cluster.this","module.pop.netbox_interface.eth0","module.pop.netbox_site.this","module.pop.netbox_virtual_machine.this","netbox_cluster_type.hypervisor","netbox_custom_field.na_asn","netbox_custom_field.na_bgp_ipv4_prefix","netbox_custom_field.na_bgp_peers","netbox_custom_field.na_bgp_session_details","netbox_custom_field.na_contract_id","netbox_custom_field.na_image","netbox_custom_field.na_image_id","netbox_custom_field.na_location_id","netbox_custom_field.na_plan","netbox_custom_field.na_plan_id","netbox_custom_field.na_public_ipv4","netbox_custom_field.na_public_ipv6","netbox_custom_field.na_server_id","netbox_custom_field.zz_bgp_connection_info","netbox_custom_field.zz_bgp_local_info","netbox_custom_field.zz_bgp_remote_info","netbox_custom_field.zz_bgp_routes_info","netbox_tag.anycast"]}]},{"module":"module.pop[\"HKG\"]","mode":"managed","type":"netbox_primary_ip","name":"vm_primary_v4","provider":"provider[\"registry.opentofu.org/e-breuninger/netbox\"]","instances":[{"schema_version":0,"attributes":{"id":"69","ip_address_id":71,"ip_address_version":4,"virtual_machine_id":69},"sensitive_attributes":[],"private":"bnVsbA==","dependencies":["module.pop.data.netactuate_bgp_sessions.vm","module.pop.data.netactuate_server.vm","module.pop.netactuate_server.vm","module.pop.netbox_cluster.this","module.pop.netbox_interface.eth0","module.pop.netbox_ip_address.public_v4","module.pop.netbox_site.this","module.pop.netbox_virtual_machine.this","netbox_cluster_type.hypervisor","netbox_custom_field.na_asn","netbox_custom_field.na_bgp_ipv4_prefix","netbox_custom_field.na_contract_id","netbox_custom_field.na_image","netbox_custom_field.na_image_id","netbox_custom_field.na_location_id","netbox_custom_field.na_plan","netbox_custom_field.na_plan_id","netbox_custom_field.na_public_ipv4","netbox_custom_field.na_public_ipv6","netbox_custom_field.na_server_id","netbox_custom_field.zz_bgp_connection_info","netbox_custom_field.zz_bgp_local_info","netbox_custom_field.zz_bgp_remote_info","netbox_custom_field.zz_bgp_routes_info","netbox_tag.anycast"]}]},{"module":"module.pop[\"HKG\"]","mode":"managed","type":"netbox_service","name":"bgp179","provider":"provider[\"registry.opentofu.org/e-breuninger/netbox\"]","instances":[{"schema_version":0,"attributes":{"custom_fields":null,"description":"Anycast ingress BGP (TCP/179)","device_id":0,"id":"71","name":"bgp","port":null,"ports":[179],"protocol":"tcp","tags":[],"tags_all":[],"virtual_machine_id":69},"sensitive_attributes":[],"private":"bnVsbA==","dependencies":["module.pop.data.netactuate_bgp_sessions.vm","module.pop.data.netactuate_server.vm","module.pop.netactuate_server.vm","module.pop.netbox_cluster.this","module.pop.netbox_site.this","module.pop.netbox_virtual_machine.this","netbox_cluster_type.hypervisor","netbox_custom_field.na_asn","netbox_custom_field.na_bgp_ipv4_prefix","netbox_custom_field.na_contract_id","netbox_custom_field.na_image","netbox_custom_field.na_image_id","netbox_custom_field.na_location_id","netbox_custom_field.na_plan","netbox_custom_field.na_plan_id","netbox_custom_field.na_public_ipv4","netbox_custom_field.na_public_ipv6","netbox_custom_field.na_server_id","netbox_custom_field.zz_bgp_connection_info","netbox_custom_field.zz_bgp_local_info","netbox_custom_field.zz_bgp_remote_info","netbox_custom_field.zz_bgp_routes_info","netbox_tag.anycast"]}]},{"module":"module.pop[\"HKG\"]","mode":"managed","type":"netbox_site","name":"this","provider":"provider[\"registry.opentofu.org/e-breuninger/netbox\"]","instances":[{"schema_version":0,"attributes":{"asn_ids":[],"comments":"","custom_fields":null,"description":"NetActuate PoP HKG","facility":"","group_id":0,"id":"73","latitude":0,"longitude":0,"name":"HKG","physical_address":"","region_id":0,"shipping_address":"","slug":"hkg","status":"active","tags":[],"tags_all":[],"tenant_id":0,"timezone":""},"sensitive_attributes":[],"private":"bnVsbA==","dependencies":["netbox_custom_field.na_asn","netbox_custom_field.na_bgp_ipv4_prefix","netbox_custom_field.na_contract_id","netbox_custom_field.na_image","netbox_custom_field.na_image_id","netbox_custom_field.na_location_id","netbox_custom_field.na_plan","netbox_custom_field.na_plan_id","netbox_custom_field.na_public_ipv4","netbox_custom_field.na_public_ipv6","netbox_custom_field.na_server_id","netbox_custom_field.zz_bgp_connection_info","netbox_custom_field.zz_bgp_local_info","netbox_custom_field.zz_bgp_remote_info","netbox_custom_field.zz_bgp_routes_info"]}]},{"module":"module.pop[\"HKG\"]","mode":"managed","type":"netbox_virtual_machine","name":"this","provider":"provider[\"registry.opentofu.org/e-breuninger/netbox\"]","instances":[{"schema_version":2,"attributes":{"cluster_id":73,"comments":"🚀 NetActuate Server Details:\n\n  • Server ID: 572186\n\n  • Contract ID: 440\n\n  • Location ID: 83\n\n  • Image: Ubuntu 24.04 LTS (20240423) (ID 5787)\n\n  • IPv4 Prefix: 45.54.50.0/24\n\n📋 BGP Local Info:\n\n  Hostname: anycast-ingress-hkg.worker.demo\nLocal ASN: 63911\nPublic IPv4: 103.6.84.125\nPublic IPv6: 2403:2500:8000:1::71\nCustomer IPs: 103.6.84.125, 2403:2500:8000:1::71\n\n🌐 BGP Remote Info:\n\n  Group: Craig's DevOps Demos\nProvider ASN: 36236\nProvider IPv4: 103.6.84.16\nProvider IPv6: 2403:2500:8000:1::169\n\n🔗 BGP Connection Status:\n\n  103.6.84.16 (ipv4): state=Established config=1 locked=false last=2025-10-06 08:51:43\n2403:2500:8000:1::169 (ipv6): state=Active config=1 locked=false last=2025-10-06 08:51:43\n\n📊 BGP Routes:\n\n  45.54.50.0/24 via 103.6.84.125 (origin 63911)\n\n📡 BGP Peers (JSON):\n\n  {\"ipv4|103.6.84.16\":{\"comment\":\"Description: Craig's DevOps Demos - HKG - anycast-ingress-hkg.worker.demo IPv4\\nState: Established\\nConfig status: 1\\nLast update: 2025-10-06 08:51:43\\nRoutes: 45.54.50.0/24 via 103.6.84.125\",\"config_status\":\"1\",\"customer_ip\":\"103.6.84.125\",\"description\":\"Craig's DevOps Demos - HKG - anycast-ingress-hkg.worker.demo IPv4\",\"group_id\":3247,\"group_name\":\"Craig's DevOps Demos\",\"last_update\":\"2025-10-06 08:51:43\",\"local_ip\":\"103.6.84.125\",\"remote_ip\":\"103.6.84.16\",\"remote_ip_type\":\"ipv4\",\"remote_prefix\":\"103.6.84.16/32\",\"routes\":[{\"metric_loc_prf_weight\":0,\"next_hop\":\"103.6.84.125\",\"origin\":\"63911\",\"path\":[\"63911\"],\"prefix\":\"45.54.50.0/24\"}],\"session_name\":\"\",\"state\":\"Established\",\"status\":\"active\"},\"ipv6|2403:2500:8000:1::169\":{\"comment\":\"Description: Craig's DevOps Demos - HKG - anycast-ingress-hkg.worker.demo IPv6\\nState: Active\\nConfig status: 1\\nLast update: 2025-10-06 08:51:43\",\"config_status\":\"1\",\"customer_ip\":\"2403:2500:8000:1::71\",\"description\":\"Craig's DevOps Demos - HKG - anycast-ingress-hkg.worker.demo IPv6\",\"group_id\":3247,\"group_name\":\"Craig's DevOps Demos\",\"last_update\":\"2025-10-06 08:51:43\",\"local_ip\":\"2403:2500:8000:1::71\",\"remote_ip\":\"2403:2500:8000:1::169\",\"remote_ip_type\":\"ipv6\",\"remote_prefix\":\"2403:2500:8000:1::169/128\",\"routes\":[],\"session_name\":\"\",\"state\":\"Active\",\"status\":\"failed\"}}\n\n🔧 BGP Session Details (JSON):\n\n  {\"group_id\":3247,\"group_name\":\"Craig's DevOps Demos\",\"sessions\":[{\"config_status\":\"1\",\"customer_asn\":63911,\"customer_peer_ip\":\"103.6.84.125\",\"description\":\"Craig's DevOps Demos - HKG - anycast-ingress-hkg.worker.demo IPv4\",\"group_id\":3247,\"group_name\":\"Craig's DevOps Demos\",\"id\":51199,\"last_update\":\"2025-10-06 08:51:43\",\"location_name\":\"HKG - Hong Kong, HK\",\"locked\":false,\"mb_id\":0,\"provider_asn\":36236,\"provider_ip_type\":\"ipv4\",\"provider_peer_ip\":\"103.6.84.16\",\"routes_received\":\"[{\\\"path\\\": [\\\"63911\\\"], \\\"origin\\\": \\\"63911\\\", \\\"prefix\\\": \\\"45.54.50.0/24\\\", \\\"next_hop\\\": \\\"103.6.84.125\\\", \\\"metric_loc_prf_weight\\\": 0}]\",\"state\":\"Established\"},{\"config_status\":\"1\",\"customer_asn\":63911,\"customer_peer_ip\":\"2403:2500:8000:1::71\",\"description\":\"Craig's DevOps Demos - HKG - anycast-ingress-hkg.worker.demo IPv6\",\"group_id\":3247,\"group_name\":\"Craig's DevOps Demos\",\"id\":51200,\"last_update\":\"2025-10-06 08:51:43\",\"location_name\":\"HKG - Hong Kong, HK\",\"locked\":false,\"mb_id\":0,\"provider_asn\":36236,\"provider_ip_type\":\"ipv6\",\"provider_peer_ip\":\"2403:2500:8000:1::169\",\"routes_received\":\"\",\"state\":\"Active\"}]}","custom_fields":{"na_asn":"63911","na_bgp_ipv4_prefix":"45.54.50.0/24","na_contract_id":"440","na_image":"Ubuntu 24.04 LTS (20240423)","na_image_id":"5787","na_location_id":"83","na_plan":"VR1x1x25","na_plan_id":"668","na_public_ipv4":"103.6.84.125","na_public_ipv6":"2403:2500:8000:1::71","na_server_id":"572186","zz_bgp_connection_info":"103.6.84.16 (ipv4): state=Established config=1 locked=false last=2025-10-06 08:51:43\n2403:2500:8000:1::169 (ipv6): state=Active config=1 locked=false last=2025-10-06 08:51:43","zz_bgp_local_info":"Hostname: anycast-ingress-hkg.worker.demo\nLocal ASN: 63911\nPublic IPv4: 103.6.84.125\nPublic IPv6: 2403:2500:8000:1::71\nCustomer IPs: 103.6.84.125, 2403:2500:8000:1::71","zz_bgp_remote_info":"Group: Craig's DevOps Demos\nProvider ASN: 36236\nProvider IPv4: 103.6.84.16\nProvider IPv6: 2403:2500:8000:1::169","zz_bgp_routes_info":"45.54.50.0/24 via 103.6.84.125 (origin 63911)"},"description":"NetActuate plan VR1x1x25","device_id":0,"disk_size_mb":25600,"id":"69","local_context_data":"","memory_mb":1024,"name":"anycast-ingress-hkg.worker.demo","platform_id":0,"primary_ipv4":71,"primary_ipv6":0,"role_id":0,"site_id":73,"status":"active","tags":["anycast"],"tags_all":["anycast"],"tenant_id":0,"vcpus":1},"sensitive_attributes":[],"private":"eyJzY2hlbWFfdmVyc2lvbiI6IjIifQ==","dependencies":["module.pop.data.netactuate_bgp_sessions.vm","module.pop.data.netactuate_server.vm","module.pop.netactuate_server.vm","module.pop.netbox_cluster.this","module.pop.netbox_site.this","netbox_cluster_type.hypervisor","netbox_custom_field.na_asn","netbox_custom_field.na_bgp_ipv4_prefix","netbox_custom_field.na_contract_id","netbox_custom_field.na_image","netbox_custom_field.na_image_id","netbox_custom_field.na_location_id","netbox_custom_field.na_plan","netbox_custom_field.na_plan_id","netbox_custom_field.na_public_ipv4","netbox_custom_field.na_public_ipv6","netbox_custom_field.na_server_id","netbox_custom_field.zz_bgp_connection_info","netbox_custom_field.zz_bgp_local_info","netbox_custom_field.zz_bgp_remote_info","netbox_custom_field.zz_bgp_routes_info","netbox_tag.anycast"]}]},{"module":"module.pop[\"IAD3\"]","mode":"data","type":"netactuate_bgp_sessions","name":"vm","provider":"provider[\"registry.opentofu.org/netactuate/netactuate\"]","instances":[{"schema_version":0,"attributes":{"id":"572144","mbpkgid":572144,"sessions":[{"config_status":"1","customer_asn":63911,"customer_peer_ip":"104.225.11.116","description":"Craig's DevOps Demos - IAD3 - anycast-ingress-iad3.worker.demo IPv4","group_id":3247,"group_name":"Craig's DevOps Demos","id":51131,"last_update":"2025-10-06 08:49:29","location_name":"IAD3 - Ashburn, VA","locked":false,"mb_id":0,"provider_asn":36236,"provider_ip_type":"ipv4","provider_peer_ip":"104.225.11.111","routes_received":"[{\"path\": [\"63911\"], \"origin\": \"63911\", \"prefix\": \"45.54.50.0/24\", \"next_hop\": \"104.225.11.116\", \"metric_loc_prf_weight\": 0}]","state":"Established"},{"config_status":"1","customer_asn":63911,"customer_peer_ip":"2607:fc50:3000:2::347","description":"Craig's DevOps Demos - IAD3 - anycast-ingress-iad3.worker.demo IPv6","group_id":3247,"group_name":"Craig's DevOps Demos","id":51132,"last_update":"2025-10-06 08:49:30","location_name":"IAD3 - Ashburn, VA","locked":false,"mb_id":0,"provider_asn":36236,"provider_ip_type":"ipv6","provider_peer_ip":"2607:fc50:3000:2::2bf","routes_received":"","state":"Active"}]},"sensitive_attributes":[]}]},{"module":"module.pop[\"IAD3\"]","mode":"data","type":"netactuate_server","name":"vm","provider":"provider[\"registry.opentofu.org/netactuate/netactuate\"]","instances":[{"schema_version":0,"attributes":{"bgp_peers":[{"group_id":3247,"ipv4":["104.225.11.111"],"ipv6":["2607:fc50:3000:2::2bf"],"localasn":63911,"localpeerv4":"104.225.11.116","localpeerv6":"2607:fc50:3000:2::347","peerasn":36236}],"hostname":"anycast-ingress-iad3.worker.demo","id":572144,"image":"Ubuntu 24.04 LTS (20240423)","image_id":5787,"ip_v4":"104.225.11.116","ip_v6":"2607:fc50:3000:2::347","location_id":245,"package":"VR1x1x25","plan_id":668,"public_ipv4":"104.225.11.116","public_ipv6":"2607:fc50:3000:2::347","state":"UP","status":"RUNNING"},"sensitive_attributes":[]}]},{"module":"module.pop[\"IAD3\"]","mode":"managed","type":"netactuate_bgp_sessions","name":"bgp","provider":"provider[\"registry.opentofu.org/netactuate/netactuate\"]","instances":[{"index_key":0,"schema_version":0,"attributes":{"group_id":3247,"id":"572144","ipv6":true,"mbpkgid":572144,"redundant":false},"sensitive_attributes":[],"private":"bnVsbA==","dependencies":["module.pop.netactuate_server.vm","netbox_custom_field.na_asn","netbox_custom_field.na_bgp_ipv4_prefix","netbox_custom_field.na_contract_id","netbox_custom_field.na_image","netbox_custom_field.na_image_id","netbox_custom_field.na_location_id","netbox_custom_field.na_plan","netbox_custom_field.na_plan_id","netbox_custom_field.na_public_ipv4","netbox_custom_field.na_public_ipv6","netbox_custom_field.na_server_id","netbox_custom_field.zz_bgp_connection_info","netbox_custom_field.zz_bgp_local_info","netbox_custom_field.zz_bgp_remote_info","netbox_custom_field.zz_bgp_routes_info"]}]},{"module":"module.pop[\"IAD3\"]","mode":"managed","type":"netactuate_server","name":"vm","provider":"provider[\"registry.opentofu.org/netactuate/netactuate\"]","instances":[{"schema_version":0,"attributes":{"cloud_config":null,"hostname":"anycast-ingress-iad3.worker.demo","id":"572144","image":null,"image_id":5787,"location":null,"location_id":245,"package_billing":"usage","package_billing_contract_id":"440","package_billing_opt_in":null,"params":"","password":null,"plan":"VR1x1x25","primary_ipv4":"104.225.11.116","primary_ipv6":"2607:fc50:3000:2::347","ssh_key":null,"ssh_key_id":8199,"user_data":null,"user_data_base64":null},"sensitive_attributes":[[{"type":"get_attr","value":"password"}]],"private":"bnVsbA==","dependencies":["netbox_custom_field.na_asn","netbox_custom_field.na_bgp_ipv4_prefix","netbox_custom_field.na_contract_id","netbox_custom_field.na_image","netbox_custom_field.na_image_id","netbox_custom_field.na_location_id","netbox_custom_field.na_plan","netbox_custom_field.na_plan_id","netbox_custom_field.na_public_ipv4","netbox_custom_field.na_public_ipv6","netbox_custom_field.na_server_id","netbox_custom_field.zz_bgp_connection_info","netbox_custom_field.zz_bgp_local_info","netbox_custom_field.zz_bgp_remote_info","netbox_custom_field.zz_bgp_routes_info"]}]},{"module":"module.pop[\"IAD3\"]","mode":"managed","type":"netbox_cluster","name":"this","provider":"provider[\"registry.opentofu.org/e-breuninger/netbox\"]","instances":[{"schema_version":0,"attributes":{"cluster_group_id":0,"cluster_type_id":6,"comments":"","description":"","id":"40","name":"IAD3-cluster","site_id":38,"tags":[],"tags_all":[],"tenant_id":0},"sensitive_attributes":[],"private":"bnVsbA==","dependencies":["module.pop.netbox_site.this","netbox_cluster_type.hypervisor","netbox_custom_field.na_asn","netbox_custom_field.na_bgp_ipv4_prefix","netbox_custom_field.na_contract_id","netbox_custom_field.na_image","netbox_custom_field.na_image_id","netbox_custom_field.na_location_id","netbox_custom_field.na_plan","netbox_custom_field.na_plan_id","netbox_custom_field.na_public_ipv4","netbox_custom_field.na_public_ipv6","netbox_custom_field.na_server_id","netbox_custom_field.zz_bgp_connection_info","netbox_custom_field.zz_bgp_local_info","netbox_custom_field.zz_bgp_remote_info","netbox_custom_field.zz_bgp_routes_info"]}]},{"module":"module.pop[\"IAD3\"]","mode":"managed","type":"netbox_device","name":"this","provider":"provider[\"registry.opentofu.org/e-breuninger/netbox\"]","instances":[{"schema_version":0,"attributes":{"asset_tag":"","cluster_id":0,"comments":"","config_template_id":0,"custom_fields":null,"description":"","device_type_id":1,"id":"11","local_context_data":"","location_id":0,"name":"anycast-ingress-iad3.worker.demo","platform_id":0,"primary_ipv4":0,"primary_ipv6":0,"rack_face":"","rack_id":0,"rack_position":0,"role_id":1,"serial":"","site_id":38,"status":"active","tags":["anycast"],"tags_all":["anycast"],"tenant_id":0,"virtual_chassis_id":0,"virtual_chassis_master":false,"virtual_chassis_position":0,"virtual_chassis_priority":0},"sensitive_attributes":[],"private":"bnVsbA==","dependencies":["module.pop.netactuate_server.vm","module.pop.netbox_site.this","netbox_custom_field.na_asn","netbox_custom_field.na_bgp_ipv4_prefix","netbox_custom_field.na_contract_id","netbox_custom_field.na_image","netbox_custom_field.na_image_id","netbox_custom_field.na_location_id","netbox_custom_field.na_plan","netbox_custom_field.na_plan_id","netbox_custom_field.na_public_ipv4","netbox_custom_field.na_public_ipv6","netbox_custom_field.na_server_id","netbox_custom_field.zz_bgp_connection_info","netbox_custom_field.zz_bgp_local_info","netbox_custom_field.zz_bgp_remote_info","netbox_custom_field.zz_bgp_routes_info","netbox_device_role.anycast_worker","netbox_device_type.anycast_worker","netbox_manufacturer.netactuate","netbox_tag.anycast"]}]},{"module":"module.pop[\"IAD3\"]","mode":"managed","type":"netbox_interface","name":"eth0","provider":"provider[\"registry.opentofu.org/e-breuninger/netbox\"]","instances":[{"schema_version":0,"attributes":{"description":"","enabled":true,"id":"40","mac_address":"","mode":null,"mtu":0,"name":"eth0","tagged_vlans":[],"tags":[],"tags_all":[],"type":null,"untagged_vlan":null,"virtual_machine_id":36},"sensitive_attributes":[],"private":"bnVsbA==","dependencies":["module.pop.data.netactuate_bgp_sessions.vm","module.pop.data.netactuate_server.vm","module.pop.netactuate_server.vm","module.pop.netbox_cluster.this","module.pop.netbox_site.this","module.pop.netbox_virtual_machine.this","netbox_cluster_type.hypervisor","netbox_custom_field.na_asn","netbox_custom_field.na_bgp_ipv4_prefix","netbox_custom_field.na_contract_id","netbox_custom_field.na_image","netbox_custom_field.na_image_id","netbox_custom_field.na_location_id","netbox_custom_field.na_plan","netbox_custom_field.na_plan_id","netbox_custom_field.na_public_ipv4","netbox_custom_field.na_public_ipv6","netbox_custom_field.na_server_id","netbox_custom_field.zz_bgp_connection_info","netbox_custom_field.zz_bgp_local_info","netbox_custom_field.zz_bgp_remote_info","netbox_custom_field.zz_bgp_routes_info","netbox_tag.anycast"]}]},{"module":"module.pop[\"IAD3\"]","mode":"managed","type":"netbox_ip_address","name":"public_v4","provider":"provider[\"registry.opentofu.org/e-breuninger/netbox\"]","instances":[{"schema_version":0,"attributes":{"custom_fields":null,"description":"","device_interface_id":null,"dns_name":"anycast-ingress-iad3.worker.demo","id":"40","interface_id":null,"ip_address":"104.225.11.116/32","nat_inside_address_id":0,"nat_outside_addresses":[],"object_type":null,"role":"","status":"active","tags":[],"tags_all":[],"tenant_id":0,"virtual_machine_interface_id":40,"vrf_id":0},"sensitive_attributes":[],"private":"bnVsbA==","dependencies":["module.pop.data.netactuate_bgp_sessions.vm","module.pop.data.netactuate_server.vm","module.pop.netactuate_server.vm","module.pop.netbox_cluster.this","module.pop.netbox_interface.eth0","module.pop.netbox_site.this","module.pop.netbox_virtual_machine.this","netbox_cluster_type.hypervisor","netbox_custom_field.na_asn","netbox_custom_field.na_bgp_ipv4_prefix","netbox_custom_field.na_bgp_peers","netbox_custom_field.na_bgp_session_details","netbox_custom_field.na_contract_id","netbox_custom_field.na_image","netbox_custom_field.na_image_id","netbox_custom_field.na_location_id","netbox_custom_field.na_plan","netbox_custom_field.na_plan_id","netbox_custom_field.na_public_ipv4","netbox_custom_field.na_public_ipv6","netbox_custom_field.na_server_id","netbox_custom_field.zz_bgp_connection_info","netbox_custom_field.zz_bgp_local_info","netbox_custom_field.zz_bgp_remote_info","netbox_custom_field.zz_bgp_routes_info","netbox_tag.anycast"]}]},{"module":"module.pop[\"IAD3\"]","mode":"managed","type":"netbox_primary_ip","name":"vm_primary_v4","provider":"provider[\"registry.opentofu.org/e-breuninger/netbox\"]","instances":[{"schema_version":0,"attributes":{"id":"36","ip_address_id":40,"ip_address_version":4,"virtual_machine_id":36},"sensitive_attributes":[],"private":"bnVsbA==","dependencies":["module.pop.data.netactuate_bgp_sessions.vm","module.pop.data.netactuate_server.vm","module.pop.netactuate_server.vm","module.pop.netbox_cluster.this","module.pop.netbox_interface.eth0","module.pop.netbox_ip_address.public_v4","module.pop.netbox_site.this","module.pop.netbox_virtual_machine.this","netbox_cluster_type.hypervisor","netbox_custom_field.na_asn","netbox_custom_field.na_bgp_ipv4_prefix","netbox_custom_field.na_contract_id","netbox_custom_field.na_image","netbox_custom_field.na_image_id","netbox_custom_field.na_location_id","netbox_custom_field.na_plan","netbox_custom_field.na_plan_id","netbox_custom_field.na_public_ipv4","netbox_custom_field.na_public_ipv6","netbox_custom_field.na_server_id","netbox_custom_field.zz_bgp_connection_info","netbox_custom_field.zz_bgp_local_info","netbox_custom_field.zz_bgp_remote_info","netbox_custom_field.zz_bgp_routes_info","netbox_tag.anycast"]}]},{"module":"module.pop[\"IAD3\"]","mode":"managed","type":"netbox_service","name":"bgp179","provider":"provider[\"registry.opentofu.org/e-breuninger/netbox\"]","instances":[{"schema_version":0,"attributes":{"custom_fields":null,"description":"Anycast ingress BGP (TCP/179)","device_id":0,"id":"39","name":"bgp","port":null,"ports":[179],"protocol":"tcp","tags":[],"tags_all":[],"virtual_machine_id":36},"sensitive_attributes":[],"private":"bnVsbA==","dependencies":["module.pop.data.netactuate_bgp_sessions.vm","module.pop.data.netactuate_server.vm","module.pop.netactuate_server.vm","module.pop.netbox_cluster.this","module.pop.netbox_site.this","module.pop.netbox_virtual_machine.this","netbox_cluster_type.hypervisor","netbox_custom_field.na_asn","netbox_custom_field.na_bgp_ipv4_prefix","netbox_custom_field.na_contract_id","netbox_custom_field.na_image","netbox_custom_field.na_image_id","netbox_custom_field.na_location_id","netbox_custom_field.na_plan","netbox_custom_field.na_plan_id","netbox_custom_field.na_public_ipv4","netbox_custom_field.na_public_ipv6","netbox_custom_field.na_server_id","netbox_custom_field.zz_bgp_connection_info","netbox_custom_field.zz_bgp_local_info","netbox_custom_field.zz_bgp_remote_info","netbox_custom_field.zz_bgp_routes_info","netbox_tag.anycast"]}]},{"module":"module.pop[\"IAD3\"]","mode":"managed","type":"netbox_site","name":"this","provider":"provider[\"registry.opentofu.org/e-breuninger/netbox\"]","instances":[{"schema_version":0,"attributes":{"asn_ids":[],"comments":"","custom_fields":null,"description":"NetActuate PoP IAD3","facility":"","group_id":0,"id":"38","latitude":0,"longitude":0,"name":"IAD3","physical_address":"","region_id":0,"shipping_address":"","slug":"iad3","status":"active","tags":[],"tags_all":[],"tenant_id":0,"timezone":""},"sensitive_attributes":[],"private":"bnVsbA==","dependencies":["netbox_custom_field.na_asn","netbox_custom_field.na_bgp_ipv4_prefix","netbox_custom_field.na_contract_id","netbox_custom_field.na_image","netbox_custom_field.na_image_id","netbox_custom_field.na_location_id","netbox_custom_field.na_plan","netbox_custom_field.na_plan_id","netbox_custom_field.na_public_ipv4","netbox_custom_field.na_public_ipv6","netbox_custom_field.na_server_id","netbox_custom_field.zz_bgp_connection_info","netbox_custom_field.zz_bgp_local_info","netbox_custom_field.zz_bgp_remote_info","netbox_custom_field.zz_bgp_routes_info"]}]},{"module":"module.pop[\"IAD3\"]","mode":"managed","type":"netbox_virtual_machine","name":"this","provider":"provider[\"registry.opentofu.org/e-breuninger/netbox\"]","instances":[{"schema_version":2,"attributes":{"cluster_id":40,"comments":"🚀 NetActuate Server Details:\n\n  • Server ID: 572144\n\n  • Contract ID: 440\n\n  • Location ID: 245\n\n  • Image: Ubuntu 24.04 LTS (20240423) (ID 5787)\n\n  • IPv4 Prefix: 45.54.50.0/24\n\n📋 BGP Local Info:\n\n  Hostname: anycast-ingress-iad3.worker.demo\nLocal ASN: 63911\nPublic IPv4: 104.225.11.116\nPublic IPv6: 2607:fc50:3000:2::347\nCustomer IPs: 104.225.11.116, 2607:fc50:3000:2::347\n\n🌐 BGP Remote Info:\n\n  Group: Craig's DevOps Demos\nProvider ASN: 36236\nProvider IPv4: 104.225.11.111\nProvider IPv6: 2607:fc50:3000:2::2bf\n\n🔗 BGP Connection Status:\n\n  104.225.11.111 (ipv4): state=Established config=1 locked=false last=2025-10-06 08:49:29\n2607:fc50:3000:2::2bf (ipv6): state=Active config=1 locked=false last=2025-10-06 08:49:30\n\n📊 BGP Routes:\n\n  45.54.50.0/24 via 104.225.11.116 (origin 63911)\n\n📡 BGP Peers (JSON):\n\n  {\"ipv4|104.225.11.111\":{\"comment\":\"Description: Craig's DevOps Demos - IAD3 - anycast-ingress-iad3.worker.demo IPv4\\nState: Established\\nConfig status: 1\\nLast update: 2025-10-06 08:49:29\\nRoutes: 45.54.50.0/24 via 104.225.11.116\",\"config_status\":\"1\",\"customer_ip\":\"104.225.11.116\",\"description\":\"Craig's DevOps Demos - IAD3 - anycast-ingress-iad3.worker.demo IPv4\",\"group_id\":3247,\"group_name\":\"Craig's DevOps Demos\",\"last_update\":\"2025-10-06 08:49:29\",\"local_ip\":\"104.225.11.116\",\"remote_ip\":\"104.225.11.111\",\"remote_ip_type\":\"ipv4\",\"remote_prefix\":\"104.225.11.111/32\",\"routes\":[{\"metric_loc_prf_weight\":0,\"next_hop\":\"104.225.11.116\",\"origin\":\"63911\",\"path\":[\"63911\"],\"prefix\":\"45.54.50.0/24\"}],\"session_name\":\"\",\"state\":\"Established\",\"status\":\"active\"},\"ipv6|2607:fc50:3000:2::2bf\":{\"comment\":\"Description: Craig's DevOps Demos - IAD3 - anycast-ingress-iad3.worker.demo IPv6\\nState: Active\\nConfig status: 1\\nLast update: 2025-10-06 08:49:30\",\"config_status\":\"1\",\"customer_ip\":\"2607:fc50:3000:2::347\",\"description\":\"Craig's DevOps Demos - IAD3 - anycast-ingress-iad3.worker.demo IPv6\",\"group_id\":3247,\"group_name\":\"Craig's DevOps Demos\",\"last_update\":\"2025-10-06 08:49:30\",\"local_ip\":\"2607:fc50:3000:2::347\",\"remote_ip\":\"2607:fc50:3000:2::2bf\",\"remote_ip_type\":\"ipv6\",\"remote_prefix\":\"2607:fc50:3000:2::2bf/128\",\"routes\":[],\"session_name\":\"\",\"state\":\"Active\",\"status\":\"failed\"}}\n\n🔧 BGP Session Details (JSON):\n\n  {\"group_id\":3247,\"group_name\":\"Craig's DevOps Demos\",\"sessions\":[{\"config_status\":\"1\",\"customer_asn\":63911,\"customer_peer_ip\":\"104.225.11.116\",\"description\":\"Craig's DevOps Demos - IAD3 - anycast-ingress-iad3.worker.demo IPv4\",\"group_id\":3247,\"group_name\":\"Craig's DevOps Demos\",\"id\":51131,\"last_update\":\"2025-10-06 08:49:29\",\"location_name\":\"IAD3 - Ashburn, VA\",\"locked\":false,\"mb_id\":0,\"provider_asn\":36236,\"provider_ip_type\":\"ipv4\",\"provider_peer_ip\":\"104.225.11.111\",\"routes_received\":\"[{\\\"path\\\": [\\\"63911\\\"], \\\"origin\\\": \\\"63911\\\", \\\"prefix\\\": \\\"45.54.50.0/24\\\", \\\"next_hop\\\": \\\"104.225.11.116\\\", \\\"metric_loc_prf_weight\\\": 0}]\",\"state\":\"Established\"},{\"config_status\":\"1\",\"customer_asn\":63911,\"customer_peer_ip\":\"2607:fc50:3000:2::347\",\"description\":\"Craig's DevOps Demos - IAD3 - anycast-ingress-iad3.worker.demo IPv6\",\"group_id\":3247,\"group_name\":\"Craig's DevOps Demos\",\"id\":51132,\"last_update\":\"2025-10-06 08:49:30\",\"location_name\":\"IAD3 - Ashburn, VA\",\"locked\":false,\"mb_id\":0,\"provider_asn\":36236,\"provider_ip_type\":\"ipv6\",\"provider_peer_ip\":\"2607:fc50:3000:2::2bf\",\"routes_received\":\"\",\"state\":\"Active\"}]}","custom_fields":{"na_asn":"63911","na_bgp_ipv4_prefix":"45.54.50.0/24","na_contract_id":"440","na_image":"Ubuntu 24.04 LTS (20240423)","na_image_id":"5787","na_location_id":"245","na_plan":"VR1x1x25","na_plan_id":"668","na_public_ipv4":"104.225.11.116","na_public_ipv6":"2607:fc50:3000:2::347","na_server_id":"572144","zz_bgp_connection_info":"104.225.11.111 (ipv4): state=Established config=1 locked=false last=2025-10-06 08:49:29\n2607:fc50:3000:2::2bf (ipv6): state=Active config=1 locked=false last=2025-10-06 08:49:30","zz_bgp_local_info":"Hostname: anycast-ingress-iad3.worker.demo\nLocal ASN: 63911\nPublic IPv4: 104.225.11.116\nPublic IPv6: 2607:fc50:3000:2::347\nCustomer IPs: 104.225.11.116, 2607:fc50:3000:2::347","zz_bgp_remote_info":"Group: Craig's DevOps Demos\nProvider ASN: 36236\nProvider IPv4: 104.225.11.111\nProvider IPv6: 2607:fc50:3000:2::2bf","zz_bgp_routes_info":"45.54.50.0/24 via 104.225.11.116 (origin 63911)"},"description":"NetActuate plan VR1x1x25","device_id":0,"disk_size_mb":25600,"id":"36","local_context_data":"","memory_mb":1024,"name":"anycast-ingress-iad3.worker.demo","platform_id":0,"primary_ipv4":40,"primary_ipv6":0,"role_id":0,"site_id":38,"status":"active","tags":["anycast"],"tags_all":["anycast"],"tenant_id":0,"vcpus":1},"sensitive_attributes":[],"private":"eyJzY2hlbWFfdmVyc2lvbiI6IjIifQ==","dependencies":["module.pop.data.netactuate_bgp_sessions.vm","module.pop.data.netactuate_server.vm","module.pop.netactuate_server.vm","module.pop.netbox_cluster.this","module.pop.netbox_site.this","netbox_cluster_type.hypervisor","netbox_custom_field.na_asn","netbox_custom_field.na_bgp_ipv4_prefix","netbox_custom_field.na_contract_id","netbox_custom_field.na_image","netbox_custom_field.na_image_id","netbox_custom_field.na_location_id","netbox_custom_field.na_plan","netbox_custom_field.na_plan_id","netbox_custom_field.na_public_ipv4","netbox_custom_field.na_public_ipv6","netbox_custom_field.na_server_id","netbox_custom_field.zz_bgp_connection_info","netbox_custom_field.zz_bgp_local_info","netbox_custom_field.zz_bgp_remote_info","netbox_custom_field.zz_bgp_routes_info","netbox_tag.anycast"]}]},{"module":"module.pop[\"JNB\"]","mode":"data","type":"netactuate_bgp_sessions","name":"vm","provider":"provider[\"registry.opentofu.org/netactuate/netactuate\"]","instances":[{"schema_version":0,"attributes":{"id":"572177","mbpkgid":572177,"sessions":[{"config_status":"1","customer_asn":63911,"customer_peer_ip":"2c0f:edb0:0:10::449","description":"Craig's DevOps Demos - JNB - anycast-ingress-jnb.worker.demo IPv6","group_id":3247,"group_name":"Craig's DevOps Demos","id":51182,"last_update":"2025-10-06 08:52:51","location_name":"JNB - Johannesburg, ZA","locked":false,"mb_id":0,"provider_asn":36236,"provider_ip_type":"ipv6","provider_peer_ip":"2c0f:edb0:0:10::a87","routes_received":"","state":"Active"},{"config_status":"1","customer_asn":63911,"customer_peer_ip":"102.67.165.129","description":"Craig's DevOps Demos - JNB - anycast-ingress-jnb.worker.demo IPv4","group_id":3247,"group_name":"Craig's DevOps Demos","id":51181,"last_update":"2025-10-06 08:52:59","location_name":"JNB - Johannesburg, ZA","locked":false,"mb_id":0,"provider_asn":36236,"provider_ip_type":"ipv4","provider_peer_ip":"102.67.165.178","routes_received":"[{\"path\": [\"63911\"], \"origin\": \"63911\", \"prefix\": \"45.54.50.0/24\", \"next_hop\": \"102.67.165.129\", \"metric_loc_prf_weight\": 0}]","state":"Established"}]},"sensitive_attributes":[]}]},{"module":"module.pop[\"JNB\"]","mode":"data","type":"netactuate_server","name":"vm","provider":"provider[\"registry.opentofu.org/netactuate/netactuate\"]","instances":[{"schema_version":0,"attributes":{"bgp_peers":[{"group_id":3247,"ipv4":["102.67.165.178"],"ipv6":["2c0f:edb0:0:10::a87"],"localasn":63911,"localpeerv4":"102.67.165.129","localpeerv6":"2c0f:edb0:0:10::449","peerasn":36236}],"hostname":"anycast-ingress-jnb.worker.demo","id":572177,"image":"Ubuntu 24.04 LTS (20240423)","image_id":5787,"ip_v4":"102.67.165.129","ip_v6":"2c0f:edb0:0:10::449","location_id":371,"package":"VR1x1x25","plan_id":668,"public_ipv4":"102.67.165.129","public_ipv6":"2c0f:edb0:0:10::449","state":"UP","status":"RUNNING"},"sensitive_attributes":[]}]},{"module":"module.pop[\"JNB\"]","mode":"managed","type":"netactuate_bgp_sessions","name":"bgp","provider":"provider[\"registry.opentofu.org/netactuate/netactuate\"]","instances":[{"index_key":0,"schema_version":0,"attributes":{"group_id":3247,"id":"572177","ipv6":true,"mbpkgid":572177,"redundant":false},"sensitive_attributes":[],"private":"bnVsbA==","dependencies":["module.pop.netactuate_server.vm","netbox_custom_field.na_asn","netbox_custom_field.na_bgp_ipv4_prefix","netbox_custom_field.na_contract_id","netbox_custom_field.na_image","netbox_custom_field.na_image_id","netbox_custom_field.na_location_id","netbox_custom_field.na_plan","netbox_custom_field.na_plan_id","netbox_custom_field.na_public_ipv4","netbox_custom_field.na_public_ipv6","netbox_custom_field.na_server_id","netbox_custom_field.zz_bgp_connection_info","netbox_custom_field.zz_bgp_local_info","netbox_custom_field.zz_bgp_remote_info","netbox_custom_field.zz_bgp_routes_info"]}]},{"module":"module.pop[\"JNB\"]","mode":"managed","type":"netactuate_server","name":"vm","provider":"provider[\"registry.opentofu.org/netactuate/netactuate\"]","instances":[{"schema_version":0,"attributes":{"cloud_config":null,"hostname":"anycast-ingress-jnb.worker.demo","id":"572177","image":null,"image_id":5787,"location":null,"location_id":371,"package_billing":"usage","package_billing_contract_id":"440","package_billing_opt_in":null,"params":"","password":null,"plan":"VR1x1x25","primary_ipv4":"102.67.165.129","primary_ipv6":"2c0f:edb0:0:10::449","ssh_key":null,"ssh_key_id":8199,"user_data":null,"user_data_base64":null},"sensitive_attributes":[[{"type":"get_attr","value":"password"}]],"private":"bnVsbA==","dependencies":["netbox_custom_field.na_asn","netbox_custom_field.na_bgp_ipv4_prefix","netbox_custom_field.na_contract_id","netbox_custom_field.na_image","netbox_custom_field.na_image_id","netbox_custom_field.na_location_id","netbox_custom_field.na_plan","netbox_custom_field.na_plan_id","netbox_custom_field.na_public_ipv4","netbox_custom_field.na_public_ipv6","netbox_custom_field.na_server_id","netbox_custom_field.zz_bgp_connection_info","netbox_custom_field.zz_bgp_local_info","netbox_custom_field.zz_bgp_remote_info","netbox_custom_field.zz_bgp_routes_info"]}]},{"module":"module.pop[\"JNB\"]","mode":"managed","type":"netbox_cluster","name":"this","provider":"provider[\"registry.opentofu.org/e-breuninger/netbox\"]","instances":[{"schema_version":0,"attributes":{"cluster_group_id":0,"cluster_type_id":6,"comments":"","description":"","id":"69","name":"JNB-cluster","site_id":69,"tags":[],"tags_all":[],"tenant_id":0},"sensitive_attributes":[],"private":"bnVsbA==","dependencies":["module.pop.netbox_site.this","netbox_cluster_type.hypervisor","netbox_custom_field.na_asn","netbox_custom_field.na_bgp_ipv4_prefix","netbox_custom_field.na_contract_id","netbox_custom_field.na_image","netbox_custom_field.na_image_id","netbox_custom_field.na_location_id","netbox_custom_field.na_plan","netbox_custom_field.na_plan_id","netbox_custom_field.na_public_ipv4","netbox_custom_field.na_public_ipv6","netbox_custom_field.na_server_id","netbox_custom_field.zz_bgp_connection_info","netbox_custom_field.zz_bgp_local_info","netbox_custom_field.zz_bgp_remote_info","netbox_custom_field.zz_bgp_routes_info"]}]},{"module":"module.pop[\"JNB\"]","mode":"managed","type":"netbox_device","name":"this","provider":"provider[\"registry.opentofu.org/e-breuninger/netbox\"]","instances":[{"schema_version":0,"attributes":{"asset_tag":"","cluster_id":0,"comments":"","config_template_id":0,"custom_fields":null,"description":"","device_type_id":1,"id":"33","local_context_data":"","location_id":0,"name":"anycast-ingress-jnb.worker.demo","platform_id":0,"primary_ipv4":0,"primary_ipv6":0,"rack_face":"","rack_id":0,"rack_position":0,"role_id":1,"serial":"","site_id":69,"status":"active","tags":["anycast"],"tags_all":["anycast"],"tenant_id":0,"virtual_chassis_id":0,"virtual_chassis_master":false,"virtual_chassis_position":0,"virtual_chassis_priority":0},"sensitive_attributes":[],"private":"bnVsbA==","dependencies":["module.pop.netactuate_server.vm","module.pop.netbox_site.this","netbox_custom_field.na_asn","netbox_custom_field.na_bgp_ipv4_prefix","netbox_custom_field.na_contract_id","netbox_custom_field.na_image","netbox_custom_field.na_image_id","netbox_custom_field.na_location_id","netbox_custom_field.na_plan","netbox_custom_field.na_plan_id","netbox_custom_field.na_public_ipv4","netbox_custom_field.na_public_ipv6","netbox_custom_field.na_server_id","netbox_custom_field.zz_bgp_connection_info","netbox_custom_field.zz_bgp_local_info","netbox_custom_field.zz_bgp_remote_info","netbox_custom_field.zz_bgp_routes_info","netbox_device_role.anycast_worker","netbox_device_type.anycast_worker","netbox_manufacturer.netactuate","netbox_tag.anycast"]}]},{"module":"module.pop[\"JNB\"]","mode":"managed","type":"netbox_interface","name":"eth0","provider":"provider[\"registry.opentofu.org/e-breuninger/netbox\"]","instances":[{"schema_version":0,"attributes":{"description":"","enabled":true,"id":"67","mac_address":"","mode":null,"mtu":0,"name":"eth0","tagged_vlans":[],"tags":[],"tags_all":[],"type":null,"untagged_vlan":null,"virtual_machine_id":67},"sensitive_attributes":[],"private":"bnVsbA==","dependencies":["module.pop.data.netactuate_bgp_sessions.vm","module.pop.data.netactuate_server.vm","module.pop.netactuate_server.vm","module.pop.netbox_cluster.this","module.pop.netbox_site.this","module.pop.netbox_virtual_machine.this","netbox_cluster_type.hypervisor","netbox_custom_field.na_asn","netbox_custom_field.na_bgp_ipv4_prefix","netbox_custom_field.na_contract_id","netbox_custom_field.na_image","netbox_custom_field.na_image_id","netbox_custom_field.na_location_id","netbox_custom_field.na_plan","netbox_custom_field.na_plan_id","netbox_custom_field.na_public_ipv4","netbox_custom_field.na_public_ipv6","netbox_custom_field.na_server_id","netbox_custom_field.zz_bgp_connection_info","netbox_custom_field.zz_bgp_local_info","netbox_custom_field.zz_bgp_remote_info","netbox_custom_field.zz_bgp_routes_info","netbox_tag.anycast"]}]},{"module":"module.pop[\"JNB\"]","mode":"managed","type":"netbox_ip_address","name":"public_v4","provider":"provider[\"registry.opentofu.org/e-breuninger/netbox\"]","instances":[{"schema_version":0,"attributes":{"custom_fields":null,"description":"","device_interface_id":null,"dns_name":"anycast-ingress-jnb.worker.demo","id":"66","interface_id":null,"ip_address":"102.67.165.129/32","nat_inside_address_id":0,"nat_outside_addresses":[],"object_type":null,"role":"","status":"active","tags":[],"tags_all":[],"tenant_id":0,"virtual_machine_interface_id":67,"vrf_id":0},"sensitive_attributes":[],"private":"bnVsbA==","dependencies":["module.pop.data.netactuate_bgp_sessions.vm","module.pop.data.netactuate_server.vm","module.pop.netactuate_server.vm","module.pop.netbox_cluster.this","module.pop.netbox_interface.eth0","module.pop.netbox_site.this","module.pop.netbox_virtual_machine.this","netbox_cluster_type.hypervisor","netbox_custom_field.na_asn","netbox_custom_field.na_bgp_ipv4_prefix","netbox_custom_field.na_bgp_peers","netbox_custom_field.na_bgp_session_details","netbox_custom_field.na_contract_id","netbox_custom_field.na_image","netbox_custom_field.na_image_id","netbox_custom_field.na_location_id","netbox_custom_field.na_plan","netbox_custom_field.na_plan_id","netbox_custom_field.na_public_ipv4","netbox_custom_field.na_public_ipv6","netbox_custom_field.na_server_id","netbox_custom_field.zz_bgp_connection_info","netbox_custom_field.zz_bgp_local_info","netbox_custom_field.zz_bgp_remote_info","netbox_custom_field.zz_bgp_routes_info","netbox_tag.anycast"]}]},{"module":"module.pop[\"JNB\"]","mode":"managed","type":"netbox_primary_ip","name":"vm_primary_v4","provider":"provider[\"registry.opentofu.org/e-breuninger/netbox\"]","instances":[{"schema_version":0,"attributes":{"id":"67","ip_address_id":66,"ip_address_version":4,"virtual_machine_id":67},"sensitive_attributes":[],"private":"bnVsbA==","dependencies":["module.pop.data.netactuate_bgp_sessions.vm","module.pop.data.netactuate_server.vm","module.pop.netactuate_server.vm","module.pop.netbox_cluster.this","module.pop.netbox_interface.eth0","module.pop.netbox_ip_address.public_v4","module.pop.netbox_site.this","module.pop.netbox_virtual_machine.this","netbox_cluster_type.hypervisor","netbox_custom_field.na_asn","netbox_custom_field.na_bgp_ipv4_prefix","netbox_custom_field.na_contract_id","netbox_custom_field.na_image","netbox_custom_field.na_image_id","netbox_custom_field.na_location_id","netbox_custom_field.na_plan","netbox_custom_field.na_plan_id","netbox_custom_field.na_public_ipv4","netbox_custom_field.na_public_ipv6","netbox_custom_field.na_server_id","netbox_custom_field.zz_bgp_connection_info","netbox_custom_field.zz_bgp_local_info","netbox_custom_field.zz_bgp_remote_info","netbox_custom_field.zz_bgp_routes_info","netbox_tag.anycast"]}]},{"module":"module.pop[\"JNB\"]","mode":"managed","type":"netbox_service","name":"bgp179","provider":"provider[\"registry.opentofu.org/e-breuninger/netbox\"]","instances":[{"schema_version":0,"attributes":{"custom_fields":null,"description":"Anycast ingress BGP (TCP/179)","device_id":0,"id":"67","name":"bgp","port":null,"ports":[179],"protocol":"tcp","tags":[],"tags_all":[],"virtual_machine_id":67},"sensitive_attributes":[],"private":"bnVsbA==","dependencies":["module.pop.data.netactuate_bgp_sessions.vm","module.pop.data.netactuate_server.vm","module.pop.netactuate_server.vm","module.pop.netbox_cluster.this","module.pop.netbox_site.this","module.pop.netbox_virtual_machine.this","netbox_cluster_type.hypervisor","netbox_custom_field.na_asn","netbox_custom_field.na_bgp_ipv4_prefix","netbox_custom_field.na_contract_id","netbox_custom_field.na_image","netbox_custom_field.na_image_id","netbox_custom_field.na_location_id","netbox_custom_field.na_plan","netbox_custom_field.na_plan_id","netbox_custom_field.na_public_ipv4","netbox_custom_field.na_public_ipv6","netbox_custom_field.na_server_id","netbox_custom_field.zz_bgp_connection_info","netbox_custom_field.zz_bgp_local_info","netbox_custom_field.zz_bgp_remote_info","netbox_custom_field.zz_bgp_routes_info","netbox_tag.anycast"]}]},{"module":"module.pop[\"JNB\"]","mode":"managed","type":"netbox_site","name":"this","provider":"provider[\"registry.opentofu.org/e-breuninger/netbox\"]","instances":[{"schema_version":0,"attributes":{"asn_ids":[],"comments":"","custom_fields":null,"description":"NetActuate PoP JNB","facility":"","group_id":0,"id":"69","latitude":0,"longitude":0,"name":"JNB","physical_address":"","region_id":0,"shipping_address":"","slug":"jnb","status":"active","tags":[],"tags_all":[],"tenant_id":0,"timezone":""},"sensitive_attributes":[],"private":"bnVsbA==","dependencies":["netbox_custom_field.na_asn","netbox_custom_field.na_bgp_ipv4_prefix","netbox_custom_field.na_contract_id","netbox_custom_field.na_image","netbox_custom_field.na_image_id","netbox_custom_field.na_location_id","netbox_custom_field.na_plan","netbox_custom_field.na_plan_id","netbox_custom_field.na_public_ipv4","netbox_custom_field.na_public_ipv6","netbox_custom_field.na_server_id","netbox_custom_field.zz_bgp_connection_info","netbox_custom_field.zz_bgp_local_info","netbox_custom_field.zz_bgp_remote_info","netbox_custom_field.zz_bgp_routes_info"]}]},{"module":"module.pop[\"JNB\"]","mode":"managed","type":"netbox_virtual_machine","name":"this","provider":"provider[\"registry.opentofu.org/e-breuninger/netbox\"]","instances":[{"schema_version":2,"attributes":{"cluster_id":69,"comments":"🚀 NetActuate Server Details:\n\n  • Server ID: 572177\n\n  • Contract ID: 440\n\n  • Location ID: 371\n\n  • Image: Ubuntu 24.04 LTS (20240423) (ID 5787)\n\n  • IPv4 Prefix: 45.54.50.0/24\n\n📋 BGP Local Info:\n\n  Hostname: anycast-ingress-jnb.worker.demo\nLocal ASN: 63911\nPublic IPv4: 102.67.165.129\nPublic IPv6: 2c0f:edb0:0:10::449\nCustomer IPs: 2c0f:edb0:0:10::449, 102.67.165.129\n\n🌐 BGP Remote Info:\n\n  Group: Craig's DevOps Demos\nProvider ASN: 36236\nProvider IPv4: 102.67.165.178\nProvider IPv6: 2c0f:edb0:0:10::a87\n\n🔗 BGP Connection Status:\n\n  2c0f:edb0:0:10::a87 (ipv6): state=Active config=1 locked=false last=2025-10-06 08:52:51\n102.67.165.178 (ipv4): state=Established config=1 locked=false last=2025-10-06 08:52:59\n\n📊 BGP Routes:\n\n  45.54.50.0/24 via 102.67.165.129 (origin 63911)\n\n📡 BGP Peers (JSON):\n\n  {\"ipv4|102.67.165.178\":{\"comment\":\"Description: Craig's DevOps Demos - JNB - anycast-ingress-jnb.worker.demo IPv4\\nState: Established\\nConfig status: 1\\nLast update: 2025-10-06 08:52:59\\nRoutes: 45.54.50.0/24 via 102.67.165.129\",\"config_status\":\"1\",\"customer_ip\":\"102.67.165.129\",\"description\":\"Craig's DevOps Demos - JNB - anycast-ingress-jnb.worker.demo IPv4\",\"group_id\":3247,\"group_name\":\"Craig's DevOps Demos\",\"last_update\":\"2025-10-06 08:52:59\",\"local_ip\":\"102.67.165.129\",\"remote_ip\":\"102.67.165.178\",\"remote_ip_type\":\"ipv4\",\"remote_prefix\":\"102.67.165.178/32\",\"routes\":[{\"metric_loc_prf_weight\":0,\"next_hop\":\"102.67.165.129\",\"origin\":\"63911\",\"path\":[\"63911\"],\"prefix\":\"45.54.50.0/24\"}],\"session_name\":\"\",\"state\":\"Established\",\"status\":\"active\"},\"ipv6|2c0f:edb0:0:10::a87\":{\"comment\":\"Description: Craig's DevOps Demos - JNB - anycast-ingress-jnb.worker.demo IPv6\\nState: Active\\nConfig status: 1\\nLast update: 2025-10-06 08:52:51\",\"config_status\":\"1\",\"customer_ip\":\"2c0f:edb0:0:10::449\",\"description\":\"Craig's DevOps Demos - JNB - anycast-ingress-jnb.worker.demo IPv6\",\"group_id\":3247,\"group_name\":\"Craig's DevOps Demos\",\"last_update\":\"2025-10-06 08:52:51\",\"local_ip\":\"2c0f:edb0:0:10::449\",\"remote_ip\":\"2c0f:edb0:0:10::a87\",\"remote_ip_type\":\"ipv6\",\"remote_prefix\":\"2c0f:edb0:0:10::a87/128\",\"routes\":[],\"session_name\":\"\",\"state\":\"Active\",\"status\":\"failed\"}}\n\n🔧 BGP Session Details (JSON):\n\n  {\"group_id\":3247,\"group_name\":\"Craig's DevOps Demos\",\"sessions\":[{\"config_status\":\"1\",\"customer_asn\":63911,\"customer_peer_ip\":\"2c0f:edb0:0:10::449\",\"description\":\"Craig's DevOps Demos - JNB - anycast-ingress-jnb.worker.demo IPv6\",\"group_id\":3247,\"group_name\":\"Craig's DevOps Demos\",\"id\":51182,\"last_update\":\"2025-10-06 08:52:51\",\"location_name\":\"JNB - Johannesburg, ZA\",\"locked\":false,\"mb_id\":0,\"provider_asn\":36236,\"provider_ip_type\":\"ipv6\",\"provider_peer_ip\":\"2c0f:edb0:0:10::a87\",\"routes_received\":\"\",\"state\":\"Active\"},{\"config_status\":\"1\",\"customer_asn\":63911,\"customer_peer_ip\":\"102.67.165.129\",\"description\":\"Craig's DevOps Demos - JNB - anycast-ingress-jnb.worker.demo IPv4\",\"group_id\":3247,\"group_name\":\"Craig's DevOps Demos\",\"id\":51181,\"last_update\":\"2025-10-06 08:52:59\",\"location_name\":\"JNB - Johannesburg, ZA\",\"locked\":false,\"mb_id\":0,\"provider_asn\":36236,\"provider_ip_type\":\"ipv4\",\"provider_peer_ip\":\"102.67.165.178\",\"routes_received\":\"[{\\\"path\\\": [\\\"63911\\\"], \\\"origin\\\": \\\"63911\\\", \\\"prefix\\\": \\\"45.54.50.0/24\\\", \\\"next_hop\\\": \\\"102.67.165.129\\\", \\\"metric_loc_prf_weight\\\": 0}]\",\"state\":\"Established\"}]}","custom_fields":{"na_asn":"63911","na_bgp_ipv4_prefix":"45.54.50.0/24","na_contract_id":"440","na_image":"Ubuntu 24.04 LTS (20240423)","na_image_id":"5787","na_location_id":"371","na_plan":"VR1x1x25","na_plan_id":"668","na_public_ipv4":"102.67.165.129","na_public_ipv6":"2c0f:edb0:0:10::449","na_server_id":"572177","zz_bgp_connection_info":"2c0f:edb0:0:10::a87 (ipv6): state=Active config=1 locked=false last=2025-10-06 08:52:51\n102.67.165.178 (ipv4): state=Established config=1 locked=false last=2025-10-06 08:52:59","zz_bgp_local_info":"Hostname: anycast-ingress-jnb.worker.demo\nLocal ASN: 63911\nPublic IPv4: 102.67.165.129\nPublic IPv6: 2c0f:edb0:0:10::449\nCustomer IPs: 2c0f:edb0:0:10::449, 102.67.165.129","zz_bgp_remote_info":"Group: Craig's DevOps Demos\nProvider ASN: 36236\nProvider IPv4: 102.67.165.178\nProvider IPv6: 2c0f:edb0:0:10::a87","zz_bgp_routes_info":"45.54.50.0/24 via 102.67.165.129 (origin 63911)"},"description":"NetActuate plan VR1x1x25","device_id":0,"disk_size_mb":25600,"id":"67","local_context_data":"","memory_mb":1024,"name":"anycast-ingress-jnb.worker.demo","platform_id":0,"primary_ipv4":66,"primary_ipv6":0,"role_id":0,"site_id":69,"status":"active","tags":["anycast"],"tags_all":["anycast"],"tenant_id":0,"vcpus":1},"sensitive_attributes":[],"private":"eyJzY2hlbWFfdmVyc2lvbiI6IjIifQ==","dependencies":["module.pop.data.netactuate_bgp_sessions.vm","module.pop.data.netactuate_server.vm","module.pop.netactuate_server.vm","module.pop.netbox_cluster.this","module.pop.netbox_site.this","netbox_cluster_type.hypervisor","netbox_custom_field.na_asn","netbox_custom_field.na_bgp_ipv4_prefix","netbox_custom_field.na_contract_id","netbox_custom_field.na_image","netbox_custom_field.na_image_id","netbox_custom_field.na_location_id","netbox_custom_field.na_plan","netbox_custom_field.na_plan_id","netbox_custom_field.na_public_ipv4","netbox_custom_field.na_public_ipv6","netbox_custom_field.na_server_id","netbox_custom_field.zz_bgp_connection_info","netbox_custom_field.zz_bgp_local_info","netbox_custom_field.zz_bgp_remote_info","netbox_custom_field.zz_bgp_routes_info","netbox_tag.anycast"]}]},{"module":"module.pop[\"LAX\"]","mode":"data","type":"netactuate_bgp_sessions","name":"vm","provider":"provider[\"registry.opentofu.org/netactuate/netactuate\"]","instances":[{"schema_version":0,"attributes":{"id":"572171","mbpkgid":572171,"sessions":[{"config_status":"1","customer_asn":63911,"customer_peer_ip":"2607:f740:c::f21","description":"Craig's DevOps Demos - LAX3 - anycast-ingress-lax.worker.demo IPv6","group_id":3247,"group_name":"Craig's DevOps Demos","id":51176,"last_update":"2025-10-06 08:50:07","location_name":"LAX - Los Angeles, CA","locked":false,"mb_id":0,"provider_asn":36236,"provider_ip_type":"ipv6","provider_peer_ip":"2607:f740:c::6cf","routes_received":"","state":"Active"},{"config_status":"1","customer_asn":63911,"customer_peer_ip":"192.73.244.148","description":"Craig's DevOps Demos - LAX3 - anycast-ingress-lax.worker.demo IPv4","group_id":3247,"group_name":"Craig's DevOps Demos","id":51175,"last_update":"2025-10-06 08:51:08","location_name":"LAX - Los Angeles, CA","locked":false,"mb_id":0,"provider_asn":36236,"provider_ip_type":"ipv4","provider_peer_ip":"192.73.244.224","routes_received":"[{\"path\": [\"63911\"], \"origin\": \"63911\", \"prefix\": \"45.54.50.0/24\", \"next_hop\": \"192.73.244.148\", \"metric_loc_prf_weight\": 0}]","state":"Established"}]},"sensitive_attributes":[]}]},{"module":"module.pop[\"LAX\"]","mode":"data","type":"netactuate_server","name":"vm","provider":"provider[\"registry.opentofu.org/netactuate/netactuate\"]","instances":[{"schema_version":0,"attributes":{"bgp_peers":[{"group_id":3247,"ipv4":["192.73.244.224"],"ipv6":["2607:f740:c::6cf"],"localasn":63911,"localpeerv4":"192.73.244.148","localpeerv6":"2607:f740:c::f21","peerasn":36236}],"hostname":"anycast-ingress-lax.worker.demo","id":572171,"image":"Ubuntu 24.04 LTS (20240423)","image_id":5787,"ip_v4":"192.73.244.148","ip_v6":"2607:f740:c::f21","location_id":21,"package":"VR1x1x25","plan_id":668,"public_ipv4":"192.73.244.148","public_ipv6":"2607:f740:c::f21","state":"UP","status":"RUNNING"},"sensitive_attributes":[]}]},{"module":"module.pop[\"LAX\"]","mode":"managed","type":"netactuate_bgp_sessions","name":"bgp","provider":"provider[\"registry.opentofu.org/netactuate/netactuate\"]","instances":[{"index_key":0,"schema_version":0,"attributes":{"group_id":3247,"id":"572171","ipv6":true,"mbpkgid":572171,"redundant":false},"sensitive_attributes":[],"private":"bnVsbA==","dependencies":["module.pop.netactuate_server.vm","netbox_custom_field.na_asn","netbox_custom_field.na_bgp_ipv4_prefix","netbox_custom_field.na_contract_id","netbox_custom_field.na_image","netbox_custom_field.na_image_id","netbox_custom_field.na_location_id","netbox_custom_field.na_plan","netbox_custom_field.na_plan_id","netbox_custom_field.na_public_ipv4","netbox_custom_field.na_public_ipv6","netbox_custom_field.na_server_id","netbox_custom_field.zz_bgp_connection_info","netbox_custom_field.zz_bgp_local_info","netbox_custom_field.zz_bgp_remote_info","netbox_custom_field.zz_bgp_routes_info"]}]},{"module":"module.pop[\"LAX\"]","mode":"managed","type":"netactuate_server","name":"vm","provider":"provider[\"registry.opentofu.org/netactuate/netactuate\"]","instances":[{"schema_version":0,"attributes":{"cloud_config":null,"hostname":"anycast-ingress-lax.worker.demo","id":"572171","image":null,"image_id":5787,"location":null,"location_id":21,"package_billing":"usage","package_billing_contract_id":"440","package_billing_opt_in":null,"params":"","password":null,"plan":"VR1x1x25","primary_ipv4":"192.73.244.148","primary_ipv6":"2607:f740:c::f21","ssh_key":null,"ssh_key_id":8199,"user_data":null,"user_data_base64":null},"sensitive_attributes":[[{"type":"get_attr","value":"password"}]],"private":"bnVsbA==","dependencies":["netbox_custom_field.na_asn","netbox_custom_field.na_bgp_ipv4_prefix","netbox_custom_field.na_contract_id","netbox_custom_field.na_image","netbox_custom_field.na_image_id","netbox_custom_field.na_location_id","netbox_custom_field.na_plan","netbox_custom_field.na_plan_id","netbox_custom_field.na_public_ipv4","netbox_custom_field.na_public_ipv6","netbox_custom_field.na_server_id","netbox_custom_field.zz_bgp_connection_info","netbox_custom_field.zz_bgp_local_info","netbox_custom_field.zz_bgp_remote_info","netbox_custom_field.zz_bgp_routes_info"]}]},{"module":"module.pop[\"LAX\"]","mode":"managed","type":"netbox_cluster","name":"this","provider":"provider[\"registry.opentofu.org/e-breuninger/netbox\"]","instances":[{"schema_version":0,"attributes":{"cluster_group_id":0,"cluster_type_id":6,"comments":"","description":"","id":"56","name":"LAX-cluster","site_id":56,"tags":[],"tags_all":[],"tenant_id":0},"sensitive_attributes":[],"private":"bnVsbA==","dependencies":["module.pop.netbox_site.this","netbox_cluster_type.hypervisor","netbox_custom_field.na_asn","netbox_custom_field.na_bgp_ipv4_prefix","netbox_custom_field.na_contract_id","netbox_custom_field.na_image","netbox_custom_field.na_image_id","netbox_custom_field.na_location_id","netbox_custom_field.na_plan","netbox_custom_field.na_plan_id","netbox_custom_field.na_public_ipv4","netbox_custom_field.na_public_ipv6","netbox_custom_field.na_server_id","netbox_custom_field.zz_bgp_connection_info","netbox_custom_field.zz_bgp_local_info","netbox_custom_field.zz_bgp_remote_info","netbox_custom_field.zz_bgp_routes_info"]}]},{"module":"module.pop[\"LAX\"]","mode":"managed","type":"netbox_device","name":"this","provider":"provider[\"registry.opentofu.org/e-breuninger/netbox\"]","instances":[{"schema_version":0,"attributes":{"asset_tag":"","cluster_id":0,"comments":"","config_template_id":0,"custom_fields":null,"description":"","device_type_id":1,"id":"6","local_context_data":"","location_id":0,"name":"anycast-ingress-lax.worker.demo","platform_id":0,"primary_ipv4":0,"primary_ipv6":0,"rack_face":"","rack_id":0,"rack_position":0,"role_id":1,"serial":"","site_id":56,"status":"active","tags":["anycast"],"tags_all":["anycast"],"tenant_id":0,"virtual_chassis_id":0,"virtual_chassis_master":false,"virtual_chassis_position":0,"virtual_chassis_priority":0},"sensitive_attributes":[],"private":"bnVsbA==","dependencies":["module.pop.netactuate_server.vm","module.pop.netbox_site.this","netbox_custom_field.na_asn","netbox_custom_field.na_bgp_ipv4_prefix","netbox_custom_field.na_contract_id","netbox_custom_field.na_image","netbox_custom_field.na_image_id","netbox_custom_field.na_location_id","netbox_custom_field.na_plan","netbox_custom_field.na_plan_id","netbox_custom_field.na_public_ipv4","netbox_custom_field.na_public_ipv6","netbox_custom_field.na_server_id","netbox_custom_field.zz_bgp_connection_info","netbox_custom_field.zz_bgp_local_info","netbox_custom_field.zz_bgp_remote_info","netbox_custom_field.zz_bgp_routes_info","netbox_device_role.anycast_worker","netbox_device_type.anycast_worker","netbox_manufacturer.netactuate","netbox_tag.anycast"]}]},{"module":"module.pop[\"LAX\"]","mode":"managed","type":"netbox_interface","name":"eth0","provider":"provider[\"registry.opentofu.org/e-breuninger/netbox\"]","instances":[{"schema_version":0,"attributes":{"description":"","enabled":true,"id":"46","mac_address":"","mode":null,"mtu":0,"name":"eth0","tagged_vlans":[],"tags":[],"tags_all":[],"type":null,"untagged_vlan":null,"virtual_machine_id":46},"sensitive_attributes":[],"private":"bnVsbA==","dependencies":["module.pop.data.netactuate_bgp_sessions.vm","module.pop.data.netactuate_server.vm","module.pop.netactuate_server.vm","module.pop.netbox_cluster.this","module.pop.netbox_site.this","module.pop.netbox_virtual_machine.this","netbox_cluster_type.hypervisor","netbox_custom_field.na_asn","netbox_custom_field.na_bgp_ipv4_prefix","netbox_custom_field.na_contract_id","netbox_custom_field.na_image","netbox_custom_field.na_image_id","netbox_custom_field.na_location_id","netbox_custom_field.na_plan","netbox_custom_field.na_plan_id","netbox_custom_field.na_public_ipv4","netbox_custom_field.na_public_ipv6","netbox_custom_field.na_server_id","netbox_custom_field.zz_bgp_connection_info","netbox_custom_field.zz_bgp_local_info","netbox_custom_field.zz_bgp_remote_info","netbox_custom_field.zz_bgp_routes_info","netbox_tag.anycast"]}]},{"module":"module.pop[\"LAX\"]","mode":"managed","type":"netbox_ip_address","name":"public_v4","provider":"provider[\"registry.opentofu.org/e-breuninger/netbox\"]","instances":[{"schema_version":0,"attributes":{"custom_fields":null,"description":"","device_interface_id":null,"dns_name":"anycast-ingress-lax.worker.demo","id":"46","interface_id":null,"ip_address":"192.73.244.148/32","nat_inside_address_id":0,"nat_outside_addresses":[],"object_type":null,"role":"","status":"active","tags":[],"tags_all":[],"tenant_id":0,"virtual_machine_interface_id":46,"vrf_id":0},"sensitive_attributes":[],"private":"bnVsbA==","dependencies":["module.pop.data.netactuate_bgp_sessions.vm","module.pop.data.netactuate_server.vm","module.pop.netactuate_server.vm","module.pop.netbox_cluster.this","module.pop.netbox_interface.eth0","module.pop.netbox_site.this","module.pop.netbox_virtual_machine.this","netbox_cluster_type.hypervisor","netbox_custom_field.na_asn","netbox_custom_field.na_bgp_ipv4_prefix","netbox_custom_field.na_bgp_peers","netbox_custom_field.na_bgp_session_details","netbox_custom_field.na_contract_id","netbox_custom_field.na_image","netbox_custom_field.na_image_id","netbox_custom_field.na_location_id","netbox_custom_field.na_plan","netbox_custom_field.na_plan_id","netbox_custom_field.na_public_ipv4","netbox_custom_field.na_public_ipv6","netbox_custom_field.na_server_id","netbox_custom_field.zz_bgp_connection_info","netbox_custom_field.zz_bgp_local_info","netbox_custom_field.zz_bgp_remote_info","netbox_custom_field.zz_bgp_routes_info","netbox_tag.anycast"]}]},{"module":"module.pop[\"LAX\"]","mode":"managed","type":"netbox_primary_ip","name":"vm_primary_v4","provider":"provider[\"registry.opentofu.org/e-breuninger/netbox\"]","instances":[{"schema_version":0,"attributes":{"id":"46","ip_address_id":46,"ip_address_version":4,"virtual_machine_id":46},"sensitive_attributes":[],"private":"bnVsbA==","dependencies":["module.pop.data.netactuate_bgp_sessions.vm","module.pop.data.netactuate_server.vm","module.pop.netactuate_server.vm","module.pop.netbox_cluster.this","module.pop.netbox_interface.eth0","module.pop.netbox_ip_address.public_v4","module.pop.netbox_site.this","module.pop.netbox_virtual_machine.this","netbox_cluster_type.hypervisor","netbox_custom_field.na_asn","netbox_custom_field.na_bgp_ipv4_prefix","netbox_custom_field.na_contract_id","netbox_custom_field.na_image","netbox_custom_field.na_image_id","netbox_custom_field.na_location_id","netbox_custom_field.na_plan","netbox_custom_field.na_plan_id","netbox_custom_field.na_public_ipv4","netbox_custom_field.na_public_ipv6","netbox_custom_field.na_server_id","netbox_custom_field.zz_bgp_connection_info","netbox_custom_field.zz_bgp_local_info","netbox_custom_field.zz_bgp_remote_info","netbox_custom_field.zz_bgp_routes_info","netbox_tag.anycast"]}]},{"module":"module.pop[\"LAX\"]","mode":"managed","type":"netbox_service","name":"bgp179","provider":"provider[\"registry.opentofu.org/e-breuninger/netbox\"]","instances":[{"schema_version":0,"attributes":{"custom_fields":null,"description":"Anycast ingress BGP (TCP/179)","device_id":0,"id":"49","name":"bgp","port":null,"ports":[179],"protocol":"tcp","tags":[],"tags_all":[],"virtual_machine_id":46},"sensitive_attributes":[],"private":"bnVsbA==","dependencies":["module.pop.data.netactuate_bgp_sessions.vm","module.pop.data.netactuate_server.vm","module.pop.netactuate_server.vm","module.pop.netbox_cluster.this","module.pop.netbox_site.this","module.pop.netbox_virtual_machine.this","netbox_cluster_type.hypervisor","netbox_custom_field.na_asn","netbox_custom_field.na_bgp_ipv4_prefix","netbox_custom_field.na_contract_id","netbox_custom_field.na_image","netbox_custom_field.na_image_id","netbox_custom_field.na_location_id","netbox_custom_field.na_plan","netbox_custom_field.na_plan_id","netbox_custom_field.na_public_ipv4","netbox_custom_field.na_public_ipv6","netbox_custom_field.na_server_id","netbox_custom_field.zz_bgp_connection_info","netbox_custom_field.zz_bgp_local_info","netbox_custom_field.zz_bgp_remote_info","netbox_custom_field.zz_bgp_routes_info","netbox_tag.anycast"]}]},{"module":"module.pop[\"LAX\"]","mode":"managed","type":"netbox_site","name":"this","provider":"provider[\"registry.opentofu.org/e-breuninger/netbox\"]","instances":[{"schema_version":0,"attributes":{"asn_ids":[],"comments":"","custom_fields":null,"description":"NetActuate PoP LAX","facility":"","group_id":0,"id":"56","latitude":0,"longitude":0,"name":"LAX","physical_address":"","region_id":0,"shipping_address":"","slug":"lax","status":"active","tags":[],"tags_all":[],"tenant_id":0,"timezone":""},"sensitive_attributes":[],"private":"bnVsbA==","dependencies":["netbox_custom_field.na_asn","netbox_custom_field.na_bgp_ipv4_prefix","netbox_custom_field.na_contract_id","netbox_custom_field.na_image","netbox_custom_field.na_image_id","netbox_custom_field.na_location_id","netbox_custom_field.na_plan","netbox_custom_field.na_plan_id","netbox_custom_field.na_public_ipv4","netbox_custom_field.na_public_ipv6","netbox_custom_field.na_server_id","netbox_custom_field.zz_bgp_connection_info","netbox_custom_field.zz_bgp_local_info","netbox_custom_field.zz_bgp_remote_info","netbox_custom_field.zz_bgp_routes_info"]}]},{"module":"module.pop[\"LAX\"]","mode":"managed","type":"netbox_virtual_machine","name":"this","provider":"provider[\"registry.opentofu.org/e-breuninger/netbox\"]","instances":[{"schema_version":2,"attributes":{"cluster_id":56,"comments":"🚀 NetActuate Server Details:\n\n  • Server ID: 572171\n\n  • Contract ID: 440\n\n  • Location ID: 21\n\n  • Image: Ubuntu 24.04 LTS (20240423) (ID 5787)\n\n  • IPv4 Prefix: 45.54.50.0/24\n\n📋 BGP Local Info:\n\n  Hostname: anycast-ingress-lax.worker.demo\nLocal ASN: 63911\nPublic IPv4: 192.73.244.148\nPublic IPv6: 2607:f740:c::f21\nCustomer IPs: 2607:f740:c::f21, 192.73.244.148\n\n🌐 BGP Remote Info:\n\n  Group: Craig's DevOps Demos\nProvider ASN: 36236\nProvider IPv4: 192.73.244.224\nProvider IPv6: 2607:f740:c::6cf\n\n🔗 BGP Connection Status:\n\n  2607:f740:c::6cf (ipv6): state=Active config=1 locked=false last=2025-10-06 08:50:07\n192.73.244.224 (ipv4): state=Established config=1 locked=false last=2025-10-06 08:51:08\n\n📊 BGP Routes:\n\n  45.54.50.0/24 via 192.73.244.148 (origin 63911)\n\n📡 BGP Peers (JSON):\n\n  {\"ipv4|192.73.244.224\":{\"comment\":\"Description: Craig's DevOps Demos - LAX3 - anycast-ingress-lax.worker.demo IPv4\\nState: Established\\nConfig status: 1\\nLast update: 2025-10-06 08:51:08\\nRoutes: 45.54.50.0/24 via 192.73.244.148\",\"config_status\":\"1\",\"customer_ip\":\"192.73.244.148\",\"description\":\"Craig's DevOps Demos - LAX3 - anycast-ingress-lax.worker.demo IPv4\",\"group_id\":3247,\"group_name\":\"Craig's DevOps Demos\",\"last_update\":\"2025-10-06 08:51:08\",\"local_ip\":\"192.73.244.148\",\"remote_ip\":\"192.73.244.224\",\"remote_ip_type\":\"ipv4\",\"remote_prefix\":\"192.73.244.224/32\",\"routes\":[{\"metric_loc_prf_weight\":0,\"next_hop\":\"192.73.244.148\",\"origin\":\"63911\",\"path\":[\"63911\"],\"prefix\":\"45.54.50.0/24\"}],\"session_name\":\"\",\"state\":\"Established\",\"status\":\"active\"},\"ipv6|2607:f740:c::6cf\":{\"comment\":\"Description: Craig's DevOps Demos - LAX3 - anycast-ingress-lax.worker.demo IPv6\\nState: Active\\nConfig status: 1\\nLast update: 2025-10-06 08:50:07\",\"config_status\":\"1\",\"customer_ip\":\"2607:f740:c::f21\",\"description\":\"Craig's DevOps Demos - LAX3 - anycast-ingress-lax.worker.demo IPv6\",\"group_id\":3247,\"group_name\":\"Craig's DevOps Demos\",\"last_update\":\"2025-10-06 08:50:07\",\"local_ip\":\"2607:f740:c::f21\",\"remote_ip\":\"2607:f740:c::6cf\",\"remote_ip_type\":\"ipv6\",\"remote_prefix\":\"2607:f740:c::6cf/128\",\"routes\":[],\"session_name\":\"\",\"state\":\"Active\",\"status\":\"failed\"}}\n\n🔧 BGP Session Details (JSON):\n\n  {\"group_id\":3247,\"group_name\":\"Craig's DevOps Demos\",\"sessions\":[{\"config_status\":\"1\",\"customer_asn\":63911,\"customer_peer_ip\":\"2607:f740:c::f21\",\"description\":\"Craig's DevOps Demos - LAX3 - anycast-ingress-lax.worker.demo IPv6\",\"group_id\":3247,\"group_name\":\"Craig's DevOps Demos\",\"id\":51176,\"last_update\":\"2025-10-06 08:50:07\",\"location_name\":\"LAX - Los Angeles, CA\",\"locked\":false,\"mb_id\":0,\"provider_asn\":36236,\"provider_ip_type\":\"ipv6\",\"provider_peer_ip\":\"2607:f740:c::6cf\",\"routes_received\":\"\",\"state\":\"Active\"},{\"config_status\":\"1\",\"customer_asn\":63911,\"customer_peer_ip\":\"192.73.244.148\",\"description\":\"Craig's DevOps Demos - LAX3 - anycast-ingress-lax.worker.demo IPv4\",\"group_id\":3247,\"group_name\":\"Craig's DevOps Demos\",\"id\":51175,\"last_update\":\"2025-10-06 08:51:08\",\"location_name\":\"LAX - Los Angeles, CA\",\"locked\":false,\"mb_id\":0,\"provider_asn\":36236,\"provider_ip_type\":\"ipv4\",\"provider_peer_ip\":\"192.73.244.224\",\"routes_received\":\"[{\\\"path\\\": [\\\"63911\\\"], \\\"origin\\\": \\\"63911\\\", \\\"prefix\\\": \\\"45.54.50.0/24\\\", \\\"next_hop\\\": \\\"192.73.244.148\\\", \\\"metric_loc_prf_weight\\\": 0}]\",\"state\":\"Established\"}]}","custom_fields":{"na_asn":"63911","na_bgp_ipv4_prefix":"45.54.50.0/24","na_contract_id":"440","na_image":"Ubuntu 24.04 LTS (20240423)","na_image_id":"5787","na_location_id":"21","na_plan":"VR1x1x25","na_plan_id":"668","na_public_ipv4":"192.73.244.148","na_public_ipv6":"2607:f740:c::f21","na_server_id":"572171","zz_bgp_connection_info":"2607:f740:c::6cf (ipv6): state=Active config=1 locked=false last=2025-10-06 08:50:07\n192.73.244.224 (ipv4): state=Established config=1 locked=false last=2025-10-06 08:51:08","zz_bgp_local_info":"Hostname: anycast-ingress-lax.worker.demo\nLocal ASN: 63911\nPublic IPv4: 192.73.244.148\nPublic IPv6: 2607:f740:c::f21\nCustomer IPs: 2607:f740:c::f21, 192.73.244.148","zz_bgp_remote_info":"Group: Craig's DevOps Demos\nProvider ASN: 36236\nProvider IPv4: 192.73.244.224\nProvider IPv6: 2607:f740:c::6cf","zz_bgp_routes_info":"45.54.50.0/24 via 192.73.244.148 (origin 63911)"},"description":"NetActuate plan VR1x1x25","device_id":0,"disk_size_mb":25600,"id":"46","local_context_data":"","memory_mb":1024,"name":"anycast-ingress-lax.worker.demo","platform_id":0,"primary_ipv4":46,"primary_ipv6":0,"role_id":0,"site_id":56,"status":"active","tags":["anycast"],"tags_all":["anycast"],"tenant_id":0,"vcpus":1},"sensitive_attributes":[],"private":"eyJzY2hlbWFfdmVyc2lvbiI6IjIifQ==","dependencies":["module.pop.data.netactuate_bgp_sessions.vm","module.pop.data.netactuate_server.vm","module.pop.netactuate_server.vm","module.pop.netbox_cluster.this","module.pop.netbox_site.this","netbox_cluster_type.hypervisor","netbox_custom_field.na_asn","netbox_custom_field.na_bgp_ipv4_prefix","netbox_custom_field.na_contract_id","netbox_custom_field.na_image","netbox_custom_field.na_image_id","netbox_custom_field.na_location_id","netbox_custom_field.na_plan","netbox_custom_field.na_plan_id","netbox_custom_field.na_public_ipv4","netbox_custom_field.na_public_ipv6","netbox_custom_field.na_server_id","netbox_custom_field.zz_bgp_connection_info","netbox_custom_field.zz_bgp_local_info","netbox_custom_field.zz_bgp_remote_info","netbox_custom_field.zz_bgp_routes_info","netbox_tag.anycast"]}]},{"module":"module.pop[\"LGA\"]","mode":"data","type":"netactuate_bgp_sessions","name":"vm","provider":"provider[\"registry.opentofu.org/netactuate/netactuate\"]","instances":[{"schema_version":0,"attributes":{"id":"572164","mbpkgid":572164,"sessions":[{"config_status":"1","customer_asn":63911,"customer_peer_ip":"209.177.145.228","description":"Craig's DevOps Demos - LGA - anycast-ingress-lga.worker.demo IPv4","group_id":3247,"group_name":"Craig's DevOps Demos","id":51159,"last_update":"2025-10-06 08:49:28","location_name":"LGA - New York, NY","locked":false,"mb_id":0,"provider_asn":36236,"provider_ip_type":"ipv4","provider_peer_ip":"209.177.145.69","routes_received":"[{\"path\": [\"63911\"], \"origin\": \"63911\", \"prefix\": \"45.54.50.0/24\", \"next_hop\": \"209.177.145.228\", \"metric_loc_prf_weight\": 0}]","state":"Established"},{"config_status":"1","customer_asn":63911,"customer_peer_ip":"2607:f740:f::b8f","description":"Craig's DevOps Demos - LGA - anycast-ingress-lga.worker.demo IPv6","group_id":3247,"group_name":"Craig's DevOps Demos","id":51160,"last_update":"2025-10-06 08:49:32","location_name":"LGA - New York, NY","locked":false,"mb_id":0,"provider_asn":36236,"provider_ip_type":"ipv6","provider_peer_ip":"2607:f740:f::8da","routes_received":"","state":"Active"}]},"sensitive_attributes":[]}]},{"module":"module.pop[\"LGA\"]","mode":"data","type":"netactuate_server","name":"vm","provider":"provider[\"registry.opentofu.org/netactuate/netactuate\"]","instances":[{"schema_version":0,"attributes":{"bgp_peers":[{"group_id":3247,"ipv4":["209.177.145.69"],"ipv6":["2607:f740:f::8da"],"localasn":63911,"localpeerv4":"209.177.145.228","localpeerv6":"2607:f740:f::b8f","peerasn":36236}],"hostname":"anycast-ingress-lga.worker.demo","id":572164,"image":"Ubuntu 24.04 LTS (20240423)","image_id":5787,"ip_v4":"209.177.145.228","ip_v6":"2607:f740:f::b8f","location_id":41,"package":"VR1x1x25","plan_id":668,"public_ipv4":"209.177.145.228","public_ipv6":"2607:f740:f::b8f","state":"UP","status":"RUNNING"},"sensitive_attributes":[]}]},{"module":"module.pop[\"LGA\"]","mode":"managed","type":"netactuate_bgp_sessions","name":"bgp","provider":"provider[\"registry.opentofu.org/netactuate/netactuate\"]","instances":[{"index_key":0,"schema_version":0,"attributes":{"group_id":3247,"id":"572164","ipv6":true,"mbpkgid":572164,"redundant":false},"sensitive_attributes":[],"private":"bnVsbA==","dependencies":["module.pop.netactuate_server.vm","netbox_custom_field.na_asn","netbox_custom_field.na_bgp_ipv4_prefix","netbox_custom_field.na_contract_id","netbox_custom_field.na_image","netbox_custom_field.na_image_id","netbox_custom_field.na_location_id","netbox_custom_field.na_plan","netbox_custom_field.na_plan_id","netbox_custom_field.na_public_ipv4","netbox_custom_field.na_public_ipv6","netbox_custom_field.na_server_id","netbox_custom_field.zz_bgp_connection_info","netbox_custom_field.zz_bgp_local_info","netbox_custom_field.zz_bgp_remote_info","netbox_custom_field.zz_bgp_routes_info"]}]},{"module":"module.pop[\"LGA\"]","mode":"managed","type":"netactuate_server","name":"vm","provider":"provider[\"registry.opentofu.org/netactuate/netactuate\"]","instances":[{"schema_version":0,"attributes":{"cloud_config":null,"hostname":"anycast-ingress-lga.worker.demo","id":"572164","image":null,"image_id":5787,"location":null,"location_id":41,"package_billing":"usage","package_billing_contract_id":"440","package_billing_opt_in":null,"params":"","password":null,"plan":"VR1x1x25","primary_ipv4":"209.177.145.228","primary_ipv6":"2607:f740:f::b8f","ssh_key":null,"ssh_key_id":8199,"user_data":null,"user_data_base64":null},"sensitive_attributes":[[{"type":"get_attr","value":"password"}]],"private":"bnVsbA==","dependencies":["netbox_custom_field.na_asn","netbox_custom_field.na_bgp_ipv4_prefix","netbox_custom_field.na_contract_id","netbox_custom_field.na_image","netbox_custom_field.na_image_id","netbox_custom_field.na_location_id","netbox_custom_field.na_plan","netbox_custom_field.na_plan_id","netbox_custom_field.na_public_ipv4","netbox_custom_field.na_public_ipv6","netbox_custom_field.na_server_id","netbox_custom_field.zz_bgp_connection_info","netbox_custom_field.zz_bgp_local_info","netbox_custom_field.zz_bgp_remote_info","netbox_custom_field.zz_bgp_routes_info"]}]},{"module":"module.pop[\"LGA\"]","mode":"managed","type":"netbox_cluster","name":"this","provider":"provider[\"registry.opentofu.org/e-breuninger/netbox\"]","instances":[{"schema_version":0,"attributes":{"cluster_group_id":0,"cluster_type_id":6,"comments":"","description":"","id":"51","name":"LGA-cluster","site_id":54,"tags":[],"tags_all":[],"tenant_id":0},"sensitive_attributes":[],"private":"bnVsbA==","dependencies":["module.pop.netbox_site.this","netbox_cluster_type.hypervisor","netbox_custom_field.na_asn","netbox_custom_field.na_bgp_ipv4_prefix","netbox_custom_field.na_contract_id","netbox_custom_field.na_image","netbox_custom_field.na_image_id","netbox_custom_field.na_location_id","netbox_custom_field.na_plan","netbox_custom_field.na_plan_id","netbox_custom_field.na_public_ipv4","netbox_custom_field.na_public_ipv6","netbox_custom_field.na_server_id","netbox_custom_field.zz_bgp_connection_info","netbox_custom_field.zz_bgp_local_info","netbox_custom_field.zz_bgp_remote_info","netbox_custom_field.zz_bgp_routes_info"]}]},{"module":"module.pop[\"LGA\"]","mode":"managed","type":"netbox_device","name":"this","provider":"provider[\"registry.opentofu.org/e-breuninger/netbox\"]","instances":[{"schema_version":0,"attributes":{"asset_tag":"","cluster_id":0,"comments":"","config_template_id":0,"custom_fields":null,"description":"","device_type_id":1,"id":"8","local_context_data":"","location_id":0,"name":"anycast-ingress-lga.worker.demo","platform_id":0,"primary_ipv4":0,"primary_ipv6":0,"rack_face":"","rack_id":0,"rack_position":0,"role_id":1,"serial":"","site_id":54,"status":"active","tags":["anycast"],"tags_all":["anycast"],"tenant_id":0,"virtual_chassis_id":0,"virtual_chassis_master":false,"virtual_chassis_position":0,"virtual_chassis_priority":0},"sensitive_attributes":[],"private":"bnVsbA==","dependencies":["module.pop.netactuate_server.vm","module.pop.netbox_site.this","netbox_custom_field.na_asn","netbox_custom_field.na_bgp_ipv4_prefix","netbox_custom_field.na_contract_id","netbox_custom_field.na_image","netbox_custom_field.na_image_id","netbox_custom_field.na_location_id","netbox_custom_field.na_plan","netbox_custom_field.na_plan_id","netbox_custom_field.na_public_ipv4","netbox_custom_field.na_public_ipv6","netbox_custom_field.na_server_id","netbox_custom_field.zz_bgp_connection_info","netbox_custom_field.zz_bgp_local_info","netbox_custom_field.zz_bgp_remote_info","netbox_custom_field.zz_bgp_routes_info","netbox_device_role.anycast_worker","netbox_device_type.anycast_worker","netbox_manufacturer.netactuate","netbox_tag.anycast"]}]},{"module":"module.pop[\"LGA\"]","mode":"managed","type":"netbox_interface","name":"eth0","provider":"provider[\"registry.opentofu.org/e-breuninger/netbox\"]","instances":[{"schema_version":0,"attributes":{"description":"","enabled":true,"id":"53","mac_address":"","mode":null,"mtu":0,"name":"eth0","tagged_vlans":[],"tags":[],"tags_all":[],"type":null,"untagged_vlan":null,"virtual_machine_id":55},"sensitive_attributes":[],"private":"bnVsbA==","dependencies":["module.pop.data.netactuate_bgp_sessions.vm","module.pop.data.netactuate_server.vm","module.pop.netactuate_server.vm","module.pop.netbox_cluster.this","module.pop.netbox_site.this","module.pop.netbox_virtual_machine.this","netbox_cluster_type.hypervisor","netbox_custom_field.na_asn","netbox_custom_field.na_bgp_ipv4_prefix","netbox_custom_field.na_contract_id","netbox_custom_field.na_image","netbox_custom_field.na_image_id","netbox_custom_field.na_location_id","netbox_custom_field.na_plan","netbox_custom_field.na_plan_id","netbox_custom_field.na_public_ipv4","netbox_custom_field.na_public_ipv6","netbox_custom_field.na_server_id","netbox_custom_field.zz_bgp_connection_info","netbox_custom_field.zz_bgp_local_info","netbox_custom_field.zz_bgp_remote_info","netbox_custom_field.zz_bgp_routes_info","netbox_tag.anycast"]}]},{"module":"module.pop[\"LGA\"]","mode":"managed","type":"netbox_ip_address","name":"public_v4","provider":"provider[\"registry.opentofu.org/e-breuninger/netbox\"]","instances":[{"schema_version":0,"attributes":{"custom_fields":null,"description":"","device_interface_id":null,"dns_name":"anycast-ingress-lga.worker.demo","id":"47","interface_id":null,"ip_address":"209.177.145.228/32","nat_inside_address_id":0,"nat_outside_addresses":[],"object_type":null,"role":"","status":"active","tags":[],"tags_all":[],"tenant_id":0,"virtual_machine_interface_id":53,"vrf_id":0},"sensitive_attributes":[],"private":"bnVsbA==","dependencies":["module.pop.data.netactuate_bgp_sessions.vm","module.pop.data.netactuate_server.vm","module.pop.netactuate_server.vm","module.pop.netbox_cluster.this","module.pop.netbox_interface.eth0","module.pop.netbox_site.this","module.pop.netbox_virtual_machine.this","netbox_cluster_type.hypervisor","netbox_custom_field.na_asn","netbox_custom_field.na_bgp_ipv4_prefix","netbox_custom_field.na_bgp_peers","netbox_custom_field.na_bgp_session_details","netbox_custom_field.na_contract_id","netbox_custom_field.na_image","netbox_custom_field.na_image_id","netbox_custom_field.na_location_id","netbox_custom_field.na_plan","netbox_custom_field.na_plan_id","netbox_custom_field.na_public_ipv4","netbox_custom_field.na_public_ipv6","netbox_custom_field.na_server_id","netbox_custom_field.zz_bgp_connection_info","netbox_custom_field.zz_bgp_local_info","netbox_custom_field.zz_bgp_remote_info","netbox_custom_field.zz_bgp_routes_info","netbox_tag.anycast"]}]},{"module":"module.pop[\"LGA\"]","mode":"managed","type":"netbox_primary_ip","name":"vm_primary_v4","provider":"provider[\"registry.opentofu.org/e-breuninger/netbox\"]","instances":[{"schema_version":0,"attributes":{"id":"55","ip_address_id":47,"ip_address_version":4,"virtual_machine_id":55},"sensitive_attributes":[],"private":"bnVsbA==","dependencies":["module.pop.data.netactuate_bgp_sessions.vm","module.pop.data.netactuate_server.vm","module.pop.netactuate_server.vm","module.pop.netbox_cluster.this","module.pop.netbox_interface.eth0","module.pop.netbox_ip_address.public_v4","module.pop.netbox_site.this","module.pop.netbox_virtual_machine.this","netbox_cluster_type.hypervisor","netbox_custom_field.na_asn","netbox_custom_field.na_bgp_ipv4_prefix","netbox_custom_field.na_contract_id","netbox_custom_field.na_image","netbox_custom_field.na_image_id","netbox_custom_field.na_location_id","netbox_custom_field.na_plan","netbox_custom_field.na_plan_id","netbox_custom_field.na_public_ipv4","netbox_custom_field.na_public_ipv6","netbox_custom_field.na_server_id","netbox_custom_field.zz_bgp_connection_info","netbox_custom_field.zz_bgp_local_info","netbox_custom_field.zz_bgp_remote_info","netbox_custom_field.zz_bgp_routes_info","netbox_tag.anycast"]}]},{"module":"module.pop[\"LGA\"]","mode":"managed","type":"netbox_service","name":"bgp179","provider":"provider[\"registry.opentofu.org/e-breuninger/netbox\"]","instances":[{"schema_version":0,"attributes":{"custom_fields":null,"description":"Anycast ingress BGP (TCP/179)","device_id":0,"id":"54","name":"bgp","port":null,"ports":[179],"protocol":"tcp","tags":[],"tags_all":[],"virtual_machine_id":55},"sensitive_attributes":[],"private":"bnVsbA==","dependencies":["module.pop.data.netactuate_bgp_sessions.vm","module.pop.data.netactuate_server.vm","module.pop.netactuate_server.vm","module.pop.netbox_cluster.this","module.pop.netbox_site.this","module.pop.netbox_virtual_machine.this","netbox_cluster_type.hypervisor","netbox_custom_field.na_asn","netbox_custom_field.na_bgp_ipv4_prefix","netbox_custom_field.na_contract_id","netbox_custom_field.na_image","netbox_custom_field.na_image_id","netbox_custom_field.na_location_id","netbox_custom_field.na_plan","netbox_custom_field.na_plan_id","netbox_custom_field.na_public_ipv4","netbox_custom_field.na_public_ipv6","netbox_custom_field.na_server_id","netbox_custom_field.zz_bgp_connection_info","netbox_custom_field.zz_bgp_local_info","netbox_custom_field.zz_bgp_remote_info","netbox_custom_field.zz_bgp_routes_info","netbox_tag.anycast"]}]},{"module":"module.pop[\"LGA\"]","mode":"managed","type":"netbox_site","name":"this","provider":"provider[\"registry.opentofu.org/e-breuninger/netbox\"]","instances":[{"schema_version":0,"attributes":{"asn_ids":[],"comments":"","custom_fields":null,"description":"NetActuate PoP LGA","facility":"","group_id":0,"id":"54","latitude":0,"longitude":0,"name":"LGA","physical_address":"","region_id":0,"shipping_address":"","slug":"lga","status":"active","tags":[],"tags_all":[],"tenant_id":0,"timezone":""},"sensitive_attributes":[],"private":"bnVsbA==","dependencies":["netbox_custom_field.na_asn","netbox_custom_field.na_bgp_ipv4_prefix","netbox_custom_field.na_contract_id","netbox_custom_field.na_image","netbox_custom_field.na_image_id","netbox_custom_field.na_location_id","netbox_custom_field.na_plan","netbox_custom_field.na_plan_id","netbox_custom_field.na_public_ipv4","netbox_custom_field.na_public_ipv6","netbox_custom_field.na_server_id","netbox_custom_field.zz_bgp_connection_info","netbox_custom_field.zz_bgp_local_info","netbox_custom_field.zz_bgp_remote_info","netbox_custom_field.zz_bgp_routes_info"]}]},{"module":"module.pop[\"LGA\"]","mode":"managed","type":"netbox_virtual_machine","name":"this","provider":"provider[\"registry.opentofu.org/e-breuninger/netbox\"]","instances":[{"schema_version":2,"attributes":{"cluster_id":51,"comments":"🚀 NetActuate Server Details:\n\n  • Server ID: 572164\n\n  • Contract ID: 440\n\n  • Location ID: 41\n\n  • Image: Ubuntu 24.04 LTS (20240423) (ID 5787)\n\n  • IPv4 Prefix: 45.54.50.0/24\n\n📋 BGP Local Info:\n\n  Hostname: anycast-ingress-lga.worker.demo\nLocal ASN: 63911\nPublic IPv4: 209.177.145.228\nPublic IPv6: 2607:f740:f::b8f\nCustomer IPs: 209.177.145.228, 2607:f740:f::b8f\n\n🌐 BGP Remote Info:\n\n  Group: Craig's DevOps Demos\nProvider ASN: 36236\nProvider IPv4: 209.177.145.69\nProvider IPv6: 2607:f740:f::8da\n\n🔗 BGP Connection Status:\n\n  209.177.145.69 (ipv4): state=Established config=1 locked=false last=2025-10-06 08:49:28\n2607:f740:f::8da (ipv6): state=Active config=1 locked=false last=2025-10-06 08:49:32\n\n📊 BGP Routes:\n\n  45.54.50.0/24 via 209.177.145.228 (origin 63911)\n\n📡 BGP Peers (JSON):\n\n  {\"ipv4|209.177.145.69\":{\"comment\":\"Description: Craig's DevOps Demos - LGA - anycast-ingress-lga.worker.demo IPv4\\nState: Established\\nConfig status: 1\\nLast update: 2025-10-06 08:49:28\\nRoutes: 45.54.50.0/24 via 209.177.145.228\",\"config_status\":\"1\",\"customer_ip\":\"209.177.145.228\",\"description\":\"Craig's DevOps Demos - LGA - anycast-ingress-lga.worker.demo IPv4\",\"group_id\":3247,\"group_name\":\"Craig's DevOps Demos\",\"last_update\":\"2025-10-06 08:49:28\",\"local_ip\":\"209.177.145.228\",\"remote_ip\":\"209.177.145.69\",\"remote_ip_type\":\"ipv4\",\"remote_prefix\":\"209.177.145.69/32\",\"routes\":[{\"metric_loc_prf_weight\":0,\"next_hop\":\"209.177.145.228\",\"origin\":\"63911\",\"path\":[\"63911\"],\"prefix\":\"45.54.50.0/24\"}],\"session_name\":\"\",\"state\":\"Established\",\"status\":\"active\"},\"ipv6|2607:f740:f::8da\":{\"comment\":\"Description: Craig's DevOps Demos - LGA - anycast-ingress-lga.worker.demo IPv6\\nState: Active\\nConfig status: 1\\nLast update: 2025-10-06 08:49:32\",\"config_status\":\"1\",\"customer_ip\":\"2607:f740:f::b8f\",\"description\":\"Craig's DevOps Demos - LGA - anycast-ingress-lga.worker.demo IPv6\",\"group_id\":3247,\"group_name\":\"Craig's DevOps Demos\",\"last_update\":\"2025-10-06 08:49:32\",\"local_ip\":\"2607:f740:f::b8f\",\"remote_ip\":\"2607:f740:f::8da\",\"remote_ip_type\":\"ipv6\",\"remote_prefix\":\"2607:f740:f::8da/128\",\"routes\":[],\"session_name\":\"\",\"state\":\"Active\",\"status\":\"failed\"}}\n\n🔧 BGP Session Details (JSON):\n\n  {\"group_id\":3247,\"group_name\":\"Craig's DevOps Demos\",\"sessions\":[{\"config_status\":\"1\",\"customer_asn\":63911,\"customer_peer_ip\":\"209.177.145.228\",\"description\":\"Craig's DevOps Demos - LGA - anycast-ingress-lga.worker.demo IPv4\",\"group_id\":3247,\"group_name\":\"Craig's DevOps Demos\",\"id\":51159,\"last_update\":\"2025-10-06 08:49:28\",\"location_name\":\"LGA - New York, NY\",\"locked\":false,\"mb_id\":0,\"provider_asn\":36236,\"provider_ip_type\":\"ipv4\",\"provider_peer_ip\":\"209.177.145.69\",\"routes_received\":\"[{\\\"path\\\": [\\\"63911\\\"], \\\"origin\\\": \\\"63911\\\", \\\"prefix\\\": \\\"45.54.50.0/24\\\", \\\"next_hop\\\": \\\"209.177.145.228\\\", \\\"metric_loc_prf_weight\\\": 0}]\",\"state\":\"Established\"},{\"config_status\":\"1\",\"customer_asn\":63911,\"customer_peer_ip\":\"2607:f740:f::b8f\",\"description\":\"Craig's DevOps Demos - LGA - anycast-ingress-lga.worker.demo IPv6\",\"group_id\":3247,\"group_name\":\"Craig's DevOps Demos\",\"id\":51160,\"last_update\":\"2025-10-06 08:49:32\",\"location_name\":\"LGA - New York, NY\",\"locked\":false,\"mb_id\":0,\"provider_asn\":36236,\"provider_ip_type\":\"ipv6\",\"provider_peer_ip\":\"2607:f740:f::8da\",\"routes_received\":\"\",\"state\":\"Active\"}]}","custom_fields":{"na_asn":"63911","na_bgp_ipv4_prefix":"45.54.50.0/24","na_contract_id":"440","na_image":"Ubuntu 24.04 LTS (20240423)","na_image_id":"5787","na_location_id":"41","na_plan":"VR1x1x25","na_plan_id":"668","na_public_ipv4":"209.177.145.228","na_public_ipv6":"2607:f740:f::b8f","na_server_id":"572164","zz_bgp_connection_info":"209.177.145.69 (ipv4): state=Established config=1 locked=false last=2025-10-06 08:49:28\n2607:f740:f::8da (ipv6): state=Active config=1 locked=false last=2025-10-06 08:49:32","zz_bgp_local_info":"Hostname: anycast-ingress-lga.worker.demo\nLocal ASN: 63911\nPublic IPv4: 209.177.145.228\nPublic IPv6: 2607:f740:f::b8f\nCustomer IPs: 209.177.145.228, 2607:f740:f::b8f","zz_bgp_remote_info":"Group: Craig's DevOps Demos\nProvider ASN: 36236\nProvider IPv4: 209.177.145.69\nProvider IPv6: 2607:f740:f::8da","zz_bgp_routes_info":"45.54.50.0/24 via 209.177.145.228 (origin 63911)"},"description":"NetActuate plan VR1x1x25","device_id":0,"disk_size_mb":25600,"id":"55","local_context_data":"","memory_mb":1024,"name":"anycast-ingress-lga.worker.demo","platform_id":0,"primary_ipv4":47,"primary_ipv6":0,"role_id":0,"site_id":54,"status":"active","tags":["anycast"],"tags_all":["anycast"],"tenant_id":0,"vcpus":1},"sensitive_attributes":[],"private":"eyJzY2hlbWFfdmVyc2lvbiI6IjIifQ==","dependencies":["module.pop.data.netactuate_bgp_sessions.vm","module.pop.data.netactuate_server.vm","module.pop.netactuate_server.vm","module.pop.netbox_cluster.this","module.pop.netbox_site.this","netbox_cluster_type.hypervisor","netbox_custom_field.na_asn","netbox_custom_field.na_bgp_ipv4_prefix","netbox_custom_field.na_contract_id","netbox_custom_field.na_image","netbox_custom_field.na_image_id","netbox_custom_field.na_location_id","netbox_custom_field.na_plan","netbox_custom_field.na_plan_id","netbox_custom_field.na_public_ipv4","netbox_custom_field.na_public_ipv6","netbox_custom_field.na_server_id","netbox_custom_field.zz_bgp_connection_info","netbox_custom_field.zz_bgp_local_info","netbox_custom_field.zz_bgp_remote_info","netbox_custom_field.zz_bgp_routes_info","netbox_tag.anycast"]}]},{"module":"module.pop[\"LHR\"]","mode":"data","type":"netactuate_bgp_sessions","name":"vm","provider":"provider[\"registry.opentofu.org/netactuate/netactuate\"]","instances":[{"schema_version":0,"attributes":{"id":"572160","mbpkgid":572160,"sessions":[{"config_status":"1","customer_asn":63911,"customer_peer_ip":"2a00:dd80:3a::c92","description":"Craig's DevOps Demos - LHR - anycast-ingress-lhr.worker.demo IPv6","group_id":3247,"group_name":"Craig's DevOps Demos","id":51140,"last_update":"2025-10-06 08:51:11","location_name":"LHR - London, UK","locked":false,"mb_id":0,"provider_asn":36236,"provider_ip_type":"ipv6","provider_peer_ip":"2a00:dd80:3a::9e0","routes_received":"","state":"Active"},{"config_status":"1","customer_asn":63911,"customer_peer_ip":"176.58.92.119","description":"Craig's DevOps Demos - LHR - anycast-ingress-lhr.worker.demo IPv4","group_id":3247,"group_name":"Craig's DevOps Demos","id":51139,"last_update":"2025-10-06 08:51:46","location_name":"LHR - London, UK","locked":false,"mb_id":0,"provider_asn":36236,"provider_ip_type":"ipv4","provider_peer_ip":"176.58.92.141","routes_received":"[{\"path\": [\"63911\"], \"origin\": \"63911\", \"prefix\": \"45.54.50.0/24\", \"next_hop\": \"176.58.92.119\", \"metric_loc_prf_weight\": 0}]","state":"Established"}]},"sensitive_attributes":[]}]},{"module":"module.pop[\"LHR\"]","mode":"data","type":"netactuate_server","name":"vm","provider":"provider[\"registry.opentofu.org/netactuate/netactuate\"]","instances":[{"schema_version":0,"attributes":{"bgp_peers":[{"group_id":3247,"ipv4":["176.58.92.141"],"ipv6":["2a00:dd80:3a::9e0"],"localasn":63911,"localpeerv4":"176.58.92.119","localpeerv6":"2a00:dd80:3a::c92","peerasn":36236}],"hostname":"anycast-ingress-lhr.worker.demo","id":572160,"image":"Ubuntu 24.04 LTS (20240423)","image_id":5787,"ip_v4":"176.58.92.119","ip_v6":"2a00:dd80:3a::c92","location_id":71,"package":"VR1x1x25","plan_id":668,"public_ipv4":"176.58.92.119","public_ipv6":"2a00:dd80:3a::c92","state":"UP","status":"RUNNING"},"sensitive_attributes":[]}]},{"module":"module.pop[\"LHR\"]","mode":"managed","type":"netactuate_bgp_sessions","name":"bgp","provider":"provider[\"registry.opentofu.org/netactuate/netactuate\"]","instances":[{"index_key":0,"schema_version":0,"attributes":{"group_id":3247,"id":"572160","ipv6":true,"mbpkgid":572160,"redundant":false},"sensitive_attributes":[],"private":"bnVsbA==","dependencies":["module.pop.netactuate_server.vm","netbox_custom_field.na_asn","netbox_custom_field.na_bgp_ipv4_prefix","netbox_custom_field.na_contract_id","netbox_custom_field.na_image","netbox_custom_field.na_image_id","netbox_custom_field.na_location_id","netbox_custom_field.na_plan","netbox_custom_field.na_plan_id","netbox_custom_field.na_public_ipv4","netbox_custom_field.na_public_ipv6","netbox_custom_field.na_server_id","netbox_custom_field.zz_bgp_connection_info","netbox_custom_field.zz_bgp_local_info","netbox_custom_field.zz_bgp_remote_info","netbox_custom_field.zz_bgp_routes_info"]}]},{"module":"module.pop[\"LHR\"]","mode":"managed","type":"netactuate_server","name":"vm","provider":"provider[\"registry.opentofu.org/netactuate/netactuate\"]","instances":[{"schema_version":0,"attributes":{"cloud_config":null,"hostname":"anycast-ingress-lhr.worker.demo","id":"572160","image":null,"image_id":5787,"location":null,"location_id":71,"package_billing":"usage","package_billing_contract_id":"440","package_billing_opt_in":null,"params":"","password":null,"plan":"VR1x1x25","primary_ipv4":"176.58.92.119","primary_ipv6":"2a00:dd80:3a::c92","ssh_key":null,"ssh_key_id":8199,"user_data":null,"user_data_base64":null},"sensitive_attributes":[[{"type":"get_attr","value":"password"}]],"private":"bnVsbA==","dependencies":["netbox_custom_field.na_asn","netbox_custom_field.na_bgp_ipv4_prefix","netbox_custom_field.na_contract_id","netbox_custom_field.na_image","netbox_custom_field.na_image_id","netbox_custom_field.na_location_id","netbox_custom_field.na_plan","netbox_custom_field.na_plan_id","netbox_custom_field.na_public_ipv4","netbox_custom_field.na_public_ipv6","netbox_custom_field.na_server_id","netbox_custom_field.zz_bgp_connection_info","netbox_custom_field.zz_bgp_local_info","netbox_custom_field.zz_bgp_remote_info","netbox_custom_field.zz_bgp_routes_info"]}]},{"module":"module.pop[\"LHR\"]","mode":"managed","type":"netbox_cluster","name":"this","provider":"provider[\"registry.opentofu.org/e-breuninger/netbox\"]","instances":[{"schema_version":0,"attributes":{"cluster_group_id":0,"cluster_type_id":6,"comments":"","description":"","id":"57","name":"LHR-cluster","site_id":57,"tags":[],"tags_all":[],"tenant_id":0},"sensitive_attributes":[],"private":"bnVsbA==","dependencies":["module.pop.netbox_site.this","netbox_cluster_type.hypervisor","netbox_custom_field.na_asn","netbox_custom_field.na_bgp_ipv4_prefix","netbox_custom_field.na_contract_id","netbox_custom_field.na_image","netbox_custom_field.na_image_id","netbox_custom_field.na_location_id","netbox_custom_field.na_plan","netbox_custom_field.na_plan_id","netbox_custom_field.na_public_ipv4","netbox_custom_field.na_public_ipv6","netbox_custom_field.na_server_id","netbox_custom_field.zz_bgp_connection_info","netbox_custom_field.zz_bgp_local_info","netbox_custom_field.zz_bgp_remote_info","netbox_custom_field.zz_bgp_routes_info"]}]},{"module":"module.pop[\"LHR\"]","mode":"managed","type":"netbox_device","name":"this","provider":"provider[\"registry.opentofu.org/e-breuninger/netbox\"]","instances":[{"schema_version":0,"attributes":{"asset_tag":"","cluster_id":0,"comments":"","config_template_id":0,"custom_fields":null,"description":"","device_type_id":1,"id":"36","local_context_data":"","location_id":0,"name":"anycast-ingress-lhr.worker.demo","platform_id":0,"primary_ipv4":0,"primary_ipv6":0,"rack_face":"","rack_id":0,"rack_position":0,"role_id":1,"serial":"","site_id":57,"status":"active","tags":["anycast"],"tags_all":["anycast"],"tenant_id":0,"virtual_chassis_id":0,"virtual_chassis_master":false,"virtual_chassis_position":0,"virtual_chassis_priority":0},"sensitive_attributes":[],"private":"bnVsbA==","dependencies":["module.pop.netactuate_server.vm","module.pop.netbox_site.this","netbox_custom_field.na_asn","netbox_custom_field.na_bgp_ipv4_prefix","netbox_custom_field.na_contract_id","netbox_custom_field.na_image","netbox_custom_field.na_image_id","netbox_custom_field.na_location_id","netbox_custom_field.na_plan","netbox_custom_field.na_plan_id","netbox_custom_field.na_public_ipv4","netbox_custom_field.na_public_ipv6","netbox_custom_field.na_server_id","netbox_custom_field.zz_bgp_connection_info","netbox_custom_field.zz_bgp_local_info","netbox_custom_field.zz_bgp_remote_info","netbox_custom_field.zz_bgp_routes_info","netbox_device_role.anycast_worker","netbox_device_type.anycast_worker","netbox_manufacturer.netactuate","netbox_tag.anycast"]}]},{"module":"module.pop[\"LHR\"]","mode":"managed","type":"netbox_interface","name":"eth0","provider":"provider[\"registry.opentofu.org/e-breuninger/netbox\"]","instances":[{"schema_version":0,"attributes":{"description":"","enabled":true,"id":"59","mac_address":"","mode":null,"mtu":0,"name":"eth0","tagged_vlans":[],"tags":[],"tags_all":[],"type":null,"untagged_vlan":null,"virtual_machine_id":59},"sensitive_attributes":[],"private":"bnVsbA==","dependencies":["module.pop.data.netactuate_bgp_sessions.vm","module.pop.data.netactuate_server.vm","module.pop.netactuate_server.vm","module.pop.netbox_cluster.this","module.pop.netbox_site.this","module.pop.netbox_virtual_machine.this","netbox_cluster_type.hypervisor","netbox_custom_field.na_asn","netbox_custom_field.na_bgp_ipv4_prefix","netbox_custom_field.na_contract_id","netbox_custom_field.na_image","netbox_custom_field.na_image_id","netbox_custom_field.na_location_id","netbox_custom_field.na_plan","netbox_custom_field.na_plan_id","netbox_custom_field.na_public_ipv4","netbox_custom_field.na_public_ipv6","netbox_custom_field.na_server_id","netbox_custom_field.zz_bgp_connection_info","netbox_custom_field.zz_bgp_local_info","netbox_custom_field.zz_bgp_remote_info","netbox_custom_field.zz_bgp_routes_info","netbox_tag.anycast"]}]},{"module":"module.pop[\"LHR\"]","mode":"managed","type":"netbox_ip_address","name":"public_v4","provider":"provider[\"registry.opentofu.org/e-breuninger/netbox\"]","instances":[{"schema_version":0,"attributes":{"custom_fields":null,"description":"","device_interface_id":null,"dns_name":"anycast-ingress-lhr.worker.demo","id":"59","interface_id":null,"ip_address":"176.58.92.119/32","nat_inside_address_id":0,"nat_outside_addresses":[],"object_type":null,"role":"","status":"active","tags":[],"tags_all":[],"tenant_id":0,"virtual_machine_interface_id":59,"vrf_id":0},"sensitive_attributes":[],"private":"bnVsbA==","dependencies":["module.pop.data.netactuate_bgp_sessions.vm","module.pop.data.netactuate_server.vm","module.pop.netactuate_server.vm","module.pop.netbox_cluster.this","module.pop.netbox_interface.eth0","module.pop.netbox_site.this","module.pop.netbox_virtual_machine.this","netbox_cluster_type.hypervisor","netbox_custom_field.na_asn","netbox_custom_field.na_bgp_ipv4_prefix","netbox_custom_field.na_bgp_peers","netbox_custom_field.na_bgp_session_details","netbox_custom_field.na_contract_id","netbox_custom_field.na_image","netbox_custom_field.na_image_id","netbox_custom_field.na_location_id","netbox_custom_field.na_plan","netbox_custom_field.na_plan_id","netbox_custom_field.na_public_ipv4","netbox_custom_field.na_public_ipv6","netbox_custom_field.na_server_id","netbox_custom_field.zz_bgp_connection_info","netbox_custom_field.zz_bgp_local_info","netbox_custom_field.zz_bgp_remote_info","netbox_custom_field.zz_bgp_routes_info","netbox_tag.anycast"]}]},{"module":"module.pop[\"LHR\"]","mode":"managed","type":"netbox_primary_ip","name":"vm_primary_v4","provider":"provider[\"registry.opentofu.org/e-breuninger/netbox\"]","instances":[{"schema_version":0,"attributes":{"id":"59","ip_address_id":59,"ip_address_version":4,"virtual_machine_id":59},"sensitive_attributes":[],"private":"bnVsbA==","dependencies":["module.pop.data.netactuate_bgp_sessions.vm","module.pop.data.netactuate_server.vm","module.pop.netactuate_server.vm","module.pop.netbox_cluster.this","module.pop.netbox_interface.eth0","module.pop.netbox_ip_address.public_v4","module.pop.netbox_site.this","module.pop.netbox_virtual_machine.this","netbox_cluster_type.hypervisor","netbox_custom_field.na_asn","netbox_custom_field.na_bgp_ipv4_prefix","netbox_custom_field.na_contract_id","netbox_custom_field.na_image","netbox_custom_field.na_image_id","netbox_custom_field.na_location_id","netbox_custom_field.na_plan","netbox_custom_field.na_plan_id","netbox_custom_field.na_public_ipv4","netbox_custom_field.na_public_ipv6","netbox_custom_field.na_server_id","netbox_custom_field.zz_bgp_connection_info","netbox_custom_field.zz_bgp_local_info","netbox_custom_field.zz_bgp_remote_info","netbox_custom_field.zz_bgp_routes_info","netbox_tag.anycast"]}]},{"module":"module.pop[\"LHR\"]","mode":"managed","type":"netbox_service","name":"bgp179","provider":"provider[\"registry.opentofu.org/e-breuninger/netbox\"]","instances":[{"schema_version":0,"attributes":{"custom_fields":null,"description":"Anycast ingress BGP (TCP/179)","device_id":0,"id":"59","name":"bgp","port":null,"ports":[179],"protocol":"tcp","tags":[],"tags_all":[],"virtual_machine_id":59},"sensitive_attributes":[],"private":"bnVsbA==","dependencies":["module.pop.data.netactuate_bgp_sessions.vm","module.pop.data.netactuate_server.vm","module.pop.netactuate_server.vm","module.pop.netbox_cluster.this","module.pop.netbox_site.this","module.pop.netbox_virtual_machine.this","netbox_cluster_type.hypervisor","netbox_custom_field.na_asn","netbox_custom_field.na_bgp_ipv4_prefix","netbox_custom_field.na_contract_id","netbox_custom_field.na_image","netbox_custom_field.na_image_id","netbox_custom_field.na_location_id","netbox_custom_field.na_plan","netbox_custom_field.na_plan_id","netbox_custom_field.na_public_ipv4","netbox_custom_field.na_public_ipv6","netbox_custom_field.na_server_id","netbox_custom_field.zz_bgp_connection_info","netbox_custom_field.zz_bgp_local_info","netbox_custom_field.zz_bgp_remote_info","netbox_custom_field.zz_bgp_routes_info","netbox_tag.anycast"]}]},{"module":"module.pop[\"LHR\"]","mode":"managed","type":"netbox_site","name":"this","provider":"provider[\"registry.opentofu.org/e-breuninger/netbox\"]","instances":[{"schema_version":0,"attributes":{"asn_ids":[],"comments":"","custom_fields":null,"description":"NetActuate PoP LHR","facility":"","group_id":0,"id":"57","latitude":0,"longitude":0,"name":"LHR","physical_address":"","region_id":0,"shipping_address":"","slug":"lhr","status":"active","tags":[],"tags_all":[],"tenant_id":0,"timezone":""},"sensitive_attributes":[],"private":"bnVsbA==","dependencies":["netbox_custom_field.na_asn","netbox_custom_field.na_bgp_ipv4_prefix","netbox_custom_field.na_contract_id","netbox_custom_field.na_image","netbox_custom_field.na_image_id","netbox_custom_field.na_location_id","netbox_custom_field.na_plan","netbox_custom_field.na_plan_id","netbox_custom_field.na_public_ipv4","netbox_custom_field.na_public_ipv6","netbox_custom_field.na_server_id","netbox_custom_field.zz_bgp_connection_info","netbox_custom_field.zz_bgp_local_info","netbox_custom_field.zz_bgp_remote_info","netbox_custom_field.zz_bgp_routes_info"]}]},{"module":"module.pop[\"LHR\"]","mode":"managed","type":"netbox_virtual_machine","name":"this","provider":"provider[\"registry.opentofu.org/e-breuninger/netbox\"]","instances":[{"schema_version":2,"attributes":{"cluster_id":57,"comments":"🚀 NetActuate Server Details:\n\n  • Server ID: 572160\n\n  • Contract ID: 440\n\n  • Location ID: 71\n\n  • Image: Ubuntu 24.04 LTS (20240423) (ID 5787)\n\n  • IPv4 Prefix: 45.54.50.0/24\n\n📋 BGP Local Info:\n\n  Hostname: anycast-ingress-lhr.worker.demo\nLocal ASN: 63911\nPublic IPv4: 176.58.92.119\nPublic IPv6: 2a00:dd80:3a::c92\nCustomer IPs: 2a00:dd80:3a::c92, 176.58.92.119\n\n🌐 BGP Remote Info:\n\n  Group: Craig's DevOps Demos\nProvider ASN: 36236\nProvider IPv4: 176.58.92.141\nProvider IPv6: 2a00:dd80:3a::9e0\n\n🔗 BGP Connection Status:\n\n  2a00:dd80:3a::9e0 (ipv6): state=Active config=1 locked=false last=2025-10-06 08:51:11\n176.58.92.141 (ipv4): state=Established config=1 locked=false last=2025-10-06 08:51:46\n\n📊 BGP Routes:\n\n  45.54.50.0/24 via 176.58.92.119 (origin 63911)\n\n📡 BGP Peers (JSON):\n\n  {\"ipv4|176.58.92.141\":{\"comment\":\"Description: Craig's DevOps Demos - LHR - anycast-ingress-lhr.worker.demo IPv4\\nState: Established\\nConfig status: 1\\nLast update: 2025-10-06 08:51:46\\nRoutes: 45.54.50.0/24 via 176.58.92.119\",\"config_status\":\"1\",\"customer_ip\":\"176.58.92.119\",\"description\":\"Craig's DevOps Demos - LHR - anycast-ingress-lhr.worker.demo IPv4\",\"group_id\":3247,\"group_name\":\"Craig's DevOps Demos\",\"last_update\":\"2025-10-06 08:51:46\",\"local_ip\":\"176.58.92.119\",\"remote_ip\":\"176.58.92.141\",\"remote_ip_type\":\"ipv4\",\"remote_prefix\":\"176.58.92.141/32\",\"routes\":[{\"metric_loc_prf_weight\":0,\"next_hop\":\"176.58.92.119\",\"origin\":\"63911\",\"path\":[\"63911\"],\"prefix\":\"45.54.50.0/24\"}],\"session_name\":\"\",\"state\":\"Established\",\"status\":\"active\"},\"ipv6|2a00:dd80:3a::9e0\":{\"comment\":\"Description: Craig's DevOps Demos - LHR - anycast-ingress-lhr.worker.demo IPv6\\nState: Active\\nConfig status: 1\\nLast update: 2025-10-06 08:51:11\",\"config_status\":\"1\",\"customer_ip\":\"2a00:dd80:3a::c92\",\"description\":\"Craig's DevOps Demos - LHR - anycast-ingress-lhr.worker.demo IPv6\",\"group_id\":3247,\"group_name\":\"Craig's DevOps Demos\",\"last_update\":\"2025-10-06 08:51:11\",\"local_ip\":\"2a00:dd80:3a::c92\",\"remote_ip\":\"2a00:dd80:3a::9e0\",\"remote_ip_type\":\"ipv6\",\"remote_prefix\":\"2a00:dd80:3a::9e0/128\",\"routes\":[],\"session_name\":\"\",\"state\":\"Active\",\"status\":\"failed\"}}\n\n🔧 BGP Session Details (JSON):\n\n  {\"group_id\":3247,\"group_name\":\"Craig's DevOps Demos\",\"sessions\":[{\"config_status\":\"1\",\"customer_asn\":63911,\"customer_peer_ip\":\"2a00:dd80:3a::c92\",\"description\":\"Craig's DevOps Demos - LHR - anycast-ingress-lhr.worker.demo IPv6\",\"group_id\":3247,\"group_name\":\"Craig's DevOps Demos\",\"id\":51140,\"last_update\":\"2025-10-06 08:51:11\",\"location_name\":\"LHR - London, UK\",\"locked\":false,\"mb_id\":0,\"provider_asn\":36236,\"provider_ip_type\":\"ipv6\",\"provider_peer_ip\":\"2a00:dd80:3a::9e0\",\"routes_received\":\"\",\"state\":\"Active\"},{\"config_status\":\"1\",\"customer_asn\":63911,\"customer_peer_ip\":\"176.58.92.119\",\"description\":\"Craig's DevOps Demos - LHR - anycast-ingress-lhr.worker.demo IPv4\",\"group_id\":3247,\"group_name\":\"Craig's DevOps Demos\",\"id\":51139,\"last_update\":\"2025-10-06 08:51:46\",\"location_name\":\"LHR - London, UK\",\"locked\":false,\"mb_id\":0,\"provider_asn\":36236,\"provider_ip_type\":\"ipv4\",\"provider_peer_ip\":\"176.58.92.141\",\"routes_received\":\"[{\\\"path\\\": [\\\"63911\\\"], \\\"origin\\\": \\\"63911\\\", \\\"prefix\\\": \\\"45.54.50.0/24\\\", \\\"next_hop\\\": \\\"176.58.92.119\\\", \\\"metric_loc_prf_weight\\\": 0}]\",\"state\":\"Established\"}]}","custom_fields":{"na_asn":"63911","na_bgp_ipv4_prefix":"45.54.50.0/24","na_contract_id":"440","na_image":"Ubuntu 24.04 LTS (20240423)","na_image_id":"5787","na_location_id":"71","na_plan":"VR1x1x25","na_plan_id":"668","na_public_ipv4":"176.58.92.119","na_public_ipv6":"2a00:dd80:3a::c92","na_server_id":"572160","zz_bgp_connection_info":"2a00:dd80:3a::9e0 (ipv6): state=Active config=1 locked=false last=2025-10-06 08:51:11\n176.58.92.141 (ipv4): state=Established config=1 locked=false last=2025-10-06 08:51:46","zz_bgp_local_info":"Hostname: anycast-ingress-lhr.worker.demo\nLocal ASN: 63911\nPublic IPv4: 176.58.92.119\nPublic IPv6: 2a00:dd80:3a::c92\nCustomer IPs: 2a00:dd80:3a::c92, 176.58.92.119","zz_bgp_remote_info":"Group: Craig's DevOps Demos\nProvider ASN: 36236\nProvider IPv4: 176.58.92.141\nProvider IPv6: 2a00:dd80:3a::9e0","zz_bgp_routes_info":"45.54.50.0/24 via 176.58.92.119 (origin 63911)"},"description":"NetActuate plan VR1x1x25","device_id":0,"disk_size_mb":25600,"id":"59","local_context_data":"","memory_mb":1024,"name":"anycast-ingress-lhr.worker.demo","platform_id":0,"primary_ipv4":59,"primary_ipv6":0,"role_id":0,"site_id":57,"status":"active","tags":["anycast"],"tags_all":["anycast"],"tenant_id":0,"vcpus":1},"sensitive_attributes":[],"private":"eyJzY2hlbWFfdmVyc2lvbiI6IjIifQ==","dependencies":["module.pop.data.netactuate_bgp_sessions.vm","module.pop.data.netactuate_server.vm","module.pop.netactuate_server.vm","module.pop.netbox_cluster.this","module.pop.netbox_site.this","netbox_cluster_type.hypervisor","netbox_custom_field.na_asn","netbox_custom_field.na_bgp_ipv4_prefix","netbox_custom_field.na_contract_id","netbox_custom_field.na_image","netbox_custom_field.na_image_id","netbox_custom_field.na_location_id","netbox_custom_field.na_plan","netbox_custom_field.na_plan_id","netbox_custom_field.na_public_ipv4","netbox_custom_field.na_public_ipv6","netbox_custom_field.na_server_id","netbox_custom_field.zz_bgp_connection_info","netbox_custom_field.zz_bgp_local_info","netbox_custom_field.zz_bgp_remote_info","netbox_custom_field.zz_bgp_routes_info","netbox_tag.anycast"]}]},{"module":"module.pop[\"MAA\"]","mode":"data","type":"netactuate_bgp_sessions","name":"vm","provider":"provider[\"registry.opentofu.org/netactuate/netactuate\"]","instances":[{"schema_version":0,"attributes":{"id":"572178","mbpkgid":572178,"sessions":[{"config_status":"1","customer_asn":63911,"customer_peer_ip":"103.6.87.36","description":"Craig's DevOps Demos - MAA - anycast-ingress-maa.worker.demo IPv4","group_id":3247,"group_name":"Craig's DevOps Demos","id":51189,"last_update":"2025-10-06 08:49:42","location_name":"MAA - Chennai (Madras), India","locked":false,"mb_id":0,"provider_asn":36236,"provider_ip_type":"ipv4","provider_peer_ip":"103.6.87.170","routes_received":"[{\"path\": [\"63911\"], \"origin\": \"63911\", \"prefix\": \"45.54.50.0/24\", \"next_hop\": \"103.6.87.36\", \"metric_loc_prf_weight\": 0}]","state":"Established"},{"config_status":"1","customer_asn":63911,"customer_peer_ip":"2403:2500:4000::37e","description":"Craig's DevOps Demos - MAA - anycast-ingress-maa.worker.demo IPv6","group_id":3247,"group_name":"Craig's DevOps Demos","id":51190,"last_update":"2025-10-06 08:49:48","location_name":"MAA - Chennai (Madras), India","locked":false,"mb_id":0,"provider_asn":36236,"provider_ip_type":"ipv6","provider_peer_ip":"2403:2500:4000::ce8","routes_received":"","state":"Active"}]},"sensitive_attributes":[]}]},{"module":"module.pop[\"MAA\"]","mode":"data","type":"netactuate_server","name":"vm","provider":"provider[\"registry.opentofu.org/netactuate/netactuate\"]","instances":[{"schema_version":0,"attributes":{"bgp_peers":[{"group_id":3247,"ipv4":["103.6.87.170"],"ipv6":["2403:2500:4000::ce8"],"localasn":63911,"localpeerv4":"103.6.87.36","localpeerv6":"2403:2500:4000::37e","peerasn":36236}],"hostname":"anycast-ingress-maa.worker.demo","id":572178,"image":"Ubuntu 24.04 LTS (20240423)","image_id":5787,"ip_v4":"103.6.87.36","ip_v6":"2403:2500:4000::37e","location_id":61,"package":"VR1x1x25","plan_id":668,"public_ipv4":"103.6.87.36","public_ipv6":"2403:2500:4000::37e","state":"UP","status":"RUNNING"},"sensitive_attributes":[]}]},{"module":"module.pop[\"MAA\"]","mode":"managed","type":"netactuate_bgp_sessions","name":"bgp","provider":"provider[\"registry.opentofu.org/netactuate/netactuate\"]","instances":[{"index_key":0,"schema_version":0,"attributes":{"group_id":3247,"id":"572178","ipv6":true,"mbpkgid":572178,"redundant":false},"sensitive_attributes":[],"private":"bnVsbA==","dependencies":["module.pop.netactuate_server.vm","netbox_custom_field.na_asn","netbox_custom_field.na_bgp_ipv4_prefix","netbox_custom_field.na_contract_id","netbox_custom_field.na_image","netbox_custom_field.na_image_id","netbox_custom_field.na_location_id","netbox_custom_field.na_plan","netbox_custom_field.na_plan_id","netbox_custom_field.na_public_ipv4","netbox_custom_field.na_public_ipv6","netbox_custom_field.na_server_id","netbox_custom_field.zz_bgp_connection_info","netbox_custom_field.zz_bgp_local_info","netbox_custom_field.zz_bgp_remote_info","netbox_custom_field.zz_bgp_routes_info"]}]},{"module":"module.pop[\"MAA\"]","mode":"managed","type":"netactuate_server","name":"vm","provider":"provider[\"registry.opentofu.org/netactuate/netactuate\"]","instances":[{"schema_version":0,"attributes":{"cloud_config":null,"hostname":"anycast-ingress-maa.worker.demo","id":"572178","image":null,"image_id":5787,"location":null,"location_id":61,"package_billing":"usage","package_billing_contract_id":"440","package_billing_opt_in":null,"params":"","password":null,"plan":"VR1x1x25","primary_ipv4":"103.6.87.36","primary_ipv6":"2403:2500:4000::37e","ssh_key":null,"ssh_key_id":8199,"user_data":null,"user_data_base64":null},"sensitive_attributes":[[{"type":"get_attr","value":"password"}]],"private":"bnVsbA==","dependencies":["netbox_custom_field.na_asn","netbox_custom_field.na_bgp_ipv4_prefix","netbox_custom_field.na_contract_id","netbox_custom_field.na_image","netbox_custom_field.na_image_id","netbox_custom_field.na_location_id","netbox_custom_field.na_plan","netbox_custom_field.na_plan_id","netbox_custom_field.na_public_ipv4","netbox_custom_field.na_public_ipv6","netbox_custom_field.na_server_id","netbox_custom_field.zz_bgp_connection_info","netbox_custom_field.zz_bgp_local_info","netbox_custom_field.zz_bgp_remote_info","netbox_custom_field.zz_bgp_routes_info"]}]},{"module":"module.pop[\"MAA\"]","mode":"managed","type":"netbox_cluster","name":"this","provider":"provider[\"registry.opentofu.org/e-breuninger/netbox\"]","instances":[{"schema_version":0,"attributes":{"cluster_group_id":0,"cluster_type_id":6,"comments":"","description":"","id":"70","name":"MAA-cluster","site_id":70,"tags":[],"tags_all":[],"tenant_id":0},"sensitive_attributes":[],"private":"bnVsbA==","dependencies":["module.pop.netbox_site.this","netbox_cluster_type.hypervisor","netbox_custom_field.na_asn","netbox_custom_field.na_bgp_ipv4_prefix","netbox_custom_field.na_contract_id","netbox_custom_field.na_image","netbox_custom_field.na_image_id","netbox_custom_field.na_location_id","netbox_custom_field.na_plan","netbox_custom_field.na_plan_id","netbox_custom_field.na_public_ipv4","netbox_custom_field.na_public_ipv6","netbox_custom_field.na_server_id","netbox_custom_field.zz_bgp_connection_info","netbox_custom_field.zz_bgp_local_info","netbox_custom_field.zz_bgp_remote_info","netbox_custom_field.zz_bgp_routes_info"]}]},{"module":"module.pop[\"MAA\"]","mode":"managed","type":"netbox_device","name":"this","provider":"provider[\"registry.opentofu.org/e-breuninger/netbox\"]","instances":[{"schema_version":0,"attributes":{"asset_tag":"","cluster_id":0,"comments":"","config_template_id":0,"custom_fields":null,"description":"","device_type_id":1,"id":"34","local_context_data":"","location_id":0,"name":"anycast-ingress-maa.worker.demo","platform_id":0,"primary_ipv4":0,"primary_ipv6":0,"rack_face":"","rack_id":0,"rack_position":0,"role_id":1,"serial":"","site_id":70,"status":"active","tags":["anycast"],"tags_all":["anycast"],"tenant_id":0,"virtual_chassis_id":0,"virtual_chassis_master":false,"virtual_chassis_position":0,"virtual_chassis_priority":0},"sensitive_attributes":[],"private":"bnVsbA==","dependencies":["module.pop.netactuate_server.vm","module.pop.netbox_site.this","netbox_custom_field.na_asn","netbox_custom_field.na_bgp_ipv4_prefix","netbox_custom_field.na_contract_id","netbox_custom_field.na_image","netbox_custom_field.na_image_id","netbox_custom_field.na_location_id","netbox_custom_field.na_plan","netbox_custom_field.na_plan_id","netbox_custom_field.na_public_ipv4","netbox_custom_field.na_public_ipv6","netbox_custom_field.na_server_id","netbox_custom_field.zz_bgp_connection_info","netbox_custom_field.zz_bgp_local_info","netbox_custom_field.zz_bgp_remote_info","netbox_custom_field.zz_bgp_routes_info","netbox_device_role.anycast_worker","netbox_device_type.anycast_worker","netbox_manufacturer.netactuate","netbox_tag.anycast"]}]},{"module":"module.pop[\"MAA\"]","mode":"managed","type":"netbox_interface","name":"eth0","provider":"provider[\"registry.opentofu.org/e-breuninger/netbox\"]","instances":[{"schema_version":0,"attributes":{"description":"","enabled":true,"id":"65","mac_address":"","mode":null,"mtu":0,"name":"eth0","tagged_vlans":[],"tags":[],"tags_all":[],"type":null,"untagged_vlan":null,"virtual_machine_id":64},"sensitive_attributes":[],"private":"bnVsbA==","dependencies":["module.pop.data.netactuate_bgp_sessions.vm","module.pop.data.netactuate_server.vm","module.pop.netactuate_server.vm","module.pop.netbox_cluster.this","module.pop.netbox_site.this","module.pop.netbox_virtual_machine.this","netbox_cluster_type.hypervisor","netbox_custom_field.na_asn","netbox_custom_field.na_bgp_ipv4_prefix","netbox_custom_field.na_contract_id","netbox_custom_field.na_image","netbox_custom_field.na_image_id","netbox_custom_field.na_location_id","netbox_custom_field.na_plan","netbox_custom_field.na_plan_id","netbox_custom_field.na_public_ipv4","netbox_custom_field.na_public_ipv6","netbox_custom_field.na_server_id","netbox_custom_field.zz_bgp_connection_info","netbox_custom_field.zz_bgp_local_info","netbox_custom_field.zz_bgp_remote_info","netbox_custom_field.zz_bgp_routes_info","netbox_tag.anycast"]}]},{"module":"module.pop[\"MAA\"]","mode":"managed","type":"netbox_ip_address","name":"public_v4","provider":"provider[\"registry.opentofu.org/e-breuninger/netbox\"]","instances":[{"schema_version":0,"attributes":{"custom_fields":null,"description":"","device_interface_id":null,"dns_name":"anycast-ingress-maa.worker.demo","id":"64","interface_id":null,"ip_address":"103.6.87.36/32","nat_inside_address_id":0,"nat_outside_addresses":[],"object_type":null,"role":"","status":"active","tags":[],"tags_all":[],"tenant_id":0,"virtual_machine_interface_id":65,"vrf_id":0},"sensitive_attributes":[],"private":"bnVsbA==","dependencies":["module.pop.data.netactuate_bgp_sessions.vm","module.pop.data.netactuate_server.vm","module.pop.netactuate_server.vm","module.pop.netbox_cluster.this","module.pop.netbox_interface.eth0","module.pop.netbox_site.this","module.pop.netbox_virtual_machine.this","netbox_cluster_type.hypervisor","netbox_custom_field.na_asn","netbox_custom_field.na_bgp_ipv4_prefix","netbox_custom_field.na_bgp_peers","netbox_custom_field.na_bgp_session_details","netbox_custom_field.na_contract_id","netbox_custom_field.na_image","netbox_custom_field.na_image_id","netbox_custom_field.na_location_id","netbox_custom_field.na_plan","netbox_custom_field.na_plan_id","netbox_custom_field.na_public_ipv4","netbox_custom_field.na_public_ipv6","netbox_custom_field.na_server_id","netbox_custom_field.zz_bgp_connection_info","netbox_custom_field.zz_bgp_local_info","netbox_custom_field.zz_bgp_remote_info","netbox_custom_field.zz_bgp_routes_info","netbox_tag.anycast"]}]},{"module":"module.pop[\"MAA\"]","mode":"managed","type":"netbox_primary_ip","name":"vm_primary_v4","provider":"provider[\"registry.opentofu.org/e-breuninger/netbox\"]","instances":[{"schema_version":0,"attributes":{"id":"64","ip_address_id":64,"ip_address_version":4,"virtual_machine_id":64},"sensitive_attributes":[],"private":"bnVsbA==","dependencies":["module.pop.data.netactuate_bgp_sessions.vm","module.pop.data.netactuate_server.vm","module.pop.netactuate_server.vm","module.pop.netbox_cluster.this","module.pop.netbox_interface.eth0","module.pop.netbox_ip_address.public_v4","module.pop.netbox_site.this","module.pop.netbox_virtual_machine.this","netbox_cluster_type.hypervisor","netbox_custom_field.na_asn","netbox_custom_field.na_bgp_ipv4_prefix","netbox_custom_field.na_contract_id","netbox_custom_field.na_image","netbox_custom_field.na_image_id","netbox_custom_field.na_location_id","netbox_custom_field.na_plan","netbox_custom_field.na_plan_id","netbox_custom_field.na_public_ipv4","netbox_custom_field.na_public_ipv6","netbox_custom_field.na_server_id","netbox_custom_field.zz_bgp_connection_info","netbox_custom_field.zz_bgp_local_info","netbox_custom_field.zz_bgp_remote_info","netbox_custom_field.zz_bgp_routes_info","netbox_tag.anycast"]}]},{"module":"module.pop[\"MAA\"]","mode":"managed","type":"netbox_service","name":"bgp179","provider":"provider[\"registry.opentofu.org/e-breuninger/netbox\"]","instances":[{"schema_version":0,"attributes":{"custom_fields":null,"description":"Anycast ingress BGP (TCP/179)","device_id":0,"id":"66","name":"bgp","port":null,"ports":[179],"protocol":"tcp","tags":[],"tags_all":[],"virtual_machine_id":64},"sensitive_attributes":[],"private":"bnVsbA==","dependencies":["module.pop.data.netactuate_bgp_sessions.vm","module.pop.data.netactuate_server.vm","module.pop.netactuate_server.vm","module.pop.netbox_cluster.this","module.pop.netbox_site.this","module.pop.netbox_virtual_machine.this","netbox_cluster_type.hypervisor","netbox_custom_field.na_asn","netbox_custom_field.na_bgp_ipv4_prefix","netbox_custom_field.na_contract_id","netbox_custom_field.na_image","netbox_custom_field.na_image_id","netbox_custom_field.na_location_id","netbox_custom_field.na_plan","netbox_custom_field.na_plan_id","netbox_custom_field.na_public_ipv4","netbox_custom_field.na_public_ipv6","netbox_custom_field.na_server_id","netbox_custom_field.zz_bgp_connection_info","netbox_custom_field.zz_bgp_local_info","netbox_custom_field.zz_bgp_remote_info","netbox_custom_field.zz_bgp_routes_info","netbox_tag.anycast"]}]},{"module":"module.pop[\"MAA\"]","mode":"managed","type":"netbox_site","name":"this","provider":"provider[\"registry.opentofu.org/e-breuninger/netbox\"]","instances":[{"schema_version":0,"attributes":{"asn_ids":[],"comments":"","custom_fields":null,"description":"NetActuate PoP MAA","facility":"","group_id":0,"id":"70","latitude":0,"longitude":0,"name":"MAA","physical_address":"","region_id":0,"shipping_address":"","slug":"maa","status":"active","tags":[],"tags_all":[],"tenant_id":0,"timezone":""},"sensitive_attributes":[],"private":"bnVsbA==","dependencies":["netbox_custom_field.na_asn","netbox_custom_field.na_bgp_ipv4_prefix","netbox_custom_field.na_contract_id","netbox_custom_field.na_image","netbox_custom_field.na_image_id","netbox_custom_field.na_location_id","netbox_custom_field.na_plan","netbox_custom_field.na_plan_id","netbox_custom_field.na_public_ipv4","netbox_custom_field.na_public_ipv6","netbox_custom_field.na_server_id","netbox_custom_field.zz_bgp_connection_info","netbox_custom_field.zz_bgp_local_info","netbox_custom_field.zz_bgp_remote_info","netbox_custom_field.zz_bgp_routes_info"]}]},{"module":"module.pop[\"MAA\"]","mode":"managed","type":"netbox_virtual_machine","name":"this","provider":"provider[\"registry.opentofu.org/e-breuninger/netbox\"]","instances":[{"schema_version":2,"attributes":{"cluster_id":70,"comments":"🚀 NetActuate Server Details:\n\n  • Server ID: 572178\n\n  • Contract ID: 440\n\n  • Location ID: 61\n\n  • Image: Ubuntu 24.04 LTS (20240423) (ID 5787)\n\n  • IPv4 Prefix: 45.54.50.0/24\n\n📋 BGP Local Info:\n\n  Hostname: anycast-ingress-maa.worker.demo\nLocal ASN: 63911\nPublic IPv4: 103.6.87.36\nPublic IPv6: 2403:2500:4000::37e\nCustomer IPs: 103.6.87.36, 2403:2500:4000::37e\n\n🌐 BGP Remote Info:\n\n  Group: Craig's DevOps Demos\nProvider ASN: 36236\nProvider IPv4: 103.6.87.170\nProvider IPv6: 2403:2500:4000::ce8\n\n🔗 BGP Connection Status:\n\n  103.6.87.170 (ipv4): state=Established config=1 locked=false last=2025-10-06 08:49:42\n2403:2500:4000::ce8 (ipv6): state=Active config=1 locked=false last=2025-10-06 08:49:48\n\n📊 BGP Routes:\n\n  45.54.50.0/24 via 103.6.87.36 (origin 63911)\n\n📡 BGP Peers (JSON):\n\n  {\"ipv4|103.6.87.170\":{\"comment\":\"Description: Craig's DevOps Demos - MAA - anycast-ingress-maa.worker.demo IPv4\\nState: Established\\nConfig status: 1\\nLast update: 2025-10-06 08:49:42\\nRoutes: 45.54.50.0/24 via 103.6.87.36\",\"config_status\":\"1\",\"customer_ip\":\"103.6.87.36\",\"description\":\"Craig's DevOps Demos - MAA - anycast-ingress-maa.worker.demo IPv4\",\"group_id\":3247,\"group_name\":\"Craig's DevOps Demos\",\"last_update\":\"2025-10-06 08:49:42\",\"local_ip\":\"103.6.87.36\",\"remote_ip\":\"103.6.87.170\",\"remote_ip_type\":\"ipv4\",\"remote_prefix\":\"103.6.87.170/32\",\"routes\":[{\"metric_loc_prf_weight\":0,\"next_hop\":\"103.6.87.36\",\"origin\":\"63911\",\"path\":[\"63911\"],\"prefix\":\"45.54.50.0/24\"}],\"session_name\":\"\",\"state\":\"Established\",\"status\":\"active\"},\"ipv6|2403:2500:4000::ce8\":{\"comment\":\"Description: Craig's DevOps Demos - MAA - anycast-ingress-maa.worker.demo IPv6\\nState: Active\\nConfig status: 1\\nLast update: 2025-10-06 08:49:48\",\"config_status\":\"1\",\"customer_ip\":\"2403:2500:4000::37e\",\"description\":\"Craig's DevOps Demos - MAA - anycast-ingress-maa.worker.demo IPv6\",\"group_id\":3247,\"group_name\":\"Craig's DevOps Demos\",\"last_update\":\"2025-10-06 08:49:48\",\"local_ip\":\"2403:2500:4000::37e\",\"remote_ip\":\"2403:2500:4000::ce8\",\"remote_ip_type\":\"ipv6\",\"remote_prefix\":\"2403:2500:4000::ce8/128\",\"routes\":[],\"session_name\":\"\",\"state\":\"Active\",\"status\":\"failed\"}}\n\n🔧 BGP Session Details (JSON):\n\n  {\"group_id\":3247,\"group_name\":\"Craig's DevOps Demos\",\"sessions\":[{\"config_status\":\"1\",\"customer_asn\":63911,\"customer_peer_ip\":\"103.6.87.36\",\"description\":\"Craig's DevOps Demos - MAA - anycast-ingress-maa.worker.demo IPv4\",\"group_id\":3247,\"group_name\":\"Craig's DevOps Demos\",\"id\":51189,\"last_update\":\"2025-10-06 08:49:42\",\"location_name\":\"MAA - Chennai (Madras), India\",\"locked\":false,\"mb_id\":0,\"provider_asn\":36236,\"provider_ip_type\":\"ipv4\",\"provider_peer_ip\":\"103.6.87.170\",\"routes_received\":\"[{\\\"path\\\": [\\\"63911\\\"], \\\"origin\\\": \\\"63911\\\", \\\"prefix\\\": \\\"45.54.50.0/24\\\", \\\"next_hop\\\": \\\"103.6.87.36\\\", \\\"metric_loc_prf_weight\\\": 0}]\",\"state\":\"Established\"},{\"config_status\":\"1\",\"customer_asn\":63911,\"customer_peer_ip\":\"2403:2500:4000::37e\",\"description\":\"Craig's DevOps Demos - MAA - anycast-ingress-maa.worker.demo IPv6\",\"group_id\":3247,\"group_name\":\"Craig's DevOps Demos\",\"id\":51190,\"last_update\":\"2025-10-06 08:49:48\",\"location_name\":\"MAA - Chennai (Madras), India\",\"locked\":false,\"mb_id\":0,\"provider_asn\":36236,\"provider_ip_type\":\"ipv6\",\"provider_peer_ip\":\"2403:2500:4000::ce8\",\"routes_received\":\"\",\"state\":\"Active\"}]}","custom_fields":{"na_asn":"63911","na_bgp_ipv4_prefix":"45.54.50.0/24","na_contract_id":"440","na_image":"Ubuntu 24.04 LTS (20240423)","na_image_id":"5787","na_location_id":"61","na_plan":"VR1x1x25","na_plan_id":"668","na_public_ipv4":"103.6.87.36","na_public_ipv6":"2403:2500:4000::37e","na_server_id":"572178","zz_bgp_connection_info":"103.6.87.170 (ipv4): state=Established config=1 locked=false last=2025-10-06 08:49:42\n2403:2500:4000::ce8 (ipv6): state=Active config=1 locked=false last=2025-10-06 08:49:48","zz_bgp_local_info":"Hostname: anycast-ingress-maa.worker.demo\nLocal ASN: 63911\nPublic IPv4: 103.6.87.36\nPublic IPv6: 2403:2500:4000::37e\nCustomer IPs: 103.6.87.36, 2403:2500:4000::37e","zz_bgp_remote_info":"Group: Craig's DevOps Demos\nProvider ASN: 36236\nProvider IPv4: 103.6.87.170\nProvider IPv6: 2403:2500:4000::ce8","zz_bgp_routes_info":"45.54.50.0/24 via 103.6.87.36 (origin 63911)"},"description":"NetActuate plan VR1x1x25","device_id":0,"disk_size_mb":25600,"id":"64","local_context_data":"","memory_mb":1024,"name":"anycast-ingress-maa.worker.demo","platform_id":0,"primary_ipv4":64,"primary_ipv6":0,"role_id":0,"site_id":70,"status":"active","tags":["anycast"],"tags_all":["anycast"],"tenant_id":0,"vcpus":1},"sensitive_attributes":[],"private":"eyJzY2hlbWFfdmVyc2lvbiI6IjIifQ==","dependencies":["module.pop.data.netactuate_bgp_sessions.vm","module.pop.data.netactuate_server.vm","module.pop.netactuate_server.vm","module.pop.netbox_cluster.this","module.pop.netbox_site.this","netbox_cluster_type.hypervisor","netbox_custom_field.na_asn","netbox_custom_field.na_bgp_ipv4_prefix","netbox_custom_field.na_contract_id","netbox_custom_field.na_image","netbox_custom_field.na_image_id","netbox_custom_field.na_location_id","netbox_custom_field.na_plan","netbox_custom_field.na_plan_id","netbox_custom_field.na_public_ipv4","netbox_custom_field.na_public_ipv6","netbox_custom_field.na_server_id","netbox_custom_field.zz_bgp_connection_info","netbox_custom_field.zz_bgp_local_info","netbox_custom_field.zz_bgp_remote_info","netbox_custom_field.zz_bgp_routes_info","netbox_tag.anycast"]}]},{"module":"module.pop[\"MAD\"]","mode":"data","type":"netactuate_bgp_sessions","name":"vm","provider":"provider[\"registry.opentofu.org/netactuate/netactuate\"]","instances":[{"schema_version":0,"attributes":{"id":"572158","mbpkgid":572158,"sessions":[{"config_status":"1","customer_asn":63911,"customer_peer_ip":"45.159.97.59","description":"Craig's DevOps Demos - MAD - anycast-ingress-mad.worker.demo IPv4","group_id":3247,"group_name":"Craig's DevOps Demos","id":51157,"last_update":"2025-10-06 08:52:51","location_name":"MAD - Madrid, Spain","locked":false,"mb_id":0,"provider_asn":36236,"provider_ip_type":"ipv4","provider_peer_ip":"45.159.97.39","routes_received":"[{\"path\": [\"63911\"], \"origin\": \"63911\", \"prefix\": \"45.54.50.0/24\", \"next_hop\": \"45.159.97.59\", \"metric_loc_prf_weight\": 0}]","state":"Established"},{"config_status":"1","customer_asn":63911,"customer_peer_ip":"2a00:dd80:14:10::270","description":"Craig's DevOps Demos - MAD - anycast-ingress-mad.worker.demo IPv6","group_id":3247,"group_name":"Craig's DevOps Demos","id":51158,"last_update":"2025-10-06 08:52:52","location_name":"MAD - Madrid, Spain","locked":false,"mb_id":0,"provider_asn":36236,"provider_ip_type":"ipv6","provider_peer_ip":"2a00:dd80:14:10::256","routes_received":"","state":"Active"}]},"sensitive_attributes":[]}]},{"module":"module.pop[\"MAD\"]","mode":"data","type":"netactuate_server","name":"vm","provider":"provider[\"registry.opentofu.org/netactuate/netactuate\"]","instances":[{"schema_version":0,"attributes":{"bgp_peers":[{"group_id":3247,"ipv4":["45.159.97.39"],"ipv6":["2a00:dd80:14:10::256"],"localasn":63911,"localpeerv4":"45.159.97.59","localpeerv6":"2a00:dd80:14:10::270","peerasn":36236}],"hostname":"anycast-ingress-mad.worker.demo","id":572158,"image":"Ubuntu 24.04 LTS (20240423)","image_id":5787,"ip_v4":"45.159.97.59","ip_v6":"2a00:dd80:14:10::270","location_id":524,"package":"VR1x1x25","plan_id":668,"public_ipv4":"45.159.97.59","public_ipv6":"2a00:dd80:14:10::270","state":"UP","status":"RUNNING"},"sensitive_attributes":[]}]},{"module":"module.pop[\"MAD\"]","mode":"managed","type":"netactuate_bgp_sessions","name":"bgp","provider":"provider[\"registry.opentofu.org/netactuate/netactuate\"]","instances":[{"index_key":0,"schema_version":0,"attributes":{"group_id":3247,"id":"572158","ipv6":true,"mbpkgid":572158,"redundant":false},"sensitive_attributes":[],"private":"bnVsbA==","dependencies":["module.pop.netactuate_server.vm","netbox_custom_field.na_asn","netbox_custom_field.na_bgp_ipv4_prefix","netbox_custom_field.na_contract_id","netbox_custom_field.na_image","netbox_custom_field.na_image_id","netbox_custom_field.na_location_id","netbox_custom_field.na_plan","netbox_custom_field.na_plan_id","netbox_custom_field.na_public_ipv4","netbox_custom_field.na_public_ipv6","netbox_custom_field.na_server_id","netbox_custom_field.zz_bgp_connection_info","netbox_custom_field.zz_bgp_local_info","netbox_custom_field.zz_bgp_remote_info","netbox_custom_field.zz_bgp_routes_info"]}]},{"module":"module.pop[\"MAD\"]","mode":"managed","type":"netactuate_server","name":"vm","provider":"provider[\"registry.opentofu.org/netactuate/netactuate\"]","instances":[{"schema_version":0,"attributes":{"cloud_config":null,"hostname":"anycast-ingress-mad.worker.demo","id":"572158","image":null,"image_id":5787,"location":null,"location_id":524,"package_billing":"usage","package_billing_contract_id":"440","package_billing_opt_in":null,"params":"","password":null,"plan":"VR1x1x25","primary_ipv4":"45.159.97.59","primary_ipv6":"2a00:dd80:14:10::270","ssh_key":null,"ssh_key_id":8199,"user_data":null,"user_data_base64":null},"sensitive_attributes":[[{"type":"get_attr","value":"password"}]],"private":"bnVsbA==","dependencies":["netbox_custom_field.na_asn","netbox_custom_field.na_bgp_ipv4_prefix","netbox_custom_field.na_contract_id","netbox_custom_field.na_image","netbox_custom_field.na_image_id","netbox_custom_field.na_location_id","netbox_custom_field.na_plan","netbox_custom_field.na_plan_id","netbox_custom_field.na_public_ipv4","netbox_custom_field.na_public_ipv6","netbox_custom_field.na_server_id","netbox_custom_field.zz_bgp_connection_info","netbox_custom_field.zz_bgp_local_info","netbox_custom_field.zz_bgp_remote_info","netbox_custom_field.zz_bgp_routes_info"]}]},{"module":"module.pop[\"MAD\"]","mode":"managed","type":"netbox_cluster","name":"this","provider":"provider[\"registry.opentofu.org/e-breuninger/netbox\"]","instances":[{"schema_version":0,"attributes":{"cluster_group_id":0,"cluster_type_id":6,"comments":"","description":"","id":"46","name":"MAD-cluster","site_id":47,"tags":[],"tags_all":[],"tenant_id":0},"sensitive_attributes":[],"private":"bnVsbA==","dependencies":["module.pop.netbox_site.this","netbox_cluster_type.hypervisor","netbox_custom_field.na_asn","netbox_custom_field.na_bgp_ipv4_prefix","netbox_custom_field.na_contract_id","netbox_custom_field.na_image","netbox_custom_field.na_image_id","netbox_custom_field.na_location_id","netbox_custom_field.na_plan","netbox_custom_field.na_plan_id","netbox_custom_field.na_public_ipv4","netbox_custom_field.na_public_ipv6","netbox_custom_field.na_server_id","netbox_custom_field.zz_bgp_connection_info","netbox_custom_field.zz_bgp_local_info","netbox_custom_field.zz_bgp_remote_info","netbox_custom_field.zz_bgp_routes_info"]}]},{"module":"module.pop[\"MAD\"]","mode":"managed","type":"netbox_device","name":"this","provider":"provider[\"registry.opentofu.org/e-breuninger/netbox\"]","instances":[{"schema_version":0,"attributes":{"asset_tag":"","cluster_id":0,"comments":"","config_template_id":0,"custom_fields":null,"description":"","device_type_id":1,"id":"21","local_context_data":"","location_id":0,"name":"anycast-ingress-mad.worker.demo","platform_id":0,"primary_ipv4":0,"primary_ipv6":0,"rack_face":"","rack_id":0,"rack_position":0,"role_id":1,"serial":"","site_id":47,"status":"active","tags":["anycast"],"tags_all":["anycast"],"tenant_id":0,"virtual_chassis_id":0,"virtual_chassis_master":false,"virtual_chassis_position":0,"virtual_chassis_priority":0},"sensitive_attributes":[],"private":"bnVsbA==","dependencies":["module.pop.netactuate_server.vm","module.pop.netbox_site.this","netbox_custom_field.na_asn","netbox_custom_field.na_bgp_ipv4_prefix","netbox_custom_field.na_contract_id","netbox_custom_field.na_image","netbox_custom_field.na_image_id","netbox_custom_field.na_location_id","netbox_custom_field.na_plan","netbox_custom_field.na_plan_id","netbox_custom_field.na_public_ipv4","netbox_custom_field.na_public_ipv6","netbox_custom_field.na_server_id","netbox_custom_field.zz_bgp_connection_info","netbox_custom_field.zz_bgp_local_info","netbox_custom_field.zz_bgp_remote_info","netbox_custom_field.zz_bgp_routes_info","netbox_device_role.anycast_worker","netbox_device_type.anycast_worker","netbox_manufacturer.netactuate","netbox_tag.anycast"]}]},{"module":"module.pop[\"MAD\"]","mode":"managed","type":"netbox_interface","name":"eth0","provider":"provider[\"registry.opentofu.org/e-breuninger/netbox\"]","instances":[{"schema_version":0,"attributes":{"description":"","enabled":true,"id":"55","mac_address":"","mode":null,"mtu":0,"name":"eth0","tagged_vlans":[],"tags":[],"tags_all":[],"type":null,"untagged_vlan":null,"virtual_machine_id":56},"sensitive_attributes":[],"private":"bnVsbA==","dependencies":["module.pop.data.netactuate_bgp_sessions.vm","module.pop.data.netactuate_server.vm","module.pop.netactuate_server.vm","module.pop.netbox_cluster.this","module.pop.netbox_site.this","module.pop.netbox_virtual_machine.this","netbox_cluster_type.hypervisor","netbox_custom_field.na_asn","netbox_custom_field.na_bgp_ipv4_prefix","netbox_custom_field.na_contract_id","netbox_custom_field.na_image","netbox_custom_field.na_image_id","netbox_custom_field.na_location_id","netbox_custom_field.na_plan","netbox_custom_field.na_plan_id","netbox_custom_field.na_public_ipv4","netbox_custom_field.na_public_ipv6","netbox_custom_field.na_server_id","netbox_custom_field.zz_bgp_connection_info","netbox_custom_field.zz_bgp_local_info","netbox_custom_field.zz_bgp_remote_info","netbox_custom_field.zz_bgp_routes_info","netbox_tag.anycast"]}]},{"module":"module.pop[\"MAD\"]","mode":"managed","type":"netbox_ip_address","name":"public_v4","provider":"provider[\"registry.opentofu.org/e-breuninger/netbox\"]","instances":[{"schema_version":0,"attributes":{"custom_fields":null,"description":"","device_interface_id":null,"dns_name":"anycast-ingress-mad.worker.demo","id":"54","interface_id":null,"ip_address":"45.159.97.59/32","nat_inside_address_id":0,"nat_outside_addresses":[],"object_type":null,"role":"","status":"active","tags":[],"tags_all":[],"tenant_id":0,"virtual_machine_interface_id":55,"vrf_id":0},"sensitive_attributes":[],"private":"bnVsbA==","dependencies":["module.pop.data.netactuate_bgp_sessions.vm","module.pop.data.netactuate_server.vm","module.pop.netactuate_server.vm","module.pop.netbox_cluster.this","module.pop.netbox_interface.eth0","module.pop.netbox_site.this","module.pop.netbox_virtual_machine.this","netbox_cluster_type.hypervisor","netbox_custom_field.na_asn","netbox_custom_field.na_bgp_ipv4_prefix","netbox_custom_field.na_bgp_peers","netbox_custom_field.na_bgp_session_details","netbox_custom_field.na_contract_id","netbox_custom_field.na_image","netbox_custom_field.na_image_id","netbox_custom_field.na_location_id","netbox_custom_field.na_plan","netbox_custom_field.na_plan_id","netbox_custom_field.na_public_ipv4","netbox_custom_field.na_public_ipv6","netbox_custom_field.na_server_id","netbox_custom_field.zz_bgp_connection_info","netbox_custom_field.zz_bgp_local_info","netbox_custom_field.zz_bgp_remote_info","netbox_custom_field.zz_bgp_routes_info","netbox_tag.anycast"]}]},{"module":"module.pop[\"MAD\"]","mode":"managed","type":"netbox_primary_ip","name":"vm_primary_v4","provider":"provider[\"registry.opentofu.org/e-breuninger/netbox\"]","instances":[{"schema_version":0,"attributes":{"id":"56","ip_address_id":54,"ip_address_version":4,"virtual_machine_id":56},"sensitive_attributes":[],"private":"bnVsbA==","dependencies":["module.pop.data.netactuate_bgp_sessions.vm","module.pop.data.netactuate_server.vm","module.pop.netactuate_server.vm","module.pop.netbox_cluster.this","module.pop.netbox_interface.eth0","module.pop.netbox_ip_address.public_v4","module.pop.netbox_site.this","module.pop.netbox_virtual_machine.this","netbox_cluster_type.hypervisor","netbox_custom_field.na_asn","netbox_custom_field.na_bgp_ipv4_prefix","netbox_custom_field.na_contract_id","netbox_custom_field.na_image","netbox_custom_field.na_image_id","netbox_custom_field.na_location_id","netbox_custom_field.na_plan","netbox_custom_field.na_plan_id","netbox_custom_field.na_public_ipv4","netbox_custom_field.na_public_ipv6","netbox_custom_field.na_server_id","netbox_custom_field.zz_bgp_connection_info","netbox_custom_field.zz_bgp_local_info","netbox_custom_field.zz_bgp_remote_info","netbox_custom_field.zz_bgp_routes_info","netbox_tag.anycast"]}]},{"module":"module.pop[\"MAD\"]","mode":"managed","type":"netbox_service","name":"bgp179","provider":"provider[\"registry.opentofu.org/e-breuninger/netbox\"]","instances":[{"schema_version":0,"attributes":{"custom_fields":null,"description":"Anycast ingress BGP (TCP/179)","device_id":0,"id":"53","name":"bgp","port":null,"ports":[179],"protocol":"tcp","tags":[],"tags_all":[],"virtual_machine_id":56},"sensitive_attributes":[],"private":"bnVsbA==","dependencies":["module.pop.data.netactuate_bgp_sessions.vm","module.pop.data.netactuate_server.vm","module.pop.netactuate_server.vm","module.pop.netbox_cluster.this","module.pop.netbox_site.this","module.pop.netbox_virtual_machine.this","netbox_cluster_type.hypervisor","netbox_custom_field.na_asn","netbox_custom_field.na_bgp_ipv4_prefix","netbox_custom_field.na_contract_id","netbox_custom_field.na_image","netbox_custom_field.na_image_id","netbox_custom_field.na_location_id","netbox_custom_field.na_plan","netbox_custom_field.na_plan_id","netbox_custom_field.na_public_ipv4","netbox_custom_field.na_public_ipv6","netbox_custom_field.na_server_id","netbox_custom_field.zz_bgp_connection_info","netbox_custom_field.zz_bgp_local_info","netbox_custom_field.zz_bgp_remote_info","netbox_custom_field.zz_bgp_routes_info","netbox_tag.anycast"]}]},{"module":"module.pop[\"MAD\"]","mode":"managed","type":"netbox_site","name":"this","provider":"provider[\"registry.opentofu.org/e-breuninger/netbox\"]","instances":[{"schema_version":0,"attributes":{"asn_ids":[],"comments":"","custom_fields":null,"description":"NetActuate PoP MAD","facility":"","group_id":0,"id":"47","latitude":0,"longitude":0,"name":"MAD","physical_address":"","region_id":0,"shipping_address":"","slug":"mad","status":"active","tags":[],"tags_all":[],"tenant_id":0,"timezone":""},"sensitive_attributes":[],"private":"bnVsbA==","dependencies":["netbox_custom_field.na_asn","netbox_custom_field.na_bgp_ipv4_prefix","netbox_custom_field.na_contract_id","netbox_custom_field.na_image","netbox_custom_field.na_image_id","netbox_custom_field.na_location_id","netbox_custom_field.na_plan","netbox_custom_field.na_plan_id","netbox_custom_field.na_public_ipv4","netbox_custom_field.na_public_ipv6","netbox_custom_field.na_server_id","netbox_custom_field.zz_bgp_connection_info","netbox_custom_field.zz_bgp_local_info","netbox_custom_field.zz_bgp_remote_info","netbox_custom_field.zz_bgp_routes_info"]}]},{"module":"module.pop[\"MAD\"]","mode":"managed","type":"netbox_virtual_machine","name":"this","provider":"provider[\"registry.opentofu.org/e-breuninger/netbox\"]","instances":[{"schema_version":2,"attributes":{"cluster_id":46,"comments":"🚀 NetActuate Server Details:\n\n  • Server ID: 572158\n\n  • Contract ID: 440\n\n  • Location ID: 524\n\n  • Image: Ubuntu 24.04 LTS (20240423) (ID 5787)\n\n  • IPv4 Prefix: 45.54.50.0/24\n\n📋 BGP Local Info:\n\n  Hostname: anycast-ingress-mad.worker.demo\nLocal ASN: 63911\nPublic IPv4: 45.159.97.59\nPublic IPv6: 2a00:dd80:14:10::270\nCustomer IPs: 45.159.97.59, 2a00:dd80:14:10::270\n\n🌐 BGP Remote Info:\n\n  Group: Craig's DevOps Demos\nProvider ASN: 36236\nProvider IPv4: 45.159.97.39\nProvider IPv6: 2a00:dd80:14:10::256\n\n🔗 BGP Connection Status:\n\n  45.159.97.39 (ipv4): state=Established config=1 locked=false last=2025-10-06 08:52:51\n2a00:dd80:14:10::256 (ipv6): state=Active config=1 locked=false last=2025-10-06 08:52:52\n\n📊 BGP Routes:\n\n  45.54.50.0/24 via 45.159.97.59 (origin 63911)\n\n📡 BGP Peers (JSON):\n\n  {\"ipv4|45.159.97.39\":{\"comment\":\"Description: Craig's DevOps Demos - MAD - anycast-ingress-mad.worker.demo IPv4\\nState: Established\\nConfig status: 1\\nLast update: 2025-10-06 08:52:51\\nRoutes: 45.54.50.0/24 via 45.159.97.59\",\"config_status\":\"1\",\"customer_ip\":\"45.159.97.59\",\"description\":\"Craig's DevOps Demos - MAD - anycast-ingress-mad.worker.demo IPv4\",\"group_id\":3247,\"group_name\":\"Craig's DevOps Demos\",\"last_update\":\"2025-10-06 08:52:51\",\"local_ip\":\"45.159.97.59\",\"remote_ip\":\"45.159.97.39\",\"remote_ip_type\":\"ipv4\",\"remote_prefix\":\"45.159.97.39/32\",\"routes\":[{\"metric_loc_prf_weight\":0,\"next_hop\":\"45.159.97.59\",\"origin\":\"63911\",\"path\":[\"63911\"],\"prefix\":\"45.54.50.0/24\"}],\"session_name\":\"\",\"state\":\"Established\",\"status\":\"active\"},\"ipv6|2a00:dd80:14:10::256\":{\"comment\":\"Description: Craig's DevOps Demos - MAD - anycast-ingress-mad.worker.demo IPv6\\nState: Active\\nConfig status: 1\\nLast update: 2025-10-06 08:52:52\",\"config_status\":\"1\",\"customer_ip\":\"2a00:dd80:14:10::270\",\"description\":\"Craig's DevOps Demos - MAD - anycast-ingress-mad.worker.demo IPv6\",\"group_id\":3247,\"group_name\":\"Craig's DevOps Demos\",\"last_update\":\"2025-10-06 08:52:52\",\"local_ip\":\"2a00:dd80:14:10::270\",\"remote_ip\":\"2a00:dd80:14:10::256\",\"remote_ip_type\":\"ipv6\",\"remote_prefix\":\"2a00:dd80:14:10::256/128\",\"routes\":[],\"session_name\":\"\",\"state\":\"Active\",\"status\":\"failed\"}}\n\n🔧 BGP Session Details (JSON):\n\n  {\"group_id\":3247,\"group_name\":\"Craig's DevOps Demos\",\"sessions\":[{\"config_status\":\"1\",\"customer_asn\":63911,\"customer_peer_ip\":\"45.159.97.59\",\"description\":\"Craig's DevOps Demos - MAD - anycast-ingress-mad.worker.demo IPv4\",\"group_id\":3247,\"group_name\":\"Craig's DevOps Demos\",\"id\":51157,\"last_update\":\"2025-10-06 08:52:51\",\"location_name\":\"MAD - Madrid, Spain\",\"locked\":false,\"mb_id\":0,\"provider_asn\":36236,\"provider_ip_type\":\"ipv4\",\"provider_peer_ip\":\"45.159.97.39\",\"routes_received\":\"[{\\\"path\\\": [\\\"63911\\\"], \\\"origin\\\": \\\"63911\\\", \\\"prefix\\\": \\\"45.54.50.0/24\\\", \\\"next_hop\\\": \\\"45.159.97.59\\\", \\\"metric_loc_prf_weight\\\": 0}]\",\"state\":\"Established\"},{\"config_status\":\"1\",\"customer_asn\":63911,\"customer_peer_ip\":\"2a00:dd80:14:10::270\",\"description\":\"Craig's DevOps Demos - MAD - anycast-ingress-mad.worker.demo IPv6\",\"group_id\":3247,\"group_name\":\"Craig's DevOps Demos\",\"id\":51158,\"last_update\":\"2025-10-06 08:52:52\",\"location_name\":\"MAD - Madrid, Spain\",\"locked\":false,\"mb_id\":0,\"provider_asn\":36236,\"provider_ip_type\":\"ipv6\",\"provider_peer_ip\":\"2a00:dd80:14:10::256\",\"routes_received\":\"\",\"state\":\"Active\"}]}","custom_fields":{"na_asn":"63911","na_bgp_ipv4_prefix":"45.54.50.0/24","na_contract_id":"440","na_image":"Ubuntu 24.04 LTS (20240423)","na_image_id":"5787","na_location_id":"524","na_plan":"VR1x1x25","na_plan_id":"668","na_public_ipv4":"45.159.97.59","na_public_ipv6":"2a00:dd80:14:10::270","na_server_id":"572158","zz_bgp_connection_info":"45.159.97.39 (ipv4): state=Established config=1 locked=false last=2025-10-06 08:52:51\n2a00:dd80:14:10::256 (ipv6): state=Active config=1 locked=false last=2025-10-06 08:52:52","zz_bgp_local_info":"Hostname: anycast-ingress-mad.worker.demo\nLocal ASN: 63911\nPublic IPv4: 45.159.97.59\nPublic IPv6: 2a00:dd80:14:10::270\nCustomer IPs: 45.159.97.59, 2a00:dd80:14:10::270","zz_bgp_remote_info":"Group: Craig's DevOps Demos\nProvider ASN: 36236\nProvider IPv4: 45.159.97.39\nProvider IPv6: 2a00:dd80:14:10::256","zz_bgp_routes_info":"45.54.50.0/24 via 45.159.97.59 (origin 63911)"},"description":"NetActuate plan VR1x1x25","device_id":0,"disk_size_mb":25600,"id":"56","local_context_data":"","memory_mb":1024,"name":"anycast-ingress-mad.worker.demo","platform_id":0,"primary_ipv4":54,"primary_ipv6":0,"role_id":0,"site_id":47,"status":"active","tags":["anycast"],"tags_all":["anycast"],"tenant_id":0,"vcpus":1},"sensitive_attributes":[],"private":"eyJzY2hlbWFfdmVyc2lvbiI6IjIifQ==","dependencies":["module.pop.data.netactuate_bgp_sessions.vm","module.pop.data.netactuate_server.vm","module.pop.netactuate_server.vm","module.pop.netbox_cluster.this","module.pop.netbox_site.this","netbox_cluster_type.hypervisor","netbox_custom_field.na_asn","netbox_custom_field.na_bgp_ipv4_prefix","netbox_custom_field.na_contract_id","netbox_custom_field.na_image","netbox_custom_field.na_image_id","netbox_custom_field.na_location_id","netbox_custom_field.na_plan","netbox_custom_field.na_plan_id","netbox_custom_field.na_public_ipv4","netbox_custom_field.na_public_ipv6","netbox_custom_field.na_server_id","netbox_custom_field.zz_bgp_connection_info","netbox_custom_field.zz_bgp_local_info","netbox_custom_field.zz_bgp_remote_info","netbox_custom_field.zz_bgp_routes_info","netbox_tag.anycast"]}]},{"module":"module.pop[\"MAN\"]","mode":"data","type":"netactuate_bgp_sessions","name":"vm","provider":"provider[\"registry.opentofu.org/netactuate/netactuate\"]","instances":[{"schema_version":0,"attributes":{"id":"572168","mbpkgid":572168,"sessions":[{"config_status":"1","customer_asn":63911,"customer_peer_ip":"45.159.99.236","description":"Craig's DevOps Demos - MAN - anycast-ingress-man.worker.demo IPv4","group_id":3247,"group_name":"Craig's DevOps Demos","id":51169,"last_update":"2025-10-06 08:49:41","location_name":"MAN - Manchester, UK","locked":false,"mb_id":0,"provider_asn":36236,"provider_ip_type":"ipv4","provider_peer_ip":"45.159.99.221","routes_received":"[{\"path\": [\"63911\"], \"origin\": \"63911\", \"prefix\": \"45.54.50.0/24\", \"next_hop\": \"45.159.99.236\", \"metric_loc_prf_weight\": 0}]","state":"Established"},{"config_status":"1","customer_asn":63911,"customer_peer_ip":"2a00:dd80:42:10::23c","description":"Craig's DevOps Demos - MAN - anycast-ingress-man.worker.demo IPv6","group_id":3247,"group_name":"Craig's DevOps Demos","id":51170,"last_update":"2025-10-06 08:49:46","location_name":"MAN - Manchester, UK","locked":false,"mb_id":0,"provider_asn":36236,"provider_ip_type":"ipv6","provider_peer_ip":"2a00:dd80:42:10::71","routes_received":"","state":"Active"}]},"sensitive_attributes":[]}]},{"module":"module.pop[\"MAN\"]","mode":"data","type":"netactuate_server","name":"vm","provider":"provider[\"registry.opentofu.org/netactuate/netactuate\"]","instances":[{"schema_version":0,"attributes":{"bgp_peers":[{"group_id":3247,"ipv4":["45.159.99.221"],"ipv6":["2a00:dd80:42:10::71"],"localasn":63911,"localpeerv4":"45.159.99.236","localpeerv6":"2a00:dd80:42:10::23c","peerasn":36236}],"hostname":"anycast-ingress-man.worker.demo","id":572168,"image":"Ubuntu 24.04 LTS (20240423)","image_id":5787,"ip_v4":"45.159.99.236","ip_v6":"2a00:dd80:42:10::23c","location_id":561,"package":"VR1x1x25","plan_id":668,"public_ipv4":"45.159.99.236","public_ipv6":"2a00:dd80:42:10::23c","state":"UP","status":"RUNNING"},"sensitive_attributes":[]}]},{"module":"module.pop[\"MAN\"]","mode":"managed","type":"netactuate_bgp_sessions","name":"bgp","provider":"provider[\"registry.opentofu.org/netactuate/netactuate\"]","instances":[{"index_key":0,"schema_version":0,"attributes":{"group_id":3247,"id":"572168","ipv6":true,"mbpkgid":572168,"redundant":false},"sensitive_attributes":[],"private":"bnVsbA==","dependencies":["module.pop.netactuate_server.vm","netbox_custom_field.na_asn","netbox_custom_field.na_bgp_ipv4_prefix","netbox_custom_field.na_contract_id","netbox_custom_field.na_image","netbox_custom_field.na_image_id","netbox_custom_field.na_location_id","netbox_custom_field.na_plan","netbox_custom_field.na_plan_id","netbox_custom_field.na_public_ipv4","netbox_custom_field.na_public_ipv6","netbox_custom_field.na_server_id","netbox_custom_field.zz_bgp_connection_info","netbox_custom_field.zz_bgp_local_info","netbox_custom_field.zz_bgp_remote_info","netbox_custom_field.zz_bgp_routes_info"]}]},{"module":"module.pop[\"MAN\"]","mode":"managed","type":"netactuate_server","name":"vm","provider":"provider[\"registry.opentofu.org/netactuate/netactuate\"]","instances":[{"schema_version":0,"attributes":{"cloud_config":null,"hostname":"anycast-ingress-man.worker.demo","id":"572168","image":null,"image_id":5787,"location":null,"location_id":561,"package_billing":"usage","package_billing_contract_id":"440","package_billing_opt_in":null,"params":"","password":null,"plan":"VR1x1x25","primary_ipv4":"45.159.99.236","primary_ipv6":"2a00:dd80:42:10::23c","ssh_key":null,"ssh_key_id":8199,"user_data":null,"user_data_base64":null},"sensitive_attributes":[[{"type":"get_attr","value":"password"}]],"private":"bnVsbA==","dependencies":["netbox_custom_field.na_asn","netbox_custom_field.na_bgp_ipv4_prefix","netbox_custom_field.na_contract_id","netbox_custom_field.na_image","netbox_custom_field.na_image_id","netbox_custom_field.na_location_id","netbox_custom_field.na_plan","netbox_custom_field.na_plan_id","netbox_custom_field.na_public_ipv4","netbox_custom_field.na_public_ipv6","netbox_custom_field.na_server_id","netbox_custom_field.zz_bgp_connection_info","netbox_custom_field.zz_bgp_local_info","netbox_custom_field.zz_bgp_remote_info","netbox_custom_field.zz_bgp_routes_info"]}]},{"module":"module.pop[\"MAN\"]","mode":"managed","type":"netbox_cluster","name":"this","provider":"provider[\"registry.opentofu.org/e-breuninger/netbox\"]","instances":[{"schema_version":0,"attributes":{"cluster_group_id":0,"cluster_type_id":6,"comments":"","description":"","id":"50","name":"MAN-cluster","site_id":49,"tags":[],"tags_all":[],"tenant_id":0},"sensitive_attributes":[],"private":"bnVsbA==","dependencies":["module.pop.netbox_site.this","netbox_cluster_type.hypervisor","netbox_custom_field.na_asn","netbox_custom_field.na_bgp_ipv4_prefix","netbox_custom_field.na_contract_id","netbox_custom_field.na_image","netbox_custom_field.na_image_id","netbox_custom_field.na_location_id","netbox_custom_field.na_plan","netbox_custom_field.na_plan_id","netbox_custom_field.na_public_ipv4","netbox_custom_field.na_public_ipv6","netbox_custom_field.na_server_id","netbox_custom_field.zz_bgp_connection_info","netbox_custom_field.zz_bgp_local_info","netbox_custom_field.zz_bgp_remote_info","netbox_custom_field.zz_bgp_routes_info"]}]},{"module":"module.pop[\"MAN\"]","mode":"managed","type":"netbox_device","name":"this","provider":"provider[\"registry.opentofu.org/e-breuninger/netbox\"]","instances":[{"schema_version":0,"attributes":{"asset_tag":"","cluster_id":0,"comments":"","config_template_id":0,"custom_fields":null,"description":"","device_type_id":1,"id":"30","local_context_data":"","location_id":0,"name":"anycast-ingress-man.worker.demo","platform_id":0,"primary_ipv4":0,"primary_ipv6":0,"rack_face":"","rack_id":0,"rack_position":0,"role_id":1,"serial":"","site_id":49,"status":"active","tags":["anycast"],"tags_all":["anycast"],"tenant_id":0,"virtual_chassis_id":0,"virtual_chassis_master":false,"virtual_chassis_position":0,"virtual_chassis_priority":0},"sensitive_attributes":[],"private":"bnVsbA==","dependencies":["module.pop.netactuate_server.vm","module.pop.netbox_site.this","netbox_custom_field.na_asn","netbox_custom_field.na_bgp_ipv4_prefix","netbox_custom_field.na_contract_id","netbox_custom_field.na_image","netbox_custom_field.na_image_id","netbox_custom_field.na_location_id","netbox_custom_field.na_plan","netbox_custom_field.na_plan_id","netbox_custom_field.na_public_ipv4","netbox_custom_field.na_public_ipv6","netbox_custom_field.na_server_id","netbox_custom_field.zz_bgp_connection_info","netbox_custom_field.zz_bgp_local_info","netbox_custom_field.zz_bgp_remote_info","netbox_custom_field.zz_bgp_routes_info","netbox_device_role.anycast_worker","netbox_device_type.anycast_worker","netbox_manufacturer.netactuate","netbox_tag.anycast"]}]},{"module":"module.pop[\"MAN\"]","mode":"managed","type":"netbox_interface","name":"eth0","provider":"provider[\"registry.opentofu.org/e-breuninger/netbox\"]","instances":[{"schema_version":0,"attributes":{"description":"","enabled":true,"id":"47","mac_address":"","mode":null,"mtu":0,"name":"eth0","tagged_vlans":[],"tags":[],"tags_all":[],"type":null,"untagged_vlan":null,"virtual_machine_id":45},"sensitive_attributes":[],"private":"bnVsbA==","dependencies":["module.pop.data.netactuate_bgp_sessions.vm","module.pop.data.netactuate_server.vm","module.pop.netactuate_server.vm","module.pop.netbox_cluster.this","module.pop.netbox_site.this","module.pop.netbox_virtual_machine.this","netbox_cluster_type.hypervisor","netbox_custom_field.na_asn","netbox_custom_field.na_bgp_ipv4_prefix","netbox_custom_field.na_contract_id","netbox_custom_field.na_image","netbox_custom_field.na_image_id","netbox_custom_field.na_location_id","netbox_custom_field.na_plan","netbox_custom_field.na_plan_id","netbox_custom_field.na_public_ipv4","netbox_custom_field.na_public_ipv6","netbox_custom_field.na_server_id","netbox_custom_field.zz_bgp_connection_info","netbox_custom_field.zz_bgp_local_info","netbox_custom_field.zz_bgp_remote_info","netbox_custom_field.zz_bgp_routes_info","netbox_tag.anycast"]}]},{"module":"module.pop[\"MAN\"]","mode":"managed","type":"netbox_ip_address","name":"public_v4","provider":"provider[\"registry.opentofu.org/e-breuninger/netbox\"]","instances":[{"schema_version":0,"attributes":{"custom_fields":null,"description":"","device_interface_id":null,"dns_name":"anycast-ingress-man.worker.demo","id":"42","interface_id":null,"ip_address":"45.159.99.236/32","nat_inside_address_id":0,"nat_outside_addresses":[],"object_type":null,"role":"","status":"active","tags":[],"tags_all":[],"tenant_id":0,"virtual_machine_interface_id":47,"vrf_id":0},"sensitive_attributes":[],"private":"bnVsbA==","dependencies":["module.pop.data.netactuate_bgp_sessions.vm","module.pop.data.netactuate_server.vm","module.pop.netactuate_server.vm","module.pop.netbox_cluster.this","module.pop.netbox_interface.eth0","module.pop.netbox_site.this","module.pop.netbox_virtual_machine.this","netbox_cluster_type.hypervisor","netbox_custom_field.na_asn","netbox_custom_field.na_bgp_ipv4_prefix","netbox_custom_field.na_bgp_peers","netbox_custom_field.na_bgp_session_details","netbox_custom_field.na_contract_id","netbox_custom_field.na_image","netbox_custom_field.na_image_id","netbox_custom_field.na_location_id","netbox_custom_field.na_plan","netbox_custom_field.na_plan_id","netbox_custom_field.na_public_ipv4","netbox_custom_field.na_public_ipv6","netbox_custom_field.na_server_id","netbox_custom_field.zz_bgp_connection_info","netbox_custom_field.zz_bgp_local_info","netbox_custom_field.zz_bgp_remote_info","netbox_custom_field.zz_bgp_routes_info","netbox_tag.anycast"]}]},{"module":"module.pop[\"MAN\"]","mode":"managed","type":"netbox_primary_ip","name":"vm_primary_v4","provider":"provider[\"registry.opentofu.org/e-breuninger/netbox\"]","instances":[{"schema_version":0,"attributes":{"id":"45","ip_address_id":42,"ip_address_version":4,"virtual_machine_id":45},"sensitive_attributes":[],"private":"bnVsbA==","dependencies":["module.pop.data.netactuate_bgp_sessions.vm","module.pop.data.netactuate_server.vm","module.pop.netactuate_server.vm","module.pop.netbox_cluster.this","module.pop.netbox_interface.eth0","module.pop.netbox_ip_address.public_v4","module.pop.netbox_site.this","module.pop.netbox_virtual_machine.this","netbox_cluster_type.hypervisor","netbox_custom_field.na_asn","netbox_custom_field.na_bgp_ipv4_prefix","netbox_custom_field.na_contract_id","netbox_custom_field.na_image","netbox_custom_field.na_image_id","netbox_custom_field.na_location_id","netbox_custom_field.na_plan","netbox_custom_field.na_plan_id","netbox_custom_field.na_public_ipv4","netbox_custom_field.na_public_ipv6","netbox_custom_field.na_server_id","netbox_custom_field.zz_bgp_connection_info","netbox_custom_field.zz_bgp_local_info","netbox_custom_field.zz_bgp_remote_info","netbox_custom_field.zz_bgp_routes_info","netbox_tag.anycast"]}]},{"module":"module.pop[\"MAN\"]","mode":"managed","type":"netbox_service","name":"bgp179","provider":"provider[\"registry.opentofu.org/e-breuninger/netbox\"]","instances":[{"schema_version":0,"attributes":{"custom_fields":null,"description":"Anycast ingress BGP (TCP/179)","device_id":0,"id":"50","name":"bgp","port":null,"ports":[179],"protocol":"tcp","tags":[],"tags_all":[],"virtual_machine_id":45},"sensitive_attributes":[],"private":"bnVsbA==","dependencies":["module.pop.data.netactuate_bgp_sessions.vm","module.pop.data.netactuate_server.vm","module.pop.netactuate_server.vm","module.pop.netbox_cluster.this","module.pop.netbox_site.this","module.pop.netbox_virtual_machine.this","netbox_cluster_type.hypervisor","netbox_custom_field.na_asn","netbox_custom_field.na_bgp_ipv4_prefix","netbox_custom_field.na_contract_id","netbox_custom_field.na_image","netbox_custom_field.na_image_id","netbox_custom_field.na_location_id","netbox_custom_field.na_plan","netbox_custom_field.na_plan_id","netbox_custom_field.na_public_ipv4","netbox_custom_field.na_public_ipv6","netbox_custom_field.na_server_id","netbox_custom_field.zz_bgp_connection_info","netbox_custom_field.zz_bgp_local_info","netbox_custom_field.zz_bgp_remote_info","netbox_custom_field.zz_bgp_routes_info","netbox_tag.anycast"]}]},{"module":"module.pop[\"MAN\"]","mode":"managed","type":"netbox_site","name":"this","provider":"provider[\"registry.opentofu.org/e-breuninger/netbox\"]","instances":[{"schema_version":0,"attributes":{"asn_ids":[],"comments":"","custom_fields":null,"description":"NetActuate PoP MAN","facility":"","group_id":0,"id":"49","latitude":0,"longitude":0,"name":"MAN","physical_address":"","region_id":0,"shipping_address":"","slug":"man","status":"active","tags":[],"tags_all":[],"tenant_id":0,"timezone":""},"sensitive_attributes":[],"private":"bnVsbA==","dependencies":["netbox_custom_field.na_asn","netbox_custom_field.na_bgp_ipv4_prefix","netbox_custom_field.na_contract_id","netbox_custom_field.na_image","netbox_custom_field.na_image_id","netbox_custom_field.na_location_id","netbox_custom_field.na_plan","netbox_custom_field.na_plan_id","netbox_custom_field.na_public_ipv4","netbox_custom_field.na_public_ipv6","netbox_custom_field.na_server_id","netbox_custom_field.zz_bgp_connection_info","netbox_custom_field.zz_bgp_local_info","netbox_custom_field.zz_bgp_remote_info","netbox_custom_field.zz_bgp_routes_info"]}]},{"module":"module.pop[\"MAN\"]","mode":"managed","type":"netbox_virtual_machine","name":"this","provider":"provider[\"registry.opentofu.org/e-breuninger/netbox\"]","instances":[{"schema_version":2,"attributes":{"cluster_id":50,"comments":"🚀 NetActuate Server Details:\n\n  • Server ID: 572168\n\n  • Contract ID: 440\n\n  • Location ID: 561\n\n  • Image: Ubuntu 24.04 LTS (20240423) (ID 5787)\n\n  • IPv4 Prefix: 45.54.50.0/24\n\n📋 BGP Local Info:\n\n  Hostname: anycast-ingress-man.worker.demo\nLocal ASN: 63911\nPublic IPv4: 45.159.99.236\nPublic IPv6: 2a00:dd80:42:10::23c\nCustomer IPs: 45.159.99.236, 2a00:dd80:42:10::23c\n\n🌐 BGP Remote Info:\n\n  Group: Craig's DevOps Demos\nProvider ASN: 36236\nProvider IPv4: 45.159.99.221\nProvider IPv6: 2a00:dd80:42:10::71\n\n🔗 BGP Connection Status:\n\n  45.159.99.221 (ipv4): state=Established config=1 locked=false last=2025-10-06 08:49:41\n2a00:dd80:42:10::71 (ipv6): state=Active config=1 locked=false last=2025-10-06 08:49:46\n\n📊 BGP Routes:\n\n  45.54.50.0/24 via 45.159.99.236 (origin 63911)\n\n📡 BGP Peers (JSON):\n\n  {\"ipv4|45.159.99.221\":{\"comment\":\"Description: Craig's DevOps Demos - MAN - anycast-ingress-man.worker.demo IPv4\\nState: Established\\nConfig status: 1\\nLast update: 2025-10-06 08:49:41\\nRoutes: 45.54.50.0/24 via 45.159.99.236\",\"config_status\":\"1\",\"customer_ip\":\"45.159.99.236\",\"description\":\"Craig's DevOps Demos - MAN - anycast-ingress-man.worker.demo IPv4\",\"group_id\":3247,\"group_name\":\"Craig's DevOps Demos\",\"last_update\":\"2025-10-06 08:49:41\",\"local_ip\":\"45.159.99.236\",\"remote_ip\":\"45.159.99.221\",\"remote_ip_type\":\"ipv4\",\"remote_prefix\":\"45.159.99.221/32\",\"routes\":[{\"metric_loc_prf_weight\":0,\"next_hop\":\"45.159.99.236\",\"origin\":\"63911\",\"path\":[\"63911\"],\"prefix\":\"45.54.50.0/24\"}],\"session_name\":\"\",\"state\":\"Established\",\"status\":\"active\"},\"ipv6|2a00:dd80:42:10::71\":{\"comment\":\"Description: Craig's DevOps Demos - MAN - anycast-ingress-man.worker.demo IPv6\\nState: Active\\nConfig status: 1\\nLast update: 2025-10-06 08:49:46\",\"config_status\":\"1\",\"customer_ip\":\"2a00:dd80:42:10::23c\",\"description\":\"Craig's DevOps Demos - MAN - anycast-ingress-man.worker.demo IPv6\",\"group_id\":3247,\"group_name\":\"Craig's DevOps Demos\",\"last_update\":\"2025-10-06 08:49:46\",\"local_ip\":\"2a00:dd80:42:10::23c\",\"remote_ip\":\"2a00:dd80:42:10::71\",\"remote_ip_type\":\"ipv6\",\"remote_prefix\":\"2a00:dd80:42:10::71/128\",\"routes\":[],\"session_name\":\"\",\"state\":\"Active\",\"status\":\"failed\"}}\n\n🔧 BGP Session Details (JSON):\n\n  {\"group_id\":3247,\"group_name\":\"Craig's DevOps Demos\",\"sessions\":[{\"config_status\":\"1\",\"customer_asn\":63911,\"customer_peer_ip\":\"45.159.99.236\",\"description\":\"Craig's DevOps Demos - MAN - anycast-ingress-man.worker.demo IPv4\",\"group_id\":3247,\"group_name\":\"Craig's DevOps Demos\",\"id\":51169,\"last_update\":\"2025-10-06 08:49:41\",\"location_name\":\"MAN - Manchester, UK\",\"locked\":false,\"mb_id\":0,\"provider_asn\":36236,\"provider_ip_type\":\"ipv4\",\"provider_peer_ip\":\"45.159.99.221\",\"routes_received\":\"[{\\\"path\\\": [\\\"63911\\\"], \\\"origin\\\": \\\"63911\\\", \\\"prefix\\\": \\\"45.54.50.0/24\\\", \\\"next_hop\\\": \\\"45.159.99.236\\\", \\\"metric_loc_prf_weight\\\": 0}]\",\"state\":\"Established\"},{\"config_status\":\"1\",\"customer_asn\":63911,\"customer_peer_ip\":\"2a00:dd80:42:10::23c\",\"description\":\"Craig's DevOps Demos - MAN - anycast-ingress-man.worker.demo IPv6\",\"group_id\":3247,\"group_name\":\"Craig's DevOps Demos\",\"id\":51170,\"last_update\":\"2025-10-06 08:49:46\",\"location_name\":\"MAN - Manchester, UK\",\"locked\":false,\"mb_id\":0,\"provider_asn\":36236,\"provider_ip_type\":\"ipv6\",\"provider_peer_ip\":\"2a00:dd80:42:10::71\",\"routes_received\":\"\",\"state\":\"Active\"}]}","custom_fields":{"na_asn":"63911","na_bgp_ipv4_prefix":"45.54.50.0/24","na_contract_id":"440","na_image":"Ubuntu 24.04 LTS (20240423)","na_image_id":"5787","na_location_id":"561","na_plan":"VR1x1x25","na_plan_id":"668","na_public_ipv4":"45.159.99.236","na_public_ipv6":"2a00:dd80:42:10::23c","na_server_id":"572168","zz_bgp_connection_info":"45.159.99.221 (ipv4): state=Established config=1 locked=false last=2025-10-06 08:49:41\n2a00:dd80:42:10::71 (ipv6): state=Active config=1 locked=false last=2025-10-06 08:49:46","zz_bgp_local_info":"Hostname: anycast-ingress-man.worker.demo\nLocal ASN: 63911\nPublic IPv4: 45.159.99.236\nPublic IPv6: 2a00:dd80:42:10::23c\nCustomer IPs: 45.159.99.236, 2a00:dd80:42:10::23c","zz_bgp_remote_info":"Group: Craig's DevOps Demos\nProvider ASN: 36236\nProvider IPv4: 45.159.99.221\nProvider IPv6: 2a00:dd80:42:10::71","zz_bgp_routes_info":"45.54.50.0/24 via 45.159.99.236 (origin 63911)"},"description":"NetActuate plan VR1x1x25","device_id":0,"disk_size_mb":25600,"id":"45","local_context_data":"","memory_mb":1024,"name":"anycast-ingress-man.worker.demo","platform_id":0,"primary_ipv4":42,"primary_ipv6":0,"role_id":0,"site_id":49,"status":"active","tags":["anycast"],"tags_all":["anycast"],"tenant_id":0,"vcpus":1},"sensitive_attributes":[],"private":"eyJzY2hlbWFfdmVyc2lvbiI6IjIifQ==","dependencies":["module.pop.data.netactuate_bgp_sessions.vm","module.pop.data.netactuate_server.vm","module.pop.netactuate_server.vm","module.pop.netbox_cluster.this","module.pop.netbox_site.this","netbox_cluster_type.hypervisor","netbox_custom_field.na_asn","netbox_custom_field.na_bgp_ipv4_prefix","netbox_custom_field.na_contract_id","netbox_custom_field.na_image","netbox_custom_field.na_image_id","netbox_custom_field.na_location_id","netbox_custom_field.na_plan","netbox_custom_field.na_plan_id","netbox_custom_field.na_public_ipv4","netbox_custom_field.na_public_ipv6","netbox_custom_field.na_server_id","netbox_custom_field.zz_bgp_connection_info","netbox_custom_field.zz_bgp_local_info","netbox_custom_field.zz_bgp_remote_info","netbox_custom_field.zz_bgp_routes_info","netbox_tag.anycast"]}]},{"module":"module.pop[\"MCI\"]","mode":"data","type":"netactuate_bgp_sessions","name":"vm","provider":"provider[\"registry.opentofu.org/netactuate/netactuate\"]","instances":[{"schema_version":0,"attributes":{"id":"572172","mbpkgid":572172,"sessions":[{"config_status":"1","customer_asn":63911,"customer_peer_ip":"2607:f740:75:1::3b4","description":"Craig's DevOps Demos - MCI - anycast-ingress-mci.worker.demo IPv6","group_id":3247,"group_name":"Craig's DevOps Demos","id":51174,"last_update":"2025-10-06 08:49:46","location_name":"MCI - Kansas City, MO","locked":false,"mb_id":0,"provider_asn":36236,"provider_ip_type":"ipv6","provider_peer_ip":"2607:f740:75:1::c6","routes_received":"","state":"Active"},{"config_status":"1","customer_asn":63911,"customer_peer_ip":"104.225.19.229","description":"Craig's DevOps Demos - MCI - anycast-ingress-mci.worker.demo IPv4","group_id":3247,"group_name":"Craig's DevOps Demos","id":51173,"last_update":"2025-10-06 08:49:47","location_name":"MCI - Kansas City, MO","locked":false,"mb_id":0,"provider_asn":36236,"provider_ip_type":"ipv4","provider_peer_ip":"104.225.19.196","routes_received":"[{\"path\": [\"63911\"], \"origin\": \"63911\", \"prefix\": \"45.54.50.0/24\", \"next_hop\": \"104.225.19.229\", \"metric_loc_prf_weight\": 0}]","state":"Established"}]},"sensitive_attributes":[]}]},{"module":"module.pop[\"MCI\"]","mode":"data","type":"netactuate_server","name":"vm","provider":"provider[\"registry.opentofu.org/netactuate/netactuate\"]","instances":[{"schema_version":0,"attributes":{"bgp_peers":[{"group_id":3247,"ipv4":["104.225.19.196"],"ipv6":["2607:f740:75:1::c6"],"localasn":63911,"localpeerv4":"104.225.19.229","localpeerv6":"2607:f740:75:1::3b4","peerasn":36236}],"hostname":"anycast-ingress-mci.worker.demo","id":572172,"image":"Ubuntu 24.04 LTS (20240423)","image_id":5787,"ip_v4":"104.225.19.229","ip_v6":"2607:f740:75:1::3b4","location_id":564,"package":"VR1x1x25","plan_id":668,"public_ipv4":"104.225.19.229","public_ipv6":"2607:f740:75:1::3b4","state":"UP","status":"RUNNING"},"sensitive_attributes":[]}]},{"module":"module.pop[\"MCI\"]","mode":"managed","type":"netactuate_bgp_sessions","name":"bgp","provider":"provider[\"registry.opentofu.org/netactuate/netactuate\"]","instances":[{"index_key":0,"schema_version":0,"attributes":{"group_id":3247,"id":"572172","ipv6":true,"mbpkgid":572172,"redundant":false},"sensitive_attributes":[],"private":"bnVsbA==","dependencies":["module.pop.netactuate_server.vm","netbox_custom_field.na_asn","netbox_custom_field.na_bgp_ipv4_prefix","netbox_custom_field.na_contract_id","netbox_custom_field.na_image","netbox_custom_field.na_image_id","netbox_custom_field.na_location_id","netbox_custom_field.na_plan","netbox_custom_field.na_plan_id","netbox_custom_field.na_public_ipv4","netbox_custom_field.na_public_ipv6","netbox_custom_field.na_server_id","netbox_custom_field.zz_bgp_connection_info","netbox_custom_field.zz_bgp_local_info","netbox_custom_field.zz_bgp_remote_info","netbox_custom_field.zz_bgp_routes_info"]}]},{"module":"module.pop[\"MCI\"]","mode":"managed","type":"netactuate_server","name":"vm","provider":"provider[\"registry.opentofu.org/netactuate/netactuate\"]","instances":[{"schema_version":0,"attributes":{"cloud_config":null,"hostname":"anycast-ingress-mci.worker.demo","id":"572172","image":null,"image_id":5787,"location":null,"location_id":564,"package_billing":"usage","package_billing_contract_id":"440","package_billing_opt_in":null,"params":"","password":null,"plan":"VR1x1x25","primary_ipv4":"104.225.19.229","primary_ipv6":"2607:f740:75:1::3b4","ssh_key":null,"ssh_key_id":8199,"user_data":null,"user_data_base64":null},"sensitive_attributes":[[{"type":"get_attr","value":"password"}]],"private":"bnVsbA==","dependencies":["netbox_custom_field.na_asn","netbox_custom_field.na_bgp_ipv4_prefix","netbox_custom_field.na_contract_id","netbox_custom_field.na_image","netbox_custom_field.na_image_id","netbox_custom_field.na_location_id","netbox_custom_field.na_plan","netbox_custom_field.na_plan_id","netbox_custom_field.na_public_ipv4","netbox_custom_field.na_public_ipv6","netbox_custom_field.na_server_id","netbox_custom_field.zz_bgp_connection_info","netbox_custom_field.zz_bgp_local_info","netbox_custom_field.zz_bgp_remote_info","netbox_custom_field.zz_bgp_routes_info"]}]},{"module":"module.pop[\"MCI\"]","mode":"managed","type":"netbox_cluster","name":"this","provider":"provider[\"registry.opentofu.org/e-breuninger/netbox\"]","instances":[{"schema_version":0,"attributes":{"cluster_group_id":0,"cluster_type_id":6,"comments":"","description":"","id":"44","name":"MCI-cluster","site_id":44,"tags":[],"tags_all":[],"tenant_id":0},"sensitive_attributes":[],"private":"bnVsbA==","dependencies":["module.pop.netbox_site.this","netbox_cluster_type.hypervisor","netbox_custom_field.na_asn","netbox_custom_field.na_bgp_ipv4_prefix","netbox_custom_field.na_contract_id","netbox_custom_field.na_image","netbox_custom_field.na_image_id","netbox_custom_field.na_location_id","netbox_custom_field.na_plan","netbox_custom_field.na_plan_id","netbox_custom_field.na_public_ipv4","netbox_custom_field.na_public_ipv6","netbox_custom_field.na_server_id","netbox_custom_field.zz_bgp_connection_info","netbox_custom_field.zz_bgp_local_info","netbox_custom_field.zz_bgp_remote_info","netbox_custom_field.zz_bgp_routes_info"]}]},{"module":"module.pop[\"MCI\"]","mode":"managed","type":"netbox_device","name":"this","provider":"provider[\"registry.opentofu.org/e-breuninger/netbox\"]","instances":[{"schema_version":0,"attributes":{"asset_tag":"","cluster_id":0,"comments":"","config_template_id":0,"custom_fields":null,"description":"","device_type_id":1,"id":"7","local_context_data":"","location_id":0,"name":"anycast-ingress-mci.worker.demo","platform_id":0,"primary_ipv4":0,"primary_ipv6":0,"rack_face":"","rack_id":0,"rack_position":0,"role_id":1,"serial":"","site_id":44,"status":"active","tags":["anycast"],"tags_all":["anycast"],"tenant_id":0,"virtual_chassis_id":0,"virtual_chassis_master":false,"virtual_chassis_position":0,"virtual_chassis_priority":0},"sensitive_attributes":[],"private":"bnVsbA==","dependencies":["module.pop.netactuate_server.vm","module.pop.netbox_site.this","netbox_custom_field.na_asn","netbox_custom_field.na_bgp_ipv4_prefix","netbox_custom_field.na_contract_id","netbox_custom_field.na_image","netbox_custom_field.na_image_id","netbox_custom_field.na_location_id","netbox_custom_field.na_plan","netbox_custom_field.na_plan_id","netbox_custom_field.na_public_ipv4","netbox_custom_field.na_public_ipv6","netbox_custom_field.na_server_id","netbox_custom_field.zz_bgp_connection_info","netbox_custom_field.zz_bgp_local_info","netbox_custom_field.zz_bgp_remote_info","netbox_custom_field.zz_bgp_routes_info","netbox_device_role.anycast_worker","netbox_device_type.anycast_worker","netbox_manufacturer.netactuate","netbox_tag.anycast"]}]},{"module":"module.pop[\"MCI\"]","mode":"managed","type":"netbox_interface","name":"eth0","provider":"provider[\"registry.opentofu.org/e-breuninger/netbox\"]","instances":[{"schema_version":0,"attributes":{"description":"","enabled":true,"id":"58","mac_address":"","mode":null,"mtu":0,"name":"eth0","tagged_vlans":[],"tags":[],"tags_all":[],"type":null,"untagged_vlan":null,"virtual_machine_id":58},"sensitive_attributes":[],"private":"bnVsbA==","dependencies":["module.pop.data.netactuate_bgp_sessions.vm","module.pop.data.netactuate_server.vm","module.pop.netactuate_server.vm","module.pop.netbox_cluster.this","module.pop.netbox_site.this","module.pop.netbox_virtual_machine.this","netbox_cluster_type.hypervisor","netbox_custom_field.na_asn","netbox_custom_field.na_bgp_ipv4_prefix","netbox_custom_field.na_contract_id","netbox_custom_field.na_image","netbox_custom_field.na_image_id","netbox_custom_field.na_location_id","netbox_custom_field.na_plan","netbox_custom_field.na_plan_id","netbox_custom_field.na_public_ipv4","netbox_custom_field.na_public_ipv6","netbox_custom_field.na_server_id","netbox_custom_field.zz_bgp_connection_info","netbox_custom_field.zz_bgp_local_info","netbox_custom_field.zz_bgp_remote_info","netbox_custom_field.zz_bgp_routes_info","netbox_tag.anycast"]}]},{"module":"module.pop[\"MCI\"]","mode":"managed","type":"netbox_ip_address","name":"public_v4","provider":"provider[\"registry.opentofu.org/e-breuninger/netbox\"]","instances":[{"schema_version":0,"attributes":{"custom_fields":null,"description":"","device_interface_id":null,"dns_name":"anycast-ingress-mci.worker.demo","id":"58","interface_id":null,"ip_address":"104.225.19.229/32","nat_inside_address_id":0,"nat_outside_addresses":[],"object_type":null,"role":"","status":"active","tags":[],"tags_all":[],"tenant_id":0,"virtual_machine_interface_id":58,"vrf_id":0},"sensitive_attributes":[],"private":"bnVsbA==","dependencies":["module.pop.data.netactuate_bgp_sessions.vm","module.pop.data.netactuate_server.vm","module.pop.netactuate_server.vm","module.pop.netbox_cluster.this","module.pop.netbox_interface.eth0","module.pop.netbox_site.this","module.pop.netbox_virtual_machine.this","netbox_cluster_type.hypervisor","netbox_custom_field.na_asn","netbox_custom_field.na_bgp_ipv4_prefix","netbox_custom_field.na_bgp_peers","netbox_custom_field.na_bgp_session_details","netbox_custom_field.na_contract_id","netbox_custom_field.na_image","netbox_custom_field.na_image_id","netbox_custom_field.na_location_id","netbox_custom_field.na_plan","netbox_custom_field.na_plan_id","netbox_custom_field.na_public_ipv4","netbox_custom_field.na_public_ipv6","netbox_custom_field.na_server_id","netbox_custom_field.zz_bgp_connection_info","netbox_custom_field.zz_bgp_local_info","netbox_custom_field.zz_bgp_remote_info","netbox_custom_field.zz_bgp_routes_info","netbox_tag.anycast"]}]},{"module":"module.pop[\"MCI\"]","mode":"managed","type":"netbox_primary_ip","name":"vm_primary_v4","provider":"provider[\"registry.opentofu.org/e-breuninger/netbox\"]","instances":[{"schema_version":0,"attributes":{"id":"58","ip_address_id":58,"ip_address_version":4,"virtual_machine_id":58},"sensitive_attributes":[],"private":"bnVsbA==","dependencies":["module.pop.data.netactuate_bgp_sessions.vm","module.pop.data.netactuate_server.vm","module.pop.netactuate_server.vm","module.pop.netbox_cluster.this","module.pop.netbox_interface.eth0","module.pop.netbox_ip_address.public_v4","module.pop.netbox_site.this","module.pop.netbox_virtual_machine.this","netbox_cluster_type.hypervisor","netbox_custom_field.na_asn","netbox_custom_field.na_bgp_ipv4_prefix","netbox_custom_field.na_contract_id","netbox_custom_field.na_image","netbox_custom_field.na_image_id","netbox_custom_field.na_location_id","netbox_custom_field.na_plan","netbox_custom_field.na_plan_id","netbox_custom_field.na_public_ipv4","netbox_custom_field.na_public_ipv6","netbox_custom_field.na_server_id","netbox_custom_field.zz_bgp_connection_info","netbox_custom_field.zz_bgp_local_info","netbox_custom_field.zz_bgp_remote_info","netbox_custom_field.zz_bgp_routes_info","netbox_tag.anycast"]}]},{"module":"module.pop[\"MCI\"]","mode":"managed","type":"netbox_service","name":"bgp179","provider":"provider[\"registry.opentofu.org/e-breuninger/netbox\"]","instances":[{"schema_version":0,"attributes":{"custom_fields":null,"description":"Anycast ingress BGP (TCP/179)","device_id":0,"id":"58","name":"bgp","port":null,"ports":[179],"protocol":"tcp","tags":[],"tags_all":[],"virtual_machine_id":58},"sensitive_attributes":[],"private":"bnVsbA==","dependencies":["module.pop.data.netactuate_bgp_sessions.vm","module.pop.data.netactuate_server.vm","module.pop.netactuate_server.vm","module.pop.netbox_cluster.this","module.pop.netbox_site.this","module.pop.netbox_virtual_machine.this","netbox_cluster_type.hypervisor","netbox_custom_field.na_asn","netbox_custom_field.na_bgp_ipv4_prefix","netbox_custom_field.na_contract_id","netbox_custom_field.na_image","netbox_custom_field.na_image_id","netbox_custom_field.na_location_id","netbox_custom_field.na_plan","netbox_custom_field.na_plan_id","netbox_custom_field.na_public_ipv4","netbox_custom_field.na_public_ipv6","netbox_custom_field.na_server_id","netbox_custom_field.zz_bgp_connection_info","netbox_custom_field.zz_bgp_local_info","netbox_custom_field.zz_bgp_remote_info","netbox_custom_field.zz_bgp_routes_info","netbox_tag.anycast"]}]},{"module":"module.pop[\"MCI\"]","mode":"managed","type":"netbox_site","name":"this","provider":"provider[\"registry.opentofu.org/e-breuninger/netbox\"]","instances":[{"schema_version":0,"attributes":{"asn_ids":[],"comments":"","custom_fields":null,"description":"NetActuate PoP MCI","facility":"","group_id":0,"id":"44","latitude":0,"longitude":0,"name":"MCI","physical_address":"","region_id":0,"shipping_address":"","slug":"mci","status":"active","tags":[],"tags_all":[],"tenant_id":0,"timezone":""},"sensitive_attributes":[],"private":"bnVsbA==","dependencies":["netbox_custom_field.na_asn","netbox_custom_field.na_bgp_ipv4_prefix","netbox_custom_field.na_contract_id","netbox_custom_field.na_image","netbox_custom_field.na_image_id","netbox_custom_field.na_location_id","netbox_custom_field.na_plan","netbox_custom_field.na_plan_id","netbox_custom_field.na_public_ipv4","netbox_custom_field.na_public_ipv6","netbox_custom_field.na_server_id","netbox_custom_field.zz_bgp_connection_info","netbox_custom_field.zz_bgp_local_info","netbox_custom_field.zz_bgp_remote_info","netbox_custom_field.zz_bgp_routes_info"]}]},{"module":"module.pop[\"MCI\"]","mode":"managed","type":"netbox_virtual_machine","name":"this","provider":"provider[\"registry.opentofu.org/e-breuninger/netbox\"]","instances":[{"schema_version":2,"attributes":{"cluster_id":44,"comments":"🚀 NetActuate Server Details:\n\n  • Server ID: 572172\n\n  • Contract ID: 440\n\n  • Location ID: 564\n\n  • Image: Ubuntu 24.04 LTS (20240423) (ID 5787)\n\n  • IPv4 Prefix: 45.54.50.0/24\n\n📋 BGP Local Info:\n\n  Hostname: anycast-ingress-mci.worker.demo\nLocal ASN: 63911\nPublic IPv4: 104.225.19.229\nPublic IPv6: 2607:f740:75:1::3b4\nCustomer IPs: 2607:f740:75:1::3b4, 104.225.19.229\n\n🌐 BGP Remote Info:\n\n  Group: Craig's DevOps Demos\nProvider ASN: 36236\nProvider IPv4: 104.225.19.196\nProvider IPv6: 2607:f740:75:1::c6\n\n🔗 BGP Connection Status:\n\n  2607:f740:75:1::c6 (ipv6): state=Active config=1 locked=false last=2025-10-06 08:49:46\n104.225.19.196 (ipv4): state=Established config=1 locked=false last=2025-10-06 08:49:47\n\n📊 BGP Routes:\n\n  45.54.50.0/24 via 104.225.19.229 (origin 63911)\n\n📡 BGP Peers (JSON):\n\n  {\"ipv4|104.225.19.196\":{\"comment\":\"Description: Craig's DevOps Demos - MCI - anycast-ingress-mci.worker.demo IPv4\\nState: Established\\nConfig status: 1\\nLast update: 2025-10-06 08:49:47\\nRoutes: 45.54.50.0/24 via 104.225.19.229\",\"config_status\":\"1\",\"customer_ip\":\"104.225.19.229\",\"description\":\"Craig's DevOps Demos - MCI - anycast-ingress-mci.worker.demo IPv4\",\"group_id\":3247,\"group_name\":\"Craig's DevOps Demos\",\"last_update\":\"2025-10-06 08:49:47\",\"local_ip\":\"104.225.19.229\",\"remote_ip\":\"104.225.19.196\",\"remote_ip_type\":\"ipv4\",\"remote_prefix\":\"104.225.19.196/32\",\"routes\":[{\"metric_loc_prf_weight\":0,\"next_hop\":\"104.225.19.229\",\"origin\":\"63911\",\"path\":[\"63911\"],\"prefix\":\"45.54.50.0/24\"}],\"session_name\":\"\",\"state\":\"Established\",\"status\":\"active\"},\"ipv6|2607:f740:75:1::c6\":{\"comment\":\"Description: Craig's DevOps Demos - MCI - anycast-ingress-mci.worker.demo IPv6\\nState: Active\\nConfig status: 1\\nLast update: 2025-10-06 08:49:46\",\"config_status\":\"1\",\"customer_ip\":\"2607:f740:75:1::3b4\",\"description\":\"Craig's DevOps Demos - MCI - anycast-ingress-mci.worker.demo IPv6\",\"group_id\":3247,\"group_name\":\"Craig's DevOps Demos\",\"last_update\":\"2025-10-06 08:49:46\",\"local_ip\":\"2607:f740:75:1::3b4\",\"remote_ip\":\"2607:f740:75:1::c6\",\"remote_ip_type\":\"ipv6\",\"remote_prefix\":\"2607:f740:75:1::c6/128\",\"routes\":[],\"session_name\":\"\",\"state\":\"Active\",\"status\":\"failed\"}}\n\n🔧 BGP Session Details (JSON):\n\n  {\"group_id\":3247,\"group_name\":\"Craig's DevOps Demos\",\"sessions\":[{\"config_status\":\"1\",\"customer_asn\":63911,\"customer_peer_ip\":\"2607:f740:75:1::3b4\",\"description\":\"Craig's DevOps Demos - MCI - anycast-ingress-mci.worker.demo IPv6\",\"group_id\":3247,\"group_name\":\"Craig's DevOps Demos\",\"id\":51174,\"last_update\":\"2025-10-06 08:49:46\",\"location_name\":\"MCI - Kansas City, MO\",\"locked\":false,\"mb_id\":0,\"provider_asn\":36236,\"provider_ip_type\":\"ipv6\",\"provider_peer_ip\":\"2607:f740:75:1::c6\",\"routes_received\":\"\",\"state\":\"Active\"},{\"config_status\":\"1\",\"customer_asn\":63911,\"customer_peer_ip\":\"104.225.19.229\",\"description\":\"Craig's DevOps Demos - MCI - anycast-ingress-mci.worker.demo IPv4\",\"group_id\":3247,\"group_name\":\"Craig's DevOps Demos\",\"id\":51173,\"last_update\":\"2025-10-06 08:49:47\",\"location_name\":\"MCI - Kansas City, MO\",\"locked\":false,\"mb_id\":0,\"provider_asn\":36236,\"provider_ip_type\":\"ipv4\",\"provider_peer_ip\":\"104.225.19.196\",\"routes_received\":\"[{\\\"path\\\": [\\\"63911\\\"], \\\"origin\\\": \\\"63911\\\", \\\"prefix\\\": \\\"45.54.50.0/24\\\", \\\"next_hop\\\": \\\"104.225.19.229\\\", \\\"metric_loc_prf_weight\\\": 0}]\",\"state\":\"Established\"}]}","custom_fields":{"na_asn":"63911","na_bgp_ipv4_prefix":"45.54.50.0/24","na_contract_id":"440","na_image":"Ubuntu 24.04 LTS (20240423)","na_image_id":"5787","na_location_id":"564","na_plan":"VR1x1x25","na_plan_id":"668","na_public_ipv4":"104.225.19.229","na_public_ipv6":"2607:f740:75:1::3b4","na_server_id":"572172","zz_bgp_connection_info":"2607:f740:75:1::c6 (ipv6): state=Active config=1 locked=false last=2025-10-06 08:49:46\n104.225.19.196 (ipv4): state=Established config=1 locked=false last=2025-10-06 08:49:47","zz_bgp_local_info":"Hostname: anycast-ingress-mci.worker.demo\nLocal ASN: 63911\nPublic IPv4: 104.225.19.229\nPublic IPv6: 2607:f740:75:1::3b4\nCustomer IPs: 2607:f740:75:1::3b4, 104.225.19.229","zz_bgp_remote_info":"Group: Craig's DevOps Demos\nProvider ASN: 36236\nProvider IPv4: 104.225.19.196\nProvider IPv6: 2607:f740:75:1::c6","zz_bgp_routes_info":"45.54.50.0/24 via 104.225.19.229 (origin 63911)"},"description":"NetActuate plan VR1x1x25","device_id":0,"disk_size_mb":25600,"id":"58","local_context_data":"","memory_mb":1024,"name":"anycast-ingress-mci.worker.demo","platform_id":0,"primary_ipv4":58,"primary_ipv6":0,"role_id":0,"site_id":44,"status":"active","tags":["anycast"],"tags_all":["anycast"],"tenant_id":0,"vcpus":1},"sensitive_attributes":[],"private":"eyJzY2hlbWFfdmVyc2lvbiI6IjIifQ==","dependencies":["module.pop.data.netactuate_bgp_sessions.vm","module.pop.data.netactuate_server.vm","module.pop.netactuate_server.vm","module.pop.netbox_cluster.this","module.pop.netbox_site.this","netbox_cluster_type.hypervisor","netbox_custom_field.na_asn","netbox_custom_field.na_bgp_ipv4_prefix","netbox_custom_field.na_contract_id","netbox_custom_field.na_image","netbox_custom_field.na_image_id","netbox_custom_field.na_location_id","netbox_custom_field.na_plan","netbox_custom_field.na_plan_id","netbox_custom_field.na_public_ipv4","netbox_custom_field.na_public_ipv6","netbox_custom_field.na_server_id","netbox_custom_field.zz_bgp_connection_info","netbox_custom_field.zz_bgp_local_info","netbox_custom_field.zz_bgp_remote_info","netbox_custom_field.zz_bgp_routes_info","netbox_tag.anycast"]}]},{"module":"module.pop[\"MIA\"]","mode":"data","type":"netactuate_bgp_sessions","name":"vm","provider":"provider[\"registry.opentofu.org/netactuate/netactuate\"]","instances":[{"schema_version":0,"attributes":{"id":"572159","mbpkgid":572159,"sessions":[{"config_status":"1","customer_asn":63911,"customer_peer_ip":"2607:f740:17::f4f","description":"Craig's DevOps Demos - MIA - anycast-ingress-mia.worker.demo IPv6","group_id":3247,"group_name":"Craig's DevOps Demos","id":51150,"last_update":"2025-10-06 08:49:31","location_name":"MIA - Miami, FL","locked":false,"mb_id":0,"provider_asn":36236,"provider_ip_type":"ipv6","provider_peer_ip":"2607:f740:17::f7d","routes_received":"","state":"Active"},{"config_status":"1","customer_asn":63911,"customer_peer_ip":"192.73.243.31","description":"Craig's DevOps Demos - MIA - anycast-ingress-mia.worker.demo IPv4","group_id":3247,"group_name":"Craig's DevOps Demos","id":51149,"last_update":"2025-10-06 08:49:34","location_name":"MIA - Miami, FL","locked":false,"mb_id":0,"provider_asn":36236,"provider_ip_type":"ipv4","provider_peer_ip":"192.73.243.67","routes_received":"[{\"path\": [\"63911\"], \"origin\": \"63911\", \"prefix\": \"45.54.50.0/24\", \"next_hop\": \"192.73.243.31\", \"metric_loc_prf_weight\": 0}]","state":"Established"}]},"sensitive_attributes":[]}]},{"module":"module.pop[\"MIA\"]","mode":"data","type":"netactuate_server","name":"vm","provider":"provider[\"registry.opentofu.org/netactuate/netactuate\"]","instances":[{"schema_version":0,"attributes":{"bgp_peers":[{"group_id":3247,"ipv4":["192.73.243.67"],"ipv6":["2607:f740:17::f7d"],"localasn":63911,"localpeerv4":"192.73.243.31","localpeerv6":"2607:f740:17::f4f","peerasn":36236}],"hostname":"anycast-ingress-mia.worker.demo","id":572159,"image":"Ubuntu 24.04 LTS (20240423)","image_id":5787,"ip_v4":"192.73.243.31","ip_v6":"2607:f740:17::f4f","location_id":123,"package":"VR1x1x25","plan_id":668,"public_ipv4":"192.73.243.31","public_ipv6":"2607:f740:17::f4f","state":"UP","status":"RUNNING"},"sensitive_attributes":[]}]},{"module":"module.pop[\"MIA\"]","mode":"managed","type":"netactuate_bgp_sessions","name":"bgp","provider":"provider[\"registry.opentofu.org/netactuate/netactuate\"]","instances":[{"index_key":0,"schema_version":0,"attributes":{"group_id":3247,"id":"572159","ipv6":true,"mbpkgid":572159,"redundant":false},"sensitive_attributes":[],"private":"bnVsbA==","dependencies":["module.pop.netactuate_server.vm","netbox_custom_field.na_asn","netbox_custom_field.na_bgp_ipv4_prefix","netbox_custom_field.na_contract_id","netbox_custom_field.na_image","netbox_custom_field.na_image_id","netbox_custom_field.na_location_id","netbox_custom_field.na_plan","netbox_custom_field.na_plan_id","netbox_custom_field.na_public_ipv4","netbox_custom_field.na_public_ipv6","netbox_custom_field.na_server_id","netbox_custom_field.zz_bgp_connection_info","netbox_custom_field.zz_bgp_local_info","netbox_custom_field.zz_bgp_remote_info","netbox_custom_field.zz_bgp_routes_info"]}]},{"module":"module.pop[\"MIA\"]","mode":"managed","type":"netactuate_server","name":"vm","provider":"provider[\"registry.opentofu.org/netactuate/netactuate\"]","instances":[{"schema_version":0,"attributes":{"cloud_config":null,"hostname":"anycast-ingress-mia.worker.demo","id":"572159","image":null,"image_id":5787,"location":null,"location_id":123,"package_billing":"usage","package_billing_contract_id":"440","package_billing_opt_in":null,"params":"","password":null,"plan":"VR1x1x25","primary_ipv4":"192.73.243.31","primary_ipv6":"2607:f740:17::f4f","ssh_key":null,"ssh_key_id":8199,"user_data":null,"user_data_base64":null},"sensitive_attributes":[[{"type":"get_attr","value":"password"}]],"private":"bnVsbA==","dependencies":["netbox_custom_field.na_asn","netbox_custom_field.na_bgp_ipv4_prefix","netbox_custom_field.na_contract_id","netbox_custom_field.na_image","netbox_custom_field.na_image_id","netbox_custom_field.na_location_id","netbox_custom_field.na_plan","netbox_custom_field.na_plan_id","netbox_custom_field.na_public_ipv4","netbox_custom_field.na_public_ipv6","netbox_custom_field.na_server_id","netbox_custom_field.zz_bgp_connection_info","netbox_custom_field.zz_bgp_local_info","netbox_custom_field.zz_bgp_remote_info","netbox_custom_field.zz_bgp_routes_info"]}]},{"module":"module.pop[\"MIA\"]","mode":"managed","type":"netbox_cluster","name":"this","provider":"provider[\"registry.opentofu.org/e-breuninger/netbox\"]","instances":[{"schema_version":0,"attributes":{"cluster_group_id":0,"cluster_type_id":6,"comments":"","description":"","id":"54","name":"MIA-cluster","site_id":52,"tags":[],"tags_all":[],"tenant_id":0},"sensitive_attributes":[],"private":"bnVsbA==","dependencies":["module.pop.netbox_site.this","netbox_cluster_type.hypervisor","netbox_custom_field.na_asn","netbox_custom_field.na_bgp_ipv4_prefix","netbox_custom_field.na_contract_id","netbox_custom_field.na_image","netbox_custom_field.na_image_id","netbox_custom_field.na_location_id","netbox_custom_field.na_plan","netbox_custom_field.na_plan_id","netbox_custom_field.na_public_ipv4","netbox_custom_field.na_public_ipv6","netbox_custom_field.na_server_id","netbox_custom_field.zz_bgp_connection_info","netbox_custom_field.zz_bgp_local_info","netbox_custom_field.zz_bgp_remote_info","netbox_custom_field.zz_bgp_routes_info"]}]},{"module":"module.pop[\"MIA\"]","mode":"managed","type":"netbox_device","name":"this","provider":"provider[\"registry.opentofu.org/e-breuninger/netbox\"]","instances":[{"schema_version":0,"attributes":{"asset_tag":"","cluster_id":0,"comments":"","config_template_id":0,"custom_fields":null,"description":"","device_type_id":1,"id":"10","local_context_data":"","location_id":0,"name":"anycast-ingress-mia.worker.demo","platform_id":0,"primary_ipv4":0,"primary_ipv6":0,"rack_face":"","rack_id":0,"rack_position":0,"role_id":1,"serial":"","site_id":52,"status":"active","tags":["anycast"],"tags_all":["anycast"],"tenant_id":0,"virtual_chassis_id":0,"virtual_chassis_master":false,"virtual_chassis_position":0,"virtual_chassis_priority":0},"sensitive_attributes":[],"private":"bnVsbA==","dependencies":["module.pop.netactuate_server.vm","module.pop.netbox_site.this","netbox_custom_field.na_asn","netbox_custom_field.na_bgp_ipv4_prefix","netbox_custom_field.na_contract_id","netbox_custom_field.na_image","netbox_custom_field.na_image_id","netbox_custom_field.na_location_id","netbox_custom_field.na_plan","netbox_custom_field.na_plan_id","netbox_custom_field.na_public_ipv4","netbox_custom_field.na_public_ipv6","netbox_custom_field.na_server_id","netbox_custom_field.zz_bgp_connection_info","netbox_custom_field.zz_bgp_local_info","netbox_custom_field.zz_bgp_remote_info","netbox_custom_field.zz_bgp_routes_info","netbox_device_role.anycast_worker","netbox_device_type.anycast_worker","netbox_manufacturer.netactuate","netbox_tag.anycast"]}]},{"module":"module.pop[\"MIA\"]","mode":"managed","type":"netbox_interface","name":"eth0","provider":"provider[\"registry.opentofu.org/e-breuninger/netbox\"]","instances":[{"schema_version":0,"attributes":{"description":"","enabled":true,"id":"54","mac_address":"","mode":null,"mtu":0,"name":"eth0","tagged_vlans":[],"tags":[],"tags_all":[],"type":null,"untagged_vlan":null,"virtual_machine_id":44},"sensitive_attributes":[],"private":"bnVsbA==","dependencies":["module.pop.data.netactuate_bgp_sessions.vm","module.pop.data.netactuate_server.vm","module.pop.netactuate_server.vm","module.pop.netbox_cluster.this","module.pop.netbox_site.this","module.pop.netbox_virtual_machine.this","netbox_cluster_type.hypervisor","netbox_custom_field.na_asn","netbox_custom_field.na_bgp_ipv4_prefix","netbox_custom_field.na_contract_id","netbox_custom_field.na_image","netbox_custom_field.na_image_id","netbox_custom_field.na_location_id","netbox_custom_field.na_plan","netbox_custom_field.na_plan_id","netbox_custom_field.na_public_ipv4","netbox_custom_field.na_public_ipv6","netbox_custom_field.na_server_id","netbox_custom_field.zz_bgp_connection_info","netbox_custom_field.zz_bgp_local_info","netbox_custom_field.zz_bgp_remote_info","netbox_custom_field.zz_bgp_routes_info","netbox_tag.anycast"]}]},{"module":"module.pop[\"MIA\"]","mode":"managed","type":"netbox_ip_address","name":"public_v4","provider":"provider[\"registry.opentofu.org/e-breuninger/netbox\"]","instances":[{"schema_version":0,"attributes":{"custom_fields":null,"description":"","device_interface_id":null,"dns_name":"anycast-ingress-mia.worker.demo","id":"41","interface_id":null,"ip_address":"192.73.243.31/32","nat_inside_address_id":0,"nat_outside_addresses":[],"object_type":null,"role":"","status":"active","tags":[],"tags_all":[],"tenant_id":0,"virtual_machine_interface_id":54,"vrf_id":0},"sensitive_attributes":[],"private":"bnVsbA==","dependencies":["module.pop.data.netactuate_bgp_sessions.vm","module.pop.data.netactuate_server.vm","module.pop.netactuate_server.vm","module.pop.netbox_cluster.this","module.pop.netbox_interface.eth0","module.pop.netbox_site.this","module.pop.netbox_virtual_machine.this","netbox_cluster_type.hypervisor","netbox_custom_field.na_asn","netbox_custom_field.na_bgp_ipv4_prefix","netbox_custom_field.na_bgp_peers","netbox_custom_field.na_bgp_session_details","netbox_custom_field.na_contract_id","netbox_custom_field.na_image","netbox_custom_field.na_image_id","netbox_custom_field.na_location_id","netbox_custom_field.na_plan","netbox_custom_field.na_plan_id","netbox_custom_field.na_public_ipv4","netbox_custom_field.na_public_ipv6","netbox_custom_field.na_server_id","netbox_custom_field.zz_bgp_connection_info","netbox_custom_field.zz_bgp_local_info","netbox_custom_field.zz_bgp_remote_info","netbox_custom_field.zz_bgp_routes_info","netbox_tag.anycast"]}]},{"module":"module.pop[\"MIA\"]","mode":"managed","type":"netbox_primary_ip","name":"vm_primary_v4","provider":"provider[\"registry.opentofu.org/e-breuninger/netbox\"]","instances":[{"schema_version":0,"attributes":{"id":"44","ip_address_id":41,"ip_address_version":4,"virtual_machine_id":44},"sensitive_attributes":[],"private":"bnVsbA==","dependencies":["module.pop.data.netactuate_bgp_sessions.vm","module.pop.data.netactuate_server.vm","module.pop.netactuate_server.vm","module.pop.netbox_cluster.this","module.pop.netbox_interface.eth0","module.pop.netbox_ip_address.public_v4","module.pop.netbox_site.this","module.pop.netbox_virtual_machine.this","netbox_cluster_type.hypervisor","netbox_custom_field.na_asn","netbox_custom_field.na_bgp_ipv4_prefix","netbox_custom_field.na_contract_id","netbox_custom_field.na_image","netbox_custom_field.na_image_id","netbox_custom_field.na_location_id","netbox_custom_field.na_plan","netbox_custom_field.na_plan_id","netbox_custom_field.na_public_ipv4","netbox_custom_field.na_public_ipv6","netbox_custom_field.na_server_id","netbox_custom_field.zz_bgp_connection_info","netbox_custom_field.zz_bgp_local_info","netbox_custom_field.zz_bgp_remote_info","netbox_custom_field.zz_bgp_routes_info","netbox_tag.anycast"]}]},{"module":"module.pop[\"MIA\"]","mode":"managed","type":"netbox_service","name":"bgp179","provider":"provider[\"registry.opentofu.org/e-breuninger/netbox\"]","instances":[{"schema_version":0,"attributes":{"custom_fields":null,"description":"Anycast ingress BGP (TCP/179)","device_id":0,"id":"55","name":"bgp","port":null,"ports":[179],"protocol":"tcp","tags":[],"tags_all":[],"virtual_machine_id":44},"sensitive_attributes":[],"private":"bnVsbA==","dependencies":["module.pop.data.netactuate_bgp_sessions.vm","module.pop.data.netactuate_server.vm","module.pop.netactuate_server.vm","module.pop.netbox_cluster.this","module.pop.netbox_site.this","module.pop.netbox_virtual_machine.this","netbox_cluster_type.hypervisor","netbox_custom_field.na_asn","netbox_custom_field.na_bgp_ipv4_prefix","netbox_custom_field.na_contract_id","netbox_custom_field.na_image","netbox_custom_field.na_image_id","netbox_custom_field.na_location_id","netbox_custom_field.na_plan","netbox_custom_field.na_plan_id","netbox_custom_field.na_public_ipv4","netbox_custom_field.na_public_ipv6","netbox_custom_field.na_server_id","netbox_custom_field.zz_bgp_connection_info","netbox_custom_field.zz_bgp_local_info","netbox_custom_field.zz_bgp_remote_info","netbox_custom_field.zz_bgp_routes_info","netbox_tag.anycast"]}]},{"module":"module.pop[\"MIA\"]","mode":"managed","type":"netbox_site","name":"this","provider":"provider[\"registry.opentofu.org/e-breuninger/netbox\"]","instances":[{"schema_version":0,"attributes":{"asn_ids":[],"comments":"","custom_fields":null,"description":"NetActuate PoP MIA","facility":"","group_id":0,"id":"52","latitude":0,"longitude":0,"name":"MIA","physical_address":"","region_id":0,"shipping_address":"","slug":"mia","status":"active","tags":[],"tags_all":[],"tenant_id":0,"timezone":""},"sensitive_attributes":[],"private":"bnVsbA==","dependencies":["netbox_custom_field.na_asn","netbox_custom_field.na_bgp_ipv4_prefix","netbox_custom_field.na_contract_id","netbox_custom_field.na_image","netbox_custom_field.na_image_id","netbox_custom_field.na_location_id","netbox_custom_field.na_plan","netbox_custom_field.na_plan_id","netbox_custom_field.na_public_ipv4","netbox_custom_field.na_public_ipv6","netbox_custom_field.na_server_id","netbox_custom_field.zz_bgp_connection_info","netbox_custom_field.zz_bgp_local_info","netbox_custom_field.zz_bgp_remote_info","netbox_custom_field.zz_bgp_routes_info"]}]},{"module":"module.pop[\"MIA\"]","mode":"managed","type":"netbox_virtual_machine","name":"this","provider":"provider[\"registry.opentofu.org/e-breuninger/netbox\"]","instances":[{"schema_version":2,"attributes":{"cluster_id":54,"comments":"🚀 NetActuate Server Details:\n\n  • Server ID: 572159\n\n  • Contract ID: 440\n\n  • Location ID: 123\n\n  • Image: Ubuntu 24.04 LTS (20240423) (ID 5787)\n\n  • IPv4 Prefix: 45.54.50.0/24\n\n📋 BGP Local Info:\n\n  Hostname: anycast-ingress-mia.worker.demo\nLocal ASN: 63911\nPublic IPv4: 192.73.243.31\nPublic IPv6: 2607:f740:17::f4f\nCustomer IPs: 2607:f740:17::f4f, 192.73.243.31\n\n🌐 BGP Remote Info:\n\n  Group: Craig's DevOps Demos\nProvider ASN: 36236\nProvider IPv4: 192.73.243.67\nProvider IPv6: 2607:f740:17::f7d\n\n🔗 BGP Connection Status:\n\n  2607:f740:17::f7d (ipv6): state=Active config=1 locked=false last=2025-10-06 08:49:31\n192.73.243.67 (ipv4): state=Established config=1 locked=false last=2025-10-06 08:49:34\n\n📊 BGP Routes:\n\n  45.54.50.0/24 via 192.73.243.31 (origin 63911)\n\n📡 BGP Peers (JSON):\n\n  {\"ipv4|192.73.243.67\":{\"comment\":\"Description: Craig's DevOps Demos - MIA - anycast-ingress-mia.worker.demo IPv4\\nState: Established\\nConfig status: 1\\nLast update: 2025-10-06 08:49:34\\nRoutes: 45.54.50.0/24 via 192.73.243.31\",\"config_status\":\"1\",\"customer_ip\":\"192.73.243.31\",\"description\":\"Craig's DevOps Demos - MIA - anycast-ingress-mia.worker.demo IPv4\",\"group_id\":3247,\"group_name\":\"Craig's DevOps Demos\",\"last_update\":\"2025-10-06 08:49:34\",\"local_ip\":\"192.73.243.31\",\"remote_ip\":\"192.73.243.67\",\"remote_ip_type\":\"ipv4\",\"remote_prefix\":\"192.73.243.67/32\",\"routes\":[{\"metric_loc_prf_weight\":0,\"next_hop\":\"192.73.243.31\",\"origin\":\"63911\",\"path\":[\"63911\"],\"prefix\":\"45.54.50.0/24\"}],\"session_name\":\"\",\"state\":\"Established\",\"status\":\"active\"},\"ipv6|2607:f740:17::f7d\":{\"comment\":\"Description: Craig's DevOps Demos - MIA - anycast-ingress-mia.worker.demo IPv6\\nState: Active\\nConfig status: 1\\nLast update: 2025-10-06 08:49:31\",\"config_status\":\"1\",\"customer_ip\":\"2607:f740:17::f4f\",\"description\":\"Craig's DevOps Demos - MIA - anycast-ingress-mia.worker.demo IPv6\",\"group_id\":3247,\"group_name\":\"Craig's DevOps Demos\",\"last_update\":\"2025-10-06 08:49:31\",\"local_ip\":\"2607:f740:17::f4f\",\"remote_ip\":\"2607:f740:17::f7d\",\"remote_ip_type\":\"ipv6\",\"remote_prefix\":\"2607:f740:17::f7d/128\",\"routes\":[],\"session_name\":\"\",\"state\":\"Active\",\"status\":\"failed\"}}\n\n🔧 BGP Session Details (JSON):\n\n  {\"group_id\":3247,\"group_name\":\"Craig's DevOps Demos\",\"sessions\":[{\"config_status\":\"1\",\"customer_asn\":63911,\"customer_peer_ip\":\"2607:f740:17::f4f\",\"description\":\"Craig's DevOps Demos - MIA - anycast-ingress-mia.worker.demo IPv6\",\"group_id\":3247,\"group_name\":\"Craig's DevOps Demos\",\"id\":51150,\"last_update\":\"2025-10-06 08:49:31\",\"location_name\":\"MIA - Miami, FL\",\"locked\":false,\"mb_id\":0,\"provider_asn\":36236,\"provider_ip_type\":\"ipv6\",\"provider_peer_ip\":\"2607:f740:17::f7d\",\"routes_received\":\"\",\"state\":\"Active\"},{\"config_status\":\"1\",\"customer_asn\":63911,\"customer_peer_ip\":\"192.73.243.31\",\"description\":\"Craig's DevOps Demos - MIA - anycast-ingress-mia.worker.demo IPv4\",\"group_id\":3247,\"group_name\":\"Craig's DevOps Demos\",\"id\":51149,\"last_update\":\"2025-10-06 08:49:34\",\"location_name\":\"MIA - Miami, FL\",\"locked\":false,\"mb_id\":0,\"provider_asn\":36236,\"provider_ip_type\":\"ipv4\",\"provider_peer_ip\":\"192.73.243.67\",\"routes_received\":\"[{\\\"path\\\": [\\\"63911\\\"], \\\"origin\\\": \\\"63911\\\", \\\"prefix\\\": \\\"45.54.50.0/24\\\", \\\"next_hop\\\": \\\"192.73.243.31\\\", \\\"metric_loc_prf_weight\\\": 0}]\",\"state\":\"Established\"}]}","custom_fields":{"na_asn":"63911","na_bgp_ipv4_prefix":"45.54.50.0/24","na_contract_id":"440","na_image":"Ubuntu 24.04 LTS (20240423)","na_image_id":"5787","na_location_id":"123","na_plan":"VR1x1x25","na_plan_id":"668","na_public_ipv4":"192.73.243.31","na_public_ipv6":"2607:f740:17::f4f","na_server_id":"572159","zz_bgp_connection_info":"2607:f740:17::f7d (ipv6): state=Active config=1 locked=false last=2025-10-06 08:49:31\n192.73.243.67 (ipv4): state=Established config=1 locked=false last=2025-10-06 08:49:34","zz_bgp_local_info":"Hostname: anycast-ingress-mia.worker.demo\nLocal ASN: 63911\nPublic IPv4: 192.73.243.31\nPublic IPv6: 2607:f740:17::f4f\nCustomer IPs: 2607:f740:17::f4f, 192.73.243.31","zz_bgp_remote_info":"Group: Craig's DevOps Demos\nProvider ASN: 36236\nProvider IPv4: 192.73.243.67\nProvider IPv6: 2607:f740:17::f7d","zz_bgp_routes_info":"45.54.50.0/24 via 192.73.243.31 (origin 63911)"},"description":"NetActuate plan VR1x1x25","device_id":0,"disk_size_mb":25600,"id":"44","local_context_data":"","memory_mb":1024,"name":"anycast-ingress-mia.worker.demo","platform_id":0,"primary_ipv4":41,"primary_ipv6":0,"role_id":0,"site_id":52,"status":"active","tags":["anycast"],"tags_all":["anycast"],"tenant_id":0,"vcpus":1},"sensitive_attributes":[],"private":"eyJzY2hlbWFfdmVyc2lvbiI6IjIifQ==","dependencies":["module.pop.data.netactuate_bgp_sessions.vm","module.pop.data.netactuate_server.vm","module.pop.netactuate_server.vm","module.pop.netbox_cluster.this","module.pop.netbox_site.this","netbox_cluster_type.hypervisor","netbox_custom_field.na_asn","netbox_custom_field.na_bgp_ipv4_prefix","netbox_custom_field.na_contract_id","netbox_custom_field.na_image","netbox_custom_field.na_image_id","netbox_custom_field.na_location_id","netbox_custom_field.na_plan","netbox_custom_field.na_plan_id","netbox_custom_field.na_public_ipv4","netbox_custom_field.na_public_ipv6","netbox_custom_field.na_server_id","netbox_custom_field.zz_bgp_connection_info","netbox_custom_field.zz_bgp_local_info","netbox_custom_field.zz_bgp_remote_info","netbox_custom_field.zz_bgp_routes_info","netbox_tag.anycast"]}]},{"module":"module.pop[\"NBO\"]","mode":"data","type":"netactuate_bgp_sessions","name":"vm","provider":"provider[\"registry.opentofu.org/netactuate/netactuate\"]","instances":[{"schema_version":0,"attributes":{"id":"572179","mbpkgid":572179,"sessions":[{"config_status":"1","customer_asn":63911,"customer_peer_ip":"102.67.167.162","description":"Craig's DevOps Demos - NBO - anycast-ingress-nbo.worker.demo IPv4","group_id":3247,"group_name":"Craig's DevOps Demos","id":51179,"last_update":"2025-10-06 08:49:59","location_name":"NBO - Nairobi, KE","locked":false,"mb_id":0,"provider_asn":36236,"provider_ip_type":"ipv4","provider_peer_ip":"102.67.167.110","routes_received":"[{\"path\": [\"63911\"], \"origin\": \"63911\", \"prefix\": \"45.54.50.0/24\", \"next_hop\": \"102.67.167.162\", \"metric_loc_prf_weight\": 0}]","state":"Established"},{"config_status":"1","customer_asn":63911,"customer_peer_ip":"2c0f:edb0:2000:1::1ba","description":"Craig's DevOps Demos - NBO - anycast-ingress-nbo.worker.demo IPv6","group_id":3247,"group_name":"Craig's DevOps Demos","id":51180,"last_update":"2025-10-06 08:50:00","location_name":"NBO - Nairobi, KE","locked":false,"mb_id":0,"provider_asn":36236,"provider_ip_type":"ipv6","provider_peer_ip":"2c0f:edb0:2000:1::41","routes_received":"","state":"Active"}]},"sensitive_attributes":[]}]},{"module":"module.pop[\"NBO\"]","mode":"data","type":"netactuate_server","name":"vm","provider":"provider[\"registry.opentofu.org/netactuate/netactuate\"]","instances":[{"schema_version":0,"attributes":{"bgp_peers":[{"group_id":3247,"ipv4":["102.67.167.110"],"ipv6":["2c0f:edb0:2000:1::41"],"localasn":63911,"localpeerv4":"102.67.167.162","localpeerv6":"2c0f:edb0:2000:1::1ba","peerasn":36236}],"hostname":"anycast-ingress-nbo.worker.demo","id":572179,"image":"Ubuntu 24.04 LTS (20240423)","image_id":5787,"ip_v4":"102.67.167.162","ip_v6":"2c0f:edb0:2000:1::1ba","location_id":566,"package":"VR1x1x25","plan_id":668,"public_ipv4":"102.67.167.162","public_ipv6":"2c0f:edb0:2000:1::1ba","state":"UP","status":"RUNNING"},"sensitive_attributes":[]}]},{"module":"module.pop[\"NBO\"]","mode":"managed","type":"netactuate_bgp_sessions","name":"bgp","provider":"provider[\"registry.opentofu.org/netactuate/netactuate\"]","instances":[{"index_key":0,"schema_version":0,"attributes":{"group_id":3247,"id":"572179","ipv6":true,"mbpkgid":572179,"redundant":false},"sensitive_attributes":[],"private":"bnVsbA==","dependencies":["module.pop.netactuate_server.vm","netbox_custom_field.na_asn","netbox_custom_field.na_bgp_ipv4_prefix","netbox_custom_field.na_contract_id","netbox_custom_field.na_image","netbox_custom_field.na_image_id","netbox_custom_field.na_location_id","netbox_custom_field.na_plan","netbox_custom_field.na_plan_id","netbox_custom_field.na_public_ipv4","netbox_custom_field.na_public_ipv6","netbox_custom_field.na_server_id","netbox_custom_field.zz_bgp_connection_info","netbox_custom_field.zz_bgp_local_info","netbox_custom_field.zz_bgp_remote_info","netbox_custom_field.zz_bgp_routes_info"]}]},{"module":"module.pop[\"NBO\"]","mode":"managed","type":"netactuate_server","name":"vm","provider":"provider[\"registry.opentofu.org/netactuate/netactuate\"]","instances":[{"schema_version":0,"attributes":{"cloud_config":null,"hostname":"anycast-ingress-nbo.worker.demo","id":"572179","image":null,"image_id":5787,"location":null,"location_id":566,"package_billing":"usage","package_billing_contract_id":"440","package_billing_opt_in":null,"params":"","password":null,"plan":"VR1x1x25","primary_ipv4":"102.67.167.162","primary_ipv6":"2c0f:edb0:2000:1::1ba","ssh_key":null,"ssh_key_id":8199,"user_data":null,"user_data_base64":null},"sensitive_attributes":[[{"type":"get_attr","value":"password"}]],"private":"bnVsbA==","dependencies":["netbox_custom_field.na_asn","netbox_custom_field.na_bgp_ipv4_prefix","netbox_custom_field.na_contract_id","netbox_custom_field.na_image","netbox_custom_field.na_image_id","netbox_custom_field.na_location_id","netbox_custom_field.na_plan","netbox_custom_field.na_plan_id","netbox_custom_field.na_public_ipv4","netbox_custom_field.na_public_ipv6","netbox_custom_field.na_server_id","netbox_custom_field.zz_bgp_connection_info","netbox_custom_field.zz_bgp_local_info","netbox_custom_field.zz_bgp_remote_info","netbox_custom_field.zz_bgp_routes_info"]}]},{"module":"module.pop[\"NBO\"]","mode":"managed","type":"netbox_cluster","name":"this","provider":"provider[\"registry.opentofu.org/e-breuninger/netbox\"]","instances":[{"schema_version":0,"attributes":{"cluster_group_id":0,"cluster_type_id":6,"comments":"","description":"","id":"66","name":"NBO-cluster","site_id":67,"tags":[],"tags_all":[],"tenant_id":0},"sensitive_attributes":[],"private":"bnVsbA==","dependencies":["module.pop.netbox_site.this","netbox_cluster_type.hypervisor","netbox_custom_field.na_asn","netbox_custom_field.na_bgp_ipv4_prefix","netbox_custom_field.na_contract_id","netbox_custom_field.na_image","netbox_custom_field.na_image_id","netbox_custom_field.na_location_id","netbox_custom_field.na_plan","netbox_custom_field.na_plan_id","netbox_custom_field.na_public_ipv4","netbox_custom_field.na_public_ipv6","netbox_custom_field.na_server_id","netbox_custom_field.zz_bgp_connection_info","netbox_custom_field.zz_bgp_local_info","netbox_custom_field.zz_bgp_remote_info","netbox_custom_field.zz_bgp_routes_info"]}]},{"module":"module.pop[\"NBO\"]","mode":"managed","type":"netbox_device","name":"this","provider":"provider[\"registry.opentofu.org/e-breuninger/netbox\"]","instances":[{"schema_version":0,"attributes":{"asset_tag":"","cluster_id":0,"comments":"","config_template_id":0,"custom_fields":null,"description":"","device_type_id":1,"id":"18","local_context_data":"","location_id":0,"name":"anycast-ingress-nbo.worker.demo","platform_id":0,"primary_ipv4":0,"primary_ipv6":0,"rack_face":"","rack_id":0,"rack_position":0,"role_id":1,"serial":"","site_id":67,"status":"active","tags":["anycast"],"tags_all":["anycast"],"tenant_id":0,"virtual_chassis_id":0,"virtual_chassis_master":false,"virtual_chassis_position":0,"virtual_chassis_priority":0},"sensitive_attributes":[],"private":"bnVsbA==","dependencies":["module.pop.netactuate_server.vm","module.pop.netbox_site.this","netbox_custom_field.na_asn","netbox_custom_field.na_bgp_ipv4_prefix","netbox_custom_field.na_contract_id","netbox_custom_field.na_image","netbox_custom_field.na_image_id","netbox_custom_field.na_location_id","netbox_custom_field.na_plan","netbox_custom_field.na_plan_id","netbox_custom_field.na_public_ipv4","netbox_custom_field.na_public_ipv6","netbox_custom_field.na_server_id","netbox_custom_field.zz_bgp_connection_info","netbox_custom_field.zz_bgp_local_info","netbox_custom_field.zz_bgp_remote_info","netbox_custom_field.zz_bgp_routes_info","netbox_device_role.anycast_worker","netbox_device_type.anycast_worker","netbox_manufacturer.netactuate","netbox_tag.anycast"]}]},{"module":"module.pop[\"NBO\"]","mode":"managed","type":"netbox_interface","name":"eth0","provider":"provider[\"registry.opentofu.org/e-breuninger/netbox\"]","instances":[{"schema_version":0,"attributes":{"description":"","enabled":true,"id":"62","mac_address":"","mode":null,"mtu":0,"name":"eth0","tagged_vlans":[],"tags":[],"tags_all":[],"type":null,"untagged_vlan":null,"virtual_machine_id":63},"sensitive_attributes":[],"private":"bnVsbA==","dependencies":["module.pop.data.netactuate_bgp_sessions.vm","module.pop.data.netactuate_server.vm","module.pop.netactuate_server.vm","module.pop.netbox_cluster.this","module.pop.netbox_site.this","module.pop.netbox_virtual_machine.this","netbox_cluster_type.hypervisor","netbox_custom_field.na_asn","netbox_custom_field.na_bgp_ipv4_prefix","netbox_custom_field.na_contract_id","netbox_custom_field.na_image","netbox_custom_field.na_image_id","netbox_custom_field.na_location_id","netbox_custom_field.na_plan","netbox_custom_field.na_plan_id","netbox_custom_field.na_public_ipv4","netbox_custom_field.na_public_ipv6","netbox_custom_field.na_server_id","netbox_custom_field.zz_bgp_connection_info","netbox_custom_field.zz_bgp_local_info","netbox_custom_field.zz_bgp_remote_info","netbox_custom_field.zz_bgp_routes_info","netbox_tag.anycast"]}]},{"module":"module.pop[\"NBO\"]","mode":"managed","type":"netbox_ip_address","name":"public_v4","provider":"provider[\"registry.opentofu.org/e-breuninger/netbox\"]","instances":[{"schema_version":0,"attributes":{"custom_fields":null,"description":"","device_interface_id":null,"dns_name":"anycast-ingress-nbo.worker.demo","id":"63","interface_id":null,"ip_address":"102.67.167.162/32","nat_inside_address_id":0,"nat_outside_addresses":[],"object_type":null,"role":"","status":"active","tags":[],"tags_all":[],"tenant_id":0,"virtual_machine_interface_id":62,"vrf_id":0},"sensitive_attributes":[],"private":"bnVsbA==","dependencies":["module.pop.data.netactuate_bgp_sessions.vm","module.pop.data.netactuate_server.vm","module.pop.netactuate_server.vm","module.pop.netbox_cluster.this","module.pop.netbox_interface.eth0","module.pop.netbox_site.this","module.pop.netbox_virtual_machine.this","netbox_cluster_type.hypervisor","netbox_custom_field.na_asn","netbox_custom_field.na_bgp_ipv4_prefix","netbox_custom_field.na_bgp_peers","netbox_custom_field.na_bgp_session_details","netbox_custom_field.na_contract_id","netbox_custom_field.na_image","netbox_custom_field.na_image_id","netbox_custom_field.na_location_id","netbox_custom_field.na_plan","netbox_custom_field.na_plan_id","netbox_custom_field.na_public_ipv4","netbox_custom_field.na_public_ipv6","netbox_custom_field.na_server_id","netbox_custom_field.zz_bgp_connection_info","netbox_custom_field.zz_bgp_local_info","netbox_custom_field.zz_bgp_remote_info","netbox_custom_field.zz_bgp_routes_info","netbox_tag.anycast"]}]},{"module":"module.pop[\"NBO\"]","mode":"managed","type":"netbox_primary_ip","name":"vm_primary_v4","provider":"provider[\"registry.opentofu.org/e-breuninger/netbox\"]","instances":[{"schema_version":0,"attributes":{"id":"63","ip_address_id":63,"ip_address_version":4,"virtual_machine_id":63},"sensitive_attributes":[],"private":"bnVsbA==","dependencies":["module.pop.data.netactuate_bgp_sessions.vm","module.pop.data.netactuate_server.vm","module.pop.netactuate_server.vm","module.pop.netbox_cluster.this","module.pop.netbox_interface.eth0","module.pop.netbox_ip_address.public_v4","module.pop.netbox_site.this","module.pop.netbox_virtual_machine.this","netbox_cluster_type.hypervisor","netbox_custom_field.na_asn","netbox_custom_field.na_bgp_ipv4_prefix","netbox_custom_field.na_contract_id","netbox_custom_field.na_image","netbox_custom_field.na_image_id","netbox_custom_field.na_location_id","netbox_custom_field.na_plan","netbox_custom_field.na_plan_id","netbox_custom_field.na_public_ipv4","netbox_custom_field.na_public_ipv6","netbox_custom_field.na_server_id","netbox_custom_field.zz_bgp_connection_info","netbox_custom_field.zz_bgp_local_info","netbox_custom_field.zz_bgp_remote_info","netbox_custom_field.zz_bgp_routes_info","netbox_tag.anycast"]}]},{"module":"module.pop[\"NBO\"]","mode":"managed","type":"netbox_service","name":"bgp179","provider":"provider[\"registry.opentofu.org/e-breuninger/netbox\"]","instances":[{"schema_version":0,"attributes":{"custom_fields":null,"description":"Anycast ingress BGP (TCP/179)","device_id":0,"id":"62","name":"bgp","port":null,"ports":[179],"protocol":"tcp","tags":[],"tags_all":[],"virtual_machine_id":63},"sensitive_attributes":[],"private":"bnVsbA==","dependencies":["module.pop.data.netactuate_bgp_sessions.vm","module.pop.data.netactuate_server.vm","module.pop.netactuate_server.vm","module.pop.netbox_cluster.this","module.pop.netbox_site.this","module.pop.netbox_virtual_machine.this","netbox_cluster_type.hypervisor","netbox_custom_field.na_asn","netbox_custom_field.na_bgp_ipv4_prefix","netbox_custom_field.na_contract_id","netbox_custom_field.na_image","netbox_custom_field.na_image_id","netbox_custom_field.na_location_id","netbox_custom_field.na_plan","netbox_custom_field.na_plan_id","netbox_custom_field.na_public_ipv4","netbox_custom_field.na_public_ipv6","netbox_custom_field.na_server_id","netbox_custom_field.zz_bgp_connection_info","netbox_custom_field.zz_bgp_local_info","netbox_custom_field.zz_bgp_remote_info","netbox_custom_field.zz_bgp_routes_info","netbox_tag.anycast"]}]},{"module":"module.pop[\"NBO\"]","mode":"managed","type":"netbox_site","name":"this","provider":"provider[\"registry.opentofu.org/e-breuninger/netbox\"]","instances":[{"schema_version":0,"attributes":{"asn_ids":[],"comments":"","custom_fields":null,"description":"NetActuate PoP NBO","facility":"","group_id":0,"id":"67","latitude":0,"longitude":0,"name":"NBO","physical_address":"","region_id":0,"shipping_address":"","slug":"nbo","status":"active","tags":[],"tags_all":[],"tenant_id":0,"timezone":""},"sensitive_attributes":[],"private":"bnVsbA==","dependencies":["netbox_custom_field.na_asn","netbox_custom_field.na_bgp_ipv4_prefix","netbox_custom_field.na_contract_id","netbox_custom_field.na_image","netbox_custom_field.na_image_id","netbox_custom_field.na_location_id","netbox_custom_field.na_plan","netbox_custom_field.na_plan_id","netbox_custom_field.na_public_ipv4","netbox_custom_field.na_public_ipv6","netbox_custom_field.na_server_id","netbox_custom_field.zz_bgp_connection_info","netbox_custom_field.zz_bgp_local_info","netbox_custom_field.zz_bgp_remote_info","netbox_custom_field.zz_bgp_routes_info"]}]},{"module":"module.pop[\"NBO\"]","mode":"managed","type":"netbox_virtual_machine","name":"this","provider":"provider[\"registry.opentofu.org/e-breuninger/netbox\"]","instances":[{"schema_version":2,"attributes":{"cluster_id":66,"comments":"🚀 NetActuate Server Details:\n\n  • Server ID: 572179\n\n  • Contract ID: 440\n\n  • Location ID: 566\n\n  • Image: Ubuntu 24.04 LTS (20240423) (ID 5787)\n\n  • IPv4 Prefix: 45.54.50.0/24\n\n📋 BGP Local Info:\n\n  Hostname: anycast-ingress-nbo.worker.demo\nLocal ASN: 63911\nPublic IPv4: 102.67.167.162\nPublic IPv6: 2c0f:edb0:2000:1::1ba\nCustomer IPs: 102.67.167.162, 2c0f:edb0:2000:1::1ba\n\n🌐 BGP Remote Info:\n\n  Group: Craig's DevOps Demos\nProvider ASN: 36236\nProvider IPv4: 102.67.167.110\nProvider IPv6: 2c0f:edb0:2000:1::41\n\n🔗 BGP Connection Status:\n\n  102.67.167.110 (ipv4): state=Established config=1 locked=false last=2025-10-06 08:49:59\n2c0f:edb0:2000:1::41 (ipv6): state=Active config=1 locked=false last=2025-10-06 08:50:00\n\n📊 BGP Routes:\n\n  45.54.50.0/24 via 102.67.167.162 (origin 63911)\n\n📡 BGP Peers (JSON):\n\n  {\"ipv4|102.67.167.110\":{\"comment\":\"Description: Craig's DevOps Demos - NBO - anycast-ingress-nbo.worker.demo IPv4\\nState: Established\\nConfig status: 1\\nLast update: 2025-10-06 08:49:59\\nRoutes: 45.54.50.0/24 via 102.67.167.162\",\"config_status\":\"1\",\"customer_ip\":\"102.67.167.162\",\"description\":\"Craig's DevOps Demos - NBO - anycast-ingress-nbo.worker.demo IPv4\",\"group_id\":3247,\"group_name\":\"Craig's DevOps Demos\",\"last_update\":\"2025-10-06 08:49:59\",\"local_ip\":\"102.67.167.162\",\"remote_ip\":\"102.67.167.110\",\"remote_ip_type\":\"ipv4\",\"remote_prefix\":\"102.67.167.110/32\",\"routes\":[{\"metric_loc_prf_weight\":0,\"next_hop\":\"102.67.167.162\",\"origin\":\"63911\",\"path\":[\"63911\"],\"prefix\":\"45.54.50.0/24\"}],\"session_name\":\"\",\"state\":\"Established\",\"status\":\"active\"},\"ipv6|2c0f:edb0:2000:1::41\":{\"comment\":\"Description: Craig's DevOps Demos - NBO - anycast-ingress-nbo.worker.demo IPv6\\nState: Active\\nConfig status: 1\\nLast update: 2025-10-06 08:50:00\",\"config_status\":\"1\",\"customer_ip\":\"2c0f:edb0:2000:1::1ba\",\"description\":\"Craig's DevOps Demos - NBO - anycast-ingress-nbo.worker.demo IPv6\",\"group_id\":3247,\"group_name\":\"Craig's DevOps Demos\",\"last_update\":\"2025-10-06 08:50:00\",\"local_ip\":\"2c0f:edb0:2000:1::1ba\",\"remote_ip\":\"2c0f:edb0:2000:1::41\",\"remote_ip_type\":\"ipv6\",\"remote_prefix\":\"2c0f:edb0:2000:1::41/128\",\"routes\":[],\"session_name\":\"\",\"state\":\"Active\",\"status\":\"failed\"}}\n\n🔧 BGP Session Details (JSON):\n\n  {\"group_id\":3247,\"group_name\":\"Craig's DevOps Demos\",\"sessions\":[{\"config_status\":\"1\",\"customer_asn\":63911,\"customer_peer_ip\":\"102.67.167.162\",\"description\":\"Craig's DevOps Demos - NBO - anycast-ingress-nbo.worker.demo IPv4\",\"group_id\":3247,\"group_name\":\"Craig's DevOps Demos\",\"id\":51179,\"last_update\":\"2025-10-06 08:49:59\",\"location_name\":\"NBO - Nairobi, KE\",\"locked\":false,\"mb_id\":0,\"provider_asn\":36236,\"provider_ip_type\":\"ipv4\",\"provider_peer_ip\":\"102.67.167.110\",\"routes_received\":\"[{\\\"path\\\": [\\\"63911\\\"], \\\"origin\\\": \\\"63911\\\", \\\"prefix\\\": \\\"45.54.50.0/24\\\", \\\"next_hop\\\": \\\"102.67.167.162\\\", \\\"metric_loc_prf_weight\\\": 0}]\",\"state\":\"Established\"},{\"config_status\":\"1\",\"customer_asn\":63911,\"customer_peer_ip\":\"2c0f:edb0:2000:1::1ba\",\"description\":\"Craig's DevOps Demos - NBO - anycast-ingress-nbo.worker.demo IPv6\",\"group_id\":3247,\"group_name\":\"Craig's DevOps Demos\",\"id\":51180,\"last_update\":\"2025-10-06 08:50:00\",\"location_name\":\"NBO - Nairobi, KE\",\"locked\":false,\"mb_id\":0,\"provider_asn\":36236,\"provider_ip_type\":\"ipv6\",\"provider_peer_ip\":\"2c0f:edb0:2000:1::41\",\"routes_received\":\"\",\"state\":\"Active\"}]}","custom_fields":{"na_asn":"63911","na_bgp_ipv4_prefix":"45.54.50.0/24","na_contract_id":"440","na_image":"Ubuntu 24.04 LTS (20240423)","na_image_id":"5787","na_location_id":"566","na_plan":"VR1x1x25","na_plan_id":"668","na_public_ipv4":"102.67.167.162","na_public_ipv6":"2c0f:edb0:2000:1::1ba","na_server_id":"572179","zz_bgp_connection_info":"102.67.167.110 (ipv4): state=Established config=1 locked=false last=2025-10-06 08:49:59\n2c0f:edb0:2000:1::41 (ipv6): state=Active config=1 locked=false last=2025-10-06 08:50:00","zz_bgp_local_info":"Hostname: anycast-ingress-nbo.worker.demo\nLocal ASN: 63911\nPublic IPv4: 102.67.167.162\nPublic IPv6: 2c0f:edb0:2000:1::1ba\nCustomer IPs: 102.67.167.162, 2c0f:edb0:2000:1::1ba","zz_bgp_remote_info":"Group: Craig's DevOps Demos\nProvider ASN: 36236\nProvider IPv4: 102.67.167.110\nProvider IPv6: 2c0f:edb0:2000:1::41","zz_bgp_routes_info":"45.54.50.0/24 via 102.67.167.162 (origin 63911)"},"description":"NetActuate plan VR1x1x25","device_id":0,"disk_size_mb":25600,"id":"63","local_context_data":"","memory_mb":1024,"name":"anycast-ingress-nbo.worker.demo","platform_id":0,"primary_ipv4":63,"primary_ipv6":0,"role_id":0,"site_id":67,"status":"active","tags":["anycast"],"tags_all":["anycast"],"tenant_id":0,"vcpus":1},"sensitive_attributes":[],"private":"eyJzY2hlbWFfdmVyc2lvbiI6IjIifQ==","dependencies":["module.pop.data.netactuate_bgp_sessions.vm","module.pop.data.netactuate_server.vm","module.pop.netactuate_server.vm","module.pop.netbox_cluster.this","module.pop.netbox_site.this","netbox_cluster_type.hypervisor","netbox_custom_field.na_asn","netbox_custom_field.na_bgp_ipv4_prefix","netbox_custom_field.na_contract_id","netbox_custom_field.na_image","netbox_custom_field.na_image_id","netbox_custom_field.na_location_id","netbox_custom_field.na_plan","netbox_custom_field.na_plan_id","netbox_custom_field.na_public_ipv4","netbox_custom_field.na_public_ipv6","netbox_custom_field.na_server_id","netbox_custom_field.zz_bgp_connection_info","netbox_custom_field.zz_bgp_local_info","netbox_custom_field.zz_bgp_remote_info","netbox_custom_field.zz_bgp_routes_info","netbox_tag.anycast"]}]},{"module":"module.pop[\"OTP\"]","mode":"data","type":"netactuate_bgp_sessions","name":"vm","provider":"provider[\"registry.opentofu.org/netactuate/netactuate\"]","instances":[{"schema_version":0,"attributes":{"id":"572176","mbpkgid":572176,"sessions":[{"config_status":"1","customer_asn":63911,"customer_peer_ip":"2a00:dd80:10::48","description":"Craig's DevOps Demos - OTP - anycast-ingress-otp.worker.demo IPv6","group_id":3247,"group_name":"Craig's DevOps Demos","id":51178,"last_update":"2025-10-06 08:49:30","location_name":"OTP - Bucharest, RO","locked":false,"mb_id":0,"provider_asn":36236,"provider_ip_type":"ipv6","provider_peer_ip":"2a00:dd80:10::1c","routes_received":"","state":"Active"},{"config_status":"1","customer_asn":63911,"customer_peer_ip":"185.40.235.254","description":"Craig's DevOps Demos - OTP - anycast-ingress-otp.worker.demo IPv4","group_id":3247,"group_name":"Craig's DevOps Demos","id":51177,"last_update":"2025-10-06 08:49:31","location_name":"OTP - Bucharest, RO","locked":false,"mb_id":0,"provider_asn":36236,"provider_ip_type":"ipv4","provider_peer_ip":"185.40.235.123","routes_received":"[{\"path\": [\"63911\"], \"origin\": \"63911\", \"prefix\": \"45.54.50.0/24\", \"next_hop\": \"185.40.235.254\", \"metric_loc_prf_weight\": 0}]","state":"Established"}]},"sensitive_attributes":[]}]},{"module":"module.pop[\"OTP\"]","mode":"data","type":"netactuate_server","name":"vm","provider":"provider[\"registry.opentofu.org/netactuate/netactuate\"]","instances":[{"schema_version":0,"attributes":{"bgp_peers":[{"group_id":3247,"ipv4":["185.40.235.123"],"ipv6":["2a00:dd80:10::1c"],"localasn":63911,"localpeerv4":"185.40.235.254","localpeerv6":"2a00:dd80:10::48","peerasn":36236}],"hostname":"anycast-ingress-otp.worker.demo","id":572176,"image":"Ubuntu 24.04 LTS (20240423)","image_id":5787,"ip_v4":"185.40.235.254","ip_v6":"2a00:dd80:10::48","location_id":146,"package":"VR1x1x25","plan_id":668,"public_ipv4":"185.40.235.254","public_ipv6":"2a00:dd80:10::48","state":"UP","status":"RUNNING"},"sensitive_attributes":[]}]},{"module":"module.pop[\"OTP\"]","mode":"managed","type":"netactuate_bgp_sessions","name":"bgp","provider":"provider[\"registry.opentofu.org/netactuate/netactuate\"]","instances":[{"index_key":0,"schema_version":0,"attributes":{"group_id":3247,"id":"572176","ipv6":true,"mbpkgid":572176,"redundant":false},"sensitive_attributes":[],"private":"bnVsbA==","dependencies":["module.pop.netactuate_server.vm","netbox_custom_field.na_asn","netbox_custom_field.na_bgp_ipv4_prefix","netbox_custom_field.na_contract_id","netbox_custom_field.na_image","netbox_custom_field.na_image_id","netbox_custom_field.na_location_id","netbox_custom_field.na_plan","netbox_custom_field.na_plan_id","netbox_custom_field.na_public_ipv4","netbox_custom_field.na_public_ipv6","netbox_custom_field.na_server_id","netbox_custom_field.zz_bgp_connection_info","netbox_custom_field.zz_bgp_local_info","netbox_custom_field.zz_bgp_remote_info","netbox_custom_field.zz_bgp_routes_info"]}]},{"module":"module.pop[\"OTP\"]","mode":"managed","type":"netactuate_server","name":"vm","provider":"provider[\"registry.opentofu.org/netactuate/netactuate\"]","instances":[{"schema_version":0,"attributes":{"cloud_config":null,"hostname":"anycast-ingress-otp.worker.demo","id":"572176","image":null,"image_id":5787,"location":null,"location_id":146,"package_billing":"usage","package_billing_contract_id":"440","package_billing_opt_in":null,"params":"","password":null,"plan":"VR1x1x25","primary_ipv4":"185.40.235.254","primary_ipv6":"2a00:dd80:10::48","ssh_key":null,"ssh_key_id":8199,"user_data":null,"user_data_base64":null},"sensitive_attributes":[[{"type":"get_attr","value":"password"}]],"private":"bnVsbA==","dependencies":["netbox_custom_field.na_asn","netbox_custom_field.na_bgp_ipv4_prefix","netbox_custom_field.na_contract_id","netbox_custom_field.na_image","netbox_custom_field.na_image_id","netbox_custom_field.na_location_id","netbox_custom_field.na_plan","netbox_custom_field.na_plan_id","netbox_custom_field.na_public_ipv4","netbox_custom_field.na_public_ipv6","netbox_custom_field.na_server_id","netbox_custom_field.zz_bgp_connection_info","netbox_custom_field.zz_bgp_local_info","netbox_custom_field.zz_bgp_remote_info","netbox_custom_field.zz_bgp_routes_info"]}]},{"module":"module.pop[\"OTP\"]","mode":"managed","type":"netbox_cluster","name":"this","provider":"provider[\"registry.opentofu.org/e-breuninger/netbox\"]","instances":[{"schema_version":0,"attributes":{"cluster_group_id":0,"cluster_type_id":6,"comments":"","description":"","id":"64","name":"OTP-cluster","site_id":63,"tags":[],"tags_all":[],"tenant_id":0},"sensitive_attributes":[],"private":"bnVsbA==","dependencies":["module.pop.netbox_site.this","netbox_cluster_type.hypervisor","netbox_custom_field.na_asn","netbox_custom_field.na_bgp_ipv4_prefix","netbox_custom_field.na_contract_id","netbox_custom_field.na_image","netbox_custom_field.na_image_id","netbox_custom_field.na_location_id","netbox_custom_field.na_plan","netbox_custom_field.na_plan_id","netbox_custom_field.na_public_ipv4","netbox_custom_field.na_public_ipv6","netbox_custom_field.na_server_id","netbox_custom_field.zz_bgp_connection_info","netbox_custom_field.zz_bgp_local_info","netbox_custom_field.zz_bgp_remote_info","netbox_custom_field.zz_bgp_routes_info"]}]},{"module":"module.pop[\"OTP\"]","mode":"managed","type":"netbox_device","name":"this","provider":"provider[\"registry.opentofu.org/e-breuninger/netbox\"]","instances":[{"schema_version":0,"attributes":{"asset_tag":"","cluster_id":0,"comments":"","config_template_id":0,"custom_fields":null,"description":"","device_type_id":1,"id":"22","local_context_data":"","location_id":0,"name":"anycast-ingress-otp.worker.demo","platform_id":0,"primary_ipv4":0,"primary_ipv6":0,"rack_face":"","rack_id":0,"rack_position":0,"role_id":1,"serial":"","site_id":63,"status":"active","tags":["anycast"],"tags_all":["anycast"],"tenant_id":0,"virtual_chassis_id":0,"virtual_chassis_master":false,"virtual_chassis_position":0,"virtual_chassis_priority":0},"sensitive_attributes":[],"private":"bnVsbA==","dependencies":["module.pop.netactuate_server.vm","module.pop.netbox_site.this","netbox_custom_field.na_asn","netbox_custom_field.na_bgp_ipv4_prefix","netbox_custom_field.na_contract_id","netbox_custom_field.na_image","netbox_custom_field.na_image_id","netbox_custom_field.na_location_id","netbox_custom_field.na_plan","netbox_custom_field.na_plan_id","netbox_custom_field.na_public_ipv4","netbox_custom_field.na_public_ipv6","netbox_custom_field.na_server_id","netbox_custom_field.zz_bgp_connection_info","netbox_custom_field.zz_bgp_local_info","netbox_custom_field.zz_bgp_remote_info","netbox_custom_field.zz_bgp_routes_info","netbox_device_role.anycast_worker","netbox_device_type.anycast_worker","netbox_manufacturer.netactuate","netbox_tag.anycast"]}]},{"module":"module.pop[\"OTP\"]","mode":"managed","type":"netbox_interface","name":"eth0","provider":"provider[\"registry.opentofu.org/e-breuninger/netbox\"]","instances":[{"schema_version":0,"attributes":{"description":"","enabled":true,"id":"60","mac_address":"","mode":null,"mtu":0,"name":"eth0","tagged_vlans":[],"tags":[],"tags_all":[],"type":null,"untagged_vlan":null,"virtual_machine_id":61},"sensitive_attributes":[],"private":"bnVsbA==","dependencies":["module.pop.data.netactuate_bgp_sessions.vm","module.pop.data.netactuate_server.vm","module.pop.netactuate_server.vm","module.pop.netbox_cluster.this","module.pop.netbox_site.this","module.pop.netbox_virtual_machine.this","netbox_cluster_type.hypervisor","netbox_custom_field.na_asn","netbox_custom_field.na_bgp_ipv4_prefix","netbox_custom_field.na_contract_id","netbox_custom_field.na_image","netbox_custom_field.na_image_id","netbox_custom_field.na_location_id","netbox_custom_field.na_plan","netbox_custom_field.na_plan_id","netbox_custom_field.na_public_ipv4","netbox_custom_field.na_public_ipv6","netbox_custom_field.na_server_id","netbox_custom_field.zz_bgp_connection_info","netbox_custom_field.zz_bgp_local_info","netbox_custom_field.zz_bgp_remote_info","netbox_custom_field.zz_bgp_routes_info","netbox_tag.anycast"]}]},{"module":"module.pop[\"OTP\"]","mode":"managed","type":"netbox_ip_address","name":"public_v4","provider":"provider[\"registry.opentofu.org/e-breuninger/netbox\"]","instances":[{"schema_version":0,"attributes":{"custom_fields":null,"description":"","device_interface_id":null,"dns_name":"anycast-ingress-otp.worker.demo","id":"60","interface_id":null,"ip_address":"185.40.235.254/32","nat_inside_address_id":0,"nat_outside_addresses":[],"object_type":null,"role":"","status":"active","tags":[],"tags_all":[],"tenant_id":0,"virtual_machine_interface_id":60,"vrf_id":0},"sensitive_attributes":[],"private":"bnVsbA==","dependencies":["module.pop.data.netactuate_bgp_sessions.vm","module.pop.data.netactuate_server.vm","module.pop.netactuate_server.vm","module.pop.netbox_cluster.this","module.pop.netbox_interface.eth0","module.pop.netbox_site.this","module.pop.netbox_virtual_machine.this","netbox_cluster_type.hypervisor","netbox_custom_field.na_asn","netbox_custom_field.na_bgp_ipv4_prefix","netbox_custom_field.na_bgp_peers","netbox_custom_field.na_bgp_session_details","netbox_custom_field.na_contract_id","netbox_custom_field.na_image","netbox_custom_field.na_image_id","netbox_custom_field.na_location_id","netbox_custom_field.na_plan","netbox_custom_field.na_plan_id","netbox_custom_field.na_public_ipv4","netbox_custom_field.na_public_ipv6","netbox_custom_field.na_server_id","netbox_custom_field.zz_bgp_connection_info","netbox_custom_field.zz_bgp_local_info","netbox_custom_field.zz_bgp_remote_info","netbox_custom_field.zz_bgp_routes_info","netbox_tag.anycast"]}]},{"module":"module.pop[\"OTP\"]","mode":"managed","type":"netbox_primary_ip","name":"vm_primary_v4","provider":"provider[\"registry.opentofu.org/e-breuninger/netbox\"]","instances":[{"schema_version":0,"attributes":{"id":"61","ip_address_id":60,"ip_address_version":4,"virtual_machine_id":61},"sensitive_attributes":[],"private":"bnVsbA==","dependencies":["module.pop.data.netactuate_bgp_sessions.vm","module.pop.data.netactuate_server.vm","module.pop.netactuate_server.vm","module.pop.netbox_cluster.this","module.pop.netbox_interface.eth0","module.pop.netbox_ip_address.public_v4","module.pop.netbox_site.this","module.pop.netbox_virtual_machine.this","netbox_cluster_type.hypervisor","netbox_custom_field.na_asn","netbox_custom_field.na_bgp_ipv4_prefix","netbox_custom_field.na_contract_id","netbox_custom_field.na_image","netbox_custom_field.na_image_id","netbox_custom_field.na_location_id","netbox_custom_field.na_plan","netbox_custom_field.na_plan_id","netbox_custom_field.na_public_ipv4","netbox_custom_field.na_public_ipv6","netbox_custom_field.na_server_id","netbox_custom_field.zz_bgp_connection_info","netbox_custom_field.zz_bgp_local_info","netbox_custom_field.zz_bgp_remote_info","netbox_custom_field.zz_bgp_routes_info","netbox_tag.anycast"]}]},{"module":"module.pop[\"OTP\"]","mode":"managed","type":"netbox_service","name":"bgp179","provider":"provider[\"registry.opentofu.org/e-breuninger/netbox\"]","instances":[{"schema_version":0,"attributes":{"custom_fields":null,"description":"Anycast ingress BGP (TCP/179)","device_id":0,"id":"60","name":"bgp","port":null,"ports":[179],"protocol":"tcp","tags":[],"tags_all":[],"virtual_machine_id":61},"sensitive_attributes":[],"private":"bnVsbA==","dependencies":["module.pop.data.netactuate_bgp_sessions.vm","module.pop.data.netactuate_server.vm","module.pop.netactuate_server.vm","module.pop.netbox_cluster.this","module.pop.netbox_site.this","module.pop.netbox_virtual_machine.this","netbox_cluster_type.hypervisor","netbox_custom_field.na_asn","netbox_custom_field.na_bgp_ipv4_prefix","netbox_custom_field.na_contract_id","netbox_custom_field.na_image","netbox_custom_field.na_image_id","netbox_custom_field.na_location_id","netbox_custom_field.na_plan","netbox_custom_field.na_plan_id","netbox_custom_field.na_public_ipv4","netbox_custom_field.na_public_ipv6","netbox_custom_field.na_server_id","netbox_custom_field.zz_bgp_connection_info","netbox_custom_field.zz_bgp_local_info","netbox_custom_field.zz_bgp_remote_info","netbox_custom_field.zz_bgp_routes_info","netbox_tag.anycast"]}]},{"module":"module.pop[\"OTP\"]","mode":"managed","type":"netbox_site","name":"this","provider":"provider[\"registry.opentofu.org/e-breuninger/netbox\"]","instances":[{"schema_version":0,"attributes":{"asn_ids":[],"comments":"","custom_fields":null,"description":"NetActuate PoP OTP","facility":"","group_id":0,"id":"63","latitude":0,"longitude":0,"name":"OTP","physical_address":"","region_id":0,"shipping_address":"","slug":"otp","status":"active","tags":[],"tags_all":[],"tenant_id":0,"timezone":""},"sensitive_attributes":[],"private":"bnVsbA==","dependencies":["netbox_custom_field.na_asn","netbox_custom_field.na_bgp_ipv4_prefix","netbox_custom_field.na_contract_id","netbox_custom_field.na_image","netbox_custom_field.na_image_id","netbox_custom_field.na_location_id","netbox_custom_field.na_plan","netbox_custom_field.na_plan_id","netbox_custom_field.na_public_ipv4","netbox_custom_field.na_public_ipv6","netbox_custom_field.na_server_id","netbox_custom_field.zz_bgp_connection_info","netbox_custom_field.zz_bgp_local_info","netbox_custom_field.zz_bgp_remote_info","netbox_custom_field.zz_bgp_routes_info"]}]},{"module":"module.pop[\"OTP\"]","mode":"managed","type":"netbox_virtual_machine","name":"this","provider":"provider[\"registry.opentofu.org/e-breuninger/netbox\"]","instances":[{"schema_version":2,"attributes":{"cluster_id":64,"comments":"🚀 NetActuate Server Details:\n\n  • Server ID: 572176\n\n  • Contract ID: 440\n\n  • Location ID: 146\n\n  • Image: Ubuntu 24.04 LTS (20240423) (ID 5787)\n\n  • IPv4 Prefix: 45.54.50.0/24\n\n📋 BGP Local Info:\n\n  Hostname: anycast-ingress-otp.worker.demo\nLocal ASN: 63911\nPublic IPv4: 185.40.235.254\nPublic IPv6: 2a00:dd80:10::48\nCustomer IPs: 2a00:dd80:10::48, 185.40.235.254\n\n🌐 BGP Remote Info:\n\n  Group: Craig's DevOps Demos\nProvider ASN: 36236\nProvider IPv4: 185.40.235.123\nProvider IPv6: 2a00:dd80:10::1c\n\n🔗 BGP Connection Status:\n\n  2a00:dd80:10::1c (ipv6): state=Active config=1 locked=false last=2025-10-06 08:49:30\n185.40.235.123 (ipv4): state=Established config=1 locked=false last=2025-10-06 08:49:31\n\n📊 BGP Routes:\n\n  45.54.50.0/24 via 185.40.235.254 (origin 63911)\n\n📡 BGP Peers (JSON):\n\n  {\"ipv4|185.40.235.123\":{\"comment\":\"Description: Craig's DevOps Demos - OTP - anycast-ingress-otp.worker.demo IPv4\\nState: Established\\nConfig status: 1\\nLast update: 2025-10-06 08:49:31\\nRoutes: 45.54.50.0/24 via 185.40.235.254\",\"config_status\":\"1\",\"customer_ip\":\"185.40.235.254\",\"description\":\"Craig's DevOps Demos - OTP - anycast-ingress-otp.worker.demo IPv4\",\"group_id\":3247,\"group_name\":\"Craig's DevOps Demos\",\"last_update\":\"2025-10-06 08:49:31\",\"local_ip\":\"185.40.235.254\",\"remote_ip\":\"185.40.235.123\",\"remote_ip_type\":\"ipv4\",\"remote_prefix\":\"185.40.235.123/32\",\"routes\":[{\"metric_loc_prf_weight\":0,\"next_hop\":\"185.40.235.254\",\"origin\":\"63911\",\"path\":[\"63911\"],\"prefix\":\"45.54.50.0/24\"}],\"session_name\":\"\",\"state\":\"Established\",\"status\":\"active\"},\"ipv6|2a00:dd80:10::1c\":{\"comment\":\"Description: Craig's DevOps Demos - OTP - anycast-ingress-otp.worker.demo IPv6\\nState: Active\\nConfig status: 1\\nLast update: 2025-10-06 08:49:30\",\"config_status\":\"1\",\"customer_ip\":\"2a00:dd80:10::48\",\"description\":\"Craig's DevOps Demos - OTP - anycast-ingress-otp.worker.demo IPv6\",\"group_id\":3247,\"group_name\":\"Craig's DevOps Demos\",\"last_update\":\"2025-10-06 08:49:30\",\"local_ip\":\"2a00:dd80:10::48\",\"remote_ip\":\"2a00:dd80:10::1c\",\"remote_ip_type\":\"ipv6\",\"remote_prefix\":\"2a00:dd80:10::1c/128\",\"routes\":[],\"session_name\":\"\",\"state\":\"Active\",\"status\":\"failed\"}}\n\n🔧 BGP Session Details (JSON):\n\n  {\"group_id\":3247,\"group_name\":\"Craig's DevOps Demos\",\"sessions\":[{\"config_status\":\"1\",\"customer_asn\":63911,\"customer_peer_ip\":\"2a00:dd80:10::48\",\"description\":\"Craig's DevOps Demos - OTP - anycast-ingress-otp.worker.demo IPv6\",\"group_id\":3247,\"group_name\":\"Craig's DevOps Demos\",\"id\":51178,\"last_update\":\"2025-10-06 08:49:30\",\"location_name\":\"OTP - Bucharest, RO\",\"locked\":false,\"mb_id\":0,\"provider_asn\":36236,\"provider_ip_type\":\"ipv6\",\"provider_peer_ip\":\"2a00:dd80:10::1c\",\"routes_received\":\"\",\"state\":\"Active\"},{\"config_status\":\"1\",\"customer_asn\":63911,\"customer_peer_ip\":\"185.40.235.254\",\"description\":\"Craig's DevOps Demos - OTP - anycast-ingress-otp.worker.demo IPv4\",\"group_id\":3247,\"group_name\":\"Craig's DevOps Demos\",\"id\":51177,\"last_update\":\"2025-10-06 08:49:31\",\"location_name\":\"OTP - Bucharest, RO\",\"locked\":false,\"mb_id\":0,\"provider_asn\":36236,\"provider_ip_type\":\"ipv4\",\"provider_peer_ip\":\"185.40.235.123\",\"routes_received\":\"[{\\\"path\\\": [\\\"63911\\\"], \\\"origin\\\": \\\"63911\\\", \\\"prefix\\\": \\\"45.54.50.0/24\\\", \\\"next_hop\\\": \\\"185.40.235.254\\\", \\\"metric_loc_prf_weight\\\": 0}]\",\"state\":\"Established\"}]}","custom_fields":{"na_asn":"63911","na_bgp_ipv4_prefix":"45.54.50.0/24","na_contract_id":"440","na_image":"Ubuntu 24.04 LTS (20240423)","na_image_id":"5787","na_location_id":"146","na_plan":"VR1x1x25","na_plan_id":"668","na_public_ipv4":"185.40.235.254","na_public_ipv6":"2a00:dd80:10::48","na_server_id":"572176","zz_bgp_connection_info":"2a00:dd80:10::1c (ipv6): state=Active config=1 locked=false last=2025-10-06 08:49:30\n185.40.235.123 (ipv4): state=Established config=1 locked=false last=2025-10-06 08:49:31","zz_bgp_local_info":"Hostname: anycast-ingress-otp.worker.demo\nLocal ASN: 63911\nPublic IPv4: 185.40.235.254\nPublic IPv6: 2a00:dd80:10::48\nCustomer IPs: 2a00:dd80:10::48, 185.40.235.254","zz_bgp_remote_info":"Group: Craig's DevOps Demos\nProvider ASN: 36236\nProvider IPv4: 185.40.235.123\nProvider IPv6: 2a00:dd80:10::1c","zz_bgp_routes_info":"45.54.50.0/24 via 185.40.235.254 (origin 63911)"},"description":"NetActuate plan VR1x1x25","device_id":0,"disk_size_mb":25600,"id":"61","local_context_data":"","memory_mb":1024,"name":"anycast-ingress-otp.worker.demo","platform_id":0,"primary_ipv4":60,"primary_ipv6":0,"role_id":0,"site_id":63,"status":"active","tags":["anycast"],"tags_all":["anycast"],"tenant_id":0,"vcpus":1},"sensitive_attributes":[],"private":"eyJzY2hlbWFfdmVyc2lvbiI6IjIifQ==","dependencies":["module.pop.data.netactuate_bgp_sessions.vm","module.pop.data.netactuate_server.vm","module.pop.netactuate_server.vm","module.pop.netbox_cluster.this","module.pop.netbox_site.this","netbox_cluster_type.hypervisor","netbox_custom_field.na_asn","netbox_custom_field.na_bgp_ipv4_prefix","netbox_custom_field.na_contract_id","netbox_custom_field.na_image","netbox_custom_field.na_image_id","netbox_custom_field.na_location_id","netbox_custom_field.na_plan","netbox_custom_field.na_plan_id","netbox_custom_field.na_public_ipv4","netbox_custom_field.na_public_ipv6","netbox_custom_field.na_server_id","netbox_custom_field.zz_bgp_connection_info","netbox_custom_field.zz_bgp_local_info","netbox_custom_field.zz_bgp_remote_info","netbox_custom_field.zz_bgp_routes_info","netbox_tag.anycast"]}]},{"module":"module.pop[\"PDX\"]","mode":"data","type":"netactuate_bgp_sessions","name":"vm","provider":"provider[\"registry.opentofu.org/netactuate/netactuate\"]","instances":[{"schema_version":0,"attributes":{"id":"572147","mbpkgid":572147,"sessions":[{"config_status":"1","customer_asn":63911,"customer_peer_ip":"104.225.28.189","description":"Craig's DevOps Demos - PDX.ANYCAST.NET - anycast-ingress-pdx.worker.demo IPv4","group_id":3247,"group_name":"Craig's DevOps Demos","id":51123,"last_update":"2025-10-06 08:51:43","location_name":"PDX - Portland, OR","locked":false,"mb_id":0,"provider_asn":36236,"provider_ip_type":"ipv4","provider_peer_ip":"104.225.28.192","routes_received":"[{\"path\": [\"63911\"], \"origin\": \"63911\", \"prefix\": \"45.54.50.0/24\", \"next_hop\": \"104.225.28.189\", \"metric_loc_prf_weight\": 0}]","state":"Established"},{"config_status":"1","customer_asn":63911,"customer_peer_ip":"2607:f740:28:c::1cf","description":"Craig's DevOps Demos - PDX.ANYCAST.NET - anycast-ingress-pdx.worker.demo IPv6","group_id":3247,"group_name":"Craig's DevOps Demos","id":51124,"last_update":"2025-10-06 08:51:44","location_name":"PDX - Portland, OR","locked":false,"mb_id":0,"provider_asn":36236,"provider_ip_type":"ipv6","provider_peer_ip":"2607:f740:28:c::1d2","routes_received":"","state":"Active"}]},"sensitive_attributes":[]}]},{"module":"module.pop[\"PDX\"]","mode":"data","type":"netactuate_server","name":"vm","provider":"provider[\"registry.opentofu.org/netactuate/netactuate\"]","instances":[{"schema_version":0,"attributes":{"bgp_peers":[{"group_id":3247,"ipv4":["104.225.28.192"],"ipv6":["2607:f740:28:c::1d2"],"localasn":63911,"localpeerv4":"104.225.28.189","localpeerv6":"2607:f740:28:c::1cf","peerasn":36236}],"hostname":"anycast-ingress-pdx.worker.demo","id":572147,"image":"Ubuntu 24.04 LTS (20240423)","image_id":5787,"ip_v4":"104.225.28.189","ip_v6":"2607:f740:28:c::1cf","location_id":571,"package":"VR1x1x25","plan_id":668,"public_ipv4":"104.225.28.189","public_ipv6":"2607:f740:28:c::1cf","state":"UP","status":"RUNNING"},"sensitive_attributes":[]}]},{"module":"module.pop[\"PDX\"]","mode":"managed","type":"netactuate_bgp_sessions","name":"bgp","provider":"provider[\"registry.opentofu.org/netactuate/netactuate\"]","instances":[{"index_key":0,"schema_version":0,"attributes":{"group_id":3247,"id":"572147","ipv6":true,"mbpkgid":572147,"redundant":false},"sensitive_attributes":[],"private":"bnVsbA==","dependencies":["module.pop.netactuate_server.vm","netbox_custom_field.na_asn","netbox_custom_field.na_bgp_ipv4_prefix","netbox_custom_field.na_contract_id","netbox_custom_field.na_image","netbox_custom_field.na_image_id","netbox_custom_field.na_location_id","netbox_custom_field.na_plan","netbox_custom_field.na_plan_id","netbox_custom_field.na_public_ipv4","netbox_custom_field.na_public_ipv6","netbox_custom_field.na_server_id","netbox_custom_field.zz_bgp_connection_info","netbox_custom_field.zz_bgp_local_info","netbox_custom_field.zz_bgp_remote_info","netbox_custom_field.zz_bgp_routes_info"]}]},{"module":"module.pop[\"PDX\"]","mode":"managed","type":"netactuate_server","name":"vm","provider":"provider[\"registry.opentofu.org/netactuate/netactuate\"]","instances":[{"schema_version":0,"attributes":{"cloud_config":null,"hostname":"anycast-ingress-pdx.worker.demo","id":"572147","image":null,"image_id":5787,"location":null,"location_id":571,"package_billing":"usage","package_billing_contract_id":"440","package_billing_opt_in":null,"params":"","password":null,"plan":"VR1x1x25","primary_ipv4":"104.225.28.189","primary_ipv6":"2607:f740:28:c::1cf","ssh_key":null,"ssh_key_id":8199,"user_data":null,"user_data_base64":null},"sensitive_attributes":[[{"type":"get_attr","value":"password"}]],"private":"bnVsbA==","dependencies":["netbox_custom_field.na_asn","netbox_custom_field.na_bgp_ipv4_prefix","netbox_custom_field.na_contract_id","netbox_custom_field.na_image","netbox_custom_field.na_image_id","netbox_custom_field.na_location_id","netbox_custom_field.na_plan","netbox_custom_field.na_plan_id","netbox_custom_field.na_public_ipv4","netbox_custom_field.na_public_ipv6","netbox_custom_field.na_server_id","netbox_custom_field.zz_bgp_connection_info","netbox_custom_field.zz_bgp_local_info","netbox_custom_field.zz_bgp_remote_info","netbox_custom_field.zz_bgp_routes_info"]}]},{"module":"module.pop[\"PDX\"]","mode":"managed","type":"netbox_cluster","name":"this","provider":"provider[\"registry.opentofu.org/e-breuninger/netbox\"]","instances":[{"schema_version":0,"attributes":{"cluster_group_id":0,"cluster_type_id":6,"comments":"","description":"","id":"41","name":"PDX-cluster","site_id":43,"tags":[],"tags_all":[],"tenant_id":0},"sensitive_attributes":[],"private":"bnVsbA==","dependencies":["module.pop.netbox_site.this","netbox_cluster_type.hypervisor","netbox_custom_field.na_asn","netbox_custom_field.na_bgp_ipv4_prefix","netbox_custom_field.na_contract_id","netbox_custom_field.na_image","netbox_custom_field.na_image_id","netbox_custom_field.na_location_id","netbox_custom_field.na_plan","netbox_custom_field.na_plan_id","netbox_custom_field.na_public_ipv4","netbox_custom_field.na_public_ipv6","netbox_custom_field.na_server_id","netbox_custom_field.zz_bgp_connection_info","netbox_custom_field.zz_bgp_local_info","netbox_custom_field.zz_bgp_remote_info","netbox_custom_field.zz_bgp_routes_info"]}]},{"module":"module.pop[\"PDX\"]","mode":"managed","type":"netbox_device","name":"this","provider":"provider[\"registry.opentofu.org/e-breuninger/netbox\"]","instances":[{"schema_version":0,"attributes":{"asset_tag":"","cluster_id":0,"comments":"","config_template_id":0,"custom_fields":null,"description":"","device_type_id":1,"id":"4","local_context_data":"","location_id":0,"name":"anycast-ingress-pdx.worker.demo","platform_id":0,"primary_ipv4":0,"primary_ipv6":0,"rack_face":"","rack_id":0,"rack_position":0,"role_id":1,"serial":"","site_id":43,"status":"active","tags":["anycast"],"tags_all":["anycast"],"tenant_id":0,"virtual_chassis_id":0,"virtual_chassis_master":false,"virtual_chassis_position":0,"virtual_chassis_priority":0},"sensitive_attributes":[],"private":"bnVsbA==","dependencies":["module.pop.netactuate_server.vm","module.pop.netbox_site.this","netbox_custom_field.na_asn","netbox_custom_field.na_bgp_ipv4_prefix","netbox_custom_field.na_contract_id","netbox_custom_field.na_image","netbox_custom_field.na_image_id","netbox_custom_field.na_location_id","netbox_custom_field.na_plan","netbox_custom_field.na_plan_id","netbox_custom_field.na_public_ipv4","netbox_custom_field.na_public_ipv6","netbox_custom_field.na_server_id","netbox_custom_field.zz_bgp_connection_info","netbox_custom_field.zz_bgp_local_info","netbox_custom_field.zz_bgp_remote_info","netbox_custom_field.zz_bgp_routes_info","netbox_device_role.anycast_worker","netbox_device_type.anycast_worker","netbox_manufacturer.netactuate","netbox_tag.anycast"]}]},{"module":"module.pop[\"PDX\"]","mode":"managed","type":"netbox_interface","name":"eth0","provider":"provider[\"registry.opentofu.org/e-breuninger/netbox\"]","instances":[{"schema_version":0,"attributes":{"description":"","enabled":true,"id":"35","mac_address":"","mode":null,"mtu":0,"name":"eth0","tagged_vlans":[],"tags":[],"tags_all":[],"type":null,"untagged_vlan":null,"virtual_machine_id":35},"sensitive_attributes":[],"private":"bnVsbA==","dependencies":["module.pop.data.netactuate_bgp_sessions.vm","module.pop.data.netactuate_server.vm","module.pop.netactuate_server.vm","module.pop.netbox_cluster.this","module.pop.netbox_site.this","module.pop.netbox_virtual_machine.this","netbox_cluster_type.hypervisor","netbox_custom_field.na_asn","netbox_custom_field.na_bgp_ipv4_prefix","netbox_custom_field.na_contract_id","netbox_custom_field.na_image","netbox_custom_field.na_image_id","netbox_custom_field.na_location_id","netbox_custom_field.na_plan","netbox_custom_field.na_plan_id","netbox_custom_field.na_public_ipv4","netbox_custom_field.na_public_ipv6","netbox_custom_field.na_server_id","netbox_custom_field.zz_bgp_connection_info","netbox_custom_field.zz_bgp_local_info","netbox_custom_field.zz_bgp_remote_info","netbox_custom_field.zz_bgp_routes_info","netbox_tag.anycast"]}]},{"module":"module.pop[\"PDX\"]","mode":"managed","type":"netbox_ip_address","name":"public_v4","provider":"provider[\"registry.opentofu.org/e-breuninger/netbox\"]","instances":[{"schema_version":0,"attributes":{"custom_fields":null,"description":"","device_interface_id":null,"dns_name":"anycast-ingress-pdx.worker.demo","id":"36","interface_id":null,"ip_address":"104.225.28.189/32","nat_inside_address_id":0,"nat_outside_addresses":[],"object_type":null,"role":"","status":"active","tags":[],"tags_all":[],"tenant_id":0,"virtual_machine_interface_id":35,"vrf_id":0},"sensitive_attributes":[],"private":"bnVsbA==","dependencies":["module.pop.data.netactuate_bgp_sessions.vm","module.pop.data.netactuate_server.vm","module.pop.netactuate_server.vm","module.pop.netbox_cluster.this","module.pop.netbox_interface.eth0","module.pop.netbox_site.this","module.pop.netbox_virtual_machine.this","netbox_cluster_type.hypervisor","netbox_custom_field.na_asn","netbox_custom_field.na_bgp_ipv4_prefix","netbox_custom_field.na_bgp_peers","netbox_custom_field.na_bgp_session_details","netbox_custom_field.na_contract_id","netbox_custom_field.na_image","netbox_custom_field.na_image_id","netbox_custom_field.na_location_id","netbox_custom_field.na_plan","netbox_custom_field.na_plan_id","netbox_custom_field.na_public_ipv4","netbox_custom_field.na_public_ipv6","netbox_custom_field.na_server_id","netbox_custom_field.zz_bgp_connection_info","netbox_custom_field.zz_bgp_local_info","netbox_custom_field.zz_bgp_remote_info","netbox_custom_field.zz_bgp_routes_info","netbox_tag.anycast"]}]},{"module":"module.pop[\"PDX\"]","mode":"managed","type":"netbox_primary_ip","name":"vm_primary_v4","provider":"provider[\"registry.opentofu.org/e-breuninger/netbox\"]","instances":[{"schema_version":0,"attributes":{"id":"35","ip_address_id":36,"ip_address_version":4,"virtual_machine_id":35},"sensitive_attributes":[],"private":"bnVsbA==","dependencies":["module.pop.data.netactuate_bgp_sessions.vm","module.pop.data.netactuate_server.vm","module.pop.netactuate_server.vm","module.pop.netbox_cluster.this","module.pop.netbox_interface.eth0","module.pop.netbox_ip_address.public_v4","module.pop.netbox_site.this","module.pop.netbox_virtual_machine.this","netbox_cluster_type.hypervisor","netbox_custom_field.na_asn","netbox_custom_field.na_bgp_ipv4_prefix","netbox_custom_field.na_contract_id","netbox_custom_field.na_image","netbox_custom_field.na_image_id","netbox_custom_field.na_location_id","netbox_custom_field.na_plan","netbox_custom_field.na_plan_id","netbox_custom_field.na_public_ipv4","netbox_custom_field.na_public_ipv6","netbox_custom_field.na_server_id","netbox_custom_field.zz_bgp_connection_info","netbox_custom_field.zz_bgp_local_info","netbox_custom_field.zz_bgp_remote_info","netbox_custom_field.zz_bgp_routes_info","netbox_tag.anycast"]}]},{"module":"module.pop[\"PDX\"]","mode":"managed","type":"netbox_service","name":"bgp179","provider":"provider[\"registry.opentofu.org/e-breuninger/netbox\"]","instances":[{"schema_version":0,"attributes":{"custom_fields":null,"description":"Anycast ingress BGP (TCP/179)","device_id":0,"id":"35","name":"bgp","port":null,"ports":[179],"protocol":"tcp","tags":[],"tags_all":[],"virtual_machine_id":35},"sensitive_attributes":[],"private":"bnVsbA==","dependencies":["module.pop.data.netactuate_bgp_sessions.vm","module.pop.data.netactuate_server.vm","module.pop.netactuate_server.vm","module.pop.netbox_cluster.this","module.pop.netbox_site.this","module.pop.netbox_virtual_machine.this","netbox_cluster_type.hypervisor","netbox_custom_field.na_asn","netbox_custom_field.na_bgp_ipv4_prefix","netbox_custom_field.na_contract_id","netbox_custom_field.na_image","netbox_custom_field.na_image_id","netbox_custom_field.na_location_id","netbox_custom_field.na_plan","netbox_custom_field.na_plan_id","netbox_custom_field.na_public_ipv4","netbox_custom_field.na_public_ipv6","netbox_custom_field.na_server_id","netbox_custom_field.zz_bgp_connection_info","netbox_custom_field.zz_bgp_local_info","netbox_custom_field.zz_bgp_remote_info","netbox_custom_field.zz_bgp_routes_info","netbox_tag.anycast"]}]},{"module":"module.pop[\"PDX\"]","mode":"managed","type":"netbox_site","name":"this","provider":"provider[\"registry.opentofu.org/e-breuninger/netbox\"]","instances":[{"schema_version":0,"attributes":{"asn_ids":[],"comments":"","custom_fields":null,"description":"NetActuate PoP PDX","facility":"","group_id":0,"id":"43","latitude":0,"longitude":0,"name":"PDX","physical_address":"","region_id":0,"shipping_address":"","slug":"pdx","status":"active","tags":[],"tags_all":[],"tenant_id":0,"timezone":""},"sensitive_attributes":[],"private":"bnVsbA==","dependencies":["netbox_custom_field.na_asn","netbox_custom_field.na_bgp_ipv4_prefix","netbox_custom_field.na_contract_id","netbox_custom_field.na_image","netbox_custom_field.na_image_id","netbox_custom_field.na_location_id","netbox_custom_field.na_plan","netbox_custom_field.na_plan_id","netbox_custom_field.na_public_ipv4","netbox_custom_field.na_public_ipv6","netbox_custom_field.na_server_id","netbox_custom_field.zz_bgp_connection_info","netbox_custom_field.zz_bgp_local_info","netbox_custom_field.zz_bgp_remote_info","netbox_custom_field.zz_bgp_routes_info"]}]},{"module":"module.pop[\"PDX\"]","mode":"managed","type":"netbox_virtual_machine","name":"this","provider":"provider[\"registry.opentofu.org/e-breuninger/netbox\"]","instances":[{"schema_version":2,"attributes":{"cluster_id":41,"comments":"🚀 NetActuate Server Details:\n\n  • Server ID: 572147\n\n  • Contract ID: 440\n\n  • Location ID: 571\n\n  • Image: Ubuntu 24.04 LTS (20240423) (ID 5787)\n\n  • IPv4 Prefix: 45.54.50.0/24\n\n📋 BGP Local Info:\n\n  Hostname: anycast-ingress-pdx.worker.demo\nLocal ASN: 63911\nPublic IPv4: 104.225.28.189\nPublic IPv6: 2607:f740:28:c::1cf\nCustomer IPs: 104.225.28.189, 2607:f740:28:c::1cf\n\n🌐 BGP Remote Info:\n\n  Group: Craig's DevOps Demos\nProvider ASN: 36236\nProvider IPv4: 104.225.28.192\nProvider IPv6: 2607:f740:28:c::1d2\n\n🔗 BGP Connection Status:\n\n  104.225.28.192 (ipv4): state=Established config=1 locked=false last=2025-10-06 08:51:43\n2607:f740:28:c::1d2 (ipv6): state=Active config=1 locked=false last=2025-10-06 08:51:44\n\n📊 BGP Routes:\n\n  45.54.50.0/24 via 104.225.28.189 (origin 63911)\n\n📡 BGP Peers (JSON):\n\n  {\"ipv4|104.225.28.192\":{\"comment\":\"Description: Craig's DevOps Demos - PDX.ANYCAST.NET - anycast-ingress-pdx.worker.demo IPv4\\nState: Established\\nConfig status: 1\\nLast update: 2025-10-06 08:51:43\\nRoutes: 45.54.50.0/24 via 104.225.28.189\",\"config_status\":\"1\",\"customer_ip\":\"104.225.28.189\",\"description\":\"Craig's DevOps Demos - PDX.ANYCAST.NET - anycast-ingress-pdx.worker.demo IPv4\",\"group_id\":3247,\"group_name\":\"Craig's DevOps Demos\",\"last_update\":\"2025-10-06 08:51:43\",\"local_ip\":\"104.225.28.189\",\"remote_ip\":\"104.225.28.192\",\"remote_ip_type\":\"ipv4\",\"remote_prefix\":\"104.225.28.192/32\",\"routes\":[{\"metric_loc_prf_weight\":0,\"next_hop\":\"104.225.28.189\",\"origin\":\"63911\",\"path\":[\"63911\"],\"prefix\":\"45.54.50.0/24\"}],\"session_name\":\"\",\"state\":\"Established\",\"status\":\"active\"},\"ipv6|2607:f740:28:c::1d2\":{\"comment\":\"Description: Craig's DevOps Demos - PDX.ANYCAST.NET - anycast-ingress-pdx.worker.demo IPv6\\nState: Active\\nConfig status: 1\\nLast update: 2025-10-06 08:51:44\",\"config_status\":\"1\",\"customer_ip\":\"2607:f740:28:c::1cf\",\"description\":\"Craig's DevOps Demos - PDX.ANYCAST.NET - anycast-ingress-pdx.worker.demo IPv6\",\"group_id\":3247,\"group_name\":\"Craig's DevOps Demos\",\"last_update\":\"2025-10-06 08:51:44\",\"local_ip\":\"2607:f740:28:c::1cf\",\"remote_ip\":\"2607:f740:28:c::1d2\",\"remote_ip_type\":\"ipv6\",\"remote_prefix\":\"2607:f740:28:c::1d2/128\",\"routes\":[],\"session_name\":\"\",\"state\":\"Active\",\"status\":\"failed\"}}\n\n🔧 BGP Session Details (JSON):\n\n  {\"group_id\":3247,\"group_name\":\"Craig's DevOps Demos\",\"sessions\":[{\"config_status\":\"1\",\"customer_asn\":63911,\"customer_peer_ip\":\"104.225.28.189\",\"description\":\"Craig's DevOps Demos - PDX.ANYCAST.NET - anycast-ingress-pdx.worker.demo IPv4\",\"group_id\":3247,\"group_name\":\"Craig's DevOps Demos\",\"id\":51123,\"last_update\":\"2025-10-06 08:51:43\",\"location_name\":\"PDX - Portland, OR\",\"locked\":false,\"mb_id\":0,\"provider_asn\":36236,\"provider_ip_type\":\"ipv4\",\"provider_peer_ip\":\"104.225.28.192\",\"routes_received\":\"[{\\\"path\\\": [\\\"63911\\\"], \\\"origin\\\": \\\"63911\\\", \\\"prefix\\\": \\\"45.54.50.0/24\\\", \\\"next_hop\\\": \\\"104.225.28.189\\\", \\\"metric_loc_prf_weight\\\": 0}]\",\"state\":\"Established\"},{\"config_status\":\"1\",\"customer_asn\":63911,\"customer_peer_ip\":\"2607:f740:28:c::1cf\",\"description\":\"Craig's DevOps Demos - PDX.ANYCAST.NET - anycast-ingress-pdx.worker.demo IPv6\",\"group_id\":3247,\"group_name\":\"Craig's DevOps Demos\",\"id\":51124,\"last_update\":\"2025-10-06 08:51:44\",\"location_name\":\"PDX - Portland, OR\",\"locked\":false,\"mb_id\":0,\"provider_asn\":36236,\"provider_ip_type\":\"ipv6\",\"provider_peer_ip\":\"2607:f740:28:c::1d2\",\"routes_received\":\"\",\"state\":\"Active\"}]}","custom_fields":{"na_asn":"63911","na_bgp_ipv4_prefix":"45.54.50.0/24","na_contract_id":"440","na_image":"Ubuntu 24.04 LTS (20240423)","na_image_id":"5787","na_location_id":"571","na_plan":"VR1x1x25","na_plan_id":"668","na_public_ipv4":"104.225.28.189","na_public_ipv6":"2607:f740:28:c::1cf","na_server_id":"572147","zz_bgp_connection_info":"104.225.28.192 (ipv4): state=Established config=1 locked=false last=2025-10-06 08:51:43\n2607:f740:28:c::1d2 (ipv6): state=Active config=1 locked=false last=2025-10-06 08:51:44","zz_bgp_local_info":"Hostname: anycast-ingress-pdx.worker.demo\nLocal ASN: 63911\nPublic IPv4: 104.225.28.189\nPublic IPv6: 2607:f740:28:c::1cf\nCustomer IPs: 104.225.28.189, 2607:f740:28:c::1cf","zz_bgp_remote_info":"Group: Craig's DevOps Demos\nProvider ASN: 36236\nProvider IPv4: 104.225.28.192\nProvider IPv6: 2607:f740:28:c::1d2","zz_bgp_routes_info":"45.54.50.0/24 via 104.225.28.189 (origin 63911)"},"description":"NetActuate plan VR1x1x25","device_id":0,"disk_size_mb":25600,"id":"35","local_context_data":"","memory_mb":1024,"name":"anycast-ingress-pdx.worker.demo","platform_id":0,"primary_ipv4":36,"primary_ipv6":0,"role_id":0,"site_id":43,"status":"active","tags":["anycast"],"tags_all":["anycast"],"tenant_id":0,"vcpus":1},"sensitive_attributes":[],"private":"eyJzY2hlbWFfdmVyc2lvbiI6IjIifQ==","dependencies":["module.pop.data.netactuate_bgp_sessions.vm","module.pop.data.netactuate_server.vm","module.pop.netactuate_server.vm","module.pop.netbox_cluster.this","module.pop.netbox_site.this","netbox_cluster_type.hypervisor","netbox_custom_field.na_asn","netbox_custom_field.na_bgp_ipv4_prefix","netbox_custom_field.na_contract_id","netbox_custom_field.na_image","netbox_custom_field.na_image_id","netbox_custom_field.na_location_id","netbox_custom_field.na_plan","netbox_custom_field.na_plan_id","netbox_custom_field.na_public_ipv4","netbox_custom_field.na_public_ipv6","netbox_custom_field.na_server_id","netbox_custom_field.zz_bgp_connection_info","netbox_custom_field.zz_bgp_local_info","netbox_custom_field.zz_bgp_remote_info","netbox_custom_field.zz_bgp_routes_info","netbox_tag.anycast"]}]},{"module":"module.pop[\"PHX\"]","mode":"data","type":"netactuate_bgp_sessions","name":"vm","provider":"provider[\"registry.opentofu.org/netactuate/netactuate\"]","instances":[{"schema_version":0,"attributes":{"id":"572169","mbpkgid":572169,"sessions":[{"config_status":"1","customer_asn":63911,"customer_peer_ip":"104.225.103.146","description":"Craig's DevOps Demos - PHX - anycast-ingress-phx.worker.demo IPv4","group_id":3247,"group_name":"Craig's DevOps Demos","id":51167,"last_update":"2025-10-06 08:51:07","location_name":"PHX - Phoenix, AZ","locked":false,"mb_id":0,"provider_asn":36236,"provider_ip_type":"ipv4","provider_peer_ip":"104.225.103.229","routes_received":"[{\"path\": [\"63911\"], \"origin\": \"63911\", \"prefix\": \"45.54.50.0/24\", \"next_hop\": \"104.225.103.146\", \"metric_loc_prf_weight\": 0}]","state":"Established"},{"config_status":"1","customer_asn":63911,"customer_peer_ip":"2607:f740:15:20::251","description":"Craig's DevOps Demos - PHX - anycast-ingress-phx.worker.demo IPv6","group_id":3247,"group_name":"Craig's DevOps Demos","id":51168,"last_update":"2025-10-06 08:51:08","location_name":"PHX - Phoenix, AZ","locked":false,"mb_id":0,"provider_asn":36236,"provider_ip_type":"ipv6","provider_peer_ip":"2607:f740:15:20::25f","routes_received":"","state":"Active"}]},"sensitive_attributes":[]}]},{"module":"module.pop[\"PHX\"]","mode":"data","type":"netactuate_server","name":"vm","provider":"provider[\"registry.opentofu.org/netactuate/netactuate\"]","instances":[{"schema_version":0,"attributes":{"bgp_peers":[{"group_id":3247,"ipv4":["104.225.103.229"],"ipv6":["2607:f740:15:20::25f"],"localasn":63911,"localpeerv4":"104.225.103.146","localpeerv6":"2607:f740:15:20::251","peerasn":36236}],"hostname":"anycast-ingress-phx.worker.demo","id":572169,"image":"Ubuntu 24.04 LTS (20240423)","image_id":5787,"ip_v4":"104.225.103.146","ip_v6":"2607:f740:15:20::251","location_id":290,"package":"VR1x1x25","plan_id":668,"public_ipv4":"104.225.103.146","public_ipv6":"2607:f740:15:20::251","state":"UP","status":"RUNNING"},"sensitive_attributes":[]}]},{"module":"module.pop[\"PHX\"]","mode":"managed","type":"netactuate_bgp_sessions","name":"bgp","provider":"provider[\"registry.opentofu.org/netactuate/netactuate\"]","instances":[{"index_key":0,"schema_version":0,"attributes":{"group_id":3247,"id":"572169","ipv6":true,"mbpkgid":572169,"redundant":false},"sensitive_attributes":[],"private":"bnVsbA==","dependencies":["module.pop.netactuate_server.vm","netbox_custom_field.na_asn","netbox_custom_field.na_bgp_ipv4_prefix","netbox_custom_field.na_contract_id","netbox_custom_field.na_image","netbox_custom_field.na_image_id","netbox_custom_field.na_location_id","netbox_custom_field.na_plan","netbox_custom_field.na_plan_id","netbox_custom_field.na_public_ipv4","netbox_custom_field.na_public_ipv6","netbox_custom_field.na_server_id","netbox_custom_field.zz_bgp_connection_info","netbox_custom_field.zz_bgp_local_info","netbox_custom_field.zz_bgp_remote_info","netbox_custom_field.zz_bgp_routes_info"]}]},{"module":"module.pop[\"PHX\"]","mode":"managed","type":"netactuate_server","name":"vm","provider":"provider[\"registry.opentofu.org/netactuate/netactuate\"]","instances":[{"schema_version":0,"attributes":{"cloud_config":null,"hostname":"anycast-ingress-phx.worker.demo","id":"572169","image":null,"image_id":5787,"location":null,"location_id":290,"package_billing":"usage","package_billing_contract_id":"440","package_billing_opt_in":null,"params":"","password":null,"plan":"VR1x1x25","primary_ipv4":"104.225.103.146","primary_ipv6":"2607:f740:15:20::251","ssh_key":null,"ssh_key_id":8199,"user_data":null,"user_data_base64":null},"sensitive_attributes":[[{"type":"get_attr","value":"password"}]],"private":"bnVsbA==","dependencies":["netbox_custom_field.na_asn","netbox_custom_field.na_bgp_ipv4_prefix","netbox_custom_field.na_contract_id","netbox_custom_field.na_image","netbox_custom_field.na_image_id","netbox_custom_field.na_location_id","netbox_custom_field.na_plan","netbox_custom_field.na_plan_id","netbox_custom_field.na_public_ipv4","netbox_custom_field.na_public_ipv6","netbox_custom_field.na_server_id","netbox_custom_field.zz_bgp_connection_info","netbox_custom_field.zz_bgp_local_info","netbox_custom_field.zz_bgp_remote_info","netbox_custom_field.zz_bgp_routes_info"]}]},{"module":"module.pop[\"PHX\"]","mode":"managed","type":"netbox_cluster","name":"this","provider":"provider[\"registry.opentofu.org/e-breuninger/netbox\"]","instances":[{"schema_version":0,"attributes":{"cluster_group_id":0,"cluster_type_id":6,"comments":"","description":"","id":"62","name":"PHX-cluster","site_id":62,"tags":[],"tags_all":[],"tenant_id":0},"sensitive_attributes":[],"private":"bnVsbA==","dependencies":["module.pop.netbox_site.this","netbox_cluster_type.hypervisor","netbox_custom_field.na_asn","netbox_custom_field.na_bgp_ipv4_prefix","netbox_custom_field.na_contract_id","netbox_custom_field.na_image","netbox_custom_field.na_image_id","netbox_custom_field.na_location_id","netbox_custom_field.na_plan","netbox_custom_field.na_plan_id","netbox_custom_field.na_public_ipv4","netbox_custom_field.na_public_ipv6","netbox_custom_field.na_server_id","netbox_custom_field.zz_bgp_connection_info","netbox_custom_field.zz_bgp_local_info","netbox_custom_field.zz_bgp_remote_info","netbox_custom_field.zz_bgp_routes_info"]}]},{"module":"module.pop[\"PHX\"]","mode":"managed","type":"netbox_device","name":"this","provider":"provider[\"registry.opentofu.org/e-breuninger/netbox\"]","instances":[{"schema_version":0,"attributes":{"asset_tag":"","cluster_id":0,"comments":"","config_template_id":0,"custom_fields":null,"description":"","device_type_id":1,"id":"5","local_context_data":"","location_id":0,"name":"anycast-ingress-phx.worker.demo","platform_id":0,"primary_ipv4":0,"primary_ipv6":0,"rack_face":"","rack_id":0,"rack_position":0,"role_id":1,"serial":"","site_id":62,"status":"active","tags":["anycast"],"tags_all":["anycast"],"tenant_id":0,"virtual_chassis_id":0,"virtual_chassis_master":false,"virtual_chassis_position":0,"virtual_chassis_priority":0},"sensitive_attributes":[],"private":"bnVsbA==","dependencies":["module.pop.netactuate_server.vm","module.pop.netbox_site.this","netbox_custom_field.na_asn","netbox_custom_field.na_bgp_ipv4_prefix","netbox_custom_field.na_contract_id","netbox_custom_field.na_image","netbox_custom_field.na_image_id","netbox_custom_field.na_location_id","netbox_custom_field.na_plan","netbox_custom_field.na_plan_id","netbox_custom_field.na_public_ipv4","netbox_custom_field.na_public_ipv6","netbox_custom_field.na_server_id","netbox_custom_field.zz_bgp_connection_info","netbox_custom_field.zz_bgp_local_info","netbox_custom_field.zz_bgp_remote_info","netbox_custom_field.zz_bgp_routes_info","netbox_device_role.anycast_worker","netbox_device_type.anycast_worker","netbox_manufacturer.netactuate","netbox_tag.anycast"]}]},{"module":"module.pop[\"PHX\"]","mode":"managed","type":"netbox_interface","name":"eth0","provider":"provider[\"registry.opentofu.org/e-breuninger/netbox\"]","instances":[{"schema_version":0,"attributes":{"description":"","enabled":true,"id":"41","mac_address":"","mode":null,"mtu":0,"name":"eth0","tagged_vlans":[],"tags":[],"tags_all":[],"type":null,"untagged_vlan":null,"virtual_machine_id":53},"sensitive_attributes":[],"private":"bnVsbA==","dependencies":["module.pop.data.netactuate_bgp_sessions.vm","module.pop.data.netactuate_server.vm","module.pop.netactuate_server.vm","module.pop.netbox_cluster.this","module.pop.netbox_site.this","module.pop.netbox_virtual_machine.this","netbox_cluster_type.hypervisor","netbox_custom_field.na_asn","netbox_custom_field.na_bgp_ipv4_prefix","netbox_custom_field.na_contract_id","netbox_custom_field.na_image","netbox_custom_field.na_image_id","netbox_custom_field.na_location_id","netbox_custom_field.na_plan","netbox_custom_field.na_plan_id","netbox_custom_field.na_public_ipv4","netbox_custom_field.na_public_ipv6","netbox_custom_field.na_server_id","netbox_custom_field.zz_bgp_connection_info","netbox_custom_field.zz_bgp_local_info","netbox_custom_field.zz_bgp_remote_info","netbox_custom_field.zz_bgp_routes_info","netbox_tag.anycast"]}]},{"module":"module.pop[\"PHX\"]","mode":"managed","type":"netbox_ip_address","name":"public_v4","provider":"provider[\"registry.opentofu.org/e-breuninger/netbox\"]","instances":[{"schema_version":0,"attributes":{"custom_fields":null,"description":"","device_interface_id":null,"dns_name":"anycast-ingress-phx.worker.demo","id":"55","interface_id":null,"ip_address":"104.225.103.146/32","nat_inside_address_id":0,"nat_outside_addresses":[],"object_type":null,"role":"","status":"active","tags":[],"tags_all":[],"tenant_id":0,"virtual_machine_interface_id":41,"vrf_id":0},"sensitive_attributes":[],"private":"bnVsbA==","dependencies":["module.pop.data.netactuate_bgp_sessions.vm","module.pop.data.netactuate_server.vm","module.pop.netactuate_server.vm","module.pop.netbox_cluster.this","module.pop.netbox_interface.eth0","module.pop.netbox_site.this","module.pop.netbox_virtual_machine.this","netbox_cluster_type.hypervisor","netbox_custom_field.na_asn","netbox_custom_field.na_bgp_ipv4_prefix","netbox_custom_field.na_bgp_peers","netbox_custom_field.na_bgp_session_details","netbox_custom_field.na_contract_id","netbox_custom_field.na_image","netbox_custom_field.na_image_id","netbox_custom_field.na_location_id","netbox_custom_field.na_plan","netbox_custom_field.na_plan_id","netbox_custom_field.na_public_ipv4","netbox_custom_field.na_public_ipv6","netbox_custom_field.na_server_id","netbox_custom_field.zz_bgp_connection_info","netbox_custom_field.zz_bgp_local_info","netbox_custom_field.zz_bgp_remote_info","netbox_custom_field.zz_bgp_routes_info","netbox_tag.anycast"]}]},{"module":"module.pop[\"PHX\"]","mode":"managed","type":"netbox_primary_ip","name":"vm_primary_v4","provider":"provider[\"registry.opentofu.org/e-breuninger/netbox\"]","instances":[{"schema_version":0,"attributes":{"id":"53","ip_address_id":55,"ip_address_version":4,"virtual_machine_id":53},"sensitive_attributes":[],"private":"bnVsbA==","dependencies":["module.pop.data.netactuate_bgp_sessions.vm","module.pop.data.netactuate_server.vm","module.pop.netactuate_server.vm","module.pop.netbox_cluster.this","module.pop.netbox_interface.eth0","module.pop.netbox_ip_address.public_v4","module.pop.netbox_site.this","module.pop.netbox_virtual_machine.this","netbox_cluster_type.hypervisor","netbox_custom_field.na_asn","netbox_custom_field.na_bgp_ipv4_prefix","netbox_custom_field.na_contract_id","netbox_custom_field.na_image","netbox_custom_field.na_image_id","netbox_custom_field.na_location_id","netbox_custom_field.na_plan","netbox_custom_field.na_plan_id","netbox_custom_field.na_public_ipv4","netbox_custom_field.na_public_ipv6","netbox_custom_field.na_server_id","netbox_custom_field.zz_bgp_connection_info","netbox_custom_field.zz_bgp_local_info","netbox_custom_field.zz_bgp_remote_info","netbox_custom_field.zz_bgp_routes_info","netbox_tag.anycast"]}]},{"module":"module.pop[\"PHX\"]","mode":"managed","type":"netbox_service","name":"bgp179","provider":"provider[\"registry.opentofu.org/e-breuninger/netbox\"]","instances":[{"schema_version":0,"attributes":{"custom_fields":null,"description":"Anycast ingress BGP (TCP/179)","device_id":0,"id":"42","name":"bgp","port":null,"ports":[179],"protocol":"tcp","tags":[],"tags_all":[],"virtual_machine_id":53},"sensitive_attributes":[],"private":"bnVsbA==","dependencies":["module.pop.data.netactuate_bgp_sessions.vm","module.pop.data.netactuate_server.vm","module.pop.netactuate_server.vm","module.pop.netbox_cluster.this","module.pop.netbox_site.this","module.pop.netbox_virtual_machine.this","netbox_cluster_type.hypervisor","netbox_custom_field.na_asn","netbox_custom_field.na_bgp_ipv4_prefix","netbox_custom_field.na_contract_id","netbox_custom_field.na_image","netbox_custom_field.na_image_id","netbox_custom_field.na_location_id","netbox_custom_field.na_plan","netbox_custom_field.na_plan_id","netbox_custom_field.na_public_ipv4","netbox_custom_field.na_public_ipv6","netbox_custom_field.na_server_id","netbox_custom_field.zz_bgp_connection_info","netbox_custom_field.zz_bgp_local_info","netbox_custom_field.zz_bgp_remote_info","netbox_custom_field.zz_bgp_routes_info","netbox_tag.anycast"]}]},{"module":"module.pop[\"PHX\"]","mode":"managed","type":"netbox_site","name":"this","provider":"provider[\"registry.opentofu.org/e-breuninger/netbox\"]","instances":[{"schema_version":0,"attributes":{"asn_ids":[],"comments":"","custom_fields":null,"description":"NetActuate PoP PHX","facility":"","group_id":0,"id":"62","latitude":0,"longitude":0,"name":"PHX","physical_address":"","region_id":0,"shipping_address":"","slug":"phx","status":"active","tags":[],"tags_all":[],"tenant_id":0,"timezone":""},"sensitive_attributes":[],"private":"bnVsbA==","dependencies":["netbox_custom_field.na_asn","netbox_custom_field.na_bgp_ipv4_prefix","netbox_custom_field.na_contract_id","netbox_custom_field.na_image","netbox_custom_field.na_image_id","netbox_custom_field.na_location_id","netbox_custom_field.na_plan","netbox_custom_field.na_plan_id","netbox_custom_field.na_public_ipv4","netbox_custom_field.na_public_ipv6","netbox_custom_field.na_server_id","netbox_custom_field.zz_bgp_connection_info","netbox_custom_field.zz_bgp_local_info","netbox_custom_field.zz_bgp_remote_info","netbox_custom_field.zz_bgp_routes_info"]}]},{"module":"module.pop[\"PHX\"]","mode":"managed","type":"netbox_virtual_machine","name":"this","provider":"provider[\"registry.opentofu.org/e-breuninger/netbox\"]","instances":[{"schema_version":2,"attributes":{"cluster_id":62,"comments":"🚀 NetActuate Server Details:\n\n  • Server ID: 572169\n\n  • Contract ID: 440\n\n  • Location ID: 290\n\n  • Image: Ubuntu 24.04 LTS (20240423) (ID 5787)\n\n  • IPv4 Prefix: 45.54.50.0/24\n\n📋 BGP Local Info:\n\n  Hostname: anycast-ingress-phx.worker.demo\nLocal ASN: 63911\nPublic IPv4: 104.225.103.146\nPublic IPv6: 2607:f740:15:20::251\nCustomer IPs: 104.225.103.146, 2607:f740:15:20::251\n\n🌐 BGP Remote Info:\n\n  Group: Craig's DevOps Demos\nProvider ASN: 36236\nProvider IPv4: 104.225.103.229\nProvider IPv6: 2607:f740:15:20::25f\n\n🔗 BGP Connection Status:\n\n  104.225.103.229 (ipv4): state=Established config=1 locked=false last=2025-10-06 08:51:07\n2607:f740:15:20::25f (ipv6): state=Active config=1 locked=false last=2025-10-06 08:51:08\n\n📊 BGP Routes:\n\n  45.54.50.0/24 via 104.225.103.146 (origin 63911)\n\n📡 BGP Peers (JSON):\n\n  {\"ipv4|104.225.103.229\":{\"comment\":\"Description: Craig's DevOps Demos - PHX - anycast-ingress-phx.worker.demo IPv4\\nState: Established\\nConfig status: 1\\nLast update: 2025-10-06 08:51:07\\nRoutes: 45.54.50.0/24 via 104.225.103.146\",\"config_status\":\"1\",\"customer_ip\":\"104.225.103.146\",\"description\":\"Craig's DevOps Demos - PHX - anycast-ingress-phx.worker.demo IPv4\",\"group_id\":3247,\"group_name\":\"Craig's DevOps Demos\",\"last_update\":\"2025-10-06 08:51:07\",\"local_ip\":\"104.225.103.146\",\"remote_ip\":\"104.225.103.229\",\"remote_ip_type\":\"ipv4\",\"remote_prefix\":\"104.225.103.229/32\",\"routes\":[{\"metric_loc_prf_weight\":0,\"next_hop\":\"104.225.103.146\",\"origin\":\"63911\",\"path\":[\"63911\"],\"prefix\":\"45.54.50.0/24\"}],\"session_name\":\"\",\"state\":\"Established\",\"status\":\"active\"},\"ipv6|2607:f740:15:20::25f\":{\"comment\":\"Description: Craig's DevOps Demos - PHX - anycast-ingress-phx.worker.demo IPv6\\nState: Active\\nConfig status: 1\\nLast update: 2025-10-06 08:51:08\",\"config_status\":\"1\",\"customer_ip\":\"2607:f740:15:20::251\",\"description\":\"Craig's DevOps Demos - PHX - anycast-ingress-phx.worker.demo IPv6\",\"group_id\":3247,\"group_name\":\"Craig's DevOps Demos\",\"last_update\":\"2025-10-06 08:51:08\",\"local_ip\":\"2607:f740:15:20::251\",\"remote_ip\":\"2607:f740:15:20::25f\",\"remote_ip_type\":\"ipv6\",\"remote_prefix\":\"2607:f740:15:20::25f/128\",\"routes\":[],\"session_name\":\"\",\"state\":\"Active\",\"status\":\"failed\"}}\n\n🔧 BGP Session Details (JSON):\n\n  {\"group_id\":3247,\"group_name\":\"Craig's DevOps Demos\",\"sessions\":[{\"config_status\":\"1\",\"customer_asn\":63911,\"customer_peer_ip\":\"104.225.103.146\",\"description\":\"Craig's DevOps Demos - PHX - anycast-ingress-phx.worker.demo IPv4\",\"group_id\":3247,\"group_name\":\"Craig's DevOps Demos\",\"id\":51167,\"last_update\":\"2025-10-06 08:51:07\",\"location_name\":\"PHX - Phoenix, AZ\",\"locked\":false,\"mb_id\":0,\"provider_asn\":36236,\"provider_ip_type\":\"ipv4\",\"provider_peer_ip\":\"104.225.103.229\",\"routes_received\":\"[{\\\"path\\\": [\\\"63911\\\"], \\\"origin\\\": \\\"63911\\\", \\\"prefix\\\": \\\"45.54.50.0/24\\\", \\\"next_hop\\\": \\\"104.225.103.146\\\", \\\"metric_loc_prf_weight\\\": 0}]\",\"state\":\"Established\"},{\"config_status\":\"1\",\"customer_asn\":63911,\"customer_peer_ip\":\"2607:f740:15:20::251\",\"description\":\"Craig's DevOps Demos - PHX - anycast-ingress-phx.worker.demo IPv6\",\"group_id\":3247,\"group_name\":\"Craig's DevOps Demos\",\"id\":51168,\"last_update\":\"2025-10-06 08:51:08\",\"location_name\":\"PHX - Phoenix, AZ\",\"locked\":false,\"mb_id\":0,\"provider_asn\":36236,\"provider_ip_type\":\"ipv6\",\"provider_peer_ip\":\"2607:f740:15:20::25f\",\"routes_received\":\"\",\"state\":\"Active\"}]}","custom_fields":{"na_asn":"63911","na_bgp_ipv4_prefix":"45.54.50.0/24","na_contract_id":"440","na_image":"Ubuntu 24.04 LTS (20240423)","na_image_id":"5787","na_location_id":"290","na_plan":"VR1x1x25","na_plan_id":"668","na_public_ipv4":"104.225.103.146","na_public_ipv6":"2607:f740:15:20::251","na_server_id":"572169","zz_bgp_connection_info":"104.225.103.229 (ipv4): state=Established config=1 locked=false last=2025-10-06 08:51:07\n2607:f740:15:20::25f (ipv6): state=Active config=1 locked=false last=2025-10-06 08:51:08","zz_bgp_local_info":"Hostname: anycast-ingress-phx.worker.demo\nLocal ASN: 63911\nPublic IPv4: 104.225.103.146\nPublic IPv6: 2607:f740:15:20::251\nCustomer IPs: 104.225.103.146, 2607:f740:15:20::251","zz_bgp_remote_info":"Group: Craig's DevOps Demos\nProvider ASN: 36236\nProvider IPv4: 104.225.103.229\nProvider IPv6: 2607:f740:15:20::25f","zz_bgp_routes_info":"45.54.50.0/24 via 104.225.103.146 (origin 63911)"},"description":"NetActuate plan VR1x1x25","device_id":0,"disk_size_mb":25600,"id":"53","local_context_data":"","memory_mb":1024,"name":"anycast-ingress-phx.worker.demo","platform_id":0,"primary_ipv4":55,"primary_ipv6":0,"role_id":0,"site_id":62,"status":"active","tags":["anycast"],"tags_all":["anycast"],"tenant_id":0,"vcpus":1},"sensitive_attributes":[],"private":"eyJzY2hlbWFfdmVyc2lvbiI6IjIifQ==","dependencies":["module.pop.data.netactuate_bgp_sessions.vm","module.pop.data.netactuate_server.vm","module.pop.netactuate_server.vm","module.pop.netbox_cluster.this","module.pop.netbox_site.this","netbox_cluster_type.hypervisor","netbox_custom_field.na_asn","netbox_custom_field.na_bgp_ipv4_prefix","netbox_custom_field.na_contract_id","netbox_custom_field.na_image","netbox_custom_field.na_image_id","netbox_custom_field.na_location_id","netbox_custom_field.na_plan","netbox_custom_field.na_plan_id","netbox_custom_field.na_public_ipv4","netbox_custom_field.na_public_ipv6","netbox_custom_field.na_server_id","netbox_custom_field.zz_bgp_connection_info","netbox_custom_field.zz_bgp_local_info","netbox_custom_field.zz_bgp_remote_info","netbox_custom_field.zz_bgp_routes_info","netbox_tag.anycast"]}]},{"module":"module.pop[\"RDU\"]","mode":"data","type":"netactuate_bgp_sessions","name":"vm","provider":"provider[\"registry.opentofu.org/netactuate/netactuate\"]","instances":[{"schema_version":0,"attributes":{"id":"572143","mbpkgid":572143,"sessions":[{"config_status":"1","customer_asn":63911,"customer_peer_ip":"104.225.1.79","description":"Craig's DevOps Demos - RDU - anycast-ingress-rdu.worker.demo IPv4","group_id":3247,"group_name":"Craig's DevOps Demos","id":51125,"last_update":"2025-10-06 08:49:25","location_name":"RDU - Raleigh, NC","locked":false,"mb_id":0,"provider_asn":36236,"provider_ip_type":"ipv4","provider_peer_ip":"104.225.1.249","routes_received":"[{\"path\": [\"63911\"], \"origin\": \"63911\", \"prefix\": \"45.54.50.0/24\", \"next_hop\": \"104.225.1.79\", \"metric_loc_prf_weight\": 0}]","state":"Established"},{"config_status":"1","customer_asn":63911,"customer_peer_ip":"2607:fc50:0:15::3c8","description":"Craig's DevOps Demos - RDU - anycast-ingress-rdu.worker.demo IPv6","group_id":3247,"group_name":"Craig's DevOps Demos","id":51126,"last_update":"2025-10-06 08:49:31","location_name":"RDU - Raleigh, NC","locked":false,"mb_id":0,"provider_asn":36236,"provider_ip_type":"ipv6","provider_peer_ip":"2607:fc50:0:15::ae","routes_received":"","state":"Active"}]},"sensitive_attributes":[]}]},{"module":"module.pop[\"RDU\"]","mode":"data","type":"netactuate_server","name":"vm","provider":"provider[\"registry.opentofu.org/netactuate/netactuate\"]","instances":[{"schema_version":0,"attributes":{"bgp_peers":[{"group_id":3247,"ipv4":["104.225.1.249"],"ipv6":["2607:fc50:0:15::ae"],"localasn":63911,"localpeerv4":"104.225.1.79","localpeerv6":"2607:fc50:0:15::3c8","peerasn":36236}],"hostname":"anycast-ingress-rdu.worker.demo","id":572143,"image":"Ubuntu 24.04 LTS (20240423)","image_id":5787,"ip_v4":"104.225.1.79","ip_v6":"2607:fc50:0:15::3c8","location_id":236,"package":"VR1x1x25","plan_id":668,"public_ipv4":"104.225.1.79","public_ipv6":"2607:fc50:0:15::3c8","state":"UP","status":"RUNNING"},"sensitive_attributes":[]}]},{"module":"module.pop[\"RDU\"]","mode":"managed","type":"netactuate_bgp_sessions","name":"bgp","provider":"provider[\"registry.opentofu.org/netactuate/netactuate\"]","instances":[{"index_key":0,"schema_version":0,"attributes":{"group_id":3247,"id":"572143","ipv6":true,"mbpkgid":572143,"redundant":false},"sensitive_attributes":[],"private":"bnVsbA==","dependencies":["module.pop.netactuate_server.vm","netbox_custom_field.na_asn","netbox_custom_field.na_bgp_ipv4_prefix","netbox_custom_field.na_contract_id","netbox_custom_field.na_image","netbox_custom_field.na_image_id","netbox_custom_field.na_location_id","netbox_custom_field.na_plan","netbox_custom_field.na_plan_id","netbox_custom_field.na_public_ipv4","netbox_custom_field.na_public_ipv6","netbox_custom_field.na_server_id","netbox_custom_field.zz_bgp_connection_info","netbox_custom_field.zz_bgp_local_info","netbox_custom_field.zz_bgp_remote_info","netbox_custom_field.zz_bgp_routes_info"]}]},{"module":"module.pop[\"RDU\"]","mode":"managed","type":"netactuate_server","name":"vm","provider":"provider[\"registry.opentofu.org/netactuate/netactuate\"]","instances":[{"schema_version":0,"attributes":{"cloud_config":null,"hostname":"anycast-ingress-rdu.worker.demo","id":"572143","image":null,"image_id":5787,"location":null,"location_id":236,"package_billing":"usage","package_billing_contract_id":"440","package_billing_opt_in":null,"params":"","password":null,"plan":"VR1x1x25","primary_ipv4":"104.225.1.79","primary_ipv6":"2607:fc50:0:15::3c8","ssh_key":null,"ssh_key_id":8199,"user_data":null,"user_data_base64":null},"sensitive_attributes":[[{"type":"get_attr","value":"password"}]],"private":"bnVsbA==","dependencies":["netbox_custom_field.na_asn","netbox_custom_field.na_bgp_ipv4_prefix","netbox_custom_field.na_contract_id","netbox_custom_field.na_image","netbox_custom_field.na_image_id","netbox_custom_field.na_location_id","netbox_custom_field.na_plan","netbox_custom_field.na_plan_id","netbox_custom_field.na_public_ipv4","netbox_custom_field.na_public_ipv6","netbox_custom_field.na_server_id","netbox_custom_field.zz_bgp_connection_info","netbox_custom_field.zz_bgp_local_info","netbox_custom_field.zz_bgp_remote_info","netbox_custom_field.zz_bgp_routes_info"]}]},{"module":"module.pop[\"RDU\"]","mode":"managed","type":"netbox_cluster","name":"this","provider":"provider[\"registry.opentofu.org/e-breuninger/netbox\"]","instances":[{"schema_version":0,"attributes":{"cluster_group_id":0,"cluster_type_id":6,"comments":"","description":"","id":"38","name":"RDU-cluster","site_id":42,"tags":[],"tags_all":[],"tenant_id":0},"sensitive_attributes":[],"private":"bnVsbA==","dependencies":["module.pop.netbox_site.this","netbox_cluster_type.hypervisor","netbox_custom_field.na_asn","netbox_custom_field.na_bgp_ipv4_prefix","netbox_custom_field.na_contract_id","netbox_custom_field.na_image","netbox_custom_field.na_image_id","netbox_custom_field.na_location_id","netbox_custom_field.na_plan","netbox_custom_field.na_plan_id","netbox_custom_field.na_public_ipv4","netbox_custom_field.na_public_ipv6","netbox_custom_field.na_server_id","netbox_custom_field.zz_bgp_connection_info","netbox_custom_field.zz_bgp_local_info","netbox_custom_field.zz_bgp_remote_info","netbox_custom_field.zz_bgp_routes_info"]}]},{"module":"module.pop[\"RDU\"]","mode":"managed","type":"netbox_device","name":"this","provider":"provider[\"registry.opentofu.org/e-breuninger/netbox\"]","instances":[{"schema_version":0,"attributes":{"asset_tag":"","cluster_id":0,"comments":"","config_template_id":0,"custom_fields":null,"description":"","device_type_id":1,"id":"12","local_context_data":"","location_id":0,"name":"anycast-ingress-rdu.worker.demo","platform_id":0,"primary_ipv4":0,"primary_ipv6":0,"rack_face":"","rack_id":0,"rack_position":0,"role_id":1,"serial":"","site_id":42,"status":"active","tags":["anycast"],"tags_all":["anycast"],"tenant_id":0,"virtual_chassis_id":0,"virtual_chassis_master":false,"virtual_chassis_position":0,"virtual_chassis_priority":0},"sensitive_attributes":[],"private":"bnVsbA==","dependencies":["module.pop.netactuate_server.vm","module.pop.netbox_site.this","netbox_custom_field.na_asn","netbox_custom_field.na_bgp_ipv4_prefix","netbox_custom_field.na_contract_id","netbox_custom_field.na_image","netbox_custom_field.na_image_id","netbox_custom_field.na_location_id","netbox_custom_field.na_plan","netbox_custom_field.na_plan_id","netbox_custom_field.na_public_ipv4","netbox_custom_field.na_public_ipv6","netbox_custom_field.na_server_id","netbox_custom_field.zz_bgp_connection_info","netbox_custom_field.zz_bgp_local_info","netbox_custom_field.zz_bgp_remote_info","netbox_custom_field.zz_bgp_routes_info","netbox_device_role.anycast_worker","netbox_device_type.anycast_worker","netbox_manufacturer.netactuate","netbox_tag.anycast"]}]},{"module":"module.pop[\"RDU\"]","mode":"managed","type":"netbox_interface","name":"eth0","provider":"provider[\"registry.opentofu.org/e-breuninger/netbox\"]","instances":[{"schema_version":0,"attributes":{"description":"","enabled":true,"id":"36","mac_address":"","mode":null,"mtu":0,"name":"eth0","tagged_vlans":[],"tags":[],"tags_all":[],"type":null,"untagged_vlan":null,"virtual_machine_id":37},"sensitive_attributes":[],"private":"bnVsbA==","dependencies":["module.pop.data.netactuate_bgp_sessions.vm","module.pop.data.netactuate_server.vm","module.pop.netactuate_server.vm","module.pop.netbox_cluster.this","module.pop.netbox_site.this","module.pop.netbox_virtual_machine.this","netbox_cluster_type.hypervisor","netbox_custom_field.na_asn","netbox_custom_field.na_bgp_ipv4_prefix","netbox_custom_field.na_contract_id","netbox_custom_field.na_image","netbox_custom_field.na_image_id","netbox_custom_field.na_location_id","netbox_custom_field.na_plan","netbox_custom_field.na_plan_id","netbox_custom_field.na_public_ipv4","netbox_custom_field.na_public_ipv6","netbox_custom_field.na_server_id","netbox_custom_field.zz_bgp_connection_info","netbox_custom_field.zz_bgp_local_info","netbox_custom_field.zz_bgp_remote_info","netbox_custom_field.zz_bgp_routes_info","netbox_tag.anycast"]}]},{"module":"module.pop[\"RDU\"]","mode":"managed","type":"netbox_ip_address","name":"public_v4","provider":"provider[\"registry.opentofu.org/e-breuninger/netbox\"]","instances":[{"schema_version":0,"attributes":{"custom_fields":null,"description":"","device_interface_id":null,"dns_name":"anycast-ingress-rdu.worker.demo","id":"37","interface_id":null,"ip_address":"104.225.1.79/32","nat_inside_address_id":0,"nat_outside_addresses":[],"object_type":null,"role":"","status":"active","tags":[],"tags_all":[],"tenant_id":0,"virtual_machine_interface_id":36,"vrf_id":0},"sensitive_attributes":[],"private":"bnVsbA==","dependencies":["module.pop.data.netactuate_bgp_sessions.vm","module.pop.data.netactuate_server.vm","module.pop.netactuate_server.vm","module.pop.netbox_cluster.this","module.pop.netbox_interface.eth0","module.pop.netbox_site.this","module.pop.netbox_virtual_machine.this","netbox_cluster_type.hypervisor","netbox_custom_field.na_asn","netbox_custom_field.na_bgp_ipv4_prefix","netbox_custom_field.na_bgp_peers","netbox_custom_field.na_bgp_session_details","netbox_custom_field.na_contract_id","netbox_custom_field.na_image","netbox_custom_field.na_image_id","netbox_custom_field.na_location_id","netbox_custom_field.na_plan","netbox_custom_field.na_plan_id","netbox_custom_field.na_public_ipv4","netbox_custom_field.na_public_ipv6","netbox_custom_field.na_server_id","netbox_custom_field.zz_bgp_connection_info","netbox_custom_field.zz_bgp_local_info","netbox_custom_field.zz_bgp_remote_info","netbox_custom_field.zz_bgp_routes_info","netbox_tag.anycast"]}]},{"module":"module.pop[\"RDU\"]","mode":"managed","type":"netbox_primary_ip","name":"vm_primary_v4","provider":"provider[\"registry.opentofu.org/e-breuninger/netbox\"]","instances":[{"schema_version":0,"attributes":{"id":"37","ip_address_id":37,"ip_address_version":4,"virtual_machine_id":37},"sensitive_attributes":[],"private":"bnVsbA==","dependencies":["module.pop.data.netactuate_bgp_sessions.vm","module.pop.data.netactuate_server.vm","module.pop.netactuate_server.vm","module.pop.netbox_cluster.this","module.pop.netbox_interface.eth0","module.pop.netbox_ip_address.public_v4","module.pop.netbox_site.this","module.pop.netbox_virtual_machine.this","netbox_cluster_type.hypervisor","netbox_custom_field.na_asn","netbox_custom_field.na_bgp_ipv4_prefix","netbox_custom_field.na_contract_id","netbox_custom_field.na_image","netbox_custom_field.na_image_id","netbox_custom_field.na_location_id","netbox_custom_field.na_plan","netbox_custom_field.na_plan_id","netbox_custom_field.na_public_ipv4","netbox_custom_field.na_public_ipv6","netbox_custom_field.na_server_id","netbox_custom_field.zz_bgp_connection_info","netbox_custom_field.zz_bgp_local_info","netbox_custom_field.zz_bgp_remote_info","netbox_custom_field.zz_bgp_routes_info","netbox_tag.anycast"]}]},{"module":"module.pop[\"RDU\"]","mode":"managed","type":"netbox_service","name":"bgp179","provider":"provider[\"registry.opentofu.org/e-breuninger/netbox\"]","instances":[{"schema_version":0,"attributes":{"custom_fields":null,"description":"Anycast ingress BGP (TCP/179)","device_id":0,"id":"36","name":"bgp","port":null,"ports":[179],"protocol":"tcp","tags":[],"tags_all":[],"virtual_machine_id":37},"sensitive_attributes":[],"private":"bnVsbA==","dependencies":["module.pop.data.netactuate_bgp_sessions.vm","module.pop.data.netactuate_server.vm","module.pop.netactuate_server.vm","module.pop.netbox_cluster.this","module.pop.netbox_site.this","module.pop.netbox_virtual_machine.this","netbox_cluster_type.hypervisor","netbox_custom_field.na_asn","netbox_custom_field.na_bgp_ipv4_prefix","netbox_custom_field.na_contract_id","netbox_custom_field.na_image","netbox_custom_field.na_image_id","netbox_custom_field.na_location_id","netbox_custom_field.na_plan","netbox_custom_field.na_plan_id","netbox_custom_field.na_public_ipv4","netbox_custom_field.na_public_ipv6","netbox_custom_field.na_server_id","netbox_custom_field.zz_bgp_connection_info","netbox_custom_field.zz_bgp_local_info","netbox_custom_field.zz_bgp_remote_info","netbox_custom_field.zz_bgp_routes_info","netbox_tag.anycast"]}]},{"module":"module.pop[\"RDU\"]","mode":"managed","type":"netbox_site","name":"this","provider":"provider[\"registry.opentofu.org/e-breuninger/netbox\"]","instances":[{"schema_version":0,"attributes":{"asn_ids":[],"comments":"","custom_fields":null,"description":"NetActuate PoP RDU","facility":"","group_id":0,"id":"42","latitude":0,"longitude":0,"name":"RDU","physical_address":"","region_id":0,"shipping_address":"","slug":"rdu","status":"active","tags":[],"tags_all":[],"tenant_id":0,"timezone":""},"sensitive_attributes":[],"private":"bnVsbA==","dependencies":["netbox_custom_field.na_asn","netbox_custom_field.na_bgp_ipv4_prefix","netbox_custom_field.na_contract_id","netbox_custom_field.na_image","netbox_custom_field.na_image_id","netbox_custom_field.na_location_id","netbox_custom_field.na_plan","netbox_custom_field.na_plan_id","netbox_custom_field.na_public_ipv4","netbox_custom_field.na_public_ipv6","netbox_custom_field.na_server_id","netbox_custom_field.zz_bgp_connection_info","netbox_custom_field.zz_bgp_local_info","netbox_custom_field.zz_bgp_remote_info","netbox_custom_field.zz_bgp_routes_info"]}]},{"module":"module.pop[\"RDU\"]","mode":"managed","type":"netbox_virtual_machine","name":"this","provider":"provider[\"registry.opentofu.org/e-breuninger/netbox\"]","instances":[{"schema_version":2,"attributes":{"cluster_id":38,"comments":"🚀 NetActuate Server Details:\n\n  • Server ID: 572143\n\n  • Contract ID: 440\n\n  • Location ID: 236\n\n  • Image: Ubuntu 24.04 LTS (20240423) (ID 5787)\n\n  • IPv4 Prefix: 45.54.50.0/24\n\n📋 BGP Local Info:\n\n  Hostname: anycast-ingress-rdu.worker.demo\nLocal ASN: 63911\nPublic IPv4: 104.225.1.79\nPublic IPv6: 2607:fc50:0:15::3c8\nCustomer IPs: 104.225.1.79, 2607:fc50:0:15::3c8\n\n🌐 BGP Remote Info:\n\n  Group: Craig's DevOps Demos\nProvider ASN: 36236\nProvider IPv4: 104.225.1.249\nProvider IPv6: 2607:fc50:0:15::ae\n\n🔗 BGP Connection Status:\n\n  104.225.1.249 (ipv4): state=Established config=1 locked=false last=2025-10-06 08:49:25\n2607:fc50:0:15::ae (ipv6): state=Active config=1 locked=false last=2025-10-06 08:49:31\n\n📊 BGP Routes:\n\n  45.54.50.0/24 via 104.225.1.79 (origin 63911)\n\n📡 BGP Peers (JSON):\n\n  {\"ipv4|104.225.1.249\":{\"comment\":\"Description: Craig's DevOps Demos - RDU - anycast-ingress-rdu.worker.demo IPv4\\nState: Established\\nConfig status: 1\\nLast update: 2025-10-06 08:49:25\\nRoutes: 45.54.50.0/24 via 104.225.1.79\",\"config_status\":\"1\",\"customer_ip\":\"104.225.1.79\",\"description\":\"Craig's DevOps Demos - RDU - anycast-ingress-rdu.worker.demo IPv4\",\"group_id\":3247,\"group_name\":\"Craig's DevOps Demos\",\"last_update\":\"2025-10-06 08:49:25\",\"local_ip\":\"104.225.1.79\",\"remote_ip\":\"104.225.1.249\",\"remote_ip_type\":\"ipv4\",\"remote_prefix\":\"104.225.1.249/32\",\"routes\":[{\"metric_loc_prf_weight\":0,\"next_hop\":\"104.225.1.79\",\"origin\":\"63911\",\"path\":[\"63911\"],\"prefix\":\"45.54.50.0/24\"}],\"session_name\":\"\",\"state\":\"Established\",\"status\":\"active\"},\"ipv6|2607:fc50:0:15::ae\":{\"comment\":\"Description: Craig's DevOps Demos - RDU - anycast-ingress-rdu.worker.demo IPv6\\nState: Active\\nConfig status: 1\\nLast update: 2025-10-06 08:49:31\",\"config_status\":\"1\",\"customer_ip\":\"2607:fc50:0:15::3c8\",\"description\":\"Craig's DevOps Demos - RDU - anycast-ingress-rdu.worker.demo IPv6\",\"group_id\":3247,\"group_name\":\"Craig's DevOps Demos\",\"last_update\":\"2025-10-06 08:49:31\",\"local_ip\":\"2607:fc50:0:15::3c8\",\"remote_ip\":\"2607:fc50:0:15::ae\",\"remote_ip_type\":\"ipv6\",\"remote_prefix\":\"2607:fc50:0:15::ae/128\",\"routes\":[],\"session_name\":\"\",\"state\":\"Active\",\"status\":\"failed\"}}\n\n🔧 BGP Session Details (JSON):\n\n  {\"group_id\":3247,\"group_name\":\"Craig's DevOps Demos\",\"sessions\":[{\"config_status\":\"1\",\"customer_asn\":63911,\"customer_peer_ip\":\"104.225.1.79\",\"description\":\"Craig's DevOps Demos - RDU - anycast-ingress-rdu.worker.demo IPv4\",\"group_id\":3247,\"group_name\":\"Craig's DevOps Demos\",\"id\":51125,\"last_update\":\"2025-10-06 08:49:25\",\"location_name\":\"RDU - Raleigh, NC\",\"locked\":false,\"mb_id\":0,\"provider_asn\":36236,\"provider_ip_type\":\"ipv4\",\"provider_peer_ip\":\"104.225.1.249\",\"routes_received\":\"[{\\\"path\\\": [\\\"63911\\\"], \\\"origin\\\": \\\"63911\\\", \\\"prefix\\\": \\\"45.54.50.0/24\\\", \\\"next_hop\\\": \\\"104.225.1.79\\\", \\\"metric_loc_prf_weight\\\": 0}]\",\"state\":\"Established\"},{\"config_status\":\"1\",\"customer_asn\":63911,\"customer_peer_ip\":\"2607:fc50:0:15::3c8\",\"description\":\"Craig's DevOps Demos - RDU - anycast-ingress-rdu.worker.demo IPv6\",\"group_id\":3247,\"group_name\":\"Craig's DevOps Demos\",\"id\":51126,\"last_update\":\"2025-10-06 08:49:31\",\"location_name\":\"RDU - Raleigh, NC\",\"locked\":false,\"mb_id\":0,\"provider_asn\":36236,\"provider_ip_type\":\"ipv6\",\"provider_peer_ip\":\"2607:fc50:0:15::ae\",\"routes_received\":\"\",\"state\":\"Active\"}]}","custom_fields":{"na_asn":"63911","na_bgp_ipv4_prefix":"45.54.50.0/24","na_contract_id":"440","na_image":"Ubuntu 24.04 LTS (20240423)","na_image_id":"5787","na_location_id":"236","na_plan":"VR1x1x25","na_plan_id":"668","na_public_ipv4":"104.225.1.79","na_public_ipv6":"2607:fc50:0:15::3c8","na_server_id":"572143","zz_bgp_connection_info":"104.225.1.249 (ipv4): state=Established config=1 locked=false last=2025-10-06 08:49:25\n2607:fc50:0:15::ae (ipv6): state=Active config=1 locked=false last=2025-10-06 08:49:31","zz_bgp_local_info":"Hostname: anycast-ingress-rdu.worker.demo\nLocal ASN: 63911\nPublic IPv4: 104.225.1.79\nPublic IPv6: 2607:fc50:0:15::3c8\nCustomer IPs: 104.225.1.79, 2607:fc50:0:15::3c8","zz_bgp_remote_info":"Group: Craig's DevOps Demos\nProvider ASN: 36236\nProvider IPv4: 104.225.1.249\nProvider IPv6: 2607:fc50:0:15::ae","zz_bgp_routes_info":"45.54.50.0/24 via 104.225.1.79 (origin 63911)"},"description":"NetActuate plan VR1x1x25","device_id":0,"disk_size_mb":25600,"id":"37","local_context_data":"","memory_mb":1024,"name":"anycast-ingress-rdu.worker.demo","platform_id":0,"primary_ipv4":37,"primary_ipv6":0,"role_id":0,"site_id":42,"status":"active","tags":["anycast"],"tags_all":["anycast"],"tenant_id":0,"vcpus":1},"sensitive_attributes":[],"private":"eyJzY2hlbWFfdmVyc2lvbiI6IjIifQ==","dependencies":["module.pop.data.netactuate_bgp_sessions.vm","module.pop.data.netactuate_server.vm","module.pop.netactuate_server.vm","module.pop.netbox_cluster.this","module.pop.netbox_site.this","netbox_cluster_type.hypervisor","netbox_custom_field.na_asn","netbox_custom_field.na_bgp_ipv4_prefix","netbox_custom_field.na_contract_id","netbox_custom_field.na_image","netbox_custom_field.na_image_id","netbox_custom_field.na_location_id","netbox_custom_field.na_plan","netbox_custom_field.na_plan_id","netbox_custom_field.na_public_ipv4","netbox_custom_field.na_public_ipv6","netbox_custom_field.na_server_id","netbox_custom_field.zz_bgp_connection_info","netbox_custom_field.zz_bgp_local_info","netbox_custom_field.zz_bgp_remote_info","netbox_custom_field.zz_bgp_routes_info","netbox_tag.anycast"]}]},{"module":"module.pop[\"SCL\"]","mode":"data","type":"netactuate_bgp_sessions","name":"vm","provider":"provider[\"registry.opentofu.org/netactuate/netactuate\"]","instances":[{"schema_version":0,"attributes":{"id":"572156","mbpkgid":572156,"sessions":[{"config_status":"1","customer_asn":63911,"customer_peer_ip":"148.163.223.32","description":"Craig's DevOps Demos - SCL - anycast-ingress-scl.worker.demo IPv4","group_id":3247,"group_name":"Craig's DevOps Demos","id":51141,"last_update":"2025-10-06 08:54:14","location_name":"SCL - Santiago, Chile","locked":false,"mb_id":0,"provider_asn":36236,"provider_ip_type":"ipv4","provider_peer_ip":"148.163.223.119","routes_received":"[{\"path\": [\"63911\"], \"origin\": \"63911\", \"prefix\": \"45.54.50.0/24\", \"next_hop\": \"148.163.223.32\", \"metric_loc_prf_weight\": 0}]","state":"Established"},{"config_status":"1","customer_asn":63911,"customer_peer_ip":"2607:f740:56:10::369","description":"Craig's DevOps Demos - SCL - anycast-ingress-scl.worker.demo IPv6","group_id":3247,"group_name":"Craig's DevOps Demos","id":51142,"last_update":"2025-10-06 08:54:22","location_name":"SCL - Santiago, Chile","locked":false,"mb_id":0,"provider_asn":36236,"provider_ip_type":"ipv6","provider_peer_ip":"2607:f740:56:10::13b","routes_received":"","state":"Active"}]},"sensitive_attributes":[]}]},{"module":"module.pop[\"SCL\"]","mode":"data","type":"netactuate_server","name":"vm","provider":"provider[\"registry.opentofu.org/netactuate/netactuate\"]","instances":[{"schema_version":0,"attributes":{"bgp_peers":[{"group_id":3247,"ipv4":["148.163.223.119"],"ipv6":["2607:f740:56:10::13b"],"localasn":63911,"localpeerv4":"148.163.223.32","localpeerv6":"2607:f740:56:10::369","peerasn":36236}],"hostname":"anycast-ingress-scl.worker.demo","id":572156,"image":"Ubuntu 24.04 LTS (20240423)","image_id":5787,"ip_v4":"148.163.223.32","ip_v6":"2607:f740:56:10::369","location_id":488,"package":"VR1x1x25","plan_id":668,"public_ipv4":"148.163.223.32","public_ipv6":"2607:f740:56:10::369","state":"UP","status":"RUNNING"},"sensitive_attributes":[]}]},{"module":"module.pop[\"SCL\"]","mode":"managed","type":"netactuate_bgp_sessions","name":"bgp","provider":"provider[\"registry.opentofu.org/netactuate/netactuate\"]","instances":[{"index_key":0,"schema_version":0,"attributes":{"group_id":3247,"id":"572156","ipv6":true,"mbpkgid":572156,"redundant":false},"sensitive_attributes":[],"private":"bnVsbA==","dependencies":["module.pop.netactuate_server.vm","netbox_custom_field.na_asn","netbox_custom_field.na_bgp_ipv4_prefix","netbox_custom_field.na_contract_id","netbox_custom_field.na_image","netbox_custom_field.na_image_id","netbox_custom_field.na_location_id","netbox_custom_field.na_plan","netbox_custom_field.na_plan_id","netbox_custom_field.na_public_ipv4","netbox_custom_field.na_public_ipv6","netbox_custom_field.na_server_id","netbox_custom_field.zz_bgp_connection_info","netbox_custom_field.zz_bgp_local_info","netbox_custom_field.zz_bgp_remote_info","netbox_custom_field.zz_bgp_routes_info"]}]},{"module":"module.pop[\"SCL\"]","mode":"managed","type":"netactuate_server","name":"vm","provider":"provider[\"registry.opentofu.org/netactuate/netactuate\"]","instances":[{"schema_version":0,"attributes":{"cloud_config":null,"hostname":"anycast-ingress-scl.worker.demo","id":"572156","image":null,"image_id":5787,"location":null,"location_id":488,"package_billing":"usage","package_billing_contract_id":"440","package_billing_opt_in":null,"params":"","password":null,"plan":"VR1x1x25","primary_ipv4":"148.163.223.32","primary_ipv6":"2607:f740:56:10::369","ssh_key":null,"ssh_key_id":8199,"user_data":null,"user_data_base64":null},"sensitive_attributes":[[{"type":"get_attr","value":"password"}]],"private":"bnVsbA==","dependencies":["netbox_custom_field.na_asn","netbox_custom_field.na_bgp_ipv4_prefix","netbox_custom_field.na_contract_id","netbox_custom_field.na_image","netbox_custom_field.na_image_id","netbox_custom_field.na_location_id","netbox_custom_field.na_plan","netbox_custom_field.na_plan_id","netbox_custom_field.na_public_ipv4","netbox_custom_field.na_public_ipv6","netbox_custom_field.na_server_id","netbox_custom_field.zz_bgp_connection_info","netbox_custom_field.zz_bgp_local_info","netbox_custom_field.zz_bgp_remote_info","netbox_custom_field.zz_bgp_routes_info"]}]},{"module":"module.pop[\"SCL\"]","mode":"managed","type":"netbox_cluster","name":"this","provider":"provider[\"registry.opentofu.org/e-breuninger/netbox\"]","instances":[{"schema_version":0,"attributes":{"cluster_group_id":0,"cluster_type_id":6,"comments":"","description":"","id":"59","name":"SCL-cluster","site_id":60,"tags":[],"tags_all":[],"tenant_id":0},"sensitive_attributes":[],"private":"bnVsbA==","dependencies":["module.pop.netbox_site.this","netbox_cluster_type.hypervisor","netbox_custom_field.na_asn","netbox_custom_field.na_bgp_ipv4_prefix","netbox_custom_field.na_contract_id","netbox_custom_field.na_image","netbox_custom_field.na_image_id","netbox_custom_field.na_location_id","netbox_custom_field.na_plan","netbox_custom_field.na_plan_id","netbox_custom_field.na_public_ipv4","netbox_custom_field.na_public_ipv6","netbox_custom_field.na_server_id","netbox_custom_field.zz_bgp_connection_info","netbox_custom_field.zz_bgp_local_info","netbox_custom_field.zz_bgp_remote_info","netbox_custom_field.zz_bgp_routes_info"]}]},{"module":"module.pop[\"SCL\"]","mode":"managed","type":"netbox_device","name":"this","provider":"provider[\"registry.opentofu.org/e-breuninger/netbox\"]","instances":[{"schema_version":0,"attributes":{"asset_tag":"","cluster_id":0,"comments":"","config_template_id":0,"custom_fields":null,"description":"","device_type_id":1,"id":"27","local_context_data":"","location_id":0,"name":"anycast-ingress-scl.worker.demo","platform_id":0,"primary_ipv4":0,"primary_ipv6":0,"rack_face":"","rack_id":0,"rack_position":0,"role_id":1,"serial":"","site_id":60,"status":"active","tags":["anycast"],"tags_all":["anycast"],"tenant_id":0,"virtual_chassis_id":0,"virtual_chassis_master":false,"virtual_chassis_position":0,"virtual_chassis_priority":0},"sensitive_attributes":[],"private":"bnVsbA==","dependencies":["module.pop.netactuate_server.vm","module.pop.netbox_site.this","netbox_custom_field.na_asn","netbox_custom_field.na_bgp_ipv4_prefix","netbox_custom_field.na_contract_id","netbox_custom_field.na_image","netbox_custom_field.na_image_id","netbox_custom_field.na_location_id","netbox_custom_field.na_plan","netbox_custom_field.na_plan_id","netbox_custom_field.na_public_ipv4","netbox_custom_field.na_public_ipv6","netbox_custom_field.na_server_id","netbox_custom_field.zz_bgp_connection_info","netbox_custom_field.zz_bgp_local_info","netbox_custom_field.zz_bgp_remote_info","netbox_custom_field.zz_bgp_routes_info","netbox_device_role.anycast_worker","netbox_device_type.anycast_worker","netbox_manufacturer.netactuate","netbox_tag.anycast"]}]},{"module":"module.pop[\"SCL\"]","mode":"managed","type":"netbox_interface","name":"eth0","provider":"provider[\"registry.opentofu.org/e-breuninger/netbox\"]","instances":[{"schema_version":0,"attributes":{"description":"","enabled":true,"id":"51","mac_address":"","mode":null,"mtu":0,"name":"eth0","tagged_vlans":[],"tags":[],"tags_all":[],"type":null,"untagged_vlan":null,"virtual_machine_id":49},"sensitive_attributes":[],"private":"bnVsbA==","dependencies":["module.pop.data.netactuate_bgp_sessions.vm","module.pop.data.netactuate_server.vm","module.pop.netactuate_server.vm","module.pop.netbox_cluster.this","module.pop.netbox_site.this","module.pop.netbox_virtual_machine.this","netbox_cluster_type.hypervisor","netbox_custom_field.na_asn","netbox_custom_field.na_bgp_ipv4_prefix","netbox_custom_field.na_contract_id","netbox_custom_field.na_image","netbox_custom_field.na_image_id","netbox_custom_field.na_location_id","netbox_custom_field.na_plan","netbox_custom_field.na_plan_id","netbox_custom_field.na_public_ipv4","netbox_custom_field.na_public_ipv6","netbox_custom_field.na_server_id","netbox_custom_field.zz_bgp_connection_info","netbox_custom_field.zz_bgp_local_info","netbox_custom_field.zz_bgp_remote_info","netbox_custom_field.zz_bgp_routes_info","netbox_tag.anycast"]}]},{"module":"module.pop[\"SCL\"]","mode":"managed","type":"netbox_ip_address","name":"public_v4","provider":"provider[\"registry.opentofu.org/e-breuninger/netbox\"]","instances":[{"schema_version":0,"attributes":{"custom_fields":null,"description":"","device_interface_id":null,"dns_name":"anycast-ingress-scl.worker.demo","id":"44","interface_id":null,"ip_address":"148.163.223.32/32","nat_inside_address_id":0,"nat_outside_addresses":[],"object_type":null,"role":"","status":"active","tags":[],"tags_all":[],"tenant_id":0,"virtual_machine_interface_id":51,"vrf_id":0},"sensitive_attributes":[],"private":"bnVsbA==","dependencies":["module.pop.data.netactuate_bgp_sessions.vm","module.pop.data.netactuate_server.vm","module.pop.netactuate_server.vm","module.pop.netbox_cluster.this","module.pop.netbox_interface.eth0","module.pop.netbox_site.this","module.pop.netbox_virtual_machine.this","netbox_cluster_type.hypervisor","netbox_custom_field.na_asn","netbox_custom_field.na_bgp_ipv4_prefix","netbox_custom_field.na_bgp_peers","netbox_custom_field.na_bgp_session_details","netbox_custom_field.na_contract_id","netbox_custom_field.na_image","netbox_custom_field.na_image_id","netbox_custom_field.na_location_id","netbox_custom_field.na_plan","netbox_custom_field.na_plan_id","netbox_custom_field.na_public_ipv4","netbox_custom_field.na_public_ipv6","netbox_custom_field.na_server_id","netbox_custom_field.zz_bgp_connection_info","netbox_custom_field.zz_bgp_local_info","netbox_custom_field.zz_bgp_remote_info","netbox_custom_field.zz_bgp_routes_info","netbox_tag.anycast"]}]},{"module":"module.pop[\"SCL\"]","mode":"managed","type":"netbox_primary_ip","name":"vm_primary_v4","provider":"provider[\"registry.opentofu.org/e-breuninger/netbox\"]","instances":[{"schema_version":0,"attributes":{"id":"49","ip_address_id":44,"ip_address_version":4,"virtual_machine_id":49},"sensitive_attributes":[],"private":"bnVsbA==","dependencies":["module.pop.data.netactuate_bgp_sessions.vm","module.pop.data.netactuate_server.vm","module.pop.netactuate_server.vm","module.pop.netbox_cluster.this","module.pop.netbox_interface.eth0","module.pop.netbox_ip_address.public_v4","module.pop.netbox_site.this","module.pop.netbox_virtual_machine.this","netbox_cluster_type.hypervisor","netbox_custom_field.na_asn","netbox_custom_field.na_bgp_ipv4_prefix","netbox_custom_field.na_contract_id","netbox_custom_field.na_image","netbox_custom_field.na_image_id","netbox_custom_field.na_location_id","netbox_custom_field.na_plan","netbox_custom_field.na_plan_id","netbox_custom_field.na_public_ipv4","netbox_custom_field.na_public_ipv6","netbox_custom_field.na_server_id","netbox_custom_field.zz_bgp_connection_info","netbox_custom_field.zz_bgp_local_info","netbox_custom_field.zz_bgp_remote_info","netbox_custom_field.zz_bgp_routes_info","netbox_tag.anycast"]}]},{"module":"module.pop[\"SCL\"]","mode":"managed","type":"netbox_service","name":"bgp179","provider":"provider[\"registry.opentofu.org/e-breuninger/netbox\"]","instances":[{"schema_version":0,"attributes":{"custom_fields":null,"description":"Anycast ingress BGP (TCP/179)","device_id":0,"id":"51","name":"bgp","port":null,"ports":[179],"protocol":"tcp","tags":[],"tags_all":[],"virtual_machine_id":49},"sensitive_attributes":[],"private":"bnVsbA==","dependencies":["module.pop.data.netactuate_bgp_sessions.vm","module.pop.data.netactuate_server.vm","module.pop.netactuate_server.vm","module.pop.netbox_cluster.this","module.pop.netbox_site.this","module.pop.netbox_virtual_machine.this","netbox_cluster_type.hypervisor","netbox_custom_field.na_asn","netbox_custom_field.na_bgp_ipv4_prefix","netbox_custom_field.na_contract_id","netbox_custom_field.na_image","netbox_custom_field.na_image_id","netbox_custom_field.na_location_id","netbox_custom_field.na_plan","netbox_custom_field.na_plan_id","netbox_custom_field.na_public_ipv4","netbox_custom_field.na_public_ipv6","netbox_custom_field.na_server_id","netbox_custom_field.zz_bgp_connection_info","netbox_custom_field.zz_bgp_local_info","netbox_custom_field.zz_bgp_remote_info","netbox_custom_field.zz_bgp_routes_info","netbox_tag.anycast"]}]},{"module":"module.pop[\"SCL\"]","mode":"managed","type":"netbox_site","name":"this","provider":"provider[\"registry.opentofu.org/e-breuninger/netbox\"]","instances":[{"schema_version":0,"attributes":{"asn_ids":[],"comments":"","custom_fields":null,"description":"NetActuate PoP SCL","facility":"","group_id":0,"id":"60","latitude":0,"longitude":0,"name":"SCL","physical_address":"","region_id":0,"shipping_address":"","slug":"scl","status":"active","tags":[],"tags_all":[],"tenant_id":0,"timezone":""},"sensitive_attributes":[],"private":"bnVsbA==","dependencies":["netbox_custom_field.na_asn","netbox_custom_field.na_bgp_ipv4_prefix","netbox_custom_field.na_contract_id","netbox_custom_field.na_image","netbox_custom_field.na_image_id","netbox_custom_field.na_location_id","netbox_custom_field.na_plan","netbox_custom_field.na_plan_id","netbox_custom_field.na_public_ipv4","netbox_custom_field.na_public_ipv6","netbox_custom_field.na_server_id","netbox_custom_field.zz_bgp_connection_info","netbox_custom_field.zz_bgp_local_info","netbox_custom_field.zz_bgp_remote_info","netbox_custom_field.zz_bgp_routes_info"]}]},{"module":"module.pop[\"SCL\"]","mode":"managed","type":"netbox_virtual_machine","name":"this","provider":"provider[\"registry.opentofu.org/e-breuninger/netbox\"]","instances":[{"schema_version":2,"attributes":{"cluster_id":59,"comments":"🚀 NetActuate Server Details:\n\n  • Server ID: 572156\n\n  • Contract ID: 440\n\n  • Location ID: 488\n\n  • Image: Ubuntu 24.04 LTS (20240423) (ID 5787)\n\n  • IPv4 Prefix: 45.54.50.0/24\n\n📋 BGP Local Info:\n\n  Hostname: anycast-ingress-scl.worker.demo\nLocal ASN: 63911\nPublic IPv4: 148.163.223.32\nPublic IPv6: 2607:f740:56:10::369\nCustomer IPs: 148.163.223.32, 2607:f740:56:10::369\n\n🌐 BGP Remote Info:\n\n  Group: Craig's DevOps Demos\nProvider ASN: 36236\nProvider IPv4: 148.163.223.119\nProvider IPv6: 2607:f740:56:10::13b\n\n🔗 BGP Connection Status:\n\n  148.163.223.119 (ipv4): state=Established config=1 locked=false last=2025-10-06 08:54:14\n2607:f740:56:10::13b (ipv6): state=Active config=1 locked=false last=2025-10-06 08:54:22\n\n📊 BGP Routes:\n\n  45.54.50.0/24 via 148.163.223.32 (origin 63911)\n\n📡 BGP Peers (JSON):\n\n  {\"ipv4|148.163.223.119\":{\"comment\":\"Description: Craig's DevOps Demos - SCL - anycast-ingress-scl.worker.demo IPv4\\nState: Established\\nConfig status: 1\\nLast update: 2025-10-06 08:54:14\\nRoutes: 45.54.50.0/24 via 148.163.223.32\",\"config_status\":\"1\",\"customer_ip\":\"148.163.223.32\",\"description\":\"Craig's DevOps Demos - SCL - anycast-ingress-scl.worker.demo IPv4\",\"group_id\":3247,\"group_name\":\"Craig's DevOps Demos\",\"last_update\":\"2025-10-06 08:54:14\",\"local_ip\":\"148.163.223.32\",\"remote_ip\":\"148.163.223.119\",\"remote_ip_type\":\"ipv4\",\"remote_prefix\":\"148.163.223.119/32\",\"routes\":[{\"metric_loc_prf_weight\":0,\"next_hop\":\"148.163.223.32\",\"origin\":\"63911\",\"path\":[\"63911\"],\"prefix\":\"45.54.50.0/24\"}],\"session_name\":\"\",\"state\":\"Established\",\"status\":\"active\"},\"ipv6|2607:f740:56:10::13b\":{\"comment\":\"Description: Craig's DevOps Demos - SCL - anycast-ingress-scl.worker.demo IPv6\\nState: Active\\nConfig status: 1\\nLast update: 2025-10-06 08:54:22\",\"config_status\":\"1\",\"customer_ip\":\"2607:f740:56:10::369\",\"description\":\"Craig's DevOps Demos - SCL - anycast-ingress-scl.worker.demo IPv6\",\"group_id\":3247,\"group_name\":\"Craig's DevOps Demos\",\"last_update\":\"2025-10-06 08:54:22\",\"local_ip\":\"2607:f740:56:10::369\",\"remote_ip\":\"2607:f740:56:10::13b\",\"remote_ip_type\":\"ipv6\",\"remote_prefix\":\"2607:f740:56:10::13b/128\",\"routes\":[],\"session_name\":\"\",\"state\":\"Active\",\"status\":\"failed\"}}\n\n🔧 BGP Session Details (JSON):\n\n  {\"group_id\":3247,\"group_name\":\"Craig's DevOps Demos\",\"sessions\":[{\"config_status\":\"1\",\"customer_asn\":63911,\"customer_peer_ip\":\"148.163.223.32\",\"description\":\"Craig's DevOps Demos - SCL - anycast-ingress-scl.worker.demo IPv4\",\"group_id\":3247,\"group_name\":\"Craig's DevOps Demos\",\"id\":51141,\"last_update\":\"2025-10-06 08:54:14\",\"location_name\":\"SCL - Santiago, Chile\",\"locked\":false,\"mb_id\":0,\"provider_asn\":36236,\"provider_ip_type\":\"ipv4\",\"provider_peer_ip\":\"148.163.223.119\",\"routes_received\":\"[{\\\"path\\\": [\\\"63911\\\"], \\\"origin\\\": \\\"63911\\\", \\\"prefix\\\": \\\"45.54.50.0/24\\\", \\\"next_hop\\\": \\\"148.163.223.32\\\", \\\"metric_loc_prf_weight\\\": 0}]\",\"state\":\"Established\"},{\"config_status\":\"1\",\"customer_asn\":63911,\"customer_peer_ip\":\"2607:f740:56:10::369\",\"description\":\"Craig's DevOps Demos - SCL - anycast-ingress-scl.worker.demo IPv6\",\"group_id\":3247,\"group_name\":\"Craig's DevOps Demos\",\"id\":51142,\"last_update\":\"2025-10-06 08:54:22\",\"location_name\":\"SCL - Santiago, Chile\",\"locked\":false,\"mb_id\":0,\"provider_asn\":36236,\"provider_ip_type\":\"ipv6\",\"provider_peer_ip\":\"2607:f740:56:10::13b\",\"routes_received\":\"\",\"state\":\"Active\"}]}","custom_fields":{"na_asn":"63911","na_bgp_ipv4_prefix":"45.54.50.0/24","na_contract_id":"440","na_image":"Ubuntu 24.04 LTS (20240423)","na_image_id":"5787","na_location_id":"488","na_plan":"VR1x1x25","na_plan_id":"668","na_public_ipv4":"148.163.223.32","na_public_ipv6":"2607:f740:56:10::369","na_server_id":"572156","zz_bgp_connection_info":"148.163.223.119 (ipv4): state=Established config=1 locked=false last=2025-10-06 08:54:14\n2607:f740:56:10::13b (ipv6): state=Active config=1 locked=false last=2025-10-06 08:54:22","zz_bgp_local_info":"Hostname: anycast-ingress-scl.worker.demo\nLocal ASN: 63911\nPublic IPv4: 148.163.223.32\nPublic IPv6: 2607:f740:56:10::369\nCustomer IPs: 148.163.223.32, 2607:f740:56:10::369","zz_bgp_remote_info":"Group: Craig's DevOps Demos\nProvider ASN: 36236\nProvider IPv4: 148.163.223.119\nProvider IPv6: 2607:f740:56:10::13b","zz_bgp_routes_info":"45.54.50.0/24 via 148.163.223.32 (origin 63911)"},"description":"NetActuate plan VR1x1x25","device_id":0,"disk_size_mb":25600,"id":"49","local_context_data":"","memory_mb":1024,"name":"anycast-ingress-scl.worker.demo","platform_id":0,"primary_ipv4":44,"primary_ipv6":0,"role_id":0,"site_id":60,"status":"active","tags":["anycast"],"tags_all":["anycast"],"tenant_id":0,"vcpus":1},"sensitive_attributes":[],"private":"eyJzY2hlbWFfdmVyc2lvbiI6IjIifQ==","dependencies":["module.pop.data.netactuate_bgp_sessions.vm","module.pop.data.netactuate_server.vm","module.pop.netactuate_server.vm","module.pop.netbox_cluster.this","module.pop.netbox_site.this","netbox_cluster_type.hypervisor","netbox_custom_field.na_asn","netbox_custom_field.na_bgp_ipv4_prefix","netbox_custom_field.na_contract_id","netbox_custom_field.na_image","netbox_custom_field.na_image_id","netbox_custom_field.na_location_id","netbox_custom_field.na_plan","netbox_custom_field.na_plan_id","netbox_custom_field.na_public_ipv4","netbox_custom_field.na_public_ipv6","netbox_custom_field.na_server_id","netbox_custom_field.zz_bgp_connection_info","netbox_custom_field.zz_bgp_local_info","netbox_custom_field.zz_bgp_remote_info","netbox_custom_field.zz_bgp_routes_info","netbox_tag.anycast"]}]},{"module":"module.pop[\"SEA\"]","mode":"data","type":"netactuate_bgp_sessions","name":"vm","provider":"provider[\"registry.opentofu.org/netactuate/netactuate\"]","instances":[{"schema_version":0,"attributes":{"id":"572146","mbpkgid":572146,"sessions":[{"config_status":"1","customer_asn":63911,"customer_peer_ip":"192.73.240.163","description":"Craig's DevOps Demos - SEA - anycast-ingress-sea.worker.demo IPv4","group_id":3247,"group_name":"Craig's DevOps Demos","id":51127,"last_update":"2025-10-06 08:51:09","location_name":"SEA - Seattle, WA","locked":false,"mb_id":0,"provider_asn":36236,"provider_ip_type":"ipv4","provider_peer_ip":"192.73.240.46","routes_received":"[{\"path\": [\"63911\"], \"origin\": \"63911\", \"prefix\": \"45.54.50.0/24\", \"next_hop\": \"192.73.240.163\", \"metric_loc_prf_weight\": 0}]","state":"Established"},{"config_status":"1","customer_asn":63911,"customer_peer_ip":"2607:f740:14::fb","description":"Craig's DevOps Demos - SEA - anycast-ingress-sea.worker.demo IPv6","group_id":3247,"group_name":"Craig's DevOps Demos","id":51128,"last_update":"2025-10-06 08:51:10","location_name":"SEA - Seattle, WA","locked":false,"mb_id":0,"provider_asn":36236,"provider_ip_type":"ipv6","provider_peer_ip":"2607:f740:14::693","routes_received":"","state":"Active"}]},"sensitive_attributes":[]}]},{"module":"module.pop[\"SEA\"]","mode":"data","type":"netactuate_server","name":"vm","provider":"provider[\"registry.opentofu.org/netactuate/netactuate\"]","instances":[{"schema_version":0,"attributes":{"bgp_peers":[{"group_id":3247,"ipv4":["192.73.240.46"],"ipv6":["2607:f740:14::693"],"localasn":63911,"localpeerv4":"192.73.240.163","localpeerv6":"2607:f740:14::fb","peerasn":36236}],"hostname":"anycast-ingress-sea.worker.demo","id":572146,"image":"Ubuntu 24.04 LTS (20240423)","image_id":5787,"ip_v4":"192.73.240.163","ip_v6":"2607:f740:14::fb","location_id":124,"package":"VR1x1x25","plan_id":668,"public_ipv4":"192.73.240.163","public_ipv6":"2607:f740:14::fb","state":"UP","status":"RUNNING"},"sensitive_attributes":[]}]},{"module":"module.pop[\"SEA\"]","mode":"managed","type":"netactuate_bgp_sessions","name":"bgp","provider":"provider[\"registry.opentofu.org/netactuate/netactuate\"]","instances":[{"index_key":0,"schema_version":0,"attributes":{"group_id":3247,"id":"572146","ipv6":true,"mbpkgid":572146,"redundant":false},"sensitive_attributes":[],"private":"bnVsbA==","dependencies":["module.pop.netactuate_server.vm","netbox_custom_field.na_asn","netbox_custom_field.na_bgp_ipv4_prefix","netbox_custom_field.na_contract_id","netbox_custom_field.na_image","netbox_custom_field.na_image_id","netbox_custom_field.na_location_id","netbox_custom_field.na_plan","netbox_custom_field.na_plan_id","netbox_custom_field.na_public_ipv4","netbox_custom_field.na_public_ipv6","netbox_custom_field.na_server_id","netbox_custom_field.zz_bgp_connection_info","netbox_custom_field.zz_bgp_local_info","netbox_custom_field.zz_bgp_remote_info","netbox_custom_field.zz_bgp_routes_info"]}]},{"module":"module.pop[\"SEA\"]","mode":"managed","type":"netactuate_server","name":"vm","provider":"provider[\"registry.opentofu.org/netactuate/netactuate\"]","instances":[{"schema_version":0,"attributes":{"cloud_config":null,"hostname":"anycast-ingress-sea.worker.demo","id":"572146","image":null,"image_id":5787,"location":null,"location_id":124,"package_billing":"usage","package_billing_contract_id":"440","package_billing_opt_in":null,"params":"","password":null,"plan":"VR1x1x25","primary_ipv4":"192.73.240.163","primary_ipv6":"2607:f740:14::fb","ssh_key":null,"ssh_key_id":8199,"user_data":null,"user_data_base64":null},"sensitive_attributes":[[{"type":"get_attr","value":"password"}]],"private":"bnVsbA==","dependencies":["netbox_custom_field.na_asn","netbox_custom_field.na_bgp_ipv4_prefix","netbox_custom_field.na_contract_id","netbox_custom_field.na_image","netbox_custom_field.na_image_id","netbox_custom_field.na_location_id","netbox_custom_field.na_plan","netbox_custom_field.na_plan_id","netbox_custom_field.na_public_ipv4","netbox_custom_field.na_public_ipv6","netbox_custom_field.na_server_id","netbox_custom_field.zz_bgp_connection_info","netbox_custom_field.zz_bgp_local_info","netbox_custom_field.zz_bgp_remote_info","netbox_custom_field.zz_bgp_routes_info"]}]},{"module":"module.pop[\"SEA\"]","mode":"managed","type":"netbox_cluster","name":"this","provider":"provider[\"registry.opentofu.org/e-breuninger/netbox\"]","instances":[{"schema_version":0,"attributes":{"cluster_group_id":0,"cluster_type_id":6,"comments":"","description":"","id":"43","name":"SEA-cluster","site_id":39,"tags":[],"tags_all":[],"tenant_id":0},"sensitive_attributes":[],"private":"bnVsbA==","dependencies":["module.pop.netbox_site.this","netbox_cluster_type.hypervisor","netbox_custom_field.na_asn","netbox_custom_field.na_bgp_ipv4_prefix","netbox_custom_field.na_contract_id","netbox_custom_field.na_image","netbox_custom_field.na_image_id","netbox_custom_field.na_location_id","netbox_custom_field.na_plan","netbox_custom_field.na_plan_id","netbox_custom_field.na_public_ipv4","netbox_custom_field.na_public_ipv6","netbox_custom_field.na_server_id","netbox_custom_field.zz_bgp_connection_info","netbox_custom_field.zz_bgp_local_info","netbox_custom_field.zz_bgp_remote_info","netbox_custom_field.zz_bgp_routes_info"]}]},{"module":"module.pop[\"SEA\"]","mode":"managed","type":"netbox_device","name":"this","provider":"provider[\"registry.opentofu.org/e-breuninger/netbox\"]","instances":[{"schema_version":0,"attributes":{"asset_tag":"","cluster_id":0,"comments":"","config_template_id":0,"custom_fields":null,"description":"","device_type_id":1,"id":"23","local_context_data":"","location_id":0,"name":"anycast-ingress-sea.worker.demo","platform_id":0,"primary_ipv4":0,"primary_ipv6":0,"rack_face":"","rack_id":0,"rack_position":0,"role_id":1,"serial":"","site_id":39,"status":"active","tags":["anycast"],"tags_all":["anycast"],"tenant_id":0,"virtual_chassis_id":0,"virtual_chassis_master":false,"virtual_chassis_position":0,"virtual_chassis_priority":0},"sensitive_attributes":[],"private":"bnVsbA==","dependencies":["module.pop.netactuate_server.vm","module.pop.netbox_site.this","netbox_custom_field.na_asn","netbox_custom_field.na_bgp_ipv4_prefix","netbox_custom_field.na_contract_id","netbox_custom_field.na_image","netbox_custom_field.na_image_id","netbox_custom_field.na_location_id","netbox_custom_field.na_plan","netbox_custom_field.na_plan_id","netbox_custom_field.na_public_ipv4","netbox_custom_field.na_public_ipv6","netbox_custom_field.na_server_id","netbox_custom_field.zz_bgp_connection_info","netbox_custom_field.zz_bgp_local_info","netbox_custom_field.zz_bgp_remote_info","netbox_custom_field.zz_bgp_routes_info","netbox_device_role.anycast_worker","netbox_device_type.anycast_worker","netbox_manufacturer.netactuate","netbox_tag.anycast"]}]},{"module":"module.pop[\"SEA\"]","mode":"managed","type":"netbox_interface","name":"eth0","provider":"provider[\"registry.opentofu.org/e-breuninger/netbox\"]","instances":[{"schema_version":0,"attributes":{"description":"","enabled":true,"id":"38","mac_address":"","mode":null,"mtu":0,"name":"eth0","tagged_vlans":[],"tags":[],"tags_all":[],"type":null,"untagged_vlan":null,"virtual_machine_id":39},"sensitive_attributes":[],"private":"bnVsbA==","dependencies":["module.pop.data.netactuate_bgp_sessions.vm","module.pop.data.netactuate_server.vm","module.pop.netactuate_server.vm","module.pop.netbox_cluster.this","module.pop.netbox_site.this","module.pop.netbox_virtual_machine.this","netbox_cluster_type.hypervisor","netbox_custom_field.na_asn","netbox_custom_field.na_bgp_ipv4_prefix","netbox_custom_field.na_contract_id","netbox_custom_field.na_image","netbox_custom_field.na_image_id","netbox_custom_field.na_location_id","netbox_custom_field.na_plan","netbox_custom_field.na_plan_id","netbox_custom_field.na_public_ipv4","netbox_custom_field.na_public_ipv6","netbox_custom_field.na_server_id","netbox_custom_field.zz_bgp_connection_info","netbox_custom_field.zz_bgp_local_info","netbox_custom_field.zz_bgp_remote_info","netbox_custom_field.zz_bgp_routes_info","netbox_tag.anycast"]}]},{"module":"module.pop[\"SEA\"]","mode":"managed","type":"netbox_ip_address","name":"public_v4","provider":"provider[\"registry.opentofu.org/e-breuninger/netbox\"]","instances":[{"schema_version":0,"attributes":{"custom_fields":null,"description":"","device_interface_id":null,"dns_name":"anycast-ingress-sea.worker.demo","id":"38","interface_id":null,"ip_address":"192.73.240.163/32","nat_inside_address_id":0,"nat_outside_addresses":[],"object_type":null,"role":"","status":"active","tags":[],"tags_all":[],"tenant_id":0,"virtual_machine_interface_id":38,"vrf_id":0},"sensitive_attributes":[],"private":"bnVsbA==","dependencies":["module.pop.data.netactuate_bgp_sessions.vm","module.pop.data.netactuate_server.vm","module.pop.netactuate_server.vm","module.pop.netbox_cluster.this","module.pop.netbox_interface.eth0","module.pop.netbox_site.this","module.pop.netbox_virtual_machine.this","netbox_cluster_type.hypervisor","netbox_custom_field.na_asn","netbox_custom_field.na_bgp_ipv4_prefix","netbox_custom_field.na_bgp_peers","netbox_custom_field.na_bgp_session_details","netbox_custom_field.na_contract_id","netbox_custom_field.na_image","netbox_custom_field.na_image_id","netbox_custom_field.na_location_id","netbox_custom_field.na_plan","netbox_custom_field.na_plan_id","netbox_custom_field.na_public_ipv4","netbox_custom_field.na_public_ipv6","netbox_custom_field.na_server_id","netbox_custom_field.zz_bgp_connection_info","netbox_custom_field.zz_bgp_local_info","netbox_custom_field.zz_bgp_remote_info","netbox_custom_field.zz_bgp_routes_info","netbox_tag.anycast"]}]},{"module":"module.pop[\"SEA\"]","mode":"managed","type":"netbox_primary_ip","name":"vm_primary_v4","provider":"provider[\"registry.opentofu.org/e-breuninger/netbox\"]","instances":[{"schema_version":0,"attributes":{"id":"39","ip_address_id":38,"ip_address_version":4,"virtual_machine_id":39},"sensitive_attributes":[],"private":"bnVsbA==","dependencies":["module.pop.data.netactuate_bgp_sessions.vm","module.pop.data.netactuate_server.vm","module.pop.netactuate_server.vm","module.pop.netbox_cluster.this","module.pop.netbox_interface.eth0","module.pop.netbox_ip_address.public_v4","module.pop.netbox_site.this","module.pop.netbox_virtual_machine.this","netbox_cluster_type.hypervisor","netbox_custom_field.na_asn","netbox_custom_field.na_bgp_ipv4_prefix","netbox_custom_field.na_contract_id","netbox_custom_field.na_image","netbox_custom_field.na_image_id","netbox_custom_field.na_location_id","netbox_custom_field.na_plan","netbox_custom_field.na_plan_id","netbox_custom_field.na_public_ipv4","netbox_custom_field.na_public_ipv6","netbox_custom_field.na_server_id","netbox_custom_field.zz_bgp_connection_info","netbox_custom_field.zz_bgp_local_info","netbox_custom_field.zz_bgp_remote_info","netbox_custom_field.zz_bgp_routes_info","netbox_tag.anycast"]}]},{"module":"module.pop[\"SEA\"]","mode":"managed","type":"netbox_service","name":"bgp179","provider":"provider[\"registry.opentofu.org/e-breuninger/netbox\"]","instances":[{"schema_version":0,"attributes":{"custom_fields":null,"description":"Anycast ingress BGP (TCP/179)","device_id":0,"id":"38","name":"bgp","port":null,"ports":[179],"protocol":"tcp","tags":[],"tags_all":[],"virtual_machine_id":39},"sensitive_attributes":[],"private":"bnVsbA==","dependencies":["module.pop.data.netactuate_bgp_sessions.vm","module.pop.data.netactuate_server.vm","module.pop.netactuate_server.vm","module.pop.netbox_cluster.this","module.pop.netbox_site.this","module.pop.netbox_virtual_machine.this","netbox_cluster_type.hypervisor","netbox_custom_field.na_asn","netbox_custom_field.na_bgp_ipv4_prefix","netbox_custom_field.na_contract_id","netbox_custom_field.na_image","netbox_custom_field.na_image_id","netbox_custom_field.na_location_id","netbox_custom_field.na_plan","netbox_custom_field.na_plan_id","netbox_custom_field.na_public_ipv4","netbox_custom_field.na_public_ipv6","netbox_custom_field.na_server_id","netbox_custom_field.zz_bgp_connection_info","netbox_custom_field.zz_bgp_local_info","netbox_custom_field.zz_bgp_remote_info","netbox_custom_field.zz_bgp_routes_info","netbox_tag.anycast"]}]},{"module":"module.pop[\"SEA\"]","mode":"managed","type":"netbox_site","name":"this","provider":"provider[\"registry.opentofu.org/e-breuninger/netbox\"]","instances":[{"schema_version":0,"attributes":{"asn_ids":[],"comments":"","custom_fields":null,"description":"NetActuate PoP SEA","facility":"","group_id":0,"id":"39","latitude":0,"longitude":0,"name":"SEA","physical_address":"","region_id":0,"shipping_address":"","slug":"sea","status":"active","tags":[],"tags_all":[],"tenant_id":0,"timezone":""},"sensitive_attributes":[],"private":"bnVsbA==","dependencies":["netbox_custom_field.na_asn","netbox_custom_field.na_bgp_ipv4_prefix","netbox_custom_field.na_contract_id","netbox_custom_field.na_image","netbox_custom_field.na_image_id","netbox_custom_field.na_location_id","netbox_custom_field.na_plan","netbox_custom_field.na_plan_id","netbox_custom_field.na_public_ipv4","netbox_custom_field.na_public_ipv6","netbox_custom_field.na_server_id","netbox_custom_field.zz_bgp_connection_info","netbox_custom_field.zz_bgp_local_info","netbox_custom_field.zz_bgp_remote_info","netbox_custom_field.zz_bgp_routes_info"]}]},{"module":"module.pop[\"SEA\"]","mode":"managed","type":"netbox_virtual_machine","name":"this","provider":"provider[\"registry.opentofu.org/e-breuninger/netbox\"]","instances":[{"schema_version":2,"attributes":{"cluster_id":43,"comments":"🚀 NetActuate Server Details:\n\n  • Server ID: 572146\n\n  • Contract ID: 440\n\n  • Location ID: 124\n\n  • Image: Ubuntu 24.04 LTS (20240423) (ID 5787)\n\n  • IPv4 Prefix: 45.54.50.0/24\n\n📋 BGP Local Info:\n\n  Hostname: anycast-ingress-sea.worker.demo\nLocal ASN: 63911\nPublic IPv4: 192.73.240.163\nPublic IPv6: 2607:f740:14::fb\nCustomer IPs: 192.73.240.163, 2607:f740:14::fb\n\n🌐 BGP Remote Info:\n\n  Group: Craig's DevOps Demos\nProvider ASN: 36236\nProvider IPv4: 192.73.240.46\nProvider IPv6: 2607:f740:14::693\n\n🔗 BGP Connection Status:\n\n  192.73.240.46 (ipv4): state=Established config=1 locked=false last=2025-10-06 08:51:09\n2607:f740:14::693 (ipv6): state=Active config=1 locked=false last=2025-10-06 08:51:10\n\n📊 BGP Routes:\n\n  45.54.50.0/24 via 192.73.240.163 (origin 63911)\n\n📡 BGP Peers (JSON):\n\n  {\"ipv4|192.73.240.46\":{\"comment\":\"Description: Craig's DevOps Demos - SEA - anycast-ingress-sea.worker.demo IPv4\\nState: Established\\nConfig status: 1\\nLast update: 2025-10-06 08:51:09\\nRoutes: 45.54.50.0/24 via 192.73.240.163\",\"config_status\":\"1\",\"customer_ip\":\"192.73.240.163\",\"description\":\"Craig's DevOps Demos - SEA - anycast-ingress-sea.worker.demo IPv4\",\"group_id\":3247,\"group_name\":\"Craig's DevOps Demos\",\"last_update\":\"2025-10-06 08:51:09\",\"local_ip\":\"192.73.240.163\",\"remote_ip\":\"192.73.240.46\",\"remote_ip_type\":\"ipv4\",\"remote_prefix\":\"192.73.240.46/32\",\"routes\":[{\"metric_loc_prf_weight\":0,\"next_hop\":\"192.73.240.163\",\"origin\":\"63911\",\"path\":[\"63911\"],\"prefix\":\"45.54.50.0/24\"}],\"session_name\":\"\",\"state\":\"Established\",\"status\":\"active\"},\"ipv6|2607:f740:14::693\":{\"comment\":\"Description: Craig's DevOps Demos - SEA - anycast-ingress-sea.worker.demo IPv6\\nState: Active\\nConfig status: 1\\nLast update: 2025-10-06 08:51:10\",\"config_status\":\"1\",\"customer_ip\":\"2607:f740:14::fb\",\"description\":\"Craig's DevOps Demos - SEA - anycast-ingress-sea.worker.demo IPv6\",\"group_id\":3247,\"group_name\":\"Craig's DevOps Demos\",\"last_update\":\"2025-10-06 08:51:10\",\"local_ip\":\"2607:f740:14::fb\",\"remote_ip\":\"2607:f740:14::693\",\"remote_ip_type\":\"ipv6\",\"remote_prefix\":\"2607:f740:14::693/128\",\"routes\":[],\"session_name\":\"\",\"state\":\"Active\",\"status\":\"failed\"}}\n\n🔧 BGP Session Details (JSON):\n\n  {\"group_id\":3247,\"group_name\":\"Craig's DevOps Demos\",\"sessions\":[{\"config_status\":\"1\",\"customer_asn\":63911,\"customer_peer_ip\":\"192.73.240.163\",\"description\":\"Craig's DevOps Demos - SEA - anycast-ingress-sea.worker.demo IPv4\",\"group_id\":3247,\"group_name\":\"Craig's DevOps Demos\",\"id\":51127,\"last_update\":\"2025-10-06 08:51:09\",\"location_name\":\"SEA - Seattle, WA\",\"locked\":false,\"mb_id\":0,\"provider_asn\":36236,\"provider_ip_type\":\"ipv4\",\"provider_peer_ip\":\"192.73.240.46\",\"routes_received\":\"[{\\\"path\\\": [\\\"63911\\\"], \\\"origin\\\": \\\"63911\\\", \\\"prefix\\\": \\\"45.54.50.0/24\\\", \\\"next_hop\\\": \\\"192.73.240.163\\\", \\\"metric_loc_prf_weight\\\": 0}]\",\"state\":\"Established\"},{\"config_status\":\"1\",\"customer_asn\":63911,\"customer_peer_ip\":\"2607:f740:14::fb\",\"description\":\"Craig's DevOps Demos - SEA - anycast-ingress-sea.worker.demo IPv6\",\"group_id\":3247,\"group_name\":\"Craig's DevOps Demos\",\"id\":51128,\"last_update\":\"2025-10-06 08:51:10\",\"location_name\":\"SEA - Seattle, WA\",\"locked\":false,\"mb_id\":0,\"provider_asn\":36236,\"provider_ip_type\":\"ipv6\",\"provider_peer_ip\":\"2607:f740:14::693\",\"routes_received\":\"\",\"state\":\"Active\"}]}","custom_fields":{"na_asn":"63911","na_bgp_ipv4_prefix":"45.54.50.0/24","na_contract_id":"440","na_image":"Ubuntu 24.04 LTS (20240423)","na_image_id":"5787","na_location_id":"124","na_plan":"VR1x1x25","na_plan_id":"668","na_public_ipv4":"192.73.240.163","na_public_ipv6":"2607:f740:14::fb","na_server_id":"572146","zz_bgp_connection_info":"192.73.240.46 (ipv4): state=Established config=1 locked=false last=2025-10-06 08:51:09\n2607:f740:14::693 (ipv6): state=Active config=1 locked=false last=2025-10-06 08:51:10","zz_bgp_local_info":"Hostname: anycast-ingress-sea.worker.demo\nLocal ASN: 63911\nPublic IPv4: 192.73.240.163\nPublic IPv6: 2607:f740:14::fb\nCustomer IPs: 192.73.240.163, 2607:f740:14::fb","zz_bgp_remote_info":"Group: Craig's DevOps Demos\nProvider ASN: 36236\nProvider IPv4: 192.73.240.46\nProvider IPv6: 2607:f740:14::693","zz_bgp_routes_info":"45.54.50.0/24 via 192.73.240.163 (origin 63911)"},"description":"NetActuate plan VR1x1x25","device_id":0,"disk_size_mb":25600,"id":"39","local_context_data":"","memory_mb":1024,"name":"anycast-ingress-sea.worker.demo","platform_id":0,"primary_ipv4":38,"primary_ipv6":0,"role_id":0,"site_id":39,"status":"active","tags":["anycast"],"tags_all":["anycast"],"tenant_id":0,"vcpus":1},"sensitive_attributes":[],"private":"eyJzY2hlbWFfdmVyc2lvbiI6IjIifQ==","dependencies":["module.pop.data.netactuate_bgp_sessions.vm","module.pop.data.netactuate_server.vm","module.pop.netactuate_server.vm","module.pop.netbox_cluster.this","module.pop.netbox_site.this","netbox_cluster_type.hypervisor","netbox_custom_field.na_asn","netbox_custom_field.na_bgp_ipv4_prefix","netbox_custom_field.na_contract_id","netbox_custom_field.na_image","netbox_custom_field.na_image_id","netbox_custom_field.na_location_id","netbox_custom_field.na_plan","netbox_custom_field.na_plan_id","netbox_custom_field.na_public_ipv4","netbox_custom_field.na_public_ipv6","netbox_custom_field.na_server_id","netbox_custom_field.zz_bgp_connection_info","netbox_custom_field.zz_bgp_local_info","netbox_custom_field.zz_bgp_remote_info","netbox_custom_field.zz_bgp_routes_info","netbox_tag.anycast"]}]},{"module":"module.pop[\"SIN\"]","mode":"data","type":"netactuate_bgp_sessions","name":"vm","provider":"provider[\"registry.opentofu.org/netactuate/netactuate\"]","instances":[{"schema_version":0,"attributes":{"id":"572184","mbpkgid":572184,"sessions":[{"config_status":"1","customer_asn":63911,"customer_peer_ip":"43.245.49.137","description":"Craig's DevOps Demos - SIN - anycast-ingress-sin.worker.demo IPv4","group_id":3247,"group_name":"Craig's DevOps Demos","id":51197,"last_update":"2025-10-06 08:51:44","location_name":"SIN - Singapore, SG","locked":false,"mb_id":0,"provider_asn":36236,"provider_ip_type":"ipv4","provider_peer_ip":"43.245.49.106","routes_received":"[{\"path\": [\"63911\"], \"origin\": \"63911\", \"prefix\": \"45.54.50.0/24\", \"next_hop\": \"43.245.49.137\", \"metric_loc_prf_weight\": 0}]","state":"Established"},{"config_status":"1","customer_asn":63911,"customer_peer_ip":"2403:2500:300::c65","description":"Craig's DevOps Demos - SIN - anycast-ingress-sin.worker.demo IPv6","group_id":3247,"group_name":"Craig's DevOps Demos","id":51198,"last_update":"2025-10-06 08:51:45","location_name":"SIN - Singapore, SG","locked":false,"mb_id":0,"provider_asn":36236,"provider_ip_type":"ipv6","provider_peer_ip":"2403:2500:300::105","routes_received":"","state":"Active"}]},"sensitive_attributes":[]}]},{"module":"module.pop[\"SIN\"]","mode":"data","type":"netactuate_server","name":"vm","provider":"provider[\"registry.opentofu.org/netactuate/netactuate\"]","instances":[{"schema_version":0,"attributes":{"bgp_peers":[{"group_id":3247,"ipv4":["43.245.49.106"],"ipv6":["2403:2500:300::105"],"localasn":63911,"localpeerv4":"43.245.49.137","localpeerv6":"2403:2500:300::c65","peerasn":36236}],"hostname":"anycast-ingress-sin.worker.demo","id":572184,"image":"Ubuntu 24.04 LTS (20240423)","image_id":5787,"ip_v4":"43.245.49.137","ip_v6":"2403:2500:300::c65","location_id":173,"package":"VR1x1x25","plan_id":668,"public_ipv4":"43.245.49.137","public_ipv6":"2403:2500:300::c65","state":"UP","status":"RUNNING"},"sensitive_attributes":[]}]},{"module":"module.pop[\"SIN\"]","mode":"managed","type":"netactuate_bgp_sessions","name":"bgp","provider":"provider[\"registry.opentofu.org/netactuate/netactuate\"]","instances":[{"index_key":0,"schema_version":0,"attributes":{"group_id":3247,"id":"572184","ipv6":true,"mbpkgid":572184,"redundant":false},"sensitive_attributes":[],"private":"bnVsbA==","dependencies":["module.pop.netactuate_server.vm","netbox_custom_field.na_asn","netbox_custom_field.na_bgp_ipv4_prefix","netbox_custom_field.na_contract_id","netbox_custom_field.na_image","netbox_custom_field.na_image_id","netbox_custom_field.na_location_id","netbox_custom_field.na_plan","netbox_custom_field.na_plan_id","netbox_custom_field.na_public_ipv4","netbox_custom_field.na_public_ipv6","netbox_custom_field.na_server_id","netbox_custom_field.zz_bgp_connection_info","netbox_custom_field.zz_bgp_local_info","netbox_custom_field.zz_bgp_remote_info","netbox_custom_field.zz_bgp_routes_info"]}]},{"module":"module.pop[\"SIN\"]","mode":"managed","type":"netactuate_server","name":"vm","provider":"provider[\"registry.opentofu.org/netactuate/netactuate\"]","instances":[{"schema_version":0,"attributes":{"cloud_config":null,"hostname":"anycast-ingress-sin.worker.demo","id":"572184","image":null,"image_id":5787,"location":null,"location_id":173,"package_billing":"usage","package_billing_contract_id":"440","package_billing_opt_in":null,"params":"","password":null,"plan":"VR1x1x25","primary_ipv4":"43.245.49.137","primary_ipv6":"2403:2500:300::c65","ssh_key":null,"ssh_key_id":8199,"user_data":null,"user_data_base64":null},"sensitive_attributes":[[{"type":"get_attr","value":"password"}]],"private":"bnVsbA==","dependencies":["netbox_custom_field.na_asn","netbox_custom_field.na_bgp_ipv4_prefix","netbox_custom_field.na_contract_id","netbox_custom_field.na_image","netbox_custom_field.na_image_id","netbox_custom_field.na_location_id","netbox_custom_field.na_plan","netbox_custom_field.na_plan_id","netbox_custom_field.na_public_ipv4","netbox_custom_field.na_public_ipv6","netbox_custom_field.na_server_id","netbox_custom_field.zz_bgp_connection_info","netbox_custom_field.zz_bgp_local_info","netbox_custom_field.zz_bgp_remote_info","netbox_custom_field.zz_bgp_routes_info"]}]},{"module":"module.pop[\"SIN\"]","mode":"managed","type":"netbox_cluster","name":"this","provider":"provider[\"registry.opentofu.org/e-breuninger/netbox\"]","instances":[{"schema_version":0,"attributes":{"cluster_group_id":0,"cluster_type_id":6,"comments":"","description":"","id":"72","name":"SIN-cluster","site_id":71,"tags":[],"tags_all":[],"tenant_id":0},"sensitive_attributes":[],"private":"bnVsbA==","dependencies":["module.pop.netbox_site.this","netbox_cluster_type.hypervisor","netbox_custom_field.na_asn","netbox_custom_field.na_bgp_ipv4_prefix","netbox_custom_field.na_contract_id","netbox_custom_field.na_image","netbox_custom_field.na_image_id","netbox_custom_field.na_location_id","netbox_custom_field.na_plan","netbox_custom_field.na_plan_id","netbox_custom_field.na_public_ipv4","netbox_custom_field.na_public_ipv6","netbox_custom_field.na_server_id","netbox_custom_field.zz_bgp_connection_info","netbox_custom_field.zz_bgp_local_info","netbox_custom_field.zz_bgp_remote_info","netbox_custom_field.zz_bgp_routes_info"]}]},{"module":"module.pop[\"SIN\"]","mode":"managed","type":"netbox_device","name":"this","provider":"provider[\"registry.opentofu.org/e-breuninger/netbox\"]","instances":[{"schema_version":0,"attributes":{"asset_tag":"","cluster_id":0,"comments":"","config_template_id":0,"custom_fields":null,"description":"","device_type_id":1,"id":"26","local_context_data":"","location_id":0,"name":"anycast-ingress-sin.worker.demo","platform_id":0,"primary_ipv4":0,"primary_ipv6":0,"rack_face":"","rack_id":0,"rack_position":0,"role_id":1,"serial":"","site_id":71,"status":"active","tags":["anycast"],"tags_all":["anycast"],"tenant_id":0,"virtual_chassis_id":0,"virtual_chassis_master":false,"virtual_chassis_position":0,"virtual_chassis_priority":0},"sensitive_attributes":[],"private":"bnVsbA==","dependencies":["module.pop.netactuate_server.vm","module.pop.netbox_site.this","netbox_custom_field.na_asn","netbox_custom_field.na_bgp_ipv4_prefix","netbox_custom_field.na_contract_id","netbox_custom_field.na_image","netbox_custom_field.na_image_id","netbox_custom_field.na_location_id","netbox_custom_field.na_plan","netbox_custom_field.na_plan_id","netbox_custom_field.na_public_ipv4","netbox_custom_field.na_public_ipv6","netbox_custom_field.na_server_id","netbox_custom_field.zz_bgp_connection_info","netbox_custom_field.zz_bgp_local_info","netbox_custom_field.zz_bgp_remote_info","netbox_custom_field.zz_bgp_routes_info","netbox_device_role.anycast_worker","netbox_device_type.anycast_worker","netbox_manufacturer.netactuate","netbox_tag.anycast"]}]},{"module":"module.pop[\"SIN\"]","mode":"managed","type":"netbox_interface","name":"eth0","provider":"provider[\"registry.opentofu.org/e-breuninger/netbox\"]","instances":[{"schema_version":0,"attributes":{"description":"","enabled":true,"id":"68","mac_address":"","mode":null,"mtu":0,"name":"eth0","tagged_vlans":[],"tags":[],"tags_all":[],"type":null,"untagged_vlan":null,"virtual_machine_id":70},"sensitive_attributes":[],"private":"bnVsbA==","dependencies":["module.pop.data.netactuate_bgp_sessions.vm","module.pop.data.netactuate_server.vm","module.pop.netactuate_server.vm","module.pop.netbox_cluster.this","module.pop.netbox_site.this","module.pop.netbox_virtual_machine.this","netbox_cluster_type.hypervisor","netbox_custom_field.na_asn","netbox_custom_field.na_bgp_ipv4_prefix","netbox_custom_field.na_contract_id","netbox_custom_field.na_image","netbox_custom_field.na_image_id","netbox_custom_field.na_location_id","netbox_custom_field.na_plan","netbox_custom_field.na_plan_id","netbox_custom_field.na_public_ipv4","netbox_custom_field.na_public_ipv6","netbox_custom_field.na_server_id","netbox_custom_field.zz_bgp_connection_info","netbox_custom_field.zz_bgp_local_info","netbox_custom_field.zz_bgp_remote_info","netbox_custom_field.zz_bgp_routes_info","netbox_tag.anycast"]}]},{"module":"module.pop[\"SIN\"]","mode":"managed","type":"netbox_ip_address","name":"public_v4","provider":"provider[\"registry.opentofu.org/e-breuninger/netbox\"]","instances":[{"schema_version":0,"attributes":{"custom_fields":null,"description":"","device_interface_id":null,"dns_name":"anycast-ingress-sin.worker.demo","id":"69","interface_id":null,"ip_address":"43.245.49.137/32","nat_inside_address_id":0,"nat_outside_addresses":[],"object_type":null,"role":"","status":"active","tags":[],"tags_all":[],"tenant_id":0,"virtual_machine_interface_id":68,"vrf_id":0},"sensitive_attributes":[],"private":"bnVsbA==","dependencies":["module.pop.data.netactuate_bgp_sessions.vm","module.pop.data.netactuate_server.vm","module.pop.netactuate_server.vm","module.pop.netbox_cluster.this","module.pop.netbox_interface.eth0","module.pop.netbox_site.this","module.pop.netbox_virtual_machine.this","netbox_cluster_type.hypervisor","netbox_custom_field.na_asn","netbox_custom_field.na_bgp_ipv4_prefix","netbox_custom_field.na_bgp_peers","netbox_custom_field.na_bgp_session_details","netbox_custom_field.na_contract_id","netbox_custom_field.na_image","netbox_custom_field.na_image_id","netbox_custom_field.na_location_id","netbox_custom_field.na_plan","netbox_custom_field.na_plan_id","netbox_custom_field.na_public_ipv4","netbox_custom_field.na_public_ipv6","netbox_custom_field.na_server_id","netbox_custom_field.zz_bgp_connection_info","netbox_custom_field.zz_bgp_local_info","netbox_custom_field.zz_bgp_remote_info","netbox_custom_field.zz_bgp_routes_info","netbox_tag.anycast"]}]},{"module":"module.pop[\"SIN\"]","mode":"managed","type":"netbox_primary_ip","name":"vm_primary_v4","provider":"provider[\"registry.opentofu.org/e-breuninger/netbox\"]","instances":[{"schema_version":0,"attributes":{"id":"70","ip_address_id":69,"ip_address_version":4,"virtual_machine_id":70},"sensitive_attributes":[],"private":"bnVsbA==","dependencies":["module.pop.data.netactuate_bgp_sessions.vm","module.pop.data.netactuate_server.vm","module.pop.netactuate_server.vm","module.pop.netbox_cluster.this","module.pop.netbox_interface.eth0","module.pop.netbox_ip_address.public_v4","module.pop.netbox_site.this","module.pop.netbox_virtual_machine.this","netbox_cluster_type.hypervisor","netbox_custom_field.na_asn","netbox_custom_field.na_bgp_ipv4_prefix","netbox_custom_field.na_contract_id","netbox_custom_field.na_image","netbox_custom_field.na_image_id","netbox_custom_field.na_location_id","netbox_custom_field.na_plan","netbox_custom_field.na_plan_id","netbox_custom_field.na_public_ipv4","netbox_custom_field.na_public_ipv6","netbox_custom_field.na_server_id","netbox_custom_field.zz_bgp_connection_info","netbox_custom_field.zz_bgp_local_info","netbox_custom_field.zz_bgp_remote_info","netbox_custom_field.zz_bgp_routes_info","netbox_tag.anycast"]}]},{"module":"module.pop[\"SIN\"]","mode":"managed","type":"netbox_service","name":"bgp179","provider":"provider[\"registry.opentofu.org/e-breuninger/netbox\"]","instances":[{"schema_version":0,"attributes":{"custom_fields":null,"description":"Anycast ingress BGP (TCP/179)","device_id":0,"id":"68","name":"bgp","port":null,"ports":[179],"protocol":"tcp","tags":[],"tags_all":[],"virtual_machine_id":70},"sensitive_attributes":[],"private":"bnVsbA==","dependencies":["module.pop.data.netactuate_bgp_sessions.vm","module.pop.data.netactuate_server.vm","module.pop.netactuate_server.vm","module.pop.netbox_cluster.this","module.pop.netbox_site.this","module.pop.netbox_virtual_machine.this","netbox_cluster_type.hypervisor","netbox_custom_field.na_asn","netbox_custom_field.na_bgp_ipv4_prefix","netbox_custom_field.na_contract_id","netbox_custom_field.na_image","netbox_custom_field.na_image_id","netbox_custom_field.na_location_id","netbox_custom_field.na_plan","netbox_custom_field.na_plan_id","netbox_custom_field.na_public_ipv4","netbox_custom_field.na_public_ipv6","netbox_custom_field.na_server_id","netbox_custom_field.zz_bgp_connection_info","netbox_custom_field.zz_bgp_local_info","netbox_custom_field.zz_bgp_remote_info","netbox_custom_field.zz_bgp_routes_info","netbox_tag.anycast"]}]},{"module":"module.pop[\"SIN\"]","mode":"managed","type":"netbox_site","name":"this","provider":"provider[\"registry.opentofu.org/e-breuninger/netbox\"]","instances":[{"schema_version":0,"attributes":{"asn_ids":[],"comments":"","custom_fields":null,"description":"NetActuate PoP SIN","facility":"","group_id":0,"id":"71","latitude":0,"longitude":0,"name":"SIN","physical_address":"","region_id":0,"shipping_address":"","slug":"sin","status":"active","tags":[],"tags_all":[],"tenant_id":0,"timezone":""},"sensitive_attributes":[],"private":"bnVsbA==","dependencies":["netbox_custom_field.na_asn","netbox_custom_field.na_bgp_ipv4_prefix","netbox_custom_field.na_contract_id","netbox_custom_field.na_image","netbox_custom_field.na_image_id","netbox_custom_field.na_location_id","netbox_custom_field.na_plan","netbox_custom_field.na_plan_id","netbox_custom_field.na_public_ipv4","netbox_custom_field.na_public_ipv6","netbox_custom_field.na_server_id","netbox_custom_field.zz_bgp_connection_info","netbox_custom_field.zz_bgp_local_info","netbox_custom_field.zz_bgp_remote_info","netbox_custom_field.zz_bgp_routes_info"]}]},{"module":"module.pop[\"SIN\"]","mode":"managed","type":"netbox_virtual_machine","name":"this","provider":"provider[\"registry.opentofu.org/e-breuninger/netbox\"]","instances":[{"schema_version":2,"attributes":{"cluster_id":72,"comments":"🚀 NetActuate Server Details:\n\n  • Server ID: 572184\n\n  • Contract ID: 440\n\n  • Location ID: 173\n\n  • Image: Ubuntu 24.04 LTS (20240423) (ID 5787)\n\n  • IPv4 Prefix: 45.54.50.0/24\n\n📋 BGP Local Info:\n\n  Hostname: anycast-ingress-sin.worker.demo\nLocal ASN: 63911\nPublic IPv4: 43.245.49.137\nPublic IPv6: 2403:2500:300::c65\nCustomer IPs: 43.245.49.137, 2403:2500:300::c65\n\n🌐 BGP Remote Info:\n\n  Group: Craig's DevOps Demos\nProvider ASN: 36236\nProvider IPv4: 43.245.49.106\nProvider IPv6: 2403:2500:300::105\n\n🔗 BGP Connection Status:\n\n  43.245.49.106 (ipv4): state=Established config=1 locked=false last=2025-10-06 08:51:44\n2403:2500:300::105 (ipv6): state=Active config=1 locked=false last=2025-10-06 08:51:45\n\n📊 BGP Routes:\n\n  45.54.50.0/24 via 43.245.49.137 (origin 63911)\n\n📡 BGP Peers (JSON):\n\n  {\"ipv4|43.245.49.106\":{\"comment\":\"Description: Craig's DevOps Demos - SIN - anycast-ingress-sin.worker.demo IPv4\\nState: Established\\nConfig status: 1\\nLast update: 2025-10-06 08:51:44\\nRoutes: 45.54.50.0/24 via 43.245.49.137\",\"config_status\":\"1\",\"customer_ip\":\"43.245.49.137\",\"description\":\"Craig's DevOps Demos - SIN - anycast-ingress-sin.worker.demo IPv4\",\"group_id\":3247,\"group_name\":\"Craig's DevOps Demos\",\"last_update\":\"2025-10-06 08:51:44\",\"local_ip\":\"43.245.49.137\",\"remote_ip\":\"43.245.49.106\",\"remote_ip_type\":\"ipv4\",\"remote_prefix\":\"43.245.49.106/32\",\"routes\":[{\"metric_loc_prf_weight\":0,\"next_hop\":\"43.245.49.137\",\"origin\":\"63911\",\"path\":[\"63911\"],\"prefix\":\"45.54.50.0/24\"}],\"session_name\":\"\",\"state\":\"Established\",\"status\":\"active\"},\"ipv6|2403:2500:300::105\":{\"comment\":\"Description: Craig's DevOps Demos - SIN - anycast-ingress-sin.worker.demo IPv6\\nState: Active\\nConfig status: 1\\nLast update: 2025-10-06 08:51:45\",\"config_status\":\"1\",\"customer_ip\":\"2403:2500:300::c65\",\"description\":\"Craig's DevOps Demos - SIN - anycast-ingress-sin.worker.demo IPv6\",\"group_id\":3247,\"group_name\":\"Craig's DevOps Demos\",\"last_update\":\"2025-10-06 08:51:45\",\"local_ip\":\"2403:2500:300::c65\",\"remote_ip\":\"2403:2500:300::105\",\"remote_ip_type\":\"ipv6\",\"remote_prefix\":\"2403:2500:300::105/128\",\"routes\":[],\"session_name\":\"\",\"state\":\"Active\",\"status\":\"failed\"}}\n\n🔧 BGP Session Details (JSON):\n\n  {\"group_id\":3247,\"group_name\":\"Craig's DevOps Demos\",\"sessions\":[{\"config_status\":\"1\",\"customer_asn\":63911,\"customer_peer_ip\":\"43.245.49.137\",\"description\":\"Craig's DevOps Demos - SIN - anycast-ingress-sin.worker.demo IPv4\",\"group_id\":3247,\"group_name\":\"Craig's DevOps Demos\",\"id\":51197,\"last_update\":\"2025-10-06 08:51:44\",\"location_name\":\"SIN - Singapore, SG\",\"locked\":false,\"mb_id\":0,\"provider_asn\":36236,\"provider_ip_type\":\"ipv4\",\"provider_peer_ip\":\"43.245.49.106\",\"routes_received\":\"[{\\\"path\\\": [\\\"63911\\\"], \\\"origin\\\": \\\"63911\\\", \\\"prefix\\\": \\\"45.54.50.0/24\\\", \\\"next_hop\\\": \\\"43.245.49.137\\\", \\\"metric_loc_prf_weight\\\": 0}]\",\"state\":\"Established\"},{\"config_status\":\"1\",\"customer_asn\":63911,\"customer_peer_ip\":\"2403:2500:300::c65\",\"description\":\"Craig's DevOps Demos - SIN - anycast-ingress-sin.worker.demo IPv6\",\"group_id\":3247,\"group_name\":\"Craig's DevOps Demos\",\"id\":51198,\"last_update\":\"2025-10-06 08:51:45\",\"location_name\":\"SIN - Singapore, SG\",\"locked\":false,\"mb_id\":0,\"provider_asn\":36236,\"provider_ip_type\":\"ipv6\",\"provider_peer_ip\":\"2403:2500:300::105\",\"routes_received\":\"\",\"state\":\"Active\"}]}","custom_fields":{"na_asn":"63911","na_bgp_ipv4_prefix":"45.54.50.0/24","na_contract_id":"440","na_image":"Ubuntu 24.04 LTS (20240423)","na_image_id":"5787","na_location_id":"173","na_plan":"VR1x1x25","na_plan_id":"668","na_public_ipv4":"43.245.49.137","na_public_ipv6":"2403:2500:300::c65","na_server_id":"572184","zz_bgp_connection_info":"43.245.49.106 (ipv4): state=Established config=1 locked=false last=2025-10-06 08:51:44\n2403:2500:300::105 (ipv6): state=Active config=1 locked=false last=2025-10-06 08:51:45","zz_bgp_local_info":"Hostname: anycast-ingress-sin.worker.demo\nLocal ASN: 63911\nPublic IPv4: 43.245.49.137\nPublic IPv6: 2403:2500:300::c65\nCustomer IPs: 43.245.49.137, 2403:2500:300::c65","zz_bgp_remote_info":"Group: Craig's DevOps Demos\nProvider ASN: 36236\nProvider IPv4: 43.245.49.106\nProvider IPv6: 2403:2500:300::105","zz_bgp_routes_info":"45.54.50.0/24 via 43.245.49.137 (origin 63911)"},"description":"NetActuate plan VR1x1x25","device_id":0,"disk_size_mb":25600,"id":"70","local_context_data":"","memory_mb":1024,"name":"anycast-ingress-sin.worker.demo","platform_id":0,"primary_ipv4":69,"primary_ipv6":0,"role_id":0,"site_id":71,"status":"active","tags":["anycast"],"tags_all":["anycast"],"tenant_id":0,"vcpus":1},"sensitive_attributes":[],"private":"eyJzY2hlbWFfdmVyc2lvbiI6IjIifQ==","dependencies":["module.pop.data.netactuate_bgp_sessions.vm","module.pop.data.netactuate_server.vm","module.pop.netactuate_server.vm","module.pop.netbox_cluster.this","module.pop.netbox_site.this","netbox_cluster_type.hypervisor","netbox_custom_field.na_asn","netbox_custom_field.na_bgp_ipv4_prefix","netbox_custom_field.na_contract_id","netbox_custom_field.na_image","netbox_custom_field.na_image_id","netbox_custom_field.na_location_id","netbox_custom_field.na_plan","netbox_custom_field.na_plan_id","netbox_custom_field.na_public_ipv4","netbox_custom_field.na_public_ipv6","netbox_custom_field.na_server_id","netbox_custom_field.zz_bgp_connection_info","netbox_custom_field.zz_bgp_local_info","netbox_custom_field.zz_bgp_remote_info","netbox_custom_field.zz_bgp_routes_info","netbox_tag.anycast"]}]},{"module":"module.pop[\"SJC\"]","mode":"data","type":"netactuate_bgp_sessions","name":"vm","provider":"provider[\"registry.opentofu.org/netactuate/netactuate\"]","instances":[{"schema_version":0,"attributes":{"id":"572154","mbpkgid":572154,"sessions":[{"config_status":"1","customer_asn":63911,"customer_peer_ip":"208.111.39.219","description":"Craig's DevOps Demos - SJC - anycast-ingress-sjc.worker.demo IPv4","group_id":3247,"group_name":"Craig's DevOps Demos","id":51143,"last_update":"2025-10-06 08:50:59","location_name":"SJC - San Jose, CA","locked":false,"mb_id":0,"provider_asn":36236,"provider_ip_type":"ipv4","provider_peer_ip":"208.111.39.103","routes_received":"[{\"path\": [\"63911\"], \"origin\": \"63911\", \"prefix\": \"45.54.50.0/24\", \"next_hop\": \"208.111.39.219\", \"metric_loc_prf_weight\": 0}]","state":"Established"},{"config_status":"1","customer_asn":63911,"customer_peer_ip":"2607:f740:0:3f::220","description":"Craig's DevOps Demos - SJC - anycast-ingress-sjc.worker.demo IPv6","group_id":3247,"group_name":"Craig's DevOps Demos","id":51144,"last_update":"2025-10-06 08:51:15","location_name":"SJC - San Jose, CA","locked":false,"mb_id":0,"provider_asn":36236,"provider_ip_type":"ipv6","provider_peer_ip":"2607:f740:0:3f::5bd","routes_received":"","state":"Active"}]},"sensitive_attributes":[]}]},{"module":"module.pop[\"SJC\"]","mode":"data","type":"netactuate_server","name":"vm","provider":"provider[\"registry.opentofu.org/netactuate/netactuate\"]","instances":[{"schema_version":0,"attributes":{"bgp_peers":[{"group_id":3247,"ipv4":["208.111.39.103"],"ipv6":["2607:f740:0:3f::5bd"],"localasn":63911,"localpeerv4":"208.111.39.219","localpeerv6":"2607:f740:0:3f::220","peerasn":36236}],"hostname":"anycast-ingress-sjc.worker.demo","id":572154,"image":"Ubuntu 24.04 LTS (20240423)","image_id":5787,"ip_v4":"208.111.39.219","ip_v6":"2607:f740:0:3f::220","location_id":3,"package":"VR1x1x25","plan_id":668,"public_ipv4":"208.111.39.219","public_ipv6":"2607:f740:0:3f::220","state":"UP","status":"RUNNING"},"sensitive_attributes":[]}]},{"module":"module.pop[\"SJC\"]","mode":"managed","type":"netactuate_bgp_sessions","name":"bgp","provider":"provider[\"registry.opentofu.org/netactuate/netactuate\"]","instances":[{"index_key":0,"schema_version":0,"attributes":{"group_id":3247,"id":"572154","ipv6":true,"mbpkgid":572154,"redundant":false},"sensitive_attributes":[],"private":"bnVsbA==","dependencies":["module.pop.netactuate_server.vm","netbox_custom_field.na_asn","netbox_custom_field.na_bgp_ipv4_prefix","netbox_custom_field.na_contract_id","netbox_custom_field.na_image","netbox_custom_field.na_image_id","netbox_custom_field.na_location_id","netbox_custom_field.na_plan","netbox_custom_field.na_plan_id","netbox_custom_field.na_public_ipv4","netbox_custom_field.na_public_ipv6","netbox_custom_field.na_server_id","netbox_custom_field.zz_bgp_connection_info","netbox_custom_field.zz_bgp_local_info","netbox_custom_field.zz_bgp_remote_info","netbox_custom_field.zz_bgp_routes_info"]}]},{"module":"module.pop[\"SJC\"]","mode":"managed","type":"netactuate_server","name":"vm","provider":"provider[\"registry.opentofu.org/netactuate/netactuate\"]","instances":[{"schema_version":0,"attributes":{"cloud_config":null,"hostname":"anycast-ingress-sjc.worker.demo","id":"572154","image":null,"image_id":5787,"location":null,"location_id":3,"package_billing":"usage","package_billing_contract_id":"440","package_billing_opt_in":null,"params":"","password":null,"plan":"VR1x1x25","primary_ipv4":"208.111.39.219","primary_ipv6":"2607:f740:0:3f::220","ssh_key":null,"ssh_key_id":8199,"user_data":null,"user_data_base64":null},"sensitive_attributes":[[{"type":"get_attr","value":"password"}]],"private":"bnVsbA==","dependencies":["netbox_custom_field.na_asn","netbox_custom_field.na_bgp_ipv4_prefix","netbox_custom_field.na_contract_id","netbox_custom_field.na_image","netbox_custom_field.na_image_id","netbox_custom_field.na_location_id","netbox_custom_field.na_plan","netbox_custom_field.na_plan_id","netbox_custom_field.na_public_ipv4","netbox_custom_field.na_public_ipv6","netbox_custom_field.na_server_id","netbox_custom_field.zz_bgp_connection_info","netbox_custom_field.zz_bgp_local_info","netbox_custom_field.zz_bgp_remote_info","netbox_custom_field.zz_bgp_routes_info"]}]},{"module":"module.pop[\"SJC\"]","mode":"managed","type":"netbox_cluster","name":"this","provider":"provider[\"registry.opentofu.org/e-breuninger/netbox\"]","instances":[{"schema_version":0,"attributes":{"cluster_group_id":0,"cluster_type_id":6,"comments":"","description":"","id":"47","name":"SJC-cluster","site_id":50,"tags":[],"tags_all":[],"tenant_id":0},"sensitive_attributes":[],"private":"bnVsbA==","dependencies":["module.pop.netbox_site.this","netbox_cluster_type.hypervisor","netbox_custom_field.na_asn","netbox_custom_field.na_bgp_ipv4_prefix","netbox_custom_field.na_contract_id","netbox_custom_field.na_image","netbox_custom_field.na_image_id","netbox_custom_field.na_location_id","netbox_custom_field.na_plan","netbox_custom_field.na_plan_id","netbox_custom_field.na_public_ipv4","netbox_custom_field.na_public_ipv6","netbox_custom_field.na_server_id","netbox_custom_field.zz_bgp_connection_info","netbox_custom_field.zz_bgp_local_info","netbox_custom_field.zz_bgp_remote_info","netbox_custom_field.zz_bgp_routes_info"]}]},{"module":"module.pop[\"SJC\"]","mode":"managed","type":"netbox_device","name":"this","provider":"provider[\"registry.opentofu.org/e-breuninger/netbox\"]","instances":[{"schema_version":0,"attributes":{"asset_tag":"","cluster_id":0,"comments":"","config_template_id":0,"custom_fields":null,"description":"","device_type_id":1,"id":"28","local_context_data":"","location_id":0,"name":"anycast-ingress-sjc.worker.demo","platform_id":0,"primary_ipv4":0,"primary_ipv6":0,"rack_face":"","rack_id":0,"rack_position":0,"role_id":1,"serial":"","site_id":50,"status":"active","tags":["anycast"],"tags_all":["anycast"],"tenant_id":0,"virtual_chassis_id":0,"virtual_chassis_master":false,"virtual_chassis_position":0,"virtual_chassis_priority":0},"sensitive_attributes":[],"private":"bnVsbA==","dependencies":["module.pop.netactuate_server.vm","module.pop.netbox_site.this","netbox_custom_field.na_asn","netbox_custom_field.na_bgp_ipv4_prefix","netbox_custom_field.na_contract_id","netbox_custom_field.na_image","netbox_custom_field.na_image_id","netbox_custom_field.na_location_id","netbox_custom_field.na_plan","netbox_custom_field.na_plan_id","netbox_custom_field.na_public_ipv4","netbox_custom_field.na_public_ipv6","netbox_custom_field.na_server_id","netbox_custom_field.zz_bgp_connection_info","netbox_custom_field.zz_bgp_local_info","netbox_custom_field.zz_bgp_remote_info","netbox_custom_field.zz_bgp_routes_info","netbox_device_role.anycast_worker","netbox_device_type.anycast_worker","netbox_manufacturer.netactuate","netbox_tag.anycast"]}]},{"module":"module.pop[\"SJC\"]","mode":"managed","type":"netbox_interface","name":"eth0","provider":"provider[\"registry.opentofu.org/e-breuninger/netbox\"]","instances":[{"schema_version":0,"attributes":{"description":"","enabled":true,"id":"50","mac_address":"","mode":null,"mtu":0,"name":"eth0","tagged_vlans":[],"tags":[],"tags_all":[],"type":null,"untagged_vlan":null,"virtual_machine_id":47},"sensitive_attributes":[],"private":"bnVsbA==","dependencies":["module.pop.data.netactuate_bgp_sessions.vm","module.pop.data.netactuate_server.vm","module.pop.netactuate_server.vm","module.pop.netbox_cluster.this","module.pop.netbox_site.this","module.pop.netbox_virtual_machine.this","netbox_cluster_type.hypervisor","netbox_custom_field.na_asn","netbox_custom_field.na_bgp_ipv4_prefix","netbox_custom_field.na_contract_id","netbox_custom_field.na_image","netbox_custom_field.na_image_id","netbox_custom_field.na_location_id","netbox_custom_field.na_plan","netbox_custom_field.na_plan_id","netbox_custom_field.na_public_ipv4","netbox_custom_field.na_public_ipv6","netbox_custom_field.na_server_id","netbox_custom_field.zz_bgp_connection_info","netbox_custom_field.zz_bgp_local_info","netbox_custom_field.zz_bgp_remote_info","netbox_custom_field.zz_bgp_routes_info","netbox_tag.anycast"]}]},{"module":"module.pop[\"SJC\"]","mode":"managed","type":"netbox_ip_address","name":"public_v4","provider":"provider[\"registry.opentofu.org/e-breuninger/netbox\"]","instances":[{"schema_version":0,"attributes":{"custom_fields":null,"description":"","device_interface_id":null,"dns_name":"anycast-ingress-sjc.worker.demo","id":"53","interface_id":null,"ip_address":"208.111.39.219/32","nat_inside_address_id":0,"nat_outside_addresses":[],"object_type":null,"role":"","status":"active","tags":[],"tags_all":[],"tenant_id":0,"virtual_machine_interface_id":50,"vrf_id":0},"sensitive_attributes":[],"private":"bnVsbA==","dependencies":["module.pop.data.netactuate_bgp_sessions.vm","module.pop.data.netactuate_server.vm","module.pop.netactuate_server.vm","module.pop.netbox_cluster.this","module.pop.netbox_interface.eth0","module.pop.netbox_site.this","module.pop.netbox_virtual_machine.this","netbox_cluster_type.hypervisor","netbox_custom_field.na_asn","netbox_custom_field.na_bgp_ipv4_prefix","netbox_custom_field.na_bgp_peers","netbox_custom_field.na_bgp_session_details","netbox_custom_field.na_contract_id","netbox_custom_field.na_image","netbox_custom_field.na_image_id","netbox_custom_field.na_location_id","netbox_custom_field.na_plan","netbox_custom_field.na_plan_id","netbox_custom_field.na_public_ipv4","netbox_custom_field.na_public_ipv6","netbox_custom_field.na_server_id","netbox_custom_field.zz_bgp_connection_info","netbox_custom_field.zz_bgp_local_info","netbox_custom_field.zz_bgp_remote_info","netbox_custom_field.zz_bgp_routes_info","netbox_tag.anycast"]}]},{"module":"module.pop[\"SJC\"]","mode":"managed","type":"netbox_primary_ip","name":"vm_primary_v4","provider":"provider[\"registry.opentofu.org/e-breuninger/netbox\"]","instances":[{"schema_version":0,"attributes":{"id":"47","ip_address_id":53,"ip_address_version":4,"virtual_machine_id":47},"sensitive_attributes":[],"private":"bnVsbA==","dependencies":["module.pop.data.netactuate_bgp_sessions.vm","module.pop.data.netactuate_server.vm","module.pop.netactuate_server.vm","module.pop.netbox_cluster.this","module.pop.netbox_interface.eth0","module.pop.netbox_ip_address.public_v4","module.pop.netbox_site.this","module.pop.netbox_virtual_machine.this","netbox_cluster_type.hypervisor","netbox_custom_field.na_asn","netbox_custom_field.na_bgp_ipv4_prefix","netbox_custom_field.na_contract_id","netbox_custom_field.na_image","netbox_custom_field.na_image_id","netbox_custom_field.na_location_id","netbox_custom_field.na_plan","netbox_custom_field.na_plan_id","netbox_custom_field.na_public_ipv4","netbox_custom_field.na_public_ipv6","netbox_custom_field.na_server_id","netbox_custom_field.zz_bgp_connection_info","netbox_custom_field.zz_bgp_local_info","netbox_custom_field.zz_bgp_remote_info","netbox_custom_field.zz_bgp_routes_info","netbox_tag.anycast"]}]},{"module":"module.pop[\"SJC\"]","mode":"managed","type":"netbox_service","name":"bgp179","provider":"provider[\"registry.opentofu.org/e-breuninger/netbox\"]","instances":[{"schema_version":0,"attributes":{"custom_fields":null,"description":"Anycast ingress BGP (TCP/179)","device_id":0,"id":"41","name":"bgp","port":null,"ports":[179],"protocol":"tcp","tags":[],"tags_all":[],"virtual_machine_id":47},"sensitive_attributes":[],"private":"bnVsbA==","dependencies":["module.pop.data.netactuate_bgp_sessions.vm","module.pop.data.netactuate_server.vm","module.pop.netactuate_server.vm","module.pop.netbox_cluster.this","module.pop.netbox_site.this","module.pop.netbox_virtual_machine.this","netbox_cluster_type.hypervisor","netbox_custom_field.na_asn","netbox_custom_field.na_bgp_ipv4_prefix","netbox_custom_field.na_contract_id","netbox_custom_field.na_image","netbox_custom_field.na_image_id","netbox_custom_field.na_location_id","netbox_custom_field.na_plan","netbox_custom_field.na_plan_id","netbox_custom_field.na_public_ipv4","netbox_custom_field.na_public_ipv6","netbox_custom_field.na_server_id","netbox_custom_field.zz_bgp_connection_info","netbox_custom_field.zz_bgp_local_info","netbox_custom_field.zz_bgp_remote_info","netbox_custom_field.zz_bgp_routes_info","netbox_tag.anycast"]}]},{"module":"module.pop[\"SJC\"]","mode":"managed","type":"netbox_site","name":"this","provider":"provider[\"registry.opentofu.org/e-breuninger/netbox\"]","instances":[{"schema_version":0,"attributes":{"asn_ids":[],"comments":"","custom_fields":null,"description":"NetActuate PoP SJC","facility":"","group_id":0,"id":"50","latitude":0,"longitude":0,"name":"SJC","physical_address":"","region_id":0,"shipping_address":"","slug":"sjc","status":"active","tags":[],"tags_all":[],"tenant_id":0,"timezone":""},"sensitive_attributes":[],"private":"bnVsbA==","dependencies":["netbox_custom_field.na_asn","netbox_custom_field.na_bgp_ipv4_prefix","netbox_custom_field.na_contract_id","netbox_custom_field.na_image","netbox_custom_field.na_image_id","netbox_custom_field.na_location_id","netbox_custom_field.na_plan","netbox_custom_field.na_plan_id","netbox_custom_field.na_public_ipv4","netbox_custom_field.na_public_ipv6","netbox_custom_field.na_server_id","netbox_custom_field.zz_bgp_connection_info","netbox_custom_field.zz_bgp_local_info","netbox_custom_field.zz_bgp_remote_info","netbox_custom_field.zz_bgp_routes_info"]}]},{"module":"module.pop[\"SJC\"]","mode":"managed","type":"netbox_virtual_machine","name":"this","provider":"provider[\"registry.opentofu.org/e-breuninger/netbox\"]","instances":[{"schema_version":2,"attributes":{"cluster_id":47,"comments":"🚀 NetActuate Server Details:\n\n  • Server ID: 572154\n\n  • Contract ID: 440\n\n  • Location ID: 3\n\n  • Image: Ubuntu 24.04 LTS (20240423) (ID 5787)\n\n  • IPv4 Prefix: 45.54.50.0/24\n\n📋 BGP Local Info:\n\n  Hostname: anycast-ingress-sjc.worker.demo\nLocal ASN: 63911\nPublic IPv4: 208.111.39.219\nPublic IPv6: 2607:f740:0:3f::220\nCustomer IPs: 208.111.39.219, 2607:f740:0:3f::220\n\n🌐 BGP Remote Info:\n\n  Group: Craig's DevOps Demos\nProvider ASN: 36236\nProvider IPv4: 208.111.39.103\nProvider IPv6: 2607:f740:0:3f::5bd\n\n🔗 BGP Connection Status:\n\n  208.111.39.103 (ipv4): state=Established config=1 locked=false last=2025-10-06 08:50:59\n2607:f740:0:3f::5bd (ipv6): state=Active config=1 locked=false last=2025-10-06 08:51:15\n\n📊 BGP Routes:\n\n  45.54.50.0/24 via 208.111.39.219 (origin 63911)\n\n📡 BGP Peers (JSON):\n\n  {\"ipv4|208.111.39.103\":{\"comment\":\"Description: Craig's DevOps Demos - SJC - anycast-ingress-sjc.worker.demo IPv4\\nState: Established\\nConfig status: 1\\nLast update: 2025-10-06 08:50:59\\nRoutes: 45.54.50.0/24 via 208.111.39.219\",\"config_status\":\"1\",\"customer_ip\":\"208.111.39.219\",\"description\":\"Craig's DevOps Demos - SJC - anycast-ingress-sjc.worker.demo IPv4\",\"group_id\":3247,\"group_name\":\"Craig's DevOps Demos\",\"last_update\":\"2025-10-06 08:50:59\",\"local_ip\":\"208.111.39.219\",\"remote_ip\":\"208.111.39.103\",\"remote_ip_type\":\"ipv4\",\"remote_prefix\":\"208.111.39.103/32\",\"routes\":[{\"metric_loc_prf_weight\":0,\"next_hop\":\"208.111.39.219\",\"origin\":\"63911\",\"path\":[\"63911\"],\"prefix\":\"45.54.50.0/24\"}],\"session_name\":\"\",\"state\":\"Established\",\"status\":\"active\"},\"ipv6|2607:f740:0:3f::5bd\":{\"comment\":\"Description: Craig's DevOps Demos - SJC - anycast-ingress-sjc.worker.demo IPv6\\nState: Active\\nConfig status: 1\\nLast update: 2025-10-06 08:51:15\",\"config_status\":\"1\",\"customer_ip\":\"2607:f740:0:3f::220\",\"description\":\"Craig's DevOps Demos - SJC - anycast-ingress-sjc.worker.demo IPv6\",\"group_id\":3247,\"group_name\":\"Craig's DevOps Demos\",\"last_update\":\"2025-10-06 08:51:15\",\"local_ip\":\"2607:f740:0:3f::220\",\"remote_ip\":\"2607:f740:0:3f::5bd\",\"remote_ip_type\":\"ipv6\",\"remote_prefix\":\"2607:f740:0:3f::5bd/128\",\"routes\":[],\"session_name\":\"\",\"state\":\"Active\",\"status\":\"failed\"}}\n\n🔧 BGP Session Details (JSON):\n\n  {\"group_id\":3247,\"group_name\":\"Craig's DevOps Demos\",\"sessions\":[{\"config_status\":\"1\",\"customer_asn\":63911,\"customer_peer_ip\":\"208.111.39.219\",\"description\":\"Craig's DevOps Demos - SJC - anycast-ingress-sjc.worker.demo IPv4\",\"group_id\":3247,\"group_name\":\"Craig's DevOps Demos\",\"id\":51143,\"last_update\":\"2025-10-06 08:50:59\",\"location_name\":\"SJC - San Jose, CA\",\"locked\":false,\"mb_id\":0,\"provider_asn\":36236,\"provider_ip_type\":\"ipv4\",\"provider_peer_ip\":\"208.111.39.103\",\"routes_received\":\"[{\\\"path\\\": [\\\"63911\\\"], \\\"origin\\\": \\\"63911\\\", \\\"prefix\\\": \\\"45.54.50.0/24\\\", \\\"next_hop\\\": \\\"208.111.39.219\\\", \\\"metric_loc_prf_weight\\\": 0}]\",\"state\":\"Established\"},{\"config_status\":\"1\",\"customer_asn\":63911,\"customer_peer_ip\":\"2607:f740:0:3f::220\",\"description\":\"Craig's DevOps Demos - SJC - anycast-ingress-sjc.worker.demo IPv6\",\"group_id\":3247,\"group_name\":\"Craig's DevOps Demos\",\"id\":51144,\"last_update\":\"2025-10-06 08:51:15\",\"location_name\":\"SJC - San Jose, CA\",\"locked\":false,\"mb_id\":0,\"provider_asn\":36236,\"provider_ip_type\":\"ipv6\",\"provider_peer_ip\":\"2607:f740:0:3f::5bd\",\"routes_received\":\"\",\"state\":\"Active\"}]}","custom_fields":{"na_asn":"63911","na_bgp_ipv4_prefix":"45.54.50.0/24","na_contract_id":"440","na_image":"Ubuntu 24.04 LTS (20240423)","na_image_id":"5787","na_location_id":"3","na_plan":"VR1x1x25","na_plan_id":"668","na_public_ipv4":"208.111.39.219","na_public_ipv6":"2607:f740:0:3f::220","na_server_id":"572154","zz_bgp_connection_info":"208.111.39.103 (ipv4): state=Established config=1 locked=false last=2025-10-06 08:50:59\n2607:f740:0:3f::5bd (ipv6): state=Active config=1 locked=false last=2025-10-06 08:51:15","zz_bgp_local_info":"Hostname: anycast-ingress-sjc.worker.demo\nLocal ASN: 63911\nPublic IPv4: 208.111.39.219\nPublic IPv6: 2607:f740:0:3f::220\nCustomer IPs: 208.111.39.219, 2607:f740:0:3f::220","zz_bgp_remote_info":"Group: Craig's DevOps Demos\nProvider ASN: 36236\nProvider IPv4: 208.111.39.103\nProvider IPv6: 2607:f740:0:3f::5bd","zz_bgp_routes_info":"45.54.50.0/24 via 208.111.39.219 (origin 63911)"},"description":"NetActuate plan VR1x1x25","device_id":0,"disk_size_mb":25600,"id":"47","local_context_data":"","memory_mb":1024,"name":"anycast-ingress-sjc.worker.demo","platform_id":0,"primary_ipv4":53,"primary_ipv6":0,"role_id":0,"site_id":50,"status":"active","tags":["anycast"],"tags_all":["anycast"],"tenant_id":0,"vcpus":1},"sensitive_attributes":[],"private":"eyJzY2hlbWFfdmVyc2lvbiI6IjIifQ==","dependencies":["module.pop.data.netactuate_bgp_sessions.vm","module.pop.data.netactuate_server.vm","module.pop.netactuate_server.vm","module.pop.netbox_cluster.this","module.pop.netbox_site.this","netbox_cluster_type.hypervisor","netbox_custom_field.na_asn","netbox_custom_field.na_bgp_ipv4_prefix","netbox_custom_field.na_contract_id","netbox_custom_field.na_image","netbox_custom_field.na_image_id","netbox_custom_field.na_location_id","netbox_custom_field.na_plan","netbox_custom_field.na_plan_id","netbox_custom_field.na_public_ipv4","netbox_custom_field.na_public_ipv6","netbox_custom_field.na_server_id","netbox_custom_field.zz_bgp_connection_info","netbox_custom_field.zz_bgp_local_info","netbox_custom_field.zz_bgp_remote_info","netbox_custom_field.zz_bgp_routes_info","netbox_tag.anycast"]}]},{"module":"module.pop[\"SYD\"]","mode":"data","type":"netactuate_bgp_sessions","name":"vm","provider":"provider[\"registry.opentofu.org/netactuate/netactuate\"]","instances":[{"schema_version":0,"attributes":{"id":"572183","mbpkgid":572183,"sessions":[{"config_status":"1","customer_asn":63911,"customer_peer_ip":"43.245.48.176","description":"Craig's DevOps Demos - SYD - anycast-ingress-syd.worker.demo IPv4","group_id":3247,"group_name":"Craig's DevOps Demos","id":51193,"last_update":"2025-10-06 08:49:39","location_name":"SYD - Sydney, AU","locked":false,"mb_id":0,"provider_asn":36236,"provider_ip_type":"ipv4","provider_peer_ip":"43.245.48.206","routes_received":"[{\"path\": [\"63911\"], \"origin\": \"63911\", \"prefix\": \"45.54.50.0/24\", \"next_hop\": \"43.245.48.176\", \"metric_loc_prf_weight\": 0}]","state":"Established"},{"config_status":"1","customer_asn":63911,"customer_peer_ip":"2403:2500:9000:1::309","description":"Craig's DevOps Demos - SYD - anycast-ingress-syd.worker.demo IPv6","group_id":3247,"group_name":"Craig's DevOps Demos","id":51194,"last_update":"2025-10-06 08:49:46","location_name":"SYD - Sydney, AU","locked":false,"mb_id":0,"provider_asn":36236,"provider_ip_type":"ipv6","provider_peer_ip":"2403:2500:9000:1::c28","routes_received":"","state":"Active"}]},"sensitive_attributes":[]}]},{"module":"module.pop[\"SYD\"]","mode":"data","type":"netactuate_server","name":"vm","provider":"provider[\"registry.opentofu.org/netactuate/netactuate\"]","instances":[{"schema_version":0,"attributes":{"bgp_peers":[{"group_id":3247,"ipv4":["43.245.48.206"],"ipv6":["2403:2500:9000:1::c28"],"localasn":63911,"localpeerv4":"43.245.48.176","localpeerv6":"2403:2500:9000:1::309","peerasn":36236}],"hostname":"anycast-ingress-syd.worker.demo","id":572183,"image":"Ubuntu 24.04 LTS (20240423)","image_id":5787,"ip_v4":"43.245.48.176","ip_v6":"2403:2500:9000:1::309","location_id":137,"package":"VR1x1x25","plan_id":668,"public_ipv4":"43.245.48.176","public_ipv6":"2403:2500:9000:1::309","state":"UP","status":"RUNNING"},"sensitive_attributes":[]}]},{"module":"module.pop[\"SYD\"]","mode":"managed","type":"netactuate_bgp_sessions","name":"bgp","provider":"provider[\"registry.opentofu.org/netactuate/netactuate\"]","instances":[{"index_key":0,"schema_version":0,"attributes":{"group_id":3247,"id":"572183","ipv6":true,"mbpkgid":572183,"redundant":false},"sensitive_attributes":[],"private":"bnVsbA==","dependencies":["module.pop.netactuate_server.vm","netbox_custom_field.na_asn","netbox_custom_field.na_bgp_ipv4_prefix","netbox_custom_field.na_contract_id","netbox_custom_field.na_image","netbox_custom_field.na_image_id","netbox_custom_field.na_location_id","netbox_custom_field.na_plan","netbox_custom_field.na_plan_id","netbox_custom_field.na_public_ipv4","netbox_custom_field.na_public_ipv6","netbox_custom_field.na_server_id","netbox_custom_field.zz_bgp_connection_info","netbox_custom_field.zz_bgp_local_info","netbox_custom_field.zz_bgp_remote_info","netbox_custom_field.zz_bgp_routes_info"]}]},{"module":"module.pop[\"SYD\"]","mode":"managed","type":"netactuate_server","name":"vm","provider":"provider[\"registry.opentofu.org/netactuate/netactuate\"]","instances":[{"schema_version":0,"attributes":{"cloud_config":null,"hostname":"anycast-ingress-syd.worker.demo","id":"572183","image":null,"image_id":5787,"location":null,"location_id":137,"package_billing":"usage","package_billing_contract_id":"440","package_billing_opt_in":null,"params":"","password":null,"plan":"VR1x1x25","primary_ipv4":"43.245.48.176","primary_ipv6":"2403:2500:9000:1::309","ssh_key":null,"ssh_key_id":8199,"user_data":null,"user_data_base64":null},"sensitive_attributes":[[{"type":"get_attr","value":"password"}]],"private":"bnVsbA==","dependencies":["netbox_custom_field.na_asn","netbox_custom_field.na_bgp_ipv4_prefix","netbox_custom_field.na_contract_id","netbox_custom_field.na_image","netbox_custom_field.na_image_id","netbox_custom_field.na_location_id","netbox_custom_field.na_plan","netbox_custom_field.na_plan_id","netbox_custom_field.na_public_ipv4","netbox_custom_field.na_public_ipv6","netbox_custom_field.na_server_id","netbox_custom_field.zz_bgp_connection_info","netbox_custom_field.zz_bgp_local_info","netbox_custom_field.zz_bgp_remote_info","netbox_custom_field.zz_bgp_routes_info"]}]},{"module":"module.pop[\"SYD\"]","mode":"managed","type":"netbox_cluster","name":"this","provider":"provider[\"registry.opentofu.org/e-breuninger/netbox\"]","instances":[{"schema_version":0,"attributes":{"cluster_group_id":0,"cluster_type_id":6,"comments":"","description":"","id":"71","name":"SYD-cluster","site_id":72,"tags":[],"tags_all":[],"tenant_id":0},"sensitive_attributes":[],"private":"bnVsbA==","dependencies":["module.pop.netbox_site.this","netbox_cluster_type.hypervisor","netbox_custom_field.na_asn","netbox_custom_field.na_bgp_ipv4_prefix","netbox_custom_field.na_contract_id","netbox_custom_field.na_image","netbox_custom_field.na_image_id","netbox_custom_field.na_location_id","netbox_custom_field.na_plan","netbox_custom_field.na_plan_id","netbox_custom_field.na_public_ipv4","netbox_custom_field.na_public_ipv6","netbox_custom_field.na_server_id","netbox_custom_field.zz_bgp_connection_info","netbox_custom_field.zz_bgp_local_info","netbox_custom_field.zz_bgp_remote_info","netbox_custom_field.zz_bgp_routes_info"]}]},{"module":"module.pop[\"SYD\"]","mode":"managed","type":"netbox_device","name":"this","provider":"provider[\"registry.opentofu.org/e-breuninger/netbox\"]","instances":[{"schema_version":0,"attributes":{"asset_tag":"","cluster_id":0,"comments":"","config_template_id":0,"custom_fields":null,"description":"","device_type_id":1,"id":"19","local_context_data":"","location_id":0,"name":"anycast-ingress-syd.worker.demo","platform_id":0,"primary_ipv4":0,"primary_ipv6":0,"rack_face":"","rack_id":0,"rack_position":0,"role_id":1,"serial":"","site_id":72,"status":"active","tags":["anycast"],"tags_all":["anycast"],"tenant_id":0,"virtual_chassis_id":0,"virtual_chassis_master":false,"virtual_chassis_position":0,"virtual_chassis_priority":0},"sensitive_attributes":[],"private":"bnVsbA==","dependencies":["module.pop.netactuate_server.vm","module.pop.netbox_site.this","netbox_custom_field.na_asn","netbox_custom_field.na_bgp_ipv4_prefix","netbox_custom_field.na_contract_id","netbox_custom_field.na_image","netbox_custom_field.na_image_id","netbox_custom_field.na_location_id","netbox_custom_field.na_plan","netbox_custom_field.na_plan_id","netbox_custom_field.na_public_ipv4","netbox_custom_field.na_public_ipv6","netbox_custom_field.na_server_id","netbox_custom_field.zz_bgp_connection_info","netbox_custom_field.zz_bgp_local_info","netbox_custom_field.zz_bgp_remote_info","netbox_custom_field.zz_bgp_routes_info","netbox_device_role.anycast_worker","netbox_device_type.anycast_worker","netbox_manufacturer.netactuate","netbox_tag.anycast"]}]},{"module":"module.pop[\"SYD\"]","mode":"managed","type":"netbox_interface","name":"eth0","provider":"provider[\"registry.opentofu.org/e-breuninger/netbox\"]","instances":[{"schema_version":0,"attributes":{"description":"","enabled":true,"id":"70","mac_address":"","mode":null,"mtu":0,"name":"eth0","tagged_vlans":[],"tags":[],"tags_all":[],"type":null,"untagged_vlan":null,"virtual_machine_id":71},"sensitive_attributes":[],"private":"bnVsbA==","dependencies":["module.pop.data.netactuate_bgp_sessions.vm","module.pop.data.netactuate_server.vm","module.pop.netactuate_server.vm","module.pop.netbox_cluster.this","module.pop.netbox_site.this","module.pop.netbox_virtual_machine.this","netbox_cluster_type.hypervisor","netbox_custom_field.na_asn","netbox_custom_field.na_bgp_ipv4_prefix","netbox_custom_field.na_contract_id","netbox_custom_field.na_image","netbox_custom_field.na_image_id","netbox_custom_field.na_location_id","netbox_custom_field.na_plan","netbox_custom_field.na_plan_id","netbox_custom_field.na_public_ipv4","netbox_custom_field.na_public_ipv6","netbox_custom_field.na_server_id","netbox_custom_field.zz_bgp_connection_info","netbox_custom_field.zz_bgp_local_info","netbox_custom_field.zz_bgp_remote_info","netbox_custom_field.zz_bgp_routes_info","netbox_tag.anycast"]}]},{"module":"module.pop[\"SYD\"]","mode":"managed","type":"netbox_ip_address","name":"public_v4","provider":"provider[\"registry.opentofu.org/e-breuninger/netbox\"]","instances":[{"schema_version":0,"attributes":{"custom_fields":null,"description":"","device_interface_id":null,"dns_name":"anycast-ingress-syd.worker.demo","id":"68","interface_id":null,"ip_address":"43.245.48.176/32","nat_inside_address_id":0,"nat_outside_addresses":[],"object_type":null,"role":"","status":"active","tags":[],"tags_all":[],"tenant_id":0,"virtual_machine_interface_id":70,"vrf_id":0},"sensitive_attributes":[],"private":"bnVsbA==","dependencies":["module.pop.data.netactuate_bgp_sessions.vm","module.pop.data.netactuate_server.vm","module.pop.netactuate_server.vm","module.pop.netbox_cluster.this","module.pop.netbox_interface.eth0","module.pop.netbox_site.this","module.pop.netbox_virtual_machine.this","netbox_cluster_type.hypervisor","netbox_custom_field.na_asn","netbox_custom_field.na_bgp_ipv4_prefix","netbox_custom_field.na_bgp_peers","netbox_custom_field.na_bgp_session_details","netbox_custom_field.na_contract_id","netbox_custom_field.na_image","netbox_custom_field.na_image_id","netbox_custom_field.na_location_id","netbox_custom_field.na_plan","netbox_custom_field.na_plan_id","netbox_custom_field.na_public_ipv4","netbox_custom_field.na_public_ipv6","netbox_custom_field.na_server_id","netbox_custom_field.zz_bgp_connection_info","netbox_custom_field.zz_bgp_local_info","netbox_custom_field.zz_bgp_remote_info","netbox_custom_field.zz_bgp_routes_info","netbox_tag.anycast"]}]},{"module":"module.pop[\"SYD\"]","mode":"managed","type":"netbox_primary_ip","name":"vm_primary_v4","provider":"provider[\"registry.opentofu.org/e-breuninger/netbox\"]","instances":[{"schema_version":0,"attributes":{"id":"71","ip_address_id":68,"ip_address_version":4,"virtual_machine_id":71},"sensitive_attributes":[],"private":"bnVsbA==","dependencies":["module.pop.data.netactuate_bgp_sessions.vm","module.pop.data.netactuate_server.vm","module.pop.netactuate_server.vm","module.pop.netbox_cluster.this","module.pop.netbox_interface.eth0","module.pop.netbox_ip_address.public_v4","module.pop.netbox_site.this","module.pop.netbox_virtual_machine.this","netbox_cluster_type.hypervisor","netbox_custom_field.na_asn","netbox_custom_field.na_bgp_ipv4_prefix","netbox_custom_field.na_contract_id","netbox_custom_field.na_image","netbox_custom_field.na_image_id","netbox_custom_field.na_location_id","netbox_custom_field.na_plan","netbox_custom_field.na_plan_id","netbox_custom_field.na_public_ipv4","netbox_custom_field.na_public_ipv6","netbox_custom_field.na_server_id","netbox_custom_field.zz_bgp_connection_info","netbox_custom_field.zz_bgp_local_info","netbox_custom_field.zz_bgp_remote_info","netbox_custom_field.zz_bgp_routes_info","netbox_tag.anycast"]}]},{"module":"module.pop[\"SYD\"]","mode":"managed","type":"netbox_service","name":"bgp179","provider":"provider[\"registry.opentofu.org/e-breuninger/netbox\"]","instances":[{"schema_version":0,"attributes":{"custom_fields":null,"description":"Anycast ingress BGP (TCP/179)","device_id":0,"id":"70","name":"bgp","port":null,"ports":[179],"protocol":"tcp","tags":[],"tags_all":[],"virtual_machine_id":71},"sensitive_attributes":[],"private":"bnVsbA==","dependencies":["module.pop.data.netactuate_bgp_sessions.vm","module.pop.data.netactuate_server.vm","module.pop.netactuate_server.vm","module.pop.netbox_cluster.this","module.pop.netbox_site.this","module.pop.netbox_virtual_machine.this","netbox_cluster_type.hypervisor","netbox_custom_field.na_asn","netbox_custom_field.na_bgp_ipv4_prefix","netbox_custom_field.na_contract_id","netbox_custom_field.na_image","netbox_custom_field.na_image_id","netbox_custom_field.na_location_id","netbox_custom_field.na_plan","netbox_custom_field.na_plan_id","netbox_custom_field.na_public_ipv4","netbox_custom_field.na_public_ipv6","netbox_custom_field.na_server_id","netbox_custom_field.zz_bgp_connection_info","netbox_custom_field.zz_bgp_local_info","netbox_custom_field.zz_bgp_remote_info","netbox_custom_field.zz_bgp_routes_info","netbox_tag.anycast"]}]},{"module":"module.pop[\"SYD\"]","mode":"managed","type":"netbox_site","name":"this","provider":"provider[\"registry.opentofu.org/e-breuninger/netbox\"]","instances":[{"schema_version":0,"attributes":{"asn_ids":[],"comments":"","custom_fields":null,"description":"NetActuate PoP SYD","facility":"","group_id":0,"id":"72","latitude":0,"longitude":0,"name":"SYD","physical_address":"","region_id":0,"shipping_address":"","slug":"syd","status":"active","tags":[],"tags_all":[],"tenant_id":0,"timezone":""},"sensitive_attributes":[],"private":"bnVsbA==","dependencies":["netbox_custom_field.na_asn","netbox_custom_field.na_bgp_ipv4_prefix","netbox_custom_field.na_contract_id","netbox_custom_field.na_image","netbox_custom_field.na_image_id","netbox_custom_field.na_location_id","netbox_custom_field.na_plan","netbox_custom_field.na_plan_id","netbox_custom_field.na_public_ipv4","netbox_custom_field.na_public_ipv6","netbox_custom_field.na_server_id","netbox_custom_field.zz_bgp_connection_info","netbox_custom_field.zz_bgp_local_info","netbox_custom_field.zz_bgp_remote_info","netbox_custom_field.zz_bgp_routes_info"]}]},{"module":"module.pop[\"SYD\"]","mode":"managed","type":"netbox_virtual_machine","name":"this","provider":"provider[\"registry.opentofu.org/e-breuninger/netbox\"]","instances":[{"schema_version":2,"attributes":{"cluster_id":71,"comments":"🚀 NetActuate Server Details:\n\n  • Server ID: 572183\n\n  • Contract ID: 440\n\n  • Location ID: 137\n\n  • Image: Ubuntu 24.04 LTS (20240423) (ID 5787)\n\n  • IPv4 Prefix: 45.54.50.0/24\n\n📋 BGP Local Info:\n\n  Hostname: anycast-ingress-syd.worker.demo\nLocal ASN: 63911\nPublic IPv4: 43.245.48.176\nPublic IPv6: 2403:2500:9000:1::309\nCustomer IPs: 43.245.48.176, 2403:2500:9000:1::309\n\n🌐 BGP Remote Info:\n\n  Group: Craig's DevOps Demos\nProvider ASN: 36236\nProvider IPv4: 43.245.48.206\nProvider IPv6: 2403:2500:9000:1::c28\n\n🔗 BGP Connection Status:\n\n  43.245.48.206 (ipv4): state=Established config=1 locked=false last=2025-10-06 08:49:39\n2403:2500:9000:1::c28 (ipv6): state=Active config=1 locked=false last=2025-10-06 08:49:46\n\n📊 BGP Routes:\n\n  45.54.50.0/24 via 43.245.48.176 (origin 63911)\n\n📡 BGP Peers (JSON):\n\n  {\"ipv4|43.245.48.206\":{\"comment\":\"Description: Craig's DevOps Demos - SYD - anycast-ingress-syd.worker.demo IPv4\\nState: Established\\nConfig status: 1\\nLast update: 2025-10-06 08:49:39\\nRoutes: 45.54.50.0/24 via 43.245.48.176\",\"config_status\":\"1\",\"customer_ip\":\"43.245.48.176\",\"description\":\"Craig's DevOps Demos - SYD - anycast-ingress-syd.worker.demo IPv4\",\"group_id\":3247,\"group_name\":\"Craig's DevOps Demos\",\"last_update\":\"2025-10-06 08:49:39\",\"local_ip\":\"43.245.48.176\",\"remote_ip\":\"43.245.48.206\",\"remote_ip_type\":\"ipv4\",\"remote_prefix\":\"43.245.48.206/32\",\"routes\":[{\"metric_loc_prf_weight\":0,\"next_hop\":\"43.245.48.176\",\"origin\":\"63911\",\"path\":[\"63911\"],\"prefix\":\"45.54.50.0/24\"}],\"session_name\":\"\",\"state\":\"Established\",\"status\":\"active\"},\"ipv6|2403:2500:9000:1::c28\":{\"comment\":\"Description: Craig's DevOps Demos - SYD - anycast-ingress-syd.worker.demo IPv6\\nState: Active\\nConfig status: 1\\nLast update: 2025-10-06 08:49:46\",\"config_status\":\"1\",\"customer_ip\":\"2403:2500:9000:1::309\",\"description\":\"Craig's DevOps Demos - SYD - anycast-ingress-syd.worker.demo IPv6\",\"group_id\":3247,\"group_name\":\"Craig's DevOps Demos\",\"last_update\":\"2025-10-06 08:49:46\",\"local_ip\":\"2403:2500:9000:1::309\",\"remote_ip\":\"2403:2500:9000:1::c28\",\"remote_ip_type\":\"ipv6\",\"remote_prefix\":\"2403:2500:9000:1::c28/128\",\"routes\":[],\"session_name\":\"\",\"state\":\"Active\",\"status\":\"failed\"}}\n\n🔧 BGP Session Details (JSON):\n\n  {\"group_id\":3247,\"group_name\":\"Craig's DevOps Demos\",\"sessions\":[{\"config_status\":\"1\",\"customer_asn\":63911,\"customer_peer_ip\":\"43.245.48.176\",\"description\":\"Craig's DevOps Demos - SYD - anycast-ingress-syd.worker.demo IPv4\",\"group_id\":3247,\"group_name\":\"Craig's DevOps Demos\",\"id\":51193,\"last_update\":\"2025-10-06 08:49:39\",\"location_name\":\"SYD - Sydney, AU\",\"locked\":false,\"mb_id\":0,\"provider_asn\":36236,\"provider_ip_type\":\"ipv4\",\"provider_peer_ip\":\"43.245.48.206\",\"routes_received\":\"[{\\\"path\\\": [\\\"63911\\\"], \\\"origin\\\": \\\"63911\\\", \\\"prefix\\\": \\\"45.54.50.0/24\\\", \\\"next_hop\\\": \\\"43.245.48.176\\\", \\\"metric_loc_prf_weight\\\": 0}]\",\"state\":\"Established\"},{\"config_status\":\"1\",\"customer_asn\":63911,\"customer_peer_ip\":\"2403:2500:9000:1::309\",\"description\":\"Craig's DevOps Demos - SYD - anycast-ingress-syd.worker.demo IPv6\",\"group_id\":3247,\"group_name\":\"Craig's DevOps Demos\",\"id\":51194,\"last_update\":\"2025-10-06 08:49:46\",\"location_name\":\"SYD - Sydney, AU\",\"locked\":false,\"mb_id\":0,\"provider_asn\":36236,\"provider_ip_type\":\"ipv6\",\"provider_peer_ip\":\"2403:2500:9000:1::c28\",\"routes_received\":\"\",\"state\":\"Active\"}]}","custom_fields":{"na_asn":"63911","na_bgp_ipv4_prefix":"45.54.50.0/24","na_contract_id":"440","na_image":"Ubuntu 24.04 LTS (20240423)","na_image_id":"5787","na_location_id":"137","na_plan":"VR1x1x25","na_plan_id":"668","na_public_ipv4":"43.245.48.176","na_public_ipv6":"2403:2500:9000:1::309","na_server_id":"572183","zz_bgp_connection_info":"43.245.48.206 (ipv4): state=Established config=1 locked=false last=2025-10-06 08:49:39\n2403:2500:9000:1::c28 (ipv6): state=Active config=1 locked=false last=2025-10-06 08:49:46","zz_bgp_local_info":"Hostname: anycast-ingress-syd.worker.demo\nLocal ASN: 63911\nPublic IPv4: 43.245.48.176\nPublic IPv6: 2403:2500:9000:1::309\nCustomer IPs: 43.245.48.176, 2403:2500:9000:1::309","zz_bgp_remote_info":"Group: Craig's DevOps Demos\nProvider ASN: 36236\nProvider IPv4: 43.245.48.206\nProvider IPv6: 2403:2500:9000:1::c28","zz_bgp_routes_info":"45.54.50.0/24 via 43.245.48.176 (origin 63911)"},"description":"NetActuate plan VR1x1x25","device_id":0,"disk_size_mb":25600,"id":"71","local_context_data":"","memory_mb":1024,"name":"anycast-ingress-syd.worker.demo","platform_id":0,"primary_ipv4":68,"primary_ipv6":0,"role_id":0,"site_id":72,"status":"active","tags":["anycast"],"tags_all":["anycast"],"tenant_id":0,"vcpus":1},"sensitive_attributes":[],"private":"eyJzY2hlbWFfdmVyc2lvbiI6IjIifQ==","dependencies":["module.pop.data.netactuate_bgp_sessions.vm","module.pop.data.netactuate_server.vm","module.pop.netactuate_server.vm","module.pop.netbox_cluster.this","module.pop.netbox_site.this","netbox_cluster_type.hypervisor","netbox_custom_field.na_asn","netbox_custom_field.na_bgp_ipv4_prefix","netbox_custom_field.na_contract_id","netbox_custom_field.na_image","netbox_custom_field.na_image_id","netbox_custom_field.na_location_id","netbox_custom_field.na_plan","netbox_custom_field.na_plan_id","netbox_custom_field.na_public_ipv4","netbox_custom_field.na_public_ipv6","netbox_custom_field.na_server_id","netbox_custom_field.zz_bgp_connection_info","netbox_custom_field.zz_bgp_local_info","netbox_custom_field.zz_bgp_remote_info","netbox_custom_field.zz_bgp_routes_info","netbox_tag.anycast"]}]},{"module":"module.pop[\"TOR\"]","mode":"data","type":"netactuate_bgp_sessions","name":"vm","provider":"provider[\"registry.opentofu.org/netactuate/netactuate\"]","instances":[{"schema_version":0,"attributes":{"id":"572161","mbpkgid":572161,"sessions":[{"config_status":"1","customer_asn":63911,"customer_peer_ip":"162.248.221.93","description":"Craig's DevOps Demos - TOR - anycast-ingress-tor.worker.demo IPv4","group_id":3247,"group_name":"Craig's DevOps Demos","id":51155,"last_update":"2025-10-06 08:51:05","location_name":"TOR - Toronto, CA","locked":false,"mb_id":0,"provider_asn":36236,"provider_ip_type":"ipv4","provider_peer_ip":"162.248.221.88","routes_received":"[{\"path\": [\"63911\"], \"origin\": \"63911\", \"prefix\": \"45.54.50.0/24\", \"next_hop\": \"162.248.221.93\", \"metric_loc_prf_weight\": 0}]","state":"Established"},{"config_status":"1","customer_asn":63911,"customer_peer_ip":"2607:f740:50::d3d","description":"Craig's DevOps Demos - TOR - anycast-ingress-tor.worker.demo IPv6","group_id":3247,"group_name":"Craig's DevOps Demos","id":51156,"last_update":"2025-10-06 08:51:06","location_name":"TOR - Toronto, CA","locked":false,"mb_id":0,"provider_asn":36236,"provider_ip_type":"ipv6","provider_peer_ip":"2607:f740:50::de5","routes_received":"","state":"Active"}]},"sensitive_attributes":[]}]},{"module":"module.pop[\"TOR\"]","mode":"data","type":"netactuate_server","name":"vm","provider":"provider[\"registry.opentofu.org/netactuate/netactuate\"]","instances":[{"schema_version":0,"attributes":{"bgp_peers":[{"group_id":3247,"ipv4":["162.248.221.88"],"ipv6":["2607:f740:50::de5"],"localasn":63911,"localpeerv4":"162.248.221.93","localpeerv6":"2607:f740:50::d3d","peerasn":36236}],"hostname":"anycast-ingress-tor.worker.demo","id":572161,"image":"Ubuntu 24.04 LTS (20240423)","image_id":5787,"ip_v4":"162.248.221.93","ip_v6":"2607:f740:50::d3d","location_id":127,"package":"VR1x1x25","plan_id":668,"public_ipv4":"162.248.221.93","public_ipv6":"2607:f740:50::d3d","state":"UP","status":"RUNNING"},"sensitive_attributes":[]}]},{"module":"module.pop[\"TOR\"]","mode":"managed","type":"netactuate_bgp_sessions","name":"bgp","provider":"provider[\"registry.opentofu.org/netactuate/netactuate\"]","instances":[{"index_key":0,"schema_version":0,"attributes":{"group_id":3247,"id":"572161","ipv6":true,"mbpkgid":572161,"redundant":false},"sensitive_attributes":[],"private":"bnVsbA==","dependencies":["module.pop.netactuate_server.vm","netbox_custom_field.na_asn","netbox_custom_field.na_bgp_ipv4_prefix","netbox_custom_field.na_contract_id","netbox_custom_field.na_image","netbox_custom_field.na_image_id","netbox_custom_field.na_location_id","netbox_custom_field.na_plan","netbox_custom_field.na_plan_id","netbox_custom_field.na_public_ipv4","netbox_custom_field.na_public_ipv6","netbox_custom_field.na_server_id","netbox_custom_field.zz_bgp_connection_info","netbox_custom_field.zz_bgp_local_info","netbox_custom_field.zz_bgp_remote_info","netbox_custom_field.zz_bgp_routes_info"]}]},{"module":"module.pop[\"TOR\"]","mode":"managed","type":"netactuate_server","name":"vm","provider":"provider[\"registry.opentofu.org/netactuate/netactuate\"]","instances":[{"schema_version":0,"attributes":{"cloud_config":null,"hostname":"anycast-ingress-tor.worker.demo","id":"572161","image":null,"image_id":5787,"location":null,"location_id":127,"package_billing":"usage","package_billing_contract_id":"440","package_billing_opt_in":null,"params":"","password":null,"plan":"VR1x1x25","primary_ipv4":"162.248.221.93","primary_ipv6":"2607:f740:50::d3d","ssh_key":null,"ssh_key_id":8199,"user_data":null,"user_data_base64":null},"sensitive_attributes":[[{"type":"get_attr","value":"password"}]],"private":"bnVsbA==","dependencies":["netbox_custom_field.na_asn","netbox_custom_field.na_bgp_ipv4_prefix","netbox_custom_field.na_contract_id","netbox_custom_field.na_image","netbox_custom_field.na_image_id","netbox_custom_field.na_location_id","netbox_custom_field.na_plan","netbox_custom_field.na_plan_id","netbox_custom_field.na_public_ipv4","netbox_custom_field.na_public_ipv6","netbox_custom_field.na_server_id","netbox_custom_field.zz_bgp_connection_info","netbox_custom_field.zz_bgp_local_info","netbox_custom_field.zz_bgp_remote_info","netbox_custom_field.zz_bgp_routes_info"]}]},{"module":"module.pop[\"TOR\"]","mode":"managed","type":"netbox_cluster","name":"this","provider":"provider[\"registry.opentofu.org/e-breuninger/netbox\"]","instances":[{"schema_version":0,"attributes":{"cluster_group_id":0,"cluster_type_id":6,"comments":"","description":"","id":"53","name":"TOR-cluster","site_id":53,"tags":[],"tags_all":[],"tenant_id":0},"sensitive_attributes":[],"private":"bnVsbA==","dependencies":["module.pop.netbox_site.this","netbox_cluster_type.hypervisor","netbox_custom_field.na_asn","netbox_custom_field.na_bgp_ipv4_prefix","netbox_custom_field.na_contract_id","netbox_custom_field.na_image","netbox_custom_field.na_image_id","netbox_custom_field.na_location_id","netbox_custom_field.na_plan","netbox_custom_field.na_plan_id","netbox_custom_field.na_public_ipv4","netbox_custom_field.na_public_ipv6","netbox_custom_field.na_server_id","netbox_custom_field.zz_bgp_connection_info","netbox_custom_field.zz_bgp_local_info","netbox_custom_field.zz_bgp_remote_info","netbox_custom_field.zz_bgp_routes_info"]}]},{"module":"module.pop[\"TOR\"]","mode":"managed","type":"netbox_device","name":"this","provider":"provider[\"registry.opentofu.org/e-breuninger/netbox\"]","instances":[{"schema_version":0,"attributes":{"asset_tag":"","cluster_id":0,"comments":"","config_template_id":0,"custom_fields":null,"description":"","device_type_id":1,"id":"3","local_context_data":"","location_id":0,"name":"anycast-ingress-tor.worker.demo","platform_id":0,"primary_ipv4":0,"primary_ipv6":0,"rack_face":"","rack_id":0,"rack_position":0,"role_id":1,"serial":"","site_id":53,"status":"active","tags":["anycast"],"tags_all":["anycast"],"tenant_id":0,"virtual_chassis_id":0,"virtual_chassis_master":false,"virtual_chassis_position":0,"virtual_chassis_priority":0},"sensitive_attributes":[],"private":"bnVsbA==","dependencies":["module.pop.netactuate_server.vm","module.pop.netbox_site.this","netbox_custom_field.na_asn","netbox_custom_field.na_bgp_ipv4_prefix","netbox_custom_field.na_contract_id","netbox_custom_field.na_image","netbox_custom_field.na_image_id","netbox_custom_field.na_location_id","netbox_custom_field.na_plan","netbox_custom_field.na_plan_id","netbox_custom_field.na_public_ipv4","netbox_custom_field.na_public_ipv6","netbox_custom_field.na_server_id","netbox_custom_field.zz_bgp_connection_info","netbox_custom_field.zz_bgp_local_info","netbox_custom_field.zz_bgp_remote_info","netbox_custom_field.zz_bgp_routes_info","netbox_device_role.anycast_worker","netbox_device_type.anycast_worker","netbox_manufacturer.netactuate","netbox_tag.anycast"]}]},{"module":"module.pop[\"TOR\"]","mode":"managed","type":"netbox_interface","name":"eth0","provider":"provider[\"registry.opentofu.org/e-breuninger/netbox\"]","instances":[{"schema_version":0,"attributes":{"description":"","enabled":true,"id":"57","mac_address":"","mode":null,"mtu":0,"name":"eth0","tagged_vlans":[],"tags":[],"tags_all":[],"type":null,"untagged_vlan":null,"virtual_machine_id":57},"sensitive_attributes":[],"private":"bnVsbA==","dependencies":["module.pop.data.netactuate_bgp_sessions.vm","module.pop.data.netactuate_server.vm","module.pop.netactuate_server.vm","module.pop.netbox_cluster.this","module.pop.netbox_site.this","module.pop.netbox_virtual_machine.this","netbox_cluster_type.hypervisor","netbox_custom_field.na_asn","netbox_custom_field.na_bgp_ipv4_prefix","netbox_custom_field.na_contract_id","netbox_custom_field.na_image","netbox_custom_field.na_image_id","netbox_custom_field.na_location_id","netbox_custom_field.na_plan","netbox_custom_field.na_plan_id","netbox_custom_field.na_public_ipv4","netbox_custom_field.na_public_ipv6","netbox_custom_field.na_server_id","netbox_custom_field.zz_bgp_connection_info","netbox_custom_field.zz_bgp_local_info","netbox_custom_field.zz_bgp_remote_info","netbox_custom_field.zz_bgp_routes_info","netbox_tag.anycast"]}]},{"module":"module.pop[\"TOR\"]","mode":"managed","type":"netbox_ip_address","name":"public_v4","provider":"provider[\"registry.opentofu.org/e-breuninger/netbox\"]","instances":[{"schema_version":0,"attributes":{"custom_fields":null,"description":"","device_interface_id":null,"dns_name":"anycast-ingress-tor.worker.demo","id":"57","interface_id":null,"ip_address":"162.248.221.93/32","nat_inside_address_id":0,"nat_outside_addresses":[],"object_type":null,"role":"","status":"active","tags":[],"tags_all":[],"tenant_id":0,"virtual_machine_interface_id":57,"vrf_id":0},"sensitive_attributes":[],"private":"bnVsbA==","dependencies":["module.pop.data.netactuate_bgp_sessions.vm","module.pop.data.netactuate_server.vm","module.pop.netactuate_server.vm","module.pop.netbox_cluster.this","module.pop.netbox_interface.eth0","module.pop.netbox_site.this","module.pop.netbox_virtual_machine.this","netbox_cluster_type.hypervisor","netbox_custom_field.na_asn","netbox_custom_field.na_bgp_ipv4_prefix","netbox_custom_field.na_bgp_peers","netbox_custom_field.na_bgp_session_details","netbox_custom_field.na_contract_id","netbox_custom_field.na_image","netbox_custom_field.na_image_id","netbox_custom_field.na_location_id","netbox_custom_field.na_plan","netbox_custom_field.na_plan_id","netbox_custom_field.na_public_ipv4","netbox_custom_field.na_public_ipv6","netbox_custom_field.na_server_id","netbox_custom_field.zz_bgp_connection_info","netbox_custom_field.zz_bgp_local_info","netbox_custom_field.zz_bgp_remote_info","netbox_custom_field.zz_bgp_routes_info","netbox_tag.anycast"]}]},{"module":"module.pop[\"TOR\"]","mode":"managed","type":"netbox_primary_ip","name":"vm_primary_v4","provider":"provider[\"registry.opentofu.org/e-breuninger/netbox\"]","instances":[{"schema_version":0,"attributes":{"id":"57","ip_address_id":57,"ip_address_version":4,"virtual_machine_id":57},"sensitive_attributes":[],"private":"bnVsbA==","dependencies":["module.pop.data.netactuate_bgp_sessions.vm","module.pop.data.netactuate_server.vm","module.pop.netactuate_server.vm","module.pop.netbox_cluster.this","module.pop.netbox_interface.eth0","module.pop.netbox_ip_address.public_v4","module.pop.netbox_site.this","module.pop.netbox_virtual_machine.this","netbox_cluster_type.hypervisor","netbox_custom_field.na_asn","netbox_custom_field.na_bgp_ipv4_prefix","netbox_custom_field.na_contract_id","netbox_custom_field.na_image","netbox_custom_field.na_image_id","netbox_custom_field.na_location_id","netbox_custom_field.na_plan","netbox_custom_field.na_plan_id","netbox_custom_field.na_public_ipv4","netbox_custom_field.na_public_ipv6","netbox_custom_field.na_server_id","netbox_custom_field.zz_bgp_connection_info","netbox_custom_field.zz_bgp_local_info","netbox_custom_field.zz_bgp_remote_info","netbox_custom_field.zz_bgp_routes_info","netbox_tag.anycast"]}]},{"module":"module.pop[\"TOR\"]","mode":"managed","type":"netbox_service","name":"bgp179","provider":"provider[\"registry.opentofu.org/e-breuninger/netbox\"]","instances":[{"schema_version":0,"attributes":{"custom_fields":null,"description":"Anycast ingress BGP (TCP/179)","device_id":0,"id":"57","name":"bgp","port":null,"ports":[179],"protocol":"tcp","tags":[],"tags_all":[],"virtual_machine_id":57},"sensitive_attributes":[],"private":"bnVsbA==","dependencies":["module.pop.data.netactuate_bgp_sessions.vm","module.pop.data.netactuate_server.vm","module.pop.netactuate_server.vm","module.pop.netbox_cluster.this","module.pop.netbox_site.this","module.pop.netbox_virtual_machine.this","netbox_cluster_type.hypervisor","netbox_custom_field.na_asn","netbox_custom_field.na_bgp_ipv4_prefix","netbox_custom_field.na_contract_id","netbox_custom_field.na_image","netbox_custom_field.na_image_id","netbox_custom_field.na_location_id","netbox_custom_field.na_plan","netbox_custom_field.na_plan_id","netbox_custom_field.na_public_ipv4","netbox_custom_field.na_public_ipv6","netbox_custom_field.na_server_id","netbox_custom_field.zz_bgp_connection_info","netbox_custom_field.zz_bgp_local_info","netbox_custom_field.zz_bgp_remote_info","netbox_custom_field.zz_bgp_routes_info","netbox_tag.anycast"]}]},{"module":"module.pop[\"TOR\"]","mode":"managed","type":"netbox_site","name":"this","provider":"provider[\"registry.opentofu.org/e-breuninger/netbox\"]","instances":[{"schema_version":0,"attributes":{"asn_ids":[],"comments":"","custom_fields":null,"description":"NetActuate PoP TOR","facility":"","group_id":0,"id":"53","latitude":0,"longitude":0,"name":"TOR","physical_address":"","region_id":0,"shipping_address":"","slug":"tor","status":"active","tags":[],"tags_all":[],"tenant_id":0,"timezone":""},"sensitive_attributes":[],"private":"bnVsbA==","dependencies":["netbox_custom_field.na_asn","netbox_custom_field.na_bgp_ipv4_prefix","netbox_custom_field.na_contract_id","netbox_custom_field.na_image","netbox_custom_field.na_image_id","netbox_custom_field.na_location_id","netbox_custom_field.na_plan","netbox_custom_field.na_plan_id","netbox_custom_field.na_public_ipv4","netbox_custom_field.na_public_ipv6","netbox_custom_field.na_server_id","netbox_custom_field.zz_bgp_connection_info","netbox_custom_field.zz_bgp_local_info","netbox_custom_field.zz_bgp_remote_info","netbox_custom_field.zz_bgp_routes_info"]}]},{"module":"module.pop[\"TOR\"]","mode":"managed","type":"netbox_virtual_machine","name":"this","provider":"provider[\"registry.opentofu.org/e-breuninger/netbox\"]","instances":[{"schema_version":2,"attributes":{"cluster_id":53,"comments":"🚀 NetActuate Server Details:\n\n  • Server ID: 572161\n\n  • Contract ID: 440\n\n  • Location ID: 127\n\n  • Image: Ubuntu 24.04 LTS (20240423) (ID 5787)\n\n  • IPv4 Prefix: 45.54.50.0/24\n\n📋 BGP Local Info:\n\n  Hostname: anycast-ingress-tor.worker.demo\nLocal ASN: 63911\nPublic IPv4: 162.248.221.93\nPublic IPv6: 2607:f740:50::d3d\nCustomer IPs: 162.248.221.93, 2607:f740:50::d3d\n\n🌐 BGP Remote Info:\n\n  Group: Craig's DevOps Demos\nProvider ASN: 36236\nProvider IPv4: 162.248.221.88\nProvider IPv6: 2607:f740:50::de5\n\n🔗 BGP Connection Status:\n\n  162.248.221.88 (ipv4): state=Established config=1 locked=false last=2025-10-06 08:51:05\n2607:f740:50::de5 (ipv6): state=Active config=1 locked=false last=2025-10-06 08:51:06\n\n📊 BGP Routes:\n\n  45.54.50.0/24 via 162.248.221.93 (origin 63911)\n\n📡 BGP Peers (JSON):\n\n  {\"ipv4|162.248.221.88\":{\"comment\":\"Description: Craig's DevOps Demos - TOR - anycast-ingress-tor.worker.demo IPv4\\nState: Established\\nConfig status: 1\\nLast update: 2025-10-06 08:51:05\\nRoutes: 45.54.50.0/24 via 162.248.221.93\",\"config_status\":\"1\",\"customer_ip\":\"162.248.221.93\",\"description\":\"Craig's DevOps Demos - TOR - anycast-ingress-tor.worker.demo IPv4\",\"group_id\":3247,\"group_name\":\"Craig's DevOps Demos\",\"last_update\":\"2025-10-06 08:51:05\",\"local_ip\":\"162.248.221.93\",\"remote_ip\":\"162.248.221.88\",\"remote_ip_type\":\"ipv4\",\"remote_prefix\":\"162.248.221.88/32\",\"routes\":[{\"metric_loc_prf_weight\":0,\"next_hop\":\"162.248.221.93\",\"origin\":\"63911\",\"path\":[\"63911\"],\"prefix\":\"45.54.50.0/24\"}],\"session_name\":\"\",\"state\":\"Established\",\"status\":\"active\"},\"ipv6|2607:f740:50::de5\":{\"comment\":\"Description: Craig's DevOps Demos - TOR - anycast-ingress-tor.worker.demo IPv6\\nState: Active\\nConfig status: 1\\nLast update: 2025-10-06 08:51:06\",\"config_status\":\"1\",\"customer_ip\":\"2607:f740:50::d3d\",\"description\":\"Craig's DevOps Demos - TOR - anycast-ingress-tor.worker.demo IPv6\",\"group_id\":3247,\"group_name\":\"Craig's DevOps Demos\",\"last_update\":\"2025-10-06 08:51:06\",\"local_ip\":\"2607:f740:50::d3d\",\"remote_ip\":\"2607:f740:50::de5\",\"remote_ip_type\":\"ipv6\",\"remote_prefix\":\"2607:f740:50::de5/128\",\"routes\":[],\"session_name\":\"\",\"state\":\"Active\",\"status\":\"failed\"}}\n\n🔧 BGP Session Details (JSON):\n\n  {\"group_id\":3247,\"group_name\":\"Craig's DevOps Demos\",\"sessions\":[{\"config_status\":\"1\",\"customer_asn\":63911,\"customer_peer_ip\":\"162.248.221.93\",\"description\":\"Craig's DevOps Demos - TOR - anycast-ingress-tor.worker.demo IPv4\",\"group_id\":3247,\"group_name\":\"Craig's DevOps Demos\",\"id\":51155,\"last_update\":\"2025-10-06 08:51:05\",\"location_name\":\"TOR - Toronto, CA\",\"locked\":false,\"mb_id\":0,\"provider_asn\":36236,\"provider_ip_type\":\"ipv4\",\"provider_peer_ip\":\"162.248.221.88\",\"routes_received\":\"[{\\\"path\\\": [\\\"63911\\\"], \\\"origin\\\": \\\"63911\\\", \\\"prefix\\\": \\\"45.54.50.0/24\\\", \\\"next_hop\\\": \\\"162.248.221.93\\\", \\\"metric_loc_prf_weight\\\": 0}]\",\"state\":\"Established\"},{\"config_status\":\"1\",\"customer_asn\":63911,\"customer_peer_ip\":\"2607:f740:50::d3d\",\"description\":\"Craig's DevOps Demos - TOR - anycast-ingress-tor.worker.demo IPv6\",\"group_id\":3247,\"group_name\":\"Craig's DevOps Demos\",\"id\":51156,\"last_update\":\"2025-10-06 08:51:06\",\"location_name\":\"TOR - Toronto, CA\",\"locked\":false,\"mb_id\":0,\"provider_asn\":36236,\"provider_ip_type\":\"ipv6\",\"provider_peer_ip\":\"2607:f740:50::de5\",\"routes_received\":\"\",\"state\":\"Active\"}]}","custom_fields":{"na_asn":"63911","na_bgp_ipv4_prefix":"45.54.50.0/24","na_contract_id":"440","na_image":"Ubuntu 24.04 LTS (20240423)","na_image_id":"5787","na_location_id":"127","na_plan":"VR1x1x25","na_plan_id":"668","na_public_ipv4":"162.248.221.93","na_public_ipv6":"2607:f740:50::d3d","na_server_id":"572161","zz_bgp_connection_info":"162.248.221.88 (ipv4): state=Established config=1 locked=false last=2025-10-06 08:51:05\n2607:f740:50::de5 (ipv6): state=Active config=1 locked=false last=2025-10-06 08:51:06","zz_bgp_local_info":"Hostname: anycast-ingress-tor.worker.demo\nLocal ASN: 63911\nPublic IPv4: 162.248.221.93\nPublic IPv6: 2607:f740:50::d3d\nCustomer IPs: 162.248.221.93, 2607:f740:50::d3d","zz_bgp_remote_info":"Group: Craig's DevOps Demos\nProvider ASN: 36236\nProvider IPv4: 162.248.221.88\nProvider IPv6: 2607:f740:50::de5","zz_bgp_routes_info":"45.54.50.0/24 via 162.248.221.93 (origin 63911)"},"description":"NetActuate plan VR1x1x25","device_id":0,"disk_size_mb":25600,"id":"57","local_context_data":"","memory_mb":1024,"name":"anycast-ingress-tor.worker.demo","platform_id":0,"primary_ipv4":57,"primary_ipv6":0,"role_id":0,"site_id":53,"status":"active","tags":["anycast"],"tags_all":["anycast"],"tenant_id":0,"vcpus":1},"sensitive_attributes":[],"private":"eyJzY2hlbWFfdmVyc2lvbiI6IjIifQ==","dependencies":["module.pop.data.netactuate_bgp_sessions.vm","module.pop.data.netactuate_server.vm","module.pop.netactuate_server.vm","module.pop.netbox_cluster.this","module.pop.netbox_site.this","netbox_cluster_type.hypervisor","netbox_custom_field.na_asn","netbox_custom_field.na_bgp_ipv4_prefix","netbox_custom_field.na_contract_id","netbox_custom_field.na_image","netbox_custom_field.na_image_id","netbox_custom_field.na_location_id","netbox_custom_field.na_plan","netbox_custom_field.na_plan_id","netbox_custom_field.na_public_ipv4","netbox_custom_field.na_public_ipv6","netbox_custom_field.na_server_id","netbox_custom_field.zz_bgp_connection_info","netbox_custom_field.zz_bgp_local_info","netbox_custom_field.zz_bgp_remote_info","netbox_custom_field.zz_bgp_routes_info","netbox_tag.anycast"]}]},{"module":"module.pop[\"TYO\"]","mode":"data","type":"netactuate_bgp_sessions","name":"vm","provider":"provider[\"registry.opentofu.org/netactuate/netactuate\"]","instances":[{"schema_version":0,"attributes":{"id":"572185","mbpkgid":572185,"sessions":[{"config_status":"1","customer_asn":63911,"customer_peer_ip":"103.84.155.214","description":"Craig's DevOps Demos - TYO - anycast-ingress-tyo.worker.demo IPv4","group_id":3247,"group_name":"Craig's DevOps Demos","id":51195,"last_update":"2025-10-06 08:51:11","location_name":"TYO - Tokyo, JP","locked":false,"mb_id":0,"provider_asn":36236,"provider_ip_type":"ipv4","provider_peer_ip":"103.84.155.150","routes_received":"[{\"path\": [\"63911\"], \"origin\": \"63911\", \"prefix\": \"45.54.50.0/24\", \"next_hop\": \"103.84.155.214\", \"metric_loc_prf_weight\": 0}]","state":"Established"},{"config_status":"1","customer_asn":63911,"customer_peer_ip":"2403:2500:400:20::c93","description":"Craig's DevOps Demos - TYO - anycast-ingress-tyo.worker.demo IPv6","group_id":3247,"group_name":"Craig's DevOps Demos","id":51196,"last_update":"2025-10-06 08:51:12","location_name":"TYO - Tokyo, JP","locked":false,"mb_id":0,"provider_asn":36236,"provider_ip_type":"ipv6","provider_peer_ip":"2403:2500:400:20::d75","routes_received":"","state":"Active"}]},"sensitive_attributes":[]}]},{"module":"module.pop[\"TYO\"]","mode":"data","type":"netactuate_server","name":"vm","provider":"provider[\"registry.opentofu.org/netactuate/netactuate\"]","instances":[{"schema_version":0,"attributes":{"bgp_peers":[{"group_id":3247,"ipv4":["103.84.155.150"],"ipv6":["2403:2500:400:20::d75"],"localasn":63911,"localpeerv4":"103.84.155.214","localpeerv6":"2403:2500:400:20::c93","peerasn":36236}],"hostname":"anycast-ingress-tyo.worker.demo","id":572185,"image":"Ubuntu 24.04 LTS (20240423)","image_id":5787,"ip_v4":"103.84.155.214","ip_v6":"2403:2500:400:20::c93","location_id":335,"package":"VR1x1x25","plan_id":668,"public_ipv4":"103.84.155.214","public_ipv6":"2403:2500:400:20::c93","state":"UP","status":"RUNNING"},"sensitive_attributes":[]}]},{"module":"module.pop[\"TYO\"]","mode":"managed","type":"netactuate_bgp_sessions","name":"bgp","provider":"provider[\"registry.opentofu.org/netactuate/netactuate\"]","instances":[{"index_key":0,"schema_version":0,"attributes":{"group_id":3247,"id":"572185","ipv6":true,"mbpkgid":572185,"redundant":false},"sensitive_attributes":[],"private":"bnVsbA==","dependencies":["module.pop.netactuate_server.vm","netbox_custom_field.na_asn","netbox_custom_field.na_bgp_ipv4_prefix","netbox_custom_field.na_contract_id","netbox_custom_field.na_image","netbox_custom_field.na_image_id","netbox_custom_field.na_location_id","netbox_custom_field.na_plan","netbox_custom_field.na_plan_id","netbox_custom_field.na_public_ipv4","netbox_custom_field.na_public_ipv6","netbox_custom_field.na_server_id","netbox_custom_field.zz_bgp_connection_info","netbox_custom_field.zz_bgp_local_info","netbox_custom_field.zz_bgp_remote_info","netbox_custom_field.zz_bgp_routes_info"]}]},{"module":"module.pop[\"TYO\"]","mode":"managed","type":"netactuate_server","name":"vm","provider":"provider[\"registry.opentofu.org/netactuate/netactuate\"]","instances":[{"schema_version":0,"attributes":{"cloud_config":null,"hostname":"anycast-ingress-tyo.worker.demo","id":"572185","image":null,"image_id":5787,"location":null,"location_id":335,"package_billing":"usage","package_billing_contract_id":"440","package_billing_opt_in":null,"params":"","password":null,"plan":"VR1x1x25","primary_ipv4":"103.84.155.214","primary_ipv6":"2403:2500:400:20::c93","ssh_key":null,"ssh_key_id":8199,"user_data":null,"user_data_base64":null},"sensitive_attributes":[[{"type":"get_attr","value":"password"}]],"private":"bnVsbA==","dependencies":["netbox_custom_field.na_asn","netbox_custom_field.na_bgp_ipv4_prefix","netbox_custom_field.na_contract_id","netbox_custom_field.na_image","netbox_custom_field.na_image_id","netbox_custom_field.na_location_id","netbox_custom_field.na_plan","netbox_custom_field.na_plan_id","netbox_custom_field.na_public_ipv4","netbox_custom_field.na_public_ipv6","netbox_custom_field.na_server_id","netbox_custom_field.zz_bgp_connection_info","netbox_custom_field.zz_bgp_local_info","netbox_custom_field.zz_bgp_remote_info","netbox_custom_field.zz_bgp_routes_info"]}]},{"module":"module.pop[\"TYO\"]","mode":"managed","type":"netbox_cluster","name":"this","provider":"provider[\"registry.opentofu.org/e-breuninger/netbox\"]","instances":[{"schema_version":0,"attributes":{"cluster_group_id":0,"cluster_type_id":6,"comments":"","description":"","id":"74","name":"TYO-cluster","site_id":74,"tags":[],"tags_all":[],"tenant_id":0},"sensitive_attributes":[],"private":"bnVsbA==","dependencies":["module.pop.netbox_site.this","netbox_cluster_type.hypervisor","netbox_custom_field.na_asn","netbox_custom_field.na_bgp_ipv4_prefix","netbox_custom_field.na_contract_id","netbox_custom_field.na_image","netbox_custom_field.na_image_id","netbox_custom_field.na_location_id","netbox_custom_field.na_plan","netbox_custom_field.na_plan_id","netbox_custom_field.na_public_ipv4","netbox_custom_field.na_public_ipv6","netbox_custom_field.na_server_id","netbox_custom_field.zz_bgp_connection_info","netbox_custom_field.zz_bgp_local_info","netbox_custom_field.zz_bgp_remote_info","netbox_custom_field.zz_bgp_routes_info"]}]},{"module":"module.pop[\"TYO\"]","mode":"managed","type":"netbox_device","name":"this","provider":"provider[\"registry.opentofu.org/e-breuninger/netbox\"]","instances":[{"schema_version":0,"attributes":{"asset_tag":"","cluster_id":0,"comments":"","config_template_id":0,"custom_fields":null,"description":"","device_type_id":1,"id":"35","local_context_data":"","location_id":0,"name":"anycast-ingress-tyo.worker.demo","platform_id":0,"primary_ipv4":0,"primary_ipv6":0,"rack_face":"","rack_id":0,"rack_position":0,"role_id":1,"serial":"","site_id":74,"status":"active","tags":["anycast"],"tags_all":["anycast"],"tenant_id":0,"virtual_chassis_id":0,"virtual_chassis_master":false,"virtual_chassis_position":0,"virtual_chassis_priority":0},"sensitive_attributes":[],"private":"bnVsbA==","dependencies":["module.pop.netactuate_server.vm","module.pop.netbox_site.this","netbox_custom_field.na_asn","netbox_custom_field.na_bgp_ipv4_prefix","netbox_custom_field.na_contract_id","netbox_custom_field.na_image","netbox_custom_field.na_image_id","netbox_custom_field.na_location_id","netbox_custom_field.na_plan","netbox_custom_field.na_plan_id","netbox_custom_field.na_public_ipv4","netbox_custom_field.na_public_ipv6","netbox_custom_field.na_server_id","netbox_custom_field.zz_bgp_connection_info","netbox_custom_field.zz_bgp_local_info","netbox_custom_field.zz_bgp_remote_info","netbox_custom_field.zz_bgp_routes_info","netbox_device_role.anycast_worker","netbox_device_type.anycast_worker","netbox_manufacturer.netactuate","netbox_tag.anycast"]}]},{"module":"module.pop[\"TYO\"]","mode":"managed","type":"netbox_interface","name":"eth0","provider":"provider[\"registry.opentofu.org/e-breuninger/netbox\"]","instances":[{"schema_version":0,"attributes":{"description":"","enabled":true,"id":"69","mac_address":"","mode":null,"mtu":0,"name":"eth0","tagged_vlans":[],"tags":[],"tags_all":[],"type":null,"untagged_vlan":null,"virtual_machine_id":68},"sensitive_attributes":[],"private":"bnVsbA==","dependencies":["module.pop.data.netactuate_bgp_sessions.vm","module.pop.data.netactuate_server.vm","module.pop.netactuate_server.vm","module.pop.netbox_cluster.this","module.pop.netbox_site.this","module.pop.netbox_virtual_machine.this","netbox_cluster_type.hypervisor","netbox_custom_field.na_asn","netbox_custom_field.na_bgp_ipv4_prefix","netbox_custom_field.na_contract_id","netbox_custom_field.na_image","netbox_custom_field.na_image_id","netbox_custom_field.na_location_id","netbox_custom_field.na_plan","netbox_custom_field.na_plan_id","netbox_custom_field.na_public_ipv4","netbox_custom_field.na_public_ipv6","netbox_custom_field.na_server_id","netbox_custom_field.zz_bgp_connection_info","netbox_custom_field.zz_bgp_local_info","netbox_custom_field.zz_bgp_remote_info","netbox_custom_field.zz_bgp_routes_info","netbox_tag.anycast"]}]},{"module":"module.pop[\"TYO\"]","mode":"managed","type":"netbox_ip_address","name":"public_v4","provider":"provider[\"registry.opentofu.org/e-breuninger/netbox\"]","instances":[{"schema_version":0,"attributes":{"custom_fields":null,"description":"","device_interface_id":null,"dns_name":"anycast-ingress-tyo.worker.demo","id":"70","interface_id":null,"ip_address":"103.84.155.214/32","nat_inside_address_id":0,"nat_outside_addresses":[],"object_type":null,"role":"","status":"active","tags":[],"tags_all":[],"tenant_id":0,"virtual_machine_interface_id":69,"vrf_id":0},"sensitive_attributes":[],"private":"bnVsbA==","dependencies":["module.pop.data.netactuate_bgp_sessions.vm","module.pop.data.netactuate_server.vm","module.pop.netactuate_server.vm","module.pop.netbox_cluster.this","module.pop.netbox_interface.eth0","module.pop.netbox_site.this","module.pop.netbox_virtual_machine.this","netbox_cluster_type.hypervisor","netbox_custom_field.na_asn","netbox_custom_field.na_bgp_ipv4_prefix","netbox_custom_field.na_bgp_peers","netbox_custom_field.na_bgp_session_details","netbox_custom_field.na_contract_id","netbox_custom_field.na_image","netbox_custom_field.na_image_id","netbox_custom_field.na_location_id","netbox_custom_field.na_plan","netbox_custom_field.na_plan_id","netbox_custom_field.na_public_ipv4","netbox_custom_field.na_public_ipv6","netbox_custom_field.na_server_id","netbox_custom_field.zz_bgp_connection_info","netbox_custom_field.zz_bgp_local_info","netbox_custom_field.zz_bgp_remote_info","netbox_custom_field.zz_bgp_routes_info","netbox_tag.anycast"]}]},{"module":"module.pop[\"TYO\"]","mode":"managed","type":"netbox_primary_ip","name":"vm_primary_v4","provider":"provider[\"registry.opentofu.org/e-breuninger/netbox\"]","instances":[{"schema_version":0,"attributes":{"id":"68","ip_address_id":70,"ip_address_version":4,"virtual_machine_id":68},"sensitive_attributes":[],"private":"bnVsbA==","dependencies":["module.pop.data.netactuate_bgp_sessions.vm","module.pop.data.netactuate_server.vm","module.pop.netactuate_server.vm","module.pop.netbox_cluster.this","module.pop.netbox_interface.eth0","module.pop.netbox_ip_address.public_v4","module.pop.netbox_site.this","module.pop.netbox_virtual_machine.this","netbox_cluster_type.hypervisor","netbox_custom_field.na_asn","netbox_custom_field.na_bgp_ipv4_prefix","netbox_custom_field.na_contract_id","netbox_custom_field.na_image","netbox_custom_field.na_image_id","netbox_custom_field.na_location_id","netbox_custom_field.na_plan","netbox_custom_field.na_plan_id","netbox_custom_field.na_public_ipv4","netbox_custom_field.na_public_ipv6","netbox_custom_field.na_server_id","netbox_custom_field.zz_bgp_connection_info","netbox_custom_field.zz_bgp_local_info","netbox_custom_field.zz_bgp_remote_info","netbox_custom_field.zz_bgp_routes_info","netbox_tag.anycast"]}]},{"module":"module.pop[\"TYO\"]","mode":"managed","type":"netbox_service","name":"bgp179","provider":"provider[\"registry.opentofu.org/e-breuninger/netbox\"]","instances":[{"schema_version":0,"attributes":{"custom_fields":null,"description":"Anycast ingress BGP (TCP/179)","device_id":0,"id":"69","name":"bgp","port":null,"ports":[179],"protocol":"tcp","tags":[],"tags_all":[],"virtual_machine_id":68},"sensitive_attributes":[],"private":"bnVsbA==","dependencies":["module.pop.data.netactuate_bgp_sessions.vm","module.pop.data.netactuate_server.vm","module.pop.netactuate_server.vm","module.pop.netbox_cluster.this","module.pop.netbox_site.this","module.pop.netbox_virtual_machine.this","netbox_cluster_type.hypervisor","netbox_custom_field.na_asn","netbox_custom_field.na_bgp_ipv4_prefix","netbox_custom_field.na_contract_id","netbox_custom_field.na_image","netbox_custom_field.na_image_id","netbox_custom_field.na_location_id","netbox_custom_field.na_plan","netbox_custom_field.na_plan_id","netbox_custom_field.na_public_ipv4","netbox_custom_field.na_public_ipv6","netbox_custom_field.na_server_id","netbox_custom_field.zz_bgp_connection_info","netbox_custom_field.zz_bgp_local_info","netbox_custom_field.zz_bgp_remote_info","netbox_custom_field.zz_bgp_routes_info","netbox_tag.anycast"]}]},{"module":"module.pop[\"TYO\"]","mode":"managed","type":"netbox_site","name":"this","provider":"provider[\"registry.opentofu.org/e-breuninger/netbox\"]","instances":[{"schema_version":0,"attributes":{"asn_ids":[],"comments":"","custom_fields":null,"description":"NetActuate PoP TYO","facility":"","group_id":0,"id":"74","latitude":0,"longitude":0,"name":"TYO","physical_address":"","region_id":0,"shipping_address":"","slug":"tyo","status":"active","tags":[],"tags_all":[],"tenant_id":0,"timezone":""},"sensitive_attributes":[],"private":"bnVsbA==","dependencies":["netbox_custom_field.na_asn","netbox_custom_field.na_bgp_ipv4_prefix","netbox_custom_field.na_contract_id","netbox_custom_field.na_image","netbox_custom_field.na_image_id","netbox_custom_field.na_location_id","netbox_custom_field.na_plan","netbox_custom_field.na_plan_id","netbox_custom_field.na_public_ipv4","netbox_custom_field.na_public_ipv6","netbox_custom_field.na_server_id","netbox_custom_field.zz_bgp_connection_info","netbox_custom_field.zz_bgp_local_info","netbox_custom_field.zz_bgp_remote_info","netbox_custom_field.zz_bgp_routes_info"]}]},{"module":"module.pop[\"TYO\"]","mode":"managed","type":"netbox_virtual_machine","name":"this","provider":"provider[\"registry.opentofu.org/e-breuninger/netbox\"]","instances":[{"schema_version":2,"attributes":{"cluster_id":74,"comments":"🚀 NetActuate Server Details:\n\n  • Server ID: 572185\n\n  • Contract ID: 440\n\n  • Location ID: 335\n\n  • Image: Ubuntu 24.04 LTS (20240423) (ID 5787)\n\n  • IPv4 Prefix: 45.54.50.0/24\n\n📋 BGP Local Info:\n\n  Hostname: anycast-ingress-tyo.worker.demo\nLocal ASN: 63911\nPublic IPv4: 103.84.155.214\nPublic IPv6: 2403:2500:400:20::c93\nCustomer IPs: 103.84.155.214, 2403:2500:400:20::c93\n\n🌐 BGP Remote Info:\n\n  Group: Craig's DevOps Demos\nProvider ASN: 36236\nProvider IPv4: 103.84.155.150\nProvider IPv6: 2403:2500:400:20::d75\n\n🔗 BGP Connection Status:\n\n  103.84.155.150 (ipv4): state=Established config=1 locked=false last=2025-10-06 08:51:11\n2403:2500:400:20::d75 (ipv6): state=Active config=1 locked=false last=2025-10-06 08:51:12\n\n📊 BGP Routes:\n\n  45.54.50.0/24 via 103.84.155.214 (origin 63911)\n\n📡 BGP Peers (JSON):\n\n  {\"ipv4|103.84.155.150\":{\"comment\":\"Description: Craig's DevOps Demos - TYO - anycast-ingress-tyo.worker.demo IPv4\\nState: Established\\nConfig status: 1\\nLast update: 2025-10-06 08:51:11\\nRoutes: 45.54.50.0/24 via 103.84.155.214\",\"config_status\":\"1\",\"customer_ip\":\"103.84.155.214\",\"description\":\"Craig's DevOps Demos - TYO - anycast-ingress-tyo.worker.demo IPv4\",\"group_id\":3247,\"group_name\":\"Craig's DevOps Demos\",\"last_update\":\"2025-10-06 08:51:11\",\"local_ip\":\"103.84.155.214\",\"remote_ip\":\"103.84.155.150\",\"remote_ip_type\":\"ipv4\",\"remote_prefix\":\"103.84.155.150/32\",\"routes\":[{\"metric_loc_prf_weight\":0,\"next_hop\":\"103.84.155.214\",\"origin\":\"63911\",\"path\":[\"63911\"],\"prefix\":\"45.54.50.0/24\"}],\"session_name\":\"\",\"state\":\"Established\",\"status\":\"active\"},\"ipv6|2403:2500:400:20::d75\":{\"comment\":\"Description: Craig's DevOps Demos - TYO - anycast-ingress-tyo.worker.demo IPv6\\nState: Active\\nConfig status: 1\\nLast update: 2025-10-06 08:51:12\",\"config_status\":\"1\",\"customer_ip\":\"2403:2500:400:20::c93\",\"description\":\"Craig's DevOps Demos - TYO - anycast-ingress-tyo.worker.demo IPv6\",\"group_id\":3247,\"group_name\":\"Craig's DevOps Demos\",\"last_update\":\"2025-10-06 08:51:12\",\"local_ip\":\"2403:2500:400:20::c93\",\"remote_ip\":\"2403:2500:400:20::d75\",\"remote_ip_type\":\"ipv6\",\"remote_prefix\":\"2403:2500:400:20::d75/128\",\"routes\":[],\"session_name\":\"\",\"state\":\"Active\",\"status\":\"failed\"}}\n\n🔧 BGP Session Details (JSON):\n\n  {\"group_id\":3247,\"group_name\":\"Craig's DevOps Demos\",\"sessions\":[{\"config_status\":\"1\",\"customer_asn\":63911,\"customer_peer_ip\":\"103.84.155.214\",\"description\":\"Craig's DevOps Demos - TYO - anycast-ingress-tyo.worker.demo IPv4\",\"group_id\":3247,\"group_name\":\"Craig's DevOps Demos\",\"id\":51195,\"last_update\":\"2025-10-06 08:51:11\",\"location_name\":\"TYO - Tokyo, JP\",\"locked\":false,\"mb_id\":0,\"provider_asn\":36236,\"provider_ip_type\":\"ipv4\",\"provider_peer_ip\":\"103.84.155.150\",\"routes_received\":\"[{\\\"path\\\": [\\\"63911\\\"], \\\"origin\\\": \\\"63911\\\", \\\"prefix\\\": \\\"45.54.50.0/24\\\", \\\"next_hop\\\": \\\"103.84.155.214\\\", \\\"metric_loc_prf_weight\\\": 0}]\",\"state\":\"Established\"},{\"config_status\":\"1\",\"customer_asn\":63911,\"customer_peer_ip\":\"2403:2500:400:20::c93\",\"description\":\"Craig's DevOps Demos - TYO - anycast-ingress-tyo.worker.demo IPv6\",\"group_id\":3247,\"group_name\":\"Craig's DevOps Demos\",\"id\":51196,\"last_update\":\"2025-10-06 08:51:12\",\"location_name\":\"TYO - Tokyo, JP\",\"locked\":false,\"mb_id\":0,\"provider_asn\":36236,\"provider_ip_type\":\"ipv6\",\"provider_peer_ip\":\"2403:2500:400:20::d75\",\"routes_received\":\"\",\"state\":\"Active\"}]}","custom_fields":{"na_asn":"63911","na_bgp_ipv4_prefix":"45.54.50.0/24","na_contract_id":"440","na_image":"Ubuntu 24.04 LTS (20240423)","na_image_id":"5787","na_location_id":"335","na_plan":"VR1x1x25","na_plan_id":"668","na_public_ipv4":"103.84.155.214","na_public_ipv6":"2403:2500:400:20::c93","na_server_id":"572185","zz_bgp_connection_info":"103.84.155.150 (ipv4): state=Established config=1 locked=false last=2025-10-06 08:51:11\n2403:2500:400:20::d75 (ipv6): state=Active config=1 locked=false last=2025-10-06 08:51:12","zz_bgp_local_info":"Hostname: anycast-ingress-tyo.worker.demo\nLocal ASN: 63911\nPublic IPv4: 103.84.155.214\nPublic IPv6: 2403:2500:400:20::c93\nCustomer IPs: 103.84.155.214, 2403:2500:400:20::c93","zz_bgp_remote_info":"Group: Craig's DevOps Demos\nProvider ASN: 36236\nProvider IPv4: 103.84.155.150\nProvider IPv6: 2403:2500:400:20::d75","zz_bgp_routes_info":"45.54.50.0/24 via 103.84.155.214 (origin 63911)"},"description":"NetActuate plan VR1x1x25","device_id":0,"disk_size_mb":25600,"id":"68","local_context_data":"","memory_mb":1024,"name":"anycast-ingress-tyo.worker.demo","platform_id":0,"primary_ipv4":70,"primary_ipv6":0,"role_id":0,"site_id":74,"status":"active","tags":["anycast"],"tags_all":["anycast"],"tenant_id":0,"vcpus":1},"sensitive_attributes":[],"private":"eyJzY2hlbWFfdmVyc2lvbiI6IjIifQ==","dependencies":["module.pop.data.netactuate_bgp_sessions.vm","module.pop.data.netactuate_server.vm","module.pop.netactuate_server.vm","module.pop.netbox_cluster.this","module.pop.netbox_site.this","netbox_cluster_type.hypervisor","netbox_custom_field.na_asn","netbox_custom_field.na_bgp_ipv4_prefix","netbox_custom_field.na_contract_id","netbox_custom_field.na_image","netbox_custom_field.na_image_id","netbox_custom_field.na_location_id","netbox_custom_field.na_plan","netbox_custom_field.na_plan_id","netbox_custom_field.na_public_ipv4","netbox_custom_field.na_public_ipv6","netbox_custom_field.na_server_id","netbox_custom_field.zz_bgp_connection_info","netbox_custom_field.zz_bgp_local_info","netbox_custom_field.zz_bgp_remote_info","netbox_custom_field.zz_bgp_routes_info","netbox_tag.anycast"]}]},{"module":"module.pop[\"WAW\"]","mode":"data","type":"netactuate_bgp_sessions","name":"vm","provider":"provider[\"registry.opentofu.org/netactuate/netactuate\"]","instances":[{"schema_version":0,"attributes":{"id":"572180","mbpkgid":572180,"sessions":[{"config_status":"1","customer_asn":63911,"customer_peer_ip":"45.159.98.231","description":"Craig's DevOps Demos - WAW - anycast-ingress-waw.worker.demo IPv4","group_id":3247,"group_name":"Craig's DevOps Demos","id":51185,"last_update":"2025-10-06 08:52:50","location_name":"WAW - Warsaw, PL","locked":false,"mb_id":0,"provider_asn":36236,"provider_ip_type":"ipv4","provider_peer_ip":"45.159.98.175","routes_received":"[{\"path\": [\"63911\"], \"origin\": \"63911\", \"prefix\": \"45.54.50.0/24\", \"next_hop\": \"45.159.98.231\", \"metric_loc_prf_weight\": 0}]","state":"Established"},{"config_status":"1","customer_asn":63911,"customer_peer_ip":"2a00:dd80:40:100::241","description":"Craig's DevOps Demos - WAW - anycast-ingress-waw.worker.demo IPv6","group_id":3247,"group_name":"Craig's DevOps Demos","id":51186,"last_update":"2025-10-06 08:53:00","location_name":"WAW - Warsaw, PL","locked":false,"mb_id":0,"provider_asn":36236,"provider_ip_type":"ipv6","provider_peer_ip":"2a00:dd80:40:100::312","routes_received":"","state":"Active"}]},"sensitive_attributes":[]}]},{"module":"module.pop[\"WAW\"]","mode":"data","type":"netactuate_server","name":"vm","provider":"provider[\"registry.opentofu.org/netactuate/netactuate\"]","instances":[{"schema_version":0,"attributes":{"bgp_peers":[{"group_id":3247,"ipv4":["45.159.98.175"],"ipv6":["2a00:dd80:40:100::312"],"localasn":63911,"localpeerv4":"45.159.98.231","localpeerv6":"2a00:dd80:40:100::241","peerasn":36236}],"hostname":"anycast-ingress-waw.worker.demo","id":572180,"image":"Ubuntu 24.04 LTS (20240423)","image_id":5787,"ip_v4":"45.159.98.231","ip_v6":"2a00:dd80:40:100::241","location_id":551,"package":"VR1x1x25","plan_id":668,"public_ipv4":"45.159.98.231","public_ipv6":"2a00:dd80:40:100::241","state":"UP","status":"RUNNING"},"sensitive_attributes":[]}]},{"module":"module.pop[\"WAW\"]","mode":"managed","type":"netactuate_bgp_sessions","name":"bgp","provider":"provider[\"registry.opentofu.org/netactuate/netactuate\"]","instances":[{"index_key":0,"schema_version":0,"attributes":{"group_id":3247,"id":"572180","ipv6":true,"mbpkgid":572180,"redundant":false},"sensitive_attributes":[],"private":"bnVsbA==","dependencies":["module.pop.netactuate_server.vm","netbox_custom_field.na_asn","netbox_custom_field.na_bgp_ipv4_prefix","netbox_custom_field.na_contract_id","netbox_custom_field.na_image","netbox_custom_field.na_image_id","netbox_custom_field.na_location_id","netbox_custom_field.na_plan","netbox_custom_field.na_plan_id","netbox_custom_field.na_public_ipv4","netbox_custom_field.na_public_ipv6","netbox_custom_field.na_server_id","netbox_custom_field.zz_bgp_connection_info","netbox_custom_field.zz_bgp_local_info","netbox_custom_field.zz_bgp_remote_info","netbox_custom_field.zz_bgp_routes_info"]}]},{"module":"module.pop[\"WAW\"]","mode":"managed","type":"netactuate_server","name":"vm","provider":"provider[\"registry.opentofu.org/netactuate/netactuate\"]","instances":[{"schema_version":0,"attributes":{"cloud_config":null,"hostname":"anycast-ingress-waw.worker.demo","id":"572180","image":null,"image_id":5787,"location":null,"location_id":551,"package_billing":"usage","package_billing_contract_id":"440","package_billing_opt_in":null,"params":"","password":null,"plan":"VR1x1x25","primary_ipv4":"45.159.98.231","primary_ipv6":"2a00:dd80:40:100::241","ssh_key":null,"ssh_key_id":8199,"user_data":null,"user_data_base64":null},"sensitive_attributes":[[{"type":"get_attr","value":"password"}]],"private":"bnVsbA==","dependencies":["netbox_custom_field.na_asn","netbox_custom_field.na_bgp_ipv4_prefix","netbox_custom_field.na_contract_id","netbox_custom_field.na_image","netbox_custom_field.na_image_id","netbox_custom_field.na_location_id","netbox_custom_field.na_plan","netbox_custom_field.na_plan_id","netbox_custom_field.na_public_ipv4","netbox_custom_field.na_public_ipv6","netbox_custom_field.na_server_id","netbox_custom_field.zz_bgp_connection_info","netbox_custom_field.zz_bgp_local_info","netbox_custom_field.zz_bgp_remote_info","netbox_custom_field.zz_bgp_routes_info"]}]},{"module":"module.pop[\"WAW\"]","mode":"managed","type":"netbox_cluster","name":"this","provider":"provider[\"registry.opentofu.org/e-breuninger/netbox\"]","instances":[{"schema_version":0,"attributes":{"cluster_group_id":0,"cluster_type_id":6,"comments":"","description":"","id":"63","name":"WAW-cluster","site_id":64,"tags":[],"tags_all":[],"tenant_id":0},"sensitive_attributes":[],"private":"bnVsbA==","dependencies":["module.pop.netbox_site.this","netbox_cluster_type.hypervisor","netbox_custom_field.na_asn","netbox_custom_field.na_bgp_ipv4_prefix","netbox_custom_field.na_contract_id","netbox_custom_field.na_image","netbox_custom_field.na_image_id","netbox_custom_field.na_location_id","netbox_custom_field.na_plan","netbox_custom_field.na_plan_id","netbox_custom_field.na_public_ipv4","netbox_custom_field.na_public_ipv6","netbox_custom_field.na_server_id","netbox_custom_field.zz_bgp_connection_info","netbox_custom_field.zz_bgp_local_info","netbox_custom_field.zz_bgp_remote_info","netbox_custom_field.zz_bgp_routes_info"]}]},{"module":"module.pop[\"WAW\"]","mode":"managed","type":"netbox_device","name":"this","provider":"provider[\"registry.opentofu.org/e-breuninger/netbox\"]","instances":[{"schema_version":0,"attributes":{"asset_tag":"","cluster_id":0,"comments":"","config_template_id":0,"custom_fields":null,"description":"","device_type_id":1,"id":"17","local_context_data":"","location_id":0,"name":"anycast-ingress-waw.worker.demo","platform_id":0,"primary_ipv4":0,"primary_ipv6":0,"rack_face":"","rack_id":0,"rack_position":0,"role_id":1,"serial":"","site_id":64,"status":"active","tags":["anycast"],"tags_all":["anycast"],"tenant_id":0,"virtual_chassis_id":0,"virtual_chassis_master":false,"virtual_chassis_position":0,"virtual_chassis_priority":0},"sensitive_attributes":[],"private":"bnVsbA==","dependencies":["module.pop.netactuate_server.vm","module.pop.netbox_site.this","netbox_custom_field.na_asn","netbox_custom_field.na_bgp_ipv4_prefix","netbox_custom_field.na_contract_id","netbox_custom_field.na_image","netbox_custom_field.na_image_id","netbox_custom_field.na_location_id","netbox_custom_field.na_plan","netbox_custom_field.na_plan_id","netbox_custom_field.na_public_ipv4","netbox_custom_field.na_public_ipv6","netbox_custom_field.na_server_id","netbox_custom_field.zz_bgp_connection_info","netbox_custom_field.zz_bgp_local_info","netbox_custom_field.zz_bgp_remote_info","netbox_custom_field.zz_bgp_routes_info","netbox_device_role.anycast_worker","netbox_device_type.anycast_worker","netbox_manufacturer.netactuate","netbox_tag.anycast"]}]},{"module":"module.pop[\"WAW\"]","mode":"managed","type":"netbox_interface","name":"eth0","provider":"provider[\"registry.opentofu.org/e-breuninger/netbox\"]","instances":[{"schema_version":0,"attributes":{"description":"","enabled":true,"id":"61","mac_address":"","mode":null,"mtu":0,"name":"eth0","tagged_vlans":[],"tags":[],"tags_all":[],"type":null,"untagged_vlan":null,"virtual_machine_id":60},"sensitive_attributes":[],"private":"bnVsbA==","dependencies":["module.pop.data.netactuate_bgp_sessions.vm","module.pop.data.netactuate_server.vm","module.pop.netactuate_server.vm","module.pop.netbox_cluster.this","module.pop.netbox_site.this","module.pop.netbox_virtual_machine.this","netbox_cluster_type.hypervisor","netbox_custom_field.na_asn","netbox_custom_field.na_bgp_ipv4_prefix","netbox_custom_field.na_contract_id","netbox_custom_field.na_image","netbox_custom_field.na_image_id","netbox_custom_field.na_location_id","netbox_custom_field.na_plan","netbox_custom_field.na_plan_id","netbox_custom_field.na_public_ipv4","netbox_custom_field.na_public_ipv6","netbox_custom_field.na_server_id","netbox_custom_field.zz_bgp_connection_info","netbox_custom_field.zz_bgp_local_info","netbox_custom_field.zz_bgp_remote_info","netbox_custom_field.zz_bgp_routes_info","netbox_tag.anycast"]}]},{"module":"module.pop[\"WAW\"]","mode":"managed","type":"netbox_ip_address","name":"public_v4","provider":"provider[\"registry.opentofu.org/e-breuninger/netbox\"]","instances":[{"schema_version":0,"attributes":{"custom_fields":null,"description":"","device_interface_id":null,"dns_name":"anycast-ingress-waw.worker.demo","id":"62","interface_id":null,"ip_address":"45.159.98.231/32","nat_inside_address_id":0,"nat_outside_addresses":[],"object_type":null,"role":"","status":"active","tags":[],"tags_all":[],"tenant_id":0,"virtual_machine_interface_id":61,"vrf_id":0},"sensitive_attributes":[],"private":"bnVsbA==","dependencies":["module.pop.data.netactuate_bgp_sessions.vm","module.pop.data.netactuate_server.vm","module.pop.netactuate_server.vm","module.pop.netbox_cluster.this","module.pop.netbox_interface.eth0","module.pop.netbox_site.this","module.pop.netbox_virtual_machine.this","netbox_cluster_type.hypervisor","netbox_custom_field.na_asn","netbox_custom_field.na_bgp_ipv4_prefix","netbox_custom_field.na_bgp_peers","netbox_custom_field.na_bgp_session_details","netbox_custom_field.na_contract_id","netbox_custom_field.na_image","netbox_custom_field.na_image_id","netbox_custom_field.na_location_id","netbox_custom_field.na_plan","netbox_custom_field.na_plan_id","netbox_custom_field.na_public_ipv4","netbox_custom_field.na_public_ipv6","netbox_custom_field.na_server_id","netbox_custom_field.zz_bgp_connection_info","netbox_custom_field.zz_bgp_local_info","netbox_custom_field.zz_bgp_remote_info","netbox_custom_field.zz_bgp_routes_info","netbox_tag.anycast"]}]},{"module":"module.pop[\"WAW\"]","mode":"managed","type":"netbox_primary_ip","name":"vm_primary_v4","provider":"provider[\"registry.opentofu.org/e-breuninger/netbox\"]","instances":[{"schema_version":0,"attributes":{"id":"60","ip_address_id":62,"ip_address_version":4,"virtual_machine_id":60},"sensitive_attributes":[],"private":"bnVsbA==","dependencies":["module.pop.data.netactuate_bgp_sessions.vm","module.pop.data.netactuate_server.vm","module.pop.netactuate_server.vm","module.pop.netbox_cluster.this","module.pop.netbox_interface.eth0","module.pop.netbox_ip_address.public_v4","module.pop.netbox_site.this","module.pop.netbox_virtual_machine.this","netbox_cluster_type.hypervisor","netbox_custom_field.na_asn","netbox_custom_field.na_bgp_ipv4_prefix","netbox_custom_field.na_contract_id","netbox_custom_field.na_image","netbox_custom_field.na_image_id","netbox_custom_field.na_location_id","netbox_custom_field.na_plan","netbox_custom_field.na_plan_id","netbox_custom_field.na_public_ipv4","netbox_custom_field.na_public_ipv6","netbox_custom_field.na_server_id","netbox_custom_field.zz_bgp_connection_info","netbox_custom_field.zz_bgp_local_info","netbox_custom_field.zz_bgp_remote_info","netbox_custom_field.zz_bgp_routes_info","netbox_tag.anycast"]}]},{"module":"module.pop[\"WAW\"]","mode":"managed","type":"netbox_service","name":"bgp179","provider":"provider[\"registry.opentofu.org/e-breuninger/netbox\"]","instances":[{"schema_version":0,"attributes":{"custom_fields":null,"description":"Anycast ingress BGP (TCP/179)","device_id":0,"id":"61","name":"bgp","port":null,"ports":[179],"protocol":"tcp","tags":[],"tags_all":[],"virtual_machine_id":60},"sensitive_attributes":[],"private":"bnVsbA==","dependencies":["module.pop.data.netactuate_bgp_sessions.vm","module.pop.data.netactuate_server.vm","module.pop.netactuate_server.vm","module.pop.netbox_cluster.this","module.pop.netbox_site.this","module.pop.netbox_virtual_machine.this","netbox_cluster_type.hypervisor","netbox_custom_field.na_asn","netbox_custom_field.na_bgp_ipv4_prefix","netbox_custom_field.na_contract_id","netbox_custom_field.na_image","netbox_custom_field.na_image_id","netbox_custom_field.na_location_id","netbox_custom_field.na_plan","netbox_custom_field.na_plan_id","netbox_custom_field.na_public_ipv4","netbox_custom_field.na_public_ipv6","netbox_custom_field.na_server_id","netbox_custom_field.zz_bgp_connection_info","netbox_custom_field.zz_bgp_local_info","netbox_custom_field.zz_bgp_remote_info","netbox_custom_field.zz_bgp_routes_info","netbox_tag.anycast"]}]},{"module":"module.pop[\"WAW\"]","mode":"managed","type":"netbox_site","name":"this","provider":"provider[\"registry.opentofu.org/e-breuninger/netbox\"]","instances":[{"schema_version":0,"attributes":{"asn_ids":[],"comments":"","custom_fields":null,"description":"NetActuate PoP WAW","facility":"","group_id":0,"id":"64","latitude":0,"longitude":0,"name":"WAW","physical_address":"","region_id":0,"shipping_address":"","slug":"waw","status":"active","tags":[],"tags_all":[],"tenant_id":0,"timezone":""},"sensitive_attributes":[],"private":"bnVsbA==","dependencies":["netbox_custom_field.na_asn","netbox_custom_field.na_bgp_ipv4_prefix","netbox_custom_field.na_contract_id","netbox_custom_field.na_image","netbox_custom_field.na_image_id","netbox_custom_field.na_location_id","netbox_custom_field.na_plan","netbox_custom_field.na_plan_id","netbox_custom_field.na_public_ipv4","netbox_custom_field.na_public_ipv6","netbox_custom_field.na_server_id","netbox_custom_field.zz_bgp_connection_info","netbox_custom_field.zz_bgp_local_info","netbox_custom_field.zz_bgp_remote_info","netbox_custom_field.zz_bgp_routes_info"]}]},{"module":"module.pop[\"WAW\"]","mode":"managed","type":"netbox_virtual_machine","name":"this","provider":"provider[\"registry.opentofu.org/e-breuninger/netbox\"]","instances":[{"schema_version":2,"attributes":{"cluster_id":63,"comments":"🚀 NetActuate Server Details:\n\n  • Server ID: 572180\n\n  • Contract ID: 440\n\n  • Location ID: 551\n\n  • Image: Ubuntu 24.04 LTS (20240423) (ID 5787)\n\n  • IPv4 Prefix: 45.54.50.0/24\n\n📋 BGP Local Info:\n\n  Hostname: anycast-ingress-waw.worker.demo\nLocal ASN: 63911\nPublic IPv4: 45.159.98.231\nPublic IPv6: 2a00:dd80:40:100::241\nCustomer IPs: 45.159.98.231, 2a00:dd80:40:100::241\n\n🌐 BGP Remote Info:\n\n  Group: Craig's DevOps Demos\nProvider ASN: 36236\nProvider IPv4: 45.159.98.175\nProvider IPv6: 2a00:dd80:40:100::312\n\n🔗 BGP Connection Status:\n\n  45.159.98.175 (ipv4): state=Established config=1 locked=false last=2025-10-06 08:52:50\n2a00:dd80:40:100::312 (ipv6): state=Active config=1 locked=false last=2025-10-06 08:53:00\n\n📊 BGP Routes:\n\n  45.54.50.0/24 via 45.159.98.231 (origin 63911)\n\n📡 BGP Peers (JSON):\n\n  {\"ipv4|45.159.98.175\":{\"comment\":\"Description: Craig's DevOps Demos - WAW - anycast-ingress-waw.worker.demo IPv4\\nState: Established\\nConfig status: 1\\nLast update: 2025-10-06 08:52:50\\nRoutes: 45.54.50.0/24 via 45.159.98.231\",\"config_status\":\"1\",\"customer_ip\":\"45.159.98.231\",\"description\":\"Craig's DevOps Demos - WAW - anycast-ingress-waw.worker.demo IPv4\",\"group_id\":3247,\"group_name\":\"Craig's DevOps Demos\",\"last_update\":\"2025-10-06 08:52:50\",\"local_ip\":\"45.159.98.231\",\"remote_ip\":\"45.159.98.175\",\"remote_ip_type\":\"ipv4\",\"remote_prefix\":\"45.159.98.175/32\",\"routes\":[{\"metric_loc_prf_weight\":0,\"next_hop\":\"45.159.98.231\",\"origin\":\"63911\",\"path\":[\"63911\"],\"prefix\":\"45.54.50.0/24\"}],\"session_name\":\"\",\"state\":\"Established\",\"status\":\"active\"},\"ipv6|2a00:dd80:40:100::312\":{\"comment\":\"Description: Craig's DevOps Demos - WAW - anycast-ingress-waw.worker.demo IPv6\\nState: Active\\nConfig status: 1\\nLast update: 2025-10-06 08:53:00\",\"config_status\":\"1\",\"customer_ip\":\"2a00:dd80:40:100::241\",\"description\":\"Craig's DevOps Demos - WAW - anycast-ingress-waw.worker.demo IPv6\",\"group_id\":3247,\"group_name\":\"Craig's DevOps Demos\",\"last_update\":\"2025-10-06 08:53:00\",\"local_ip\":\"2a00:dd80:40:100::241\",\"remote_ip\":\"2a00:dd80:40:100::312\",\"remote_ip_type\":\"ipv6\",\"remote_prefix\":\"2a00:dd80:40:100::312/128\",\"routes\":[],\"session_name\":\"\",\"state\":\"Active\",\"status\":\"failed\"}}\n\n🔧 BGP Session Details (JSON):\n\n  {\"group_id\":3247,\"group_name\":\"Craig's DevOps Demos\",\"sessions\":[{\"config_status\":\"1\",\"customer_asn\":63911,\"customer_peer_ip\":\"45.159.98.231\",\"description\":\"Craig's DevOps Demos - WAW - anycast-ingress-waw.worker.demo IPv4\",\"group_id\":3247,\"group_name\":\"Craig's DevOps Demos\",\"id\":51185,\"last_update\":\"2025-10-06 08:52:50\",\"location_name\":\"WAW - Warsaw, PL\",\"locked\":false,\"mb_id\":0,\"provider_asn\":36236,\"provider_ip_type\":\"ipv4\",\"provider_peer_ip\":\"45.159.98.175\",\"routes_received\":\"[{\\\"path\\\": [\\\"63911\\\"], \\\"origin\\\": \\\"63911\\\", \\\"prefix\\\": \\\"45.54.50.0/24\\\", \\\"next_hop\\\": \\\"45.159.98.231\\\", \\\"metric_loc_prf_weight\\\": 0}]\",\"state\":\"Established\"},{\"config_status\":\"1\",\"customer_asn\":63911,\"customer_peer_ip\":\"2a00:dd80:40:100::241\",\"description\":\"Craig's DevOps Demos - WAW - anycast-ingress-waw.worker.demo IPv6\",\"group_id\":3247,\"group_name\":\"Craig's DevOps Demos\",\"id\":51186,\"last_update\":\"2025-10-06 08:53:00\",\"location_name\":\"WAW - Warsaw, PL\",\"locked\":false,\"mb_id\":0,\"provider_asn\":36236,\"provider_ip_type\":\"ipv6\",\"provider_peer_ip\":\"2a00:dd80:40:100::312\",\"routes_received\":\"\",\"state\":\"Active\"}]}","custom_fields":{"na_asn":"63911","na_bgp_ipv4_prefix":"45.54.50.0/24","na_contract_id":"440","na_image":"Ubuntu 24.04 LTS (20240423)","na_image_id":"5787","na_location_id":"551","na_plan":"VR1x1x25","na_plan_id":"668","na_public_ipv4":"45.159.98.231","na_public_ipv6":"2a00:dd80:40:100::241","na_server_id":"572180","zz_bgp_connection_info":"45.159.98.175 (ipv4): state=Established config=1 locked=false last=2025-10-06 08:52:50\n2a00:dd80:40:100::312 (ipv6): state=Active config=1 locked=false last=2025-10-06 08:53:00","zz_bgp_local_info":"Hostname: anycast-ingress-waw.worker.demo\nLocal ASN: 63911\nPublic IPv4: 45.159.98.231\nPublic IPv6: 2a00:dd80:40:100::241\nCustomer IPs: 45.159.98.231, 2a00:dd80:40:100::241","zz_bgp_remote_info":"Group: Craig's DevOps Demos\nProvider ASN: 36236\nProvider IPv4: 45.159.98.175\nProvider IPv6: 2a00:dd80:40:100::312","zz_bgp_routes_info":"45.54.50.0/24 via 45.159.98.231 (origin 63911)"},"description":"NetActuate plan VR1x1x25","device_id":0,"disk_size_mb":25600,"id":"60","local_context_data":"","memory_mb":1024,"name":"anycast-ingress-waw.worker.demo","platform_id":0,"primary_ipv4":62,"primary_ipv6":0,"role_id":0,"site_id":64,"status":"active","tags":["anycast"],"tags_all":["anycast"],"tenant_id":0,"vcpus":1},"sensitive_attributes":[],"private":"eyJzY2hlbWFfdmVyc2lvbiI6IjIifQ==","dependencies":["module.pop.data.netactuate_bgp_sessions.vm","module.pop.data.netactuate_server.vm","module.pop.netactuate_server.vm","module.pop.netbox_cluster.this","module.pop.netbox_site.this","netbox_cluster_type.hypervisor","netbox_custom_field.na_asn","netbox_custom_field.na_bgp_ipv4_prefix","netbox_custom_field.na_contract_id","netbox_custom_field.na_image","netbox_custom_field.na_image_id","netbox_custom_field.na_location_id","netbox_custom_field.na_plan","netbox_custom_field.na_plan_id","netbox_custom_field.na_public_ipv4","netbox_custom_field.na_public_ipv6","netbox_custom_field.na_server_id","netbox_custom_field.zz_bgp_connection_info","netbox_custom_field.zz_bgp_local_info","netbox_custom_field.zz_bgp_remote_info","netbox_custom_field.zz_bgp_routes_info","netbox_tag.anycast"]}]},{"module":"module.pop[\"YUL\"]","mode":"data","type":"netactuate_bgp_sessions","name":"vm","provider":"provider[\"registry.opentofu.org/netactuate/netactuate\"]","instances":[{"schema_version":0,"attributes":{"id":"572170","mbpkgid":572170,"sessions":[{"config_status":"1","customer_asn":63911,"customer_peer_ip":"104.225.25.135","description":"Craig's DevOps Demos - YUL - anycast-ingress-yul.worker.demo IPv4","group_id":3247,"group_name":"Craig's DevOps Demos","id":51171,"last_update":"2025-10-06 08:52:53","location_name":"YUL - Montreal, QC","locked":false,"mb_id":0,"provider_asn":36236,"provider_ip_type":"ipv4","provider_peer_ip":"104.225.25.23","routes_received":"[{\"path\": [\"63911\"], \"origin\": \"63911\", \"prefix\": \"45.54.50.0/24\", \"next_hop\": \"104.225.25.135\", \"metric_loc_prf_weight\": 0}]","state":"Established"},{"config_status":"1","customer_asn":63911,"customer_peer_ip":"2607:f740:74:1::3e","description":"Craig's DevOps Demos - YUL - anycast-ingress-yul.worker.demo IPv6","group_id":3247,"group_name":"Craig's DevOps Demos","id":51172,"last_update":"2025-10-06 08:52:56","location_name":"YUL - Montreal, QC","locked":false,"mb_id":0,"provider_asn":36236,"provider_ip_type":"ipv6","provider_peer_ip":"2607:f740:74:1::1c8","routes_received":"","state":"Active"}]},"sensitive_attributes":[]}]},{"module":"module.pop[\"YUL\"]","mode":"data","type":"netactuate_server","name":"vm","provider":"provider[\"registry.opentofu.org/netactuate/netactuate\"]","instances":[{"schema_version":0,"attributes":{"bgp_peers":[{"group_id":3247,"ipv4":["104.225.25.23"],"ipv6":["2607:f740:74:1::1c8"],"localasn":63911,"localpeerv4":"104.225.25.135","localpeerv6":"2607:f740:74:1::3e","peerasn":36236}],"hostname":"anycast-ingress-yul.worker.demo","id":572170,"image":"Ubuntu 24.04 LTS (20240423)","image_id":5787,"ip_v4":"104.225.25.135","ip_v6":"2607:f740:74:1::3e","location_id":565,"package":"VR1x1x25","plan_id":668,"public_ipv4":"104.225.25.135","public_ipv6":"2607:f740:74:1::3e","state":"UP","status":"RUNNING"},"sensitive_attributes":[]}]},{"module":"module.pop[\"YUL\"]","mode":"managed","type":"netactuate_bgp_sessions","name":"bgp","provider":"provider[\"registry.opentofu.org/netactuate/netactuate\"]","instances":[{"index_key":0,"schema_version":0,"attributes":{"group_id":3247,"id":"572170","ipv6":true,"mbpkgid":572170,"redundant":false},"sensitive_attributes":[],"private":"bnVsbA==","dependencies":["module.pop.netactuate_server.vm","netbox_custom_field.na_asn","netbox_custom_field.na_bgp_ipv4_prefix","netbox_custom_field.na_contract_id","netbox_custom_field.na_image","netbox_custom_field.na_image_id","netbox_custom_field.na_location_id","netbox_custom_field.na_plan","netbox_custom_field.na_plan_id","netbox_custom_field.na_public_ipv4","netbox_custom_field.na_public_ipv6","netbox_custom_field.na_server_id","netbox_custom_field.zz_bgp_connection_info","netbox_custom_field.zz_bgp_local_info","netbox_custom_field.zz_bgp_remote_info","netbox_custom_field.zz_bgp_routes_info"]}]},{"module":"module.pop[\"YUL\"]","mode":"managed","type":"netactuate_server","name":"vm","provider":"provider[\"registry.opentofu.org/netactuate/netactuate\"]","instances":[{"schema_version":0,"attributes":{"cloud_config":null,"hostname":"anycast-ingress-yul.worker.demo","id":"572170","image":null,"image_id":5787,"location":null,"location_id":565,"package_billing":"usage","package_billing_contract_id":"440","package_billing_opt_in":null,"params":"","password":null,"plan":"VR1x1x25","primary_ipv4":"104.225.25.135","primary_ipv6":"2607:f740:74:1::3e","ssh_key":null,"ssh_key_id":8199,"user_data":null,"user_data_base64":null},"sensitive_attributes":[[{"type":"get_attr","value":"password"}]],"private":"bnVsbA==","dependencies":["netbox_custom_field.na_asn","netbox_custom_field.na_bgp_ipv4_prefix","netbox_custom_field.na_contract_id","netbox_custom_field.na_image","netbox_custom_field.na_image_id","netbox_custom_field.na_location_id","netbox_custom_field.na_plan","netbox_custom_field.na_plan_id","netbox_custom_field.na_public_ipv4","netbox_custom_field.na_public_ipv6","netbox_custom_field.na_server_id","netbox_custom_field.zz_bgp_connection_info","netbox_custom_field.zz_bgp_local_info","netbox_custom_field.zz_bgp_remote_info","netbox_custom_field.zz_bgp_routes_info"]}]},{"module":"module.pop[\"YUL\"]","mode":"managed","type":"netbox_cluster","name":"this","provider":"provider[\"registry.opentofu.org/e-breuninger/netbox\"]","instances":[{"schema_version":0,"attributes":{"cluster_group_id":0,"cluster_type_id":6,"comments":"","description":"","id":"61","name":"YUL-cluster","site_id":61,"tags":[],"tags_all":[],"tenant_id":0},"sensitive_attributes":[],"private":"bnVsbA==","dependencies":["module.pop.netbox_site.this","netbox_cluster_type.hypervisor","netbox_custom_field.na_asn","netbox_custom_field.na_bgp_ipv4_prefix","netbox_custom_field.na_contract_id","netbox_custom_field.na_image","netbox_custom_field.na_image_id","netbox_custom_field.na_location_id","netbox_custom_field.na_plan","netbox_custom_field.na_plan_id","netbox_custom_field.na_public_ipv4","netbox_custom_field.na_public_ipv6","netbox_custom_field.na_server_id","netbox_custom_field.zz_bgp_connection_info","netbox_custom_field.zz_bgp_local_info","netbox_custom_field.zz_bgp_remote_info","netbox_custom_field.zz_bgp_routes_info"]}]},{"module":"module.pop[\"YUL\"]","mode":"managed","type":"netbox_device","name":"this","provider":"provider[\"registry.opentofu.org/e-breuninger/netbox\"]","instances":[{"schema_version":0,"attributes":{"asset_tag":"","cluster_id":0,"comments":"","config_template_id":0,"custom_fields":null,"description":"","device_type_id":1,"id":"14","local_context_data":"","location_id":0,"name":"anycast-ingress-yul.worker.demo","platform_id":0,"primary_ipv4":0,"primary_ipv6":0,"rack_face":"","rack_id":0,"rack_position":0,"role_id":1,"serial":"","site_id":61,"status":"active","tags":["anycast"],"tags_all":["anycast"],"tenant_id":0,"virtual_chassis_id":0,"virtual_chassis_master":false,"virtual_chassis_position":0,"virtual_chassis_priority":0},"sensitive_attributes":[],"private":"bnVsbA==","dependencies":["module.pop.netactuate_server.vm","module.pop.netbox_site.this","netbox_custom_field.na_asn","netbox_custom_field.na_bgp_ipv4_prefix","netbox_custom_field.na_contract_id","netbox_custom_field.na_image","netbox_custom_field.na_image_id","netbox_custom_field.na_location_id","netbox_custom_field.na_plan","netbox_custom_field.na_plan_id","netbox_custom_field.na_public_ipv4","netbox_custom_field.na_public_ipv6","netbox_custom_field.na_server_id","netbox_custom_field.zz_bgp_connection_info","netbox_custom_field.zz_bgp_local_info","netbox_custom_field.zz_bgp_remote_info","netbox_custom_field.zz_bgp_routes_info","netbox_device_role.anycast_worker","netbox_device_type.anycast_worker","netbox_manufacturer.netactuate","netbox_tag.anycast"]}]},{"module":"module.pop[\"YUL\"]","mode":"managed","type":"netbox_interface","name":"eth0","provider":"provider[\"registry.opentofu.org/e-breuninger/netbox\"]","instances":[{"schema_version":0,"attributes":{"description":"","enabled":true,"id":"43","mac_address":"","mode":null,"mtu":0,"name":"eth0","tagged_vlans":[],"tags":[],"tags_all":[],"type":null,"untagged_vlan":null,"virtual_machine_id":52},"sensitive_attributes":[],"private":"bnVsbA==","dependencies":["module.pop.data.netactuate_bgp_sessions.vm","module.pop.data.netactuate_server.vm","module.pop.netactuate_server.vm","module.pop.netbox_cluster.this","module.pop.netbox_site.this","module.pop.netbox_virtual_machine.this","netbox_cluster_type.hypervisor","netbox_custom_field.na_asn","netbox_custom_field.na_bgp_ipv4_prefix","netbox_custom_field.na_contract_id","netbox_custom_field.na_image","netbox_custom_field.na_image_id","netbox_custom_field.na_location_id","netbox_custom_field.na_plan","netbox_custom_field.na_plan_id","netbox_custom_field.na_public_ipv4","netbox_custom_field.na_public_ipv6","netbox_custom_field.na_server_id","netbox_custom_field.zz_bgp_connection_info","netbox_custom_field.zz_bgp_local_info","netbox_custom_field.zz_bgp_remote_info","netbox_custom_field.zz_bgp_routes_info","netbox_tag.anycast"]}]},{"module":"module.pop[\"YUL\"]","mode":"managed","type":"netbox_ip_address","name":"public_v4","provider":"provider[\"registry.opentofu.org/e-breuninger/netbox\"]","instances":[{"schema_version":0,"attributes":{"custom_fields":null,"description":"","device_interface_id":null,"dns_name":"anycast-ingress-yul.worker.demo","id":"51","interface_id":null,"ip_address":"104.225.25.135/32","nat_inside_address_id":0,"nat_outside_addresses":[],"object_type":null,"role":"","status":"active","tags":[],"tags_all":[],"tenant_id":0,"virtual_machine_interface_id":43,"vrf_id":0},"sensitive_attributes":[],"private":"bnVsbA==","dependencies":["module.pop.data.netactuate_bgp_sessions.vm","module.pop.data.netactuate_server.vm","module.pop.netactuate_server.vm","module.pop.netbox_cluster.this","module.pop.netbox_interface.eth0","module.pop.netbox_site.this","module.pop.netbox_virtual_machine.this","netbox_cluster_type.hypervisor","netbox_custom_field.na_asn","netbox_custom_field.na_bgp_ipv4_prefix","netbox_custom_field.na_bgp_peers","netbox_custom_field.na_bgp_session_details","netbox_custom_field.na_contract_id","netbox_custom_field.na_image","netbox_custom_field.na_image_id","netbox_custom_field.na_location_id","netbox_custom_field.na_plan","netbox_custom_field.na_plan_id","netbox_custom_field.na_public_ipv4","netbox_custom_field.na_public_ipv6","netbox_custom_field.na_server_id","netbox_custom_field.zz_bgp_connection_info","netbox_custom_field.zz_bgp_local_info","netbox_custom_field.zz_bgp_remote_info","netbox_custom_field.zz_bgp_routes_info","netbox_tag.anycast"]}]},{"module":"module.pop[\"YUL\"]","mode":"managed","type":"netbox_primary_ip","name":"vm_primary_v4","provider":"provider[\"registry.opentofu.org/e-breuninger/netbox\"]","instances":[{"schema_version":0,"attributes":{"id":"52","ip_address_id":51,"ip_address_version":4,"virtual_machine_id":52},"sensitive_attributes":[],"private":"bnVsbA==","dependencies":["module.pop.data.netactuate_bgp_sessions.vm","module.pop.data.netactuate_server.vm","module.pop.netactuate_server.vm","module.pop.netbox_cluster.this","module.pop.netbox_interface.eth0","module.pop.netbox_ip_address.public_v4","module.pop.netbox_site.this","module.pop.netbox_virtual_machine.this","netbox_cluster_type.hypervisor","netbox_custom_field.na_asn","netbox_custom_field.na_bgp_ipv4_prefix","netbox_custom_field.na_contract_id","netbox_custom_field.na_image","netbox_custom_field.na_image_id","netbox_custom_field.na_location_id","netbox_custom_field.na_plan","netbox_custom_field.na_plan_id","netbox_custom_field.na_public_ipv4","netbox_custom_field.na_public_ipv6","netbox_custom_field.na_server_id","netbox_custom_field.zz_bgp_connection_info","netbox_custom_field.zz_bgp_local_info","netbox_custom_field.zz_bgp_remote_info","netbox_custom_field.zz_bgp_routes_info","netbox_tag.anycast"]}]},{"module":"module.pop[\"YUL\"]","mode":"managed","type":"netbox_service","name":"bgp179","provider":"provider[\"registry.opentofu.org/e-breuninger/netbox\"]","instances":[{"schema_version":0,"attributes":{"custom_fields":null,"description":"Anycast ingress BGP (TCP/179)","device_id":0,"id":"48","name":"bgp","port":null,"ports":[179],"protocol":"tcp","tags":[],"tags_all":[],"virtual_machine_id":52},"sensitive_attributes":[],"private":"bnVsbA==","dependencies":["module.pop.data.netactuate_bgp_sessions.vm","module.pop.data.netactuate_server.vm","module.pop.netactuate_server.vm","module.pop.netbox_cluster.this","module.pop.netbox_site.this","module.pop.netbox_virtual_machine.this","netbox_cluster_type.hypervisor","netbox_custom_field.na_asn","netbox_custom_field.na_bgp_ipv4_prefix","netbox_custom_field.na_contract_id","netbox_custom_field.na_image","netbox_custom_field.na_image_id","netbox_custom_field.na_location_id","netbox_custom_field.na_plan","netbox_custom_field.na_plan_id","netbox_custom_field.na_public_ipv4","netbox_custom_field.na_public_ipv6","netbox_custom_field.na_server_id","netbox_custom_field.zz_bgp_connection_info","netbox_custom_field.zz_bgp_local_info","netbox_custom_field.zz_bgp_remote_info","netbox_custom_field.zz_bgp_routes_info","netbox_tag.anycast"]}]},{"module":"module.pop[\"YUL\"]","mode":"managed","type":"netbox_site","name":"this","provider":"provider[\"registry.opentofu.org/e-breuninger/netbox\"]","instances":[{"schema_version":0,"attributes":{"asn_ids":[],"comments":"","custom_fields":null,"description":"NetActuate PoP YUL","facility":"","group_id":0,"id":"61","latitude":0,"longitude":0,"name":"YUL","physical_address":"","region_id":0,"shipping_address":"","slug":"yul","status":"active","tags":[],"tags_all":[],"tenant_id":0,"timezone":""},"sensitive_attributes":[],"private":"bnVsbA==","dependencies":["netbox_custom_field.na_asn","netbox_custom_field.na_bgp_ipv4_prefix","netbox_custom_field.na_contract_id","netbox_custom_field.na_image","netbox_custom_field.na_image_id","netbox_custom_field.na_location_id","netbox_custom_field.na_plan","netbox_custom_field.na_plan_id","netbox_custom_field.na_public_ipv4","netbox_custom_field.na_public_ipv6","netbox_custom_field.na_server_id","netbox_custom_field.zz_bgp_connection_info","netbox_custom_field.zz_bgp_local_info","netbox_custom_field.zz_bgp_remote_info","netbox_custom_field.zz_bgp_routes_info"]}]},{"module":"module.pop[\"YUL\"]","mode":"managed","type":"netbox_virtual_machine","name":"this","provider":"provider[\"registry.opentofu.org/e-breuninger/netbox\"]","instances":[{"schema_version":2,"attributes":{"cluster_id":61,"comments":"🚀 NetActuate Server Details:\n\n  • Server ID: 572170\n\n  • Contract ID: 440\n\n  • Location ID: 565\n\n  • Image: Ubuntu 24.04 LTS (20240423) (ID 5787)\n\n  • IPv4 Prefix: 45.54.50.0/24\n\n📋 BGP Local Info:\n\n  Hostname: anycast-ingress-yul.worker.demo\nLocal ASN: 63911\nPublic IPv4: 104.225.25.135\nPublic IPv6: 2607:f740:74:1::3e\nCustomer IPs: 104.225.25.135, 2607:f740:74:1::3e\n\n🌐 BGP Remote Info:\n\n  Group: Craig's DevOps Demos\nProvider ASN: 36236\nProvider IPv4: 104.225.25.23\nProvider IPv6: 2607:f740:74:1::1c8\n\n🔗 BGP Connection Status:\n\n  104.225.25.23 (ipv4): state=Established config=1 locked=false last=2025-10-06 08:52:53\n2607:f740:74:1::1c8 (ipv6): state=Active config=1 locked=false last=2025-10-06 08:52:56\n\n📊 BGP Routes:\n\n  45.54.50.0/24 via 104.225.25.135 (origin 63911)\n\n📡 BGP Peers (JSON):\n\n  {\"ipv4|104.225.25.23\":{\"comment\":\"Description: Craig's DevOps Demos - YUL - anycast-ingress-yul.worker.demo IPv4\\nState: Established\\nConfig status: 1\\nLast update: 2025-10-06 08:52:53\\nRoutes: 45.54.50.0/24 via 104.225.25.135\",\"config_status\":\"1\",\"customer_ip\":\"104.225.25.135\",\"description\":\"Craig's DevOps Demos - YUL - anycast-ingress-yul.worker.demo IPv4\",\"group_id\":3247,\"group_name\":\"Craig's DevOps Demos\",\"last_update\":\"2025-10-06 08:52:53\",\"local_ip\":\"104.225.25.135\",\"remote_ip\":\"104.225.25.23\",\"remote_ip_type\":\"ipv4\",\"remote_prefix\":\"104.225.25.23/32\",\"routes\":[{\"metric_loc_prf_weight\":0,\"next_hop\":\"104.225.25.135\",\"origin\":\"63911\",\"path\":[\"63911\"],\"prefix\":\"45.54.50.0/24\"}],\"session_name\":\"\",\"state\":\"Established\",\"status\":\"active\"},\"ipv6|2607:f740:74:1::1c8\":{\"comment\":\"Description: Craig's DevOps Demos - YUL - anycast-ingress-yul.worker.demo IPv6\\nState: Active\\nConfig status: 1\\nLast update: 2025-10-06 08:52:56\",\"config_status\":\"1\",\"customer_ip\":\"2607:f740:74:1::3e\",\"description\":\"Craig's DevOps Demos - YUL - anycast-ingress-yul.worker.demo IPv6\",\"group_id\":3247,\"group_name\":\"Craig's DevOps Demos\",\"last_update\":\"2025-10-06 08:52:56\",\"local_ip\":\"2607:f740:74:1::3e\",\"remote_ip\":\"2607:f740:74:1::1c8\",\"remote_ip_type\":\"ipv6\",\"remote_prefix\":\"2607:f740:74:1::1c8/128\",\"routes\":[],\"session_name\":\"\",\"state\":\"Active\",\"status\":\"failed\"}}\n\n🔧 BGP Session Details (JSON):\n\n  {\"group_id\":3247,\"group_name\":\"Craig's DevOps Demos\",\"sessions\":[{\"config_status\":\"1\",\"customer_asn\":63911,\"customer_peer_ip\":\"104.225.25.135\",\"description\":\"Craig's DevOps Demos - YUL - anycast-ingress-yul.worker.demo IPv4\",\"group_id\":3247,\"group_name\":\"Craig's DevOps Demos\",\"id\":51171,\"last_update\":\"2025-10-06 08:52:53\",\"location_name\":\"YUL - Montreal, QC\",\"locked\":false,\"mb_id\":0,\"provider_asn\":36236,\"provider_ip_type\":\"ipv4\",\"provider_peer_ip\":\"104.225.25.23\",\"routes_received\":\"[{\\\"path\\\": [\\\"63911\\\"], \\\"origin\\\": \\\"63911\\\", \\\"prefix\\\": \\\"45.54.50.0/24\\\", \\\"next_hop\\\": \\\"104.225.25.135\\\", \\\"metric_loc_prf_weight\\\": 0}]\",\"state\":\"Established\"},{\"config_status\":\"1\",\"customer_asn\":63911,\"customer_peer_ip\":\"2607:f740:74:1::3e\",\"description\":\"Craig's DevOps Demos - YUL - anycast-ingress-yul.worker.demo IPv6\",\"group_id\":3247,\"group_name\":\"Craig's DevOps Demos\",\"id\":51172,\"last_update\":\"2025-10-06 08:52:56\",\"location_name\":\"YUL - Montreal, QC\",\"locked\":false,\"mb_id\":0,\"provider_asn\":36236,\"provider_ip_type\":\"ipv6\",\"provider_peer_ip\":\"2607:f740:74:1::1c8\",\"routes_received\":\"\",\"state\":\"Active\"}]}","custom_fields":{"na_asn":"63911","na_bgp_ipv4_prefix":"45.54.50.0/24","na_contract_id":"440","na_image":"Ubuntu 24.04 LTS (20240423)","na_image_id":"5787","na_location_id":"565","na_plan":"VR1x1x25","na_plan_id":"668","na_public_ipv4":"104.225.25.135","na_public_ipv6":"2607:f740:74:1::3e","na_server_id":"572170","zz_bgp_connection_info":"104.225.25.23 (ipv4): state=Established config=1 locked=false last=2025-10-06 08:52:53\n2607:f740:74:1::1c8 (ipv6): state=Active config=1 locked=false last=2025-10-06 08:52:56","zz_bgp_local_info":"Hostname: anycast-ingress-yul.worker.demo\nLocal ASN: 63911\nPublic IPv4: 104.225.25.135\nPublic IPv6: 2607:f740:74:1::3e\nCustomer IPs: 104.225.25.135, 2607:f740:74:1::3e","zz_bgp_remote_info":"Group: Craig's DevOps Demos\nProvider ASN: 36236\nProvider IPv4: 104.225.25.23\nProvider IPv6: 2607:f740:74:1::1c8","zz_bgp_routes_info":"45.54.50.0/24 via 104.225.25.135 (origin 63911)"},"description":"NetActuate plan VR1x1x25","device_id":0,"disk_size_mb":25600,"id":"52","local_context_data":"","memory_mb":1024,"name":"anycast-ingress-yul.worker.demo","platform_id":0,"primary_ipv4":51,"primary_ipv6":0,"role_id":0,"site_id":61,"status":"active","tags":["anycast"],"tags_all":["anycast"],"tenant_id":0,"vcpus":1},"sensitive_attributes":[],"private":"eyJzY2hlbWFfdmVyc2lvbiI6IjIifQ==","dependencies":["module.pop.data.netactuate_bgp_sessions.vm","module.pop.data.netactuate_server.vm","module.pop.netactuate_server.vm","module.pop.netbox_cluster.this","module.pop.netbox_site.this","netbox_cluster_type.hypervisor","netbox_custom_field.na_asn","netbox_custom_field.na_bgp_ipv4_prefix","netbox_custom_field.na_contract_id","netbox_custom_field.na_image","netbox_custom_field.na_image_id","netbox_custom_field.na_location_id","netbox_custom_field.na_plan","netbox_custom_field.na_plan_id","netbox_custom_field.na_public_ipv4","netbox_custom_field.na_public_ipv6","netbox_custom_field.na_server_id","netbox_custom_field.zz_bgp_connection_info","netbox_custom_field.zz_bgp_local_info","netbox_custom_field.zz_bgp_remote_info","netbox_custom_field.zz_bgp_routes_info","netbox_tag.anycast"]}]}],"check_results":null}
